{
  "version": 4,
  "terraform_version": "1.13.3",
  "serial": 35,
  "lineage": "03e26717-90bd-2810-17fc-1cdae6f2e91e",
  "outputs": {},
  "resources": [
    {
      "module": "module.s3",
      "mode": "managed",
      "type": "aws_s3_bucket",
      "name": "autohosting_files",
      "provider": "provider[\"registry.terraform.io/hashicorp/aws\"]",
      "instances": [
        {
          "schema_version": 0,
          "attributes": {
            "acceleration_status": "",
            "acl": null,
            "arn": "arn:aws:s3:::autohosting-files",
            "bucket": "autohosting-files",
            "bucket_domain_name": "autohosting-files.s3.amazonaws.com",
            "bucket_prefix": "",
            "bucket_regional_domain_name": "autohosting-files.s3.eu-west-1.amazonaws.com",
            "cors_rule": [],
            "force_destroy": null,
            "grant": [
              {
                "id": "a1d063d75f2ab45ddbeb0eba7c1ba2cb79b645908e67c69ef475d41d179e2373",
                "permissions": [
                  "FULL_CONTROL"
                ],
                "type": "CanonicalUser",
                "uri": ""
              }
            ],
            "hosted_zone_id": "Z1BKCTXD74EZPE",
            "id": "autohosting-files",
            "lifecycle_rule": [],
            "logging": [],
            "object_lock_configuration": [],
            "object_lock_enabled": false,
            "policy": "",
            "region": "eu-west-1",
            "replication_configuration": [],
            "request_payer": "BucketOwner",
            "server_side_encryption_configuration": [
              {
                "rule": [
                  {
                    "apply_server_side_encryption_by_default": [
                      {
                        "kms_master_key_id": "",
                        "sse_algorithm": "AES256"
                      }
                    ],
                    "bucket_key_enabled": true
                  }
                ]
              }
            ],
            "tags": {},
            "tags_all": {},
            "timeouts": null,
            "versioning": [
              {
                "enabled": false,
                "mfa_delete": false
              }
            ],
            "website": [],
            "website_domain": null,
            "website_endpoint": null
          },
          "sensitive_attributes": [],
          "identity_schema_version": 0,
          "private": "eyJlMmJmYjczMC1lY2FhLTExZTYtOGY4OC0zNDM2M2JjN2M0YzAiOnsiY3JlYXRlIjoxMjAwMDAwMDAwMDAwLCJkZWxldGUiOjM2MDAwMDAwMDAwMDAsInJlYWQiOjEyMDAwMDAwMDAwMDAsInVwZGF0ZSI6MTIwMDAwMDAwMDAwMH0sInNjaGVtYV92ZXJzaW9uIjoiMCJ9"
        }
      ]
    },
    {
      "module": "module.s3",
      "mode": "managed",
      "type": "aws_s3_bucket",
      "name": "oj_characters",
      "provider": "provider[\"registry.terraform.io/hashicorp/aws\"]",
      "instances": [
        {
          "schema_version": 0,
          "attributes": {
            "acceleration_status": "",
            "acl": null,
            "arn": "arn:aws:s3:::oj-characters-12345-lnou0tzreyxh7hqfwvekw",
            "bucket": "oj-characters-12345-lnou0tzreyxh7hqfwvekw",
            "bucket_domain_name": "oj-characters-12345-lnou0tzreyxh7hqfwvekw.s3.amazonaws.com",
            "bucket_prefix": "",
            "bucket_regional_domain_name": "oj-characters-12345-lnou0tzreyxh7hqfwvekw.s3.eu-west-1.amazonaws.com",
            "cors_rule": [],
            "force_destroy": null,
            "grant": [
              {
                "id": "a1d063d75f2ab45ddbeb0eba7c1ba2cb79b645908e67c69ef475d41d179e2373",
                "permissions": [
                  "FULL_CONTROL"
                ],
                "type": "CanonicalUser",
                "uri": ""
              }
            ],
            "hosted_zone_id": "Z1BKCTXD74EZPE",
            "id": "oj-characters-12345-lnou0tzreyxh7hqfwvekw",
            "lifecycle_rule": [],
            "logging": [],
            "object_lock_configuration": [],
            "object_lock_enabled": false,
            "policy": "",
            "region": "eu-west-1",
            "replication_configuration": [],
            "request_payer": "BucketOwner",
            "server_side_encryption_configuration": [
              {
                "rule": [
                  {
                    "apply_server_side_encryption_by_default": [
                      {
                        "kms_master_key_id": "",
                        "sse_algorithm": "AES256"
                      }
                    ],
                    "bucket_key_enabled": false
                  }
                ]
              }
            ],
            "tags": {},
            "tags_all": {},
            "timeouts": null,
            "versioning": [
              {
                "enabled": false,
                "mfa_delete": false
              }
            ],
            "website": [],
            "website_domain": null,
            "website_endpoint": null
          },
          "sensitive_attributes": [],
          "identity_schema_version": 0,
          "private": "eyJlMmJmYjczMC1lY2FhLTExZTYtOGY4OC0zNDM2M2JjN2M0YzAiOnsiY3JlYXRlIjoxMjAwMDAwMDAwMDAwLCJkZWxldGUiOjM2MDAwMDAwMDAwMDAsInJlYWQiOjEyMDAwMDAwMDAwMDAsInVwZGF0ZSI6MTIwMDAwMDAwMDAwMH0sInNjaGVtYV92ZXJzaW9uIjoiMCJ9"
        }
      ]
    },
    {
      "module": "module.s3",
      "mode": "managed",
      "type": "aws_s3_bucket",
      "name": "oj_gellogoogle",
      "provider": "provider[\"registry.terraform.io/hashicorp/aws\"]",
      "instances": [
        {
          "schema_version": 0,
          "attributes": {
            "acceleration_status": "",
            "acl": null,
            "arn": "arn:aws:s3:::oj-gellogoogle-hq5cjfybzifwz2585ebtl",
            "bucket": "oj-gellogoogle-hq5cjfybzifwz2585ebtl",
            "bucket_domain_name": "oj-gellogoogle-hq5cjfybzifwz2585ebtl.s3.amazonaws.com",
            "bucket_prefix": "",
            "bucket_regional_domain_name": "oj-gellogoogle-hq5cjfybzifwz2585ebtl.s3.eu-west-1.amazonaws.com",
            "cors_rule": [],
            "force_destroy": null,
            "grant": [
              {
                "id": "a1d063d75f2ab45ddbeb0eba7c1ba2cb79b645908e67c69ef475d41d179e2373",
                "permissions": [
                  "FULL_CONTROL"
                ],
                "type": "CanonicalUser",
                "uri": ""
              }
            ],
            "hosted_zone_id": "Z1BKCTXD74EZPE",
            "id": "oj-gellogoogle-hq5cjfybzifwz2585ebtl",
            "lifecycle_rule": [],
            "logging": [],
            "object_lock_configuration": [],
            "object_lock_enabled": false,
            "policy": "",
            "region": "eu-west-1",
            "replication_configuration": [],
            "request_payer": "BucketOwner",
            "server_side_encryption_configuration": [
              {
                "rule": [
                  {
                    "apply_server_side_encryption_by_default": [
                      {
                        "kms_master_key_id": "",
                        "sse_algorithm": "AES256"
                      }
                    ],
                    "bucket_key_enabled": false
                  }
                ]
              }
            ],
            "tags": {},
            "tags_all": {},
            "timeouts": null,
            "versioning": [
              {
                "enabled": false,
                "mfa_delete": false
              }
            ],
            "website": [],
            "website_domain": null,
            "website_endpoint": null
          },
          "sensitive_attributes": [],
          "identity_schema_version": 0,
          "private": "eyJlMmJmYjczMC1lY2FhLTExZTYtOGY4OC0zNDM2M2JjN2M0YzAiOnsiY3JlYXRlIjoxMjAwMDAwMDAwMDAwLCJkZWxldGUiOjM2MDAwMDAwMDAwMDAsInJlYWQiOjEyMDAwMDAwMDAwMDAsInVwZGF0ZSI6MTIwMDAwMDAwMDAwMH0sInNjaGVtYV92ZXJzaW9uIjoiMCJ9"
        }
      ]
    },
    {
      "module": "module.s3",
      "mode": "managed",
      "type": "aws_s3_bucket",
      "name": "oj_hellochirp2",
      "provider": "provider[\"registry.terraform.io/hashicorp/aws\"]",
      "instances": [
        {
          "schema_version": 0,
          "attributes": {
            "acceleration_status": "",
            "acl": null,
            "arn": "arn:aws:s3:::oj-hellochirp2-ge9unugfmnligurtzmohd",
            "bucket": "oj-hellochirp2-ge9unugfmnligurtzmohd",
            "bucket_domain_name": "oj-hellochirp2-ge9unugfmnligurtzmohd.s3.amazonaws.com",
            "bucket_prefix": "",
            "bucket_regional_domain_name": "oj-hellochirp2-ge9unugfmnligurtzmohd.s3.eu-west-1.amazonaws.com",
            "cors_rule": [],
            "force_destroy": null,
            "grant": [
              {
                "id": "a1d063d75f2ab45ddbeb0eba7c1ba2cb79b645908e67c69ef475d41d179e2373",
                "permissions": [
                  "FULL_CONTROL"
                ],
                "type": "CanonicalUser",
                "uri": ""
              }
            ],
            "hosted_zone_id": "Z1BKCTXD74EZPE",
            "id": "oj-hellochirp2-ge9unugfmnligurtzmohd",
            "lifecycle_rule": [],
            "logging": [],
            "object_lock_configuration": [],
            "object_lock_enabled": false,
            "policy": "",
            "region": "eu-west-1",
            "replication_configuration": [],
            "request_payer": "BucketOwner",
            "server_side_encryption_configuration": [
              {
                "rule": [
                  {
                    "apply_server_side_encryption_by_default": [
                      {
                        "kms_master_key_id": "",
                        "sse_algorithm": "AES256"
                      }
                    ],
                    "bucket_key_enabled": false
                  }
                ]
              }
            ],
            "tags": {},
            "tags_all": {},
            "timeouts": null,
            "versioning": [
              {
                "enabled": false,
                "mfa_delete": false
              }
            ],
            "website": [],
            "website_domain": null,
            "website_endpoint": null
          },
          "sensitive_attributes": [],
          "identity_schema_version": 0,
          "private": "eyJlMmJmYjczMC1lY2FhLTExZTYtOGY4OC0zNDM2M2JjN2M0YzAiOnsiY3JlYXRlIjoxMjAwMDAwMDAwMDAwLCJkZWxldGUiOjM2MDAwMDAwMDAwMDAsInJlYWQiOjEyMDAwMDAwMDAwMDAsInVwZGF0ZSI6MTIwMDAwMDAwMDAwMH0sInNjaGVtYV92ZXJzaW9uIjoiMCJ9"
        }
      ]
    },
    {
      "module": "module.s3",
      "mode": "managed",
      "type": "aws_s3_bucket",
      "name": "oj_hellodeepgram",
      "provider": "provider[\"registry.terraform.io/hashicorp/aws\"]",
      "instances": [
        {
          "schema_version": 0,
          "attributes": {
            "acceleration_status": "",
            "acl": null,
            "arn": "arn:aws:s3:::oj-hellodeepgram-0qzlwogoxoofw5cs9ujzl",
            "bucket": "oj-hellodeepgram-0qzlwogoxoofw5cs9ujzl",
            "bucket_domain_name": "oj-hellodeepgram-0qzlwogoxoofw5cs9ujzl.s3.amazonaws.com",
            "bucket_prefix": "",
            "bucket_regional_domain_name": "oj-hellodeepgram-0qzlwogoxoofw5cs9ujzl.s3.eu-west-1.amazonaws.com",
            "cors_rule": [],
            "force_destroy": null,
            "grant": [
              {
                "id": "a1d063d75f2ab45ddbeb0eba7c1ba2cb79b645908e67c69ef475d41d179e2373",
                "permissions": [
                  "FULL_CONTROL"
                ],
                "type": "CanonicalUser",
                "uri": ""
              }
            ],
            "hosted_zone_id": "Z1BKCTXD74EZPE",
            "id": "oj-hellodeepgram-0qzlwogoxoofw5cs9ujzl",
            "lifecycle_rule": [],
            "logging": [],
            "object_lock_configuration": [],
            "object_lock_enabled": false,
            "policy": "",
            "region": "eu-west-1",
            "replication_configuration": [],
            "request_payer": "BucketOwner",
            "server_side_encryption_configuration": [
              {
                "rule": [
                  {
                    "apply_server_side_encryption_by_default": [
                      {
                        "kms_master_key_id": "",
                        "sse_algorithm": "AES256"
                      }
                    ],
                    "bucket_key_enabled": false
                  }
                ]
              }
            ],
            "tags": {},
            "tags_all": {},
            "timeouts": null,
            "versioning": [
              {
                "enabled": false,
                "mfa_delete": false
              }
            ],
            "website": [],
            "website_domain": null,
            "website_endpoint": null
          },
          "sensitive_attributes": [],
          "identity_schema_version": 0,
          "private": "eyJlMmJmYjczMC1lY2FhLTExZTYtOGY4OC0zNDM2M2JjN2M0YzAiOnsiY3JlYXRlIjoxMjAwMDAwMDAwMDAwLCJkZWxldGUiOjM2MDAwMDAwMDAwMDAsInJlYWQiOjEyMDAwMDAwMDAwMDAsInVwZGF0ZSI6MTIwMDAwMDAwMDAwMH0sInNjaGVtYV92ZXJzaW9uIjoiMCJ9"
        }
      ]
    },
    {
      "module": "module.s3",
      "mode": "managed",
      "type": "aws_s3_bucket",
      "name": "oj_hellodeepgram_2",
      "provider": "provider[\"registry.terraform.io/hashicorp/aws\"]",
      "instances": [
        {
          "schema_version": 0,
          "attributes": {
            "acceleration_status": "",
            "acl": null,
            "arn": "arn:aws:s3:::oj-hellodeepgram-bfj6gxpdmgtdyu9lm3oht",
            "bucket": "oj-hellodeepgram-bfj6gxpdmgtdyu9lm3oht",
            "bucket_domain_name": "oj-hellodeepgram-bfj6gxpdmgtdyu9lm3oht.s3.amazonaws.com",
            "bucket_prefix": "",
            "bucket_regional_domain_name": "oj-hellodeepgram-bfj6gxpdmgtdyu9lm3oht.s3.eu-west-1.amazonaws.com",
            "cors_rule": [],
            "force_destroy": null,
            "grant": [
              {
                "id": "a1d063d75f2ab45ddbeb0eba7c1ba2cb79b645908e67c69ef475d41d179e2373",
                "permissions": [
                  "FULL_CONTROL"
                ],
                "type": "CanonicalUser",
                "uri": ""
              }
            ],
            "hosted_zone_id": "Z1BKCTXD74EZPE",
            "id": "oj-hellodeepgram-bfj6gxpdmgtdyu9lm3oht",
            "lifecycle_rule": [],
            "logging": [],
            "object_lock_configuration": [],
            "object_lock_enabled": false,
            "policy": "",
            "region": "eu-west-1",
            "replication_configuration": [],
            "request_payer": "BucketOwner",
            "server_side_encryption_configuration": [
              {
                "rule": [
                  {
                    "apply_server_side_encryption_by_default": [
                      {
                        "kms_master_key_id": "",
                        "sse_algorithm": "AES256"
                      }
                    ],
                    "bucket_key_enabled": false
                  }
                ]
              }
            ],
            "tags": {},
            "tags_all": {},
            "timeouts": null,
            "versioning": [
              {
                "enabled": false,
                "mfa_delete": false
              }
            ],
            "website": [],
            "website_domain": null,
            "website_endpoint": null
          },
          "sensitive_attributes": [],
          "identity_schema_version": 0,
          "private": "eyJlMmJmYjczMC1lY2FhLTExZTYtOGY4OC0zNDM2M2JjN2M0YzAiOnsiY3JlYXRlIjoxMjAwMDAwMDAwMDAwLCJkZWxldGUiOjM2MDAwMDAwMDAwMDAsInJlYWQiOjEyMDAwMDAwMDAwMDAsInVwZGF0ZSI6MTIwMDAwMDAwMDAwMH0sInNjaGVtYV92ZXJzaW9uIjoiMCJ9"
        }
      ]
    },
    {
      "module": "module.s3",
      "mode": "managed",
      "type": "aws_s3_bucket",
      "name": "oj_stt_hosting",
      "provider": "provider[\"registry.terraform.io/hashicorp/aws\"]",
      "instances": [
        {
          "schema_version": 0,
          "attributes": {
            "acceleration_status": "",
            "acl": null,
            "arn": "arn:aws:s3:::oj-stt-hosting-xaiyor7sstvvlkcbnichu",
            "bucket": "oj-stt-hosting-xaiyor7sstvvlkcbnichu",
            "bucket_domain_name": "oj-stt-hosting-xaiyor7sstvvlkcbnichu.s3.amazonaws.com",
            "bucket_prefix": "",
            "bucket_regional_domain_name": "oj-stt-hosting-xaiyor7sstvvlkcbnichu.s3.eu-west-1.amazonaws.com",
            "cors_rule": [],
            "force_destroy": null,
            "grant": [
              {
                "id": "a1d063d75f2ab45ddbeb0eba7c1ba2cb79b645908e67c69ef475d41d179e2373",
                "permissions": [
                  "FULL_CONTROL"
                ],
                "type": "CanonicalUser",
                "uri": ""
              }
            ],
            "hosted_zone_id": "Z1BKCTXD74EZPE",
            "id": "oj-stt-hosting-xaiyor7sstvvlkcbnichu",
            "lifecycle_rule": [],
            "logging": [],
            "object_lock_configuration": [],
            "object_lock_enabled": false,
            "policy": "",
            "region": "eu-west-1",
            "replication_configuration": [],
            "request_payer": "BucketOwner",
            "server_side_encryption_configuration": [
              {
                "rule": [
                  {
                    "apply_server_side_encryption_by_default": [
                      {
                        "kms_master_key_id": "",
                        "sse_algorithm": "AES256"
                      }
                    ],
                    "bucket_key_enabled": false
                  }
                ]
              }
            ],
            "tags": {},
            "tags_all": {},
            "timeouts": null,
            "versioning": [
              {
                "enabled": false,
                "mfa_delete": false
              }
            ],
            "website": [],
            "website_domain": null,
            "website_endpoint": null
          },
          "sensitive_attributes": [],
          "identity_schema_version": 0,
          "private": "eyJlMmJmYjczMC1lY2FhLTExZTYtOGY4OC0zNDM2M2JjN2M0YzAiOnsiY3JlYXRlIjoxMjAwMDAwMDAwMDAwLCJkZWxldGUiOjM2MDAwMDAwMDAwMDAsInJlYWQiOjEyMDAwMDAwMDAwMDAsInVwZGF0ZSI6MTIwMDAwMDAwMDAwMH0sInNjaGVtYV92ZXJzaW9uIjoiMCJ9"
        }
      ]
    },
    {
      "module": "module.s3",
      "mode": "managed",
      "type": "aws_s3_bucket",
      "name": "oj_sttva",
      "provider": "provider[\"registry.terraform.io/hashicorp/aws\"]",
      "instances": [
        {
          "schema_version": 0,
          "attributes": {
            "acceleration_status": "",
            "acl": null,
            "arn": "arn:aws:s3:::oj-sttva-wopbamwpm6ttddpmzfwig",
            "bucket": "oj-sttva-wopbamwpm6ttddpmzfwig",
            "bucket_domain_name": "oj-sttva-wopbamwpm6ttddpmzfwig.s3.amazonaws.com",
            "bucket_prefix": "",
            "bucket_regional_domain_name": "oj-sttva-wopbamwpm6ttddpmzfwig.s3.eu-west-1.amazonaws.com",
            "cors_rule": [],
            "force_destroy": null,
            "grant": [
              {
                "id": "a1d063d75f2ab45ddbeb0eba7c1ba2cb79b645908e67c69ef475d41d179e2373",
                "permissions": [
                  "FULL_CONTROL"
                ],
                "type": "CanonicalUser",
                "uri": ""
              }
            ],
            "hosted_zone_id": "Z1BKCTXD74EZPE",
            "id": "oj-sttva-wopbamwpm6ttddpmzfwig",
            "lifecycle_rule": [],
            "logging": [],
            "object_lock_configuration": [],
            "object_lock_enabled": false,
            "policy": "",
            "region": "eu-west-1",
            "replication_configuration": [],
            "request_payer": "BucketOwner",
            "server_side_encryption_configuration": [
              {
                "rule": [
                  {
                    "apply_server_side_encryption_by_default": [
                      {
                        "kms_master_key_id": "",
                        "sse_algorithm": "AES256"
                      }
                    ],
                    "bucket_key_enabled": false
                  }
                ]
              }
            ],
            "tags": {},
            "tags_all": {},
            "timeouts": null,
            "versioning": [
              {
                "enabled": false,
                "mfa_delete": false
              }
            ],
            "website": [],
            "website_domain": null,
            "website_endpoint": null
          },
          "sensitive_attributes": [],
          "identity_schema_version": 0,
          "private": "eyJlMmJmYjczMC1lY2FhLTExZTYtOGY4OC0zNDM2M2JjN2M0YzAiOnsiY3JlYXRlIjoxMjAwMDAwMDAwMDAwLCJkZWxldGUiOjM2MDAwMDAwMDAwMDAsInJlYWQiOjEyMDAwMDAwMDAwMDAsInVwZGF0ZSI6MTIwMDAwMDAwMDAwMH0sInNjaGVtYV92ZXJzaW9uIjoiMCJ9"
        }
      ]
    },
    {
      "module": "module.s3",
      "mode": "managed",
      "type": "aws_s3_bucket",
      "name": "oj_transcripciones_genai",
      "provider": "provider[\"registry.terraform.io/hashicorp/aws\"]",
      "instances": [
        {
          "schema_version": 0,
          "attributes": {
            "acceleration_status": "",
            "acl": null,
            "arn": "arn:aws:s3:::oj-transcripciones-genai-svuclmx8jabduiavugxeh",
            "bucket": "oj-transcripciones-genai-svuclmx8jabduiavugxeh",
            "bucket_domain_name": "oj-transcripciones-genai-svuclmx8jabduiavugxeh.s3.amazonaws.com",
            "bucket_prefix": "",
            "bucket_regional_domain_name": "oj-transcripciones-genai-svuclmx8jabduiavugxeh.s3.eu-west-1.amazonaws.com",
            "cors_rule": [],
            "force_destroy": null,
            "grant": [
              {
                "id": "a1d063d75f2ab45ddbeb0eba7c1ba2cb79b645908e67c69ef475d41d179e2373",
                "permissions": [
                  "FULL_CONTROL"
                ],
                "type": "CanonicalUser",
                "uri": ""
              }
            ],
            "hosted_zone_id": "Z1BKCTXD74EZPE",
            "id": "oj-transcripciones-genai-svuclmx8jabduiavugxeh",
            "lifecycle_rule": [],
            "logging": [],
            "object_lock_configuration": [],
            "object_lock_enabled": false,
            "policy": "",
            "region": "eu-west-1",
            "replication_configuration": [],
            "request_payer": "BucketOwner",
            "server_side_encryption_configuration": [
              {
                "rule": [
                  {
                    "apply_server_side_encryption_by_default": [
                      {
                        "kms_master_key_id": "",
                        "sse_algorithm": "AES256"
                      }
                    ],
                    "bucket_key_enabled": false
                  }
                ]
              }
            ],
            "tags": {},
            "tags_all": {},
            "timeouts": null,
            "versioning": [
              {
                "enabled": false,
                "mfa_delete": false
              }
            ],
            "website": [],
            "website_domain": null,
            "website_endpoint": null
          },
          "sensitive_attributes": [],
          "identity_schema_version": 0,
          "private": "eyJlMmJmYjczMC1lY2FhLTExZTYtOGY4OC0zNDM2M2JjN2M0YzAiOnsiY3JlYXRlIjoxMjAwMDAwMDAwMDAwLCJkZWxldGUiOjM2MDAwMDAwMDAwMDAsInJlYWQiOjEyMDAwMDAwMDAwMDAsInVwZGF0ZSI6MTIwMDAwMDAwMDAwMH0sInNjaGVtYV92ZXJzaW9uIjoiMCJ9"
        }
      ]
    },
    {
      "module": "module.s3",
      "mode": "managed",
      "type": "aws_s3_bucket",
      "name": "one_journey_back_as_ecr_g_deployment_1",
      "provider": "provider[\"registry.terraform.io/hashicorp/aws\"]",
      "instances": [
        {
          "schema_version": 0,
          "attributes": {
            "acceleration_status": "",
            "acl": null,
            "arn": "arn:aws:s3:::one-journey-back-as-ecr-g-serverlessdeploymentbuck-dolibyjasqhp",
            "bucket": "one-journey-back-as-ecr-g-serverlessdeploymentbuck-dolibyjasqhp",
            "bucket_domain_name": "one-journey-back-as-ecr-g-serverlessdeploymentbuck-dolibyjasqhp.s3.amazonaws.com",
            "bucket_prefix": "",
            "bucket_regional_domain_name": "one-journey-back-as-ecr-g-serverlessdeploymentbuck-dolibyjasqhp.s3.eu-west-1.amazonaws.com",
            "cors_rule": [],
            "force_destroy": null,
            "grant": [
              {
                "id": "a1d063d75f2ab45ddbeb0eba7c1ba2cb79b645908e67c69ef475d41d179e2373",
                "permissions": [
                  "FULL_CONTROL"
                ],
                "type": "CanonicalUser",
                "uri": ""
              }
            ],
            "hosted_zone_id": "Z1BKCTXD74EZPE",
            "id": "one-journey-back-as-ecr-g-serverlessdeploymentbuck-dolibyjasqhp",
            "lifecycle_rule": [],
            "logging": [],
            "object_lock_configuration": [],
            "object_lock_enabled": false,
            "policy": "{\"Statement\":[{\"Action\":\"s3:*\",\"Condition\":{\"Bool\":{\"aws:SecureTransport\":\"false\"}},\"Effect\":\"Deny\",\"Principal\":\"*\",\"Resource\":[\"arn:aws:s3:::one-journey-back-as-ecr-g-serverlessdeploymentbuck-dolibyjasqhp/*\",\"arn:aws:s3:::one-journey-back-as-ecr-g-serverlessdeploymentbuck-dolibyjasqhp\"]}],\"Version\":\"2008-10-17\"}",
            "region": "eu-west-1",
            "replication_configuration": [],
            "request_payer": "BucketOwner",
            "server_side_encryption_configuration": [
              {
                "rule": [
                  {
                    "apply_server_side_encryption_by_default": [
                      {
                        "kms_master_key_id": "",
                        "sse_algorithm": "AES256"
                      }
                    ],
                    "bucket_key_enabled": false
                  }
                ]
              }
            ],
            "tags": {
              "STAGE": "genai"
            },
            "tags_all": {
              "STAGE": "genai"
            },
            "timeouts": null,
            "versioning": [
              {
                "enabled": false,
                "mfa_delete": false
              }
            ],
            "website": [],
            "website_domain": null,
            "website_endpoint": null
          },
          "sensitive_attributes": [],
          "identity_schema_version": 0,
          "private": "eyJlMmJmYjczMC1lY2FhLTExZTYtOGY4OC0zNDM2M2JjN2M0YzAiOnsiY3JlYXRlIjoxMjAwMDAwMDAwMDAwLCJkZWxldGUiOjM2MDAwMDAwMDAwMDAsInJlYWQiOjEyMDAwMDAwMDAwMDAsInVwZGF0ZSI6MTIwMDAwMDAwMDAwMH0sInNjaGVtYV92ZXJzaW9uIjoiMCJ9"
        }
      ]
    },
    {
      "module": "module.s3",
      "mode": "managed",
      "type": "aws_s3_bucket",
      "name": "one_journey_back_as_ecr_g_deployment_2",
      "provider": "provider[\"registry.terraform.io/hashicorp/aws\"]",
      "instances": [
        {
          "schema_version": 0,
          "attributes": {
            "acceleration_status": "",
            "acl": null,
            "arn": "arn:aws:s3:::one-journey-back-as-ecr-g-serverlessdeploymentbuck-rjl82uuxxofm",
            "bucket": "one-journey-back-as-ecr-g-serverlessdeploymentbuck-rjl82uuxxofm",
            "bucket_domain_name": "one-journey-back-as-ecr-g-serverlessdeploymentbuck-rjl82uuxxofm.s3.amazonaws.com",
            "bucket_prefix": "",
            "bucket_regional_domain_name": "one-journey-back-as-ecr-g-serverlessdeploymentbuck-rjl82uuxxofm.s3.eu-west-1.amazonaws.com",
            "cors_rule": [],
            "force_destroy": null,
            "grant": [
              {
                "id": "a1d063d75f2ab45ddbeb0eba7c1ba2cb79b645908e67c69ef475d41d179e2373",
                "permissions": [
                  "FULL_CONTROL"
                ],
                "type": "CanonicalUser",
                "uri": ""
              }
            ],
            "hosted_zone_id": "Z1BKCTXD74EZPE",
            "id": "one-journey-back-as-ecr-g-serverlessdeploymentbuck-rjl82uuxxofm",
            "lifecycle_rule": [],
            "logging": [],
            "object_lock_configuration": [],
            "object_lock_enabled": false,
            "policy": "{\"Statement\":[{\"Action\":\"s3:*\",\"Condition\":{\"Bool\":{\"aws:SecureTransport\":\"false\"}},\"Effect\":\"Deny\",\"Principal\":\"*\",\"Resource\":[\"arn:aws:s3:::one-journey-back-as-ecr-g-serverlessdeploymentbuck-rjl82uuxxofm/*\",\"arn:aws:s3:::one-journey-back-as-ecr-g-serverlessdeploymentbuck-rjl82uuxxofm\"]}],\"Version\":\"2008-10-17\"}",
            "region": "eu-west-1",
            "replication_configuration": [],
            "request_payer": "BucketOwner",
            "server_side_encryption_configuration": [
              {
                "rule": [
                  {
                    "apply_server_side_encryption_by_default": [
                      {
                        "kms_master_key_id": "",
                        "sse_algorithm": "AES256"
                      }
                    ],
                    "bucket_key_enabled": false
                  }
                ]
              }
            ],
            "tags": {
              "STAGE": "genai-dev"
            },
            "tags_all": {
              "STAGE": "genai-dev"
            },
            "timeouts": null,
            "versioning": [
              {
                "enabled": false,
                "mfa_delete": false
              }
            ],
            "website": [],
            "website_domain": null,
            "website_endpoint": null
          },
          "sensitive_attributes": [],
          "identity_schema_version": 0,
          "private": "eyJlMmJmYjczMC1lY2FhLTExZTYtOGY4OC0zNDM2M2JjN2M0YzAiOnsiY3JlYXRlIjoxMjAwMDAwMDAwMDAwLCJkZWxldGUiOjM2MDAwMDAwMDAwMDAsInJlYWQiOjEyMDAwMDAwMDAwMDAsInVwZGF0ZSI6MTIwMDAwMDAwMDAwMH0sInNjaGVtYV92ZXJzaW9uIjoiMCJ9"
        }
      ]
    },
    {
      "module": "module.s3",
      "mode": "managed",
      "type": "aws_s3_bucket",
      "name": "one_journey_back_as_ecr_i_deployment",
      "provider": "provider[\"registry.terraform.io/hashicorp/aws\"]",
      "instances": [
        {
          "schema_version": 0,
          "attributes": {
            "acceleration_status": "",
            "acl": null,
            "arn": "arn:aws:s3:::one-journey-back-as-ecr-i-serverlessdeploymentbuck-pnfckzyd5aah",
            "bucket": "one-journey-back-as-ecr-i-serverlessdeploymentbuck-pnfckzyd5aah",
            "bucket_domain_name": "one-journey-back-as-ecr-i-serverlessdeploymentbuck-pnfckzyd5aah.s3.amazonaws.com",
            "bucket_prefix": "",
            "bucket_regional_domain_name": "one-journey-back-as-ecr-i-serverlessdeploymentbuck-pnfckzyd5aah.s3.eu-west-1.amazonaws.com",
            "cors_rule": [],
            "force_destroy": null,
            "grant": [
              {
                "id": "a1d063d75f2ab45ddbeb0eba7c1ba2cb79b645908e67c69ef475d41d179e2373",
                "permissions": [
                  "FULL_CONTROL"
                ],
                "type": "CanonicalUser",
                "uri": ""
              }
            ],
            "hosted_zone_id": "Z1BKCTXD74EZPE",
            "id": "one-journey-back-as-ecr-i-serverlessdeploymentbuck-pnfckzyd5aah",
            "lifecycle_rule": [],
            "logging": [],
            "object_lock_configuration": [],
            "object_lock_enabled": false,
            "policy": "{\"Statement\":[{\"Action\":\"s3:*\",\"Condition\":{\"Bool\":{\"aws:SecureTransport\":\"false\"}},\"Effect\":\"Deny\",\"Principal\":\"*\",\"Resource\":[\"arn:aws:s3:::one-journey-back-as-ecr-i-serverlessdeploymentbuck-pnfckzyd5aah/*\",\"arn:aws:s3:::one-journey-back-as-ecr-i-serverlessdeploymentbuck-pnfckzyd5aah\"]}],\"Version\":\"2008-10-17\"}",
            "region": "eu-west-1",
            "replication_configuration": [],
            "request_payer": "BucketOwner",
            "server_side_encryption_configuration": [
              {
                "rule": [
                  {
                    "apply_server_side_encryption_by_default": [
                      {
                        "kms_master_key_id": "",
                        "sse_algorithm": "AES256"
                      }
                    ],
                    "bucket_key_enabled": false
                  }
                ]
              }
            ],
            "tags": {
              "STAGE": "ia-dev"
            },
            "tags_all": {
              "STAGE": "ia-dev"
            },
            "timeouts": null,
            "versioning": [
              {
                "enabled": false,
                "mfa_delete": false
              }
            ],
            "website": [],
            "website_domain": null,
            "website_endpoint": null
          },
          "sensitive_attributes": [],
          "identity_schema_version": 0,
          "private": "eyJlMmJmYjczMC1lY2FhLTExZTYtOGY4OC0zNDM2M2JjN2M0YzAiOnsiY3JlYXRlIjoxMjAwMDAwMDAwMDAwLCJkZWxldGUiOjM2MDAwMDAwMDAwMDAsInJlYWQiOjEyMDAwMDAwMDAwMDAsInVwZGF0ZSI6MTIwMDAwMDAwMDAwMH0sInNjaGVtYV92ZXJzaW9uIjoiMCJ9"
        }
      ]
    },
    {
      "module": "module.s3",
      "mode": "managed",
      "type": "aws_s3_bucket",
      "name": "one_journey_back_as_ecs_g_deployment_1",
      "provider": "provider[\"registry.terraform.io/hashicorp/aws\"]",
      "instances": [
        {
          "schema_version": 0,
          "attributes": {
            "acceleration_status": "",
            "acl": null,
            "arn": "arn:aws:s3:::one-journey-back-as-ecs-g-serverlessdeploymentbuck-cfnvdwfpbtsv",
            "bucket": "one-journey-back-as-ecs-g-serverlessdeploymentbuck-cfnvdwfpbtsv",
            "bucket_domain_name": "one-journey-back-as-ecs-g-serverlessdeploymentbuck-cfnvdwfpbtsv.s3.amazonaws.com",
            "bucket_prefix": "",
            "bucket_regional_domain_name": "one-journey-back-as-ecs-g-serverlessdeploymentbuck-cfnvdwfpbtsv.s3.eu-west-1.amazonaws.com",
            "cors_rule": [],
            "force_destroy": null,
            "grant": [
              {
                "id": "a1d063d75f2ab45ddbeb0eba7c1ba2cb79b645908e67c69ef475d41d179e2373",
                "permissions": [
                  "FULL_CONTROL"
                ],
                "type": "CanonicalUser",
                "uri": ""
              }
            ],
            "hosted_zone_id": "Z1BKCTXD74EZPE",
            "id": "one-journey-back-as-ecs-g-serverlessdeploymentbuck-cfnvdwfpbtsv",
            "lifecycle_rule": [],
            "logging": [],
            "object_lock_configuration": [],
            "object_lock_enabled": false,
            "policy": "{\"Statement\":[{\"Action\":\"s3:*\",\"Condition\":{\"Bool\":{\"aws:SecureTransport\":\"false\"}},\"Effect\":\"Deny\",\"Principal\":\"*\",\"Resource\":[\"arn:aws:s3:::one-journey-back-as-ecs-g-serverlessdeploymentbuck-cfnvdwfpbtsv/*\",\"arn:aws:s3:::one-journey-back-as-ecs-g-serverlessdeploymentbuck-cfnvdwfpbtsv\"]}],\"Version\":\"2008-10-17\"}",
            "region": "eu-west-1",
            "replication_configuration": [],
            "request_payer": "BucketOwner",
            "server_side_encryption_configuration": [
              {
                "rule": [
                  {
                    "apply_server_side_encryption_by_default": [
                      {
                        "kms_master_key_id": "",
                        "sse_algorithm": "AES256"
                      }
                    ],
                    "bucket_key_enabled": false
                  }
                ]
              }
            ],
            "tags": {
              "STAGE": "genai-dev"
            },
            "tags_all": {
              "STAGE": "genai-dev"
            },
            "timeouts": null,
            "versioning": [
              {
                "enabled": false,
                "mfa_delete": false
              }
            ],
            "website": [],
            "website_domain": null,
            "website_endpoint": null
          },
          "sensitive_attributes": [],
          "identity_schema_version": 0,
          "private": "eyJlMmJmYjczMC1lY2FhLTExZTYtOGY4OC0zNDM2M2JjN2M0YzAiOnsiY3JlYXRlIjoxMjAwMDAwMDAwMDAwLCJkZWxldGUiOjM2MDAwMDAwMDAwMDAsInJlYWQiOjEyMDAwMDAwMDAwMDAsInVwZGF0ZSI6MTIwMDAwMDAwMDAwMH0sInNjaGVtYV92ZXJzaW9uIjoiMCJ9"
        }
      ]
    },
    {
      "module": "module.s3",
      "mode": "managed",
      "type": "aws_s3_bucket",
      "name": "one_journey_back_as_ecs_g_deployment_2",
      "provider": "provider[\"registry.terraform.io/hashicorp/aws\"]",
      "instances": [
        {
          "schema_version": 0,
          "attributes": {
            "acceleration_status": "",
            "acl": null,
            "arn": "arn:aws:s3:::one-journey-back-as-ecs-g-serverlessdeploymentbuck-j9azhf22p0fv",
            "bucket": "one-journey-back-as-ecs-g-serverlessdeploymentbuck-j9azhf22p0fv",
            "bucket_domain_name": "one-journey-back-as-ecs-g-serverlessdeploymentbuck-j9azhf22p0fv.s3.amazonaws.com",
            "bucket_prefix": "",
            "bucket_regional_domain_name": "one-journey-back-as-ecs-g-serverlessdeploymentbuck-j9azhf22p0fv.s3.eu-west-1.amazonaws.com",
            "cors_rule": [],
            "force_destroy": null,
            "grant": [
              {
                "id": "a1d063d75f2ab45ddbeb0eba7c1ba2cb79b645908e67c69ef475d41d179e2373",
                "permissions": [
                  "FULL_CONTROL"
                ],
                "type": "CanonicalUser",
                "uri": ""
              }
            ],
            "hosted_zone_id": "Z1BKCTXD74EZPE",
            "id": "one-journey-back-as-ecs-g-serverlessdeploymentbuck-j9azhf22p0fv",
            "lifecycle_rule": [],
            "logging": [],
            "object_lock_configuration": [],
            "object_lock_enabled": false,
            "policy": "{\"Statement\":[{\"Action\":\"s3:*\",\"Condition\":{\"Bool\":{\"aws:SecureTransport\":\"false\"}},\"Effect\":\"Deny\",\"Principal\":\"*\",\"Resource\":[\"arn:aws:s3:::one-journey-back-as-ecs-g-serverlessdeploymentbuck-j9azhf22p0fv/*\",\"arn:aws:s3:::one-journey-back-as-ecs-g-serverlessdeploymentbuck-j9azhf22p0fv\"]}],\"Version\":\"2008-10-17\"}",
            "region": "eu-west-1",
            "replication_configuration": [],
            "request_payer": "BucketOwner",
            "server_side_encryption_configuration": [
              {
                "rule": [
                  {
                    "apply_server_side_encryption_by_default": [
                      {
                        "kms_master_key_id": "",
                        "sse_algorithm": "AES256"
                      }
                    ],
                    "bucket_key_enabled": false
                  }
                ]
              }
            ],
            "tags": {
              "STAGE": "genai"
            },
            "tags_all": {
              "STAGE": "genai"
            },
            "timeouts": null,
            "versioning": [
              {
                "enabled": false,
                "mfa_delete": false
              }
            ],
            "website": [],
            "website_domain": null,
            "website_endpoint": null
          },
          "sensitive_attributes": [],
          "identity_schema_version": 0,
          "private": "eyJlMmJmYjczMC1lY2FhLTExZTYtOGY4OC0zNDM2M2JjN2M0YzAiOnsiY3JlYXRlIjoxMjAwMDAwMDAwMDAwLCJkZWxldGUiOjM2MDAwMDAwMDAwMDAsInJlYWQiOjEyMDAwMDAwMDAwMDAsInVwZGF0ZSI6MTIwMDAwMDAwMDAwMH0sInNjaGVtYV92ZXJzaW9uIjoiMCJ9"
        }
      ]
    },
    {
      "module": "module.s3",
      "mode": "managed",
      "type": "aws_s3_bucket",
      "name": "one_journey_data_bucket_genai",
      "provider": "provider[\"registry.terraform.io/hashicorp/aws\"]",
      "instances": [
        {
          "schema_version": 0,
          "attributes": {
            "acceleration_status": "",
            "acl": null,
            "arn": "arn:aws:s3:::one-journey-data-bucket-genai",
            "bucket": "one-journey-data-bucket-genai",
            "bucket_domain_name": "one-journey-data-bucket-genai.s3.amazonaws.com",
            "bucket_prefix": "",
            "bucket_regional_domain_name": "one-journey-data-bucket-genai.s3.eu-west-1.amazonaws.com",
            "cors_rule": [
              {
                "allowed_headers": [
                  "*"
                ],
                "allowed_methods": [
                  "GET",
                  "PUT",
                  "POST"
                ],
                "allowed_origins": [
                  "*"
                ],
                "expose_headers": [],
                "max_age_seconds": 0
              }
            ],
            "force_destroy": null,
            "grant": [
              {
                "id": "a1d063d75f2ab45ddbeb0eba7c1ba2cb79b645908e67c69ef475d41d179e2373",
                "permissions": [
                  "FULL_CONTROL"
                ],
                "type": "CanonicalUser",
                "uri": ""
              }
            ],
            "hosted_zone_id": "Z1BKCTXD74EZPE",
            "id": "one-journey-data-bucket-genai",
            "lifecycle_rule": [],
            "logging": [],
            "object_lock_configuration": [],
            "object_lock_enabled": false,
            "policy": "{\"Statement\":[{\"Action\":\"s3:GetObject\",\"Effect\":\"Allow\",\"Principal\":{\"AWS\":\"arn:aws:iam::cloudfront:user/CloudFront Origin Access Identity E2YPP55FSMBTGO\"},\"Resource\":\"arn:aws:s3:::one-journey-data-bucket-genai/*\"},{\"Action\":\"s3:GetObject\",\"Effect\":\"Allow\",\"Principal\":{\"Service\":\"kendra.amazonaws.com\"},\"Resource\":\"arn:aws:s3:::one-journey-data-bucket-genai/*\"}],\"Version\":\"2008-10-17\"}",
            "region": "eu-west-1",
            "replication_configuration": [],
            "request_payer": "BucketOwner",
            "server_side_encryption_configuration": [
              {
                "rule": [
                  {
                    "apply_server_side_encryption_by_default": [
                      {
                        "kms_master_key_id": "",
                        "sse_algorithm": "AES256"
                      }
                    ],
                    "bucket_key_enabled": false
                  }
                ]
              }
            ],
            "tags": {
              "STAGE": "genai"
            },
            "tags_all": {
              "STAGE": "genai"
            },
            "timeouts": null,
            "versioning": [
              {
                "enabled": false,
                "mfa_delete": false
              }
            ],
            "website": [
              {
                "error_document": "index.html",
                "index_document": "index.html",
                "redirect_all_requests_to": "",
                "routing_rules": ""
              }
            ],
            "website_domain": "s3-website-eu-west-1.amazonaws.com",
            "website_endpoint": "one-journey-data-bucket-genai.s3-website-eu-west-1.amazonaws.com"
          },
          "sensitive_attributes": [],
          "identity_schema_version": 0,
          "private": "eyJlMmJmYjczMC1lY2FhLTExZTYtOGY4OC0zNDM2M2JjN2M0YzAiOnsiY3JlYXRlIjoxMjAwMDAwMDAwMDAwLCJkZWxldGUiOjM2MDAwMDAwMDAwMDAsInJlYWQiOjEyMDAwMDAwMDAwMDAsInVwZGF0ZSI6MTIwMDAwMDAwMDAwMH0sInNjaGVtYV92ZXJzaW9uIjoiMCJ9"
        }
      ]
    },
    {
      "module": "module.s3",
      "mode": "managed",
      "type": "aws_s3_bucket",
      "name": "one_journey_files_bucket_genai",
      "provider": "provider[\"registry.terraform.io/hashicorp/aws\"]",
      "instances": [
        {
          "schema_version": 0,
          "attributes": {
            "acceleration_status": "",
            "acl": null,
            "arn": "arn:aws:s3:::one-journey-files-bucket-genai",
            "bucket": "one-journey-files-bucket-genai",
            "bucket_domain_name": "one-journey-files-bucket-genai.s3.amazonaws.com",
            "bucket_prefix": "",
            "bucket_regional_domain_name": "one-journey-files-bucket-genai.s3.eu-west-1.amazonaws.com",
            "cors_rule": [],
            "force_destroy": null,
            "grant": [
              {
                "id": "a1d063d75f2ab45ddbeb0eba7c1ba2cb79b645908e67c69ef475d41d179e2373",
                "permissions": [
                  "FULL_CONTROL"
                ],
                "type": "CanonicalUser",
                "uri": ""
              }
            ],
            "hosted_zone_id": "Z1BKCTXD74EZPE",
            "id": "one-journey-files-bucket-genai",
            "lifecycle_rule": [],
            "logging": [],
            "object_lock_configuration": [],
            "object_lock_enabled": false,
            "policy": "",
            "region": "eu-west-1",
            "replication_configuration": [],
            "request_payer": "BucketOwner",
            "server_side_encryption_configuration": [
              {
                "rule": [
                  {
                    "apply_server_side_encryption_by_default": [
                      {
                        "kms_master_key_id": "",
                        "sse_algorithm": "AES256"
                      }
                    ],
                    "bucket_key_enabled": false
                  }
                ]
              }
            ],
            "tags": {
              "STAGE": "genai"
            },
            "tags_all": {
              "STAGE": "genai"
            },
            "timeouts": null,
            "versioning": [
              {
                "enabled": false,
                "mfa_delete": false
              }
            ],
            "website": [],
            "website_domain": null,
            "website_endpoint": null
          },
          "sensitive_attributes": [],
          "identity_schema_version": 0,
          "private": "eyJlMmJmYjczMC1lY2FhLTExZTYtOGY4OC0zNDM2M2JjN2M0YzAiOnsiY3JlYXRlIjoxMjAwMDAwMDAwMDAwLCJkZWxldGUiOjM2MDAwMDAwMDAwMDAsInJlYWQiOjEyMDAwMDAwMDAwMDAsInVwZGF0ZSI6MTIwMDAwMDAwMDAwMH0sInNjaGVtYV92ZXJzaW9uIjoiMCJ9"
        }
      ]
    },
    {
      "module": "module.s3",
      "mode": "managed",
      "type": "aws_s3_bucket",
      "name": "one_journey_front_pipeline_artifacts",
      "provider": "provider[\"registry.terraform.io/hashicorp/aws\"]",
      "instances": [
        {
          "schema_version": 0,
          "attributes": {
            "acceleration_status": "",
            "acl": null,
            "arn": "arn:aws:s3:::one-journey-front-pipeline-artifacts-971422687659",
            "bucket": "one-journey-front-pipeline-artifacts-971422687659",
            "bucket_domain_name": "one-journey-front-pipeline-artifacts-971422687659.s3.amazonaws.com",
            "bucket_prefix": "",
            "bucket_regional_domain_name": "one-journey-front-pipeline-artifacts-971422687659.s3.eu-west-1.amazonaws.com",
            "cors_rule": [],
            "force_destroy": null,
            "grant": [
              {
                "id": "a1d063d75f2ab45ddbeb0eba7c1ba2cb79b645908e67c69ef475d41d179e2373",
                "permissions": [
                  "FULL_CONTROL"
                ],
                "type": "CanonicalUser",
                "uri": ""
              }
            ],
            "hosted_zone_id": "Z1BKCTXD74EZPE",
            "id": "one-journey-front-pipeline-artifacts-971422687659",
            "lifecycle_rule": [],
            "logging": [],
            "object_lock_configuration": [],
            "object_lock_enabled": false,
            "policy": "",
            "region": "eu-west-1",
            "replication_configuration": [],
            "request_payer": "BucketOwner",
            "server_side_encryption_configuration": [
              {
                "rule": [
                  {
                    "apply_server_side_encryption_by_default": [
                      {
                        "kms_master_key_id": "",
                        "sse_algorithm": "AES256"
                      }
                    ],
                    "bucket_key_enabled": false
                  }
                ]
              }
            ],
            "tags": {},
            "tags_all": {},
            "timeouts": null,
            "versioning": [
              {
                "enabled": true,
                "mfa_delete": false
              }
            ],
            "website": [],
            "website_domain": null,
            "website_endpoint": null
          },
          "sensitive_attributes": [],
          "identity_schema_version": 0,
          "private": "eyJlMmJmYjczMC1lY2FhLTExZTYtOGY4OC0zNDM2M2JjN2M0YzAiOnsiY3JlYXRlIjoxMjAwMDAwMDAwMDAwLCJkZWxldGUiOjM2MDAwMDAwMDAwMDAsInJlYWQiOjEyMDAwMDAwMDAwMDAsInVwZGF0ZSI6MTIwMDAwMDAwMDAwMH0sInNjaGVtYV92ZXJzaW9uIjoiMCJ9"
        }
      ]
    },
    {
      "module": "module.s3",
      "mode": "managed",
      "type": "aws_s3_bucket",
      "name": "one_journey_genai_deployment",
      "provider": "provider[\"registry.terraform.io/hashicorp/aws\"]",
      "instances": [
        {
          "schema_version": 0,
          "attributes": {
            "acceleration_status": "",
            "acl": null,
            "arn": "arn:aws:s3:::one-journey-genai-serverlessdeploymentbucket-r8r10jddmxy6",
            "bucket": "one-journey-genai-serverlessdeploymentbucket-r8r10jddmxy6",
            "bucket_domain_name": "one-journey-genai-serverlessdeploymentbucket-r8r10jddmxy6.s3.amazonaws.com",
            "bucket_prefix": "",
            "bucket_regional_domain_name": "one-journey-genai-serverlessdeploymentbucket-r8r10jddmxy6.s3.eu-west-1.amazonaws.com",
            "cors_rule": [],
            "force_destroy": null,
            "grant": [
              {
                "id": "a1d063d75f2ab45ddbeb0eba7c1ba2cb79b645908e67c69ef475d41d179e2373",
                "permissions": [
                  "FULL_CONTROL"
                ],
                "type": "CanonicalUser",
                "uri": ""
              }
            ],
            "hosted_zone_id": "Z1BKCTXD74EZPE",
            "id": "one-journey-genai-serverlessdeploymentbucket-r8r10jddmxy6",
            "lifecycle_rule": [],
            "logging": [],
            "object_lock_configuration": [],
            "object_lock_enabled": false,
            "policy": "{\"Statement\":[{\"Action\":\"s3:*\",\"Condition\":{\"Bool\":{\"aws:SecureTransport\":\"false\"}},\"Effect\":\"Deny\",\"Principal\":\"*\",\"Resource\":[\"arn:aws:s3:::one-journey-genai-serverlessdeploymentbucket-r8r10jddmxy6/*\",\"arn:aws:s3:::one-journey-genai-serverlessdeploymentbucket-r8r10jddmxy6\"]}],\"Version\":\"2008-10-17\"}",
            "region": "eu-west-1",
            "replication_configuration": [],
            "request_payer": "BucketOwner",
            "server_side_encryption_configuration": [
              {
                "rule": [
                  {
                    "apply_server_side_encryption_by_default": [
                      {
                        "kms_master_key_id": "",
                        "sse_algorithm": "AES256"
                      }
                    ],
                    "bucket_key_enabled": false
                  }
                ]
              }
            ],
            "tags": {
              "STAGE": "genai"
            },
            "tags_all": {
              "STAGE": "genai"
            },
            "timeouts": null,
            "versioning": [
              {
                "enabled": false,
                "mfa_delete": false
              }
            ],
            "website": [],
            "website_domain": null,
            "website_endpoint": null
          },
          "sensitive_attributes": [],
          "identity_schema_version": 0,
          "private": "eyJlMmJmYjczMC1lY2FhLTExZTYtOGY4OC0zNDM2M2JjN2M0YzAiOnsiY3JlYXRlIjoxMjAwMDAwMDAwMDAwLCJkZWxldGUiOjM2MDAwMDAwMDAwMDAsInJlYWQiOjEyMDAwMDAwMDAwMDAsInVwZGF0ZSI6MTIwMDAwMDAwMDAwMH0sInNjaGVtYV92ZXJzaW9uIjoiMCJ9"
        }
      ]
    },
    {
      "module": "module.s3",
      "mode": "managed",
      "type": "aws_s3_bucket",
      "name": "one_journey_hosting_bucket_genai",
      "provider": "provider[\"registry.terraform.io/hashicorp/aws\"]",
      "instances": [
        {
          "schema_version": 0,
          "attributes": {
            "acceleration_status": "",
            "acl": null,
            "arn": "arn:aws:s3:::one-journey-hosting-bucket-genai",
            "bucket": "one-journey-hosting-bucket-genai",
            "bucket_domain_name": "one-journey-hosting-bucket-genai.s3.amazonaws.com",
            "bucket_prefix": "",
            "bucket_regional_domain_name": "one-journey-hosting-bucket-genai.s3.eu-west-1.amazonaws.com",
            "cors_rule": [],
            "force_destroy": null,
            "grant": [
              {
                "id": "a1d063d75f2ab45ddbeb0eba7c1ba2cb79b645908e67c69ef475d41d179e2373",
                "permissions": [
                  "FULL_CONTROL"
                ],
                "type": "CanonicalUser",
                "uri": ""
              }
            ],
            "hosted_zone_id": "Z1BKCTXD74EZPE",
            "id": "one-journey-hosting-bucket-genai",
            "lifecycle_rule": [],
            "logging": [],
            "object_lock_configuration": [],
            "object_lock_enabled": false,
            "policy": "",
            "region": "eu-west-1",
            "replication_configuration": [],
            "request_payer": "BucketOwner",
            "server_side_encryption_configuration": [
              {
                "rule": [
                  {
                    "apply_server_side_encryption_by_default": [
                      {
                        "kms_master_key_id": "",
                        "sse_algorithm": "AES256"
                      }
                    ],
                    "bucket_key_enabled": false
                  }
                ]
              }
            ],
            "tags": {
              "STAGE": "genai"
            },
            "tags_all": {
              "STAGE": "genai"
            },
            "timeouts": null,
            "versioning": [
              {
                "enabled": false,
                "mfa_delete": false
              }
            ],
            "website": [],
            "website_domain": null,
            "website_endpoint": null
          },
          "sensitive_attributes": [],
          "identity_schema_version": 0,
          "private": "eyJlMmJmYjczMC1lY2FhLTExZTYtOGY4OC0zNDM2M2JjN2M0YzAiOnsiY3JlYXRlIjoxMjAwMDAwMDAwMDAwLCJkZWxldGUiOjM2MDAwMDAwMDAwMDAsInJlYWQiOjEyMDAwMDAwMDAwMDAsInVwZGF0ZSI6MTIwMDAwMDAwMDAwMH0sInNjaGVtYV92ZXJzaW9uIjoiMCJ9"
        }
      ]
    },
    {
      "module": "module.s3",
      "mode": "managed",
      "type": "aws_s3_bucket",
      "name": "one_journey_nodes_core_ge_deployment_1",
      "provider": "provider[\"registry.terraform.io/hashicorp/aws\"]",
      "instances": [
        {
          "schema_version": 0,
          "attributes": {
            "acceleration_status": "",
            "acl": null,
            "arn": "arn:aws:s3:::one-journey-nodes-core-ge-serverlessdeploymentbuck-tezd9hxndj5i",
            "bucket": "one-journey-nodes-core-ge-serverlessdeploymentbuck-tezd9hxndj5i",
            "bucket_domain_name": "one-journey-nodes-core-ge-serverlessdeploymentbuck-tezd9hxndj5i.s3.amazonaws.com",
            "bucket_prefix": "",
            "bucket_regional_domain_name": "one-journey-nodes-core-ge-serverlessdeploymentbuck-tezd9hxndj5i.s3.eu-west-1.amazonaws.com",
            "cors_rule": [],
            "force_destroy": null,
            "grant": [
              {
                "id": "a1d063d75f2ab45ddbeb0eba7c1ba2cb79b645908e67c69ef475d41d179e2373",
                "permissions": [
                  "FULL_CONTROL"
                ],
                "type": "CanonicalUser",
                "uri": ""
              }
            ],
            "hosted_zone_id": "Z1BKCTXD74EZPE",
            "id": "one-journey-nodes-core-ge-serverlessdeploymentbuck-tezd9hxndj5i",
            "lifecycle_rule": [],
            "logging": [],
            "object_lock_configuration": [],
            "object_lock_enabled": false,
            "policy": "",
            "region": "eu-west-1",
            "replication_configuration": [],
            "request_payer": "BucketOwner",
            "server_side_encryption_configuration": [
              {
                "rule": [
                  {
                    "apply_server_side_encryption_by_default": [
                      {
                        "kms_master_key_id": "",
                        "sse_algorithm": "AES256"
                      }
                    ],
                    "bucket_key_enabled": false
                  }
                ]
              }
            ],
            "tags": {
              "STAGE": "genai"
            },
            "tags_all": {
              "STAGE": "genai"
            },
            "timeouts": null,
            "versioning": [
              {
                "enabled": false,
                "mfa_delete": false
              }
            ],
            "website": [],
            "website_domain": null,
            "website_endpoint": null
          },
          "sensitive_attributes": [],
          "identity_schema_version": 0,
          "private": "eyJlMmJmYjczMC1lY2FhLTExZTYtOGY4OC0zNDM2M2JjN2M0YzAiOnsiY3JlYXRlIjoxMjAwMDAwMDAwMDAwLCJkZWxldGUiOjM2MDAwMDAwMDAwMDAsInJlYWQiOjEyMDAwMDAwMDAwMDAsInVwZGF0ZSI6MTIwMDAwMDAwMDAwMH0sInNjaGVtYV92ZXJzaW9uIjoiMCJ9"
        }
      ]
    },
    {
      "module": "module.s3",
      "mode": "managed",
      "type": "aws_s3_bucket",
      "name": "one_journey_nodes_core_ge_deployment_2",
      "provider": "provider[\"registry.terraform.io/hashicorp/aws\"]",
      "instances": [
        {
          "schema_version": 0,
          "attributes": {
            "acceleration_status": "",
            "acl": null,
            "arn": "arn:aws:s3:::one-journey-nodes-core-ge-serverlessdeploymentbuck-xa0dgmpjhd8h",
            "bucket": "one-journey-nodes-core-ge-serverlessdeploymentbuck-xa0dgmpjhd8h",
            "bucket_domain_name": "one-journey-nodes-core-ge-serverlessdeploymentbuck-xa0dgmpjhd8h.s3.amazonaws.com",
            "bucket_prefix": "",
            "bucket_regional_domain_name": "one-journey-nodes-core-ge-serverlessdeploymentbuck-xa0dgmpjhd8h.s3.eu-west-1.amazonaws.com",
            "cors_rule": [],
            "force_destroy": null,
            "grant": [
              {
                "id": "a1d063d75f2ab45ddbeb0eba7c1ba2cb79b645908e67c69ef475d41d179e2373",
                "permissions": [
                  "FULL_CONTROL"
                ],
                "type": "CanonicalUser",
                "uri": ""
              }
            ],
            "hosted_zone_id": "Z1BKCTXD74EZPE",
            "id": "one-journey-nodes-core-ge-serverlessdeploymentbuck-xa0dgmpjhd8h",
            "lifecycle_rule": [],
            "logging": [],
            "object_lock_configuration": [],
            "object_lock_enabled": false,
            "policy": "{\"Statement\":[{\"Action\":\"s3:*\",\"Condition\":{\"Bool\":{\"aws:SecureTransport\":\"false\"}},\"Effect\":\"Deny\",\"Principal\":\"*\",\"Resource\":[\"arn:aws:s3:::one-journey-nodes-core-ge-serverlessdeploymentbuck-xa0dgmpjhd8h/*\",\"arn:aws:s3:::one-journey-nodes-core-ge-serverlessdeploymentbuck-xa0dgmpjhd8h\"]}],\"Version\":\"2008-10-17\"}",
            "region": "eu-west-1",
            "replication_configuration": [],
            "request_payer": "BucketOwner",
            "server_side_encryption_configuration": [
              {
                "rule": [
                  {
                    "apply_server_side_encryption_by_default": [
                      {
                        "kms_master_key_id": "",
                        "sse_algorithm": "AES256"
                      }
                    ],
                    "bucket_key_enabled": false
                  }
                ]
              }
            ],
            "tags": {
              "STAGE": "genai"
            },
            "tags_all": {
              "STAGE": "genai"
            },
            "timeouts": null,
            "versioning": [
              {
                "enabled": false,
                "mfa_delete": false
              }
            ],
            "website": [],
            "website_domain": null,
            "website_endpoint": null
          },
          "sensitive_attributes": [],
          "identity_schema_version": 0,
          "private": "eyJlMmJmYjczMC1lY2FhLTExZTYtOGY4OC0zNDM2M2JjN2M0YzAiOnsiY3JlYXRlIjoxMjAwMDAwMDAwMDAwLCJkZWxldGUiOjM2MDAwMDAwMDAwMDAsInJlYWQiOjEyMDAwMDAwMDAwMDAsInVwZGF0ZSI6MTIwMDAwMDAwMDAwMH0sInNjaGVtYV92ZXJzaW9uIjoiMCJ9"
        }
      ]
    },
    {
      "module": "module.s3",
      "mode": "managed",
      "type": "aws_s3_bucket",
      "name": "one_journey_transcriptions_bucket_genai",
      "provider": "provider[\"registry.terraform.io/hashicorp/aws\"]",
      "instances": [
        {
          "schema_version": 0,
          "attributes": {
            "acceleration_status": "",
            "acl": null,
            "arn": "arn:aws:s3:::one-journey-transcriptions-bucket-genai",
            "bucket": "one-journey-transcriptions-bucket-genai",
            "bucket_domain_name": "one-journey-transcriptions-bucket-genai.s3.amazonaws.com",
            "bucket_prefix": "",
            "bucket_regional_domain_name": "one-journey-transcriptions-bucket-genai.s3.eu-west-1.amazonaws.com",
            "cors_rule": [],
            "force_destroy": null,
            "grant": [
              {
                "id": "a1d063d75f2ab45ddbeb0eba7c1ba2cb79b645908e67c69ef475d41d179e2373",
                "permissions": [
                  "FULL_CONTROL"
                ],
                "type": "CanonicalUser",
                "uri": ""
              }
            ],
            "hosted_zone_id": "Z1BKCTXD74EZPE",
            "id": "one-journey-transcriptions-bucket-genai",
            "lifecycle_rule": [],
            "logging": [],
            "object_lock_configuration": [],
            "object_lock_enabled": false,
            "policy": "",
            "region": "eu-west-1",
            "replication_configuration": [],
            "request_payer": "BucketOwner",
            "server_side_encryption_configuration": [
              {
                "rule": [
                  {
                    "apply_server_side_encryption_by_default": [
                      {
                        "kms_master_key_id": "",
                        "sse_algorithm": "AES256"
                      }
                    ],
                    "bucket_key_enabled": false
                  }
                ]
              }
            ],
            "tags": {
              "STAGE": "genai"
            },
            "tags_all": {
              "STAGE": "genai"
            },
            "timeouts": null,
            "versioning": [
              {
                "enabled": false,
                "mfa_delete": false
              }
            ],
            "website": [],
            "website_domain": null,
            "website_endpoint": null
          },
          "sensitive_attributes": [],
          "identity_schema_version": 0,
          "private": "eyJlMmJmYjczMC1lY2FhLTExZTYtOGY4OC0zNDM2M2JjN2M0YzAiOnsiY3JlYXRlIjoxMjAwMDAwMDAwMDAwLCJkZWxldGUiOjM2MDAwMDAwMDAwMDAsInJlYWQiOjEyMDAwMDAwMDAwMDAsInVwZGF0ZSI6MTIwMDAwMDAwMDAwMH0sInNjaGVtYV92ZXJzaW9uIjoiMCJ9"
        }
      ]
    },
    {
      "module": "module.s3",
      "mode": "managed",
      "type": "aws_s3_bucket",
      "name": "one_journey_transcriptions_genai",
      "provider": "provider[\"registry.terraform.io/hashicorp/aws\"]",
      "instances": [
        {
          "schema_version": 0,
          "attributes": {
            "acceleration_status": "",
            "acl": null,
            "arn": "arn:aws:s3:::one-journey-transcriptions-genai",
            "bucket": "one-journey-transcriptions-genai",
            "bucket_domain_name": "one-journey-transcriptions-genai.s3.amazonaws.com",
            "bucket_prefix": "",
            "bucket_regional_domain_name": "one-journey-transcriptions-genai.s3.eu-west-1.amazonaws.com",
            "cors_rule": [],
            "force_destroy": null,
            "grant": [
              {
                "id": "a1d063d75f2ab45ddbeb0eba7c1ba2cb79b645908e67c69ef475d41d179e2373",
                "permissions": [
                  "FULL_CONTROL"
                ],
                "type": "CanonicalUser",
                "uri": ""
              }
            ],
            "hosted_zone_id": "Z1BKCTXD74EZPE",
            "id": "one-journey-transcriptions-genai",
            "lifecycle_rule": [],
            "logging": [],
            "object_lock_configuration": [],
            "object_lock_enabled": false,
            "policy": "",
            "region": "eu-west-1",
            "replication_configuration": [],
            "request_payer": "BucketOwner",
            "server_side_encryption_configuration": [
              {
                "rule": [
                  {
                    "apply_server_side_encryption_by_default": [
                      {
                        "kms_master_key_id": "",
                        "sse_algorithm": "AES256"
                      }
                    ],
                    "bucket_key_enabled": false
                  }
                ]
              }
            ],
            "tags": {
              "STAGE": "genai"
            },
            "tags_all": {
              "STAGE": "genai"
            },
            "timeouts": null,
            "versioning": [
              {
                "enabled": false,
                "mfa_delete": false
              }
            ],
            "website": [],
            "website_domain": null,
            "website_endpoint": null
          },
          "sensitive_attributes": [],
          "identity_schema_version": 0,
          "private": "eyJlMmJmYjczMC1lY2FhLTExZTYtOGY4OC0zNDM2M2JjN2M0YzAiOnsiY3JlYXRlIjoxMjAwMDAwMDAwMDAwLCJkZWxldGUiOjM2MDAwMDAwMDAwMDAsInJlYWQiOjEyMDAwMDAwMDAwMDAsInVwZGF0ZSI6MTIwMDAwMDAwMDAwMH0sInNjaGVtYV92ZXJzaW9uIjoiMCJ9"
        }
      ]
    },
    {
      "module": "module.s3",
      "mode": "managed",
      "type": "aws_s3_bucket",
      "name": "onejourney_core_nodes_artifacts",
      "provider": "provider[\"registry.terraform.io/hashicorp/aws\"]",
      "instances": [
        {
          "schema_version": 0,
          "attributes": {
            "acceleration_status": "",
            "acl": null,
            "arn": "arn:aws:s3:::onejourney-core-nodes-artifacts-971422687659-v2",
            "bucket": "onejourney-core-nodes-artifacts-971422687659-v2",
            "bucket_domain_name": "onejourney-core-nodes-artifacts-971422687659-v2.s3.amazonaws.com",
            "bucket_prefix": "",
            "bucket_regional_domain_name": "onejourney-core-nodes-artifacts-971422687659-v2.s3.eu-west-1.amazonaws.com",
            "cors_rule": [],
            "force_destroy": null,
            "grant": [
              {
                "id": "a1d063d75f2ab45ddbeb0eba7c1ba2cb79b645908e67c69ef475d41d179e2373",
                "permissions": [
                  "FULL_CONTROL"
                ],
                "type": "CanonicalUser",
                "uri": ""
              }
            ],
            "hosted_zone_id": "Z1BKCTXD74EZPE",
            "id": "onejourney-core-nodes-artifacts-971422687659-v2",
            "lifecycle_rule": [],
            "logging": [],
            "object_lock_configuration": [],
            "object_lock_enabled": false,
            "policy": "",
            "region": "eu-west-1",
            "replication_configuration": [],
            "request_payer": "BucketOwner",
            "server_side_encryption_configuration": [
              {
                "rule": [
                  {
                    "apply_server_side_encryption_by_default": [
                      {
                        "kms_master_key_id": "",
                        "sse_algorithm": "AES256"
                      }
                    ],
                    "bucket_key_enabled": false
                  }
                ]
              }
            ],
            "tags": {},
            "tags_all": {},
            "timeouts": null,
            "versioning": [
              {
                "enabled": true,
                "mfa_delete": false
              }
            ],
            "website": [],
            "website_domain": null,
            "website_endpoint": null
          },
          "sensitive_attributes": [],
          "identity_schema_version": 0,
          "private": "eyJlMmJmYjczMC1lY2FhLTExZTYtOGY4OC0zNDM2M2JjN2M0YzAiOnsiY3JlYXRlIjoxMjAwMDAwMDAwMDAwLCJkZWxldGUiOjM2MDAwMDAwMDAwMDAsInJlYWQiOjEyMDAwMDAwMDAwMDAsInVwZGF0ZSI6MTIwMDAwMDAwMDAwMH0sInNjaGVtYV92ZXJzaW9uIjoiMCJ9"
        }
      ]
    },
    {
      "module": "module.s3",
      "mode": "managed",
      "type": "aws_s3_bucket",
      "name": "onejourney_genai_back_artifacts",
      "provider": "provider[\"registry.terraform.io/hashicorp/aws\"]",
      "instances": [
        {
          "schema_version": 0,
          "attributes": {
            "acceleration_status": "",
            "acl": null,
            "arn": "arn:aws:s3:::onejourney-genai-back-artifacts-971422687659-v2",
            "bucket": "onejourney-genai-back-artifacts-971422687659-v2",
            "bucket_domain_name": "onejourney-genai-back-artifacts-971422687659-v2.s3.amazonaws.com",
            "bucket_prefix": "",
            "bucket_regional_domain_name": "onejourney-genai-back-artifacts-971422687659-v2.s3.eu-west-1.amazonaws.com",
            "cors_rule": [],
            "force_destroy": null,
            "grant": [
              {
                "id": "a1d063d75f2ab45ddbeb0eba7c1ba2cb79b645908e67c69ef475d41d179e2373",
                "permissions": [
                  "FULL_CONTROL"
                ],
                "type": "CanonicalUser",
                "uri": ""
              }
            ],
            "hosted_zone_id": "Z1BKCTXD74EZPE",
            "id": "onejourney-genai-back-artifacts-971422687659-v2",
            "lifecycle_rule": [],
            "logging": [],
            "object_lock_configuration": [],
            "object_lock_enabled": false,
            "policy": "",
            "region": "eu-west-1",
            "replication_configuration": [],
            "request_payer": "BucketOwner",
            "server_side_encryption_configuration": [
              {
                "rule": [
                  {
                    "apply_server_side_encryption_by_default": [
                      {
                        "kms_master_key_id": "",
                        "sse_algorithm": "AES256"
                      }
                    ],
                    "bucket_key_enabled": false
                  }
                ]
              }
            ],
            "tags": {},
            "tags_all": {},
            "timeouts": null,
            "versioning": [
              {
                "enabled": true,
                "mfa_delete": false
              }
            ],
            "website": [],
            "website_domain": null,
            "website_endpoint": null
          },
          "sensitive_attributes": [],
          "identity_schema_version": 0,
          "private": "eyJlMmJmYjczMC1lY2FhLTExZTYtOGY4OC0zNDM2M2JjN2M0YzAiOnsiY3JlYXRlIjoxMjAwMDAwMDAwMDAwLCJkZWxldGUiOjM2MDAwMDAwMDAwMDAsInJlYWQiOjEyMDAwMDAwMDAwMDAsInVwZGF0ZSI6MTIwMDAwMDAwMDAwMH0sInNjaGVtYV92ZXJzaW9uIjoiMCJ9"
        }
      ]
    },
    {
      "module": "module.s3",
      "mode": "managed",
      "type": "aws_s3_bucket",
      "name": "onejourney_genai_back_cicd_artifacts",
      "provider": "provider[\"registry.terraform.io/hashicorp/aws\"]",
      "instances": [
        {
          "schema_version": 0,
          "attributes": {
            "acceleration_status": "",
            "acl": null,
            "arn": "arn:aws:s3:::onejourney-genai-back-cicd-artifacts-971422687659-v2",
            "bucket": "onejourney-genai-back-cicd-artifacts-971422687659-v2",
            "bucket_domain_name": "onejourney-genai-back-cicd-artifacts-971422687659-v2.s3.amazonaws.com",
            "bucket_prefix": "",
            "bucket_regional_domain_name": "onejourney-genai-back-cicd-artifacts-971422687659-v2.s3.eu-west-1.amazonaws.com",
            "cors_rule": [],
            "force_destroy": null,
            "grant": [
              {
                "id": "a1d063d75f2ab45ddbeb0eba7c1ba2cb79b645908e67c69ef475d41d179e2373",
                "permissions": [
                  "FULL_CONTROL"
                ],
                "type": "CanonicalUser",
                "uri": ""
              }
            ],
            "hosted_zone_id": "Z1BKCTXD74EZPE",
            "id": "onejourney-genai-back-cicd-artifacts-971422687659-v2",
            "lifecycle_rule": [],
            "logging": [],
            "object_lock_configuration": [],
            "object_lock_enabled": false,
            "policy": "",
            "region": "eu-west-1",
            "replication_configuration": [],
            "request_payer": "BucketOwner",
            "server_side_encryption_configuration": [
              {
                "rule": [
                  {
                    "apply_server_side_encryption_by_default": [
                      {
                        "kms_master_key_id": "",
                        "sse_algorithm": "AES256"
                      }
                    ],
                    "bucket_key_enabled": false
                  }
                ]
              }
            ],
            "tags": {},
            "tags_all": {},
            "timeouts": null,
            "versioning": [
              {
                "enabled": true,
                "mfa_delete": false
              }
            ],
            "website": [],
            "website_domain": null,
            "website_endpoint": null
          },
          "sensitive_attributes": [],
          "identity_schema_version": 0,
          "private": "eyJlMmJmYjczMC1lY2FhLTExZTYtOGY4OC0zNDM2M2JjN2M0YzAiOnsiY3JlYXRlIjoxMjAwMDAwMDAwMDAwLCJkZWxldGUiOjM2MDAwMDAwMDAwMDAsInJlYWQiOjEyMDAwMDAwMDAwMDAsInVwZGF0ZSI6MTIwMDAwMDAwMDAwMH0sInNjaGVtYV92ZXJzaW9uIjoiMCJ9"
        }
      ]
    },
    {
      "module": "module.s3",
      "mode": "managed",
      "type": "aws_s3_bucket",
      "name": "onejourney_genai_cicd_artifacts",
      "provider": "provider[\"registry.terraform.io/hashicorp/aws\"]",
      "instances": [
        {
          "schema_version": 0,
          "attributes": {
            "acceleration_status": "",
            "acl": null,
            "arn": "arn:aws:s3:::onejourney-genai-cicd-artifacts-971422687659",
            "bucket": "onejourney-genai-cicd-artifacts-971422687659",
            "bucket_domain_name": "onejourney-genai-cicd-artifacts-971422687659.s3.amazonaws.com",
            "bucket_prefix": "",
            "bucket_regional_domain_name": "onejourney-genai-cicd-artifacts-971422687659.s3.eu-west-1.amazonaws.com",
            "cors_rule": [],
            "force_destroy": null,
            "grant": [
              {
                "id": "a1d063d75f2ab45ddbeb0eba7c1ba2cb79b645908e67c69ef475d41d179e2373",
                "permissions": [
                  "FULL_CONTROL"
                ],
                "type": "CanonicalUser",
                "uri": ""
              }
            ],
            "hosted_zone_id": "Z1BKCTXD74EZPE",
            "id": "onejourney-genai-cicd-artifacts-971422687659",
            "lifecycle_rule": [],
            "logging": [],
            "object_lock_configuration": [],
            "object_lock_enabled": false,
            "policy": "",
            "region": "eu-west-1",
            "replication_configuration": [],
            "request_payer": "BucketOwner",
            "server_side_encryption_configuration": [
              {
                "rule": [
                  {
                    "apply_server_side_encryption_by_default": [
                      {
                        "kms_master_key_id": "",
                        "sse_algorithm": "AES256"
                      }
                    ],
                    "bucket_key_enabled": false
                  }
                ]
              }
            ],
            "tags": {},
            "tags_all": {},
            "timeouts": null,
            "versioning": [
              {
                "enabled": true,
                "mfa_delete": false
              }
            ],
            "website": [],
            "website_domain": null,
            "website_endpoint": null
          },
          "sensitive_attributes": [],
          "identity_schema_version": 0,
          "private": "eyJlMmJmYjczMC1lY2FhLTExZTYtOGY4OC0zNDM2M2JjN2M0YzAiOnsiY3JlYXRlIjoxMjAwMDAwMDAwMDAwLCJkZWxldGUiOjM2MDAwMDAwMDAwMDAsInJlYWQiOjEyMDAwMDAwMDAwMDAsInVwZGF0ZSI6MTIwMDAwMDAwMDAwMH0sInNjaGVtYV92ZXJzaW9uIjoiMCJ9"
        }
      ]
    },
    {
      "module": "module.s3",
      "mode": "managed",
      "type": "aws_s3_bucket",
      "name": "stt_transcripciones",
      "provider": "provider[\"registry.terraform.io/hashicorp/aws\"]",
      "instances": [
        {
          "schema_version": 0,
          "attributes": {
            "acceleration_status": "",
            "acl": null,
            "arn": "arn:aws:s3:::stt-transcripciones",
            "bucket": "stt-transcripciones",
            "bucket_domain_name": "stt-transcripciones.s3.amazonaws.com",
            "bucket_prefix": "",
            "bucket_regional_domain_name": "stt-transcripciones.s3.eu-west-1.amazonaws.com",
            "cors_rule": [],
            "force_destroy": null,
            "grant": [
              {
                "id": "a1d063d75f2ab45ddbeb0eba7c1ba2cb79b645908e67c69ef475d41d179e2373",
                "permissions": [
                  "FULL_CONTROL"
                ],
                "type": "CanonicalUser",
                "uri": ""
              }
            ],
            "hosted_zone_id": "Z1BKCTXD74EZPE",
            "id": "stt-transcripciones",
            "lifecycle_rule": [],
            "logging": [],
            "object_lock_configuration": [],
            "object_lock_enabled": false,
            "policy": "",
            "region": "eu-west-1",
            "replication_configuration": [],
            "request_payer": "BucketOwner",
            "server_side_encryption_configuration": [
              {
                "rule": [
                  {
                    "apply_server_side_encryption_by_default": [
                      {
                        "kms_master_key_id": "",
                        "sse_algorithm": "AES256"
                      }
                    ],
                    "bucket_key_enabled": true
                  }
                ]
              }
            ],
            "tags": {},
            "tags_all": {},
            "timeouts": null,
            "versioning": [
              {
                "enabled": false,
                "mfa_delete": false
              }
            ],
            "website": [],
            "website_domain": null,
            "website_endpoint": null
          },
          "sensitive_attributes": [],
          "identity_schema_version": 0,
          "private": "eyJlMmJmYjczMC1lY2FhLTExZTYtOGY4OC0zNDM2M2JjN2M0YzAiOnsiY3JlYXRlIjoxMjAwMDAwMDAwMDAwLCJkZWxldGUiOjM2MDAwMDAwMDAwMDAsInJlYWQiOjEyMDAwMDAwMDAwMDAsInVwZGF0ZSI6MTIwMDAwMDAwMDAwMH0sInNjaGVtYV92ZXJzaW9uIjoiMCJ9"
        }
      ]
    },
    {
      "module": "module.s3",
      "mode": "managed",
      "type": "aws_s3_bucket",
      "name": "stt_transcripciones_genai",
      "provider": "provider[\"registry.terraform.io/hashicorp/aws\"]",
      "instances": [
        {
          "schema_version": 0,
          "attributes": {
            "acceleration_status": "",
            "acl": null,
            "arn": "arn:aws:s3:::stt-transcripciones-genai",
            "bucket": "stt-transcripciones-genai",
            "bucket_domain_name": "stt-transcripciones-genai.s3.amazonaws.com",
            "bucket_prefix": "",
            "bucket_regional_domain_name": "stt-transcripciones-genai.s3.eu-west-1.amazonaws.com",
            "cors_rule": [],
            "force_destroy": null,
            "grant": [
              {
                "id": "a1d063d75f2ab45ddbeb0eba7c1ba2cb79b645908e67c69ef475d41d179e2373",
                "permissions": [
                  "FULL_CONTROL"
                ],
                "type": "CanonicalUser",
                "uri": ""
              }
            ],
            "hosted_zone_id": "Z1BKCTXD74EZPE",
            "id": "stt-transcripciones-genai",
            "lifecycle_rule": [],
            "logging": [],
            "object_lock_configuration": [],
            "object_lock_enabled": false,
            "policy": "",
            "region": "eu-west-1",
            "replication_configuration": [],
            "request_payer": "BucketOwner",
            "server_side_encryption_configuration": [
              {
                "rule": [
                  {
                    "apply_server_side_encryption_by_default": [
                      {
                        "kms_master_key_id": "",
                        "sse_algorithm": "AES256"
                      }
                    ],
                    "bucket_key_enabled": true
                  }
                ]
              }
            ],
            "tags": {},
            "tags_all": {},
            "timeouts": null,
            "versioning": [
              {
                "enabled": false,
                "mfa_delete": false
              }
            ],
            "website": [],
            "website_domain": null,
            "website_endpoint": null
          },
          "sensitive_attributes": [],
          "identity_schema_version": 0,
          "private": "eyJlMmJmYjczMC1lY2FhLTExZTYtOGY4OC0zNDM2M2JjN2M0YzAiOnsiY3JlYXRlIjoxMjAwMDAwMDAwMDAwLCJkZWxldGUiOjM2MDAwMDAwMDAwMDAsInJlYWQiOjEyMDAwMDAwMDAwMDAsInVwZGF0ZSI6MTIwMDAwMDAwMDAwMH0sInNjaGVtYV92ZXJzaW9uIjoiMCJ9"
        }
      ]
    },
    {
      "module": "module.s3",
      "mode": "managed",
      "type": "aws_s3_bucket_server_side_encryption_configuration",
      "name": "one_journey_data_bucket_genai_encryption",
      "provider": "provider[\"registry.terraform.io/hashicorp/aws\"]",
      "instances": [
        {
          "schema_version": 0,
          "attributes": {
            "bucket": "one-journey-data-bucket-genai",
            "expected_bucket_owner": "",
            "id": "one-journey-data-bucket-genai",
            "rule": [
              {
                "apply_server_side_encryption_by_default": [
                  {
                    "kms_master_key_id": "",
                    "sse_algorithm": "AES256"
                  }
                ],
                "bucket_key_enabled": false
              }
            ]
          },
          "sensitive_attributes": [],
          "identity_schema_version": 0,
          "private": "eyJzY2hlbWFfdmVyc2lvbiI6IjAifQ=="
        }
      ]
    },
    {
      "module": "module.s3",
      "mode": "managed",
      "type": "aws_s3_bucket_versioning",
      "name": "one_journey_data_bucket_genai_versioning",
      "provider": "provider[\"registry.terraform.io/hashicorp/aws\"]",
      "instances": [
        {
          "schema_version": 0,
          "attributes": {
            "bucket": "one-journey-data-bucket-genai",
            "expected_bucket_owner": "",
            "id": "one-journey-data-bucket-genai",
            "mfa": null,
            "versioning_configuration": [
              {
                "mfa_delete": "",
                "status": "Disabled"
              }
            ]
          },
          "sensitive_attributes": [],
          "identity_schema_version": 0,
          "private": "eyJzY2hlbWFfdmVyc2lvbiI6IjAifQ=="
        }
      ]
    },
    {
      "module": "module.security",
      "mode": "managed",
      "type": "aws_security_group",
      "name": "oj_ecs_service",
      "provider": "provider[\"registry.terraform.io/hashicorp/aws\"]",
      "instances": [
        {
          "schema_version": 1,
          "attributes": {
            "arn": "arn:aws:ec2:eu-west-1:971422687659:security-group/sg-0696b11cf33591870",
            "description": "OJECSSecurityGroup-genai",
            "egress": [
              {
                "cidr_blocks": [
                  "0.0.0.0/0"
                ],
                "description": "",
                "from_port": 0,
                "ipv6_cidr_blocks": [],
                "prefix_list_ids": [],
                "protocol": "-1",
                "security_groups": [],
                "self": false,
                "to_port": 0
              }
            ],
            "id": "sg-0696b11cf33591870",
            "ingress": [
              {
                "cidr_blocks": [
                  "0.0.0.0/0"
                ],
                "description": "Free Ingress",
                "from_port": 80,
                "ipv6_cidr_blocks": [],
                "prefix_list_ids": [],
                "protocol": "tcp",
                "security_groups": [],
                "self": false,
                "to_port": 80
              }
            ],
            "name": "OJECSSecurityGroup-genai",
            "name_prefix": "",
            "owner_id": "971422687659",
            "revoke_rules_on_delete": null,
            "tags": {
              "OJ": "OJ",
              "STAGE": "genai"
            },
            "tags_all": {
              "OJ": "OJ",
              "STAGE": "genai"
            },
            "timeouts": null,
            "vpc_id": "vpc-0bb8a69ff2508b49d"
          },
          "sensitive_attributes": [],
          "identity_schema_version": 0,
          "private": "eyJlMmJmYjczMC1lY2FhLTExZTYtOGY4OC0zNDM2M2JjN2M0YzAiOnsiY3JlYXRlIjo2MDAwMDAwMDAwMDAsImRlbGV0ZSI6OTAwMDAwMDAwMDAwfSwic2NoZW1hX3ZlcnNpb24iOiIxIn0="
        }
      ]
    },
    {
      "module": "module.vpc",
      "mode": "managed",
      "type": "aws_vpc",
      "name": "main",
      "provider": "provider[\"registry.terraform.io/hashicorp/aws\"]",
      "instances": [
        {
          "schema_version": 1,
          "attributes": {
            "arn": "arn:aws:ec2:eu-west-1:971422687659:vpc/vpc-0bb8a69ff2508b49d",
            "assign_generated_ipv6_cidr_block": false,
            "cidr_block": "10.0.0.0/24",
            "default_network_acl_id": "acl-0caea3b69880a24ba",
            "default_route_table_id": "rtb-02584e20089727e1a",
            "default_security_group_id": "sg-0f094509b74d4b142",
            "dhcp_options_id": "dopt-0575ec61811ee1bd3",
            "enable_dns_hostnames": false,
            "enable_dns_support": true,
            "enable_network_address_usage_metrics": false,
            "id": "vpc-0bb8a69ff2508b49d",
            "instance_tenancy": "default",
            "ipv4_ipam_pool_id": null,
            "ipv4_netmask_length": null,
            "ipv6_association_id": "",
            "ipv6_cidr_block": "",
            "ipv6_cidr_block_network_border_group": "",
            "ipv6_ipam_pool_id": "",
            "ipv6_netmask_length": 0,
            "main_route_table_id": "rtb-02584e20089727e1a",
            "owner_id": "971422687659",
            "tags": {},
            "tags_all": {}
          },
          "sensitive_attributes": [],
          "identity_schema_version": 0,
          "private": "eyJzY2hlbWFfdmVyc2lvbiI6IjEifQ=="
        }
      ]
    }
  ],
  "check_results": null
}
