{
  "version": 4,
  "terraform_version": "1.13.3",
  "serial": 149,
  "lineage": "03e26717-90bd-2810-17fc-1cdae6f2e91e",
  "outputs": {},
  "resources": [
    {
      "module": "module.iam_groups",
      "mode": "managed",
      "type": "aws_iam_group",
      "name": "this",
      "provider": "provider[\"registry.terraform.io/hashicorp/aws\"]",
      "instances": [
        {
          "index_key": "Developers",
          "schema_version": 0,
          "attributes": {
            "arn": "arn:aws:iam::971422687659:group/Developers",
            "id": "Developers",
            "name": "Developers",
            "path": "/",
            "unique_id": "AGPA6ELKN4GV56L22FNNS"
          },
          "sensitive_attributes": [],
          "identity_schema_version": 0,
          "private": "eyJzY2hlbWFfdmVyc2lvbiI6IjAifQ=="
        },
        {
          "index_key": "ManagedMFA",
          "schema_version": 0,
          "attributes": {
            "arn": "arn:aws:iam::971422687659:group/ManagedMFA",
            "id": "ManagedMFA",
            "name": "ManagedMFA",
            "path": "/",
            "unique_id": "AGPA6ELKN4GV3BXYO5ANM"
          },
          "sensitive_attributes": [],
          "identity_schema_version": 0,
          "private": "eyJzY2hlbWFfdmVyc2lvbiI6IjAifQ=="
        },
        {
          "index_key": "RequiredMFA",
          "schema_version": 0,
          "attributes": {
            "arn": "arn:aws:iam::971422687659:group/RequiredMFA",
            "id": "RequiredMFA",
            "name": "RequiredMFA",
            "path": "/",
            "unique_id": "AGPA6ELKN4GV72NYOVZPD"
          },
          "sensitive_attributes": [],
          "identity_schema_version": 0,
          "private": "eyJzY2hlbWFfdmVyc2lvbiI6IjAifQ=="
        }
      ]
    },
    {
      "module": "module.lambda_functions",
      "mode": "managed",
      "type": "aws_lambda_function",
      "name": "this",
      "provider": "provider[\"registry.terraform.io/hashicorp/aws\"]",
      "instances": [
        {
          "index_key": "action_node",
          "schema_version": 0,
          "attributes": {
            "architectures": [
              "x86_64"
            ],
            "arn": "arn:aws:lambda:eu-west-1:971422687659:function:one-journey-genai-actionNode",
            "code_sha256": "E5BndBTIjlvWEQoCEXPM80LAnm/fbYnO14GRlaJBygM=",
            "code_signing_config_arn": "",
            "dead_letter_config": [],
            "description": "",
            "environment": [
              {
                "variables": {
                  "ACCOUNT_ID": "971422687659",
                  "API_ENDPOINT": "https://d5tcv80br4.execute-api.eu-west-1.amazonaws.com/genai/",
                  "AUDIOS_BUCKET": "one-journey-audiorecord-genai",
                  "CDN_ENDPOINT": "https://d7cnvwmb0wtsp.cloudfront.net/",
                  "COGNITO_USER_POOL": "eu-west-1_M21ToRrBa",
                  "COGNITO_USER_POOL_CLIENT": "2tonlc0fcbruoestl0c4fuj8ts",
                  "CORE_GDS_EVENT_ARN": "arn:aws:lambda:eu-west-1:971422687659:function:one-journey-genai-coreGDSEvent",
                  "CORE_S3_EVENT_ARN": "arn:aws:lambda:eu-west-1:971422687659:function:one-journey-genai-coreS3Event",
                  "CORS_ORIGIN": "*",
                  "DEBUG_LOG": "/aws/one-journey/one-journey-DebugLogs",
                  "DOMAIN_SUFFIX": "one-journey",
                  "DYNAMODB_TABLE_CHANNEL_MESSAGES": "one-journey-channel-messages",
                  "DYNAMODB_TABLE_COMMON_OBJECTS": "one-journey-common-objects",
                  "DYNAMODB_TABLE_COST": "one-journey-cost",
                  "DYNAMODB_TABLE_COUNTERS_STORAGE_CHANNEL": "one-journey-counters-storage-channel",
                  "DYNAMODB_TABLE_EXECUTIONS": "one-journey-executions",
                  "DYNAMODB_TABLE_EXECUTIONS_V5": "one-journey-executions-v5",
                  "DYNAMODB_TABLE_EXECUTIONS_V5_DETAIL": "one-journey-executions-v5-detail",
                  "DYNAMODB_TABLE_EXECUTIONS_V5_GSI_CREATED_AT": "one-journey-executions-v5-gsi-createdAt",
                  "DYNAMODB_TABLE_EXECUTIONS_V5_GSI_UPDATED_AT": "one-journey-executions-v5-gsi-updatedAt",
                  "DYNAMODB_TABLE_MUTEX_LOCK": "one-journey-mutex-lock",
                  "DYNAMODB_TABLE_SESSIONS": "one-journey-sessions",
                  "DYNAMODB_TABLE_STT_OPERATIONS": "one-journey-sttOperations",
                  "DYNAMODB_TABLE_SUSCRIPTIONS": "one-journey-suscriptions",
                  "DYNAMODB_TABLE_WEBSOCKETS_MANAGER": "one-journey-websockets-manager",
                  "DYNAMODB_TABLE_WORKFLOWS_BACKUP": "one-journey-workflows-backup",
                  "DYNAMODB_TABLE_WORKFLOW_CONTEXT": "one-journey-workflow-context",
                  "ERROR_LOG": "/aws/one-journey/one-journey-ErrorLogs",
                  "EVENTBRIDGE_MESSAGE_BUS": "one-journey-messages-bus-genai",
                  "HOSTING_BUCKET": "one-journey-hosting-bucket-genai",
                  "KENDRA_S3_ROLE_ARN": "arn:aws:iam::971422687659:role/OneJourneyKendraS3Role",
                  "KEYS_URL": "https://cognito-idp.eu-west-1.amazonaws.com/eu-west-1_M21ToRrBa/.well-known/jwks.json",
                  "MAIN_CONFIGURATION_ID": "@MAIN_CONFIGURATION",
                  "MAX_CHATGPT_RETRY_REQUEST": "5",
                  "ONE_JOURNEY_DATA_BUCKET": "one-journey-data-bucket-genai",
                  "ONE_JOURNEY_FILES_BUCKET": "one-journey-files-bucket-genai",
                  "PROCESS_TRANSCRIPTION_ARN": "arn:aws:lambda:eu-west-1:971422687659:function:one-journey-genai-processTranscription",
                  "REGION": "eu-west-1",
                  "SQS_BATCH_QUEUE_URL": "https://sqs.eu-west-1.amazonaws.com/971422687659/one-journey-batch-queue-genai",
                  "STAGE": "genai",
                  "STORAGE_PROCESS_LAMBDA_ARN": "arn:aws:lambda:eu-west-1:971422687659:function:one-journey-genai-manageFileStorage",
                  "STT_WEBHOOK_ARN": "arn:aws:lambda:eu-west-1:971422687659:function:one-journey-genai-sttWebhook",
                  "TRANSCRIPTIONS_BUCKET": "one-journey-transcriptions-genai",
                  "USER_POOL_CLIENT_ID": "2tonlc0fcbruoestl0c4fuj8ts",
                  "USER_POOL_ID": "eu-west-1_M21ToRrBa",
                  "VERSION": "v1",
                  "WEBSOCKET_API_ENDPOINT": "wss://mu5nzg1mp2.execute-api.eu-west-1.amazonaws.com/genai/"
                }
              }
            ],
            "ephemeral_storage": [
              {
                "size": 512
              }
            ],
            "file_system_config": [],
            "filename": null,
            "function_name": "one-journey-genai-actionNode",
            "handler": "./src/api/v1/node/action/event.handler",
            "id": "one-journey-genai-actionNode",
            "image_config": [],
            "image_uri": "",
            "invoke_arn": "arn:aws:apigateway:eu-west-1:lambda:path/2015-03-31/functions/arn:aws:lambda:eu-west-1:971422687659:function:one-journey-genai-actionNode/invocations",
            "kms_key_arn": "",
            "last_modified": "2025-09-29T14:28:35.000+0000",
            "layers": [
              "arn:aws:lambda:eu-west-1:971422687659:layer:ffmpegv1:4",
              "arn:aws:lambda:eu-west-1:971422687659:layer:genAILibs:16"
            ],
            "logging_config": [
              {
                "application_log_level": "",
                "log_format": "Text",
                "log_group": "/aws/lambda/one-journey-genai-actionNode",
                "system_log_level": ""
              }
            ],
            "memory_size": 1536,
            "package_type": "Zip",
            "publish": null,
            "qualified_arn": "arn:aws:lambda:eu-west-1:971422687659:function:one-journey-genai-actionNode:35",
            "qualified_invoke_arn": "arn:aws:apigateway:eu-west-1:lambda:path/2015-03-31/functions/arn:aws:lambda:eu-west-1:971422687659:function:one-journey-genai-actionNode:35/invocations",
            "replace_security_groups_on_destroy": null,
            "replacement_security_group_ids": null,
            "reserved_concurrent_executions": -1,
            "role": "arn:aws:iam::971422687659:role/one-journey-genai-actionNode-eu-west-1-lambdaRole",
            "runtime": "nodejs20.x",
            "s3_bucket": null,
            "s3_key": null,
            "s3_object_version": null,
            "signing_job_arn": "",
            "signing_profile_version_arn": "",
            "skip_destroy": false,
            "snap_start": [],
            "source_code_hash": "",
            "source_code_size": 21998430,
            "tags": {
              "STAGE": "genai"
            },
            "tags_all": {
              "STAGE": "genai"
            },
            "timeout": 120,
            "timeouts": null,
            "tracing_config": [
              {
                "mode": "PassThrough"
              }
            ],
            "version": "35",
            "vpc_config": []
          },
          "sensitive_attributes": [],
          "identity_schema_version": 0,
          "private": "eyJlMmJmYjczMC1lY2FhLTExZTYtOGY4OC0zNDM2M2JjN2M0YzAiOnsiY3JlYXRlIjo2MDAwMDAwMDAwMDAsImRlbGV0ZSI6NjAwMDAwMDAwMDAwLCJ1cGRhdGUiOjYwMDAwMDAwMDAwMH0sInNjaGVtYV92ZXJzaW9uIjoiMCJ9"
        },
        {
          "index_key": "auth_handler",
          "schema_version": 0,
          "attributes": {
            "architectures": [
              "arm64"
            ],
            "arn": "arn:aws:lambda:eu-west-1:971422687659:function:one-journey-genai-authHandler",
            "code_sha256": "ys2KZKjqkc/A0ZmThjz3bI126eoIUnIuoODJf7UATJA=",
            "code_signing_config_arn": "",
            "dead_letter_config": [],
            "description": "",
            "environment": [
              {
                "variables": {
                  "ACCOUNT_ID": "971422687659",
                  "API_ENDPOINT": "https://d5tcv80br4.execute-api.eu-west-1.amazonaws.com/genai/",
                  "AUDIOS_BUCKET": "one-journey-audiorecord-genai",
                  "CDN_ENDPOINT": "https://d7cnvwmb0wtsp.cloudfront.net/",
                  "COGNITO_USER_POOL": "eu-west-1_M21ToRrBa",
                  "COGNITO_USER_POOL_CLIENT": "2tonlc0fcbruoestl0c4fuj8ts",
                  "CORE_GDS_EVENT_ARN": "arn:aws:lambda:eu-west-1:971422687659:function:one-journey-genai-coreGDSEvent",
                  "CORE_S3_EVENT_ARN": "arn:aws:lambda:eu-west-1:971422687659:function:one-journey-genai-coreS3Event",
                  "CORS_ORIGIN": "*",
                  "DEBUG_LOG": "/aws/one-journey/one-journey-DebugLogs",
                  "DOMAIN_SUFFIX": "one-journey",
                  "DYNAMODB_TABLE_CHANNEL_MESSAGES": "one-journey-channel-messages",
                  "DYNAMODB_TABLE_COMMON_OBJECTS": "one-journey-common-objects",
                  "DYNAMODB_TABLE_COST": "one-journey-cost",
                  "DYNAMODB_TABLE_COUNTERS_STORAGE_CHANNEL": "one-journey-counters-storage-channel",
                  "DYNAMODB_TABLE_EXECUTIONS": "one-journey-executions",
                  "DYNAMODB_TABLE_EXECUTIONS_V5": "one-journey-executions-v5",
                  "DYNAMODB_TABLE_EXECUTIONS_V5_DETAIL": "one-journey-executions-v5-detail",
                  "DYNAMODB_TABLE_EXECUTIONS_V5_GSI_CREATED_AT": "one-journey-executions-v5-gsi-createdAt",
                  "DYNAMODB_TABLE_EXECUTIONS_V5_GSI_UPDATED_AT": "one-journey-executions-v5-gsi-updatedAt",
                  "DYNAMODB_TABLE_MUTEX_LOCK": "one-journey-mutex-lock",
                  "DYNAMODB_TABLE_SESSIONS": "one-journey-sessions",
                  "DYNAMODB_TABLE_STT_OPERATIONS": "one-journey-sttOperations",
                  "DYNAMODB_TABLE_SUSCRIPTIONS": "one-journey-suscriptions",
                  "DYNAMODB_TABLE_WEBSOCKETS_MANAGER": "one-journey-websockets-manager",
                  "DYNAMODB_TABLE_WORKFLOWS_BACKUP": "one-journey-workflows-backup",
                  "DYNAMODB_TABLE_WORKFLOW_CONTEXT": "one-journey-workflow-context",
                  "ERROR_LOG": "/aws/one-journey/one-journey-ErrorLogs",
                  "EVENTBRIDGE_MESSAGE_BUS": "one-journey-messages-bus-genai",
                  "HOSTING_BUCKET": "one-journey-hosting-bucket-genai",
                  "KENDRA_S3_ROLE_ARN": "arn:aws:iam::971422687659:role/OneJourneyKendraS3Role",
                  "KEYS_URL": "https://cognito-idp.eu-west-1.amazonaws.com/eu-west-1_M21ToRrBa/.well-known/jwks.json",
                  "MAIN_CONFIGURATION_ID": "@MAIN_CONFIGURATION",
                  "MAX_CHATGPT_RETRY_REQUEST": "5",
                  "ONE_JOURNEY_DATA_BUCKET": "one-journey-data-bucket-genai",
                  "ONE_JOURNEY_FILES_BUCKET": "one-journey-files-bucket-genai",
                  "PROCESS_TRANSCRIPTION_ARN": "arn:aws:lambda:eu-west-1:971422687659:function:one-journey-genai-processTranscription",
                  "REGION": "eu-west-1",
                  "SQS_BATCH_QUEUE_URL": "https://sqs.eu-west-1.amazonaws.com/971422687659/one-journey-batch-queue-genai",
                  "STAGE": "genai",
                  "STORAGE_PROCESS_LAMBDA_ARN": "arn:aws:lambda:eu-west-1:971422687659:function:one-journey-genai-manageFileStorage",
                  "STT_WEBHOOK_ARN": "arn:aws:lambda:eu-west-1:971422687659:function:one-journey-genai-sttWebhook",
                  "TRANSCRIPTIONS_BUCKET": "one-journey-transcriptions-genai",
                  "USER_POOL_CLIENT_ID": "2tonlc0fcbruoestl0c4fuj8ts",
                  "USER_POOL_ID": "eu-west-1_M21ToRrBa",
                  "VERSION": "v1",
                  "WEBSOCKET_API_ENDPOINT": "wss://mu5nzg1mp2.execute-api.eu-west-1.amazonaws.com/genai/"
                }
              }
            ],
            "ephemeral_storage": [
              {
                "size": 512
              }
            ],
            "file_system_config": [],
            "filename": null,
            "function_name": "one-journey-genai-authHandler",
            "handler": "src/api/v1/websocketAuth.handler",
            "id": "one-journey-genai-authHandler",
            "image_config": [],
            "image_uri": "",
            "invoke_arn": "arn:aws:apigateway:eu-west-1:lambda:path/2015-03-31/functions/arn:aws:lambda:eu-west-1:971422687659:function:one-journey-genai-authHandler/invocations",
            "kms_key_arn": "",
            "last_modified": "2025-09-29T14:28:34.000+0000",
            "layers": [],
            "logging_config": [
              {
                "application_log_level": "",
                "log_format": "Text",
                "log_group": "/aws/lambda/one-journey-genai-authHandler",
                "system_log_level": ""
              }
            ],
            "memory_size": 1536,
            "package_type": "Zip",
            "publish": null,
            "qualified_arn": "arn:aws:lambda:eu-west-1:971422687659:function:one-journey-genai-authHandler:30",
            "qualified_invoke_arn": "arn:aws:apigateway:eu-west-1:lambda:path/2015-03-31/functions/arn:aws:lambda:eu-west-1:971422687659:function:one-journey-genai-authHandler:30/invocations",
            "replace_security_groups_on_destroy": null,
            "replacement_security_group_ids": null,
            "reserved_concurrent_executions": -1,
            "role": "arn:aws:iam::971422687659:role/one-journey-genai-authHandler-eu-west-1-lambdaRole",
            "runtime": "nodejs20.x",
            "s3_bucket": null,
            "s3_key": null,
            "s3_object_version": null,
            "signing_job_arn": "",
            "signing_profile_version_arn": "",
            "skip_destroy": false,
            "snap_start": [],
            "source_code_hash": "",
            "source_code_size": 18627707,
            "tags": {
              "STAGE": "genai"
            },
            "tags_all": {
              "STAGE": "genai"
            },
            "timeout": 6,
            "timeouts": null,
            "tracing_config": [
              {
                "mode": "PassThrough"
              }
            ],
            "version": "30",
            "vpc_config": []
          },
          "sensitive_attributes": [],
          "identity_schema_version": 0,
          "private": "eyJlMmJmYjczMC1lY2FhLTExZTYtOGY4OC0zNDM2M2JjN2M0YzAiOnsiY3JlYXRlIjo2MDAwMDAwMDAwMDAsImRlbGV0ZSI6NjAwMDAwMDAwMDAwLCJ1cGRhdGUiOjYwMDAwMDAwMDAwMH0sInNjaGVtYV92ZXJzaW9uIjoiMCJ9"
        },
        {
          "index_key": "authorizer",
          "schema_version": 0,
          "attributes": {
            "architectures": [
              "arm64"
            ],
            "arn": "arn:aws:lambda:eu-west-1:971422687659:function:one-journey-genai-authorizer",
            "code_sha256": "QDoIxTPCZ1Cn1XWLoklqly4AGOWo4T8TL064UQGszDQ=",
            "code_signing_config_arn": "",
            "dead_letter_config": [],
            "description": "",
            "environment": [
              {
                "variables": {
                  "ACCOUNT_ID": "971422687659",
                  "API_ENDPOINT": "https://d5tcv80br4.execute-api.eu-west-1.amazonaws.com/genai/",
                  "AUDIOS_BUCKET": "one-journey-audiorecord-genai",
                  "CDN_ENDPOINT": "https://d7cnvwmb0wtsp.cloudfront.net/",
                  "COGNITO_USER_POOL": "eu-west-1_M21ToRrBa",
                  "COGNITO_USER_POOL_CLIENT": "2tonlc0fcbruoestl0c4fuj8ts",
                  "CORE_GDS_EVENT_ARN": "arn:aws:lambda:eu-west-1:971422687659:function:one-journey-genai-coreGDSEvent",
                  "CORE_S3_EVENT_ARN": "arn:aws:lambda:eu-west-1:971422687659:function:one-journey-genai-coreS3Event",
                  "CORS_ORIGIN": "*",
                  "DEBUG_LOG": "/aws/one-journey/one-journey-DebugLogs",
                  "DOMAIN_SUFFIX": "one-journey",
                  "DYNAMODB_TABLE_CHANNEL_MESSAGES": "one-journey-channel-messages",
                  "DYNAMODB_TABLE_COMMON_OBJECTS": "one-journey-common-objects",
                  "DYNAMODB_TABLE_COST": "one-journey-cost",
                  "DYNAMODB_TABLE_COUNTERS_STORAGE_CHANNEL": "one-journey-counters-storage-channel",
                  "DYNAMODB_TABLE_EXECUTIONS": "one-journey-executions",
                  "DYNAMODB_TABLE_EXECUTIONS_V5": "one-journey-executions-v5",
                  "DYNAMODB_TABLE_EXECUTIONS_V5_DETAIL": "one-journey-executions-v5-detail",
                  "DYNAMODB_TABLE_EXECUTIONS_V5_GSI_CREATED_AT": "one-journey-executions-v5-gsi-createdAt",
                  "DYNAMODB_TABLE_EXECUTIONS_V5_GSI_UPDATED_AT": "one-journey-executions-v5-gsi-updatedAt",
                  "DYNAMODB_TABLE_MUTEX_LOCK": "one-journey-mutex-lock",
                  "DYNAMODB_TABLE_SESSIONS": "one-journey-sessions",
                  "DYNAMODB_TABLE_STT_OPERATIONS": "one-journey-sttOperations",
                  "DYNAMODB_TABLE_SUSCRIPTIONS": "one-journey-suscriptions",
                  "DYNAMODB_TABLE_WEBSOCKETS_MANAGER": "one-journey-websockets-manager",
                  "DYNAMODB_TABLE_WORKFLOWS_BACKUP": "one-journey-workflows-backup",
                  "DYNAMODB_TABLE_WORKFLOW_CONTEXT": "one-journey-workflow-context",
                  "ERROR_LOG": "/aws/one-journey/one-journey-ErrorLogs",
                  "EVENTBRIDGE_MESSAGE_BUS": "one-journey-messages-bus-genai",
                  "HOSTING_BUCKET": "one-journey-hosting-bucket-genai",
                  "KENDRA_S3_ROLE_ARN": "arn:aws:iam::971422687659:role/OneJourneyKendraS3Role",
                  "KEYS_URL": "https://cognito-idp.eu-west-1.amazonaws.com/eu-west-1_M21ToRrBa/.well-known/jwks.json",
                  "MAIN_CONFIGURATION_ID": "@MAIN_CONFIGURATION",
                  "MAX_CHATGPT_RETRY_REQUEST": "5",
                  "ONE_JOURNEY_DATA_BUCKET": "one-journey-data-bucket-genai",
                  "ONE_JOURNEY_FILES_BUCKET": "one-journey-files-bucket-genai",
                  "PROCESS_TRANSCRIPTION_ARN": "arn:aws:lambda:eu-west-1:971422687659:function:one-journey-genai-processTranscription",
                  "REGION": "eu-west-1",
                  "SQS_BATCH_QUEUE_URL": "https://sqs.eu-west-1.amazonaws.com/971422687659/one-journey-batch-queue-genai",
                  "STAGE": "genai",
                  "STORAGE_PROCESS_LAMBDA_ARN": "arn:aws:lambda:eu-west-1:971422687659:function:one-journey-genai-manageFileStorage",
                  "STT_WEBHOOK_ARN": "arn:aws:lambda:eu-west-1:971422687659:function:one-journey-genai-sttWebhook",
                  "TRANSCRIPTIONS_BUCKET": "one-journey-transcriptions-genai",
                  "USER_POOL_CLIENT_ID": "2tonlc0fcbruoestl0c4fuj8ts",
                  "USER_POOL_ID": "eu-west-1_M21ToRrBa",
                  "VERSION": "v1",
                  "WEBSOCKET_API_ENDPOINT": "wss://mu5nzg1mp2.execute-api.eu-west-1.amazonaws.com/genai/"
                }
              }
            ],
            "ephemeral_storage": [
              {
                "size": 512
              }
            ],
            "file_system_config": [],
            "filename": null,
            "function_name": "one-journey-genai-authorizer",
            "handler": "src/cognito/authorizer.handler",
            "id": "one-journey-genai-authorizer",
            "image_config": [],
            "image_uri": "",
            "invoke_arn": "arn:aws:apigateway:eu-west-1:lambda:path/2015-03-31/functions/arn:aws:lambda:eu-west-1:971422687659:function:one-journey-genai-authorizer/invocations",
            "kms_key_arn": "",
            "last_modified": "2025-09-29T14:28:33.000+0000",
            "layers": [],
            "logging_config": [
              {
                "application_log_level": "",
                "log_format": "Text",
                "log_group": "/aws/lambda/one-journey-genai-authorizer",
                "system_log_level": ""
              }
            ],
            "memory_size": 1536,
            "package_type": "Zip",
            "publish": null,
            "qualified_arn": "arn:aws:lambda:eu-west-1:971422687659:function:one-journey-genai-authorizer:30",
            "qualified_invoke_arn": "arn:aws:apigateway:eu-west-1:lambda:path/2015-03-31/functions/arn:aws:lambda:eu-west-1:971422687659:function:one-journey-genai-authorizer:30/invocations",
            "replace_security_groups_on_destroy": null,
            "replacement_security_group_ids": null,
            "reserved_concurrent_executions": -1,
            "role": "arn:aws:iam::971422687659:role/one-journey-genai-authorizer-eu-west-1-lambdaRole",
            "runtime": "nodejs20.x",
            "s3_bucket": null,
            "s3_key": null,
            "s3_object_version": null,
            "signing_job_arn": "",
            "signing_profile_version_arn": "",
            "skip_destroy": false,
            "snap_start": [],
            "source_code_hash": "",
            "source_code_size": 17211614,
            "tags": {
              "STAGE": "genai"
            },
            "tags_all": {
              "STAGE": "genai"
            },
            "timeout": 6,
            "timeouts": null,
            "tracing_config": [
              {
                "mode": "PassThrough"
              }
            ],
            "version": "30",
            "vpc_config": []
          },
          "sensitive_attributes": [],
          "identity_schema_version": 0,
          "private": "eyJlMmJmYjczMC1lY2FhLTExZTYtOGY4OC0zNDM2M2JjN2M0YzAiOnsiY3JlYXRlIjo2MDAwMDAwMDAwMDAsImRlbGV0ZSI6NjAwMDAwMDAwMDAwLCJ1cGRhdGUiOjYwMDAwMDAwMDAwMH0sInNjaGVtYV92ZXJzaW9uIjoiMCJ9"
        },
        {
          "index_key": "azure_communication_webhook",
          "schema_version": 0,
          "attributes": {
            "architectures": [
              "x86_64"
            ],
            "arn": "arn:aws:lambda:eu-west-1:971422687659:function:one-journey-genai-azureCommunicationWebhook",
            "code_sha256": "/5G40Qct2QlMDXpfGOYXanxMDsTKkHkTHcafhJQHDQ0=",
            "code_signing_config_arn": "",
            "dead_letter_config": [],
            "description": "",
            "environment": [
              {
                "variables": {
                  "ACCOUNT_ID": "971422687659",
                  "API_ENDPOINT": "https://d5tcv80br4.execute-api.eu-west-1.amazonaws.com/genai/",
                  "AUDIOS_BUCKET": "one-journey-audiorecord-genai",
                  "CDN_ENDPOINT": "https://d7cnvwmb0wtsp.cloudfront.net/",
                  "COGNITO_USER_POOL": "eu-west-1_M21ToRrBa",
                  "COGNITO_USER_POOL_CLIENT": "2tonlc0fcbruoestl0c4fuj8ts",
                  "CORE_GDS_EVENT_ARN": "arn:aws:lambda:eu-west-1:971422687659:function:one-journey-genai-coreGDSEvent",
                  "CORE_S3_EVENT_ARN": "arn:aws:lambda:eu-west-1:971422687659:function:one-journey-genai-coreS3Event",
                  "CORS_ORIGIN": "*",
                  "DEBUG_LOG": "/aws/one-journey/one-journey-DebugLogs",
                  "DOMAIN_SUFFIX": "one-journey",
                  "DYNAMODB_TABLE_CHANNEL_MESSAGES": "one-journey-channel-messages",
                  "DYNAMODB_TABLE_COMMON_OBJECTS": "one-journey-common-objects",
                  "DYNAMODB_TABLE_COST": "one-journey-cost",
                  "DYNAMODB_TABLE_COUNTERS_STORAGE_CHANNEL": "one-journey-counters-storage-channel",
                  "DYNAMODB_TABLE_EXECUTIONS": "one-journey-executions",
                  "DYNAMODB_TABLE_EXECUTIONS_V5": "one-journey-executions-v5",
                  "DYNAMODB_TABLE_EXECUTIONS_V5_DETAIL": "one-journey-executions-v5-detail",
                  "DYNAMODB_TABLE_EXECUTIONS_V5_GSI_CREATED_AT": "one-journey-executions-v5-gsi-createdAt",
                  "DYNAMODB_TABLE_EXECUTIONS_V5_GSI_UPDATED_AT": "one-journey-executions-v5-gsi-updatedAt",
                  "DYNAMODB_TABLE_MUTEX_LOCK": "one-journey-mutex-lock",
                  "DYNAMODB_TABLE_SESSIONS": "one-journey-sessions",
                  "DYNAMODB_TABLE_STT_OPERATIONS": "one-journey-sttOperations",
                  "DYNAMODB_TABLE_SUSCRIPTIONS": "one-journey-suscriptions",
                  "DYNAMODB_TABLE_WEBSOCKETS_MANAGER": "one-journey-websockets-manager",
                  "DYNAMODB_TABLE_WORKFLOWS_BACKUP": "one-journey-workflows-backup",
                  "DYNAMODB_TABLE_WORKFLOW_CONTEXT": "one-journey-workflow-context",
                  "ERROR_LOG": "/aws/one-journey/one-journey-ErrorLogs",
                  "EVENTBRIDGE_MESSAGE_BUS": "one-journey-messages-bus-genai",
                  "HOSTING_BUCKET": "one-journey-hosting-bucket-genai",
                  "KENDRA_S3_ROLE_ARN": "arn:aws:iam::971422687659:role/OneJourneyKendraS3Role",
                  "KEYS_URL": "https://cognito-idp.eu-west-1.amazonaws.com/eu-west-1_M21ToRrBa/.well-known/jwks.json",
                  "MAIN_CONFIGURATION_ID": "@MAIN_CONFIGURATION",
                  "MAX_CHATGPT_RETRY_REQUEST": "5",
                  "ONE_JOURNEY_DATA_BUCKET": "one-journey-data-bucket-genai",
                  "ONE_JOURNEY_FILES_BUCKET": "one-journey-files-bucket-genai",
                  "PROCESS_TRANSCRIPTION_ARN": "arn:aws:lambda:eu-west-1:971422687659:function:one-journey-genai-processTranscription",
                  "REGION": "eu-west-1",
                  "SQS_BATCH_QUEUE_URL": "https://sqs.eu-west-1.amazonaws.com/971422687659/one-journey-batch-queue-genai",
                  "STAGE": "genai",
                  "STORAGE_PROCESS_LAMBDA_ARN": "arn:aws:lambda:eu-west-1:971422687659:function:one-journey-genai-manageFileStorage",
                  "STT_WEBHOOK_ARN": "arn:aws:lambda:eu-west-1:971422687659:function:one-journey-genai-sttWebhook",
                  "TRANSCRIPTIONS_BUCKET": "one-journey-transcriptions-genai",
                  "USER_POOL_CLIENT_ID": "2tonlc0fcbruoestl0c4fuj8ts",
                  "USER_POOL_ID": "eu-west-1_M21ToRrBa",
                  "VERSION": "v1",
                  "WEBSOCKET_API_ENDPOINT": "wss://mu5nzg1mp2.execute-api.eu-west-1.amazonaws.com/genai/"
                }
              }
            ],
            "ephemeral_storage": [
              {
                "size": 512
              }
            ],
            "file_system_config": [],
            "filename": null,
            "function_name": "one-journey-genai-azureCommunicationWebhook",
            "handler": "src/api/v1/channel/azure-communication/webhook.handler",
            "id": "one-journey-genai-azureCommunicationWebhook",
            "image_config": [],
            "image_uri": "",
            "invoke_arn": "arn:aws:apigateway:eu-west-1:lambda:path/2015-03-31/functions/arn:aws:lambda:eu-west-1:971422687659:function:one-journey-genai-azureCommunicationWebhook/invocations",
            "kms_key_arn": "",
            "last_modified": "2025-09-29T14:28:35.000+0000",
            "layers": [
              "arn:aws:lambda:eu-west-1:971422687659:layer:genAILibs:16"
            ],
            "logging_config": [
              {
                "application_log_level": "",
                "log_format": "Text",
                "log_group": "/aws/lambda/one-journey-genai-azureCommunicationWebhook",
                "system_log_level": ""
              }
            ],
            "memory_size": 1536,
            "package_type": "Zip",
            "publish": null,
            "qualified_arn": "arn:aws:lambda:eu-west-1:971422687659:function:one-journey-genai-azureCommunicationWebhook:28",
            "qualified_invoke_arn": "arn:aws:apigateway:eu-west-1:lambda:path/2015-03-31/functions/arn:aws:lambda:eu-west-1:971422687659:function:one-journey-genai-azureCommunicationWebhook:28/invocations",
            "replace_security_groups_on_destroy": null,
            "replacement_security_group_ids": null,
            "reserved_concurrent_executions": -1,
            "role": "arn:aws:iam::971422687659:role/one-journey-genai-azureCommunicationWebhook-eu-west-1-lambdaRole",
            "runtime": "nodejs20.x",
            "s3_bucket": null,
            "s3_key": null,
            "s3_object_version": null,
            "signing_job_arn": "",
            "signing_profile_version_arn": "",
            "skip_destroy": false,
            "snap_start": [],
            "source_code_hash": "",
            "source_code_size": 17217459,
            "tags": {
              "STAGE": "genai"
            },
            "tags_all": {
              "STAGE": "genai"
            },
            "timeout": 6,
            "timeouts": null,
            "tracing_config": [
              {
                "mode": "PassThrough"
              }
            ],
            "version": "28",
            "vpc_config": []
          },
          "sensitive_attributes": [],
          "identity_schema_version": 0,
          "private": "eyJlMmJmYjczMC1lY2FhLTExZTYtOGY4OC0zNDM2M2JjN2M0YzAiOnsiY3JlYXRlIjo2MDAwMDAwMDAwMDAsImRlbGV0ZSI6NjAwMDAwMDAwMDAwLCJ1cGRhdGUiOjYwMDAwMDAwMDAwMH0sInNjaGVtYV92ZXJzaW9uIjoiMCJ9"
        },
        {
          "index_key": "broadcast_handler",
          "schema_version": 0,
          "attributes": {
            "architectures": [
              "arm64"
            ],
            "arn": "arn:aws:lambda:eu-west-1:971422687659:function:one-journey-genai-broadcastHandler",
            "code_sha256": "Qq3yTTPfKQC7qOHiGAtzdM8zzsK8GXZ0Gi/pdIsMcl4=",
            "code_signing_config_arn": "",
            "dead_letter_config": [],
            "description": "",
            "environment": [
              {
                "variables": {
                  "ACCOUNT_ID": "971422687659",
                  "API_ENDPOINT": "https://d5tcv80br4.execute-api.eu-west-1.amazonaws.com/genai/",
                  "AUDIOS_BUCKET": "one-journey-audiorecord-genai",
                  "CDN_ENDPOINT": "https://d7cnvwmb0wtsp.cloudfront.net/",
                  "COGNITO_USER_POOL": "eu-west-1_M21ToRrBa",
                  "COGNITO_USER_POOL_CLIENT": "2tonlc0fcbruoestl0c4fuj8ts",
                  "CORE_GDS_EVENT_ARN": "arn:aws:lambda:eu-west-1:971422687659:function:one-journey-genai-coreGDSEvent",
                  "CORE_S3_EVENT_ARN": "arn:aws:lambda:eu-west-1:971422687659:function:one-journey-genai-coreS3Event",
                  "CORS_ORIGIN": "*",
                  "DEBUG_LOG": "/aws/one-journey/one-journey-DebugLogs",
                  "DOMAIN_SUFFIX": "one-journey",
                  "DYNAMODB_TABLE_CHANNEL_MESSAGES": "one-journey-channel-messages",
                  "DYNAMODB_TABLE_COMMON_OBJECTS": "one-journey-common-objects",
                  "DYNAMODB_TABLE_COST": "one-journey-cost",
                  "DYNAMODB_TABLE_COUNTERS_STORAGE_CHANNEL": "one-journey-counters-storage-channel",
                  "DYNAMODB_TABLE_EXECUTIONS": "one-journey-executions",
                  "DYNAMODB_TABLE_EXECUTIONS_V5": "one-journey-executions-v5",
                  "DYNAMODB_TABLE_EXECUTIONS_V5_DETAIL": "one-journey-executions-v5-detail",
                  "DYNAMODB_TABLE_EXECUTIONS_V5_GSI_CREATED_AT": "one-journey-executions-v5-gsi-createdAt",
                  "DYNAMODB_TABLE_EXECUTIONS_V5_GSI_UPDATED_AT": "one-journey-executions-v5-gsi-updatedAt",
                  "DYNAMODB_TABLE_MUTEX_LOCK": "one-journey-mutex-lock",
                  "DYNAMODB_TABLE_SESSIONS": "one-journey-sessions",
                  "DYNAMODB_TABLE_STT_OPERATIONS": "one-journey-sttOperations",
                  "DYNAMODB_TABLE_SUSCRIPTIONS": "one-journey-suscriptions",
                  "DYNAMODB_TABLE_WEBSOCKETS_MANAGER": "one-journey-websockets-manager",
                  "DYNAMODB_TABLE_WORKFLOWS_BACKUP": "one-journey-workflows-backup",
                  "DYNAMODB_TABLE_WORKFLOW_CONTEXT": "one-journey-workflow-context",
                  "ERROR_LOG": "/aws/one-journey/one-journey-ErrorLogs",
                  "EVENTBRIDGE_MESSAGE_BUS": "one-journey-messages-bus-genai",
                  "HOSTING_BUCKET": "one-journey-hosting-bucket-genai",
                  "KENDRA_S3_ROLE_ARN": "arn:aws:iam::971422687659:role/OneJourneyKendraS3Role",
                  "KEYS_URL": "https://cognito-idp.eu-west-1.amazonaws.com/eu-west-1_M21ToRrBa/.well-known/jwks.json",
                  "MAIN_CONFIGURATION_ID": "@MAIN_CONFIGURATION",
                  "MAX_CHATGPT_RETRY_REQUEST": "5",
                  "ONE_JOURNEY_DATA_BUCKET": "one-journey-data-bucket-genai",
                  "ONE_JOURNEY_FILES_BUCKET": "one-journey-files-bucket-genai",
                  "PROCESS_TRANSCRIPTION_ARN": "arn:aws:lambda:eu-west-1:971422687659:function:one-journey-genai-processTranscription",
                  "REGION": "eu-west-1",
                  "SQS_BATCH_QUEUE_URL": "https://sqs.eu-west-1.amazonaws.com/971422687659/one-journey-batch-queue-genai",
                  "STAGE": "genai",
                  "STORAGE_PROCESS_LAMBDA_ARN": "arn:aws:lambda:eu-west-1:971422687659:function:one-journey-genai-manageFileStorage",
                  "STT_WEBHOOK_ARN": "arn:aws:lambda:eu-west-1:971422687659:function:one-journey-genai-sttWebhook",
                  "TRANSCRIPTIONS_BUCKET": "one-journey-transcriptions-genai",
                  "USER_POOL_CLIENT_ID": "2tonlc0fcbruoestl0c4fuj8ts",
                  "USER_POOL_ID": "eu-west-1_M21ToRrBa",
                  "VERSION": "v1",
                  "WEBSOCKET_API_ENDPOINT": "wss://mu5nzg1mp2.execute-api.eu-west-1.amazonaws.com/genai/"
                }
              }
            ],
            "ephemeral_storage": [
              {
                "size": 512
              }
            ],
            "file_system_config": [],
            "filename": null,
            "function_name": "one-journey-genai-broadcastHandler",
            "handler": "src/api/v1/websocket.broadcastHandler",
            "id": "one-journey-genai-broadcastHandler",
            "image_config": [],
            "image_uri": "",
            "invoke_arn": "arn:aws:apigateway:eu-west-1:lambda:path/2015-03-31/functions/arn:aws:lambda:eu-west-1:971422687659:function:one-journey-genai-broadcastHandler/invocations",
            "kms_key_arn": "",
            "last_modified": "2025-09-29T14:28:32.000+0000",
            "layers": [],
            "logging_config": [
              {
                "application_log_level": "",
                "log_format": "Text",
                "log_group": "/aws/lambda/one-journey-genai-broadcastHandler",
                "system_log_level": ""
              }
            ],
            "memory_size": 1536,
            "package_type": "Zip",
            "publish": null,
            "qualified_arn": "arn:aws:lambda:eu-west-1:971422687659:function:one-journey-genai-broadcastHandler:30",
            "qualified_invoke_arn": "arn:aws:apigateway:eu-west-1:lambda:path/2015-03-31/functions/arn:aws:lambda:eu-west-1:971422687659:function:one-journey-genai-broadcastHandler:30/invocations",
            "replace_security_groups_on_destroy": null,
            "replacement_security_group_ids": null,
            "reserved_concurrent_executions": -1,
            "role": "arn:aws:iam::971422687659:role/one-journey-genai-broadcastHandler-eu-west-1-lambdaRole",
            "runtime": "nodejs20.x",
            "s3_bucket": null,
            "s3_key": null,
            "s3_object_version": null,
            "signing_job_arn": "",
            "signing_profile_version_arn": "",
            "skip_destroy": false,
            "snap_start": [],
            "source_code_hash": "",
            "source_code_size": 15828214,
            "tags": {
              "STAGE": "genai"
            },
            "tags_all": {
              "STAGE": "genai"
            },
            "timeout": 6,
            "timeouts": null,
            "tracing_config": [
              {
                "mode": "PassThrough"
              }
            ],
            "version": "30",
            "vpc_config": []
          },
          "sensitive_attributes": [],
          "identity_schema_version": 0,
          "private": "eyJlMmJmYjczMC1lY2FhLTExZTYtOGY4OC0zNDM2M2JjN2M0YzAiOnsiY3JlYXRlIjo2MDAwMDAwMDAwMDAsImRlbGV0ZSI6NjAwMDAwMDAwMDAwLCJ1cGRhdGUiOjYwMDAwMDAwMDAwMH0sInNjaGVtYV92ZXJzaW9uIjoiMCJ9"
        },
        {
          "index_key": "call_workflow_async",
          "schema_version": 0,
          "attributes": {
            "architectures": [
              "arm64"
            ],
            "arn": "arn:aws:lambda:eu-west-1:971422687659:function:one-journey-nodes-core-genai-callWorkflowAsyncNode",
            "code_sha256": "/sSjFRPTHrp4jZ+hMNuHf1LB7Blh+eipp7vcujbe0v0=",
            "code_signing_config_arn": "",
            "dead_letter_config": [],
            "description": "",
            "environment": [
              {
                "variables": {
                  "ACCOUNT_ID": "971422687659",
                  "API_ENDPOINT": "https://d5tcv80br4.execute-api.eu-west-1.amazonaws.com/genai/",
                  "CDN_ENDPOINT": "https://d7cnvwmb0wtsp.cloudfront.net/",
                  "CORS_ORIGIN": "*",
                  "DEBUG_LOG": "/aws/one-journey/one-journey-nodes-core-DebugLogs",
                  "DOMAIN_SUFFIX": "one-journey",
                  "DYNAMODB_TABLE_CHANNEL_MESSAGES": "one-journey-channel-messages",
                  "DYNAMODB_TABLE_COMMON_OBJECTS": "one-journey-common-objects",
                  "DYNAMODB_TABLE_COST": "one-journey-cost",
                  "DYNAMODB_TABLE_COUNTERS_STORAGE_CHANNEL": "one-journey-counters-storage-channel",
                  "DYNAMODB_TABLE_EXECUTIONS_V5": "one-journey-executions-v5",
                  "DYNAMODB_TABLE_EXECUTIONS_V5_DETAIL": "one-journey-executions-v5-detail",
                  "DYNAMODB_TABLE_EXECUTIONS_V5_GSI_CREATED_AT": "one-journey-executions-v5-gsi-createdAt",
                  "DYNAMODB_TABLE_EXECUTIONS_V5_GSI_UPDATED_AT": "one-journey-executions-v5-gsi-updatedAt",
                  "DYNAMODB_TABLE_MUTEX_LOCK": "one-journey-mutex-lock",
                  "DYNAMODB_TABLE_SESSIONS": "one-journey-sessions",
                  "DYNAMODB_TABLE_STT_OPERATIONS": "one-journey-sttOperations",
                  "DYNAMODB_TABLE_WEBSOCKETS_MANAGER": "one-journey-websockets-manager",
                  "DYNAMODB_TABLE_WORKFLOWS_BACKUP": "one-journey-workflows-backup",
                  "DYNAMODB_TABLE_WORKFLOW_CONTEXT": "one-journey-workflow-context",
                  "ERROR_LOG": "/aws/one-journey/one-journey-nodes-core-ErrorLogs",
                  "EVENTBRIDGE_MESSAGE_BUS": "one-journey-messages-bus-genai",
                  "HOSTING_BUCKET": "one-journey-hosting-bucket-genai",
                  "MAIN_CONFIGURATION_ID": "@MAIN_CONFIGURATION",
                  "MAX_CHATGPT_RETRY_REQUEST": "5",
                  "ONE_JOURNEY_DATA_BUCKET": "one-journey-data-bucket-genai",
                  "ONE_JOURNEY_FILES_BUCKET": "one-journey-files-bucket-genai",
                  "REGION": "eu-west-1",
                  "STAGE": "genai",
                  "TRANSCRIPTIONS_BUCKET": "one-journey-transcriptions-genai",
                  "USER_POOL_ID": "eu-west-1_M21ToRrBa",
                  "VERSION": "v1",
                  "WEBSOCKET_API_ENDPOINT": "wss://mu5nzg1mp2.execute-api.eu-west-1.amazonaws.com/genai/"
                }
              }
            ],
            "ephemeral_storage": [
              {
                "size": 512
              }
            ],
            "file_system_config": [],
            "filename": null,
            "function_name": "one-journey-nodes-core-genai-callWorkflowAsyncNode",
            "handler": "./src/api/v1/node/callWorkflowAsync/event.handler",
            "id": "one-journey-nodes-core-genai-callWorkflowAsyncNode",
            "image_config": [],
            "image_uri": "",
            "invoke_arn": "arn:aws:apigateway:eu-west-1:lambda:path/2015-03-31/functions/arn:aws:lambda:eu-west-1:971422687659:function:one-journey-nodes-core-genai-callWorkflowAsyncNode/invocations",
            "kms_key_arn": "",
            "last_modified": "2025-08-14T09:44:44.000+0000",
            "layers": [],
            "logging_config": [
              {
                "application_log_level": "",
                "log_format": "Text",
                "log_group": "/aws/lambda/one-journey-nodes-core-genai-callWorkflowAsyncNode",
                "system_log_level": ""
              }
            ],
            "memory_size": 1536,
            "package_type": "Zip",
            "publish": null,
            "qualified_arn": "arn:aws:lambda:eu-west-1:971422687659:function:one-journey-nodes-core-genai-callWorkflowAsyncNode:4",
            "qualified_invoke_arn": "arn:aws:apigateway:eu-west-1:lambda:path/2015-03-31/functions/arn:aws:lambda:eu-west-1:971422687659:function:one-journey-nodes-core-genai-callWorkflowAsyncNode:4/invocations",
            "replace_security_groups_on_destroy": null,
            "replacement_security_group_ids": null,
            "reserved_concurrent_executions": -1,
            "role": "arn:aws:iam::971422687659:role/OjcallWorkflowAsyncNodeRole",
            "runtime": "nodejs20.x",
            "s3_bucket": null,
            "s3_key": null,
            "s3_object_version": null,
            "signing_job_arn": "",
            "signing_profile_version_arn": "",
            "skip_destroy": false,
            "snap_start": [],
            "source_code_hash": "",
            "source_code_size": 18579501,
            "tags": {
              "STAGE": "genai"
            },
            "tags_all": {
              "STAGE": "genai"
            },
            "timeout": 6,
            "timeouts": null,
            "tracing_config": [
              {
                "mode": "PassThrough"
              }
            ],
            "version": "4",
            "vpc_config": []
          },
          "sensitive_attributes": [],
          "identity_schema_version": 0,
          "private": "eyJlMmJmYjczMC1lY2FhLTExZTYtOGY4OC0zNDM2M2JjN2M0YzAiOnsiY3JlYXRlIjo2MDAwMDAwMDAwMDAsImRlbGV0ZSI6NjAwMDAwMDAwMDAwLCJ1cGRhdGUiOjYwMDAwMDAwMDAwMH0sInNjaGVtYV92ZXJzaW9uIjoiMCJ9"
        },
        {
          "index_key": "call_workflow_node",
          "schema_version": 0,
          "attributes": {
            "architectures": [
              "arm64"
            ],
            "arn": "arn:aws:lambda:eu-west-1:971422687659:function:one-journey-genai-callWorkflowNode",
            "code_sha256": "Yy6yc8zb21wDWbUpsqo38eQsEUtRJhNqr/8/QRN43As=",
            "code_signing_config_arn": "",
            "dead_letter_config": [],
            "description": "",
            "environment": [
              {
                "variables": {
                  "ACCOUNT_ID": "971422687659",
                  "API_ENDPOINT": "https://d5tcv80br4.execute-api.eu-west-1.amazonaws.com/genai/",
                  "AUDIOS_BUCKET": "one-journey-audiorecord-genai",
                  "CDN_ENDPOINT": "https://d7cnvwmb0wtsp.cloudfront.net/",
                  "COGNITO_USER_POOL": "eu-west-1_M21ToRrBa",
                  "COGNITO_USER_POOL_CLIENT": "2tonlc0fcbruoestl0c4fuj8ts",
                  "CORE_GDS_EVENT_ARN": "arn:aws:lambda:eu-west-1:971422687659:function:one-journey-genai-coreGDSEvent",
                  "CORE_S3_EVENT_ARN": "arn:aws:lambda:eu-west-1:971422687659:function:one-journey-genai-coreS3Event",
                  "CORS_ORIGIN": "*",
                  "DEBUG_LOG": "/aws/one-journey/one-journey-DebugLogs",
                  "DOMAIN_SUFFIX": "one-journey",
                  "DYNAMODB_TABLE_CHANNEL_MESSAGES": "one-journey-channel-messages",
                  "DYNAMODB_TABLE_COMMON_OBJECTS": "one-journey-common-objects",
                  "DYNAMODB_TABLE_COST": "one-journey-cost",
                  "DYNAMODB_TABLE_COUNTERS_STORAGE_CHANNEL": "one-journey-counters-storage-channel",
                  "DYNAMODB_TABLE_EXECUTIONS": "one-journey-executions",
                  "DYNAMODB_TABLE_EXECUTIONS_V5": "one-journey-executions-v5",
                  "DYNAMODB_TABLE_EXECUTIONS_V5_DETAIL": "one-journey-executions-v5-detail",
                  "DYNAMODB_TABLE_EXECUTIONS_V5_GSI_CREATED_AT": "one-journey-executions-v5-gsi-createdAt",
                  "DYNAMODB_TABLE_EXECUTIONS_V5_GSI_UPDATED_AT": "one-journey-executions-v5-gsi-updatedAt",
                  "DYNAMODB_TABLE_MUTEX_LOCK": "one-journey-mutex-lock",
                  "DYNAMODB_TABLE_SESSIONS": "one-journey-sessions",
                  "DYNAMODB_TABLE_STT_OPERATIONS": "one-journey-sttOperations",
                  "DYNAMODB_TABLE_SUSCRIPTIONS": "one-journey-suscriptions",
                  "DYNAMODB_TABLE_WEBSOCKETS_MANAGER": "one-journey-websockets-manager",
                  "DYNAMODB_TABLE_WORKFLOWS_BACKUP": "one-journey-workflows-backup",
                  "DYNAMODB_TABLE_WORKFLOW_CONTEXT": "one-journey-workflow-context",
                  "ERROR_LOG": "/aws/one-journey/one-journey-ErrorLogs",
                  "EVENTBRIDGE_MESSAGE_BUS": "one-journey-messages-bus-genai",
                  "HOSTING_BUCKET": "one-journey-hosting-bucket-genai",
                  "KENDRA_S3_ROLE_ARN": "arn:aws:iam::971422687659:role/OneJourneyKendraS3Role",
                  "KEYS_URL": "https://cognito-idp.eu-west-1.amazonaws.com/eu-west-1_M21ToRrBa/.well-known/jwks.json",
                  "MAIN_CONFIGURATION_ID": "@MAIN_CONFIGURATION",
                  "MAX_CHATGPT_RETRY_REQUEST": "5",
                  "ONE_JOURNEY_DATA_BUCKET": "one-journey-data-bucket-genai",
                  "ONE_JOURNEY_FILES_BUCKET": "one-journey-files-bucket-genai",
                  "PROCESS_TRANSCRIPTION_ARN": "arn:aws:lambda:eu-west-1:971422687659:function:one-journey-genai-processTranscription",
                  "REGION": "eu-west-1",
                  "SQS_BATCH_QUEUE_URL": "https://sqs.eu-west-1.amazonaws.com/971422687659/one-journey-batch-queue-genai",
                  "STAGE": "genai",
                  "STORAGE_PROCESS_LAMBDA_ARN": "arn:aws:lambda:eu-west-1:971422687659:function:one-journey-genai-manageFileStorage",
                  "STT_WEBHOOK_ARN": "arn:aws:lambda:eu-west-1:971422687659:function:one-journey-genai-sttWebhook",
                  "TRANSCRIPTIONS_BUCKET": "one-journey-transcriptions-genai",
                  "USER_POOL_CLIENT_ID": "2tonlc0fcbruoestl0c4fuj8ts",
                  "USER_POOL_ID": "eu-west-1_M21ToRrBa",
                  "VERSION": "v1",
                  "WEBSOCKET_API_ENDPOINT": "wss://mu5nzg1mp2.execute-api.eu-west-1.amazonaws.com/genai/"
                }
              }
            ],
            "ephemeral_storage": [
              {
                "size": 512
              }
            ],
            "file_system_config": [],
            "filename": null,
            "function_name": "one-journey-genai-callWorkflowNode",
            "handler": "./src/api/v1/node/callWorkflow/event.handler",
            "id": "one-journey-genai-callWorkflowNode",
            "image_config": [],
            "image_uri": "",
            "invoke_arn": "arn:aws:apigateway:eu-west-1:lambda:path/2015-03-31/functions/arn:aws:lambda:eu-west-1:971422687659:function:one-journey-genai-callWorkflowNode/invocations",
            "kms_key_arn": "",
            "last_modified": "2025-09-29T14:28:40.000+0000",
            "layers": [],
            "logging_config": [
              {
                "application_log_level": "",
                "log_format": "Text",
                "log_group": "/aws/lambda/one-journey-genai-callWorkflowNode",
                "system_log_level": ""
              }
            ],
            "memory_size": 1536,
            "package_type": "Zip",
            "publish": null,
            "qualified_arn": "arn:aws:lambda:eu-west-1:971422687659:function:one-journey-genai-callWorkflowNode:30",
            "qualified_invoke_arn": "arn:aws:apigateway:eu-west-1:lambda:path/2015-03-31/functions/arn:aws:lambda:eu-west-1:971422687659:function:one-journey-genai-callWorkflowNode:30/invocations",
            "replace_security_groups_on_destroy": null,
            "replacement_security_group_ids": null,
            "reserved_concurrent_executions": -1,
            "role": "arn:aws:iam::971422687659:role/one-journey-genai-callWorkflowNode-eu-west-1-lambdaRole",
            "runtime": "nodejs20.x",
            "s3_bucket": null,
            "s3_key": null,
            "s3_object_version": null,
            "signing_job_arn": "",
            "signing_profile_version_arn": "",
            "skip_destroy": false,
            "snap_start": [],
            "source_code_hash": "",
            "source_code_size": 15697219,
            "tags": {
              "STAGE": "genai"
            },
            "tags_all": {
              "STAGE": "genai"
            },
            "timeout": 6,
            "timeouts": null,
            "tracing_config": [
              {
                "mode": "PassThrough"
              }
            ],
            "version": "30",
            "vpc_config": []
          },
          "sensitive_attributes": [],
          "identity_schema_version": 0,
          "private": "eyJlMmJmYjczMC1lY2FhLTExZTYtOGY4OC0zNDM2M2JjN2M0YzAiOnsiY3JlYXRlIjo2MDAwMDAwMDAwMDAsImRlbGV0ZSI6NjAwMDAwMDAwMDAwLCJ1cGRhdGUiOjYwMDAwMDAwMDAwMH0sInNjaGVtYV92ZXJzaW9uIjoiMCJ9"
        },
        {
          "index_key": "change_state",
          "schema_version": 0,
          "attributes": {
            "architectures": [
              "arm64"
            ],
            "arn": "arn:aws:lambda:eu-west-1:971422687659:function:one-journey-genai-changeState",
            "code_sha256": "N8T8+MnJljAVqgwJOa4QlPAfjpjLHLOubT6j4z45Z7M=",
            "code_signing_config_arn": "",
            "dead_letter_config": [],
            "description": "",
            "environment": [
              {
                "variables": {
                  "ACCOUNT_ID": "971422687659",
                  "API_ENDPOINT": "https://d5tcv80br4.execute-api.eu-west-1.amazonaws.com/genai/",
                  "AUDIOS_BUCKET": "one-journey-audiorecord-genai",
                  "CDN_ENDPOINT": "https://d7cnvwmb0wtsp.cloudfront.net/",
                  "COGNITO_USER_POOL": "eu-west-1_M21ToRrBa",
                  "COGNITO_USER_POOL_CLIENT": "2tonlc0fcbruoestl0c4fuj8ts",
                  "CORE_GDS_EVENT_ARN": "arn:aws:lambda:eu-west-1:971422687659:function:one-journey-genai-coreGDSEvent",
                  "CORE_S3_EVENT_ARN": "arn:aws:lambda:eu-west-1:971422687659:function:one-journey-genai-coreS3Event",
                  "CORS_ORIGIN": "*",
                  "DEBUG_LOG": "/aws/one-journey/one-journey-DebugLogs",
                  "DOMAIN_SUFFIX": "one-journey",
                  "DYNAMODB_TABLE_CHANNEL_MESSAGES": "one-journey-channel-messages",
                  "DYNAMODB_TABLE_COMMON_OBJECTS": "one-journey-common-objects",
                  "DYNAMODB_TABLE_COST": "one-journey-cost",
                  "DYNAMODB_TABLE_COUNTERS_STORAGE_CHANNEL": "one-journey-counters-storage-channel",
                  "DYNAMODB_TABLE_EXECUTIONS": "one-journey-executions",
                  "DYNAMODB_TABLE_EXECUTIONS_V5": "one-journey-executions-v5",
                  "DYNAMODB_TABLE_EXECUTIONS_V5_DETAIL": "one-journey-executions-v5-detail",
                  "DYNAMODB_TABLE_EXECUTIONS_V5_GSI_CREATED_AT": "one-journey-executions-v5-gsi-createdAt",
                  "DYNAMODB_TABLE_EXECUTIONS_V5_GSI_UPDATED_AT": "one-journey-executions-v5-gsi-updatedAt",
                  "DYNAMODB_TABLE_MUTEX_LOCK": "one-journey-mutex-lock",
                  "DYNAMODB_TABLE_SESSIONS": "one-journey-sessions",
                  "DYNAMODB_TABLE_STT_OPERATIONS": "one-journey-sttOperations",
                  "DYNAMODB_TABLE_SUSCRIPTIONS": "one-journey-suscriptions",
                  "DYNAMODB_TABLE_WEBSOCKETS_MANAGER": "one-journey-websockets-manager",
                  "DYNAMODB_TABLE_WORKFLOWS_BACKUP": "one-journey-workflows-backup",
                  "DYNAMODB_TABLE_WORKFLOW_CONTEXT": "one-journey-workflow-context",
                  "ERROR_LOG": "/aws/one-journey/one-journey-ErrorLogs",
                  "EVENTBRIDGE_MESSAGE_BUS": "one-journey-messages-bus-genai",
                  "HOSTING_BUCKET": "one-journey-hosting-bucket-genai",
                  "KENDRA_S3_ROLE_ARN": "arn:aws:iam::971422687659:role/OneJourneyKendraS3Role",
                  "KEYS_URL": "https://cognito-idp.eu-west-1.amazonaws.com/eu-west-1_M21ToRrBa/.well-known/jwks.json",
                  "MAIN_CONFIGURATION_ID": "@MAIN_CONFIGURATION",
                  "MAX_CHATGPT_RETRY_REQUEST": "5",
                  "ONE_JOURNEY_DATA_BUCKET": "one-journey-data-bucket-genai",
                  "ONE_JOURNEY_FILES_BUCKET": "one-journey-files-bucket-genai",
                  "PROCESS_TRANSCRIPTION_ARN": "arn:aws:lambda:eu-west-1:971422687659:function:one-journey-genai-processTranscription",
                  "REGION": "eu-west-1",
                  "SQS_BATCH_QUEUE_URL": "https://sqs.eu-west-1.amazonaws.com/971422687659/one-journey-batch-queue-genai",
                  "STAGE": "genai",
                  "STORAGE_PROCESS_LAMBDA_ARN": "arn:aws:lambda:eu-west-1:971422687659:function:one-journey-genai-manageFileStorage",
                  "STT_WEBHOOK_ARN": "arn:aws:lambda:eu-west-1:971422687659:function:one-journey-genai-sttWebhook",
                  "TRANSCRIPTIONS_BUCKET": "one-journey-transcriptions-genai",
                  "USER_POOL_CLIENT_ID": "2tonlc0fcbruoestl0c4fuj8ts",
                  "USER_POOL_ID": "eu-west-1_M21ToRrBa",
                  "VERSION": "v1",
                  "WEBSOCKET_API_ENDPOINT": "wss://mu5nzg1mp2.execute-api.eu-west-1.amazonaws.com/genai/"
                }
              }
            ],
            "ephemeral_storage": [
              {
                "size": 512
              }
            ],
            "file_system_config": [],
            "filename": null,
            "function_name": "one-journey-genai-changeState",
            "handler": "src/api/v1/endpoint/user/changeStatus.handler",
            "id": "one-journey-genai-changeState",
            "image_config": [],
            "image_uri": "",
            "invoke_arn": "arn:aws:apigateway:eu-west-1:lambda:path/2015-03-31/functions/arn:aws:lambda:eu-west-1:971422687659:function:one-journey-genai-changeState/invocations",
            "kms_key_arn": "",
            "last_modified": "2025-09-29T14:28:35.000+0000",
            "layers": [],
            "logging_config": [
              {
                "application_log_level": "",
                "log_format": "Text",
                "log_group": "/aws/lambda/one-journey-genai-changeState",
                "system_log_level": ""
              }
            ],
            "memory_size": 1536,
            "package_type": "Zip",
            "publish": null,
            "qualified_arn": "arn:aws:lambda:eu-west-1:971422687659:function:one-journey-genai-changeState:2",
            "qualified_invoke_arn": "arn:aws:apigateway:eu-west-1:lambda:path/2015-03-31/functions/arn:aws:lambda:eu-west-1:971422687659:function:one-journey-genai-changeState:2/invocations",
            "replace_security_groups_on_destroy": null,
            "replacement_security_group_ids": null,
            "reserved_concurrent_executions": -1,
            "role": "arn:aws:iam::971422687659:role/one-journey-genai-changeState-eu-west-1-lambdaRole",
            "runtime": "nodejs20.x",
            "s3_bucket": null,
            "s3_key": null,
            "s3_object_version": null,
            "signing_job_arn": "",
            "signing_profile_version_arn": "",
            "skip_destroy": false,
            "snap_start": [],
            "source_code_hash": "",
            "source_code_size": 15697372,
            "tags": {
              "STAGE": "genai"
            },
            "tags_all": {
              "STAGE": "genai"
            },
            "timeout": 6,
            "timeouts": null,
            "tracing_config": [
              {
                "mode": "PassThrough"
              }
            ],
            "version": "2",
            "vpc_config": []
          },
          "sensitive_attributes": [],
          "identity_schema_version": 0,
          "private": "eyJlMmJmYjczMC1lY2FhLTExZTYtOGY4OC0zNDM2M2JjN2M0YzAiOnsiY3JlYXRlIjo2MDAwMDAwMDAwMDAsImRlbGV0ZSI6NjAwMDAwMDAwMDAwLCJ1cGRhdGUiOjYwMDAwMDAwMDAwMH0sInNjaGVtYV92ZXJzaW9uIjoiMCJ9"
        },
        {
          "index_key": "channel_hub_webhook",
          "schema_version": 0,
          "attributes": {
            "architectures": [
              "x86_64"
            ],
            "arn": "arn:aws:lambda:eu-west-1:971422687659:function:one-journey-genai-channelHubWebhook",
            "code_sha256": "LLBLlS/ghqtlM0KGMoIQeNLgzxHo6h9px+/6cBVe91Y=",
            "code_signing_config_arn": "",
            "dead_letter_config": [],
            "description": "",
            "environment": [
              {
                "variables": {
                  "ACCOUNT_ID": "971422687659",
                  "API_ENDPOINT": "https://d5tcv80br4.execute-api.eu-west-1.amazonaws.com/genai/",
                  "AUDIOS_BUCKET": "one-journey-audiorecord-genai",
                  "CDN_ENDPOINT": "https://d7cnvwmb0wtsp.cloudfront.net/",
                  "COGNITO_USER_POOL": "eu-west-1_M21ToRrBa",
                  "COGNITO_USER_POOL_CLIENT": "2tonlc0fcbruoestl0c4fuj8ts",
                  "CORE_GDS_EVENT_ARN": "arn:aws:lambda:eu-west-1:971422687659:function:one-journey-genai-coreGDSEvent",
                  "CORE_S3_EVENT_ARN": "arn:aws:lambda:eu-west-1:971422687659:function:one-journey-genai-coreS3Event",
                  "CORS_ORIGIN": "*",
                  "DEBUG_LOG": "/aws/one-journey/one-journey-DebugLogs",
                  "DOMAIN_SUFFIX": "one-journey",
                  "DYNAMODB_TABLE_CHANNEL_MESSAGES": "one-journey-channel-messages",
                  "DYNAMODB_TABLE_COMMON_OBJECTS": "one-journey-common-objects",
                  "DYNAMODB_TABLE_COST": "one-journey-cost",
                  "DYNAMODB_TABLE_COUNTERS_STORAGE_CHANNEL": "one-journey-counters-storage-channel",
                  "DYNAMODB_TABLE_EXECUTIONS": "one-journey-executions",
                  "DYNAMODB_TABLE_EXECUTIONS_V5": "one-journey-executions-v5",
                  "DYNAMODB_TABLE_EXECUTIONS_V5_DETAIL": "one-journey-executions-v5-detail",
                  "DYNAMODB_TABLE_EXECUTIONS_V5_GSI_CREATED_AT": "one-journey-executions-v5-gsi-createdAt",
                  "DYNAMODB_TABLE_EXECUTIONS_V5_GSI_UPDATED_AT": "one-journey-executions-v5-gsi-updatedAt",
                  "DYNAMODB_TABLE_MUTEX_LOCK": "one-journey-mutex-lock",
                  "DYNAMODB_TABLE_SESSIONS": "one-journey-sessions",
                  "DYNAMODB_TABLE_STT_OPERATIONS": "one-journey-sttOperations",
                  "DYNAMODB_TABLE_SUSCRIPTIONS": "one-journey-suscriptions",
                  "DYNAMODB_TABLE_WEBSOCKETS_MANAGER": "one-journey-websockets-manager",
                  "DYNAMODB_TABLE_WORKFLOWS_BACKUP": "one-journey-workflows-backup",
                  "DYNAMODB_TABLE_WORKFLOW_CONTEXT": "one-journey-workflow-context",
                  "ERROR_LOG": "/aws/one-journey/one-journey-ErrorLogs",
                  "EVENTBRIDGE_MESSAGE_BUS": "one-journey-messages-bus-genai",
                  "HOSTING_BUCKET": "one-journey-hosting-bucket-genai",
                  "KENDRA_S3_ROLE_ARN": "arn:aws:iam::971422687659:role/OneJourneyKendraS3Role",
                  "KEYS_URL": "https://cognito-idp.eu-west-1.amazonaws.com/eu-west-1_M21ToRrBa/.well-known/jwks.json",
                  "MAIN_CONFIGURATION_ID": "@MAIN_CONFIGURATION",
                  "MAX_CHATGPT_RETRY_REQUEST": "5",
                  "ONE_JOURNEY_DATA_BUCKET": "one-journey-data-bucket-genai",
                  "ONE_JOURNEY_FILES_BUCKET": "one-journey-files-bucket-genai",
                  "PROCESS_TRANSCRIPTION_ARN": "arn:aws:lambda:eu-west-1:971422687659:function:one-journey-genai-processTranscription",
                  "REGION": "eu-west-1",
                  "SQS_BATCH_QUEUE_URL": "https://sqs.eu-west-1.amazonaws.com/971422687659/one-journey-batch-queue-genai",
                  "STAGE": "genai",
                  "STORAGE_PROCESS_LAMBDA_ARN": "arn:aws:lambda:eu-west-1:971422687659:function:one-journey-genai-manageFileStorage",
                  "STT_WEBHOOK_ARN": "arn:aws:lambda:eu-west-1:971422687659:function:one-journey-genai-sttWebhook",
                  "TRANSCRIPTIONS_BUCKET": "one-journey-transcriptions-genai",
                  "USER_POOL_CLIENT_ID": "2tonlc0fcbruoestl0c4fuj8ts",
                  "USER_POOL_ID": "eu-west-1_M21ToRrBa",
                  "VERSION": "v1",
                  "WEBSOCKET_API_ENDPOINT": "wss://mu5nzg1mp2.execute-api.eu-west-1.amazonaws.com/genai/"
                }
              }
            ],
            "ephemeral_storage": [
              {
                "size": 512
              }
            ],
            "file_system_config": [],
            "filename": null,
            "function_name": "one-journey-genai-channelHubWebhook",
            "handler": "src/api/v1/channel/channel-hub/webhook.handler",
            "id": "one-journey-genai-channelHubWebhook",
            "image_config": [],
            "image_uri": "",
            "invoke_arn": "arn:aws:apigateway:eu-west-1:lambda:path/2015-03-31/functions/arn:aws:lambda:eu-west-1:971422687659:function:one-journey-genai-channelHubWebhook/invocations",
            "kms_key_arn": "",
            "last_modified": "2025-09-29T14:28:28.000+0000",
            "layers": [
              "arn:aws:lambda:eu-west-1:971422687659:layer:ffmpegv1:4"
            ],
            "logging_config": [
              {
                "application_log_level": "",
                "log_format": "Text",
                "log_group": "/aws/lambda/one-journey-genai-channelHubWebhook",
                "system_log_level": ""
              }
            ],
            "memory_size": 1536,
            "package_type": "Zip",
            "publish": null,
            "qualified_arn": "arn:aws:lambda:eu-west-1:971422687659:function:one-journey-genai-channelHubWebhook:31",
            "qualified_invoke_arn": "arn:aws:apigateway:eu-west-1:lambda:path/2015-03-31/functions/arn:aws:lambda:eu-west-1:971422687659:function:one-journey-genai-channelHubWebhook:31/invocations",
            "replace_security_groups_on_destroy": null,
            "replacement_security_group_ids": null,
            "reserved_concurrent_executions": -1,
            "role": "arn:aws:iam::971422687659:role/one-journey-genai-channelHubWebhook-eu-west-1-lambdaRole",
            "runtime": "nodejs20.x",
            "s3_bucket": null,
            "s3_key": null,
            "s3_object_version": null,
            "signing_job_arn": "",
            "signing_profile_version_arn": "",
            "skip_destroy": false,
            "snap_start": [],
            "source_code_hash": "",
            "source_code_size": 15696672,
            "tags": {
              "STAGE": "genai"
            },
            "tags_all": {
              "STAGE": "genai"
            },
            "timeout": 6,
            "timeouts": null,
            "tracing_config": [
              {
                "mode": "PassThrough"
              }
            ],
            "version": "31",
            "vpc_config": []
          },
          "sensitive_attributes": [],
          "identity_schema_version": 0,
          "private": "eyJlMmJmYjczMC1lY2FhLTExZTYtOGY4OC0zNDM2M2JjN2M0YzAiOnsiY3JlYXRlIjo2MDAwMDAwMDAwMDAsImRlbGV0ZSI6NjAwMDAwMDAwMDAwLCJ1cGRhdGUiOjYwMDAwMDAwMDAwMH0sInNjaGVtYV92ZXJzaW9uIjoiMCJ9"
        },
        {
          "index_key": "channel_restore_node",
          "schema_version": 0,
          "attributes": {
            "architectures": [
              "arm64"
            ],
            "arn": "arn:aws:lambda:eu-west-1:971422687659:function:one-journey-genai-channelRestoreNode",
            "code_sha256": "+8RuGZ4HWUFbMqIj4hdPhjuyV/bb+9DttUb1eoNoYzo=",
            "code_signing_config_arn": "",
            "dead_letter_config": [],
            "description": "",
            "environment": [
              {
                "variables": {
                  "ACCOUNT_ID": "971422687659",
                  "API_ENDPOINT": "https://d5tcv80br4.execute-api.eu-west-1.amazonaws.com/genai/",
                  "AUDIOS_BUCKET": "one-journey-audiorecord-genai",
                  "CDN_ENDPOINT": "https://d7cnvwmb0wtsp.cloudfront.net/",
                  "COGNITO_USER_POOL": "eu-west-1_M21ToRrBa",
                  "COGNITO_USER_POOL_CLIENT": "2tonlc0fcbruoestl0c4fuj8ts",
                  "CORE_GDS_EVENT_ARN": "arn:aws:lambda:eu-west-1:971422687659:function:one-journey-genai-coreGDSEvent",
                  "CORE_S3_EVENT_ARN": "arn:aws:lambda:eu-west-1:971422687659:function:one-journey-genai-coreS3Event",
                  "CORS_ORIGIN": "*",
                  "DEBUG_LOG": "/aws/one-journey/one-journey-DebugLogs",
                  "DOMAIN_SUFFIX": "one-journey",
                  "DYNAMODB_TABLE_CHANNEL_MESSAGES": "one-journey-channel-messages",
                  "DYNAMODB_TABLE_COMMON_OBJECTS": "one-journey-common-objects",
                  "DYNAMODB_TABLE_COST": "one-journey-cost",
                  "DYNAMODB_TABLE_COUNTERS_STORAGE_CHANNEL": "one-journey-counters-storage-channel",
                  "DYNAMODB_TABLE_EXECUTIONS": "one-journey-executions",
                  "DYNAMODB_TABLE_EXECUTIONS_V5": "one-journey-executions-v5",
                  "DYNAMODB_TABLE_EXECUTIONS_V5_DETAIL": "one-journey-executions-v5-detail",
                  "DYNAMODB_TABLE_EXECUTIONS_V5_GSI_CREATED_AT": "one-journey-executions-v5-gsi-createdAt",
                  "DYNAMODB_TABLE_EXECUTIONS_V5_GSI_UPDATED_AT": "one-journey-executions-v5-gsi-updatedAt",
                  "DYNAMODB_TABLE_MUTEX_LOCK": "one-journey-mutex-lock",
                  "DYNAMODB_TABLE_SESSIONS": "one-journey-sessions",
                  "DYNAMODB_TABLE_STT_OPERATIONS": "one-journey-sttOperations",
                  "DYNAMODB_TABLE_SUSCRIPTIONS": "one-journey-suscriptions",
                  "DYNAMODB_TABLE_WEBSOCKETS_MANAGER": "one-journey-websockets-manager",
                  "DYNAMODB_TABLE_WORKFLOWS_BACKUP": "one-journey-workflows-backup",
                  "DYNAMODB_TABLE_WORKFLOW_CONTEXT": "one-journey-workflow-context",
                  "ERROR_LOG": "/aws/one-journey/one-journey-ErrorLogs",
                  "EVENTBRIDGE_MESSAGE_BUS": "one-journey-messages-bus-genai",
                  "HOSTING_BUCKET": "one-journey-hosting-bucket-genai",
                  "KENDRA_S3_ROLE_ARN": "arn:aws:iam::971422687659:role/OneJourneyKendraS3Role",
                  "KEYS_URL": "https://cognito-idp.eu-west-1.amazonaws.com/eu-west-1_M21ToRrBa/.well-known/jwks.json",
                  "MAIN_CONFIGURATION_ID": "@MAIN_CONFIGURATION",
                  "MAX_CHATGPT_RETRY_REQUEST": "5",
                  "ONE_JOURNEY_DATA_BUCKET": "one-journey-data-bucket-genai",
                  "ONE_JOURNEY_FILES_BUCKET": "one-journey-files-bucket-genai",
                  "PROCESS_TRANSCRIPTION_ARN": "arn:aws:lambda:eu-west-1:971422687659:function:one-journey-genai-processTranscription",
                  "REGION": "eu-west-1",
                  "SQS_BATCH_QUEUE_URL": "https://sqs.eu-west-1.amazonaws.com/971422687659/one-journey-batch-queue-genai",
                  "STAGE": "genai",
                  "STORAGE_PROCESS_LAMBDA_ARN": "arn:aws:lambda:eu-west-1:971422687659:function:one-journey-genai-manageFileStorage",
                  "STT_WEBHOOK_ARN": "arn:aws:lambda:eu-west-1:971422687659:function:one-journey-genai-sttWebhook",
                  "TRANSCRIPTIONS_BUCKET": "one-journey-transcriptions-genai",
                  "USER_POOL_CLIENT_ID": "2tonlc0fcbruoestl0c4fuj8ts",
                  "USER_POOL_ID": "eu-west-1_M21ToRrBa",
                  "VERSION": "v1",
                  "WEBSOCKET_API_ENDPOINT": "wss://mu5nzg1mp2.execute-api.eu-west-1.amazonaws.com/genai/"
                }
              }
            ],
            "ephemeral_storage": [
              {
                "size": 512
              }
            ],
            "file_system_config": [],
            "filename": null,
            "function_name": "one-journey-genai-channelRestoreNode",
            "handler": "./src/api/v1/node/channelRestore/event.handler",
            "id": "one-journey-genai-channelRestoreNode",
            "image_config": [],
            "image_uri": "",
            "invoke_arn": "arn:aws:apigateway:eu-west-1:lambda:path/2015-03-31/functions/arn:aws:lambda:eu-west-1:971422687659:function:one-journey-genai-channelRestoreNode/invocations",
            "kms_key_arn": "",
            "last_modified": "2025-09-29T14:28:43.000+0000",
            "layers": [],
            "logging_config": [
              {
                "application_log_level": "",
                "log_format": "Text",
                "log_group": "/aws/lambda/one-journey-genai-channelRestoreNode",
                "system_log_level": ""
              }
            ],
            "memory_size": 1536,
            "package_type": "Zip",
            "publish": null,
            "qualified_arn": "arn:aws:lambda:eu-west-1:971422687659:function:one-journey-genai-channelRestoreNode:30",
            "qualified_invoke_arn": "arn:aws:apigateway:eu-west-1:lambda:path/2015-03-31/functions/arn:aws:lambda:eu-west-1:971422687659:function:one-journey-genai-channelRestoreNode:30/invocations",
            "replace_security_groups_on_destroy": null,
            "replacement_security_group_ids": null,
            "reserved_concurrent_executions": -1,
            "role": "arn:aws:iam::971422687659:role/one-journey-genai-channelRestoreNode-eu-west-1-lambdaRole",
            "runtime": "nodejs20.x",
            "s3_bucket": null,
            "s3_key": null,
            "s3_object_version": null,
            "signing_job_arn": "",
            "signing_profile_version_arn": "",
            "skip_destroy": false,
            "snap_start": [],
            "source_code_hash": "",
            "source_code_size": 16781947,
            "tags": {
              "STAGE": "genai"
            },
            "tags_all": {
              "STAGE": "genai"
            },
            "timeout": 6,
            "timeouts": null,
            "tracing_config": [
              {
                "mode": "PassThrough"
              }
            ],
            "version": "30",
            "vpc_config": []
          },
          "sensitive_attributes": [],
          "identity_schema_version": 0,
          "private": "eyJlMmJmYjczMC1lY2FhLTExZTYtOGY4OC0zNDM2M2JjN2M0YzAiOnsiY3JlYXRlIjo2MDAwMDAwMDAwMDAsImRlbGV0ZSI6NjAwMDAwMDAwMDAwLCJ1cGRhdGUiOjYwMDAwMDAwMDAwMH0sInNjaGVtYV92ZXJzaW9uIjoiMCJ9"
        },
        {
          "index_key": "channel_switch_node",
          "schema_version": 0,
          "attributes": {
            "architectures": [
              "arm64"
            ],
            "arn": "arn:aws:lambda:eu-west-1:971422687659:function:one-journey-genai-channelSwitchNode",
            "code_sha256": "g8uA5qWpXlVaG33zyFtkaC5RCsVIIaaWbqlKXaLed88=",
            "code_signing_config_arn": "",
            "dead_letter_config": [],
            "description": "",
            "environment": [
              {
                "variables": {
                  "ACCOUNT_ID": "971422687659",
                  "API_ENDPOINT": "https://d5tcv80br4.execute-api.eu-west-1.amazonaws.com/genai/",
                  "AUDIOS_BUCKET": "one-journey-audiorecord-genai",
                  "CDN_ENDPOINT": "https://d7cnvwmb0wtsp.cloudfront.net/",
                  "COGNITO_USER_POOL": "eu-west-1_M21ToRrBa",
                  "COGNITO_USER_POOL_CLIENT": "2tonlc0fcbruoestl0c4fuj8ts",
                  "CORE_GDS_EVENT_ARN": "arn:aws:lambda:eu-west-1:971422687659:function:one-journey-genai-coreGDSEvent",
                  "CORE_S3_EVENT_ARN": "arn:aws:lambda:eu-west-1:971422687659:function:one-journey-genai-coreS3Event",
                  "CORS_ORIGIN": "*",
                  "DEBUG_LOG": "/aws/one-journey/one-journey-DebugLogs",
                  "DOMAIN_SUFFIX": "one-journey",
                  "DYNAMODB_TABLE_CHANNEL_MESSAGES": "one-journey-channel-messages",
                  "DYNAMODB_TABLE_COMMON_OBJECTS": "one-journey-common-objects",
                  "DYNAMODB_TABLE_COST": "one-journey-cost",
                  "DYNAMODB_TABLE_COUNTERS_STORAGE_CHANNEL": "one-journey-counters-storage-channel",
                  "DYNAMODB_TABLE_EXECUTIONS": "one-journey-executions",
                  "DYNAMODB_TABLE_EXECUTIONS_V5": "one-journey-executions-v5",
                  "DYNAMODB_TABLE_EXECUTIONS_V5_DETAIL": "one-journey-executions-v5-detail",
                  "DYNAMODB_TABLE_EXECUTIONS_V5_GSI_CREATED_AT": "one-journey-executions-v5-gsi-createdAt",
                  "DYNAMODB_TABLE_EXECUTIONS_V5_GSI_UPDATED_AT": "one-journey-executions-v5-gsi-updatedAt",
                  "DYNAMODB_TABLE_MUTEX_LOCK": "one-journey-mutex-lock",
                  "DYNAMODB_TABLE_SESSIONS": "one-journey-sessions",
                  "DYNAMODB_TABLE_STT_OPERATIONS": "one-journey-sttOperations",
                  "DYNAMODB_TABLE_SUSCRIPTIONS": "one-journey-suscriptions",
                  "DYNAMODB_TABLE_WEBSOCKETS_MANAGER": "one-journey-websockets-manager",
                  "DYNAMODB_TABLE_WORKFLOWS_BACKUP": "one-journey-workflows-backup",
                  "DYNAMODB_TABLE_WORKFLOW_CONTEXT": "one-journey-workflow-context",
                  "ERROR_LOG": "/aws/one-journey/one-journey-ErrorLogs",
                  "EVENTBRIDGE_MESSAGE_BUS": "one-journey-messages-bus-genai",
                  "HOSTING_BUCKET": "one-journey-hosting-bucket-genai",
                  "KENDRA_S3_ROLE_ARN": "arn:aws:iam::971422687659:role/OneJourneyKendraS3Role",
                  "KEYS_URL": "https://cognito-idp.eu-west-1.amazonaws.com/eu-west-1_M21ToRrBa/.well-known/jwks.json",
                  "MAIN_CONFIGURATION_ID": "@MAIN_CONFIGURATION",
                  "MAX_CHATGPT_RETRY_REQUEST": "5",
                  "ONE_JOURNEY_DATA_BUCKET": "one-journey-data-bucket-genai",
                  "ONE_JOURNEY_FILES_BUCKET": "one-journey-files-bucket-genai",
                  "PROCESS_TRANSCRIPTION_ARN": "arn:aws:lambda:eu-west-1:971422687659:function:one-journey-genai-processTranscription",
                  "REGION": "eu-west-1",
                  "SQS_BATCH_QUEUE_URL": "https://sqs.eu-west-1.amazonaws.com/971422687659/one-journey-batch-queue-genai",
                  "STAGE": "genai",
                  "STORAGE_PROCESS_LAMBDA_ARN": "arn:aws:lambda:eu-west-1:971422687659:function:one-journey-genai-manageFileStorage",
                  "STT_WEBHOOK_ARN": "arn:aws:lambda:eu-west-1:971422687659:function:one-journey-genai-sttWebhook",
                  "TRANSCRIPTIONS_BUCKET": "one-journey-transcriptions-genai",
                  "USER_POOL_CLIENT_ID": "2tonlc0fcbruoestl0c4fuj8ts",
                  "USER_POOL_ID": "eu-west-1_M21ToRrBa",
                  "VERSION": "v1",
                  "WEBSOCKET_API_ENDPOINT": "wss://mu5nzg1mp2.execute-api.eu-west-1.amazonaws.com/genai/"
                }
              }
            ],
            "ephemeral_storage": [
              {
                "size": 512
              }
            ],
            "file_system_config": [],
            "filename": null,
            "function_name": "one-journey-genai-channelSwitchNode",
            "handler": "./src/api/v1/node/channelSwitch/event.handler",
            "id": "one-journey-genai-channelSwitchNode",
            "image_config": [],
            "image_uri": "",
            "invoke_arn": "arn:aws:apigateway:eu-west-1:lambda:path/2015-03-31/functions/arn:aws:lambda:eu-west-1:971422687659:function:one-journey-genai-channelSwitchNode/invocations",
            "kms_key_arn": "",
            "last_modified": "2025-09-29T14:28:33.000+0000",
            "layers": [],
            "logging_config": [
              {
                "application_log_level": "",
                "log_format": "Text",
                "log_group": "/aws/lambda/one-journey-genai-channelSwitchNode",
                "system_log_level": ""
              }
            ],
            "memory_size": 1536,
            "package_type": "Zip",
            "publish": null,
            "qualified_arn": "arn:aws:lambda:eu-west-1:971422687659:function:one-journey-genai-channelSwitchNode:31",
            "qualified_invoke_arn": "arn:aws:apigateway:eu-west-1:lambda:path/2015-03-31/functions/arn:aws:lambda:eu-west-1:971422687659:function:one-journey-genai-channelSwitchNode:31/invocations",
            "replace_security_groups_on_destroy": null,
            "replacement_security_group_ids": null,
            "reserved_concurrent_executions": -1,
            "role": "arn:aws:iam::971422687659:role/one-journey-genai-channelSwitchNode-eu-west-1-lambdaRole",
            "runtime": "nodejs20.x",
            "s3_bucket": null,
            "s3_key": null,
            "s3_object_version": null,
            "signing_job_arn": "",
            "signing_profile_version_arn": "",
            "skip_destroy": false,
            "snap_start": [],
            "source_code_hash": "",
            "source_code_size": 18420690,
            "tags": {
              "STAGE": "genai"
            },
            "tags_all": {
              "STAGE": "genai"
            },
            "timeout": 6,
            "timeouts": null,
            "tracing_config": [
              {
                "mode": "PassThrough"
              }
            ],
            "version": "31",
            "vpc_config": []
          },
          "sensitive_attributes": [],
          "identity_schema_version": 0,
          "private": "eyJlMmJmYjczMC1lY2FhLTExZTYtOGY4OC0zNDM2M2JjN2M0YzAiOnsiY3JlYXRlIjo2MDAwMDAwMDAwMDAsImRlbGV0ZSI6NjAwMDAwMDAwMDAwLCJ1cGRhdGUiOjYwMDAwMDAwMDAwMH0sInNjaGVtYV92ZXJzaW9uIjoiMCJ9"
        },
        {
          "index_key": "check_connections_handler",
          "schema_version": 0,
          "attributes": {
            "architectures": [
              "arm64"
            ],
            "arn": "arn:aws:lambda:eu-west-1:971422687659:function:one-journey-genai-checkConnectionsHandler",
            "code_sha256": "Qq3yTTPfKQC7qOHiGAtzdM8zzsK8GXZ0Gi/pdIsMcl4=",
            "code_signing_config_arn": "",
            "dead_letter_config": [],
            "description": "",
            "environment": [
              {
                "variables": {
                  "ACCOUNT_ID": "971422687659",
                  "API_ENDPOINT": "https://d5tcv80br4.execute-api.eu-west-1.amazonaws.com/genai/",
                  "AUDIOS_BUCKET": "one-journey-audiorecord-genai",
                  "CDN_ENDPOINT": "https://d7cnvwmb0wtsp.cloudfront.net/",
                  "COGNITO_USER_POOL": "eu-west-1_M21ToRrBa",
                  "COGNITO_USER_POOL_CLIENT": "2tonlc0fcbruoestl0c4fuj8ts",
                  "CORE_GDS_EVENT_ARN": "arn:aws:lambda:eu-west-1:971422687659:function:one-journey-genai-coreGDSEvent",
                  "CORE_S3_EVENT_ARN": "arn:aws:lambda:eu-west-1:971422687659:function:one-journey-genai-coreS3Event",
                  "CORS_ORIGIN": "*",
                  "DEBUG_LOG": "/aws/one-journey/one-journey-DebugLogs",
                  "DOMAIN_SUFFIX": "one-journey",
                  "DYNAMODB_TABLE_CHANNEL_MESSAGES": "one-journey-channel-messages",
                  "DYNAMODB_TABLE_COMMON_OBJECTS": "one-journey-common-objects",
                  "DYNAMODB_TABLE_COST": "one-journey-cost",
                  "DYNAMODB_TABLE_COUNTERS_STORAGE_CHANNEL": "one-journey-counters-storage-channel",
                  "DYNAMODB_TABLE_EXECUTIONS": "one-journey-executions",
                  "DYNAMODB_TABLE_EXECUTIONS_V5": "one-journey-executions-v5",
                  "DYNAMODB_TABLE_EXECUTIONS_V5_DETAIL": "one-journey-executions-v5-detail",
                  "DYNAMODB_TABLE_EXECUTIONS_V5_GSI_CREATED_AT": "one-journey-executions-v5-gsi-createdAt",
                  "DYNAMODB_TABLE_EXECUTIONS_V5_GSI_UPDATED_AT": "one-journey-executions-v5-gsi-updatedAt",
                  "DYNAMODB_TABLE_MUTEX_LOCK": "one-journey-mutex-lock",
                  "DYNAMODB_TABLE_SESSIONS": "one-journey-sessions",
                  "DYNAMODB_TABLE_STT_OPERATIONS": "one-journey-sttOperations",
                  "DYNAMODB_TABLE_SUSCRIPTIONS": "one-journey-suscriptions",
                  "DYNAMODB_TABLE_WEBSOCKETS_MANAGER": "one-journey-websockets-manager",
                  "DYNAMODB_TABLE_WORKFLOWS_BACKUP": "one-journey-workflows-backup",
                  "DYNAMODB_TABLE_WORKFLOW_CONTEXT": "one-journey-workflow-context",
                  "ERROR_LOG": "/aws/one-journey/one-journey-ErrorLogs",
                  "EVENTBRIDGE_MESSAGE_BUS": "one-journey-messages-bus-genai",
                  "HOSTING_BUCKET": "one-journey-hosting-bucket-genai",
                  "KENDRA_S3_ROLE_ARN": "arn:aws:iam::971422687659:role/OneJourneyKendraS3Role",
                  "KEYS_URL": "https://cognito-idp.eu-west-1.amazonaws.com/eu-west-1_M21ToRrBa/.well-known/jwks.json",
                  "MAIN_CONFIGURATION_ID": "@MAIN_CONFIGURATION",
                  "MAX_CHATGPT_RETRY_REQUEST": "5",
                  "ONE_JOURNEY_DATA_BUCKET": "one-journey-data-bucket-genai",
                  "ONE_JOURNEY_FILES_BUCKET": "one-journey-files-bucket-genai",
                  "PROCESS_TRANSCRIPTION_ARN": "arn:aws:lambda:eu-west-1:971422687659:function:one-journey-genai-processTranscription",
                  "REGION": "eu-west-1",
                  "SQS_BATCH_QUEUE_URL": "https://sqs.eu-west-1.amazonaws.com/971422687659/one-journey-batch-queue-genai",
                  "STAGE": "genai",
                  "STORAGE_PROCESS_LAMBDA_ARN": "arn:aws:lambda:eu-west-1:971422687659:function:one-journey-genai-manageFileStorage",
                  "STT_WEBHOOK_ARN": "arn:aws:lambda:eu-west-1:971422687659:function:one-journey-genai-sttWebhook",
                  "TRANSCRIPTIONS_BUCKET": "one-journey-transcriptions-genai",
                  "USER_POOL_CLIENT_ID": "2tonlc0fcbruoestl0c4fuj8ts",
                  "USER_POOL_ID": "eu-west-1_M21ToRrBa",
                  "VERSION": "v1",
                  "WEBSOCKET_API_ENDPOINT": "wss://mu5nzg1mp2.execute-api.eu-west-1.amazonaws.com/genai/"
                }
              }
            ],
            "ephemeral_storage": [
              {
                "size": 512
              }
            ],
            "file_system_config": [],
            "filename": null,
            "function_name": "one-journey-genai-checkConnectionsHandler",
            "handler": "src/api/v1/websocket.checkConnectionsHandler",
            "id": "one-journey-genai-checkConnectionsHandler",
            "image_config": [],
            "image_uri": "",
            "invoke_arn": "arn:aws:apigateway:eu-west-1:lambda:path/2015-03-31/functions/arn:aws:lambda:eu-west-1:971422687659:function:one-journey-genai-checkConnectionsHandler/invocations",
            "kms_key_arn": "",
            "last_modified": "2025-09-29T14:28:41.000+0000",
            "layers": [],
            "logging_config": [
              {
                "application_log_level": "",
                "log_format": "Text",
                "log_group": "/aws/lambda/one-journey-genai-checkConnectionsHandler",
                "system_log_level": ""
              }
            ],
            "memory_size": 1536,
            "package_type": "Zip",
            "publish": null,
            "qualified_arn": "arn:aws:lambda:eu-west-1:971422687659:function:one-journey-genai-checkConnectionsHandler:10",
            "qualified_invoke_arn": "arn:aws:apigateway:eu-west-1:lambda:path/2015-03-31/functions/arn:aws:lambda:eu-west-1:971422687659:function:one-journey-genai-checkConnectionsHandler:10/invocations",
            "replace_security_groups_on_destroy": null,
            "replacement_security_group_ids": null,
            "reserved_concurrent_executions": -1,
            "role": "arn:aws:iam::971422687659:role/one-journey-genai-checkConnectionsHandler-eu-west-1-lambdaRole",
            "runtime": "nodejs20.x",
            "s3_bucket": null,
            "s3_key": null,
            "s3_object_version": null,
            "signing_job_arn": "",
            "signing_profile_version_arn": "",
            "skip_destroy": false,
            "snap_start": [],
            "source_code_hash": "",
            "source_code_size": 15828214,
            "tags": {
              "STAGE": "genai"
            },
            "tags_all": {
              "STAGE": "genai"
            },
            "timeout": 6,
            "timeouts": null,
            "tracing_config": [
              {
                "mode": "PassThrough"
              }
            ],
            "version": "10",
            "vpc_config": []
          },
          "sensitive_attributes": [],
          "identity_schema_version": 0,
          "private": "eyJlMmJmYjczMC1lY2FhLTExZTYtOGY4OC0zNDM2M2JjN2M0YzAiOnsiY3JlYXRlIjo2MDAwMDAwMDAwMDAsImRlbGV0ZSI6NjAwMDAwMDAwMDAwLCJ1cGRhdGUiOjYwMDAwMDAwMDAwMH0sInNjaGVtYV92ZXJzaW9uIjoiMCJ9"
        },
        {
          "index_key": "cognito_emails_customizer",
          "schema_version": 0,
          "attributes": {
            "architectures": [
              "arm64"
            ],
            "arn": "arn:aws:lambda:eu-west-1:971422687659:function:one-journey-genai-cognitoEmailsCustomizer",
            "code_sha256": "zCXQQ0O8WegEhXM+1eDTSCFHE/amMKcAF3U/iznfR8w=",
            "code_signing_config_arn": "",
            "dead_letter_config": [],
            "description": "",
            "environment": [
              {
                "variables": {
                  "ACCOUNT_ID": "971422687659",
                  "API_ENDPOINT": "https://d5tcv80br4.execute-api.eu-west-1.amazonaws.com/genai/",
                  "AUDIOS_BUCKET": "one-journey-audiorecord-genai",
                  "CDN_ENDPOINT": "https://d7cnvwmb0wtsp.cloudfront.net/",
                  "COGNITO_USER_POOL": "eu-west-1_M21ToRrBa",
                  "COGNITO_USER_POOL_CLIENT": "2tonlc0fcbruoestl0c4fuj8ts",
                  "CORE_GDS_EVENT_ARN": "arn:aws:lambda:eu-west-1:971422687659:function:one-journey-genai-coreGDSEvent",
                  "CORE_S3_EVENT_ARN": "arn:aws:lambda:eu-west-1:971422687659:function:one-journey-genai-coreS3Event",
                  "CORS_ORIGIN": "*",
                  "DEBUG_LOG": "/aws/one-journey/one-journey-DebugLogs",
                  "DOMAIN_SUFFIX": "one-journey",
                  "DYNAMODB_TABLE_CHANNEL_MESSAGES": "one-journey-channel-messages",
                  "DYNAMODB_TABLE_COMMON_OBJECTS": "one-journey-common-objects",
                  "DYNAMODB_TABLE_COST": "one-journey-cost",
                  "DYNAMODB_TABLE_COUNTERS_STORAGE_CHANNEL": "one-journey-counters-storage-channel",
                  "DYNAMODB_TABLE_EXECUTIONS": "one-journey-executions",
                  "DYNAMODB_TABLE_EXECUTIONS_V5": "one-journey-executions-v5",
                  "DYNAMODB_TABLE_EXECUTIONS_V5_DETAIL": "one-journey-executions-v5-detail",
                  "DYNAMODB_TABLE_EXECUTIONS_V5_GSI_CREATED_AT": "one-journey-executions-v5-gsi-createdAt",
                  "DYNAMODB_TABLE_EXECUTIONS_V5_GSI_UPDATED_AT": "one-journey-executions-v5-gsi-updatedAt",
                  "DYNAMODB_TABLE_MUTEX_LOCK": "one-journey-mutex-lock",
                  "DYNAMODB_TABLE_SESSIONS": "one-journey-sessions",
                  "DYNAMODB_TABLE_STT_OPERATIONS": "one-journey-sttOperations",
                  "DYNAMODB_TABLE_SUSCRIPTIONS": "one-journey-suscriptions",
                  "DYNAMODB_TABLE_WEBSOCKETS_MANAGER": "one-journey-websockets-manager",
                  "DYNAMODB_TABLE_WORKFLOWS_BACKUP": "one-journey-workflows-backup",
                  "DYNAMODB_TABLE_WORKFLOW_CONTEXT": "one-journey-workflow-context",
                  "ERROR_LOG": "/aws/one-journey/one-journey-ErrorLogs",
                  "EVENTBRIDGE_MESSAGE_BUS": "one-journey-messages-bus-genai",
                  "HOSTING_BUCKET": "one-journey-hosting-bucket-genai",
                  "KENDRA_S3_ROLE_ARN": "arn:aws:iam::971422687659:role/OneJourneyKendraS3Role",
                  "KEYS_URL": "https://cognito-idp.eu-west-1.amazonaws.com/eu-west-1_M21ToRrBa/.well-known/jwks.json",
                  "MAIN_CONFIGURATION_ID": "@MAIN_CONFIGURATION",
                  "MAX_CHATGPT_RETRY_REQUEST": "5",
                  "ONE_JOURNEY_DATA_BUCKET": "one-journey-data-bucket-genai",
                  "ONE_JOURNEY_FILES_BUCKET": "one-journey-files-bucket-genai",
                  "PROCESS_TRANSCRIPTION_ARN": "arn:aws:lambda:eu-west-1:971422687659:function:one-journey-genai-processTranscription",
                  "REGION": "eu-west-1",
                  "SQS_BATCH_QUEUE_URL": "https://sqs.eu-west-1.amazonaws.com/971422687659/one-journey-batch-queue-genai",
                  "STAGE": "genai",
                  "STORAGE_PROCESS_LAMBDA_ARN": "arn:aws:lambda:eu-west-1:971422687659:function:one-journey-genai-manageFileStorage",
                  "STT_WEBHOOK_ARN": "arn:aws:lambda:eu-west-1:971422687659:function:one-journey-genai-sttWebhook",
                  "TRANSCRIPTIONS_BUCKET": "one-journey-transcriptions-genai",
                  "USER_POOL_CLIENT_ID": "2tonlc0fcbruoestl0c4fuj8ts",
                  "USER_POOL_ID": "eu-west-1_M21ToRrBa",
                  "VERSION": "v1",
                  "WEBSOCKET_API_ENDPOINT": "wss://mu5nzg1mp2.execute-api.eu-west-1.amazonaws.com/genai/"
                }
              }
            ],
            "ephemeral_storage": [
              {
                "size": 512
              }
            ],
            "file_system_config": [],
            "filename": null,
            "function_name": "one-journey-genai-cognitoEmailsCustomizer",
            "handler": "src/cognito/messages.endpoint",
            "id": "one-journey-genai-cognitoEmailsCustomizer",
            "image_config": [],
            "image_uri": "",
            "invoke_arn": "arn:aws:apigateway:eu-west-1:lambda:path/2015-03-31/functions/arn:aws:lambda:eu-west-1:971422687659:function:one-journey-genai-cognitoEmailsCustomizer/invocations",
            "kms_key_arn": "",
            "last_modified": "2025-09-29T14:28:39.000+0000",
            "layers": [],
            "logging_config": [
              {
                "application_log_level": "",
                "log_format": "Text",
                "log_group": "/aws/lambda/one-journey-genai-cognitoEmailsCustomizer",
                "system_log_level": ""
              }
            ],
            "memory_size": 1536,
            "package_type": "Zip",
            "publish": null,
            "qualified_arn": "arn:aws:lambda:eu-west-1:971422687659:function:one-journey-genai-cognitoEmailsCustomizer:5",
            "qualified_invoke_arn": "arn:aws:apigateway:eu-west-1:lambda:path/2015-03-31/functions/arn:aws:lambda:eu-west-1:971422687659:function:one-journey-genai-cognitoEmailsCustomizer:5/invocations",
            "replace_security_groups_on_destroy": null,
            "replacement_security_group_ids": null,
            "reserved_concurrent_executions": -1,
            "role": "arn:aws:iam::971422687659:role/one-journey-genai-eu-west-1-lambdaRole",
            "runtime": "nodejs20.x",
            "s3_bucket": null,
            "s3_key": null,
            "s3_object_version": null,
            "signing_job_arn": "",
            "signing_profile_version_arn": "",
            "skip_destroy": false,
            "snap_start": [],
            "source_code_hash": "",
            "source_code_size": 3437,
            "tags": {
              "STAGE": "genai"
            },
            "tags_all": {
              "STAGE": "genai"
            },
            "timeout": 6,
            "timeouts": null,
            "tracing_config": [
              {
                "mode": "PassThrough"
              }
            ],
            "version": "5",
            "vpc_config": []
          },
          "sensitive_attributes": [],
          "identity_schema_version": 0,
          "private": "eyJlMmJmYjczMC1lY2FhLTExZTYtOGY4OC0zNDM2M2JjN2M0YzAiOnsiY3JlYXRlIjo2MDAwMDAwMDAwMDAsImRlbGV0ZSI6NjAwMDAwMDAwMDAwLCJ1cGRhdGUiOjYwMDAwMDAwMDAwMH0sInNjaGVtYV92ZXJzaW9uIjoiMCJ9"
        },
        {
          "index_key": "connect_handler",
          "schema_version": 0,
          "attributes": {
            "architectures": [
              "arm64"
            ],
            "arn": "arn:aws:lambda:eu-west-1:971422687659:function:one-journey-genai-connectHandler",
            "code_sha256": "Qq3yTTPfKQC7qOHiGAtzdM8zzsK8GXZ0Gi/pdIsMcl4=",
            "code_signing_config_arn": "",
            "dead_letter_config": [],
            "description": "",
            "environment": [
              {
                "variables": {
                  "ACCOUNT_ID": "971422687659",
                  "API_ENDPOINT": "https://d5tcv80br4.execute-api.eu-west-1.amazonaws.com/genai/",
                  "AUDIOS_BUCKET": "one-journey-audiorecord-genai",
                  "CDN_ENDPOINT": "https://d7cnvwmb0wtsp.cloudfront.net/",
                  "COGNITO_USER_POOL": "eu-west-1_M21ToRrBa",
                  "COGNITO_USER_POOL_CLIENT": "2tonlc0fcbruoestl0c4fuj8ts",
                  "CORE_GDS_EVENT_ARN": "arn:aws:lambda:eu-west-1:971422687659:function:one-journey-genai-coreGDSEvent",
                  "CORE_S3_EVENT_ARN": "arn:aws:lambda:eu-west-1:971422687659:function:one-journey-genai-coreS3Event",
                  "CORS_ORIGIN": "*",
                  "DEBUG_LOG": "/aws/one-journey/one-journey-DebugLogs",
                  "DOMAIN_SUFFIX": "one-journey",
                  "DYNAMODB_TABLE_CHANNEL_MESSAGES": "one-journey-channel-messages",
                  "DYNAMODB_TABLE_COMMON_OBJECTS": "one-journey-common-objects",
                  "DYNAMODB_TABLE_COST": "one-journey-cost",
                  "DYNAMODB_TABLE_COUNTERS_STORAGE_CHANNEL": "one-journey-counters-storage-channel",
                  "DYNAMODB_TABLE_EXECUTIONS": "one-journey-executions",
                  "DYNAMODB_TABLE_EXECUTIONS_V5": "one-journey-executions-v5",
                  "DYNAMODB_TABLE_EXECUTIONS_V5_DETAIL": "one-journey-executions-v5-detail",
                  "DYNAMODB_TABLE_EXECUTIONS_V5_GSI_CREATED_AT": "one-journey-executions-v5-gsi-createdAt",
                  "DYNAMODB_TABLE_EXECUTIONS_V5_GSI_UPDATED_AT": "one-journey-executions-v5-gsi-updatedAt",
                  "DYNAMODB_TABLE_MUTEX_LOCK": "one-journey-mutex-lock",
                  "DYNAMODB_TABLE_SESSIONS": "one-journey-sessions",
                  "DYNAMODB_TABLE_STT_OPERATIONS": "one-journey-sttOperations",
                  "DYNAMODB_TABLE_SUSCRIPTIONS": "one-journey-suscriptions",
                  "DYNAMODB_TABLE_WEBSOCKETS_MANAGER": "one-journey-websockets-manager",
                  "DYNAMODB_TABLE_WORKFLOWS_BACKUP": "one-journey-workflows-backup",
                  "DYNAMODB_TABLE_WORKFLOW_CONTEXT": "one-journey-workflow-context",
                  "ERROR_LOG": "/aws/one-journey/one-journey-ErrorLogs",
                  "EVENTBRIDGE_MESSAGE_BUS": "one-journey-messages-bus-genai",
                  "HOSTING_BUCKET": "one-journey-hosting-bucket-genai",
                  "KENDRA_S3_ROLE_ARN": "arn:aws:iam::971422687659:role/OneJourneyKendraS3Role",
                  "KEYS_URL": "https://cognito-idp.eu-west-1.amazonaws.com/eu-west-1_M21ToRrBa/.well-known/jwks.json",
                  "MAIN_CONFIGURATION_ID": "@MAIN_CONFIGURATION",
                  "MAX_CHATGPT_RETRY_REQUEST": "5",
                  "ONE_JOURNEY_DATA_BUCKET": "one-journey-data-bucket-genai",
                  "ONE_JOURNEY_FILES_BUCKET": "one-journey-files-bucket-genai",
                  "PROCESS_TRANSCRIPTION_ARN": "arn:aws:lambda:eu-west-1:971422687659:function:one-journey-genai-processTranscription",
                  "REGION": "eu-west-1",
                  "SQS_BATCH_QUEUE_URL": "https://sqs.eu-west-1.amazonaws.com/971422687659/one-journey-batch-queue-genai",
                  "STAGE": "genai",
                  "STORAGE_PROCESS_LAMBDA_ARN": "arn:aws:lambda:eu-west-1:971422687659:function:one-journey-genai-manageFileStorage",
                  "STT_WEBHOOK_ARN": "arn:aws:lambda:eu-west-1:971422687659:function:one-journey-genai-sttWebhook",
                  "TRANSCRIPTIONS_BUCKET": "one-journey-transcriptions-genai",
                  "USER_POOL_CLIENT_ID": "2tonlc0fcbruoestl0c4fuj8ts",
                  "USER_POOL_ID": "eu-west-1_M21ToRrBa",
                  "VERSION": "v1",
                  "WEBSOCKET_API_ENDPOINT": "wss://mu5nzg1mp2.execute-api.eu-west-1.amazonaws.com/genai/"
                }
              }
            ],
            "ephemeral_storage": [
              {
                "size": 512
              }
            ],
            "file_system_config": [],
            "filename": null,
            "function_name": "one-journey-genai-connectHandler",
            "handler": "src/api/v1/websocket.connectHandler",
            "id": "one-journey-genai-connectHandler",
            "image_config": [],
            "image_uri": "",
            "invoke_arn": "arn:aws:apigateway:eu-west-1:lambda:path/2015-03-31/functions/arn:aws:lambda:eu-west-1:971422687659:function:one-journey-genai-connectHandler/invocations",
            "kms_key_arn": "",
            "last_modified": "2025-09-29T14:28:33.000+0000",
            "layers": [],
            "logging_config": [
              {
                "application_log_level": "",
                "log_format": "Text",
                "log_group": "/aws/lambda/one-journey-genai-connectHandler",
                "system_log_level": ""
              }
            ],
            "memory_size": 1536,
            "package_type": "Zip",
            "publish": null,
            "qualified_arn": "arn:aws:lambda:eu-west-1:971422687659:function:one-journey-genai-connectHandler:30",
            "qualified_invoke_arn": "arn:aws:apigateway:eu-west-1:lambda:path/2015-03-31/functions/arn:aws:lambda:eu-west-1:971422687659:function:one-journey-genai-connectHandler:30/invocations",
            "replace_security_groups_on_destroy": null,
            "replacement_security_group_ids": null,
            "reserved_concurrent_executions": -1,
            "role": "arn:aws:iam::971422687659:role/one-journey-genai-connectHandler-eu-west-1-lambdaRole",
            "runtime": "nodejs20.x",
            "s3_bucket": null,
            "s3_key": null,
            "s3_object_version": null,
            "signing_job_arn": "",
            "signing_profile_version_arn": "",
            "skip_destroy": false,
            "snap_start": [],
            "source_code_hash": "",
            "source_code_size": 15828214,
            "tags": {
              "STAGE": "genai"
            },
            "tags_all": {
              "STAGE": "genai"
            },
            "timeout": 6,
            "timeouts": null,
            "tracing_config": [
              {
                "mode": "PassThrough"
              }
            ],
            "version": "30",
            "vpc_config": []
          },
          "sensitive_attributes": [],
          "identity_schema_version": 0,
          "private": "eyJlMmJmYjczMC1lY2FhLTExZTYtOGY4OC0zNDM2M2JjN2M0YzAiOnsiY3JlYXRlIjo2MDAwMDAwMDAwMDAsImRlbGV0ZSI6NjAwMDAwMDAwMDAwLCJ1cGRhdGUiOjYwMDAwMDAwMDAwMH0sInNjaGVtYV92ZXJzaW9uIjoiMCJ9"
        },
        {
          "index_key": "controltower_notification_forwarder",
          "schema_version": 0,
          "attributes": {
            "architectures": [
              "x86_64"
            ],
            "arn": "arn:aws:lambda:eu-west-1:971422687659:function:aws-controltower-NotificationForwarder",
            "code_sha256": "+4qkE46/pZjbLIJ2I0y6HHpSFaJpl6bAu1RizWaTwgs=",
            "code_signing_config_arn": "",
            "dead_letter_config": [],
            "description": "SNS message forwarding function for aggregating account notifications.",
            "environment": [
              {
                "variables": {
                  "sns_arn": "arn:aws:sns:eu-west-1:603321434203:aws-controltower-AggregateSecurityNotifications"
                }
              }
            ],
            "ephemeral_storage": [
              {
                "size": 512
              }
            ],
            "file_system_config": [],
            "filename": null,
            "function_name": "aws-controltower-NotificationForwarder",
            "handler": "index.lambda_handler",
            "id": "aws-controltower-NotificationForwarder",
            "image_config": [],
            "image_uri": "",
            "invoke_arn": "arn:aws:apigateway:eu-west-1:lambda:path/2015-03-31/functions/arn:aws:lambda:eu-west-1:971422687659:function:aws-controltower-NotificationForwarder/invocations",
            "kms_key_arn": "",
            "last_modified": "2025-08-26T21:24:17.000+0000",
            "layers": [],
            "logging_config": [
              {
                "application_log_level": "",
                "log_format": "Text",
                "log_group": "/aws/lambda/aws-controltower-NotificationForwarder",
                "system_log_level": ""
              }
            ],
            "memory_size": 128,
            "package_type": "Zip",
            "publish": null,
            "qualified_arn": "arn:aws:lambda:eu-west-1:971422687659:function:aws-controltower-NotificationForwarder:$LATEST",
            "qualified_invoke_arn": "arn:aws:apigateway:eu-west-1:lambda:path/2015-03-31/functions/arn:aws:lambda:eu-west-1:971422687659:function:aws-controltower-NotificationForwarder:$LATEST/invocations",
            "replace_security_groups_on_destroy": null,
            "replacement_security_group_ids": null,
            "reserved_concurrent_executions": -1,
            "role": "arn:aws:iam::971422687659:role/aws-controltower-ForwardSnsNotificationRole",
            "runtime": "python3.13",
            "s3_bucket": null,
            "s3_key": null,
            "s3_object_version": null,
            "signing_job_arn": "",
            "signing_profile_version_arn": "",
            "skip_destroy": false,
            "snap_start": [],
            "source_code_hash": "",
            "source_code_size": 473,
            "tags": {},
            "tags_all": {},
            "timeout": 60,
            "timeouts": null,
            "tracing_config": [
              {
                "mode": "PassThrough"
              }
            ],
            "version": "$LATEST",
            "vpc_config": []
          },
          "sensitive_attributes": [],
          "identity_schema_version": 0,
          "private": "eyJlMmJmYjczMC1lY2FhLTExZTYtOGY4OC0zNDM2M2JjN2M0YzAiOnsiY3JlYXRlIjo2MDAwMDAwMDAwMDAsImRlbGV0ZSI6NjAwMDAwMDAwMDAwLCJ1cGRhdGUiOjYwMDAwMDAwMDAwMH0sInNjaGVtYV92ZXJzaW9uIjoiMCJ9"
        },
        {
          "index_key": "core_batch",
          "schema_version": 0,
          "attributes": {
            "architectures": [
              "arm64"
            ],
            "arn": "arn:aws:lambda:eu-west-1:971422687659:function:one-journey-genai-coreBatch",
            "code_sha256": "ywXY/odFj+3QiS7jqKT0ctbgeGDm7dsrlbLxOXPHvL4=",
            "code_signing_config_arn": "",
            "dead_letter_config": [],
            "description": "",
            "environment": [
              {
                "variables": {
                  "ACCOUNT_ID": "971422687659",
                  "API_ENDPOINT": "https://d5tcv80br4.execute-api.eu-west-1.amazonaws.com/genai/",
                  "AUDIOS_BUCKET": "one-journey-audiorecord-genai",
                  "CDN_ENDPOINT": "https://d7cnvwmb0wtsp.cloudfront.net/",
                  "COGNITO_USER_POOL": "eu-west-1_M21ToRrBa",
                  "COGNITO_USER_POOL_CLIENT": "2tonlc0fcbruoestl0c4fuj8ts",
                  "CORE_GDS_EVENT_ARN": "arn:aws:lambda:eu-west-1:971422687659:function:one-journey-genai-coreGDSEvent",
                  "CORE_S3_EVENT_ARN": "arn:aws:lambda:eu-west-1:971422687659:function:one-journey-genai-coreS3Event",
                  "CORS_ORIGIN": "*",
                  "DEBUG_LOG": "/aws/one-journey/one-journey-DebugLogs",
                  "DOMAIN_SUFFIX": "one-journey",
                  "DYNAMODB_TABLE_CHANNEL_MESSAGES": "one-journey-channel-messages",
                  "DYNAMODB_TABLE_COMMON_OBJECTS": "one-journey-common-objects",
                  "DYNAMODB_TABLE_COST": "one-journey-cost",
                  "DYNAMODB_TABLE_COUNTERS_STORAGE_CHANNEL": "one-journey-counters-storage-channel",
                  "DYNAMODB_TABLE_EXECUTIONS": "one-journey-executions",
                  "DYNAMODB_TABLE_EXECUTIONS_V5": "one-journey-executions-v5",
                  "DYNAMODB_TABLE_EXECUTIONS_V5_DETAIL": "one-journey-executions-v5-detail",
                  "DYNAMODB_TABLE_EXECUTIONS_V5_GSI_CREATED_AT": "one-journey-executions-v5-gsi-createdAt",
                  "DYNAMODB_TABLE_EXECUTIONS_V5_GSI_UPDATED_AT": "one-journey-executions-v5-gsi-updatedAt",
                  "DYNAMODB_TABLE_MUTEX_LOCK": "one-journey-mutex-lock",
                  "DYNAMODB_TABLE_SESSIONS": "one-journey-sessions",
                  "DYNAMODB_TABLE_STT_OPERATIONS": "one-journey-sttOperations",
                  "DYNAMODB_TABLE_SUSCRIPTIONS": "one-journey-suscriptions",
                  "DYNAMODB_TABLE_WEBSOCKETS_MANAGER": "one-journey-websockets-manager",
                  "DYNAMODB_TABLE_WORKFLOWS_BACKUP": "one-journey-workflows-backup",
                  "DYNAMODB_TABLE_WORKFLOW_CONTEXT": "one-journey-workflow-context",
                  "ERROR_LOG": "/aws/one-journey/one-journey-ErrorLogs",
                  "EVENTBRIDGE_MESSAGE_BUS": "one-journey-messages-bus-genai",
                  "HOSTING_BUCKET": "one-journey-hosting-bucket-genai",
                  "KENDRA_S3_ROLE_ARN": "arn:aws:iam::971422687659:role/OneJourneyKendraS3Role",
                  "KEYS_URL": "https://cognito-idp.eu-west-1.amazonaws.com/eu-west-1_M21ToRrBa/.well-known/jwks.json",
                  "MAIN_CONFIGURATION_ID": "@MAIN_CONFIGURATION",
                  "MAX_CHATGPT_RETRY_REQUEST": "5",
                  "ONE_JOURNEY_DATA_BUCKET": "one-journey-data-bucket-genai",
                  "ONE_JOURNEY_FILES_BUCKET": "one-journey-files-bucket-genai",
                  "PROCESS_TRANSCRIPTION_ARN": "arn:aws:lambda:eu-west-1:971422687659:function:one-journey-genai-processTranscription",
                  "REGION": "eu-west-1",
                  "SQS_BATCH_QUEUE_URL": "https://sqs.eu-west-1.amazonaws.com/971422687659/one-journey-batch-queue-genai",
                  "STAGE": "genai",
                  "STORAGE_PROCESS_LAMBDA_ARN": "arn:aws:lambda:eu-west-1:971422687659:function:one-journey-genai-manageFileStorage",
                  "STT_WEBHOOK_ARN": "arn:aws:lambda:eu-west-1:971422687659:function:one-journey-genai-sttWebhook",
                  "TRANSCRIPTIONS_BUCKET": "one-journey-transcriptions-genai",
                  "USER_POOL_CLIENT_ID": "2tonlc0fcbruoestl0c4fuj8ts",
                  "USER_POOL_ID": "eu-west-1_M21ToRrBa",
                  "VERSION": "v1",
                  "WEBSOCKET_API_ENDPOINT": "wss://mu5nzg1mp2.execute-api.eu-west-1.amazonaws.com/genai/"
                }
              }
            ],
            "ephemeral_storage": [
              {
                "size": 512
              }
            ],
            "file_system_config": [],
            "filename": null,
            "function_name": "one-journey-genai-coreBatch",
            "handler": "./src/api/v1/core/batch/event.handler",
            "id": "one-journey-genai-coreBatch",
            "image_config": [],
            "image_uri": "",
            "invoke_arn": "arn:aws:apigateway:eu-west-1:lambda:path/2015-03-31/functions/arn:aws:lambda:eu-west-1:971422687659:function:one-journey-genai-coreBatch/invocations",
            "kms_key_arn": "",
            "last_modified": "2025-09-29T14:28:37.000+0000",
            "layers": [],
            "logging_config": [
              {
                "application_log_level": "",
                "log_format": "Text",
                "log_group": "/aws/lambda/one-journey-genai-coreBatch",
                "system_log_level": ""
              }
            ],
            "memory_size": 2048,
            "package_type": "Zip",
            "publish": null,
            "qualified_arn": "arn:aws:lambda:eu-west-1:971422687659:function:one-journey-genai-coreBatch:32",
            "qualified_invoke_arn": "arn:aws:apigateway:eu-west-1:lambda:path/2015-03-31/functions/arn:aws:lambda:eu-west-1:971422687659:function:one-journey-genai-coreBatch:32/invocations",
            "replace_security_groups_on_destroy": null,
            "replacement_security_group_ids": null,
            "reserved_concurrent_executions": -1,
            "role": "arn:aws:iam::971422687659:role/one-journey-genai-coreBatch-eu-west-1-lambdaRole",
            "runtime": "nodejs20.x",
            "s3_bucket": null,
            "s3_key": null,
            "s3_object_version": null,
            "signing_job_arn": "",
            "signing_profile_version_arn": "",
            "skip_destroy": false,
            "snap_start": [],
            "source_code_hash": "",
            "source_code_size": 15710256,
            "tags": {
              "STAGE": "genai"
            },
            "tags_all": {
              "STAGE": "genai"
            },
            "timeout": 120,
            "timeouts": null,
            "tracing_config": [
              {
                "mode": "PassThrough"
              }
            ],
            "version": "32",
            "vpc_config": []
          },
          "sensitive_attributes": [],
          "identity_schema_version": 0,
          "private": "eyJlMmJmYjczMC1lY2FhLTExZTYtOGY4OC0zNDM2M2JjN2M0YzAiOnsiY3JlYXRlIjo2MDAwMDAwMDAwMDAsImRlbGV0ZSI6NjAwMDAwMDAwMDAwLCJ1cGRhdGUiOjYwMDAwMDAwMDAwMH0sInNjaGVtYV92ZXJzaW9uIjoiMCJ9"
        },
        {
          "index_key": "core_gds_event",
          "schema_version": 0,
          "attributes": {
            "architectures": [
              "arm64"
            ],
            "arn": "arn:aws:lambda:eu-west-1:971422687659:function:one-journey-genai-coreGDSEvent",
            "code_sha256": "feVBT7+/UYZ+7g4/0z8xQt5ViEfqkZt+rxw2WiWAEAM=",
            "code_signing_config_arn": "",
            "dead_letter_config": [],
            "description": "",
            "environment": [
              {
                "variables": {
                  "ACCOUNT_ID": "971422687659",
                  "API_ENDPOINT": "https://d5tcv80br4.execute-api.eu-west-1.amazonaws.com/genai/",
                  "AUDIOS_BUCKET": "one-journey-audiorecord-genai",
                  "CDN_ENDPOINT": "https://d7cnvwmb0wtsp.cloudfront.net/",
                  "COGNITO_USER_POOL": "eu-west-1_M21ToRrBa",
                  "COGNITO_USER_POOL_CLIENT": "2tonlc0fcbruoestl0c4fuj8ts",
                  "CORE_GDS_EVENT_ARN": "arn:aws:lambda:eu-west-1:971422687659:function:one-journey-genai-coreGDSEvent",
                  "CORE_S3_EVENT_ARN": "arn:aws:lambda:eu-west-1:971422687659:function:one-journey-genai-coreS3Event",
                  "CORS_ORIGIN": "*",
                  "DEBUG_LOG": "/aws/one-journey/one-journey-DebugLogs",
                  "DOMAIN_SUFFIX": "one-journey",
                  "DYNAMODB_TABLE_CHANNEL_MESSAGES": "one-journey-channel-messages",
                  "DYNAMODB_TABLE_COMMON_OBJECTS": "one-journey-common-objects",
                  "DYNAMODB_TABLE_COST": "one-journey-cost",
                  "DYNAMODB_TABLE_COUNTERS_STORAGE_CHANNEL": "one-journey-counters-storage-channel",
                  "DYNAMODB_TABLE_EXECUTIONS": "one-journey-executions",
                  "DYNAMODB_TABLE_EXECUTIONS_V5": "one-journey-executions-v5",
                  "DYNAMODB_TABLE_EXECUTIONS_V5_DETAIL": "one-journey-executions-v5-detail",
                  "DYNAMODB_TABLE_EXECUTIONS_V5_GSI_CREATED_AT": "one-journey-executions-v5-gsi-createdAt",
                  "DYNAMODB_TABLE_EXECUTIONS_V5_GSI_UPDATED_AT": "one-journey-executions-v5-gsi-updatedAt",
                  "DYNAMODB_TABLE_MUTEX_LOCK": "one-journey-mutex-lock",
                  "DYNAMODB_TABLE_SESSIONS": "one-journey-sessions",
                  "DYNAMODB_TABLE_STT_OPERATIONS": "one-journey-sttOperations",
                  "DYNAMODB_TABLE_SUSCRIPTIONS": "one-journey-suscriptions",
                  "DYNAMODB_TABLE_WEBSOCKETS_MANAGER": "one-journey-websockets-manager",
                  "DYNAMODB_TABLE_WORKFLOWS_BACKUP": "one-journey-workflows-backup",
                  "DYNAMODB_TABLE_WORKFLOW_CONTEXT": "one-journey-workflow-context",
                  "ERROR_LOG": "/aws/one-journey/one-journey-ErrorLogs",
                  "EVENTBRIDGE_MESSAGE_BUS": "one-journey-messages-bus-genai",
                  "HOSTING_BUCKET": "one-journey-hosting-bucket-genai",
                  "KENDRA_S3_ROLE_ARN": "arn:aws:iam::971422687659:role/OneJourneyKendraS3Role",
                  "KEYS_URL": "https://cognito-idp.eu-west-1.amazonaws.com/eu-west-1_M21ToRrBa/.well-known/jwks.json",
                  "MAIN_CONFIGURATION_ID": "@MAIN_CONFIGURATION",
                  "MAX_CHATGPT_RETRY_REQUEST": "5",
                  "ONE_JOURNEY_DATA_BUCKET": "one-journey-data-bucket-genai",
                  "ONE_JOURNEY_FILES_BUCKET": "one-journey-files-bucket-genai",
                  "PROCESS_TRANSCRIPTION_ARN": "arn:aws:lambda:eu-west-1:971422687659:function:one-journey-genai-processTranscription",
                  "REGION": "eu-west-1",
                  "SQS_BATCH_QUEUE_URL": "https://sqs.eu-west-1.amazonaws.com/971422687659/one-journey-batch-queue-genai",
                  "STAGE": "genai",
                  "STORAGE_PROCESS_LAMBDA_ARN": "arn:aws:lambda:eu-west-1:971422687659:function:one-journey-genai-manageFileStorage",
                  "STT_WEBHOOK_ARN": "arn:aws:lambda:eu-west-1:971422687659:function:one-journey-genai-sttWebhook",
                  "TRANSCRIPTIONS_BUCKET": "one-journey-transcriptions-genai",
                  "USER_POOL_CLIENT_ID": "2tonlc0fcbruoestl0c4fuj8ts",
                  "USER_POOL_ID": "eu-west-1_M21ToRrBa",
                  "VERSION": "v1",
                  "WEBSOCKET_API_ENDPOINT": "wss://mu5nzg1mp2.execute-api.eu-west-1.amazonaws.com/genai/"
                }
              }
            ],
            "ephemeral_storage": [
              {
                "size": 512
              }
            ],
            "file_system_config": [],
            "filename": null,
            "function_name": "one-journey-genai-coreGDSEvent",
            "handler": "./src/api/v1/core/gds/event.handler",
            "id": "one-journey-genai-coreGDSEvent",
            "image_config": [],
            "image_uri": "",
            "invoke_arn": "arn:aws:apigateway:eu-west-1:lambda:path/2015-03-31/functions/arn:aws:lambda:eu-west-1:971422687659:function:one-journey-genai-coreGDSEvent/invocations",
            "kms_key_arn": "",
            "last_modified": "2025-09-29T14:28:34.000+0000",
            "layers": [
              "arn:aws:lambda:eu-west-1:971422687659:layer:genAILibs:16",
              "arn:aws:lambda:eu-west-1:971422687659:layer:googleStorage:11"
            ],
            "logging_config": [
              {
                "application_log_level": "",
                "log_format": "Text",
                "log_group": "/aws/lambda/one-journey-genai-coreGDSEvent",
                "system_log_level": ""
              }
            ],
            "memory_size": 1536,
            "package_type": "Zip",
            "publish": null,
            "qualified_arn": "arn:aws:lambda:eu-west-1:971422687659:function:one-journey-genai-coreGDSEvent:25",
            "qualified_invoke_arn": "arn:aws:apigateway:eu-west-1:lambda:path/2015-03-31/functions/arn:aws:lambda:eu-west-1:971422687659:function:one-journey-genai-coreGDSEvent:25/invocations",
            "replace_security_groups_on_destroy": null,
            "replacement_security_group_ids": null,
            "reserved_concurrent_executions": -1,
            "role": "arn:aws:iam::971422687659:role/one-journey-genai-coreGDSEvent-eu-west-1-lambdaRole",
            "runtime": "nodejs20.x",
            "s3_bucket": null,
            "s3_key": null,
            "s3_object_version": null,
            "signing_job_arn": "",
            "signing_profile_version_arn": "",
            "skip_destroy": false,
            "snap_start": [],
            "source_code_hash": "",
            "source_code_size": 15700201,
            "tags": {
              "STAGE": "genai"
            },
            "tags_all": {
              "STAGE": "genai"
            },
            "timeout": 6,
            "timeouts": null,
            "tracing_config": [
              {
                "mode": "PassThrough"
              }
            ],
            "version": "25",
            "vpc_config": []
          },
          "sensitive_attributes": [],
          "identity_schema_version": 0,
          "private": "eyJlMmJmYjczMC1lY2FhLTExZTYtOGY4OC0zNDM2M2JjN2M0YzAiOnsiY3JlYXRlIjo2MDAwMDAwMDAwMDAsImRlbGV0ZSI6NjAwMDAwMDAwMDAwLCJ1cGRhdGUiOjYwMDAwMDAwMDAwMH0sInNjaGVtYV92ZXJzaW9uIjoiMCJ9"
        },
        {
          "index_key": "core_heap_node",
          "schema_version": 0,
          "attributes": {
            "architectures": [
              "arm64"
            ],
            "arn": "arn:aws:lambda:eu-west-1:971422687659:function:one-journey-genai-coreHeapNode",
            "code_sha256": "O/j5+opX59AUdDQVo1xFaTn837XLhUYU0+JeXUPlwgk=",
            "code_signing_config_arn": "",
            "dead_letter_config": [],
            "description": "",
            "environment": [
              {
                "variables": {
                  "ACCOUNT_ID": "971422687659",
                  "API_ENDPOINT": "https://d5tcv80br4.execute-api.eu-west-1.amazonaws.com/genai/",
                  "AUDIOS_BUCKET": "one-journey-audiorecord-genai",
                  "CDN_ENDPOINT": "https://d7cnvwmb0wtsp.cloudfront.net/",
                  "COGNITO_USER_POOL": "eu-west-1_M21ToRrBa",
                  "COGNITO_USER_POOL_CLIENT": "2tonlc0fcbruoestl0c4fuj8ts",
                  "CORE_GDS_EVENT_ARN": "arn:aws:lambda:eu-west-1:971422687659:function:one-journey-genai-coreGDSEvent",
                  "CORE_S3_EVENT_ARN": "arn:aws:lambda:eu-west-1:971422687659:function:one-journey-genai-coreS3Event",
                  "CORS_ORIGIN": "*",
                  "DEBUG_LOG": "/aws/one-journey/one-journey-DebugLogs",
                  "DOMAIN_SUFFIX": "one-journey",
                  "DYNAMODB_TABLE_CHANNEL_MESSAGES": "one-journey-channel-messages",
                  "DYNAMODB_TABLE_COMMON_OBJECTS": "one-journey-common-objects",
                  "DYNAMODB_TABLE_COST": "one-journey-cost",
                  "DYNAMODB_TABLE_COUNTERS_STORAGE_CHANNEL": "one-journey-counters-storage-channel",
                  "DYNAMODB_TABLE_EXECUTIONS": "one-journey-executions",
                  "DYNAMODB_TABLE_EXECUTIONS_V5": "one-journey-executions-v5",
                  "DYNAMODB_TABLE_EXECUTIONS_V5_DETAIL": "one-journey-executions-v5-detail",
                  "DYNAMODB_TABLE_EXECUTIONS_V5_GSI_CREATED_AT": "one-journey-executions-v5-gsi-createdAt",
                  "DYNAMODB_TABLE_EXECUTIONS_V5_GSI_UPDATED_AT": "one-journey-executions-v5-gsi-updatedAt",
                  "DYNAMODB_TABLE_MUTEX_LOCK": "one-journey-mutex-lock",
                  "DYNAMODB_TABLE_SESSIONS": "one-journey-sessions",
                  "DYNAMODB_TABLE_STT_OPERATIONS": "one-journey-sttOperations",
                  "DYNAMODB_TABLE_SUSCRIPTIONS": "one-journey-suscriptions",
                  "DYNAMODB_TABLE_WEBSOCKETS_MANAGER": "one-journey-websockets-manager",
                  "DYNAMODB_TABLE_WORKFLOWS_BACKUP": "one-journey-workflows-backup",
                  "DYNAMODB_TABLE_WORKFLOW_CONTEXT": "one-journey-workflow-context",
                  "ERROR_LOG": "/aws/one-journey/one-journey-ErrorLogs",
                  "EVENTBRIDGE_MESSAGE_BUS": "one-journey-messages-bus-genai",
                  "HOSTING_BUCKET": "one-journey-hosting-bucket-genai",
                  "KENDRA_S3_ROLE_ARN": "arn:aws:iam::971422687659:role/OneJourneyKendraS3Role",
                  "KEYS_URL": "https://cognito-idp.eu-west-1.amazonaws.com/eu-west-1_M21ToRrBa/.well-known/jwks.json",
                  "MAIN_CONFIGURATION_ID": "@MAIN_CONFIGURATION",
                  "MAX_CHATGPT_RETRY_REQUEST": "5",
                  "ONE_JOURNEY_DATA_BUCKET": "one-journey-data-bucket-genai",
                  "ONE_JOURNEY_FILES_BUCKET": "one-journey-files-bucket-genai",
                  "PROCESS_TRANSCRIPTION_ARN": "arn:aws:lambda:eu-west-1:971422687659:function:one-journey-genai-processTranscription",
                  "REGION": "eu-west-1",
                  "SQS_BATCH_QUEUE_URL": "https://sqs.eu-west-1.amazonaws.com/971422687659/one-journey-batch-queue-genai",
                  "STAGE": "genai",
                  "STORAGE_PROCESS_LAMBDA_ARN": "arn:aws:lambda:eu-west-1:971422687659:function:one-journey-genai-manageFileStorage",
                  "STT_WEBHOOK_ARN": "arn:aws:lambda:eu-west-1:971422687659:function:one-journey-genai-sttWebhook",
                  "TRANSCRIPTIONS_BUCKET": "one-journey-transcriptions-genai",
                  "USER_POOL_CLIENT_ID": "2tonlc0fcbruoestl0c4fuj8ts",
                  "USER_POOL_ID": "eu-west-1_M21ToRrBa",
                  "VERSION": "v1",
                  "WEBSOCKET_API_ENDPOINT": "wss://mu5nzg1mp2.execute-api.eu-west-1.amazonaws.com/genai/"
                }
              }
            ],
            "ephemeral_storage": [
              {
                "size": 512
              }
            ],
            "file_system_config": [],
            "filename": null,
            "function_name": "one-journey-genai-coreHeapNode",
            "handler": "./src/api/v1/core/heap/event.handler",
            "id": "one-journey-genai-coreHeapNode",
            "image_config": [],
            "image_uri": "",
            "invoke_arn": "arn:aws:apigateway:eu-west-1:lambda:path/2015-03-31/functions/arn:aws:lambda:eu-west-1:971422687659:function:one-journey-genai-coreHeapNode/invocations",
            "kms_key_arn": "",
            "last_modified": "2025-09-29T14:28:37.000+0000",
            "layers": [],
            "logging_config": [
              {
                "application_log_level": "",
                "log_format": "Text",
                "log_group": "/aws/lambda/one-journey-genai-coreHeapNode",
                "system_log_level": ""
              }
            ],
            "memory_size": 1536,
            "package_type": "Zip",
            "publish": null,
            "qualified_arn": "arn:aws:lambda:eu-west-1:971422687659:function:one-journey-genai-coreHeapNode:30",
            "qualified_invoke_arn": "arn:aws:apigateway:eu-west-1:lambda:path/2015-03-31/functions/arn:aws:lambda:eu-west-1:971422687659:function:one-journey-genai-coreHeapNode:30/invocations",
            "replace_security_groups_on_destroy": null,
            "replacement_security_group_ids": null,
            "reserved_concurrent_executions": -1,
            "role": "arn:aws:iam::971422687659:role/one-journey-genai-coreHeapNode-eu-west-1-lambdaRole",
            "runtime": "nodejs20.x",
            "s3_bucket": null,
            "s3_key": null,
            "s3_object_version": null,
            "signing_job_arn": "",
            "signing_profile_version_arn": "",
            "skip_destroy": false,
            "snap_start": [],
            "source_code_hash": "",
            "source_code_size": 15695830,
            "tags": {
              "STAGE": "genai"
            },
            "tags_all": {
              "STAGE": "genai"
            },
            "timeout": 6,
            "timeouts": null,
            "tracing_config": [
              {
                "mode": "PassThrough"
              }
            ],
            "version": "30",
            "vpc_config": []
          },
          "sensitive_attributes": [],
          "identity_schema_version": 0,
          "private": "eyJlMmJmYjczMC1lY2FhLTExZTYtOGY4OC0zNDM2M2JjN2M0YzAiOnsiY3JlYXRlIjo2MDAwMDAwMDAwMDAsImRlbGV0ZSI6NjAwMDAwMDAwMDAwLCJ1cGRhdGUiOjYwMDAwMDAwMDAwMH0sInNjaGVtYV92ZXJzaW9uIjoiMCJ9"
        },
        {
          "index_key": "core_s3_event",
          "schema_version": 0,
          "attributes": {
            "architectures": [
              "arm64"
            ],
            "arn": "arn:aws:lambda:eu-west-1:971422687659:function:one-journey-genai-coreS3Event",
            "code_sha256": "/Xz/H7UHQRmQDtF50lkov5bnQf4bfAyS5jG8Zxk1NHo=",
            "code_signing_config_arn": "",
            "dead_letter_config": [],
            "description": "",
            "environment": [
              {
                "variables": {
                  "ACCOUNT_ID": "971422687659",
                  "API_ENDPOINT": "https://d5tcv80br4.execute-api.eu-west-1.amazonaws.com/genai/",
                  "AUDIOS_BUCKET": "one-journey-audiorecord-genai",
                  "CDN_ENDPOINT": "https://d7cnvwmb0wtsp.cloudfront.net/",
                  "COGNITO_USER_POOL": "eu-west-1_M21ToRrBa",
                  "COGNITO_USER_POOL_CLIENT": "2tonlc0fcbruoestl0c4fuj8ts",
                  "CORE_GDS_EVENT_ARN": "arn:aws:lambda:eu-west-1:971422687659:function:one-journey-genai-coreGDSEvent",
                  "CORE_S3_EVENT_ARN": "arn:aws:lambda:eu-west-1:971422687659:function:one-journey-genai-coreS3Event",
                  "CORS_ORIGIN": "*",
                  "DEBUG_LOG": "/aws/one-journey/one-journey-DebugLogs",
                  "DOMAIN_SUFFIX": "one-journey",
                  "DYNAMODB_TABLE_CHANNEL_MESSAGES": "one-journey-channel-messages",
                  "DYNAMODB_TABLE_COMMON_OBJECTS": "one-journey-common-objects",
                  "DYNAMODB_TABLE_COST": "one-journey-cost",
                  "DYNAMODB_TABLE_COUNTERS_STORAGE_CHANNEL": "one-journey-counters-storage-channel",
                  "DYNAMODB_TABLE_EXECUTIONS": "one-journey-executions",
                  "DYNAMODB_TABLE_EXECUTIONS_V5": "one-journey-executions-v5",
                  "DYNAMODB_TABLE_EXECUTIONS_V5_DETAIL": "one-journey-executions-v5-detail",
                  "DYNAMODB_TABLE_EXECUTIONS_V5_GSI_CREATED_AT": "one-journey-executions-v5-gsi-createdAt",
                  "DYNAMODB_TABLE_EXECUTIONS_V5_GSI_UPDATED_AT": "one-journey-executions-v5-gsi-updatedAt",
                  "DYNAMODB_TABLE_MUTEX_LOCK": "one-journey-mutex-lock",
                  "DYNAMODB_TABLE_SESSIONS": "one-journey-sessions",
                  "DYNAMODB_TABLE_STT_OPERATIONS": "one-journey-sttOperations",
                  "DYNAMODB_TABLE_SUSCRIPTIONS": "one-journey-suscriptions",
                  "DYNAMODB_TABLE_WEBSOCKETS_MANAGER": "one-journey-websockets-manager",
                  "DYNAMODB_TABLE_WORKFLOWS_BACKUP": "one-journey-workflows-backup",
                  "DYNAMODB_TABLE_WORKFLOW_CONTEXT": "one-journey-workflow-context",
                  "ERROR_LOG": "/aws/one-journey/one-journey-ErrorLogs",
                  "EVENTBRIDGE_MESSAGE_BUS": "one-journey-messages-bus-genai",
                  "HOSTING_BUCKET": "one-journey-hosting-bucket-genai",
                  "KENDRA_S3_ROLE_ARN": "arn:aws:iam::971422687659:role/OneJourneyKendraS3Role",
                  "KEYS_URL": "https://cognito-idp.eu-west-1.amazonaws.com/eu-west-1_M21ToRrBa/.well-known/jwks.json",
                  "MAIN_CONFIGURATION_ID": "@MAIN_CONFIGURATION",
                  "MAX_CHATGPT_RETRY_REQUEST": "5",
                  "ONE_JOURNEY_DATA_BUCKET": "one-journey-data-bucket-genai",
                  "ONE_JOURNEY_FILES_BUCKET": "one-journey-files-bucket-genai",
                  "PROCESS_TRANSCRIPTION_ARN": "arn:aws:lambda:eu-west-1:971422687659:function:one-journey-genai-processTranscription",
                  "REGION": "eu-west-1",
                  "SQS_BATCH_QUEUE_URL": "https://sqs.eu-west-1.amazonaws.com/971422687659/one-journey-batch-queue-genai",
                  "STAGE": "genai",
                  "STORAGE_PROCESS_LAMBDA_ARN": "arn:aws:lambda:eu-west-1:971422687659:function:one-journey-genai-manageFileStorage",
                  "STT_WEBHOOK_ARN": "arn:aws:lambda:eu-west-1:971422687659:function:one-journey-genai-sttWebhook",
                  "TRANSCRIPTIONS_BUCKET": "one-journey-transcriptions-genai",
                  "USER_POOL_CLIENT_ID": "2tonlc0fcbruoestl0c4fuj8ts",
                  "USER_POOL_ID": "eu-west-1_M21ToRrBa",
                  "VERSION": "v1",
                  "WEBSOCKET_API_ENDPOINT": "wss://mu5nzg1mp2.execute-api.eu-west-1.amazonaws.com/genai/"
                }
              }
            ],
            "ephemeral_storage": [
              {
                "size": 512
              }
            ],
            "file_system_config": [],
            "filename": null,
            "function_name": "one-journey-genai-coreS3Event",
            "handler": "./src/api/v1/core/s3/event.handler",
            "id": "one-journey-genai-coreS3Event",
            "image_config": [],
            "image_uri": "",
            "invoke_arn": "arn:aws:apigateway:eu-west-1:lambda:path/2015-03-31/functions/arn:aws:lambda:eu-west-1:971422687659:function:one-journey-genai-coreS3Event/invocations",
            "kms_key_arn": "",
            "last_modified": "2025-09-29T14:28:34.000+0000",
            "layers": [
              "arn:aws:lambda:eu-west-1:971422687659:layer:genAILibs:16",
              "arn:aws:lambda:eu-west-1:971422687659:layer:googleStorage:11"
            ],
            "logging_config": [
              {
                "application_log_level": "",
                "log_format": "Text",
                "log_group": "/aws/lambda/one-journey-genai-coreS3Event",
                "system_log_level": ""
              }
            ],
            "memory_size": 1536,
            "package_type": "Zip",
            "publish": null,
            "qualified_arn": "arn:aws:lambda:eu-west-1:971422687659:function:one-journey-genai-coreS3Event:32",
            "qualified_invoke_arn": "arn:aws:apigateway:eu-west-1:lambda:path/2015-03-31/functions/arn:aws:lambda:eu-west-1:971422687659:function:one-journey-genai-coreS3Event:32/invocations",
            "replace_security_groups_on_destroy": null,
            "replacement_security_group_ids": null,
            "reserved_concurrent_executions": -1,
            "role": "arn:aws:iam::971422687659:role/one-journey-genai-coreS3Event-eu-west-1-lambdaRole",
            "runtime": "nodejs20.x",
            "s3_bucket": null,
            "s3_key": null,
            "s3_object_version": null,
            "signing_job_arn": "",
            "signing_profile_version_arn": "",
            "skip_destroy": false,
            "snap_start": [],
            "source_code_hash": "",
            "source_code_size": 15703569,
            "tags": {
              "STAGE": "genai"
            },
            "tags_all": {
              "STAGE": "genai"
            },
            "timeout": 6,
            "timeouts": null,
            "tracing_config": [
              {
                "mode": "PassThrough"
              }
            ],
            "version": "32",
            "vpc_config": []
          },
          "sensitive_attributes": [],
          "identity_schema_version": 0,
          "private": "eyJlMmJmYjczMC1lY2FhLTExZTYtOGY4OC0zNDM2M2JjN2M0YzAiOnsiY3JlYXRlIjo2MDAwMDAwMDAwMDAsImRlbGV0ZSI6NjAwMDAwMDAwMDAwLCJ1cGRhdGUiOjYwMDAwMDAwMDAwMH0sInNjaGVtYV92ZXJzaW9uIjoiMCJ9"
        },
        {
          "index_key": "core_set_choice_node",
          "schema_version": 0,
          "attributes": {
            "architectures": [
              "arm64"
            ],
            "arn": "arn:aws:lambda:eu-west-1:971422687659:function:one-journey-genai-coreSetChoiceNode",
            "code_sha256": "0h/YtKYgeT8zaDbif/UldsLxM/15gcbIq0E/5O33+FY=",
            "code_signing_config_arn": "",
            "dead_letter_config": [],
            "description": "",
            "environment": [
              {
                "variables": {
                  "ACCOUNT_ID": "971422687659",
                  "API_ENDPOINT": "https://d5tcv80br4.execute-api.eu-west-1.amazonaws.com/genai/",
                  "AUDIOS_BUCKET": "one-journey-audiorecord-genai",
                  "CDN_ENDPOINT": "https://d7cnvwmb0wtsp.cloudfront.net/",
                  "COGNITO_USER_POOL": "eu-west-1_M21ToRrBa",
                  "COGNITO_USER_POOL_CLIENT": "2tonlc0fcbruoestl0c4fuj8ts",
                  "CORE_GDS_EVENT_ARN": "arn:aws:lambda:eu-west-1:971422687659:function:one-journey-genai-coreGDSEvent",
                  "CORE_S3_EVENT_ARN": "arn:aws:lambda:eu-west-1:971422687659:function:one-journey-genai-coreS3Event",
                  "CORS_ORIGIN": "*",
                  "DEBUG_LOG": "/aws/one-journey/one-journey-DebugLogs",
                  "DOMAIN_SUFFIX": "one-journey",
                  "DYNAMODB_TABLE_CHANNEL_MESSAGES": "one-journey-channel-messages",
                  "DYNAMODB_TABLE_COMMON_OBJECTS": "one-journey-common-objects",
                  "DYNAMODB_TABLE_COST": "one-journey-cost",
                  "DYNAMODB_TABLE_COUNTERS_STORAGE_CHANNEL": "one-journey-counters-storage-channel",
                  "DYNAMODB_TABLE_EXECUTIONS": "one-journey-executions",
                  "DYNAMODB_TABLE_EXECUTIONS_V5": "one-journey-executions-v5",
                  "DYNAMODB_TABLE_EXECUTIONS_V5_DETAIL": "one-journey-executions-v5-detail",
                  "DYNAMODB_TABLE_EXECUTIONS_V5_GSI_CREATED_AT": "one-journey-executions-v5-gsi-createdAt",
                  "DYNAMODB_TABLE_EXECUTIONS_V5_GSI_UPDATED_AT": "one-journey-executions-v5-gsi-updatedAt",
                  "DYNAMODB_TABLE_MUTEX_LOCK": "one-journey-mutex-lock",
                  "DYNAMODB_TABLE_SESSIONS": "one-journey-sessions",
                  "DYNAMODB_TABLE_STT_OPERATIONS": "one-journey-sttOperations",
                  "DYNAMODB_TABLE_SUSCRIPTIONS": "one-journey-suscriptions",
                  "DYNAMODB_TABLE_WEBSOCKETS_MANAGER": "one-journey-websockets-manager",
                  "DYNAMODB_TABLE_WORKFLOWS_BACKUP": "one-journey-workflows-backup",
                  "DYNAMODB_TABLE_WORKFLOW_CONTEXT": "one-journey-workflow-context",
                  "ERROR_LOG": "/aws/one-journey/one-journey-ErrorLogs",
                  "EVENTBRIDGE_MESSAGE_BUS": "one-journey-messages-bus-genai",
                  "HOSTING_BUCKET": "one-journey-hosting-bucket-genai",
                  "KENDRA_S3_ROLE_ARN": "arn:aws:iam::971422687659:role/OneJourneyKendraS3Role",
                  "KEYS_URL": "https://cognito-idp.eu-west-1.amazonaws.com/eu-west-1_M21ToRrBa/.well-known/jwks.json",
                  "MAIN_CONFIGURATION_ID": "@MAIN_CONFIGURATION",
                  "MAX_CHATGPT_RETRY_REQUEST": "5",
                  "ONE_JOURNEY_DATA_BUCKET": "one-journey-data-bucket-genai",
                  "ONE_JOURNEY_FILES_BUCKET": "one-journey-files-bucket-genai",
                  "PROCESS_TRANSCRIPTION_ARN": "arn:aws:lambda:eu-west-1:971422687659:function:one-journey-genai-processTranscription",
                  "REGION": "eu-west-1",
                  "SQS_BATCH_QUEUE_URL": "https://sqs.eu-west-1.amazonaws.com/971422687659/one-journey-batch-queue-genai",
                  "STAGE": "genai",
                  "STORAGE_PROCESS_LAMBDA_ARN": "arn:aws:lambda:eu-west-1:971422687659:function:one-journey-genai-manageFileStorage",
                  "STT_WEBHOOK_ARN": "arn:aws:lambda:eu-west-1:971422687659:function:one-journey-genai-sttWebhook",
                  "TRANSCRIPTIONS_BUCKET": "one-journey-transcriptions-genai",
                  "USER_POOL_CLIENT_ID": "2tonlc0fcbruoestl0c4fuj8ts",
                  "USER_POOL_ID": "eu-west-1_M21ToRrBa",
                  "VERSION": "v1",
                  "WEBSOCKET_API_ENDPOINT": "wss://mu5nzg1mp2.execute-api.eu-west-1.amazonaws.com/genai/"
                }
              }
            ],
            "ephemeral_storage": [
              {
                "size": 512
              }
            ],
            "file_system_config": [],
            "filename": null,
            "function_name": "one-journey-genai-coreSetChoiceNode",
            "handler": "./src/api/v1/core/choice/event.handler",
            "id": "one-journey-genai-coreSetChoiceNode",
            "image_config": [],
            "image_uri": "",
            "invoke_arn": "arn:aws:apigateway:eu-west-1:lambda:path/2015-03-31/functions/arn:aws:lambda:eu-west-1:971422687659:function:one-journey-genai-coreSetChoiceNode/invocations",
            "kms_key_arn": "",
            "last_modified": "2025-09-29T14:28:38.000+0000",
            "layers": [],
            "logging_config": [
              {
                "application_log_level": "",
                "log_format": "Text",
                "log_group": "/aws/lambda/one-journey-genai-coreSetChoiceNode",
                "system_log_level": ""
              }
            ],
            "memory_size": 1536,
            "package_type": "Zip",
            "publish": null,
            "qualified_arn": "arn:aws:lambda:eu-west-1:971422687659:function:one-journey-genai-coreSetChoiceNode:30",
            "qualified_invoke_arn": "arn:aws:apigateway:eu-west-1:lambda:path/2015-03-31/functions/arn:aws:lambda:eu-west-1:971422687659:function:one-journey-genai-coreSetChoiceNode:30/invocations",
            "replace_security_groups_on_destroy": null,
            "replacement_security_group_ids": null,
            "reserved_concurrent_executions": -1,
            "role": "arn:aws:iam::971422687659:role/one-journey-genai-coreSetChoiceNode-eu-west-1-lambdaRole",
            "runtime": "nodejs20.x",
            "s3_bucket": null,
            "s3_key": null,
            "s3_object_version": null,
            "signing_job_arn": "",
            "signing_profile_version_arn": "",
            "skip_destroy": false,
            "snap_start": [],
            "source_code_hash": "",
            "source_code_size": 15695386,
            "tags": {
              "STAGE": "genai"
            },
            "tags_all": {
              "STAGE": "genai"
            },
            "timeout": 6,
            "timeouts": null,
            "tracing_config": [
              {
                "mode": "PassThrough"
              }
            ],
            "version": "30",
            "vpc_config": []
          },
          "sensitive_attributes": [],
          "identity_schema_version": 0,
          "private": "eyJlMmJmYjczMC1lY2FhLTExZTYtOGY4OC0zNDM2M2JjN2M0YzAiOnsiY3JlYXRlIjo2MDAwMDAwMDAwMDAsImRlbGV0ZSI6NjAwMDAwMDAwMDAwLCJ1cGRhdGUiOjYwMDAwMDAwMDAwMH0sInNjaGVtYV92ZXJzaW9uIjoiMCJ9"
        },
        {
          "index_key": "core_warm",
          "schema_version": 0,
          "attributes": {
            "architectures": [
              "arm64"
            ],
            "arn": "arn:aws:lambda:eu-west-1:971422687659:function:one-journey-genai-coreWarm",
            "code_sha256": "m4abvb9PizvsYPI1G18t5jfj84yd01XSgiAd54dX0Ms=",
            "code_signing_config_arn": "",
            "dead_letter_config": [],
            "description": "",
            "environment": [
              {
                "variables": {
                  "ACCOUNT_ID": "971422687659",
                  "API_ENDPOINT": "https://d5tcv80br4.execute-api.eu-west-1.amazonaws.com/genai/",
                  "AUDIOS_BUCKET": "one-journey-audiorecord-genai",
                  "CDN_ENDPOINT": "https://d7cnvwmb0wtsp.cloudfront.net/",
                  "COGNITO_USER_POOL": "eu-west-1_M21ToRrBa",
                  "COGNITO_USER_POOL_CLIENT": "2tonlc0fcbruoestl0c4fuj8ts",
                  "CORE_GDS_EVENT_ARN": "arn:aws:lambda:eu-west-1:971422687659:function:one-journey-genai-coreGDSEvent",
                  "CORE_S3_EVENT_ARN": "arn:aws:lambda:eu-west-1:971422687659:function:one-journey-genai-coreS3Event",
                  "CORS_ORIGIN": "*",
                  "DEBUG_LOG": "/aws/one-journey/one-journey-DebugLogs",
                  "DOMAIN_SUFFIX": "one-journey",
                  "DYNAMODB_TABLE_CHANNEL_MESSAGES": "one-journey-channel-messages",
                  "DYNAMODB_TABLE_COMMON_OBJECTS": "one-journey-common-objects",
                  "DYNAMODB_TABLE_COST": "one-journey-cost",
                  "DYNAMODB_TABLE_COUNTERS_STORAGE_CHANNEL": "one-journey-counters-storage-channel",
                  "DYNAMODB_TABLE_EXECUTIONS": "one-journey-executions",
                  "DYNAMODB_TABLE_EXECUTIONS_V5": "one-journey-executions-v5",
                  "DYNAMODB_TABLE_EXECUTIONS_V5_DETAIL": "one-journey-executions-v5-detail",
                  "DYNAMODB_TABLE_EXECUTIONS_V5_GSI_CREATED_AT": "one-journey-executions-v5-gsi-createdAt",
                  "DYNAMODB_TABLE_EXECUTIONS_V5_GSI_UPDATED_AT": "one-journey-executions-v5-gsi-updatedAt",
                  "DYNAMODB_TABLE_MUTEX_LOCK": "one-journey-mutex-lock",
                  "DYNAMODB_TABLE_SESSIONS": "one-journey-sessions",
                  "DYNAMODB_TABLE_STT_OPERATIONS": "one-journey-sttOperations",
                  "DYNAMODB_TABLE_SUSCRIPTIONS": "one-journey-suscriptions",
                  "DYNAMODB_TABLE_WEBSOCKETS_MANAGER": "one-journey-websockets-manager",
                  "DYNAMODB_TABLE_WORKFLOWS_BACKUP": "one-journey-workflows-backup",
                  "DYNAMODB_TABLE_WORKFLOW_CONTEXT": "one-journey-workflow-context",
                  "ERROR_LOG": "/aws/one-journey/one-journey-ErrorLogs",
                  "EVENTBRIDGE_MESSAGE_BUS": "one-journey-messages-bus-genai",
                  "HOSTING_BUCKET": "one-journey-hosting-bucket-genai",
                  "KENDRA_S3_ROLE_ARN": "arn:aws:iam::971422687659:role/OneJourneyKendraS3Role",
                  "KEYS_URL": "https://cognito-idp.eu-west-1.amazonaws.com/eu-west-1_M21ToRrBa/.well-known/jwks.json",
                  "MAIN_CONFIGURATION_ID": "@MAIN_CONFIGURATION",
                  "MAX_CHATGPT_RETRY_REQUEST": "5",
                  "ONE_JOURNEY_DATA_BUCKET": "one-journey-data-bucket-genai",
                  "ONE_JOURNEY_FILES_BUCKET": "one-journey-files-bucket-genai",
                  "PROCESS_TRANSCRIPTION_ARN": "arn:aws:lambda:eu-west-1:971422687659:function:one-journey-genai-processTranscription",
                  "REGION": "eu-west-1",
                  "SQS_BATCH_QUEUE_URL": "https://sqs.eu-west-1.amazonaws.com/971422687659/one-journey-batch-queue-genai",
                  "STAGE": "genai",
                  "STORAGE_PROCESS_LAMBDA_ARN": "arn:aws:lambda:eu-west-1:971422687659:function:one-journey-genai-manageFileStorage",
                  "STT_WEBHOOK_ARN": "arn:aws:lambda:eu-west-1:971422687659:function:one-journey-genai-sttWebhook",
                  "TRANSCRIPTIONS_BUCKET": "one-journey-transcriptions-genai",
                  "USER_POOL_CLIENT_ID": "2tonlc0fcbruoestl0c4fuj8ts",
                  "USER_POOL_ID": "eu-west-1_M21ToRrBa",
                  "VERSION": "v1",
                  "WEBSOCKET_API_ENDPOINT": "wss://mu5nzg1mp2.execute-api.eu-west-1.amazonaws.com/genai/"
                }
              }
            ],
            "ephemeral_storage": [
              {
                "size": 512
              }
            ],
            "file_system_config": [],
            "filename": null,
            "function_name": "one-journey-genai-coreWarm",
            "handler": "./src/api/v1/core/warm/event.handler",
            "id": "one-journey-genai-coreWarm",
            "image_config": [],
            "image_uri": "",
            "invoke_arn": "arn:aws:apigateway:eu-west-1:lambda:path/2015-03-31/functions/arn:aws:lambda:eu-west-1:971422687659:function:one-journey-genai-coreWarm/invocations",
            "kms_key_arn": "",
            "last_modified": "2025-09-29T14:28:34.000+0000",
            "layers": [],
            "logging_config": [
              {
                "application_log_level": "",
                "log_format": "Text",
                "log_group": "/aws/lambda/one-journey-genai-coreWarm",
                "system_log_level": ""
              }
            ],
            "memory_size": 512,
            "package_type": "Zip",
            "publish": null,
            "qualified_arn": "arn:aws:lambda:eu-west-1:971422687659:function:one-journey-genai-coreWarm:30",
            "qualified_invoke_arn": "arn:aws:apigateway:eu-west-1:lambda:path/2015-03-31/functions/arn:aws:lambda:eu-west-1:971422687659:function:one-journey-genai-coreWarm:30/invocations",
            "replace_security_groups_on_destroy": null,
            "replacement_security_group_ids": null,
            "reserved_concurrent_executions": -1,
            "role": "arn:aws:iam::971422687659:role/one-journey-genai-coreWarm-eu-west-1-lambdaRole",
            "runtime": "nodejs20.x",
            "s3_bucket": null,
            "s3_key": null,
            "s3_object_version": null,
            "signing_job_arn": "",
            "signing_profile_version_arn": "",
            "skip_destroy": false,
            "snap_start": [],
            "source_code_hash": "",
            "source_code_size": 15695356,
            "tags": {
              "STAGE": "genai"
            },
            "tags_all": {
              "STAGE": "genai"
            },
            "timeout": 6,
            "timeouts": null,
            "tracing_config": [
              {
                "mode": "PassThrough"
              }
            ],
            "version": "30",
            "vpc_config": []
          },
          "sensitive_attributes": [],
          "identity_schema_version": 0,
          "private": "eyJlMmJmYjczMC1lY2FhLTExZTYtOGY4OC0zNDM2M2JjN2M0YzAiOnsiY3JlYXRlIjo2MDAwMDAwMDAwMDAsImRlbGV0ZSI6NjAwMDAwMDAwMDAwLCJ1cGRhdGUiOjYwMDAwMDAwMDAwMH0sInNjaGVtYV92ZXJzaW9uIjoiMCJ9"
        },
        {
          "index_key": "costs",
          "schema_version": 0,
          "attributes": {
            "architectures": [
              "arm64"
            ],
            "arn": "arn:aws:lambda:eu-west-1:971422687659:function:one-journey-genai-costs",
            "code_sha256": "GQPok9zIiG4XuulGyiT02Hto8p9DDbFw0QsdQtKzdwY=",
            "code_signing_config_arn": "",
            "dead_letter_config": [],
            "description": "",
            "environment": [
              {
                "variables": {
                  "ACCOUNT_ID": "971422687659",
                  "API_ENDPOINT": "https://d5tcv80br4.execute-api.eu-west-1.amazonaws.com/genai/",
                  "AUDIOS_BUCKET": "one-journey-audiorecord-genai",
                  "CDN_ENDPOINT": "https://d7cnvwmb0wtsp.cloudfront.net/",
                  "COGNITO_USER_POOL": "eu-west-1_M21ToRrBa",
                  "COGNITO_USER_POOL_CLIENT": "2tonlc0fcbruoestl0c4fuj8ts",
                  "CORE_GDS_EVENT_ARN": "arn:aws:lambda:eu-west-1:971422687659:function:one-journey-genai-coreGDSEvent",
                  "CORE_S3_EVENT_ARN": "arn:aws:lambda:eu-west-1:971422687659:function:one-journey-genai-coreS3Event",
                  "CORS_ORIGIN": "*",
                  "DEBUG_LOG": "/aws/one-journey/one-journey-DebugLogs",
                  "DOMAIN_SUFFIX": "one-journey",
                  "DYNAMODB_TABLE_CHANNEL_MESSAGES": "one-journey-channel-messages",
                  "DYNAMODB_TABLE_COMMON_OBJECTS": "one-journey-common-objects",
                  "DYNAMODB_TABLE_COST": "one-journey-cost",
                  "DYNAMODB_TABLE_COUNTERS_STORAGE_CHANNEL": "one-journey-counters-storage-channel",
                  "DYNAMODB_TABLE_EXECUTIONS": "one-journey-executions",
                  "DYNAMODB_TABLE_EXECUTIONS_V5": "one-journey-executions-v5",
                  "DYNAMODB_TABLE_EXECUTIONS_V5_DETAIL": "one-journey-executions-v5-detail",
                  "DYNAMODB_TABLE_EXECUTIONS_V5_GSI_CREATED_AT": "one-journey-executions-v5-gsi-createdAt",
                  "DYNAMODB_TABLE_EXECUTIONS_V5_GSI_UPDATED_AT": "one-journey-executions-v5-gsi-updatedAt",
                  "DYNAMODB_TABLE_MUTEX_LOCK": "one-journey-mutex-lock",
                  "DYNAMODB_TABLE_SESSIONS": "one-journey-sessions",
                  "DYNAMODB_TABLE_STT_OPERATIONS": "one-journey-sttOperations",
                  "DYNAMODB_TABLE_SUSCRIPTIONS": "one-journey-suscriptions",
                  "DYNAMODB_TABLE_WEBSOCKETS_MANAGER": "one-journey-websockets-manager",
                  "DYNAMODB_TABLE_WORKFLOWS_BACKUP": "one-journey-workflows-backup",
                  "DYNAMODB_TABLE_WORKFLOW_CONTEXT": "one-journey-workflow-context",
                  "ERROR_LOG": "/aws/one-journey/one-journey-ErrorLogs",
                  "EVENTBRIDGE_MESSAGE_BUS": "one-journey-messages-bus-genai",
                  "HOSTING_BUCKET": "one-journey-hosting-bucket-genai",
                  "KENDRA_S3_ROLE_ARN": "arn:aws:iam::971422687659:role/OneJourneyKendraS3Role",
                  "KEYS_URL": "https://cognito-idp.eu-west-1.amazonaws.com/eu-west-1_M21ToRrBa/.well-known/jwks.json",
                  "MAIN_CONFIGURATION_ID": "@MAIN_CONFIGURATION",
                  "MAX_CHATGPT_RETRY_REQUEST": "5",
                  "ONE_JOURNEY_DATA_BUCKET": "one-journey-data-bucket-genai",
                  "ONE_JOURNEY_FILES_BUCKET": "one-journey-files-bucket-genai",
                  "PROCESS_TRANSCRIPTION_ARN": "arn:aws:lambda:eu-west-1:971422687659:function:one-journey-genai-processTranscription",
                  "REGION": "eu-west-1",
                  "SQS_BATCH_QUEUE_URL": "https://sqs.eu-west-1.amazonaws.com/971422687659/one-journey-batch-queue-genai",
                  "STAGE": "genai",
                  "STORAGE_PROCESS_LAMBDA_ARN": "arn:aws:lambda:eu-west-1:971422687659:function:one-journey-genai-manageFileStorage",
                  "STT_WEBHOOK_ARN": "arn:aws:lambda:eu-west-1:971422687659:function:one-journey-genai-sttWebhook",
                  "TRANSCRIPTIONS_BUCKET": "one-journey-transcriptions-genai",
                  "USER_POOL_CLIENT_ID": "2tonlc0fcbruoestl0c4fuj8ts",
                  "USER_POOL_ID": "eu-west-1_M21ToRrBa",
                  "VERSION": "v1",
                  "WEBSOCKET_API_ENDPOINT": "wss://mu5nzg1mp2.execute-api.eu-west-1.amazonaws.com/genai/"
                }
              }
            ],
            "ephemeral_storage": [
              {
                "size": 512
              }
            ],
            "file_system_config": [],
            "filename": null,
            "function_name": "one-journey-genai-costs",
            "handler": "./src/api/v1/core/costs/event.handler",
            "id": "one-journey-genai-costs",
            "image_config": [],
            "image_uri": "",
            "invoke_arn": "arn:aws:apigateway:eu-west-1:lambda:path/2015-03-31/functions/arn:aws:lambda:eu-west-1:971422687659:function:one-journey-genai-costs/invocations",
            "kms_key_arn": "",
            "last_modified": "2025-09-29T14:28:38.000+0000",
            "layers": [],
            "logging_config": [
              {
                "application_log_level": "",
                "log_format": "Text",
                "log_group": "/aws/lambda/one-journey-genai-costs",
                "system_log_level": ""
              }
            ],
            "memory_size": 1536,
            "package_type": "Zip",
            "publish": null,
            "qualified_arn": "arn:aws:lambda:eu-west-1:971422687659:function:one-journey-genai-costs:31",
            "qualified_invoke_arn": "arn:aws:apigateway:eu-west-1:lambda:path/2015-03-31/functions/arn:aws:lambda:eu-west-1:971422687659:function:one-journey-genai-costs:31/invocations",
            "replace_security_groups_on_destroy": null,
            "replacement_security_group_ids": null,
            "reserved_concurrent_executions": -1,
            "role": "arn:aws:iam::971422687659:role/one-journey-genai-costs-eu-west-1-lambdaRole",
            "runtime": "nodejs20.x",
            "s3_bucket": null,
            "s3_key": null,
            "s3_object_version": null,
            "signing_job_arn": "",
            "signing_profile_version_arn": "",
            "skip_destroy": false,
            "snap_start": [],
            "source_code_hash": "",
            "source_code_size": 15704228,
            "tags": {
              "STAGE": "genai"
            },
            "tags_all": {
              "STAGE": "genai"
            },
            "timeout": 6,
            "timeouts": null,
            "tracing_config": [
              {
                "mode": "PassThrough"
              }
            ],
            "version": "31",
            "vpc_config": []
          },
          "sensitive_attributes": [],
          "identity_schema_version": 0,
          "private": "eyJlMmJmYjczMC1lY2FhLTExZTYtOGY4OC0zNDM2M2JjN2M0YzAiOnsiY3JlYXRlIjo2MDAwMDAwMDAwMDAsImRlbGV0ZSI6NjAwMDAwMDAwMDAwLCJ1cGRhdGUiOjYwMDAwMDAwMDAwMH0sInNjaGVtYV92ZXJzaW9uIjoiMCJ9"
        },
        {
          "index_key": "create_context_node",
          "schema_version": 0,
          "attributes": {
            "architectures": [
              "arm64"
            ],
            "arn": "arn:aws:lambda:eu-west-1:971422687659:function:one-journey-genai-createContextNode",
            "code_sha256": "kvG3pAKt4rs18MbahzBbUStAnER9KckzZcVDIM8Xsls=",
            "code_signing_config_arn": "",
            "dead_letter_config": [],
            "description": "",
            "environment": [
              {
                "variables": {
                  "ACCOUNT_ID": "971422687659",
                  "API_ENDPOINT": "https://d5tcv80br4.execute-api.eu-west-1.amazonaws.com/genai/",
                  "AUDIOS_BUCKET": "one-journey-audiorecord-genai",
                  "CDN_ENDPOINT": "https://d7cnvwmb0wtsp.cloudfront.net/",
                  "COGNITO_USER_POOL": "eu-west-1_M21ToRrBa",
                  "COGNITO_USER_POOL_CLIENT": "2tonlc0fcbruoestl0c4fuj8ts",
                  "CORE_GDS_EVENT_ARN": "arn:aws:lambda:eu-west-1:971422687659:function:one-journey-genai-coreGDSEvent",
                  "CORE_S3_EVENT_ARN": "arn:aws:lambda:eu-west-1:971422687659:function:one-journey-genai-coreS3Event",
                  "CORS_ORIGIN": "*",
                  "DEBUG_LOG": "/aws/one-journey/one-journey-DebugLogs",
                  "DOMAIN_SUFFIX": "one-journey",
                  "DYNAMODB_TABLE_CHANNEL_MESSAGES": "one-journey-channel-messages",
                  "DYNAMODB_TABLE_COMMON_OBJECTS": "one-journey-common-objects",
                  "DYNAMODB_TABLE_COST": "one-journey-cost",
                  "DYNAMODB_TABLE_COUNTERS_STORAGE_CHANNEL": "one-journey-counters-storage-channel",
                  "DYNAMODB_TABLE_EXECUTIONS": "one-journey-executions",
                  "DYNAMODB_TABLE_EXECUTIONS_V5": "one-journey-executions-v5",
                  "DYNAMODB_TABLE_EXECUTIONS_V5_DETAIL": "one-journey-executions-v5-detail",
                  "DYNAMODB_TABLE_EXECUTIONS_V5_GSI_CREATED_AT": "one-journey-executions-v5-gsi-createdAt",
                  "DYNAMODB_TABLE_EXECUTIONS_V5_GSI_UPDATED_AT": "one-journey-executions-v5-gsi-updatedAt",
                  "DYNAMODB_TABLE_MUTEX_LOCK": "one-journey-mutex-lock",
                  "DYNAMODB_TABLE_SESSIONS": "one-journey-sessions",
                  "DYNAMODB_TABLE_STT_OPERATIONS": "one-journey-sttOperations",
                  "DYNAMODB_TABLE_SUSCRIPTIONS": "one-journey-suscriptions",
                  "DYNAMODB_TABLE_WEBSOCKETS_MANAGER": "one-journey-websockets-manager",
                  "DYNAMODB_TABLE_WORKFLOWS_BACKUP": "one-journey-workflows-backup",
                  "DYNAMODB_TABLE_WORKFLOW_CONTEXT": "one-journey-workflow-context",
                  "ERROR_LOG": "/aws/one-journey/one-journey-ErrorLogs",
                  "EVENTBRIDGE_MESSAGE_BUS": "one-journey-messages-bus-genai",
                  "HOSTING_BUCKET": "one-journey-hosting-bucket-genai",
                  "KENDRA_S3_ROLE_ARN": "arn:aws:iam::971422687659:role/OneJourneyKendraS3Role",
                  "KEYS_URL": "https://cognito-idp.eu-west-1.amazonaws.com/eu-west-1_M21ToRrBa/.well-known/jwks.json",
                  "MAIN_CONFIGURATION_ID": "@MAIN_CONFIGURATION",
                  "MAX_CHATGPT_RETRY_REQUEST": "5",
                  "ONE_JOURNEY_DATA_BUCKET": "one-journey-data-bucket-genai",
                  "ONE_JOURNEY_FILES_BUCKET": "one-journey-files-bucket-genai",
                  "PROCESS_TRANSCRIPTION_ARN": "arn:aws:lambda:eu-west-1:971422687659:function:one-journey-genai-processTranscription",
                  "REGION": "eu-west-1",
                  "SQS_BATCH_QUEUE_URL": "https://sqs.eu-west-1.amazonaws.com/971422687659/one-journey-batch-queue-genai",
                  "STAGE": "genai",
                  "STORAGE_PROCESS_LAMBDA_ARN": "arn:aws:lambda:eu-west-1:971422687659:function:one-journey-genai-manageFileStorage",
                  "STT_WEBHOOK_ARN": "arn:aws:lambda:eu-west-1:971422687659:function:one-journey-genai-sttWebhook",
                  "TRANSCRIPTIONS_BUCKET": "one-journey-transcriptions-genai",
                  "USER_POOL_CLIENT_ID": "2tonlc0fcbruoestl0c4fuj8ts",
                  "USER_POOL_ID": "eu-west-1_M21ToRrBa",
                  "VERSION": "v1",
                  "WEBSOCKET_API_ENDPOINT": "wss://mu5nzg1mp2.execute-api.eu-west-1.amazonaws.com/genai/"
                }
              }
            ],
            "ephemeral_storage": [
              {
                "size": 512
              }
            ],
            "file_system_config": [],
            "filename": null,
            "function_name": "one-journey-genai-createContextNode",
            "handler": "./src/api/v1/node/createContext/event.handler",
            "id": "one-journey-genai-createContextNode",
            "image_config": [],
            "image_uri": "",
            "invoke_arn": "arn:aws:apigateway:eu-west-1:lambda:path/2015-03-31/functions/arn:aws:lambda:eu-west-1:971422687659:function:one-journey-genai-createContextNode/invocations",
            "kms_key_arn": "",
            "last_modified": "2025-09-29T14:28:40.000+0000",
            "layers": [],
            "logging_config": [
              {
                "application_log_level": "",
                "log_format": "Text",
                "log_group": "/aws/lambda/one-journey-genai-createContextNode",
                "system_log_level": ""
              }
            ],
            "memory_size": 1536,
            "package_type": "Zip",
            "publish": null,
            "qualified_arn": "arn:aws:lambda:eu-west-1:971422687659:function:one-journey-genai-createContextNode:30",
            "qualified_invoke_arn": "arn:aws:apigateway:eu-west-1:lambda:path/2015-03-31/functions/arn:aws:lambda:eu-west-1:971422687659:function:one-journey-genai-createContextNode:30/invocations",
            "replace_security_groups_on_destroy": null,
            "replacement_security_group_ids": null,
            "reserved_concurrent_executions": -1,
            "role": "arn:aws:iam::971422687659:role/one-journey-genai-createContextNode-eu-west-1-lambdaRole",
            "runtime": "nodejs20.x",
            "s3_bucket": null,
            "s3_key": null,
            "s3_object_version": null,
            "signing_job_arn": "",
            "signing_profile_version_arn": "",
            "skip_destroy": false,
            "snap_start": [],
            "source_code_hash": "",
            "source_code_size": 15806913,
            "tags": {
              "STAGE": "genai"
            },
            "tags_all": {
              "STAGE": "genai"
            },
            "timeout": 6,
            "timeouts": null,
            "tracing_config": [
              {
                "mode": "PassThrough"
              }
            ],
            "version": "30",
            "vpc_config": []
          },
          "sensitive_attributes": [],
          "identity_schema_version": 0,
          "private": "eyJlMmJmYjczMC1lY2FhLTExZTYtOGY4OC0zNDM2M2JjN2M0YzAiOnsiY3JlYXRlIjo2MDAwMDAwMDAwMDAsImRlbGV0ZSI6NjAwMDAwMDAwMDAwLCJ1cGRhdGUiOjYwMDAwMDAwMDAwMH0sInNjaGVtYV92ZXJzaW9uIjoiMCJ9"
        },
        {
          "index_key": "cron_lambda",
          "schema_version": 0,
          "attributes": {
            "architectures": [
              "x86_64"
            ],
            "arn": "arn:aws:lambda:eu-west-1:971422687659:function:one-journey-genai-cronLambda",
            "code_sha256": "ZJkAOn7wqBIywuy/OvtdIpl245jxjZScj/UR0MGEXLI=",
            "code_signing_config_arn": "",
            "dead_letter_config": [],
            "description": "",
            "environment": [
              {
                "variables": {
                  "ACCOUNT_ID": "971422687659",
                  "API_ENDPOINT": "https://d5tcv80br4.execute-api.eu-west-1.amazonaws.com/genai/",
                  "AUDIOS_BUCKET": "one-journey-audiorecord-genai",
                  "CDN_ENDPOINT": "https://d7cnvwmb0wtsp.cloudfront.net/",
                  "COGNITO_USER_POOL": "eu-west-1_M21ToRrBa",
                  "COGNITO_USER_POOL_CLIENT": "2tonlc0fcbruoestl0c4fuj8ts",
                  "CORE_GDS_EVENT_ARN": "arn:aws:lambda:eu-west-1:971422687659:function:one-journey-genai-coreGDSEvent",
                  "CORE_S3_EVENT_ARN": "arn:aws:lambda:eu-west-1:971422687659:function:one-journey-genai-coreS3Event",
                  "CORS_ORIGIN": "*",
                  "DEBUG_LOG": "/aws/one-journey/one-journey-DebugLogs",
                  "DOMAIN_SUFFIX": "one-journey",
                  "DYNAMODB_TABLE_CHANNEL_MESSAGES": "one-journey-channel-messages",
                  "DYNAMODB_TABLE_COMMON_OBJECTS": "one-journey-common-objects",
                  "DYNAMODB_TABLE_COST": "one-journey-cost",
                  "DYNAMODB_TABLE_COUNTERS_STORAGE_CHANNEL": "one-journey-counters-storage-channel",
                  "DYNAMODB_TABLE_EXECUTIONS": "one-journey-executions",
                  "DYNAMODB_TABLE_EXECUTIONS_V5": "one-journey-executions-v5",
                  "DYNAMODB_TABLE_EXECUTIONS_V5_DETAIL": "one-journey-executions-v5-detail",
                  "DYNAMODB_TABLE_EXECUTIONS_V5_GSI_CREATED_AT": "one-journey-executions-v5-gsi-createdAt",
                  "DYNAMODB_TABLE_EXECUTIONS_V5_GSI_UPDATED_AT": "one-journey-executions-v5-gsi-updatedAt",
                  "DYNAMODB_TABLE_MUTEX_LOCK": "one-journey-mutex-lock",
                  "DYNAMODB_TABLE_SESSIONS": "one-journey-sessions",
                  "DYNAMODB_TABLE_STT_OPERATIONS": "one-journey-sttOperations",
                  "DYNAMODB_TABLE_SUSCRIPTIONS": "one-journey-suscriptions",
                  "DYNAMODB_TABLE_WEBSOCKETS_MANAGER": "one-journey-websockets-manager",
                  "DYNAMODB_TABLE_WORKFLOWS_BACKUP": "one-journey-workflows-backup",
                  "DYNAMODB_TABLE_WORKFLOW_CONTEXT": "one-journey-workflow-context",
                  "ERROR_LOG": "/aws/one-journey/one-journey-ErrorLogs",
                  "EVENTBRIDGE_MESSAGE_BUS": "one-journey-messages-bus-genai",
                  "HOSTING_BUCKET": "one-journey-hosting-bucket-genai",
                  "KENDRA_S3_ROLE_ARN": "arn:aws:iam::971422687659:role/OneJourneyKendraS3Role",
                  "KEYS_URL": "https://cognito-idp.eu-west-1.amazonaws.com/eu-west-1_M21ToRrBa/.well-known/jwks.json",
                  "MAIN_CONFIGURATION_ID": "@MAIN_CONFIGURATION",
                  "MAX_CHATGPT_RETRY_REQUEST": "5",
                  "ONE_JOURNEY_DATA_BUCKET": "one-journey-data-bucket-genai",
                  "ONE_JOURNEY_FILES_BUCKET": "one-journey-files-bucket-genai",
                  "PROCESS_TRANSCRIPTION_ARN": "arn:aws:lambda:eu-west-1:971422687659:function:one-journey-genai-processTranscription",
                  "REGION": "eu-west-1",
                  "SQS_BATCH_QUEUE_URL": "https://sqs.eu-west-1.amazonaws.com/971422687659/one-journey-batch-queue-genai",
                  "STAGE": "genai",
                  "STORAGE_PROCESS_LAMBDA_ARN": "arn:aws:lambda:eu-west-1:971422687659:function:one-journey-genai-manageFileStorage",
                  "STT_WEBHOOK_ARN": "arn:aws:lambda:eu-west-1:971422687659:function:one-journey-genai-sttWebhook",
                  "TRANSCRIPTIONS_BUCKET": "one-journey-transcriptions-genai",
                  "USER_POOL_CLIENT_ID": "2tonlc0fcbruoestl0c4fuj8ts",
                  "USER_POOL_ID": "eu-west-1_M21ToRrBa",
                  "VERSION": "v1",
                  "WEBSOCKET_API_ENDPOINT": "wss://mu5nzg1mp2.execute-api.eu-west-1.amazonaws.com/genai/"
                }
              }
            ],
            "ephemeral_storage": [
              {
                "size": 512
              }
            ],
            "file_system_config": [],
            "filename": null,
            "function_name": "one-journey-genai-cronLambda",
            "handler": "src/api/v1/channel/cronJob/function.handler",
            "id": "one-journey-genai-cronLambda",
            "image_config": [],
            "image_uri": "",
            "invoke_arn": "arn:aws:apigateway:eu-west-1:lambda:path/2015-03-31/functions/arn:aws:lambda:eu-west-1:971422687659:function:one-journey-genai-cronLambda/invocations",
            "kms_key_arn": "",
            "last_modified": "2025-09-29T14:28:34.000+0000",
            "layers": [
              "arn:aws:lambda:eu-west-1:971422687659:layer:ffmpegv1:4"
            ],
            "logging_config": [
              {
                "application_log_level": "",
                "log_format": "Text",
                "log_group": "/aws/lambda/one-journey-genai-cronLambda",
                "system_log_level": ""
              }
            ],
            "memory_size": 1536,
            "package_type": "Zip",
            "publish": null,
            "qualified_arn": "arn:aws:lambda:eu-west-1:971422687659:function:one-journey-genai-cronLambda:7",
            "qualified_invoke_arn": "arn:aws:apigateway:eu-west-1:lambda:path/2015-03-31/functions/arn:aws:lambda:eu-west-1:971422687659:function:one-journey-genai-cronLambda:7/invocations",
            "replace_security_groups_on_destroy": null,
            "replacement_security_group_ids": null,
            "reserved_concurrent_executions": -1,
            "role": "arn:aws:iam::971422687659:role/one-journey-genai-cronLambda-eu-west-1-lambdaRole",
            "runtime": "nodejs20.x",
            "s3_bucket": null,
            "s3_key": null,
            "s3_object_version": null,
            "signing_job_arn": "",
            "signing_profile_version_arn": "",
            "skip_destroy": false,
            "snap_start": [],
            "source_code_hash": "",
            "source_code_size": 15695991,
            "tags": {
              "STAGE": "genai"
            },
            "tags_all": {
              "STAGE": "genai"
            },
            "timeout": 6,
            "timeouts": null,
            "tracing_config": [
              {
                "mode": "PassThrough"
              }
            ],
            "version": "7",
            "vpc_config": []
          },
          "sensitive_attributes": [],
          "identity_schema_version": 0,
          "private": "eyJlMmJmYjczMC1lY2FhLTExZTYtOGY4OC0zNDM2M2JjN2M0YzAiOnsiY3JlYXRlIjo2MDAwMDAwMDAwMDAsImRlbGV0ZSI6NjAwMDAwMDAwMDAwLCJ1cGRhdGUiOjYwMDAwMDAwMDAwMH0sInNjaGVtYV92ZXJzaW9uIjoiMCJ9"
        },
        {
          "index_key": "customize_id_token",
          "schema_version": 0,
          "attributes": {
            "architectures": [
              "arm64"
            ],
            "arn": "arn:aws:lambda:eu-west-1:971422687659:function:one-journey-genai-customizeIDToken",
            "code_sha256": "ijOmHKU1NpVhimsrpRJKlUKxoLvpBUuU0RtbOyWq8to=",
            "code_signing_config_arn": "",
            "dead_letter_config": [],
            "description": "",
            "environment": [
              {
                "variables": {
                  "ACCOUNT_ID": "971422687659",
                  "API_ENDPOINT": "https://d5tcv80br4.execute-api.eu-west-1.amazonaws.com/genai/",
                  "AUDIOS_BUCKET": "one-journey-audiorecord-genai",
                  "CDN_ENDPOINT": "https://d7cnvwmb0wtsp.cloudfront.net/",
                  "COGNITO_USER_POOL": "eu-west-1_M21ToRrBa",
                  "COGNITO_USER_POOL_CLIENT": "2tonlc0fcbruoestl0c4fuj8ts",
                  "CORE_GDS_EVENT_ARN": "arn:aws:lambda:eu-west-1:971422687659:function:one-journey-genai-coreGDSEvent",
                  "CORE_S3_EVENT_ARN": "arn:aws:lambda:eu-west-1:971422687659:function:one-journey-genai-coreS3Event",
                  "CORS_ORIGIN": "*",
                  "DEBUG_LOG": "/aws/one-journey/one-journey-DebugLogs",
                  "DOMAIN_SUFFIX": "one-journey",
                  "DYNAMODB_TABLE_CHANNEL_MESSAGES": "one-journey-channel-messages",
                  "DYNAMODB_TABLE_COMMON_OBJECTS": "one-journey-common-objects",
                  "DYNAMODB_TABLE_COST": "one-journey-cost",
                  "DYNAMODB_TABLE_COUNTERS_STORAGE_CHANNEL": "one-journey-counters-storage-channel",
                  "DYNAMODB_TABLE_EXECUTIONS": "one-journey-executions",
                  "DYNAMODB_TABLE_EXECUTIONS_V5": "one-journey-executions-v5",
                  "DYNAMODB_TABLE_EXECUTIONS_V5_DETAIL": "one-journey-executions-v5-detail",
                  "DYNAMODB_TABLE_EXECUTIONS_V5_GSI_CREATED_AT": "one-journey-executions-v5-gsi-createdAt",
                  "DYNAMODB_TABLE_EXECUTIONS_V5_GSI_UPDATED_AT": "one-journey-executions-v5-gsi-updatedAt",
                  "DYNAMODB_TABLE_MUTEX_LOCK": "one-journey-mutex-lock",
                  "DYNAMODB_TABLE_SESSIONS": "one-journey-sessions",
                  "DYNAMODB_TABLE_STT_OPERATIONS": "one-journey-sttOperations",
                  "DYNAMODB_TABLE_SUSCRIPTIONS": "one-journey-suscriptions",
                  "DYNAMODB_TABLE_WEBSOCKETS_MANAGER": "one-journey-websockets-manager",
                  "DYNAMODB_TABLE_WORKFLOWS_BACKUP": "one-journey-workflows-backup",
                  "DYNAMODB_TABLE_WORKFLOW_CONTEXT": "one-journey-workflow-context",
                  "ERROR_LOG": "/aws/one-journey/one-journey-ErrorLogs",
                  "EVENTBRIDGE_MESSAGE_BUS": "one-journey-messages-bus-genai",
                  "HOSTING_BUCKET": "one-journey-hosting-bucket-genai",
                  "KENDRA_S3_ROLE_ARN": "arn:aws:iam::971422687659:role/OneJourneyKendraS3Role",
                  "KEYS_URL": "https://cognito-idp.eu-west-1.amazonaws.com/eu-west-1_M21ToRrBa/.well-known/jwks.json",
                  "MAIN_CONFIGURATION_ID": "@MAIN_CONFIGURATION",
                  "MAX_CHATGPT_RETRY_REQUEST": "5",
                  "ONE_JOURNEY_DATA_BUCKET": "one-journey-data-bucket-genai",
                  "ONE_JOURNEY_FILES_BUCKET": "one-journey-files-bucket-genai",
                  "PROCESS_TRANSCRIPTION_ARN": "arn:aws:lambda:eu-west-1:971422687659:function:one-journey-genai-processTranscription",
                  "REGION": "eu-west-1",
                  "SQS_BATCH_QUEUE_URL": "https://sqs.eu-west-1.amazonaws.com/971422687659/one-journey-batch-queue-genai",
                  "STAGE": "genai",
                  "STORAGE_PROCESS_LAMBDA_ARN": "arn:aws:lambda:eu-west-1:971422687659:function:one-journey-genai-manageFileStorage",
                  "STT_WEBHOOK_ARN": "arn:aws:lambda:eu-west-1:971422687659:function:one-journey-genai-sttWebhook",
                  "TRANSCRIPTIONS_BUCKET": "one-journey-transcriptions-genai",
                  "USER_POOL_CLIENT_ID": "2tonlc0fcbruoestl0c4fuj8ts",
                  "USER_POOL_ID": "eu-west-1_M21ToRrBa",
                  "VERSION": "v1",
                  "WEBSOCKET_API_ENDPOINT": "wss://mu5nzg1mp2.execute-api.eu-west-1.amazonaws.com/genai/"
                }
              }
            ],
            "ephemeral_storage": [
              {
                "size": 512
              }
            ],
            "file_system_config": [],
            "filename": null,
            "function_name": "one-journey-genai-customizeIDToken",
            "handler": "src/cognito/customizeIDToken.handler",
            "id": "one-journey-genai-customizeIDToken",
            "image_config": [],
            "image_uri": "",
            "invoke_arn": "arn:aws:apigateway:eu-west-1:lambda:path/2015-03-31/functions/arn:aws:lambda:eu-west-1:971422687659:function:one-journey-genai-customizeIDToken/invocations",
            "kms_key_arn": "",
            "last_modified": "2025-09-29T14:28:44.000+0000",
            "layers": [],
            "logging_config": [
              {
                "application_log_level": "",
                "log_format": "Text",
                "log_group": "/aws/lambda/one-journey-genai-customizeIDToken",
                "system_log_level": ""
              }
            ],
            "memory_size": 1536,
            "package_type": "Zip",
            "publish": null,
            "qualified_arn": "arn:aws:lambda:eu-west-1:971422687659:function:one-journey-genai-customizeIDToken:2",
            "qualified_invoke_arn": "arn:aws:apigateway:eu-west-1:lambda:path/2015-03-31/functions/arn:aws:lambda:eu-west-1:971422687659:function:one-journey-genai-customizeIDToken:2/invocations",
            "replace_security_groups_on_destroy": null,
            "replacement_security_group_ids": null,
            "reserved_concurrent_executions": -1,
            "role": "arn:aws:iam::971422687659:role/one-journey-genai-customizeIDToken-eu-west-1-lambdaRole",
            "runtime": "nodejs20.x",
            "s3_bucket": null,
            "s3_key": null,
            "s3_object_version": null,
            "signing_job_arn": "",
            "signing_profile_version_arn": "",
            "skip_destroy": false,
            "snap_start": [],
            "source_code_hash": "",
            "source_code_size": 15697788,
            "tags": {
              "STAGE": "genai"
            },
            "tags_all": {
              "STAGE": "genai"
            },
            "timeout": 6,
            "timeouts": null,
            "tracing_config": [
              {
                "mode": "PassThrough"
              }
            ],
            "version": "2",
            "vpc_config": []
          },
          "sensitive_attributes": [],
          "identity_schema_version": 0,
          "private": "eyJlMmJmYjczMC1lY2FhLTExZTYtOGY4OC0zNDM2M2JjN2M0YzAiOnsiY3JlYXRlIjo2MDAwMDAwMDAwMDAsImRlbGV0ZSI6NjAwMDAwMDAwMDAwLCJ1cGRhdGUiOjYwMDAwMDAwMDAwMH0sInNjaGVtYV92ZXJzaW9uIjoiMCJ9"
        },
        {
          "index_key": "debugs",
          "schema_version": 0,
          "attributes": {
            "architectures": [
              "arm64"
            ],
            "arn": "arn:aws:lambda:eu-west-1:971422687659:function:one-journey-genai-debugs",
            "code_sha256": "fPAuD8uBkPO8nw9Wl0Q8baqEtJQa+lnTyXRncxL4FU8=",
            "code_signing_config_arn": "",
            "dead_letter_config": [],
            "description": "",
            "environment": [
              {
                "variables": {
                  "ACCOUNT_ID": "971422687659",
                  "API_ENDPOINT": "https://d5tcv80br4.execute-api.eu-west-1.amazonaws.com/genai/",
                  "AUDIOS_BUCKET": "one-journey-audiorecord-genai",
                  "CDN_ENDPOINT": "https://d7cnvwmb0wtsp.cloudfront.net/",
                  "COGNITO_USER_POOL": "eu-west-1_M21ToRrBa",
                  "COGNITO_USER_POOL_CLIENT": "2tonlc0fcbruoestl0c4fuj8ts",
                  "CORE_GDS_EVENT_ARN": "arn:aws:lambda:eu-west-1:971422687659:function:one-journey-genai-coreGDSEvent",
                  "CORE_S3_EVENT_ARN": "arn:aws:lambda:eu-west-1:971422687659:function:one-journey-genai-coreS3Event",
                  "CORS_ORIGIN": "*",
                  "DEBUG_LOG": "/aws/one-journey/one-journey-DebugLogs",
                  "DOMAIN_SUFFIX": "one-journey",
                  "DYNAMODB_TABLE_CHANNEL_MESSAGES": "one-journey-channel-messages",
                  "DYNAMODB_TABLE_COMMON_OBJECTS": "one-journey-common-objects",
                  "DYNAMODB_TABLE_COST": "one-journey-cost",
                  "DYNAMODB_TABLE_COUNTERS_STORAGE_CHANNEL": "one-journey-counters-storage-channel",
                  "DYNAMODB_TABLE_EXECUTIONS": "one-journey-executions",
                  "DYNAMODB_TABLE_EXECUTIONS_V5": "one-journey-executions-v5",
                  "DYNAMODB_TABLE_EXECUTIONS_V5_DETAIL": "one-journey-executions-v5-detail",
                  "DYNAMODB_TABLE_EXECUTIONS_V5_GSI_CREATED_AT": "one-journey-executions-v5-gsi-createdAt",
                  "DYNAMODB_TABLE_EXECUTIONS_V5_GSI_UPDATED_AT": "one-journey-executions-v5-gsi-updatedAt",
                  "DYNAMODB_TABLE_MUTEX_LOCK": "one-journey-mutex-lock",
                  "DYNAMODB_TABLE_SESSIONS": "one-journey-sessions",
                  "DYNAMODB_TABLE_STT_OPERATIONS": "one-journey-sttOperations",
                  "DYNAMODB_TABLE_SUSCRIPTIONS": "one-journey-suscriptions",
                  "DYNAMODB_TABLE_WEBSOCKETS_MANAGER": "one-journey-websockets-manager",
                  "DYNAMODB_TABLE_WORKFLOWS_BACKUP": "one-journey-workflows-backup",
                  "DYNAMODB_TABLE_WORKFLOW_CONTEXT": "one-journey-workflow-context",
                  "ERROR_LOG": "/aws/one-journey/one-journey-ErrorLogs",
                  "EVENTBRIDGE_MESSAGE_BUS": "one-journey-messages-bus-genai",
                  "HOSTING_BUCKET": "one-journey-hosting-bucket-genai",
                  "KENDRA_S3_ROLE_ARN": "arn:aws:iam::971422687659:role/OneJourneyKendraS3Role",
                  "KEYS_URL": "https://cognito-idp.eu-west-1.amazonaws.com/eu-west-1_M21ToRrBa/.well-known/jwks.json",
                  "MAIN_CONFIGURATION_ID": "@MAIN_CONFIGURATION",
                  "MAX_CHATGPT_RETRY_REQUEST": "5",
                  "ONE_JOURNEY_DATA_BUCKET": "one-journey-data-bucket-genai",
                  "ONE_JOURNEY_FILES_BUCKET": "one-journey-files-bucket-genai",
                  "PROCESS_TRANSCRIPTION_ARN": "arn:aws:lambda:eu-west-1:971422687659:function:one-journey-genai-processTranscription",
                  "REGION": "eu-west-1",
                  "SQS_BATCH_QUEUE_URL": "https://sqs.eu-west-1.amazonaws.com/971422687659/one-journey-batch-queue-genai",
                  "STAGE": "genai",
                  "STORAGE_PROCESS_LAMBDA_ARN": "arn:aws:lambda:eu-west-1:971422687659:function:one-journey-genai-manageFileStorage",
                  "STT_WEBHOOK_ARN": "arn:aws:lambda:eu-west-1:971422687659:function:one-journey-genai-sttWebhook",
                  "TRANSCRIPTIONS_BUCKET": "one-journey-transcriptions-genai",
                  "USER_POOL_CLIENT_ID": "2tonlc0fcbruoestl0c4fuj8ts",
                  "USER_POOL_ID": "eu-west-1_M21ToRrBa",
                  "VERSION": "v1",
                  "WEBSOCKET_API_ENDPOINT": "wss://mu5nzg1mp2.execute-api.eu-west-1.amazonaws.com/genai/"
                }
              }
            ],
            "ephemeral_storage": [
              {
                "size": 512
              }
            ],
            "file_system_config": [],
            "filename": null,
            "function_name": "one-journey-genai-debugs",
            "handler": "./src/api/v1/core/debugs/event.handler",
            "id": "one-journey-genai-debugs",
            "image_config": [],
            "image_uri": "",
            "invoke_arn": "arn:aws:apigateway:eu-west-1:lambda:path/2015-03-31/functions/arn:aws:lambda:eu-west-1:971422687659:function:one-journey-genai-debugs/invocations",
            "kms_key_arn": "",
            "last_modified": "2025-09-29T14:28:34.000+0000",
            "layers": [],
            "logging_config": [
              {
                "application_log_level": "",
                "log_format": "Text",
                "log_group": "/aws/lambda/one-journey-genai-debugs",
                "system_log_level": ""
              }
            ],
            "memory_size": 1536,
            "package_type": "Zip",
            "publish": null,
            "qualified_arn": "arn:aws:lambda:eu-west-1:971422687659:function:one-journey-genai-debugs:30",
            "qualified_invoke_arn": "arn:aws:apigateway:eu-west-1:lambda:path/2015-03-31/functions/arn:aws:lambda:eu-west-1:971422687659:function:one-journey-genai-debugs:30/invocations",
            "replace_security_groups_on_destroy": null,
            "replacement_security_group_ids": null,
            "reserved_concurrent_executions": -1,
            "role": "arn:aws:iam::971422687659:role/one-journey-genai-debugs-eu-west-1-lambdaRole",
            "runtime": "nodejs20.x",
            "s3_bucket": null,
            "s3_key": null,
            "s3_object_version": null,
            "signing_job_arn": "",
            "signing_profile_version_arn": "",
            "skip_destroy": false,
            "snap_start": [],
            "source_code_hash": "",
            "source_code_size": 15696364,
            "tags": {
              "STAGE": "genai"
            },
            "tags_all": {
              "STAGE": "genai"
            },
            "timeout": 6,
            "timeouts": null,
            "tracing_config": [
              {
                "mode": "PassThrough"
              }
            ],
            "version": "30",
            "vpc_config": []
          },
          "sensitive_attributes": [],
          "identity_schema_version": 0,
          "private": "eyJlMmJmYjczMC1lY2FhLTExZTYtOGY4OC0zNDM2M2JjN2M0YzAiOnsiY3JlYXRlIjo2MDAwMDAwMDAwMDAsImRlbGV0ZSI6NjAwMDAwMDAwMDAwLCJ1cGRhdGUiOjYwMDAwMDAwMDAwMH0sInNjaGVtYV92ZXJzaW9uIjoiMCJ9"
        },
        {
          "index_key": "default_handler",
          "schema_version": 0,
          "attributes": {
            "architectures": [
              "arm64"
            ],
            "arn": "arn:aws:lambda:eu-west-1:971422687659:function:one-journey-genai-defaultHandler",
            "code_sha256": "Qq3yTTPfKQC7qOHiGAtzdM8zzsK8GXZ0Gi/pdIsMcl4=",
            "code_signing_config_arn": "",
            "dead_letter_config": [],
            "description": "",
            "environment": [
              {
                "variables": {
                  "ACCOUNT_ID": "971422687659",
                  "API_ENDPOINT": "https://d5tcv80br4.execute-api.eu-west-1.amazonaws.com/genai/",
                  "AUDIOS_BUCKET": "one-journey-audiorecord-genai",
                  "CDN_ENDPOINT": "https://d7cnvwmb0wtsp.cloudfront.net/",
                  "COGNITO_USER_POOL": "eu-west-1_M21ToRrBa",
                  "COGNITO_USER_POOL_CLIENT": "2tonlc0fcbruoestl0c4fuj8ts",
                  "CORE_GDS_EVENT_ARN": "arn:aws:lambda:eu-west-1:971422687659:function:one-journey-genai-coreGDSEvent",
                  "CORE_S3_EVENT_ARN": "arn:aws:lambda:eu-west-1:971422687659:function:one-journey-genai-coreS3Event",
                  "CORS_ORIGIN": "*",
                  "DEBUG_LOG": "/aws/one-journey/one-journey-DebugLogs",
                  "DOMAIN_SUFFIX": "one-journey",
                  "DYNAMODB_TABLE_CHANNEL_MESSAGES": "one-journey-channel-messages",
                  "DYNAMODB_TABLE_COMMON_OBJECTS": "one-journey-common-objects",
                  "DYNAMODB_TABLE_COST": "one-journey-cost",
                  "DYNAMODB_TABLE_COUNTERS_STORAGE_CHANNEL": "one-journey-counters-storage-channel",
                  "DYNAMODB_TABLE_EXECUTIONS": "one-journey-executions",
                  "DYNAMODB_TABLE_EXECUTIONS_V5": "one-journey-executions-v5",
                  "DYNAMODB_TABLE_EXECUTIONS_V5_DETAIL": "one-journey-executions-v5-detail",
                  "DYNAMODB_TABLE_EXECUTIONS_V5_GSI_CREATED_AT": "one-journey-executions-v5-gsi-createdAt",
                  "DYNAMODB_TABLE_EXECUTIONS_V5_GSI_UPDATED_AT": "one-journey-executions-v5-gsi-updatedAt",
                  "DYNAMODB_TABLE_MUTEX_LOCK": "one-journey-mutex-lock",
                  "DYNAMODB_TABLE_SESSIONS": "one-journey-sessions",
                  "DYNAMODB_TABLE_STT_OPERATIONS": "one-journey-sttOperations",
                  "DYNAMODB_TABLE_SUSCRIPTIONS": "one-journey-suscriptions",
                  "DYNAMODB_TABLE_WEBSOCKETS_MANAGER": "one-journey-websockets-manager",
                  "DYNAMODB_TABLE_WORKFLOWS_BACKUP": "one-journey-workflows-backup",
                  "DYNAMODB_TABLE_WORKFLOW_CONTEXT": "one-journey-workflow-context",
                  "ERROR_LOG": "/aws/one-journey/one-journey-ErrorLogs",
                  "EVENTBRIDGE_MESSAGE_BUS": "one-journey-messages-bus-genai",
                  "HOSTING_BUCKET": "one-journey-hosting-bucket-genai",
                  "KENDRA_S3_ROLE_ARN": "arn:aws:iam::971422687659:role/OneJourneyKendraS3Role",
                  "KEYS_URL": "https://cognito-idp.eu-west-1.amazonaws.com/eu-west-1_M21ToRrBa/.well-known/jwks.json",
                  "MAIN_CONFIGURATION_ID": "@MAIN_CONFIGURATION",
                  "MAX_CHATGPT_RETRY_REQUEST": "5",
                  "ONE_JOURNEY_DATA_BUCKET": "one-journey-data-bucket-genai",
                  "ONE_JOURNEY_FILES_BUCKET": "one-journey-files-bucket-genai",
                  "PROCESS_TRANSCRIPTION_ARN": "arn:aws:lambda:eu-west-1:971422687659:function:one-journey-genai-processTranscription",
                  "REGION": "eu-west-1",
                  "SQS_BATCH_QUEUE_URL": "https://sqs.eu-west-1.amazonaws.com/971422687659/one-journey-batch-queue-genai",
                  "STAGE": "genai",
                  "STORAGE_PROCESS_LAMBDA_ARN": "arn:aws:lambda:eu-west-1:971422687659:function:one-journey-genai-manageFileStorage",
                  "STT_WEBHOOK_ARN": "arn:aws:lambda:eu-west-1:971422687659:function:one-journey-genai-sttWebhook",
                  "TRANSCRIPTIONS_BUCKET": "one-journey-transcriptions-genai",
                  "USER_POOL_CLIENT_ID": "2tonlc0fcbruoestl0c4fuj8ts",
                  "USER_POOL_ID": "eu-west-1_M21ToRrBa",
                  "VERSION": "v1",
                  "WEBSOCKET_API_ENDPOINT": "wss://mu5nzg1mp2.execute-api.eu-west-1.amazonaws.com/genai/"
                }
              }
            ],
            "ephemeral_storage": [
              {
                "size": 512
              }
            ],
            "file_system_config": [],
            "filename": null,
            "function_name": "one-journey-genai-defaultHandler",
            "handler": "src/api/v1/websocket.defaultHandler",
            "id": "one-journey-genai-defaultHandler",
            "image_config": [],
            "image_uri": "",
            "invoke_arn": "arn:aws:apigateway:eu-west-1:lambda:path/2015-03-31/functions/arn:aws:lambda:eu-west-1:971422687659:function:one-journey-genai-defaultHandler/invocations",
            "kms_key_arn": "",
            "last_modified": "2025-09-29T14:28:42.000+0000",
            "layers": [],
            "logging_config": [
              {
                "application_log_level": "",
                "log_format": "Text",
                "log_group": "/aws/lambda/one-journey-genai-defaultHandler",
                "system_log_level": ""
              }
            ],
            "memory_size": 1536,
            "package_type": "Zip",
            "publish": null,
            "qualified_arn": "arn:aws:lambda:eu-west-1:971422687659:function:one-journey-genai-defaultHandler:30",
            "qualified_invoke_arn": "arn:aws:apigateway:eu-west-1:lambda:path/2015-03-31/functions/arn:aws:lambda:eu-west-1:971422687659:function:one-journey-genai-defaultHandler:30/invocations",
            "replace_security_groups_on_destroy": null,
            "replacement_security_group_ids": null,
            "reserved_concurrent_executions": -1,
            "role": "arn:aws:iam::971422687659:role/one-journey-genai-defaultHandler-eu-west-1-lambdaRole",
            "runtime": "nodejs20.x",
            "s3_bucket": null,
            "s3_key": null,
            "s3_object_version": null,
            "signing_job_arn": "",
            "signing_profile_version_arn": "",
            "skip_destroy": false,
            "snap_start": [],
            "source_code_hash": "",
            "source_code_size": 15828214,
            "tags": {
              "STAGE": "genai"
            },
            "tags_all": {
              "STAGE": "genai"
            },
            "timeout": 6,
            "timeouts": null,
            "tracing_config": [
              {
                "mode": "PassThrough"
              }
            ],
            "version": "30",
            "vpc_config": []
          },
          "sensitive_attributes": [],
          "identity_schema_version": 0,
          "private": "eyJlMmJmYjczMC1lY2FhLTExZTYtOGY4OC0zNDM2M2JjN2M0YzAiOnsiY3JlYXRlIjo2MDAwMDAwMDAwMDAsImRlbGV0ZSI6NjAwMDAwMDAwMDAwLCJ1cGRhdGUiOjYwMDAwMDAwMDAwMH0sInNjaGVtYV92ZXJzaW9uIjoiMCJ9"
        },
        {
          "index_key": "disconnect_handler",
          "schema_version": 0,
          "attributes": {
            "architectures": [
              "arm64"
            ],
            "arn": "arn:aws:lambda:eu-west-1:971422687659:function:one-journey-genai-disconnectHandler",
            "code_sha256": "Qq3yTTPfKQC7qOHiGAtzdM8zzsK8GXZ0Gi/pdIsMcl4=",
            "code_signing_config_arn": "",
            "dead_letter_config": [],
            "description": "",
            "environment": [
              {
                "variables": {
                  "ACCOUNT_ID": "971422687659",
                  "API_ENDPOINT": "https://d5tcv80br4.execute-api.eu-west-1.amazonaws.com/genai/",
                  "AUDIOS_BUCKET": "one-journey-audiorecord-genai",
                  "CDN_ENDPOINT": "https://d7cnvwmb0wtsp.cloudfront.net/",
                  "COGNITO_USER_POOL": "eu-west-1_M21ToRrBa",
                  "COGNITO_USER_POOL_CLIENT": "2tonlc0fcbruoestl0c4fuj8ts",
                  "CORE_GDS_EVENT_ARN": "arn:aws:lambda:eu-west-1:971422687659:function:one-journey-genai-coreGDSEvent",
                  "CORE_S3_EVENT_ARN": "arn:aws:lambda:eu-west-1:971422687659:function:one-journey-genai-coreS3Event",
                  "CORS_ORIGIN": "*",
                  "DEBUG_LOG": "/aws/one-journey/one-journey-DebugLogs",
                  "DOMAIN_SUFFIX": "one-journey",
                  "DYNAMODB_TABLE_CHANNEL_MESSAGES": "one-journey-channel-messages",
                  "DYNAMODB_TABLE_COMMON_OBJECTS": "one-journey-common-objects",
                  "DYNAMODB_TABLE_COST": "one-journey-cost",
                  "DYNAMODB_TABLE_COUNTERS_STORAGE_CHANNEL": "one-journey-counters-storage-channel",
                  "DYNAMODB_TABLE_EXECUTIONS": "one-journey-executions",
                  "DYNAMODB_TABLE_EXECUTIONS_V5": "one-journey-executions-v5",
                  "DYNAMODB_TABLE_EXECUTIONS_V5_DETAIL": "one-journey-executions-v5-detail",
                  "DYNAMODB_TABLE_EXECUTIONS_V5_GSI_CREATED_AT": "one-journey-executions-v5-gsi-createdAt",
                  "DYNAMODB_TABLE_EXECUTIONS_V5_GSI_UPDATED_AT": "one-journey-executions-v5-gsi-updatedAt",
                  "DYNAMODB_TABLE_MUTEX_LOCK": "one-journey-mutex-lock",
                  "DYNAMODB_TABLE_SESSIONS": "one-journey-sessions",
                  "DYNAMODB_TABLE_STT_OPERATIONS": "one-journey-sttOperations",
                  "DYNAMODB_TABLE_SUSCRIPTIONS": "one-journey-suscriptions",
                  "DYNAMODB_TABLE_WEBSOCKETS_MANAGER": "one-journey-websockets-manager",
                  "DYNAMODB_TABLE_WORKFLOWS_BACKUP": "one-journey-workflows-backup",
                  "DYNAMODB_TABLE_WORKFLOW_CONTEXT": "one-journey-workflow-context",
                  "ERROR_LOG": "/aws/one-journey/one-journey-ErrorLogs",
                  "EVENTBRIDGE_MESSAGE_BUS": "one-journey-messages-bus-genai",
                  "HOSTING_BUCKET": "one-journey-hosting-bucket-genai",
                  "KENDRA_S3_ROLE_ARN": "arn:aws:iam::971422687659:role/OneJourneyKendraS3Role",
                  "KEYS_URL": "https://cognito-idp.eu-west-1.amazonaws.com/eu-west-1_M21ToRrBa/.well-known/jwks.json",
                  "MAIN_CONFIGURATION_ID": "@MAIN_CONFIGURATION",
                  "MAX_CHATGPT_RETRY_REQUEST": "5",
                  "ONE_JOURNEY_DATA_BUCKET": "one-journey-data-bucket-genai",
                  "ONE_JOURNEY_FILES_BUCKET": "one-journey-files-bucket-genai",
                  "PROCESS_TRANSCRIPTION_ARN": "arn:aws:lambda:eu-west-1:971422687659:function:one-journey-genai-processTranscription",
                  "REGION": "eu-west-1",
                  "SQS_BATCH_QUEUE_URL": "https://sqs.eu-west-1.amazonaws.com/971422687659/one-journey-batch-queue-genai",
                  "STAGE": "genai",
                  "STORAGE_PROCESS_LAMBDA_ARN": "arn:aws:lambda:eu-west-1:971422687659:function:one-journey-genai-manageFileStorage",
                  "STT_WEBHOOK_ARN": "arn:aws:lambda:eu-west-1:971422687659:function:one-journey-genai-sttWebhook",
                  "TRANSCRIPTIONS_BUCKET": "one-journey-transcriptions-genai",
                  "USER_POOL_CLIENT_ID": "2tonlc0fcbruoestl0c4fuj8ts",
                  "USER_POOL_ID": "eu-west-1_M21ToRrBa",
                  "VERSION": "v1",
                  "WEBSOCKET_API_ENDPOINT": "wss://mu5nzg1mp2.execute-api.eu-west-1.amazonaws.com/genai/"
                }
              }
            ],
            "ephemeral_storage": [
              {
                "size": 512
              }
            ],
            "file_system_config": [],
            "filename": null,
            "function_name": "one-journey-genai-disconnectHandler",
            "handler": "src/api/v1/websocket.disconnectHandler",
            "id": "one-journey-genai-disconnectHandler",
            "image_config": [],
            "image_uri": "",
            "invoke_arn": "arn:aws:apigateway:eu-west-1:lambda:path/2015-03-31/functions/arn:aws:lambda:eu-west-1:971422687659:function:one-journey-genai-disconnectHandler/invocations",
            "kms_key_arn": "",
            "last_modified": "2025-09-29T14:28:36.000+0000",
            "layers": [],
            "logging_config": [
              {
                "application_log_level": "",
                "log_format": "Text",
                "log_group": "/aws/lambda/one-journey-genai-disconnectHandler",
                "system_log_level": ""
              }
            ],
            "memory_size": 1536,
            "package_type": "Zip",
            "publish": null,
            "qualified_arn": "arn:aws:lambda:eu-west-1:971422687659:function:one-journey-genai-disconnectHandler:30",
            "qualified_invoke_arn": "arn:aws:apigateway:eu-west-1:lambda:path/2015-03-31/functions/arn:aws:lambda:eu-west-1:971422687659:function:one-journey-genai-disconnectHandler:30/invocations",
            "replace_security_groups_on_destroy": null,
            "replacement_security_group_ids": null,
            "reserved_concurrent_executions": -1,
            "role": "arn:aws:iam::971422687659:role/one-journey-genai-disconnectHandler-eu-west-1-lambdaRole",
            "runtime": "nodejs20.x",
            "s3_bucket": null,
            "s3_key": null,
            "s3_object_version": null,
            "signing_job_arn": "",
            "signing_profile_version_arn": "",
            "skip_destroy": false,
            "snap_start": [],
            "source_code_hash": "",
            "source_code_size": 15828214,
            "tags": {
              "STAGE": "genai"
            },
            "tags_all": {
              "STAGE": "genai"
            },
            "timeout": 6,
            "timeouts": null,
            "tracing_config": [
              {
                "mode": "PassThrough"
              }
            ],
            "version": "30",
            "vpc_config": []
          },
          "sensitive_attributes": [],
          "identity_schema_version": 0,
          "private": "eyJlMmJmYjczMC1lY2FhLTExZTYtOGY4OC0zNDM2M2JjN2M0YzAiOnsiY3JlYXRlIjo2MDAwMDAwMDAwMDAsImRlbGV0ZSI6NjAwMDAwMDAwMDAwLCJ1cGRhdGUiOjYwMDAwMDAwMDAwMH0sInNjaGVtYV92ZXJzaW9uIjoiMCJ9"
        },
        {
          "index_key": "echo_whatsapp_node",
          "schema_version": 0,
          "attributes": {
            "architectures": [
              "arm64"
            ],
            "arn": "arn:aws:lambda:eu-west-1:971422687659:function:one-journey-genai-echoWhatsappNode",
            "code_sha256": "EM5fDCxCrcNFD4shFhiLJcN9zc7bR7yZyLdKxIJGG4Q=",
            "code_signing_config_arn": "",
            "dead_letter_config": [],
            "description": "",
            "environment": [
              {
                "variables": {
                  "ACCOUNT_ID": "971422687659",
                  "API_ENDPOINT": "https://d5tcv80br4.execute-api.eu-west-1.amazonaws.com/genai/",
                  "AUDIOS_BUCKET": "one-journey-audiorecord-genai",
                  "CDN_ENDPOINT": "https://d7cnvwmb0wtsp.cloudfront.net/",
                  "COGNITO_USER_POOL": "eu-west-1_M21ToRrBa",
                  "COGNITO_USER_POOL_CLIENT": "2tonlc0fcbruoestl0c4fuj8ts",
                  "CORE_GDS_EVENT_ARN": "arn:aws:lambda:eu-west-1:971422687659:function:one-journey-genai-coreGDSEvent",
                  "CORE_S3_EVENT_ARN": "arn:aws:lambda:eu-west-1:971422687659:function:one-journey-genai-coreS3Event",
                  "CORS_ORIGIN": "*",
                  "DEBUG_LOG": "/aws/one-journey/one-journey-DebugLogs",
                  "DOMAIN_SUFFIX": "one-journey",
                  "DYNAMODB_TABLE_CHANNEL_MESSAGES": "one-journey-channel-messages",
                  "DYNAMODB_TABLE_COMMON_OBJECTS": "one-journey-common-objects",
                  "DYNAMODB_TABLE_COST": "one-journey-cost",
                  "DYNAMODB_TABLE_COUNTERS_STORAGE_CHANNEL": "one-journey-counters-storage-channel",
                  "DYNAMODB_TABLE_EXECUTIONS": "one-journey-executions",
                  "DYNAMODB_TABLE_EXECUTIONS_V5": "one-journey-executions-v5",
                  "DYNAMODB_TABLE_EXECUTIONS_V5_DETAIL": "one-journey-executions-v5-detail",
                  "DYNAMODB_TABLE_EXECUTIONS_V5_GSI_CREATED_AT": "one-journey-executions-v5-gsi-createdAt",
                  "DYNAMODB_TABLE_EXECUTIONS_V5_GSI_UPDATED_AT": "one-journey-executions-v5-gsi-updatedAt",
                  "DYNAMODB_TABLE_MUTEX_LOCK": "one-journey-mutex-lock",
                  "DYNAMODB_TABLE_SESSIONS": "one-journey-sessions",
                  "DYNAMODB_TABLE_STT_OPERATIONS": "one-journey-sttOperations",
                  "DYNAMODB_TABLE_SUSCRIPTIONS": "one-journey-suscriptions",
                  "DYNAMODB_TABLE_WEBSOCKETS_MANAGER": "one-journey-websockets-manager",
                  "DYNAMODB_TABLE_WORKFLOWS_BACKUP": "one-journey-workflows-backup",
                  "DYNAMODB_TABLE_WORKFLOW_CONTEXT": "one-journey-workflow-context",
                  "ERROR_LOG": "/aws/one-journey/one-journey-ErrorLogs",
                  "EVENTBRIDGE_MESSAGE_BUS": "one-journey-messages-bus-genai",
                  "HOSTING_BUCKET": "one-journey-hosting-bucket-genai",
                  "KENDRA_S3_ROLE_ARN": "arn:aws:iam::971422687659:role/OneJourneyKendraS3Role",
                  "KEYS_URL": "https://cognito-idp.eu-west-1.amazonaws.com/eu-west-1_M21ToRrBa/.well-known/jwks.json",
                  "MAIN_CONFIGURATION_ID": "@MAIN_CONFIGURATION",
                  "MAX_CHATGPT_RETRY_REQUEST": "5",
                  "ONE_JOURNEY_DATA_BUCKET": "one-journey-data-bucket-genai",
                  "ONE_JOURNEY_FILES_BUCKET": "one-journey-files-bucket-genai",
                  "PROCESS_TRANSCRIPTION_ARN": "arn:aws:lambda:eu-west-1:971422687659:function:one-journey-genai-processTranscription",
                  "REGION": "eu-west-1",
                  "SQS_BATCH_QUEUE_URL": "https://sqs.eu-west-1.amazonaws.com/971422687659/one-journey-batch-queue-genai",
                  "STAGE": "genai",
                  "STORAGE_PROCESS_LAMBDA_ARN": "arn:aws:lambda:eu-west-1:971422687659:function:one-journey-genai-manageFileStorage",
                  "STT_WEBHOOK_ARN": "arn:aws:lambda:eu-west-1:971422687659:function:one-journey-genai-sttWebhook",
                  "TRANSCRIPTIONS_BUCKET": "one-journey-transcriptions-genai",
                  "USER_POOL_CLIENT_ID": "2tonlc0fcbruoestl0c4fuj8ts",
                  "USER_POOL_ID": "eu-west-1_M21ToRrBa",
                  "VERSION": "v1",
                  "WEBSOCKET_API_ENDPOINT": "wss://mu5nzg1mp2.execute-api.eu-west-1.amazonaws.com/genai/"
                }
              }
            ],
            "ephemeral_storage": [
              {
                "size": 512
              }
            ],
            "file_system_config": [],
            "filename": null,
            "function_name": "one-journey-genai-echoWhatsappNode",
            "handler": "./src/api/v1/node/echoWhatsapp/event.handler",
            "id": "one-journey-genai-echoWhatsappNode",
            "image_config": [],
            "image_uri": "",
            "invoke_arn": "arn:aws:apigateway:eu-west-1:lambda:path/2015-03-31/functions/arn:aws:lambda:eu-west-1:971422687659:function:one-journey-genai-echoWhatsappNode/invocations",
            "kms_key_arn": "",
            "last_modified": "2025-09-29T14:28:41.000+0000",
            "layers": [],
            "logging_config": [
              {
                "application_log_level": "",
                "log_format": "Text",
                "log_group": "/aws/lambda/one-journey-genai-echoWhatsappNode",
                "system_log_level": ""
              }
            ],
            "memory_size": 1536,
            "package_type": "Zip",
            "publish": null,
            "qualified_arn": "arn:aws:lambda:eu-west-1:971422687659:function:one-journey-genai-echoWhatsappNode:27",
            "qualified_invoke_arn": "arn:aws:apigateway:eu-west-1:lambda:path/2015-03-31/functions/arn:aws:lambda:eu-west-1:971422687659:function:one-journey-genai-echoWhatsappNode:27/invocations",
            "replace_security_groups_on_destroy": null,
            "replacement_security_group_ids": null,
            "reserved_concurrent_executions": -1,
            "role": "arn:aws:iam::971422687659:role/one-journey-genai-echoWhatsappNode-eu-west-1-lambdaRole",
            "runtime": "nodejs20.x",
            "s3_bucket": null,
            "s3_key": null,
            "s3_object_version": null,
            "signing_job_arn": "",
            "signing_profile_version_arn": "",
            "skip_destroy": false,
            "snap_start": [],
            "source_code_hash": "",
            "source_code_size": 18060649,
            "tags": {
              "STAGE": "genai"
            },
            "tags_all": {
              "STAGE": "genai"
            },
            "timeout": 6,
            "timeouts": null,
            "tracing_config": [
              {
                "mode": "PassThrough"
              }
            ],
            "version": "27",
            "vpc_config": []
          },
          "sensitive_attributes": [],
          "identity_schema_version": 0,
          "private": "eyJlMmJmYjczMC1lY2FhLTExZTYtOGY4OC0zNDM2M2JjN2M0YzAiOnsiY3JlYXRlIjo2MDAwMDAwMDAwMDAsImRlbGV0ZSI6NjAwMDAwMDAwMDAwLCJ1cGRhdGUiOjYwMDAwMDAwMDAwMH0sInNjaGVtYV92ZXJzaW9uIjoiMCJ9"
        },
        {
          "index_key": "email_node",
          "schema_version": 0,
          "attributes": {
            "architectures": [
              "arm64"
            ],
            "arn": "arn:aws:lambda:eu-west-1:971422687659:function:one-journey-genai-emailNode",
            "code_sha256": "h0VIIuSNFYFS42wNKavkrsIeJyAoe9Dvar/CGeNzS7s=",
            "code_signing_config_arn": "",
            "dead_letter_config": [],
            "description": "",
            "environment": [
              {
                "variables": {
                  "ACCOUNT_ID": "971422687659",
                  "API_ENDPOINT": "https://d5tcv80br4.execute-api.eu-west-1.amazonaws.com/genai/",
                  "AUDIOS_BUCKET": "one-journey-audiorecord-genai",
                  "CDN_ENDPOINT": "https://d7cnvwmb0wtsp.cloudfront.net/",
                  "COGNITO_USER_POOL": "eu-west-1_M21ToRrBa",
                  "COGNITO_USER_POOL_CLIENT": "2tonlc0fcbruoestl0c4fuj8ts",
                  "CORE_GDS_EVENT_ARN": "arn:aws:lambda:eu-west-1:971422687659:function:one-journey-genai-coreGDSEvent",
                  "CORE_S3_EVENT_ARN": "arn:aws:lambda:eu-west-1:971422687659:function:one-journey-genai-coreS3Event",
                  "CORS_ORIGIN": "*",
                  "DEBUG_LOG": "/aws/one-journey/one-journey-DebugLogs",
                  "DOMAIN_SUFFIX": "one-journey",
                  "DYNAMODB_TABLE_CHANNEL_MESSAGES": "one-journey-channel-messages",
                  "DYNAMODB_TABLE_COMMON_OBJECTS": "one-journey-common-objects",
                  "DYNAMODB_TABLE_COST": "one-journey-cost",
                  "DYNAMODB_TABLE_COUNTERS_STORAGE_CHANNEL": "one-journey-counters-storage-channel",
                  "DYNAMODB_TABLE_EXECUTIONS": "one-journey-executions",
                  "DYNAMODB_TABLE_EXECUTIONS_V5": "one-journey-executions-v5",
                  "DYNAMODB_TABLE_EXECUTIONS_V5_DETAIL": "one-journey-executions-v5-detail",
                  "DYNAMODB_TABLE_EXECUTIONS_V5_GSI_CREATED_AT": "one-journey-executions-v5-gsi-createdAt",
                  "DYNAMODB_TABLE_EXECUTIONS_V5_GSI_UPDATED_AT": "one-journey-executions-v5-gsi-updatedAt",
                  "DYNAMODB_TABLE_MUTEX_LOCK": "one-journey-mutex-lock",
                  "DYNAMODB_TABLE_SESSIONS": "one-journey-sessions",
                  "DYNAMODB_TABLE_STT_OPERATIONS": "one-journey-sttOperations",
                  "DYNAMODB_TABLE_SUSCRIPTIONS": "one-journey-suscriptions",
                  "DYNAMODB_TABLE_WEBSOCKETS_MANAGER": "one-journey-websockets-manager",
                  "DYNAMODB_TABLE_WORKFLOWS_BACKUP": "one-journey-workflows-backup",
                  "DYNAMODB_TABLE_WORKFLOW_CONTEXT": "one-journey-workflow-context",
                  "ERROR_LOG": "/aws/one-journey/one-journey-ErrorLogs",
                  "EVENTBRIDGE_MESSAGE_BUS": "one-journey-messages-bus-genai",
                  "HOSTING_BUCKET": "one-journey-hosting-bucket-genai",
                  "KENDRA_S3_ROLE_ARN": "arn:aws:iam::971422687659:role/OneJourneyKendraS3Role",
                  "KEYS_URL": "https://cognito-idp.eu-west-1.amazonaws.com/eu-west-1_M21ToRrBa/.well-known/jwks.json",
                  "MAIN_CONFIGURATION_ID": "@MAIN_CONFIGURATION",
                  "MAX_CHATGPT_RETRY_REQUEST": "5",
                  "ONE_JOURNEY_DATA_BUCKET": "one-journey-data-bucket-genai",
                  "ONE_JOURNEY_FILES_BUCKET": "one-journey-files-bucket-genai",
                  "PROCESS_TRANSCRIPTION_ARN": "arn:aws:lambda:eu-west-1:971422687659:function:one-journey-genai-processTranscription",
                  "REGION": "eu-west-1",
                  "SQS_BATCH_QUEUE_URL": "https://sqs.eu-west-1.amazonaws.com/971422687659/one-journey-batch-queue-genai",
                  "STAGE": "genai",
                  "STORAGE_PROCESS_LAMBDA_ARN": "arn:aws:lambda:eu-west-1:971422687659:function:one-journey-genai-manageFileStorage",
                  "STT_WEBHOOK_ARN": "arn:aws:lambda:eu-west-1:971422687659:function:one-journey-genai-sttWebhook",
                  "TRANSCRIPTIONS_BUCKET": "one-journey-transcriptions-genai",
                  "USER_POOL_CLIENT_ID": "2tonlc0fcbruoestl0c4fuj8ts",
                  "USER_POOL_ID": "eu-west-1_M21ToRrBa",
                  "VERSION": "v1",
                  "WEBSOCKET_API_ENDPOINT": "wss://mu5nzg1mp2.execute-api.eu-west-1.amazonaws.com/genai/"
                }
              }
            ],
            "ephemeral_storage": [
              {
                "size": 512
              }
            ],
            "file_system_config": [],
            "filename": null,
            "function_name": "one-journey-genai-emailNode",
            "handler": "./src/api/v1/node/email/event.handler",
            "id": "one-journey-genai-emailNode",
            "image_config": [],
            "image_uri": "",
            "invoke_arn": "arn:aws:apigateway:eu-west-1:lambda:path/2015-03-31/functions/arn:aws:lambda:eu-west-1:971422687659:function:one-journey-genai-emailNode/invocations",
            "kms_key_arn": "",
            "last_modified": "2025-09-29T14:28:34.000+0000",
            "layers": [],
            "logging_config": [
              {
                "application_log_level": "",
                "log_format": "Text",
                "log_group": "/aws/lambda/one-journey-genai-emailNode",
                "system_log_level": ""
              }
            ],
            "memory_size": 1536,
            "package_type": "Zip",
            "publish": null,
            "qualified_arn": "arn:aws:lambda:eu-west-1:971422687659:function:one-journey-genai-emailNode:3",
            "qualified_invoke_arn": "arn:aws:apigateway:eu-west-1:lambda:path/2015-03-31/functions/arn:aws:lambda:eu-west-1:971422687659:function:one-journey-genai-emailNode:3/invocations",
            "replace_security_groups_on_destroy": null,
            "replacement_security_group_ids": null,
            "reserved_concurrent_executions": -1,
            "role": "arn:aws:iam::971422687659:role/one-journey-genai-emailNode-eu-west-1-lambdaRole",
            "runtime": "nodejs20.x",
            "s3_bucket": null,
            "s3_key": null,
            "s3_object_version": null,
            "signing_job_arn": "",
            "signing_profile_version_arn": "",
            "skip_destroy": false,
            "snap_start": [],
            "source_code_hash": "",
            "source_code_size": 17740088,
            "tags": {
              "STAGE": "genai"
            },
            "tags_all": {
              "STAGE": "genai"
            },
            "timeout": 60,
            "timeouts": null,
            "tracing_config": [
              {
                "mode": "PassThrough"
              }
            ],
            "version": "3",
            "vpc_config": []
          },
          "sensitive_attributes": [],
          "identity_schema_version": 0,
          "private": "eyJlMmJmYjczMC1lY2FhLTExZTYtOGY4OC0zNDM2M2JjN2M0YzAiOnsiY3JlYXRlIjo2MDAwMDAwMDAwMDAsImRlbGV0ZSI6NjAwMDAwMDAwMDAwLCJ1cGRhdGUiOjYwMDAwMDAwMDAwMH0sInNjaGVtYV92ZXJzaW9uIjoiMCJ9"
        },
        {
          "index_key": "entity_gateway",
          "schema_version": 0,
          "attributes": {
            "architectures": [
              "arm64"
            ],
            "arn": "arn:aws:lambda:eu-west-1:971422687659:function:one-journey-genai-entityGateway",
            "code_sha256": "d9sAZ1crdb/xNmdRxmCKKnkJwwbNpjmyWsxgZh8lPUM=",
            "code_signing_config_arn": "",
            "dead_letter_config": [],
            "description": "",
            "environment": [
              {
                "variables": {
                  "ACCOUNT_ID": "971422687659",
                  "API_ENDPOINT": "https://d5tcv80br4.execute-api.eu-west-1.amazonaws.com/genai/",
                  "AUDIOS_BUCKET": "one-journey-audiorecord-genai",
                  "CDN_ENDPOINT": "https://d7cnvwmb0wtsp.cloudfront.net/",
                  "COGNITO_USER_POOL": "eu-west-1_M21ToRrBa",
                  "COGNITO_USER_POOL_CLIENT": "2tonlc0fcbruoestl0c4fuj8ts",
                  "CORE_GDS_EVENT_ARN": "arn:aws:lambda:eu-west-1:971422687659:function:one-journey-genai-coreGDSEvent",
                  "CORE_S3_EVENT_ARN": "arn:aws:lambda:eu-west-1:971422687659:function:one-journey-genai-coreS3Event",
                  "CORS_ORIGIN": "*",
                  "DEBUG_LOG": "/aws/one-journey/one-journey-DebugLogs",
                  "DOMAIN_SUFFIX": "one-journey",
                  "DYNAMODB_TABLE_CHANNEL_MESSAGES": "one-journey-channel-messages",
                  "DYNAMODB_TABLE_COMMON_OBJECTS": "one-journey-common-objects",
                  "DYNAMODB_TABLE_COST": "one-journey-cost",
                  "DYNAMODB_TABLE_COUNTERS_STORAGE_CHANNEL": "one-journey-counters-storage-channel",
                  "DYNAMODB_TABLE_EXECUTIONS": "one-journey-executions",
                  "DYNAMODB_TABLE_EXECUTIONS_V5": "one-journey-executions-v5",
                  "DYNAMODB_TABLE_EXECUTIONS_V5_DETAIL": "one-journey-executions-v5-detail",
                  "DYNAMODB_TABLE_EXECUTIONS_V5_GSI_CREATED_AT": "one-journey-executions-v5-gsi-createdAt",
                  "DYNAMODB_TABLE_EXECUTIONS_V5_GSI_UPDATED_AT": "one-journey-executions-v5-gsi-updatedAt",
                  "DYNAMODB_TABLE_MUTEX_LOCK": "one-journey-mutex-lock",
                  "DYNAMODB_TABLE_SESSIONS": "one-journey-sessions",
                  "DYNAMODB_TABLE_STT_OPERATIONS": "one-journey-sttOperations",
                  "DYNAMODB_TABLE_SUSCRIPTIONS": "one-journey-suscriptions",
                  "DYNAMODB_TABLE_WEBSOCKETS_MANAGER": "one-journey-websockets-manager",
                  "DYNAMODB_TABLE_WORKFLOWS_BACKUP": "one-journey-workflows-backup",
                  "DYNAMODB_TABLE_WORKFLOW_CONTEXT": "one-journey-workflow-context",
                  "ERROR_LOG": "/aws/one-journey/one-journey-ErrorLogs",
                  "EVENTBRIDGE_MESSAGE_BUS": "one-journey-messages-bus-genai",
                  "HOSTING_BUCKET": "one-journey-hosting-bucket-genai",
                  "KENDRA_S3_ROLE_ARN": "arn:aws:iam::971422687659:role/OneJourneyKendraS3Role",
                  "KEYS_URL": "https://cognito-idp.eu-west-1.amazonaws.com/eu-west-1_M21ToRrBa/.well-known/jwks.json",
                  "MAIN_CONFIGURATION_ID": "@MAIN_CONFIGURATION",
                  "MAX_CHATGPT_RETRY_REQUEST": "5",
                  "ONE_JOURNEY_DATA_BUCKET": "one-journey-data-bucket-genai",
                  "ONE_JOURNEY_FILES_BUCKET": "one-journey-files-bucket-genai",
                  "PROCESS_TRANSCRIPTION_ARN": "arn:aws:lambda:eu-west-1:971422687659:function:one-journey-genai-processTranscription",
                  "REGION": "eu-west-1",
                  "SQS_BATCH_QUEUE_URL": "https://sqs.eu-west-1.amazonaws.com/971422687659/one-journey-batch-queue-genai",
                  "STAGE": "genai",
                  "STORAGE_PROCESS_LAMBDA_ARN": "arn:aws:lambda:eu-west-1:971422687659:function:one-journey-genai-manageFileStorage",
                  "STT_WEBHOOK_ARN": "arn:aws:lambda:eu-west-1:971422687659:function:one-journey-genai-sttWebhook",
                  "TRANSCRIPTIONS_BUCKET": "one-journey-transcriptions-genai",
                  "USER_POOL_CLIENT_ID": "2tonlc0fcbruoestl0c4fuj8ts",
                  "USER_POOL_ID": "eu-west-1_M21ToRrBa",
                  "VERSION": "v1",
                  "WEBSOCKET_API_ENDPOINT": "wss://mu5nzg1mp2.execute-api.eu-west-1.amazonaws.com/genai/"
                }
              }
            ],
            "ephemeral_storage": [
              {
                "size": 512
              }
            ],
            "file_system_config": [],
            "filename": null,
            "function_name": "one-journey-genai-entityGateway",
            "handler": "src/api/v1/endpoint/entity/gateway.handler",
            "id": "one-journey-genai-entityGateway",
            "image_config": [],
            "image_uri": "",
            "invoke_arn": "arn:aws:apigateway:eu-west-1:lambda:path/2015-03-31/functions/arn:aws:lambda:eu-west-1:971422687659:function:one-journey-genai-entityGateway/invocations",
            "kms_key_arn": "",
            "last_modified": "2025-09-29T14:28:35.000+0000",
            "layers": [
              "arn:aws:lambda:eu-west-1:971422687659:layer:googleStorage:11"
            ],
            "logging_config": [
              {
                "application_log_level": "",
                "log_format": "Text",
                "log_group": "/aws/lambda/one-journey-genai-entityGateway",
                "system_log_level": ""
              }
            ],
            "memory_size": 1536,
            "package_type": "Zip",
            "publish": null,
            "qualified_arn": "arn:aws:lambda:eu-west-1:971422687659:function:one-journey-genai-entityGateway:39",
            "qualified_invoke_arn": "arn:aws:apigateway:eu-west-1:lambda:path/2015-03-31/functions/arn:aws:lambda:eu-west-1:971422687659:function:one-journey-genai-entityGateway:39/invocations",
            "replace_security_groups_on_destroy": null,
            "replacement_security_group_ids": null,
            "reserved_concurrent_executions": -1,
            "role": "arn:aws:iam::971422687659:role/one-journey-genai-entityGateway-eu-west-1-lambdaRole",
            "runtime": "nodejs20.x",
            "s3_bucket": null,
            "s3_key": null,
            "s3_object_version": null,
            "signing_job_arn": "",
            "signing_profile_version_arn": "",
            "skip_destroy": false,
            "snap_start": [],
            "source_code_hash": "",
            "source_code_size": 39449015,
            "tags": {
              "STAGE": "genai"
            },
            "tags_all": {
              "STAGE": "genai"
            },
            "timeout": 30,
            "timeouts": null,
            "tracing_config": [
              {
                "mode": "PassThrough"
              }
            ],
            "version": "39",
            "vpc_config": []
          },
          "sensitive_attributes": [],
          "identity_schema_version": 0,
          "private": "eyJlMmJmYjczMC1lY2FhLTExZTYtOGY4OC0zNDM2M2JjN2M0YzAiOnsiY3JlYXRlIjo2MDAwMDAwMDAwMDAsImRlbGV0ZSI6NjAwMDAwMDAwMDAwLCJ1cGRhdGUiOjYwMDAwMDAwMDAwMH0sInNjaGVtYV92ZXJzaW9uIjoiMCJ9"
        },
        {
          "index_key": "error",
          "schema_version": 0,
          "attributes": {
            "architectures": [
              "arm64"
            ],
            "arn": "arn:aws:lambda:eu-west-1:971422687659:function:one-journey-genai-error",
            "code_sha256": "7gE8UpJIdT5pGHvQ70Us2aVJIYxo70T7MCGrYyenLuU=",
            "code_signing_config_arn": "",
            "dead_letter_config": [],
            "description": "",
            "environment": [
              {
                "variables": {
                  "ACCOUNT_ID": "971422687659",
                  "API_ENDPOINT": "https://d5tcv80br4.execute-api.eu-west-1.amazonaws.com/genai/",
                  "AUDIOS_BUCKET": "one-journey-audiorecord-genai",
                  "CDN_ENDPOINT": "https://d7cnvwmb0wtsp.cloudfront.net/",
                  "COGNITO_USER_POOL": "eu-west-1_M21ToRrBa",
                  "COGNITO_USER_POOL_CLIENT": "2tonlc0fcbruoestl0c4fuj8ts",
                  "CORE_GDS_EVENT_ARN": "arn:aws:lambda:eu-west-1:971422687659:function:one-journey-genai-coreGDSEvent",
                  "CORE_S3_EVENT_ARN": "arn:aws:lambda:eu-west-1:971422687659:function:one-journey-genai-coreS3Event",
                  "CORS_ORIGIN": "*",
                  "DEBUG_LOG": "/aws/one-journey/one-journey-DebugLogs",
                  "DOMAIN_SUFFIX": "one-journey",
                  "DYNAMODB_TABLE_CHANNEL_MESSAGES": "one-journey-channel-messages",
                  "DYNAMODB_TABLE_COMMON_OBJECTS": "one-journey-common-objects",
                  "DYNAMODB_TABLE_COST": "one-journey-cost",
                  "DYNAMODB_TABLE_COUNTERS_STORAGE_CHANNEL": "one-journey-counters-storage-channel",
                  "DYNAMODB_TABLE_EXECUTIONS": "one-journey-executions",
                  "DYNAMODB_TABLE_EXECUTIONS_V5": "one-journey-executions-v5",
                  "DYNAMODB_TABLE_EXECUTIONS_V5_DETAIL": "one-journey-executions-v5-detail",
                  "DYNAMODB_TABLE_EXECUTIONS_V5_GSI_CREATED_AT": "one-journey-executions-v5-gsi-createdAt",
                  "DYNAMODB_TABLE_EXECUTIONS_V5_GSI_UPDATED_AT": "one-journey-executions-v5-gsi-updatedAt",
                  "DYNAMODB_TABLE_MUTEX_LOCK": "one-journey-mutex-lock",
                  "DYNAMODB_TABLE_SESSIONS": "one-journey-sessions",
                  "DYNAMODB_TABLE_STT_OPERATIONS": "one-journey-sttOperations",
                  "DYNAMODB_TABLE_SUSCRIPTIONS": "one-journey-suscriptions",
                  "DYNAMODB_TABLE_WEBSOCKETS_MANAGER": "one-journey-websockets-manager",
                  "DYNAMODB_TABLE_WORKFLOWS_BACKUP": "one-journey-workflows-backup",
                  "DYNAMODB_TABLE_WORKFLOW_CONTEXT": "one-journey-workflow-context",
                  "ERROR_LOG": "/aws/one-journey/one-journey-ErrorLogs",
                  "EVENTBRIDGE_MESSAGE_BUS": "one-journey-messages-bus-genai",
                  "HOSTING_BUCKET": "one-journey-hosting-bucket-genai",
                  "KENDRA_S3_ROLE_ARN": "arn:aws:iam::971422687659:role/OneJourneyKendraS3Role",
                  "KEYS_URL": "https://cognito-idp.eu-west-1.amazonaws.com/eu-west-1_M21ToRrBa/.well-known/jwks.json",
                  "MAIN_CONFIGURATION_ID": "@MAIN_CONFIGURATION",
                  "MAX_CHATGPT_RETRY_REQUEST": "5",
                  "ONE_JOURNEY_DATA_BUCKET": "one-journey-data-bucket-genai",
                  "ONE_JOURNEY_FILES_BUCKET": "one-journey-files-bucket-genai",
                  "PROCESS_TRANSCRIPTION_ARN": "arn:aws:lambda:eu-west-1:971422687659:function:one-journey-genai-processTranscription",
                  "REGION": "eu-west-1",
                  "SQS_BATCH_QUEUE_URL": "https://sqs.eu-west-1.amazonaws.com/971422687659/one-journey-batch-queue-genai",
                  "STAGE": "genai",
                  "STORAGE_PROCESS_LAMBDA_ARN": "arn:aws:lambda:eu-west-1:971422687659:function:one-journey-genai-manageFileStorage",
                  "STT_WEBHOOK_ARN": "arn:aws:lambda:eu-west-1:971422687659:function:one-journey-genai-sttWebhook",
                  "TRANSCRIPTIONS_BUCKET": "one-journey-transcriptions-genai",
                  "USER_POOL_CLIENT_ID": "2tonlc0fcbruoestl0c4fuj8ts",
                  "USER_POOL_ID": "eu-west-1_M21ToRrBa",
                  "VERSION": "v1",
                  "WEBSOCKET_API_ENDPOINT": "wss://mu5nzg1mp2.execute-api.eu-west-1.amazonaws.com/genai/"
                }
              }
            ],
            "ephemeral_storage": [
              {
                "size": 512
              }
            ],
            "file_system_config": [],
            "filename": null,
            "function_name": "one-journey-genai-error",
            "handler": "./src/api/v1/core/errors/event.handler",
            "id": "one-journey-genai-error",
            "image_config": [],
            "image_uri": "",
            "invoke_arn": "arn:aws:apigateway:eu-west-1:lambda:path/2015-03-31/functions/arn:aws:lambda:eu-west-1:971422687659:function:one-journey-genai-error/invocations",
            "kms_key_arn": "",
            "last_modified": "2025-09-29T14:28:39.000+0000",
            "layers": [],
            "logging_config": [
              {
                "application_log_level": "",
                "log_format": "Text",
                "log_group": "/aws/lambda/one-journey-genai-error",
                "system_log_level": ""
              }
            ],
            "memory_size": 1536,
            "package_type": "Zip",
            "publish": null,
            "qualified_arn": "arn:aws:lambda:eu-west-1:971422687659:function:one-journey-genai-error:30",
            "qualified_invoke_arn": "arn:aws:apigateway:eu-west-1:lambda:path/2015-03-31/functions/arn:aws:lambda:eu-west-1:971422687659:function:one-journey-genai-error:30/invocations",
            "replace_security_groups_on_destroy": null,
            "replacement_security_group_ids": null,
            "reserved_concurrent_executions": -1,
            "role": "arn:aws:iam::971422687659:role/one-journey-genai-error-eu-west-1-lambdaRole",
            "runtime": "nodejs20.x",
            "s3_bucket": null,
            "s3_key": null,
            "s3_object_version": null,
            "signing_job_arn": "",
            "signing_profile_version_arn": "",
            "skip_destroy": false,
            "snap_start": [],
            "source_code_hash": "",
            "source_code_size": 15696217,
            "tags": {
              "STAGE": "genai"
            },
            "tags_all": {
              "STAGE": "genai"
            },
            "timeout": 6,
            "timeouts": null,
            "tracing_config": [
              {
                "mode": "PassThrough"
              }
            ],
            "version": "30",
            "vpc_config": []
          },
          "sensitive_attributes": [],
          "identity_schema_version": 0,
          "private": "eyJlMmJmYjczMC1lY2FhLTExZTYtOGY4OC0zNDM2M2JjN2M0YzAiOnsiY3JlYXRlIjo2MDAwMDAwMDAwMDAsImRlbGV0ZSI6NjAwMDAwMDAwMDAwLCJ1cGRhdGUiOjYwMDAwMDAwMDAwMH0sInNjaGVtYV92ZXJzaW9uIjoiMCJ9"
        },
        {
          "index_key": "error_catch_all",
          "schema_version": 0,
          "attributes": {
            "architectures": [
              "arm64"
            ],
            "arn": "arn:aws:lambda:eu-west-1:971422687659:function:one-journey-genai-errorCatchAll",
            "code_sha256": "Tyn2YcKfLI8nE08FJ01OIbB8D9Wij52FudUELl50TKI=",
            "code_signing_config_arn": "",
            "dead_letter_config": [],
            "description": "",
            "environment": [
              {
                "variables": {
                  "ACCOUNT_ID": "971422687659",
                  "API_ENDPOINT": "https://d5tcv80br4.execute-api.eu-west-1.amazonaws.com/genai/",
                  "AUDIOS_BUCKET": "one-journey-audiorecord-genai",
                  "CDN_ENDPOINT": "https://d7cnvwmb0wtsp.cloudfront.net/",
                  "COGNITO_USER_POOL": "eu-west-1_M21ToRrBa",
                  "COGNITO_USER_POOL_CLIENT": "2tonlc0fcbruoestl0c4fuj8ts",
                  "CORE_GDS_EVENT_ARN": "arn:aws:lambda:eu-west-1:971422687659:function:one-journey-genai-coreGDSEvent",
                  "CORE_S3_EVENT_ARN": "arn:aws:lambda:eu-west-1:971422687659:function:one-journey-genai-coreS3Event",
                  "CORS_ORIGIN": "*",
                  "DEBUG_LOG": "/aws/one-journey/one-journey-DebugLogs",
                  "DOMAIN_SUFFIX": "one-journey",
                  "DYNAMODB_TABLE_CHANNEL_MESSAGES": "one-journey-channel-messages",
                  "DYNAMODB_TABLE_COMMON_OBJECTS": "one-journey-common-objects",
                  "DYNAMODB_TABLE_COST": "one-journey-cost",
                  "DYNAMODB_TABLE_COUNTERS_STORAGE_CHANNEL": "one-journey-counters-storage-channel",
                  "DYNAMODB_TABLE_EXECUTIONS": "one-journey-executions",
                  "DYNAMODB_TABLE_EXECUTIONS_V5": "one-journey-executions-v5",
                  "DYNAMODB_TABLE_EXECUTIONS_V5_DETAIL": "one-journey-executions-v5-detail",
                  "DYNAMODB_TABLE_EXECUTIONS_V5_GSI_CREATED_AT": "one-journey-executions-v5-gsi-createdAt",
                  "DYNAMODB_TABLE_EXECUTIONS_V5_GSI_UPDATED_AT": "one-journey-executions-v5-gsi-updatedAt",
                  "DYNAMODB_TABLE_MUTEX_LOCK": "one-journey-mutex-lock",
                  "DYNAMODB_TABLE_SESSIONS": "one-journey-sessions",
                  "DYNAMODB_TABLE_STT_OPERATIONS": "one-journey-sttOperations",
                  "DYNAMODB_TABLE_SUSCRIPTIONS": "one-journey-suscriptions",
                  "DYNAMODB_TABLE_WEBSOCKETS_MANAGER": "one-journey-websockets-manager",
                  "DYNAMODB_TABLE_WORKFLOWS_BACKUP": "one-journey-workflows-backup",
                  "DYNAMODB_TABLE_WORKFLOW_CONTEXT": "one-journey-workflow-context",
                  "ERROR_LOG": "/aws/one-journey/one-journey-ErrorLogs",
                  "EVENTBRIDGE_MESSAGE_BUS": "one-journey-messages-bus-genai",
                  "HOSTING_BUCKET": "one-journey-hosting-bucket-genai",
                  "KENDRA_S3_ROLE_ARN": "arn:aws:iam::971422687659:role/OneJourneyKendraS3Role",
                  "KEYS_URL": "https://cognito-idp.eu-west-1.amazonaws.com/eu-west-1_M21ToRrBa/.well-known/jwks.json",
                  "MAIN_CONFIGURATION_ID": "@MAIN_CONFIGURATION",
                  "MAX_CHATGPT_RETRY_REQUEST": "5",
                  "ONE_JOURNEY_DATA_BUCKET": "one-journey-data-bucket-genai",
                  "ONE_JOURNEY_FILES_BUCKET": "one-journey-files-bucket-genai",
                  "PROCESS_TRANSCRIPTION_ARN": "arn:aws:lambda:eu-west-1:971422687659:function:one-journey-genai-processTranscription",
                  "REGION": "eu-west-1",
                  "SQS_BATCH_QUEUE_URL": "https://sqs.eu-west-1.amazonaws.com/971422687659/one-journey-batch-queue-genai",
                  "STAGE": "genai",
                  "STORAGE_PROCESS_LAMBDA_ARN": "arn:aws:lambda:eu-west-1:971422687659:function:one-journey-genai-manageFileStorage",
                  "STT_WEBHOOK_ARN": "arn:aws:lambda:eu-west-1:971422687659:function:one-journey-genai-sttWebhook",
                  "TRANSCRIPTIONS_BUCKET": "one-journey-transcriptions-genai",
                  "USER_POOL_CLIENT_ID": "2tonlc0fcbruoestl0c4fuj8ts",
                  "USER_POOL_ID": "eu-west-1_M21ToRrBa",
                  "VERSION": "v1",
                  "WEBSOCKET_API_ENDPOINT": "wss://mu5nzg1mp2.execute-api.eu-west-1.amazonaws.com/genai/"
                }
              }
            ],
            "ephemeral_storage": [
              {
                "size": 512
              }
            ],
            "file_system_config": [],
            "filename": null,
            "function_name": "one-journey-genai-errorCatchAll",
            "handler": "./src/api/v1/node/catchAll/event.handler",
            "id": "one-journey-genai-errorCatchAll",
            "image_config": [],
            "image_uri": "",
            "invoke_arn": "arn:aws:apigateway:eu-west-1:lambda:path/2015-03-31/functions/arn:aws:lambda:eu-west-1:971422687659:function:one-journey-genai-errorCatchAll/invocations",
            "kms_key_arn": "",
            "last_modified": "2025-09-29T14:28:39.000+0000",
            "layers": [],
            "logging_config": [
              {
                "application_log_level": "",
                "log_format": "Text",
                "log_group": "/aws/lambda/one-journey-genai-errorCatchAll",
                "system_log_level": ""
              }
            ],
            "memory_size": 1536,
            "package_type": "Zip",
            "publish": null,
            "qualified_arn": "arn:aws:lambda:eu-west-1:971422687659:function:one-journey-genai-errorCatchAll:30",
            "qualified_invoke_arn": "arn:aws:apigateway:eu-west-1:lambda:path/2015-03-31/functions/arn:aws:lambda:eu-west-1:971422687659:function:one-journey-genai-errorCatchAll:30/invocations",
            "replace_security_groups_on_destroy": null,
            "replacement_security_group_ids": null,
            "reserved_concurrent_executions": -1,
            "role": "arn:aws:iam::971422687659:role/one-journey-genai-errorCatchAll-eu-west-1-lambdaRole",
            "runtime": "nodejs20.x",
            "s3_bucket": null,
            "s3_key": null,
            "s3_object_version": null,
            "signing_job_arn": "",
            "signing_profile_version_arn": "",
            "skip_destroy": false,
            "snap_start": [],
            "source_code_hash": "",
            "source_code_size": 15698827,
            "tags": {
              "STAGE": "genai"
            },
            "tags_all": {
              "STAGE": "genai"
            },
            "timeout": 6,
            "timeouts": null,
            "tracing_config": [
              {
                "mode": "PassThrough"
              }
            ],
            "version": "30",
            "vpc_config": []
          },
          "sensitive_attributes": [],
          "identity_schema_version": 0,
          "private": "eyJlMmJmYjczMC1lY2FhLTExZTYtOGY4OC0zNDM2M2JjN2M0YzAiOnsiY3JlYXRlIjo2MDAwMDAwMDAwMDAsImRlbGV0ZSI6NjAwMDAwMDAwMDAwLCJ1cGRhdGUiOjYwMDAwMDAwMDAwMH0sInNjaGVtYV92ZXJzaW9uIjoiMCJ9"
        },
        {
          "index_key": "execution_context",
          "schema_version": 0,
          "attributes": {
            "architectures": [
              "arm64"
            ],
            "arn": "arn:aws:lambda:eu-west-1:971422687659:function:one-journey-genai-executionContext",
            "code_sha256": "4IB7c3ID6uyvb0i8Mjv/F1Jv36Xzg/2+sgq+1JJgB6w=",
            "code_signing_config_arn": "",
            "dead_letter_config": [],
            "description": "",
            "environment": [
              {
                "variables": {
                  "ACCOUNT_ID": "971422687659",
                  "API_ENDPOINT": "https://d5tcv80br4.execute-api.eu-west-1.amazonaws.com/genai/",
                  "AUDIOS_BUCKET": "one-journey-audiorecord-genai",
                  "CDN_ENDPOINT": "https://d7cnvwmb0wtsp.cloudfront.net/",
                  "COGNITO_USER_POOL": "eu-west-1_M21ToRrBa",
                  "COGNITO_USER_POOL_CLIENT": "2tonlc0fcbruoestl0c4fuj8ts",
                  "CORE_GDS_EVENT_ARN": "arn:aws:lambda:eu-west-1:971422687659:function:one-journey-genai-coreGDSEvent",
                  "CORE_S3_EVENT_ARN": "arn:aws:lambda:eu-west-1:971422687659:function:one-journey-genai-coreS3Event",
                  "CORS_ORIGIN": "*",
                  "DEBUG_LOG": "/aws/one-journey/one-journey-DebugLogs",
                  "DOMAIN_SUFFIX": "one-journey",
                  "DYNAMODB_TABLE_CHANNEL_MESSAGES": "one-journey-channel-messages",
                  "DYNAMODB_TABLE_COMMON_OBJECTS": "one-journey-common-objects",
                  "DYNAMODB_TABLE_COST": "one-journey-cost",
                  "DYNAMODB_TABLE_COUNTERS_STORAGE_CHANNEL": "one-journey-counters-storage-channel",
                  "DYNAMODB_TABLE_EXECUTIONS": "one-journey-executions",
                  "DYNAMODB_TABLE_EXECUTIONS_V5": "one-journey-executions-v5",
                  "DYNAMODB_TABLE_EXECUTIONS_V5_DETAIL": "one-journey-executions-v5-detail",
                  "DYNAMODB_TABLE_EXECUTIONS_V5_GSI_CREATED_AT": "one-journey-executions-v5-gsi-createdAt",
                  "DYNAMODB_TABLE_EXECUTIONS_V5_GSI_UPDATED_AT": "one-journey-executions-v5-gsi-updatedAt",
                  "DYNAMODB_TABLE_MUTEX_LOCK": "one-journey-mutex-lock",
                  "DYNAMODB_TABLE_SESSIONS": "one-journey-sessions",
                  "DYNAMODB_TABLE_STT_OPERATIONS": "one-journey-sttOperations",
                  "DYNAMODB_TABLE_SUSCRIPTIONS": "one-journey-suscriptions",
                  "DYNAMODB_TABLE_WEBSOCKETS_MANAGER": "one-journey-websockets-manager",
                  "DYNAMODB_TABLE_WORKFLOWS_BACKUP": "one-journey-workflows-backup",
                  "DYNAMODB_TABLE_WORKFLOW_CONTEXT": "one-journey-workflow-context",
                  "ERROR_LOG": "/aws/one-journey/one-journey-ErrorLogs",
                  "EVENTBRIDGE_MESSAGE_BUS": "one-journey-messages-bus-genai",
                  "HOSTING_BUCKET": "one-journey-hosting-bucket-genai",
                  "KENDRA_S3_ROLE_ARN": "arn:aws:iam::971422687659:role/OneJourneyKendraS3Role",
                  "KEYS_URL": "https://cognito-idp.eu-west-1.amazonaws.com/eu-west-1_M21ToRrBa/.well-known/jwks.json",
                  "MAIN_CONFIGURATION_ID": "@MAIN_CONFIGURATION",
                  "MAX_CHATGPT_RETRY_REQUEST": "5",
                  "ONE_JOURNEY_DATA_BUCKET": "one-journey-data-bucket-genai",
                  "ONE_JOURNEY_FILES_BUCKET": "one-journey-files-bucket-genai",
                  "PROCESS_TRANSCRIPTION_ARN": "arn:aws:lambda:eu-west-1:971422687659:function:one-journey-genai-processTranscription",
                  "REGION": "eu-west-1",
                  "SQS_BATCH_QUEUE_URL": "https://sqs.eu-west-1.amazonaws.com/971422687659/one-journey-batch-queue-genai",
                  "STAGE": "genai",
                  "STORAGE_PROCESS_LAMBDA_ARN": "arn:aws:lambda:eu-west-1:971422687659:function:one-journey-genai-manageFileStorage",
                  "STT_WEBHOOK_ARN": "arn:aws:lambda:eu-west-1:971422687659:function:one-journey-genai-sttWebhook",
                  "TRANSCRIPTIONS_BUCKET": "one-journey-transcriptions-genai",
                  "USER_POOL_CLIENT_ID": "2tonlc0fcbruoestl0c4fuj8ts",
                  "USER_POOL_ID": "eu-west-1_M21ToRrBa",
                  "VERSION": "v1",
                  "WEBSOCKET_API_ENDPOINT": "wss://mu5nzg1mp2.execute-api.eu-west-1.amazonaws.com/genai/"
                }
              }
            ],
            "ephemeral_storage": [
              {
                "size": 512
              }
            ],
            "file_system_config": [],
            "filename": null,
            "function_name": "one-journey-genai-executionContext",
            "handler": "src/api/v1/endpoint/execution/context.handler",
            "id": "one-journey-genai-executionContext",
            "image_config": [],
            "image_uri": "",
            "invoke_arn": "arn:aws:apigateway:eu-west-1:lambda:path/2015-03-31/functions/arn:aws:lambda:eu-west-1:971422687659:function:one-journey-genai-executionContext/invocations",
            "kms_key_arn": "",
            "last_modified": "2025-09-29T14:28:36.000+0000",
            "layers": [],
            "logging_config": [
              {
                "application_log_level": "",
                "log_format": "Text",
                "log_group": "/aws/lambda/one-journey-genai-executionContext",
                "system_log_level": ""
              }
            ],
            "memory_size": 1536,
            "package_type": "Zip",
            "publish": null,
            "qualified_arn": "arn:aws:lambda:eu-west-1:971422687659:function:one-journey-genai-executionContext:30",
            "qualified_invoke_arn": "arn:aws:apigateway:eu-west-1:lambda:path/2015-03-31/functions/arn:aws:lambda:eu-west-1:971422687659:function:one-journey-genai-executionContext:30/invocations",
            "replace_security_groups_on_destroy": null,
            "replacement_security_group_ids": null,
            "reserved_concurrent_executions": -1,
            "role": "arn:aws:iam::971422687659:role/one-journey-genai-executionContext-eu-west-1-lambdaRole",
            "runtime": "nodejs20.x",
            "s3_bucket": null,
            "s3_key": null,
            "s3_object_version": null,
            "signing_job_arn": "",
            "signing_profile_version_arn": "",
            "skip_destroy": false,
            "snap_start": [],
            "source_code_hash": "",
            "source_code_size": 15695919,
            "tags": {
              "STAGE": "genai"
            },
            "tags_all": {
              "STAGE": "genai"
            },
            "timeout": 6,
            "timeouts": null,
            "tracing_config": [
              {
                "mode": "PassThrough"
              }
            ],
            "version": "30",
            "vpc_config": []
          },
          "sensitive_attributes": [],
          "identity_schema_version": 0,
          "private": "eyJlMmJmYjczMC1lY2FhLTExZTYtOGY4OC0zNDM2M2JjN2M0YzAiOnsiY3JlYXRlIjo2MDAwMDAwMDAwMDAsImRlbGV0ZSI6NjAwMDAwMDAwMDAwLCJ1cGRhdGUiOjYwMDAwMDAwMDAwMH0sInNjaGVtYV92ZXJzaW9uIjoiMCJ9"
        },
        {
          "index_key": "execution_continue",
          "schema_version": 0,
          "attributes": {
            "architectures": [
              "arm64"
            ],
            "arn": "arn:aws:lambda:eu-west-1:971422687659:function:one-journey-genai-executionContinue",
            "code_sha256": "U2HshqSnXSH4uTfGTKKvaxAxp+Og/h5authCMaP2Mog=",
            "code_signing_config_arn": "",
            "dead_letter_config": [],
            "description": "",
            "environment": [
              {
                "variables": {
                  "ACCOUNT_ID": "971422687659",
                  "API_ENDPOINT": "https://d5tcv80br4.execute-api.eu-west-1.amazonaws.com/genai/",
                  "AUDIOS_BUCKET": "one-journey-audiorecord-genai",
                  "CDN_ENDPOINT": "https://d7cnvwmb0wtsp.cloudfront.net/",
                  "COGNITO_USER_POOL": "eu-west-1_M21ToRrBa",
                  "COGNITO_USER_POOL_CLIENT": "2tonlc0fcbruoestl0c4fuj8ts",
                  "CORE_GDS_EVENT_ARN": "arn:aws:lambda:eu-west-1:971422687659:function:one-journey-genai-coreGDSEvent",
                  "CORE_S3_EVENT_ARN": "arn:aws:lambda:eu-west-1:971422687659:function:one-journey-genai-coreS3Event",
                  "CORS_ORIGIN": "*",
                  "DEBUG_LOG": "/aws/one-journey/one-journey-DebugLogs",
                  "DOMAIN_SUFFIX": "one-journey",
                  "DYNAMODB_TABLE_CHANNEL_MESSAGES": "one-journey-channel-messages",
                  "DYNAMODB_TABLE_COMMON_OBJECTS": "one-journey-common-objects",
                  "DYNAMODB_TABLE_COST": "one-journey-cost",
                  "DYNAMODB_TABLE_COUNTERS_STORAGE_CHANNEL": "one-journey-counters-storage-channel",
                  "DYNAMODB_TABLE_EXECUTIONS": "one-journey-executions",
                  "DYNAMODB_TABLE_EXECUTIONS_V5": "one-journey-executions-v5",
                  "DYNAMODB_TABLE_EXECUTIONS_V5_DETAIL": "one-journey-executions-v5-detail",
                  "DYNAMODB_TABLE_EXECUTIONS_V5_GSI_CREATED_AT": "one-journey-executions-v5-gsi-createdAt",
                  "DYNAMODB_TABLE_EXECUTIONS_V5_GSI_UPDATED_AT": "one-journey-executions-v5-gsi-updatedAt",
                  "DYNAMODB_TABLE_MUTEX_LOCK": "one-journey-mutex-lock",
                  "DYNAMODB_TABLE_SESSIONS": "one-journey-sessions",
                  "DYNAMODB_TABLE_STT_OPERATIONS": "one-journey-sttOperations",
                  "DYNAMODB_TABLE_SUSCRIPTIONS": "one-journey-suscriptions",
                  "DYNAMODB_TABLE_WEBSOCKETS_MANAGER": "one-journey-websockets-manager",
                  "DYNAMODB_TABLE_WORKFLOWS_BACKUP": "one-journey-workflows-backup",
                  "DYNAMODB_TABLE_WORKFLOW_CONTEXT": "one-journey-workflow-context",
                  "ERROR_LOG": "/aws/one-journey/one-journey-ErrorLogs",
                  "EVENTBRIDGE_MESSAGE_BUS": "one-journey-messages-bus-genai",
                  "HOSTING_BUCKET": "one-journey-hosting-bucket-genai",
                  "KENDRA_S3_ROLE_ARN": "arn:aws:iam::971422687659:role/OneJourneyKendraS3Role",
                  "KEYS_URL": "https://cognito-idp.eu-west-1.amazonaws.com/eu-west-1_M21ToRrBa/.well-known/jwks.json",
                  "MAIN_CONFIGURATION_ID": "@MAIN_CONFIGURATION",
                  "MAX_CHATGPT_RETRY_REQUEST": "5",
                  "ONE_JOURNEY_DATA_BUCKET": "one-journey-data-bucket-genai",
                  "ONE_JOURNEY_FILES_BUCKET": "one-journey-files-bucket-genai",
                  "PROCESS_TRANSCRIPTION_ARN": "arn:aws:lambda:eu-west-1:971422687659:function:one-journey-genai-processTranscription",
                  "REGION": "eu-west-1",
                  "SQS_BATCH_QUEUE_URL": "https://sqs.eu-west-1.amazonaws.com/971422687659/one-journey-batch-queue-genai",
                  "STAGE": "genai",
                  "STORAGE_PROCESS_LAMBDA_ARN": "arn:aws:lambda:eu-west-1:971422687659:function:one-journey-genai-manageFileStorage",
                  "STT_WEBHOOK_ARN": "arn:aws:lambda:eu-west-1:971422687659:function:one-journey-genai-sttWebhook",
                  "TRANSCRIPTIONS_BUCKET": "one-journey-transcriptions-genai",
                  "USER_POOL_CLIENT_ID": "2tonlc0fcbruoestl0c4fuj8ts",
                  "USER_POOL_ID": "eu-west-1_M21ToRrBa",
                  "VERSION": "v1",
                  "WEBSOCKET_API_ENDPOINT": "wss://mu5nzg1mp2.execute-api.eu-west-1.amazonaws.com/genai/"
                }
              }
            ],
            "ephemeral_storage": [
              {
                "size": 512
              }
            ],
            "file_system_config": [],
            "filename": null,
            "function_name": "one-journey-genai-executionContinue",
            "handler": "src/api/v1/endpoint/execution/continue.handler",
            "id": "one-journey-genai-executionContinue",
            "image_config": [],
            "image_uri": "",
            "invoke_arn": "arn:aws:apigateway:eu-west-1:lambda:path/2015-03-31/functions/arn:aws:lambda:eu-west-1:971422687659:function:one-journey-genai-executionContinue/invocations",
            "kms_key_arn": "",
            "last_modified": "2025-09-29T14:28:39.000+0000",
            "layers": [],
            "logging_config": [
              {
                "application_log_level": "",
                "log_format": "Text",
                "log_group": "/aws/lambda/one-journey-genai-executionContinue",
                "system_log_level": ""
              }
            ],
            "memory_size": 1536,
            "package_type": "Zip",
            "publish": null,
            "qualified_arn": "arn:aws:lambda:eu-west-1:971422687659:function:one-journey-genai-executionContinue:30",
            "qualified_invoke_arn": "arn:aws:apigateway:eu-west-1:lambda:path/2015-03-31/functions/arn:aws:lambda:eu-west-1:971422687659:function:one-journey-genai-executionContinue:30/invocations",
            "replace_security_groups_on_destroy": null,
            "replacement_security_group_ids": null,
            "reserved_concurrent_executions": -1,
            "role": "arn:aws:iam::971422687659:role/one-journey-genai-executionContinue-eu-west-1-lambdaRole",
            "runtime": "nodejs20.x",
            "s3_bucket": null,
            "s3_key": null,
            "s3_object_version": null,
            "signing_job_arn": "",
            "signing_profile_version_arn": "",
            "skip_destroy": false,
            "snap_start": [],
            "source_code_hash": "",
            "source_code_size": 15696240,
            "tags": {
              "STAGE": "genai"
            },
            "tags_all": {
              "STAGE": "genai"
            },
            "timeout": 6,
            "timeouts": null,
            "tracing_config": [
              {
                "mode": "PassThrough"
              }
            ],
            "version": "30",
            "vpc_config": []
          },
          "sensitive_attributes": [],
          "identity_schema_version": 0,
          "private": "eyJlMmJmYjczMC1lY2FhLTExZTYtOGY4OC0zNDM2M2JjN2M0YzAiOnsiY3JlYXRlIjo2MDAwMDAwMDAwMDAsImRlbGV0ZSI6NjAwMDAwMDAwMDAwLCJ1cGRhdGUiOjYwMDAwMDAwMDAwMH0sInNjaGVtYV92ZXJzaW9uIjoiMCJ9"
        },
        {
          "index_key": "execution_delete",
          "schema_version": 0,
          "attributes": {
            "architectures": [
              "arm64"
            ],
            "arn": "arn:aws:lambda:eu-west-1:971422687659:function:one-journey-genai-executionDelete",
            "code_sha256": "BePxSaxM9nsrX4K8rxhCUwW9c75fLnq3EZO5zaLi4LY=",
            "code_signing_config_arn": "",
            "dead_letter_config": [],
            "description": "",
            "environment": [
              {
                "variables": {
                  "ACCOUNT_ID": "971422687659",
                  "API_ENDPOINT": "https://d5tcv80br4.execute-api.eu-west-1.amazonaws.com/genai/",
                  "AUDIOS_BUCKET": "one-journey-audiorecord-genai",
                  "CDN_ENDPOINT": "https://d7cnvwmb0wtsp.cloudfront.net/",
                  "COGNITO_USER_POOL": "eu-west-1_M21ToRrBa",
                  "COGNITO_USER_POOL_CLIENT": "2tonlc0fcbruoestl0c4fuj8ts",
                  "CORE_GDS_EVENT_ARN": "arn:aws:lambda:eu-west-1:971422687659:function:one-journey-genai-coreGDSEvent",
                  "CORE_S3_EVENT_ARN": "arn:aws:lambda:eu-west-1:971422687659:function:one-journey-genai-coreS3Event",
                  "CORS_ORIGIN": "*",
                  "DEBUG_LOG": "/aws/one-journey/one-journey-DebugLogs",
                  "DOMAIN_SUFFIX": "one-journey",
                  "DYNAMODB_TABLE_CHANNEL_MESSAGES": "one-journey-channel-messages",
                  "DYNAMODB_TABLE_COMMON_OBJECTS": "one-journey-common-objects",
                  "DYNAMODB_TABLE_COST": "one-journey-cost",
                  "DYNAMODB_TABLE_COUNTERS_STORAGE_CHANNEL": "one-journey-counters-storage-channel",
                  "DYNAMODB_TABLE_EXECUTIONS": "one-journey-executions",
                  "DYNAMODB_TABLE_EXECUTIONS_V5": "one-journey-executions-v5",
                  "DYNAMODB_TABLE_EXECUTIONS_V5_DETAIL": "one-journey-executions-v5-detail",
                  "DYNAMODB_TABLE_EXECUTIONS_V5_GSI_CREATED_AT": "one-journey-executions-v5-gsi-createdAt",
                  "DYNAMODB_TABLE_EXECUTIONS_V5_GSI_UPDATED_AT": "one-journey-executions-v5-gsi-updatedAt",
                  "DYNAMODB_TABLE_MUTEX_LOCK": "one-journey-mutex-lock",
                  "DYNAMODB_TABLE_SESSIONS": "one-journey-sessions",
                  "DYNAMODB_TABLE_STT_OPERATIONS": "one-journey-sttOperations",
                  "DYNAMODB_TABLE_SUSCRIPTIONS": "one-journey-suscriptions",
                  "DYNAMODB_TABLE_WEBSOCKETS_MANAGER": "one-journey-websockets-manager",
                  "DYNAMODB_TABLE_WORKFLOWS_BACKUP": "one-journey-workflows-backup",
                  "DYNAMODB_TABLE_WORKFLOW_CONTEXT": "one-journey-workflow-context",
                  "ERROR_LOG": "/aws/one-journey/one-journey-ErrorLogs",
                  "EVENTBRIDGE_MESSAGE_BUS": "one-journey-messages-bus-genai",
                  "HOSTING_BUCKET": "one-journey-hosting-bucket-genai",
                  "KENDRA_S3_ROLE_ARN": "arn:aws:iam::971422687659:role/OneJourneyKendraS3Role",
                  "KEYS_URL": "https://cognito-idp.eu-west-1.amazonaws.com/eu-west-1_M21ToRrBa/.well-known/jwks.json",
                  "MAIN_CONFIGURATION_ID": "@MAIN_CONFIGURATION",
                  "MAX_CHATGPT_RETRY_REQUEST": "5",
                  "ONE_JOURNEY_DATA_BUCKET": "one-journey-data-bucket-genai",
                  "ONE_JOURNEY_FILES_BUCKET": "one-journey-files-bucket-genai",
                  "PROCESS_TRANSCRIPTION_ARN": "arn:aws:lambda:eu-west-1:971422687659:function:one-journey-genai-processTranscription",
                  "REGION": "eu-west-1",
                  "SQS_BATCH_QUEUE_URL": "https://sqs.eu-west-1.amazonaws.com/971422687659/one-journey-batch-queue-genai",
                  "STAGE": "genai",
                  "STORAGE_PROCESS_LAMBDA_ARN": "arn:aws:lambda:eu-west-1:971422687659:function:one-journey-genai-manageFileStorage",
                  "STT_WEBHOOK_ARN": "arn:aws:lambda:eu-west-1:971422687659:function:one-journey-genai-sttWebhook",
                  "TRANSCRIPTIONS_BUCKET": "one-journey-transcriptions-genai",
                  "USER_POOL_CLIENT_ID": "2tonlc0fcbruoestl0c4fuj8ts",
                  "USER_POOL_ID": "eu-west-1_M21ToRrBa",
                  "VERSION": "v1",
                  "WEBSOCKET_API_ENDPOINT": "wss://mu5nzg1mp2.execute-api.eu-west-1.amazonaws.com/genai/"
                }
              }
            ],
            "ephemeral_storage": [
              {
                "size": 512
              }
            ],
            "file_system_config": [],
            "filename": null,
            "function_name": "one-journey-genai-executionDelete",
            "handler": "src/api/v1/endpoint/execution/delete.handler",
            "id": "one-journey-genai-executionDelete",
            "image_config": [],
            "image_uri": "",
            "invoke_arn": "arn:aws:apigateway:eu-west-1:lambda:path/2015-03-31/functions/arn:aws:lambda:eu-west-1:971422687659:function:one-journey-genai-executionDelete/invocations",
            "kms_key_arn": "",
            "last_modified": "2025-09-29T14:28:34.000+0000",
            "layers": [],
            "logging_config": [
              {
                "application_log_level": "",
                "log_format": "Text",
                "log_group": "/aws/lambda/one-journey-genai-executionDelete",
                "system_log_level": ""
              }
            ],
            "memory_size": 1536,
            "package_type": "Zip",
            "publish": null,
            "qualified_arn": "arn:aws:lambda:eu-west-1:971422687659:function:one-journey-genai-executionDelete:30",
            "qualified_invoke_arn": "arn:aws:apigateway:eu-west-1:lambda:path/2015-03-31/functions/arn:aws:lambda:eu-west-1:971422687659:function:one-journey-genai-executionDelete:30/invocations",
            "replace_security_groups_on_destroy": null,
            "replacement_security_group_ids": null,
            "reserved_concurrent_executions": -1,
            "role": "arn:aws:iam::971422687659:role/one-journey-genai-executionDelete-eu-west-1-lambdaRole",
            "runtime": "nodejs20.x",
            "s3_bucket": null,
            "s3_key": null,
            "s3_object_version": null,
            "signing_job_arn": "",
            "signing_profile_version_arn": "",
            "skip_destroy": false,
            "snap_start": [],
            "source_code_hash": "",
            "source_code_size": 15697318,
            "tags": {
              "STAGE": "genai"
            },
            "tags_all": {
              "STAGE": "genai"
            },
            "timeout": 6,
            "timeouts": null,
            "tracing_config": [
              {
                "mode": "PassThrough"
              }
            ],
            "version": "30",
            "vpc_config": []
          },
          "sensitive_attributes": [],
          "identity_schema_version": 0,
          "private": "eyJlMmJmYjczMC1lY2FhLTExZTYtOGY4OC0zNDM2M2JjN2M0YzAiOnsiY3JlYXRlIjo2MDAwMDAwMDAwMDAsImRlbGV0ZSI6NjAwMDAwMDAwMDAwLCJ1cGRhdGUiOjYwMDAwMDAwMDAwMH0sInNjaGVtYV92ZXJzaW9uIjoiMCJ9"
        },
        {
          "index_key": "execution_event",
          "schema_version": 0,
          "attributes": {
            "architectures": [
              "arm64"
            ],
            "arn": "arn:aws:lambda:eu-west-1:971422687659:function:one-journey-genai-executionEvent",
            "code_sha256": "aiMyvoSXMFbxpfXpMTzBPvZWkXb1mqVZVZJA9ZfKizg=",
            "code_signing_config_arn": "",
            "dead_letter_config": [],
            "description": "",
            "environment": [
              {
                "variables": {
                  "ACCOUNT_ID": "971422687659",
                  "API_ENDPOINT": "https://d5tcv80br4.execute-api.eu-west-1.amazonaws.com/genai/",
                  "AUDIOS_BUCKET": "one-journey-audiorecord-genai",
                  "CDN_ENDPOINT": "https://d7cnvwmb0wtsp.cloudfront.net/",
                  "COGNITO_USER_POOL": "eu-west-1_M21ToRrBa",
                  "COGNITO_USER_POOL_CLIENT": "2tonlc0fcbruoestl0c4fuj8ts",
                  "CORE_GDS_EVENT_ARN": "arn:aws:lambda:eu-west-1:971422687659:function:one-journey-genai-coreGDSEvent",
                  "CORE_S3_EVENT_ARN": "arn:aws:lambda:eu-west-1:971422687659:function:one-journey-genai-coreS3Event",
                  "CORS_ORIGIN": "*",
                  "DEBUG_LOG": "/aws/one-journey/one-journey-DebugLogs",
                  "DOMAIN_SUFFIX": "one-journey",
                  "DYNAMODB_TABLE_CHANNEL_MESSAGES": "one-journey-channel-messages",
                  "DYNAMODB_TABLE_COMMON_OBJECTS": "one-journey-common-objects",
                  "DYNAMODB_TABLE_COST": "one-journey-cost",
                  "DYNAMODB_TABLE_COUNTERS_STORAGE_CHANNEL": "one-journey-counters-storage-channel",
                  "DYNAMODB_TABLE_EXECUTIONS": "one-journey-executions",
                  "DYNAMODB_TABLE_EXECUTIONS_V5": "one-journey-executions-v5",
                  "DYNAMODB_TABLE_EXECUTIONS_V5_DETAIL": "one-journey-executions-v5-detail",
                  "DYNAMODB_TABLE_EXECUTIONS_V5_GSI_CREATED_AT": "one-journey-executions-v5-gsi-createdAt",
                  "DYNAMODB_TABLE_EXECUTIONS_V5_GSI_UPDATED_AT": "one-journey-executions-v5-gsi-updatedAt",
                  "DYNAMODB_TABLE_MUTEX_LOCK": "one-journey-mutex-lock",
                  "DYNAMODB_TABLE_SESSIONS": "one-journey-sessions",
                  "DYNAMODB_TABLE_STT_OPERATIONS": "one-journey-sttOperations",
                  "DYNAMODB_TABLE_SUSCRIPTIONS": "one-journey-suscriptions",
                  "DYNAMODB_TABLE_WEBSOCKETS_MANAGER": "one-journey-websockets-manager",
                  "DYNAMODB_TABLE_WORKFLOWS_BACKUP": "one-journey-workflows-backup",
                  "DYNAMODB_TABLE_WORKFLOW_CONTEXT": "one-journey-workflow-context",
                  "ERROR_LOG": "/aws/one-journey/one-journey-ErrorLogs",
                  "EVENTBRIDGE_MESSAGE_BUS": "one-journey-messages-bus-genai",
                  "HOSTING_BUCKET": "one-journey-hosting-bucket-genai",
                  "KENDRA_S3_ROLE_ARN": "arn:aws:iam::971422687659:role/OneJourneyKendraS3Role",
                  "KEYS_URL": "https://cognito-idp.eu-west-1.amazonaws.com/eu-west-1_M21ToRrBa/.well-known/jwks.json",
                  "MAIN_CONFIGURATION_ID": "@MAIN_CONFIGURATION",
                  "MAX_CHATGPT_RETRY_REQUEST": "5",
                  "ONE_JOURNEY_DATA_BUCKET": "one-journey-data-bucket-genai",
                  "ONE_JOURNEY_FILES_BUCKET": "one-journey-files-bucket-genai",
                  "PROCESS_TRANSCRIPTION_ARN": "arn:aws:lambda:eu-west-1:971422687659:function:one-journey-genai-processTranscription",
                  "REGION": "eu-west-1",
                  "SQS_BATCH_QUEUE_URL": "https://sqs.eu-west-1.amazonaws.com/971422687659/one-journey-batch-queue-genai",
                  "STAGE": "genai",
                  "STORAGE_PROCESS_LAMBDA_ARN": "arn:aws:lambda:eu-west-1:971422687659:function:one-journey-genai-manageFileStorage",
                  "STT_WEBHOOK_ARN": "arn:aws:lambda:eu-west-1:971422687659:function:one-journey-genai-sttWebhook",
                  "TRANSCRIPTIONS_BUCKET": "one-journey-transcriptions-genai",
                  "USER_POOL_CLIENT_ID": "2tonlc0fcbruoestl0c4fuj8ts",
                  "USER_POOL_ID": "eu-west-1_M21ToRrBa",
                  "VERSION": "v1",
                  "WEBSOCKET_API_ENDPOINT": "wss://mu5nzg1mp2.execute-api.eu-west-1.amazonaws.com/genai/"
                }
              }
            ],
            "ephemeral_storage": [
              {
                "size": 512
              }
            ],
            "file_system_config": [],
            "filename": null,
            "function_name": "one-journey-genai-executionEvent",
            "handler": "src/api/v1/core/execution/event.handler",
            "id": "one-journey-genai-executionEvent",
            "image_config": [],
            "image_uri": "",
            "invoke_arn": "arn:aws:apigateway:eu-west-1:lambda:path/2015-03-31/functions/arn:aws:lambda:eu-west-1:971422687659:function:one-journey-genai-executionEvent/invocations",
            "kms_key_arn": "",
            "last_modified": "2025-09-29T14:28:33.000+0000",
            "layers": [],
            "logging_config": [
              {
                "application_log_level": "",
                "log_format": "Text",
                "log_group": "/aws/lambda/one-journey-genai-executionEvent",
                "system_log_level": ""
              }
            ],
            "memory_size": 1536,
            "package_type": "Zip",
            "publish": null,
            "qualified_arn": "arn:aws:lambda:eu-west-1:971422687659:function:one-journey-genai-executionEvent:30",
            "qualified_invoke_arn": "arn:aws:apigateway:eu-west-1:lambda:path/2015-03-31/functions/arn:aws:lambda:eu-west-1:971422687659:function:one-journey-genai-executionEvent:30/invocations",
            "replace_security_groups_on_destroy": null,
            "replacement_security_group_ids": null,
            "reserved_concurrent_executions": -1,
            "role": "arn:aws:iam::971422687659:role/one-journey-genai-executionEvent-eu-west-1-lambdaRole",
            "runtime": "nodejs20.x",
            "s3_bucket": null,
            "s3_key": null,
            "s3_object_version": null,
            "signing_job_arn": "",
            "signing_profile_version_arn": "",
            "skip_destroy": false,
            "snap_start": [],
            "source_code_hash": "",
            "source_code_size": 15705071,
            "tags": {
              "STAGE": "genai"
            },
            "tags_all": {
              "STAGE": "genai"
            },
            "timeout": 6,
            "timeouts": null,
            "tracing_config": [
              {
                "mode": "PassThrough"
              }
            ],
            "version": "30",
            "vpc_config": []
          },
          "sensitive_attributes": [],
          "identity_schema_version": 0,
          "private": "eyJlMmJmYjczMC1lY2FhLTExZTYtOGY4OC0zNDM2M2JjN2M0YzAiOnsiY3JlYXRlIjo2MDAwMDAwMDAwMDAsImRlbGV0ZSI6NjAwMDAwMDAwMDAwLCJ1cGRhdGUiOjYwMDAwMDAwMDAwMH0sInNjaGVtYV92ZXJzaW9uIjoiMCJ9"
        },
        {
          "index_key": "execution_get",
          "schema_version": 0,
          "attributes": {
            "architectures": [
              "arm64"
            ],
            "arn": "arn:aws:lambda:eu-west-1:971422687659:function:one-journey-genai-executionGet",
            "code_sha256": "u2avEsXWpzorhRt+Py5avBhXPLlggqFkFNe2XJCuhnE=",
            "code_signing_config_arn": "",
            "dead_letter_config": [],
            "description": "",
            "environment": [
              {
                "variables": {
                  "ACCOUNT_ID": "971422687659",
                  "API_ENDPOINT": "https://d5tcv80br4.execute-api.eu-west-1.amazonaws.com/genai/",
                  "AUDIOS_BUCKET": "one-journey-audiorecord-genai",
                  "CDN_ENDPOINT": "https://d7cnvwmb0wtsp.cloudfront.net/",
                  "COGNITO_USER_POOL": "eu-west-1_M21ToRrBa",
                  "COGNITO_USER_POOL_CLIENT": "2tonlc0fcbruoestl0c4fuj8ts",
                  "CORE_GDS_EVENT_ARN": "arn:aws:lambda:eu-west-1:971422687659:function:one-journey-genai-coreGDSEvent",
                  "CORE_S3_EVENT_ARN": "arn:aws:lambda:eu-west-1:971422687659:function:one-journey-genai-coreS3Event",
                  "CORS_ORIGIN": "*",
                  "DEBUG_LOG": "/aws/one-journey/one-journey-DebugLogs",
                  "DOMAIN_SUFFIX": "one-journey",
                  "DYNAMODB_TABLE_CHANNEL_MESSAGES": "one-journey-channel-messages",
                  "DYNAMODB_TABLE_COMMON_OBJECTS": "one-journey-common-objects",
                  "DYNAMODB_TABLE_COST": "one-journey-cost",
                  "DYNAMODB_TABLE_COUNTERS_STORAGE_CHANNEL": "one-journey-counters-storage-channel",
                  "DYNAMODB_TABLE_EXECUTIONS": "one-journey-executions",
                  "DYNAMODB_TABLE_EXECUTIONS_V5": "one-journey-executions-v5",
                  "DYNAMODB_TABLE_EXECUTIONS_V5_DETAIL": "one-journey-executions-v5-detail",
                  "DYNAMODB_TABLE_EXECUTIONS_V5_GSI_CREATED_AT": "one-journey-executions-v5-gsi-createdAt",
                  "DYNAMODB_TABLE_EXECUTIONS_V5_GSI_UPDATED_AT": "one-journey-executions-v5-gsi-updatedAt",
                  "DYNAMODB_TABLE_MUTEX_LOCK": "one-journey-mutex-lock",
                  "DYNAMODB_TABLE_SESSIONS": "one-journey-sessions",
                  "DYNAMODB_TABLE_STT_OPERATIONS": "one-journey-sttOperations",
                  "DYNAMODB_TABLE_SUSCRIPTIONS": "one-journey-suscriptions",
                  "DYNAMODB_TABLE_WEBSOCKETS_MANAGER": "one-journey-websockets-manager",
                  "DYNAMODB_TABLE_WORKFLOWS_BACKUP": "one-journey-workflows-backup",
                  "DYNAMODB_TABLE_WORKFLOW_CONTEXT": "one-journey-workflow-context",
                  "ERROR_LOG": "/aws/one-journey/one-journey-ErrorLogs",
                  "EVENTBRIDGE_MESSAGE_BUS": "one-journey-messages-bus-genai",
                  "HOSTING_BUCKET": "one-journey-hosting-bucket-genai",
                  "KENDRA_S3_ROLE_ARN": "arn:aws:iam::971422687659:role/OneJourneyKendraS3Role",
                  "KEYS_URL": "https://cognito-idp.eu-west-1.amazonaws.com/eu-west-1_M21ToRrBa/.well-known/jwks.json",
                  "MAIN_CONFIGURATION_ID": "@MAIN_CONFIGURATION",
                  "MAX_CHATGPT_RETRY_REQUEST": "5",
                  "ONE_JOURNEY_DATA_BUCKET": "one-journey-data-bucket-genai",
                  "ONE_JOURNEY_FILES_BUCKET": "one-journey-files-bucket-genai",
                  "PROCESS_TRANSCRIPTION_ARN": "arn:aws:lambda:eu-west-1:971422687659:function:one-journey-genai-processTranscription",
                  "REGION": "eu-west-1",
                  "SQS_BATCH_QUEUE_URL": "https://sqs.eu-west-1.amazonaws.com/971422687659/one-journey-batch-queue-genai",
                  "STAGE": "genai",
                  "STORAGE_PROCESS_LAMBDA_ARN": "arn:aws:lambda:eu-west-1:971422687659:function:one-journey-genai-manageFileStorage",
                  "STT_WEBHOOK_ARN": "arn:aws:lambda:eu-west-1:971422687659:function:one-journey-genai-sttWebhook",
                  "TRANSCRIPTIONS_BUCKET": "one-journey-transcriptions-genai",
                  "USER_POOL_CLIENT_ID": "2tonlc0fcbruoestl0c4fuj8ts",
                  "USER_POOL_ID": "eu-west-1_M21ToRrBa",
                  "VERSION": "v1",
                  "WEBSOCKET_API_ENDPOINT": "wss://mu5nzg1mp2.execute-api.eu-west-1.amazonaws.com/genai/"
                }
              }
            ],
            "ephemeral_storage": [
              {
                "size": 512
              }
            ],
            "file_system_config": [],
            "filename": null,
            "function_name": "one-journey-genai-executionGet",
            "handler": "src/api/v1/endpoint/execution/get.handler",
            "id": "one-journey-genai-executionGet",
            "image_config": [],
            "image_uri": "",
            "invoke_arn": "arn:aws:apigateway:eu-west-1:lambda:path/2015-03-31/functions/arn:aws:lambda:eu-west-1:971422687659:function:one-journey-genai-executionGet/invocations",
            "kms_key_arn": "",
            "last_modified": "2025-09-29T14:28:29.000+0000",
            "layers": [],
            "logging_config": [
              {
                "application_log_level": "",
                "log_format": "Text",
                "log_group": "/aws/lambda/one-journey-genai-executionGet",
                "system_log_level": ""
              }
            ],
            "memory_size": 1536,
            "package_type": "Zip",
            "publish": null,
            "qualified_arn": "arn:aws:lambda:eu-west-1:971422687659:function:one-journey-genai-executionGet:30",
            "qualified_invoke_arn": "arn:aws:apigateway:eu-west-1:lambda:path/2015-03-31/functions/arn:aws:lambda:eu-west-1:971422687659:function:one-journey-genai-executionGet:30/invocations",
            "replace_security_groups_on_destroy": null,
            "replacement_security_group_ids": null,
            "reserved_concurrent_executions": -1,
            "role": "arn:aws:iam::971422687659:role/one-journey-genai-executionGet-eu-west-1-lambdaRole",
            "runtime": "nodejs20.x",
            "s3_bucket": null,
            "s3_key": null,
            "s3_object_version": null,
            "signing_job_arn": "",
            "signing_profile_version_arn": "",
            "skip_destroy": false,
            "snap_start": [],
            "source_code_hash": "",
            "source_code_size": 15699847,
            "tags": {
              "STAGE": "genai"
            },
            "tags_all": {
              "STAGE": "genai"
            },
            "timeout": 6,
            "timeouts": null,
            "tracing_config": [
              {
                "mode": "PassThrough"
              }
            ],
            "version": "30",
            "vpc_config": []
          },
          "sensitive_attributes": [],
          "identity_schema_version": 0,
          "private": "eyJlMmJmYjczMC1lY2FhLTExZTYtOGY4OC0zNDM2M2JjN2M0YzAiOnsiY3JlYXRlIjo2MDAwMDAwMDAwMDAsImRlbGV0ZSI6NjAwMDAwMDAwMDAwLCJ1cGRhdGUiOjYwMDAwMDAwMDAwMH0sInNjaGVtYV92ZXJzaW9uIjoiMCJ9"
        },
        {
          "index_key": "execution_patch",
          "schema_version": 0,
          "attributes": {
            "architectures": [
              "arm64"
            ],
            "arn": "arn:aws:lambda:eu-west-1:971422687659:function:one-journey-genai-executionPatch",
            "code_sha256": "APxIye3nPshX4JYzxLVUs7LjCGdT88vEJGjAHC3eKwM=",
            "code_signing_config_arn": "",
            "dead_letter_config": [],
            "description": "",
            "environment": [
              {
                "variables": {
                  "ACCOUNT_ID": "971422687659",
                  "API_ENDPOINT": "https://d5tcv80br4.execute-api.eu-west-1.amazonaws.com/genai/",
                  "AUDIOS_BUCKET": "one-journey-audiorecord-genai",
                  "CDN_ENDPOINT": "https://d7cnvwmb0wtsp.cloudfront.net/",
                  "COGNITO_USER_POOL": "eu-west-1_M21ToRrBa",
                  "COGNITO_USER_POOL_CLIENT": "2tonlc0fcbruoestl0c4fuj8ts",
                  "CORE_GDS_EVENT_ARN": "arn:aws:lambda:eu-west-1:971422687659:function:one-journey-genai-coreGDSEvent",
                  "CORE_S3_EVENT_ARN": "arn:aws:lambda:eu-west-1:971422687659:function:one-journey-genai-coreS3Event",
                  "CORS_ORIGIN": "*",
                  "DEBUG_LOG": "/aws/one-journey/one-journey-DebugLogs",
                  "DOMAIN_SUFFIX": "one-journey",
                  "DYNAMODB_TABLE_CHANNEL_MESSAGES": "one-journey-channel-messages",
                  "DYNAMODB_TABLE_COMMON_OBJECTS": "one-journey-common-objects",
                  "DYNAMODB_TABLE_COST": "one-journey-cost",
                  "DYNAMODB_TABLE_COUNTERS_STORAGE_CHANNEL": "one-journey-counters-storage-channel",
                  "DYNAMODB_TABLE_EXECUTIONS": "one-journey-executions",
                  "DYNAMODB_TABLE_EXECUTIONS_V5": "one-journey-executions-v5",
                  "DYNAMODB_TABLE_EXECUTIONS_V5_DETAIL": "one-journey-executions-v5-detail",
                  "DYNAMODB_TABLE_EXECUTIONS_V5_GSI_CREATED_AT": "one-journey-executions-v5-gsi-createdAt",
                  "DYNAMODB_TABLE_EXECUTIONS_V5_GSI_UPDATED_AT": "one-journey-executions-v5-gsi-updatedAt",
                  "DYNAMODB_TABLE_MUTEX_LOCK": "one-journey-mutex-lock",
                  "DYNAMODB_TABLE_SESSIONS": "one-journey-sessions",
                  "DYNAMODB_TABLE_STT_OPERATIONS": "one-journey-sttOperations",
                  "DYNAMODB_TABLE_SUSCRIPTIONS": "one-journey-suscriptions",
                  "DYNAMODB_TABLE_WEBSOCKETS_MANAGER": "one-journey-websockets-manager",
                  "DYNAMODB_TABLE_WORKFLOWS_BACKUP": "one-journey-workflows-backup",
                  "DYNAMODB_TABLE_WORKFLOW_CONTEXT": "one-journey-workflow-context",
                  "ERROR_LOG": "/aws/one-journey/one-journey-ErrorLogs",
                  "EVENTBRIDGE_MESSAGE_BUS": "one-journey-messages-bus-genai",
                  "HOSTING_BUCKET": "one-journey-hosting-bucket-genai",
                  "KENDRA_S3_ROLE_ARN": "arn:aws:iam::971422687659:role/OneJourneyKendraS3Role",
                  "KEYS_URL": "https://cognito-idp.eu-west-1.amazonaws.com/eu-west-1_M21ToRrBa/.well-known/jwks.json",
                  "MAIN_CONFIGURATION_ID": "@MAIN_CONFIGURATION",
                  "MAX_CHATGPT_RETRY_REQUEST": "5",
                  "ONE_JOURNEY_DATA_BUCKET": "one-journey-data-bucket-genai",
                  "ONE_JOURNEY_FILES_BUCKET": "one-journey-files-bucket-genai",
                  "PROCESS_TRANSCRIPTION_ARN": "arn:aws:lambda:eu-west-1:971422687659:function:one-journey-genai-processTranscription",
                  "REGION": "eu-west-1",
                  "SQS_BATCH_QUEUE_URL": "https://sqs.eu-west-1.amazonaws.com/971422687659/one-journey-batch-queue-genai",
                  "STAGE": "genai",
                  "STORAGE_PROCESS_LAMBDA_ARN": "arn:aws:lambda:eu-west-1:971422687659:function:one-journey-genai-manageFileStorage",
                  "STT_WEBHOOK_ARN": "arn:aws:lambda:eu-west-1:971422687659:function:one-journey-genai-sttWebhook",
                  "TRANSCRIPTIONS_BUCKET": "one-journey-transcriptions-genai",
                  "USER_POOL_CLIENT_ID": "2tonlc0fcbruoestl0c4fuj8ts",
                  "USER_POOL_ID": "eu-west-1_M21ToRrBa",
                  "VERSION": "v1",
                  "WEBSOCKET_API_ENDPOINT": "wss://mu5nzg1mp2.execute-api.eu-west-1.amazonaws.com/genai/"
                }
              }
            ],
            "ephemeral_storage": [
              {
                "size": 512
              }
            ],
            "file_system_config": [],
            "filename": null,
            "function_name": "one-journey-genai-executionPatch",
            "handler": "src/api/v1/endpoint/execution/patch.handler",
            "id": "one-journey-genai-executionPatch",
            "image_config": [],
            "image_uri": "",
            "invoke_arn": "arn:aws:apigateway:eu-west-1:lambda:path/2015-03-31/functions/arn:aws:lambda:eu-west-1:971422687659:function:one-journey-genai-executionPatch/invocations",
            "kms_key_arn": "",
            "last_modified": "2025-09-29T14:28:39.000+0000",
            "layers": [],
            "logging_config": [
              {
                "application_log_level": "",
                "log_format": "Text",
                "log_group": "/aws/lambda/one-journey-genai-executionPatch",
                "system_log_level": ""
              }
            ],
            "memory_size": 1536,
            "package_type": "Zip",
            "publish": null,
            "qualified_arn": "arn:aws:lambda:eu-west-1:971422687659:function:one-journey-genai-executionPatch:30",
            "qualified_invoke_arn": "arn:aws:apigateway:eu-west-1:lambda:path/2015-03-31/functions/arn:aws:lambda:eu-west-1:971422687659:function:one-journey-genai-executionPatch:30/invocations",
            "replace_security_groups_on_destroy": null,
            "replacement_security_group_ids": null,
            "reserved_concurrent_executions": -1,
            "role": "arn:aws:iam::971422687659:role/one-journey-genai-executionPatch-eu-west-1-lambdaRole",
            "runtime": "nodejs20.x",
            "s3_bucket": null,
            "s3_key": null,
            "s3_object_version": null,
            "signing_job_arn": "",
            "signing_profile_version_arn": "",
            "skip_destroy": false,
            "snap_start": [],
            "source_code_hash": "",
            "source_code_size": 15697325,
            "tags": {
              "STAGE": "genai"
            },
            "tags_all": {
              "STAGE": "genai"
            },
            "timeout": 6,
            "timeouts": null,
            "tracing_config": [
              {
                "mode": "PassThrough"
              }
            ],
            "version": "30",
            "vpc_config": []
          },
          "sensitive_attributes": [],
          "identity_schema_version": 0,
          "private": "eyJlMmJmYjczMC1lY2FhLTExZTYtOGY4OC0zNDM2M2JjN2M0YzAiOnsiY3JlYXRlIjo2MDAwMDAwMDAwMDAsImRlbGV0ZSI6NjAwMDAwMDAwMDAwLCJ1cGRhdGUiOjYwMDAwMDAwMDAwMH0sInNjaGVtYV92ZXJzaW9uIjoiMCJ9"
        },
        {
          "index_key": "execution_stop",
          "schema_version": 0,
          "attributes": {
            "architectures": [
              "arm64"
            ],
            "arn": "arn:aws:lambda:eu-west-1:971422687659:function:one-journey-genai-executionStop",
            "code_sha256": "hPNaLH7gsHGt6RE263fdGc6m7feoGSjuai1roG5jArQ=",
            "code_signing_config_arn": "",
            "dead_letter_config": [],
            "description": "",
            "environment": [
              {
                "variables": {
                  "ACCOUNT_ID": "971422687659",
                  "API_ENDPOINT": "https://d5tcv80br4.execute-api.eu-west-1.amazonaws.com/genai/",
                  "AUDIOS_BUCKET": "one-journey-audiorecord-genai",
                  "CDN_ENDPOINT": "https://d7cnvwmb0wtsp.cloudfront.net/",
                  "COGNITO_USER_POOL": "eu-west-1_M21ToRrBa",
                  "COGNITO_USER_POOL_CLIENT": "2tonlc0fcbruoestl0c4fuj8ts",
                  "CORE_GDS_EVENT_ARN": "arn:aws:lambda:eu-west-1:971422687659:function:one-journey-genai-coreGDSEvent",
                  "CORE_S3_EVENT_ARN": "arn:aws:lambda:eu-west-1:971422687659:function:one-journey-genai-coreS3Event",
                  "CORS_ORIGIN": "*",
                  "DEBUG_LOG": "/aws/one-journey/one-journey-DebugLogs",
                  "DOMAIN_SUFFIX": "one-journey",
                  "DYNAMODB_TABLE_CHANNEL_MESSAGES": "one-journey-channel-messages",
                  "DYNAMODB_TABLE_COMMON_OBJECTS": "one-journey-common-objects",
                  "DYNAMODB_TABLE_COST": "one-journey-cost",
                  "DYNAMODB_TABLE_COUNTERS_STORAGE_CHANNEL": "one-journey-counters-storage-channel",
                  "DYNAMODB_TABLE_EXECUTIONS": "one-journey-executions",
                  "DYNAMODB_TABLE_EXECUTIONS_V5": "one-journey-executions-v5",
                  "DYNAMODB_TABLE_EXECUTIONS_V5_DETAIL": "one-journey-executions-v5-detail",
                  "DYNAMODB_TABLE_EXECUTIONS_V5_GSI_CREATED_AT": "one-journey-executions-v5-gsi-createdAt",
                  "DYNAMODB_TABLE_EXECUTIONS_V5_GSI_UPDATED_AT": "one-journey-executions-v5-gsi-updatedAt",
                  "DYNAMODB_TABLE_MUTEX_LOCK": "one-journey-mutex-lock",
                  "DYNAMODB_TABLE_SESSIONS": "one-journey-sessions",
                  "DYNAMODB_TABLE_STT_OPERATIONS": "one-journey-sttOperations",
                  "DYNAMODB_TABLE_SUSCRIPTIONS": "one-journey-suscriptions",
                  "DYNAMODB_TABLE_WEBSOCKETS_MANAGER": "one-journey-websockets-manager",
                  "DYNAMODB_TABLE_WORKFLOWS_BACKUP": "one-journey-workflows-backup",
                  "DYNAMODB_TABLE_WORKFLOW_CONTEXT": "one-journey-workflow-context",
                  "ERROR_LOG": "/aws/one-journey/one-journey-ErrorLogs",
                  "EVENTBRIDGE_MESSAGE_BUS": "one-journey-messages-bus-genai",
                  "HOSTING_BUCKET": "one-journey-hosting-bucket-genai",
                  "KENDRA_S3_ROLE_ARN": "arn:aws:iam::971422687659:role/OneJourneyKendraS3Role",
                  "KEYS_URL": "https://cognito-idp.eu-west-1.amazonaws.com/eu-west-1_M21ToRrBa/.well-known/jwks.json",
                  "MAIN_CONFIGURATION_ID": "@MAIN_CONFIGURATION",
                  "MAX_CHATGPT_RETRY_REQUEST": "5",
                  "ONE_JOURNEY_DATA_BUCKET": "one-journey-data-bucket-genai",
                  "ONE_JOURNEY_FILES_BUCKET": "one-journey-files-bucket-genai",
                  "PROCESS_TRANSCRIPTION_ARN": "arn:aws:lambda:eu-west-1:971422687659:function:one-journey-genai-processTranscription",
                  "REGION": "eu-west-1",
                  "SQS_BATCH_QUEUE_URL": "https://sqs.eu-west-1.amazonaws.com/971422687659/one-journey-batch-queue-genai",
                  "STAGE": "genai",
                  "STORAGE_PROCESS_LAMBDA_ARN": "arn:aws:lambda:eu-west-1:971422687659:function:one-journey-genai-manageFileStorage",
                  "STT_WEBHOOK_ARN": "arn:aws:lambda:eu-west-1:971422687659:function:one-journey-genai-sttWebhook",
                  "TRANSCRIPTIONS_BUCKET": "one-journey-transcriptions-genai",
                  "USER_POOL_CLIENT_ID": "2tonlc0fcbruoestl0c4fuj8ts",
                  "USER_POOL_ID": "eu-west-1_M21ToRrBa",
                  "VERSION": "v1",
                  "WEBSOCKET_API_ENDPOINT": "wss://mu5nzg1mp2.execute-api.eu-west-1.amazonaws.com/genai/"
                }
              }
            ],
            "ephemeral_storage": [
              {
                "size": 512
              }
            ],
            "file_system_config": [],
            "filename": null,
            "function_name": "one-journey-genai-executionStop",
            "handler": "src/api/v1/endpoint/execution/stop.handler",
            "id": "one-journey-genai-executionStop",
            "image_config": [],
            "image_uri": "",
            "invoke_arn": "arn:aws:apigateway:eu-west-1:lambda:path/2015-03-31/functions/arn:aws:lambda:eu-west-1:971422687659:function:one-journey-genai-executionStop/invocations",
            "kms_key_arn": "",
            "last_modified": "2025-09-29T14:28:41.000+0000",
            "layers": [],
            "logging_config": [
              {
                "application_log_level": "",
                "log_format": "Text",
                "log_group": "/aws/lambda/one-journey-genai-executionStop",
                "system_log_level": ""
              }
            ],
            "memory_size": 1536,
            "package_type": "Zip",
            "publish": null,
            "qualified_arn": "arn:aws:lambda:eu-west-1:971422687659:function:one-journey-genai-executionStop:30",
            "qualified_invoke_arn": "arn:aws:apigateway:eu-west-1:lambda:path/2015-03-31/functions/arn:aws:lambda:eu-west-1:971422687659:function:one-journey-genai-executionStop:30/invocations",
            "replace_security_groups_on_destroy": null,
            "replacement_security_group_ids": null,
            "reserved_concurrent_executions": -1,
            "role": "arn:aws:iam::971422687659:role/one-journey-genai-executionStop-eu-west-1-lambdaRole",
            "runtime": "nodejs20.x",
            "s3_bucket": null,
            "s3_key": null,
            "s3_object_version": null,
            "signing_job_arn": "",
            "signing_profile_version_arn": "",
            "skip_destroy": false,
            "snap_start": [],
            "source_code_hash": "",
            "source_code_size": 15696621,
            "tags": {
              "STAGE": "genai"
            },
            "tags_all": {
              "STAGE": "genai"
            },
            "timeout": 6,
            "timeouts": null,
            "tracing_config": [
              {
                "mode": "PassThrough"
              }
            ],
            "version": "30",
            "vpc_config": []
          },
          "sensitive_attributes": [],
          "identity_schema_version": 0,
          "private": "eyJlMmJmYjczMC1lY2FhLTExZTYtOGY4OC0zNDM2M2JjN2M0YzAiOnsiY3JlYXRlIjo2MDAwMDAwMDAwMDAsImRlbGV0ZSI6NjAwMDAwMDAwMDAwLCJ1cGRhdGUiOjYwMDAwMDAwMDAwMH0sInNjaGVtYV92ZXJzaW9uIjoiMCJ9"
        },
        {
          "index_key": "for_each_node",
          "schema_version": 0,
          "attributes": {
            "architectures": [
              "arm64"
            ],
            "arn": "arn:aws:lambda:eu-west-1:971422687659:function:one-journey-genai-forEachNode",
            "code_sha256": "uX9AjYixEJr1bMD6KAGsKZM4qS111/oqVTU5ciKcBas=",
            "code_signing_config_arn": "",
            "dead_letter_config": [],
            "description": "",
            "environment": [
              {
                "variables": {
                  "ACCOUNT_ID": "971422687659",
                  "API_ENDPOINT": "https://d5tcv80br4.execute-api.eu-west-1.amazonaws.com/genai/",
                  "AUDIOS_BUCKET": "one-journey-audiorecord-genai",
                  "CDN_ENDPOINT": "https://d7cnvwmb0wtsp.cloudfront.net/",
                  "COGNITO_USER_POOL": "eu-west-1_M21ToRrBa",
                  "COGNITO_USER_POOL_CLIENT": "2tonlc0fcbruoestl0c4fuj8ts",
                  "CORE_GDS_EVENT_ARN": "arn:aws:lambda:eu-west-1:971422687659:function:one-journey-genai-coreGDSEvent",
                  "CORE_S3_EVENT_ARN": "arn:aws:lambda:eu-west-1:971422687659:function:one-journey-genai-coreS3Event",
                  "CORS_ORIGIN": "*",
                  "DEBUG_LOG": "/aws/one-journey/one-journey-DebugLogs",
                  "DOMAIN_SUFFIX": "one-journey",
                  "DYNAMODB_TABLE_CHANNEL_MESSAGES": "one-journey-channel-messages",
                  "DYNAMODB_TABLE_COMMON_OBJECTS": "one-journey-common-objects",
                  "DYNAMODB_TABLE_COST": "one-journey-cost",
                  "DYNAMODB_TABLE_COUNTERS_STORAGE_CHANNEL": "one-journey-counters-storage-channel",
                  "DYNAMODB_TABLE_EXECUTIONS": "one-journey-executions",
                  "DYNAMODB_TABLE_EXECUTIONS_V5": "one-journey-executions-v5",
                  "DYNAMODB_TABLE_EXECUTIONS_V5_DETAIL": "one-journey-executions-v5-detail",
                  "DYNAMODB_TABLE_EXECUTIONS_V5_GSI_CREATED_AT": "one-journey-executions-v5-gsi-createdAt",
                  "DYNAMODB_TABLE_EXECUTIONS_V5_GSI_UPDATED_AT": "one-journey-executions-v5-gsi-updatedAt",
                  "DYNAMODB_TABLE_MUTEX_LOCK": "one-journey-mutex-lock",
                  "DYNAMODB_TABLE_SESSIONS": "one-journey-sessions",
                  "DYNAMODB_TABLE_STT_OPERATIONS": "one-journey-sttOperations",
                  "DYNAMODB_TABLE_SUSCRIPTIONS": "one-journey-suscriptions",
                  "DYNAMODB_TABLE_WEBSOCKETS_MANAGER": "one-journey-websockets-manager",
                  "DYNAMODB_TABLE_WORKFLOWS_BACKUP": "one-journey-workflows-backup",
                  "DYNAMODB_TABLE_WORKFLOW_CONTEXT": "one-journey-workflow-context",
                  "ERROR_LOG": "/aws/one-journey/one-journey-ErrorLogs",
                  "EVENTBRIDGE_MESSAGE_BUS": "one-journey-messages-bus-genai",
                  "HOSTING_BUCKET": "one-journey-hosting-bucket-genai",
                  "KENDRA_S3_ROLE_ARN": "arn:aws:iam::971422687659:role/OneJourneyKendraS3Role",
                  "KEYS_URL": "https://cognito-idp.eu-west-1.amazonaws.com/eu-west-1_M21ToRrBa/.well-known/jwks.json",
                  "MAIN_CONFIGURATION_ID": "@MAIN_CONFIGURATION",
                  "MAX_CHATGPT_RETRY_REQUEST": "5",
                  "ONE_JOURNEY_DATA_BUCKET": "one-journey-data-bucket-genai",
                  "ONE_JOURNEY_FILES_BUCKET": "one-journey-files-bucket-genai",
                  "PROCESS_TRANSCRIPTION_ARN": "arn:aws:lambda:eu-west-1:971422687659:function:one-journey-genai-processTranscription",
                  "REGION": "eu-west-1",
                  "SQS_BATCH_QUEUE_URL": "https://sqs.eu-west-1.amazonaws.com/971422687659/one-journey-batch-queue-genai",
                  "STAGE": "genai",
                  "STORAGE_PROCESS_LAMBDA_ARN": "arn:aws:lambda:eu-west-1:971422687659:function:one-journey-genai-manageFileStorage",
                  "STT_WEBHOOK_ARN": "arn:aws:lambda:eu-west-1:971422687659:function:one-journey-genai-sttWebhook",
                  "TRANSCRIPTIONS_BUCKET": "one-journey-transcriptions-genai",
                  "USER_POOL_CLIENT_ID": "2tonlc0fcbruoestl0c4fuj8ts",
                  "USER_POOL_ID": "eu-west-1_M21ToRrBa",
                  "VERSION": "v1",
                  "WEBSOCKET_API_ENDPOINT": "wss://mu5nzg1mp2.execute-api.eu-west-1.amazonaws.com/genai/"
                }
              }
            ],
            "ephemeral_storage": [
              {
                "size": 512
              }
            ],
            "file_system_config": [],
            "filename": null,
            "function_name": "one-journey-genai-forEachNode",
            "handler": "./src/api/v1/node/forEach/event.handler",
            "id": "one-journey-genai-forEachNode",
            "image_config": [],
            "image_uri": "",
            "invoke_arn": "arn:aws:apigateway:eu-west-1:lambda:path/2015-03-31/functions/arn:aws:lambda:eu-west-1:971422687659:function:one-journey-genai-forEachNode/invocations",
            "kms_key_arn": "",
            "last_modified": "2025-09-29T14:28:34.000+0000",
            "layers": [],
            "logging_config": [
              {
                "application_log_level": "",
                "log_format": "Text",
                "log_group": "/aws/lambda/one-journey-genai-forEachNode",
                "system_log_level": ""
              }
            ],
            "memory_size": 1536,
            "package_type": "Zip",
            "publish": null,
            "qualified_arn": "arn:aws:lambda:eu-west-1:971422687659:function:one-journey-genai-forEachNode:30",
            "qualified_invoke_arn": "arn:aws:apigateway:eu-west-1:lambda:path/2015-03-31/functions/arn:aws:lambda:eu-west-1:971422687659:function:one-journey-genai-forEachNode:30/invocations",
            "replace_security_groups_on_destroy": null,
            "replacement_security_group_ids": null,
            "reserved_concurrent_executions": -1,
            "role": "arn:aws:iam::971422687659:role/one-journey-genai-forEachNode-eu-west-1-lambdaRole",
            "runtime": "nodejs20.x",
            "s3_bucket": null,
            "s3_key": null,
            "s3_object_version": null,
            "signing_job_arn": "",
            "signing_profile_version_arn": "",
            "skip_destroy": false,
            "snap_start": [],
            "source_code_hash": "",
            "source_code_size": 16783735,
            "tags": {
              "STAGE": "genai"
            },
            "tags_all": {
              "STAGE": "genai"
            },
            "timeout": 6,
            "timeouts": null,
            "tracing_config": [
              {
                "mode": "PassThrough"
              }
            ],
            "version": "30",
            "vpc_config": []
          },
          "sensitive_attributes": [],
          "identity_schema_version": 0,
          "private": "eyJlMmJmYjczMC1lY2FhLTExZTYtOGY4OC0zNDM2M2JjN2M0YzAiOnsiY3JlYXRlIjo2MDAwMDAwMDAwMDAsImRlbGV0ZSI6NjAwMDAwMDAwMDAwLCJ1cGRhdGUiOjYwMDAwMDAwMDAwMH0sInNjaGVtYV92ZXJzaW9uIjoiMCJ9"
        },
        {
          "index_key": "gds_webhook",
          "schema_version": 0,
          "attributes": {
            "architectures": [
              "x86_64"
            ],
            "arn": "arn:aws:lambda:eu-west-1:971422687659:function:one-journey-genai-gdsWebhook",
            "code_sha256": "pGyWTCZx0zF44Np//Ajqml2eKgKWdnbXdHl/l9YbdZM=",
            "code_signing_config_arn": "",
            "dead_letter_config": [],
            "description": "",
            "environment": [
              {
                "variables": {
                  "ACCOUNT_ID": "971422687659",
                  "API_ENDPOINT": "https://d5tcv80br4.execute-api.eu-west-1.amazonaws.com/genai/",
                  "AUDIOS_BUCKET": "one-journey-audiorecord-genai",
                  "CDN_ENDPOINT": "https://d7cnvwmb0wtsp.cloudfront.net/",
                  "COGNITO_USER_POOL": "eu-west-1_M21ToRrBa",
                  "COGNITO_USER_POOL_CLIENT": "2tonlc0fcbruoestl0c4fuj8ts",
                  "CORE_GDS_EVENT_ARN": "arn:aws:lambda:eu-west-1:971422687659:function:one-journey-genai-coreGDSEvent",
                  "CORE_S3_EVENT_ARN": "arn:aws:lambda:eu-west-1:971422687659:function:one-journey-genai-coreS3Event",
                  "CORS_ORIGIN": "*",
                  "DEBUG_LOG": "/aws/one-journey/one-journey-DebugLogs",
                  "DOMAIN_SUFFIX": "one-journey",
                  "DYNAMODB_TABLE_CHANNEL_MESSAGES": "one-journey-channel-messages",
                  "DYNAMODB_TABLE_COMMON_OBJECTS": "one-journey-common-objects",
                  "DYNAMODB_TABLE_COST": "one-journey-cost",
                  "DYNAMODB_TABLE_COUNTERS_STORAGE_CHANNEL": "one-journey-counters-storage-channel",
                  "DYNAMODB_TABLE_EXECUTIONS": "one-journey-executions",
                  "DYNAMODB_TABLE_EXECUTIONS_V5": "one-journey-executions-v5",
                  "DYNAMODB_TABLE_EXECUTIONS_V5_DETAIL": "one-journey-executions-v5-detail",
                  "DYNAMODB_TABLE_EXECUTIONS_V5_GSI_CREATED_AT": "one-journey-executions-v5-gsi-createdAt",
                  "DYNAMODB_TABLE_EXECUTIONS_V5_GSI_UPDATED_AT": "one-journey-executions-v5-gsi-updatedAt",
                  "DYNAMODB_TABLE_MUTEX_LOCK": "one-journey-mutex-lock",
                  "DYNAMODB_TABLE_SESSIONS": "one-journey-sessions",
                  "DYNAMODB_TABLE_STT_OPERATIONS": "one-journey-sttOperations",
                  "DYNAMODB_TABLE_SUSCRIPTIONS": "one-journey-suscriptions",
                  "DYNAMODB_TABLE_WEBSOCKETS_MANAGER": "one-journey-websockets-manager",
                  "DYNAMODB_TABLE_WORKFLOWS_BACKUP": "one-journey-workflows-backup",
                  "DYNAMODB_TABLE_WORKFLOW_CONTEXT": "one-journey-workflow-context",
                  "ERROR_LOG": "/aws/one-journey/one-journey-ErrorLogs",
                  "EVENTBRIDGE_MESSAGE_BUS": "one-journey-messages-bus-genai",
                  "HOSTING_BUCKET": "one-journey-hosting-bucket-genai",
                  "KENDRA_S3_ROLE_ARN": "arn:aws:iam::971422687659:role/OneJourneyKendraS3Role",
                  "KEYS_URL": "https://cognito-idp.eu-west-1.amazonaws.com/eu-west-1_M21ToRrBa/.well-known/jwks.json",
                  "MAIN_CONFIGURATION_ID": "@MAIN_CONFIGURATION",
                  "MAX_CHATGPT_RETRY_REQUEST": "5",
                  "ONE_JOURNEY_DATA_BUCKET": "one-journey-data-bucket-genai",
                  "ONE_JOURNEY_FILES_BUCKET": "one-journey-files-bucket-genai",
                  "PROCESS_TRANSCRIPTION_ARN": "arn:aws:lambda:eu-west-1:971422687659:function:one-journey-genai-processTranscription",
                  "REGION": "eu-west-1",
                  "SQS_BATCH_QUEUE_URL": "https://sqs.eu-west-1.amazonaws.com/971422687659/one-journey-batch-queue-genai",
                  "STAGE": "genai",
                  "STORAGE_PROCESS_LAMBDA_ARN": "arn:aws:lambda:eu-west-1:971422687659:function:one-journey-genai-manageFileStorage",
                  "STT_WEBHOOK_ARN": "arn:aws:lambda:eu-west-1:971422687659:function:one-journey-genai-sttWebhook",
                  "TRANSCRIPTIONS_BUCKET": "one-journey-transcriptions-genai",
                  "USER_POOL_CLIENT_ID": "2tonlc0fcbruoestl0c4fuj8ts",
                  "USER_POOL_ID": "eu-west-1_M21ToRrBa",
                  "VERSION": "v1",
                  "WEBSOCKET_API_ENDPOINT": "wss://mu5nzg1mp2.execute-api.eu-west-1.amazonaws.com/genai/"
                }
              }
            ],
            "ephemeral_storage": [
              {
                "size": 512
              }
            ],
            "file_system_config": [],
            "filename": null,
            "function_name": "one-journey-genai-gdsWebhook",
            "handler": "src/api/v1/channel/gds/webhook.handler",
            "id": "one-journey-genai-gdsWebhook",
            "image_config": [],
            "image_uri": "",
            "invoke_arn": "arn:aws:apigateway:eu-west-1:lambda:path/2015-03-31/functions/arn:aws:lambda:eu-west-1:971422687659:function:one-journey-genai-gdsWebhook/invocations",
            "kms_key_arn": "",
            "last_modified": "2025-09-29T14:28:36.000+0000",
            "layers": [
              "arn:aws:lambda:eu-west-1:971422687659:layer:genAILibs:16",
              "arn:aws:lambda:eu-west-1:971422687659:layer:googleStorage:11"
            ],
            "logging_config": [
              {
                "application_log_level": "",
                "log_format": "Text",
                "log_group": "/aws/lambda/one-journey-genai-gdsWebhook",
                "system_log_level": ""
              }
            ],
            "memory_size": 1536,
            "package_type": "Zip",
            "publish": null,
            "qualified_arn": "arn:aws:lambda:eu-west-1:971422687659:function:one-journey-genai-gdsWebhook:17",
            "qualified_invoke_arn": "arn:aws:apigateway:eu-west-1:lambda:path/2015-03-31/functions/arn:aws:lambda:eu-west-1:971422687659:function:one-journey-genai-gdsWebhook:17/invocations",
            "replace_security_groups_on_destroy": null,
            "replacement_security_group_ids": null,
            "reserved_concurrent_executions": -1,
            "role": "arn:aws:iam::971422687659:role/one-journey-genai-gdsWebhook-eu-west-1-lambdaRole",
            "runtime": "nodejs20.x",
            "s3_bucket": null,
            "s3_key": null,
            "s3_object_version": null,
            "signing_job_arn": "",
            "signing_profile_version_arn": "",
            "skip_destroy": false,
            "snap_start": [],
            "source_code_hash": "",
            "source_code_size": 15702957,
            "tags": {
              "STAGE": "genai"
            },
            "tags_all": {
              "STAGE": "genai"
            },
            "timeout": 6,
            "timeouts": null,
            "tracing_config": [
              {
                "mode": "PassThrough"
              }
            ],
            "version": "17",
            "vpc_config": []
          },
          "sensitive_attributes": [],
          "identity_schema_version": 0,
          "private": "eyJlMmJmYjczMC1lY2FhLTExZTYtOGY4OC0zNDM2M2JjN2M0YzAiOnsiY3JlYXRlIjo2MDAwMDAwMDAwMDAsImRlbGV0ZSI6NjAwMDAwMDAwMDAwLCJ1cGRhdGUiOjYwMDAwMDAwMDAwMH0sInNjaGVtYV92ZXJzaW9uIjoiMCJ9"
        },
        {
          "index_key": "generate_prompt_node",
          "schema_version": 0,
          "attributes": {
            "architectures": [
              "arm64"
            ],
            "arn": "arn:aws:lambda:eu-west-1:971422687659:function:one-journey-genai-generatePromptNode",
            "code_sha256": "l16d25DM5b+3h3RDOGvkFgTPw74WQDkSmKf0OL170kE=",
            "code_signing_config_arn": "",
            "dead_letter_config": [],
            "description": "",
            "environment": [
              {
                "variables": {
                  "ACCOUNT_ID": "971422687659",
                  "API_ENDPOINT": "https://d5tcv80br4.execute-api.eu-west-1.amazonaws.com/genai/",
                  "AUDIOS_BUCKET": "one-journey-audiorecord-genai",
                  "CDN_ENDPOINT": "https://d7cnvwmb0wtsp.cloudfront.net/",
                  "COGNITO_USER_POOL": "eu-west-1_M21ToRrBa",
                  "COGNITO_USER_POOL_CLIENT": "2tonlc0fcbruoestl0c4fuj8ts",
                  "CORE_GDS_EVENT_ARN": "arn:aws:lambda:eu-west-1:971422687659:function:one-journey-genai-coreGDSEvent",
                  "CORE_S3_EVENT_ARN": "arn:aws:lambda:eu-west-1:971422687659:function:one-journey-genai-coreS3Event",
                  "CORS_ORIGIN": "*",
                  "DEBUG_LOG": "/aws/one-journey/one-journey-DebugLogs",
                  "DOMAIN_SUFFIX": "one-journey",
                  "DYNAMODB_TABLE_CHANNEL_MESSAGES": "one-journey-channel-messages",
                  "DYNAMODB_TABLE_COMMON_OBJECTS": "one-journey-common-objects",
                  "DYNAMODB_TABLE_COST": "one-journey-cost",
                  "DYNAMODB_TABLE_COUNTERS_STORAGE_CHANNEL": "one-journey-counters-storage-channel",
                  "DYNAMODB_TABLE_EXECUTIONS": "one-journey-executions",
                  "DYNAMODB_TABLE_EXECUTIONS_V5": "one-journey-executions-v5",
                  "DYNAMODB_TABLE_EXECUTIONS_V5_DETAIL": "one-journey-executions-v5-detail",
                  "DYNAMODB_TABLE_EXECUTIONS_V5_GSI_CREATED_AT": "one-journey-executions-v5-gsi-createdAt",
                  "DYNAMODB_TABLE_EXECUTIONS_V5_GSI_UPDATED_AT": "one-journey-executions-v5-gsi-updatedAt",
                  "DYNAMODB_TABLE_MUTEX_LOCK": "one-journey-mutex-lock",
                  "DYNAMODB_TABLE_SESSIONS": "one-journey-sessions",
                  "DYNAMODB_TABLE_STT_OPERATIONS": "one-journey-sttOperations",
                  "DYNAMODB_TABLE_SUSCRIPTIONS": "one-journey-suscriptions",
                  "DYNAMODB_TABLE_WEBSOCKETS_MANAGER": "one-journey-websockets-manager",
                  "DYNAMODB_TABLE_WORKFLOWS_BACKUP": "one-journey-workflows-backup",
                  "DYNAMODB_TABLE_WORKFLOW_CONTEXT": "one-journey-workflow-context",
                  "ERROR_LOG": "/aws/one-journey/one-journey-ErrorLogs",
                  "EVENTBRIDGE_MESSAGE_BUS": "one-journey-messages-bus-genai",
                  "HOSTING_BUCKET": "one-journey-hosting-bucket-genai",
                  "KENDRA_S3_ROLE_ARN": "arn:aws:iam::971422687659:role/OneJourneyKendraS3Role",
                  "KEYS_URL": "https://cognito-idp.eu-west-1.amazonaws.com/eu-west-1_M21ToRrBa/.well-known/jwks.json",
                  "MAIN_CONFIGURATION_ID": "@MAIN_CONFIGURATION",
                  "MAX_CHATGPT_RETRY_REQUEST": "5",
                  "ONE_JOURNEY_DATA_BUCKET": "one-journey-data-bucket-genai",
                  "ONE_JOURNEY_FILES_BUCKET": "one-journey-files-bucket-genai",
                  "PROCESS_TRANSCRIPTION_ARN": "arn:aws:lambda:eu-west-1:971422687659:function:one-journey-genai-processTranscription",
                  "REGION": "eu-west-1",
                  "SQS_BATCH_QUEUE_URL": "https://sqs.eu-west-1.amazonaws.com/971422687659/one-journey-batch-queue-genai",
                  "STAGE": "genai",
                  "STORAGE_PROCESS_LAMBDA_ARN": "arn:aws:lambda:eu-west-1:971422687659:function:one-journey-genai-manageFileStorage",
                  "STT_WEBHOOK_ARN": "arn:aws:lambda:eu-west-1:971422687659:function:one-journey-genai-sttWebhook",
                  "TRANSCRIPTIONS_BUCKET": "one-journey-transcriptions-genai",
                  "USER_POOL_CLIENT_ID": "2tonlc0fcbruoestl0c4fuj8ts",
                  "USER_POOL_ID": "eu-west-1_M21ToRrBa",
                  "VERSION": "v1",
                  "WEBSOCKET_API_ENDPOINT": "wss://mu5nzg1mp2.execute-api.eu-west-1.amazonaws.com/genai/"
                }
              }
            ],
            "ephemeral_storage": [
              {
                "size": 512
              }
            ],
            "file_system_config": [],
            "filename": null,
            "function_name": "one-journey-genai-generatePromptNode",
            "handler": "./src/api/v1/node/generatePrompt/event.handler",
            "id": "one-journey-genai-generatePromptNode",
            "image_config": [],
            "image_uri": "",
            "invoke_arn": "arn:aws:apigateway:eu-west-1:lambda:path/2015-03-31/functions/arn:aws:lambda:eu-west-1:971422687659:function:one-journey-genai-generatePromptNode/invocations",
            "kms_key_arn": "",
            "last_modified": "2025-09-29T14:28:34.000+0000",
            "layers": [],
            "logging_config": [
              {
                "application_log_level": "",
                "log_format": "Text",
                "log_group": "/aws/lambda/one-journey-genai-generatePromptNode",
                "system_log_level": ""
              }
            ],
            "memory_size": 1536,
            "package_type": "Zip",
            "publish": null,
            "qualified_arn": "arn:aws:lambda:eu-west-1:971422687659:function:one-journey-genai-generatePromptNode:31",
            "qualified_invoke_arn": "arn:aws:apigateway:eu-west-1:lambda:path/2015-03-31/functions/arn:aws:lambda:eu-west-1:971422687659:function:one-journey-genai-generatePromptNode:31/invocations",
            "replace_security_groups_on_destroy": null,
            "replacement_security_group_ids": null,
            "reserved_concurrent_executions": -1,
            "role": "arn:aws:iam::971422687659:role/one-journey-genai-generatePromptNode-eu-west-1-lambdaRole",
            "runtime": "nodejs20.x",
            "s3_bucket": null,
            "s3_key": null,
            "s3_object_version": null,
            "signing_job_arn": "",
            "signing_profile_version_arn": "",
            "skip_destroy": false,
            "snap_start": [],
            "source_code_hash": "",
            "source_code_size": 18581014,
            "tags": {
              "STAGE": "genai"
            },
            "tags_all": {
              "STAGE": "genai"
            },
            "timeout": 6,
            "timeouts": null,
            "tracing_config": [
              {
                "mode": "PassThrough"
              }
            ],
            "version": "31",
            "vpc_config": []
          },
          "sensitive_attributes": [],
          "identity_schema_version": 0,
          "private": "eyJlMmJmYjczMC1lY2FhLTExZTYtOGY4OC0zNDM2M2JjN2M0YzAiOnsiY3JlYXRlIjo2MDAwMDAwMDAwMDAsImRlbGV0ZSI6NjAwMDAwMDAwMDAwLCJ1cGRhdGUiOjYwMDAwMDAwMDAwMH0sInNjaGVtYV92ZXJzaW9uIjoiMCJ9"
        },
        {
          "index_key": "genesys_close_chat_node",
          "schema_version": 0,
          "attributes": {
            "architectures": [
              "arm64"
            ],
            "arn": "arn:aws:lambda:eu-west-1:971422687659:function:one-journey-genai-genesysCloseChatNode",
            "code_sha256": "884Uuyu0hHDrHZb4McGcOOG02XCdYS8qpfwTgajw8sg=",
            "code_signing_config_arn": "",
            "dead_letter_config": [],
            "description": "",
            "environment": [
              {
                "variables": {
                  "ACCOUNT_ID": "971422687659",
                  "API_ENDPOINT": "https://d5tcv80br4.execute-api.eu-west-1.amazonaws.com/genai/",
                  "AUDIOS_BUCKET": "one-journey-audiorecord-genai",
                  "CDN_ENDPOINT": "https://d7cnvwmb0wtsp.cloudfront.net/",
                  "COGNITO_USER_POOL": "eu-west-1_M21ToRrBa",
                  "COGNITO_USER_POOL_CLIENT": "2tonlc0fcbruoestl0c4fuj8ts",
                  "CORE_GDS_EVENT_ARN": "arn:aws:lambda:eu-west-1:971422687659:function:one-journey-genai-coreGDSEvent",
                  "CORE_S3_EVENT_ARN": "arn:aws:lambda:eu-west-1:971422687659:function:one-journey-genai-coreS3Event",
                  "CORS_ORIGIN": "*",
                  "DEBUG_LOG": "/aws/one-journey/one-journey-DebugLogs",
                  "DOMAIN_SUFFIX": "one-journey",
                  "DYNAMODB_TABLE_CHANNEL_MESSAGES": "one-journey-channel-messages",
                  "DYNAMODB_TABLE_COMMON_OBJECTS": "one-journey-common-objects",
                  "DYNAMODB_TABLE_COST": "one-journey-cost",
                  "DYNAMODB_TABLE_COUNTERS_STORAGE_CHANNEL": "one-journey-counters-storage-channel",
                  "DYNAMODB_TABLE_EXECUTIONS": "one-journey-executions",
                  "DYNAMODB_TABLE_EXECUTIONS_V5": "one-journey-executions-v5",
                  "DYNAMODB_TABLE_EXECUTIONS_V5_DETAIL": "one-journey-executions-v5-detail",
                  "DYNAMODB_TABLE_EXECUTIONS_V5_GSI_CREATED_AT": "one-journey-executions-v5-gsi-createdAt",
                  "DYNAMODB_TABLE_EXECUTIONS_V5_GSI_UPDATED_AT": "one-journey-executions-v5-gsi-updatedAt",
                  "DYNAMODB_TABLE_MUTEX_LOCK": "one-journey-mutex-lock",
                  "DYNAMODB_TABLE_SESSIONS": "one-journey-sessions",
                  "DYNAMODB_TABLE_STT_OPERATIONS": "one-journey-sttOperations",
                  "DYNAMODB_TABLE_SUSCRIPTIONS": "one-journey-suscriptions",
                  "DYNAMODB_TABLE_WEBSOCKETS_MANAGER": "one-journey-websockets-manager",
                  "DYNAMODB_TABLE_WORKFLOWS_BACKUP": "one-journey-workflows-backup",
                  "DYNAMODB_TABLE_WORKFLOW_CONTEXT": "one-journey-workflow-context",
                  "ERROR_LOG": "/aws/one-journey/one-journey-ErrorLogs",
                  "EVENTBRIDGE_MESSAGE_BUS": "one-journey-messages-bus-genai",
                  "HOSTING_BUCKET": "one-journey-hosting-bucket-genai",
                  "KENDRA_S3_ROLE_ARN": "arn:aws:iam::971422687659:role/OneJourneyKendraS3Role",
                  "KEYS_URL": "https://cognito-idp.eu-west-1.amazonaws.com/eu-west-1_M21ToRrBa/.well-known/jwks.json",
                  "MAIN_CONFIGURATION_ID": "@MAIN_CONFIGURATION",
                  "MAX_CHATGPT_RETRY_REQUEST": "5",
                  "ONE_JOURNEY_DATA_BUCKET": "one-journey-data-bucket-genai",
                  "ONE_JOURNEY_FILES_BUCKET": "one-journey-files-bucket-genai",
                  "PROCESS_TRANSCRIPTION_ARN": "arn:aws:lambda:eu-west-1:971422687659:function:one-journey-genai-processTranscription",
                  "REGION": "eu-west-1",
                  "SQS_BATCH_QUEUE_URL": "https://sqs.eu-west-1.amazonaws.com/971422687659/one-journey-batch-queue-genai",
                  "STAGE": "genai",
                  "STORAGE_PROCESS_LAMBDA_ARN": "arn:aws:lambda:eu-west-1:971422687659:function:one-journey-genai-manageFileStorage",
                  "STT_WEBHOOK_ARN": "arn:aws:lambda:eu-west-1:971422687659:function:one-journey-genai-sttWebhook",
                  "TRANSCRIPTIONS_BUCKET": "one-journey-transcriptions-genai",
                  "USER_POOL_CLIENT_ID": "2tonlc0fcbruoestl0c4fuj8ts",
                  "USER_POOL_ID": "eu-west-1_M21ToRrBa",
                  "VERSION": "v1",
                  "WEBSOCKET_API_ENDPOINT": "wss://mu5nzg1mp2.execute-api.eu-west-1.amazonaws.com/genai/"
                }
              }
            ],
            "ephemeral_storage": [
              {
                "size": 512
              }
            ],
            "file_system_config": [],
            "filename": null,
            "function_name": "one-journey-genai-genesysCloseChatNode",
            "handler": "./src/api/v1/node/genesys/closeChat.handler",
            "id": "one-journey-genai-genesysCloseChatNode",
            "image_config": [],
            "image_uri": "",
            "invoke_arn": "arn:aws:apigateway:eu-west-1:lambda:path/2015-03-31/functions/arn:aws:lambda:eu-west-1:971422687659:function:one-journey-genai-genesysCloseChatNode/invocations",
            "kms_key_arn": "",
            "last_modified": "2025-09-29T14:28:40.000+0000",
            "layers": [],
            "logging_config": [
              {
                "application_log_level": "",
                "log_format": "Text",
                "log_group": "/aws/lambda/one-journey-genai-genesysCloseChatNode",
                "system_log_level": ""
              }
            ],
            "memory_size": 1536,
            "package_type": "Zip",
            "publish": null,
            "qualified_arn": "arn:aws:lambda:eu-west-1:971422687659:function:one-journey-genai-genesysCloseChatNode:30",
            "qualified_invoke_arn": "arn:aws:apigateway:eu-west-1:lambda:path/2015-03-31/functions/arn:aws:lambda:eu-west-1:971422687659:function:one-journey-genai-genesysCloseChatNode:30/invocations",
            "replace_security_groups_on_destroy": null,
            "replacement_security_group_ids": null,
            "reserved_concurrent_executions": -1,
            "role": "arn:aws:iam::971422687659:role/one-journey-genai-genesysCloseChatNode-eu-west-1-lambdaRole",
            "runtime": "nodejs20.x",
            "s3_bucket": null,
            "s3_key": null,
            "s3_object_version": null,
            "signing_job_arn": "",
            "signing_profile_version_arn": "",
            "skip_destroy": false,
            "snap_start": [],
            "source_code_hash": "",
            "source_code_size": 15697270,
            "tags": {
              "STAGE": "genai"
            },
            "tags_all": {
              "STAGE": "genai"
            },
            "timeout": 6,
            "timeouts": null,
            "tracing_config": [
              {
                "mode": "PassThrough"
              }
            ],
            "version": "30",
            "vpc_config": []
          },
          "sensitive_attributes": [],
          "identity_schema_version": 0,
          "private": "eyJlMmJmYjczMC1lY2FhLTExZTYtOGY4OC0zNDM2M2JjN2M0YzAiOnsiY3JlYXRlIjo2MDAwMDAwMDAwMDAsImRlbGV0ZSI6NjAwMDAwMDAwMDAwLCJ1cGRhdGUiOjYwMDAwMDAwMDAwMH0sInNjaGVtYV92ZXJzaW9uIjoiMCJ9"
        },
        {
          "index_key": "genesys_enqueue_chat_node",
          "schema_version": 0,
          "attributes": {
            "architectures": [
              "arm64"
            ],
            "arn": "arn:aws:lambda:eu-west-1:971422687659:function:one-journey-genai-genesysEnqueueChatNode",
            "code_sha256": "r2gr92G8hNqne0/MPsslEaP8AAGuybXm0/Yw29wRLvs=",
            "code_signing_config_arn": "",
            "dead_letter_config": [],
            "description": "",
            "environment": [
              {
                "variables": {
                  "ACCOUNT_ID": "971422687659",
                  "API_ENDPOINT": "https://d5tcv80br4.execute-api.eu-west-1.amazonaws.com/genai/",
                  "AUDIOS_BUCKET": "one-journey-audiorecord-genai",
                  "CDN_ENDPOINT": "https://d7cnvwmb0wtsp.cloudfront.net/",
                  "COGNITO_USER_POOL": "eu-west-1_M21ToRrBa",
                  "COGNITO_USER_POOL_CLIENT": "2tonlc0fcbruoestl0c4fuj8ts",
                  "CORE_GDS_EVENT_ARN": "arn:aws:lambda:eu-west-1:971422687659:function:one-journey-genai-coreGDSEvent",
                  "CORE_S3_EVENT_ARN": "arn:aws:lambda:eu-west-1:971422687659:function:one-journey-genai-coreS3Event",
                  "CORS_ORIGIN": "*",
                  "DEBUG_LOG": "/aws/one-journey/one-journey-DebugLogs",
                  "DOMAIN_SUFFIX": "one-journey",
                  "DYNAMODB_TABLE_CHANNEL_MESSAGES": "one-journey-channel-messages",
                  "DYNAMODB_TABLE_COMMON_OBJECTS": "one-journey-common-objects",
                  "DYNAMODB_TABLE_COST": "one-journey-cost",
                  "DYNAMODB_TABLE_COUNTERS_STORAGE_CHANNEL": "one-journey-counters-storage-channel",
                  "DYNAMODB_TABLE_EXECUTIONS": "one-journey-executions",
                  "DYNAMODB_TABLE_EXECUTIONS_V5": "one-journey-executions-v5",
                  "DYNAMODB_TABLE_EXECUTIONS_V5_DETAIL": "one-journey-executions-v5-detail",
                  "DYNAMODB_TABLE_EXECUTIONS_V5_GSI_CREATED_AT": "one-journey-executions-v5-gsi-createdAt",
                  "DYNAMODB_TABLE_EXECUTIONS_V5_GSI_UPDATED_AT": "one-journey-executions-v5-gsi-updatedAt",
                  "DYNAMODB_TABLE_MUTEX_LOCK": "one-journey-mutex-lock",
                  "DYNAMODB_TABLE_SESSIONS": "one-journey-sessions",
                  "DYNAMODB_TABLE_STT_OPERATIONS": "one-journey-sttOperations",
                  "DYNAMODB_TABLE_SUSCRIPTIONS": "one-journey-suscriptions",
                  "DYNAMODB_TABLE_WEBSOCKETS_MANAGER": "one-journey-websockets-manager",
                  "DYNAMODB_TABLE_WORKFLOWS_BACKUP": "one-journey-workflows-backup",
                  "DYNAMODB_TABLE_WORKFLOW_CONTEXT": "one-journey-workflow-context",
                  "ERROR_LOG": "/aws/one-journey/one-journey-ErrorLogs",
                  "EVENTBRIDGE_MESSAGE_BUS": "one-journey-messages-bus-genai",
                  "HOSTING_BUCKET": "one-journey-hosting-bucket-genai",
                  "KENDRA_S3_ROLE_ARN": "arn:aws:iam::971422687659:role/OneJourneyKendraS3Role",
                  "KEYS_URL": "https://cognito-idp.eu-west-1.amazonaws.com/eu-west-1_M21ToRrBa/.well-known/jwks.json",
                  "MAIN_CONFIGURATION_ID": "@MAIN_CONFIGURATION",
                  "MAX_CHATGPT_RETRY_REQUEST": "5",
                  "ONE_JOURNEY_DATA_BUCKET": "one-journey-data-bucket-genai",
                  "ONE_JOURNEY_FILES_BUCKET": "one-journey-files-bucket-genai",
                  "PROCESS_TRANSCRIPTION_ARN": "arn:aws:lambda:eu-west-1:971422687659:function:one-journey-genai-processTranscription",
                  "REGION": "eu-west-1",
                  "SQS_BATCH_QUEUE_URL": "https://sqs.eu-west-1.amazonaws.com/971422687659/one-journey-batch-queue-genai",
                  "STAGE": "genai",
                  "STORAGE_PROCESS_LAMBDA_ARN": "arn:aws:lambda:eu-west-1:971422687659:function:one-journey-genai-manageFileStorage",
                  "STT_WEBHOOK_ARN": "arn:aws:lambda:eu-west-1:971422687659:function:one-journey-genai-sttWebhook",
                  "TRANSCRIPTIONS_BUCKET": "one-journey-transcriptions-genai",
                  "USER_POOL_CLIENT_ID": "2tonlc0fcbruoestl0c4fuj8ts",
                  "USER_POOL_ID": "eu-west-1_M21ToRrBa",
                  "VERSION": "v1",
                  "WEBSOCKET_API_ENDPOINT": "wss://mu5nzg1mp2.execute-api.eu-west-1.amazonaws.com/genai/"
                }
              }
            ],
            "ephemeral_storage": [
              {
                "size": 512
              }
            ],
            "file_system_config": [],
            "filename": null,
            "function_name": "one-journey-genai-genesysEnqueueChatNode",
            "handler": "./src/api/v1/node/genesys/enqueueChat.handler",
            "id": "one-journey-genai-genesysEnqueueChatNode",
            "image_config": [],
            "image_uri": "",
            "invoke_arn": "arn:aws:apigateway:eu-west-1:lambda:path/2015-03-31/functions/arn:aws:lambda:eu-west-1:971422687659:function:one-journey-genai-genesysEnqueueChatNode/invocations",
            "kms_key_arn": "",
            "last_modified": "2025-09-29T14:28:53.000+0000",
            "layers": [],
            "logging_config": [
              {
                "application_log_level": "",
                "log_format": "Text",
                "log_group": "/aws/lambda/one-journey-genai-genesysEnqueueChatNode",
                "system_log_level": ""
              }
            ],
            "memory_size": 1536,
            "package_type": "Zip",
            "publish": null,
            "qualified_arn": "arn:aws:lambda:eu-west-1:971422687659:function:one-journey-genai-genesysEnqueueChatNode:30",
            "qualified_invoke_arn": "arn:aws:apigateway:eu-west-1:lambda:path/2015-03-31/functions/arn:aws:lambda:eu-west-1:971422687659:function:one-journey-genai-genesysEnqueueChatNode:30/invocations",
            "replace_security_groups_on_destroy": null,
            "replacement_security_group_ids": null,
            "reserved_concurrent_executions": -1,
            "role": "arn:aws:iam::971422687659:role/one-journey-genai-genesysEnqueueChatNode-eu-west-1-lambdaRole",
            "runtime": "nodejs20.x",
            "s3_bucket": null,
            "s3_key": null,
            "s3_object_version": null,
            "signing_job_arn": "",
            "signing_profile_version_arn": "",
            "skip_destroy": false,
            "snap_start": [],
            "source_code_hash": "",
            "source_code_size": 15695875,
            "tags": {
              "STAGE": "genai"
            },
            "tags_all": {
              "STAGE": "genai"
            },
            "timeout": 6,
            "timeouts": null,
            "tracing_config": [
              {
                "mode": "PassThrough"
              }
            ],
            "version": "30",
            "vpc_config": []
          },
          "sensitive_attributes": [],
          "identity_schema_version": 0,
          "private": "eyJlMmJmYjczMC1lY2FhLTExZTYtOGY4OC0zNDM2M2JjN2M0YzAiOnsiY3JlYXRlIjo2MDAwMDAwMDAwMDAsImRlbGV0ZSI6NjAwMDAwMDAwMDAwLCJ1cGRhdGUiOjYwMDAwMDAwMDAwMH0sInNjaGVtYV92ZXJzaW9uIjoiMCJ9"
        },
        {
          "index_key": "google_calendar_webhook",
          "schema_version": 0,
          "attributes": {
            "architectures": [
              "x86_64"
            ],
            "arn": "arn:aws:lambda:eu-west-1:971422687659:function:one-journey-genai-googleCalendarWebhook",
            "code_sha256": "7jv4o00Edyhp4whGTH3eHOelBlobra9m7PD3Jpk9K1A=",
            "code_signing_config_arn": "",
            "dead_letter_config": [],
            "description": "",
            "environment": [
              {
                "variables": {
                  "ACCOUNT_ID": "971422687659",
                  "API_ENDPOINT": "https://d5tcv80br4.execute-api.eu-west-1.amazonaws.com/genai/",
                  "AUDIOS_BUCKET": "one-journey-audiorecord-genai",
                  "CDN_ENDPOINT": "https://d7cnvwmb0wtsp.cloudfront.net/",
                  "COGNITO_USER_POOL": "eu-west-1_M21ToRrBa",
                  "COGNITO_USER_POOL_CLIENT": "2tonlc0fcbruoestl0c4fuj8ts",
                  "CORE_GDS_EVENT_ARN": "arn:aws:lambda:eu-west-1:971422687659:function:one-journey-genai-coreGDSEvent",
                  "CORE_S3_EVENT_ARN": "arn:aws:lambda:eu-west-1:971422687659:function:one-journey-genai-coreS3Event",
                  "CORS_ORIGIN": "*",
                  "DEBUG_LOG": "/aws/one-journey/one-journey-DebugLogs",
                  "DOMAIN_SUFFIX": "one-journey",
                  "DYNAMODB_TABLE_CHANNEL_MESSAGES": "one-journey-channel-messages",
                  "DYNAMODB_TABLE_COMMON_OBJECTS": "one-journey-common-objects",
                  "DYNAMODB_TABLE_COST": "one-journey-cost",
                  "DYNAMODB_TABLE_COUNTERS_STORAGE_CHANNEL": "one-journey-counters-storage-channel",
                  "DYNAMODB_TABLE_EXECUTIONS": "one-journey-executions",
                  "DYNAMODB_TABLE_EXECUTIONS_V5": "one-journey-executions-v5",
                  "DYNAMODB_TABLE_EXECUTIONS_V5_DETAIL": "one-journey-executions-v5-detail",
                  "DYNAMODB_TABLE_EXECUTIONS_V5_GSI_CREATED_AT": "one-journey-executions-v5-gsi-createdAt",
                  "DYNAMODB_TABLE_EXECUTIONS_V5_GSI_UPDATED_AT": "one-journey-executions-v5-gsi-updatedAt",
                  "DYNAMODB_TABLE_MUTEX_LOCK": "one-journey-mutex-lock",
                  "DYNAMODB_TABLE_SESSIONS": "one-journey-sessions",
                  "DYNAMODB_TABLE_STT_OPERATIONS": "one-journey-sttOperations",
                  "DYNAMODB_TABLE_SUSCRIPTIONS": "one-journey-suscriptions",
                  "DYNAMODB_TABLE_WEBSOCKETS_MANAGER": "one-journey-websockets-manager",
                  "DYNAMODB_TABLE_WORKFLOWS_BACKUP": "one-journey-workflows-backup",
                  "DYNAMODB_TABLE_WORKFLOW_CONTEXT": "one-journey-workflow-context",
                  "ERROR_LOG": "/aws/one-journey/one-journey-ErrorLogs",
                  "EVENTBRIDGE_MESSAGE_BUS": "one-journey-messages-bus-genai",
                  "HOSTING_BUCKET": "one-journey-hosting-bucket-genai",
                  "KENDRA_S3_ROLE_ARN": "arn:aws:iam::971422687659:role/OneJourneyKendraS3Role",
                  "KEYS_URL": "https://cognito-idp.eu-west-1.amazonaws.com/eu-west-1_M21ToRrBa/.well-known/jwks.json",
                  "MAIN_CONFIGURATION_ID": "@MAIN_CONFIGURATION",
                  "MAX_CHATGPT_RETRY_REQUEST": "5",
                  "ONE_JOURNEY_DATA_BUCKET": "one-journey-data-bucket-genai",
                  "ONE_JOURNEY_FILES_BUCKET": "one-journey-files-bucket-genai",
                  "PROCESS_TRANSCRIPTION_ARN": "arn:aws:lambda:eu-west-1:971422687659:function:one-journey-genai-processTranscription",
                  "REGION": "eu-west-1",
                  "SQS_BATCH_QUEUE_URL": "https://sqs.eu-west-1.amazonaws.com/971422687659/one-journey-batch-queue-genai",
                  "STAGE": "genai",
                  "STORAGE_PROCESS_LAMBDA_ARN": "arn:aws:lambda:eu-west-1:971422687659:function:one-journey-genai-manageFileStorage",
                  "STT_WEBHOOK_ARN": "arn:aws:lambda:eu-west-1:971422687659:function:one-journey-genai-sttWebhook",
                  "TRANSCRIPTIONS_BUCKET": "one-journey-transcriptions-genai",
                  "USER_POOL_CLIENT_ID": "2tonlc0fcbruoestl0c4fuj8ts",
                  "USER_POOL_ID": "eu-west-1_M21ToRrBa",
                  "VERSION": "v1",
                  "WEBSOCKET_API_ENDPOINT": "wss://mu5nzg1mp2.execute-api.eu-west-1.amazonaws.com/genai/"
                }
              }
            ],
            "ephemeral_storage": [
              {
                "size": 512
              }
            ],
            "file_system_config": [],
            "filename": null,
            "function_name": "one-journey-genai-googleCalendarWebhook",
            "handler": "src/api/v1/channel/google-calendar/webhook.handler",
            "id": "one-journey-genai-googleCalendarWebhook",
            "image_config": [],
            "image_uri": "",
            "invoke_arn": "arn:aws:apigateway:eu-west-1:lambda:path/2015-03-31/functions/arn:aws:lambda:eu-west-1:971422687659:function:one-journey-genai-googleCalendarWebhook/invocations",
            "kms_key_arn": "",
            "last_modified": "2025-09-29T14:28:40.000+0000",
            "layers": [
              "arn:aws:lambda:eu-west-1:971422687659:layer:ffmpegv1:4"
            ],
            "logging_config": [
              {
                "application_log_level": "",
                "log_format": "Text",
                "log_group": "/aws/lambda/one-journey-genai-googleCalendarWebhook",
                "system_log_level": ""
              }
            ],
            "memory_size": 1536,
            "package_type": "Zip",
            "publish": null,
            "qualified_arn": "arn:aws:lambda:eu-west-1:971422687659:function:one-journey-genai-googleCalendarWebhook:31",
            "qualified_invoke_arn": "arn:aws:apigateway:eu-west-1:lambda:path/2015-03-31/functions/arn:aws:lambda:eu-west-1:971422687659:function:one-journey-genai-googleCalendarWebhook:31/invocations",
            "replace_security_groups_on_destroy": null,
            "replacement_security_group_ids": null,
            "reserved_concurrent_executions": -1,
            "role": "arn:aws:iam::971422687659:role/one-journey-genai-googleCalendarWebhook-eu-west-1-lambdaRole",
            "runtime": "nodejs20.x",
            "s3_bucket": null,
            "s3_key": null,
            "s3_object_version": null,
            "signing_job_arn": "",
            "signing_profile_version_arn": "",
            "skip_destroy": false,
            "snap_start": [],
            "source_code_hash": "",
            "source_code_size": 16787772,
            "tags": {
              "STAGE": "genai"
            },
            "tags_all": {
              "STAGE": "genai"
            },
            "timeout": 6,
            "timeouts": null,
            "tracing_config": [
              {
                "mode": "PassThrough"
              }
            ],
            "version": "31",
            "vpc_config": []
          },
          "sensitive_attributes": [],
          "identity_schema_version": 0,
          "private": "eyJlMmJmYjczMC1lY2FhLTExZTYtOGY4OC0zNDM2M2JjN2M0YzAiOnsiY3JlYXRlIjo2MDAwMDAwMDAwMDAsImRlbGV0ZSI6NjAwMDAwMDAwMDAwLCJ1cGRhdGUiOjYwMDAwMDAwMDAwMH0sInNjaGVtYV92ZXJzaW9uIjoiMCJ9"
        },
        {
          "index_key": "google_chat_webhook",
          "schema_version": 0,
          "attributes": {
            "architectures": [
              "x86_64"
            ],
            "arn": "arn:aws:lambda:eu-west-1:971422687659:function:one-journey-genai-googleChatWebhook",
            "code_sha256": "PF/yk598CU3cS5lynS6xiULLi04TfDNtx5mr6je1JFA=",
            "code_signing_config_arn": "",
            "dead_letter_config": [],
            "description": "",
            "environment": [
              {
                "variables": {
                  "ACCOUNT_ID": "971422687659",
                  "API_ENDPOINT": "https://d5tcv80br4.execute-api.eu-west-1.amazonaws.com/genai/",
                  "AUDIOS_BUCKET": "one-journey-audiorecord-genai",
                  "CDN_ENDPOINT": "https://d7cnvwmb0wtsp.cloudfront.net/",
                  "COGNITO_USER_POOL": "eu-west-1_M21ToRrBa",
                  "COGNITO_USER_POOL_CLIENT": "2tonlc0fcbruoestl0c4fuj8ts",
                  "CORE_GDS_EVENT_ARN": "arn:aws:lambda:eu-west-1:971422687659:function:one-journey-genai-coreGDSEvent",
                  "CORE_S3_EVENT_ARN": "arn:aws:lambda:eu-west-1:971422687659:function:one-journey-genai-coreS3Event",
                  "CORS_ORIGIN": "*",
                  "DEBUG_LOG": "/aws/one-journey/one-journey-DebugLogs",
                  "DOMAIN_SUFFIX": "one-journey",
                  "DYNAMODB_TABLE_CHANNEL_MESSAGES": "one-journey-channel-messages",
                  "DYNAMODB_TABLE_COMMON_OBJECTS": "one-journey-common-objects",
                  "DYNAMODB_TABLE_COST": "one-journey-cost",
                  "DYNAMODB_TABLE_COUNTERS_STORAGE_CHANNEL": "one-journey-counters-storage-channel",
                  "DYNAMODB_TABLE_EXECUTIONS": "one-journey-executions",
                  "DYNAMODB_TABLE_EXECUTIONS_V5": "one-journey-executions-v5",
                  "DYNAMODB_TABLE_EXECUTIONS_V5_DETAIL": "one-journey-executions-v5-detail",
                  "DYNAMODB_TABLE_EXECUTIONS_V5_GSI_CREATED_AT": "one-journey-executions-v5-gsi-createdAt",
                  "DYNAMODB_TABLE_EXECUTIONS_V5_GSI_UPDATED_AT": "one-journey-executions-v5-gsi-updatedAt",
                  "DYNAMODB_TABLE_MUTEX_LOCK": "one-journey-mutex-lock",
                  "DYNAMODB_TABLE_SESSIONS": "one-journey-sessions",
                  "DYNAMODB_TABLE_STT_OPERATIONS": "one-journey-sttOperations",
                  "DYNAMODB_TABLE_SUSCRIPTIONS": "one-journey-suscriptions",
                  "DYNAMODB_TABLE_WEBSOCKETS_MANAGER": "one-journey-websockets-manager",
                  "DYNAMODB_TABLE_WORKFLOWS_BACKUP": "one-journey-workflows-backup",
                  "DYNAMODB_TABLE_WORKFLOW_CONTEXT": "one-journey-workflow-context",
                  "ERROR_LOG": "/aws/one-journey/one-journey-ErrorLogs",
                  "EVENTBRIDGE_MESSAGE_BUS": "one-journey-messages-bus-genai",
                  "HOSTING_BUCKET": "one-journey-hosting-bucket-genai",
                  "KENDRA_S3_ROLE_ARN": "arn:aws:iam::971422687659:role/OneJourneyKendraS3Role",
                  "KEYS_URL": "https://cognito-idp.eu-west-1.amazonaws.com/eu-west-1_M21ToRrBa/.well-known/jwks.json",
                  "MAIN_CONFIGURATION_ID": "@MAIN_CONFIGURATION",
                  "MAX_CHATGPT_RETRY_REQUEST": "5",
                  "ONE_JOURNEY_DATA_BUCKET": "one-journey-data-bucket-genai",
                  "ONE_JOURNEY_FILES_BUCKET": "one-journey-files-bucket-genai",
                  "PROCESS_TRANSCRIPTION_ARN": "arn:aws:lambda:eu-west-1:971422687659:function:one-journey-genai-processTranscription",
                  "REGION": "eu-west-1",
                  "SQS_BATCH_QUEUE_URL": "https://sqs.eu-west-1.amazonaws.com/971422687659/one-journey-batch-queue-genai",
                  "STAGE": "genai",
                  "STORAGE_PROCESS_LAMBDA_ARN": "arn:aws:lambda:eu-west-1:971422687659:function:one-journey-genai-manageFileStorage",
                  "STT_WEBHOOK_ARN": "arn:aws:lambda:eu-west-1:971422687659:function:one-journey-genai-sttWebhook",
                  "TRANSCRIPTIONS_BUCKET": "one-journey-transcriptions-genai",
                  "USER_POOL_CLIENT_ID": "2tonlc0fcbruoestl0c4fuj8ts",
                  "USER_POOL_ID": "eu-west-1_M21ToRrBa",
                  "VERSION": "v1",
                  "WEBSOCKET_API_ENDPOINT": "wss://mu5nzg1mp2.execute-api.eu-west-1.amazonaws.com/genai/"
                }
              }
            ],
            "ephemeral_storage": [
              {
                "size": 512
              }
            ],
            "file_system_config": [],
            "filename": null,
            "function_name": "one-journey-genai-googleChatWebhook",
            "handler": "src/api/v1/channel/google-chat/webhook.handler",
            "id": "one-journey-genai-googleChatWebhook",
            "image_config": [],
            "image_uri": "",
            "invoke_arn": "arn:aws:apigateway:eu-west-1:lambda:path/2015-03-31/functions/arn:aws:lambda:eu-west-1:971422687659:function:one-journey-genai-googleChatWebhook/invocations",
            "kms_key_arn": "",
            "last_modified": "2025-09-29T14:28:42.000+0000",
            "layers": [
              "arn:aws:lambda:eu-west-1:971422687659:layer:googleStorage:11",
              "arn:aws:lambda:eu-west-1:971422687659:layer:genAILibs:16"
            ],
            "logging_config": [
              {
                "application_log_level": "",
                "log_format": "Text",
                "log_group": "/aws/lambda/one-journey-genai-googleChatWebhook",
                "system_log_level": ""
              }
            ],
            "memory_size": 1536,
            "package_type": "Zip",
            "publish": null,
            "qualified_arn": "arn:aws:lambda:eu-west-1:971422687659:function:one-journey-genai-googleChatWebhook:38",
            "qualified_invoke_arn": "arn:aws:apigateway:eu-west-1:lambda:path/2015-03-31/functions/arn:aws:lambda:eu-west-1:971422687659:function:one-journey-genai-googleChatWebhook:38/invocations",
            "replace_security_groups_on_destroy": null,
            "replacement_security_group_ids": null,
            "reserved_concurrent_executions": -1,
            "role": "arn:aws:iam::971422687659:role/one-journey-genai-googleChatWebhook-eu-west-1-lambdaRole",
            "runtime": "nodejs20.x",
            "s3_bucket": null,
            "s3_key": null,
            "s3_object_version": null,
            "signing_job_arn": "",
            "signing_profile_version_arn": "",
            "skip_destroy": false,
            "snap_start": [],
            "source_code_hash": "",
            "source_code_size": 21112038,
            "tags": {
              "STAGE": "genai"
            },
            "tags_all": {
              "STAGE": "genai"
            },
            "timeout": 6,
            "timeouts": null,
            "tracing_config": [
              {
                "mode": "PassThrough"
              }
            ],
            "version": "38",
            "vpc_config": []
          },
          "sensitive_attributes": [],
          "identity_schema_version": 0,
          "private": "eyJlMmJmYjczMC1lY2FhLTExZTYtOGY4OC0zNDM2M2JjN2M0YzAiOnsiY3JlYXRlIjo2MDAwMDAwMDAwMDAsImRlbGV0ZSI6NjAwMDAwMDAwMDAwLCJ1cGRhdGUiOjYwMDAwMDAwMDAwMH0sInNjaGVtYV92ZXJzaW9uIjoiMCJ9"
        },
        {
          "index_key": "google_drive_webhook",
          "schema_version": 0,
          "attributes": {
            "architectures": [
              "x86_64"
            ],
            "arn": "arn:aws:lambda:eu-west-1:971422687659:function:one-journey-genai-googleDriveWebhook",
            "code_sha256": "dT+z59+hISY6jywhc9ejE2dbjMsist3Ln0q4osglXsI=",
            "code_signing_config_arn": "",
            "dead_letter_config": [],
            "description": "",
            "environment": [
              {
                "variables": {
                  "ACCOUNT_ID": "971422687659",
                  "API_ENDPOINT": "https://d5tcv80br4.execute-api.eu-west-1.amazonaws.com/genai/",
                  "AUDIOS_BUCKET": "one-journey-audiorecord-genai",
                  "CDN_ENDPOINT": "https://d7cnvwmb0wtsp.cloudfront.net/",
                  "COGNITO_USER_POOL": "eu-west-1_M21ToRrBa",
                  "COGNITO_USER_POOL_CLIENT": "2tonlc0fcbruoestl0c4fuj8ts",
                  "CORE_GDS_EVENT_ARN": "arn:aws:lambda:eu-west-1:971422687659:function:one-journey-genai-coreGDSEvent",
                  "CORE_S3_EVENT_ARN": "arn:aws:lambda:eu-west-1:971422687659:function:one-journey-genai-coreS3Event",
                  "CORS_ORIGIN": "*",
                  "DEBUG_LOG": "/aws/one-journey/one-journey-DebugLogs",
                  "DOMAIN_SUFFIX": "one-journey",
                  "DYNAMODB_TABLE_CHANNEL_MESSAGES": "one-journey-channel-messages",
                  "DYNAMODB_TABLE_COMMON_OBJECTS": "one-journey-common-objects",
                  "DYNAMODB_TABLE_COST": "one-journey-cost",
                  "DYNAMODB_TABLE_COUNTERS_STORAGE_CHANNEL": "one-journey-counters-storage-channel",
                  "DYNAMODB_TABLE_EXECUTIONS": "one-journey-executions",
                  "DYNAMODB_TABLE_EXECUTIONS_V5": "one-journey-executions-v5",
                  "DYNAMODB_TABLE_EXECUTIONS_V5_DETAIL": "one-journey-executions-v5-detail",
                  "DYNAMODB_TABLE_EXECUTIONS_V5_GSI_CREATED_AT": "one-journey-executions-v5-gsi-createdAt",
                  "DYNAMODB_TABLE_EXECUTIONS_V5_GSI_UPDATED_AT": "one-journey-executions-v5-gsi-updatedAt",
                  "DYNAMODB_TABLE_MUTEX_LOCK": "one-journey-mutex-lock",
                  "DYNAMODB_TABLE_SESSIONS": "one-journey-sessions",
                  "DYNAMODB_TABLE_STT_OPERATIONS": "one-journey-sttOperations",
                  "DYNAMODB_TABLE_SUSCRIPTIONS": "one-journey-suscriptions",
                  "DYNAMODB_TABLE_WEBSOCKETS_MANAGER": "one-journey-websockets-manager",
                  "DYNAMODB_TABLE_WORKFLOWS_BACKUP": "one-journey-workflows-backup",
                  "DYNAMODB_TABLE_WORKFLOW_CONTEXT": "one-journey-workflow-context",
                  "ERROR_LOG": "/aws/one-journey/one-journey-ErrorLogs",
                  "EVENTBRIDGE_MESSAGE_BUS": "one-journey-messages-bus-genai",
                  "HOSTING_BUCKET": "one-journey-hosting-bucket-genai",
                  "KENDRA_S3_ROLE_ARN": "arn:aws:iam::971422687659:role/OneJourneyKendraS3Role",
                  "KEYS_URL": "https://cognito-idp.eu-west-1.amazonaws.com/eu-west-1_M21ToRrBa/.well-known/jwks.json",
                  "MAIN_CONFIGURATION_ID": "@MAIN_CONFIGURATION",
                  "MAX_CHATGPT_RETRY_REQUEST": "5",
                  "ONE_JOURNEY_DATA_BUCKET": "one-journey-data-bucket-genai",
                  "ONE_JOURNEY_FILES_BUCKET": "one-journey-files-bucket-genai",
                  "PROCESS_TRANSCRIPTION_ARN": "arn:aws:lambda:eu-west-1:971422687659:function:one-journey-genai-processTranscription",
                  "REGION": "eu-west-1",
                  "SQS_BATCH_QUEUE_URL": "https://sqs.eu-west-1.amazonaws.com/971422687659/one-journey-batch-queue-genai",
                  "STAGE": "genai",
                  "STORAGE_PROCESS_LAMBDA_ARN": "arn:aws:lambda:eu-west-1:971422687659:function:one-journey-genai-manageFileStorage",
                  "STT_WEBHOOK_ARN": "arn:aws:lambda:eu-west-1:971422687659:function:one-journey-genai-sttWebhook",
                  "TRANSCRIPTIONS_BUCKET": "one-journey-transcriptions-genai",
                  "USER_POOL_CLIENT_ID": "2tonlc0fcbruoestl0c4fuj8ts",
                  "USER_POOL_ID": "eu-west-1_M21ToRrBa",
                  "VERSION": "v1",
                  "WEBSOCKET_API_ENDPOINT": "wss://mu5nzg1mp2.execute-api.eu-west-1.amazonaws.com/genai/"
                }
              }
            ],
            "ephemeral_storage": [
              {
                "size": 512
              }
            ],
            "file_system_config": [],
            "filename": null,
            "function_name": "one-journey-genai-googleDriveWebhook",
            "handler": "src/api/v1/channel/google-drive/webhook.handler",
            "id": "one-journey-genai-googleDriveWebhook",
            "image_config": [],
            "image_uri": "",
            "invoke_arn": "arn:aws:apigateway:eu-west-1:lambda:path/2015-03-31/functions/arn:aws:lambda:eu-west-1:971422687659:function:one-journey-genai-googleDriveWebhook/invocations",
            "kms_key_arn": "",
            "last_modified": "2025-09-29T14:28:34.000+0000",
            "layers": [
              "arn:aws:lambda:eu-west-1:971422687659:layer:ffmpegv1:4"
            ],
            "logging_config": [
              {
                "application_log_level": "",
                "log_format": "Text",
                "log_group": "/aws/lambda/one-journey-genai-googleDriveWebhook",
                "system_log_level": ""
              }
            ],
            "memory_size": 1536,
            "package_type": "Zip",
            "publish": null,
            "qualified_arn": "arn:aws:lambda:eu-west-1:971422687659:function:one-journey-genai-googleDriveWebhook:31",
            "qualified_invoke_arn": "arn:aws:apigateway:eu-west-1:lambda:path/2015-03-31/functions/arn:aws:lambda:eu-west-1:971422687659:function:one-journey-genai-googleDriveWebhook:31/invocations",
            "replace_security_groups_on_destroy": null,
            "replacement_security_group_ids": null,
            "reserved_concurrent_executions": -1,
            "role": "arn:aws:iam::971422687659:role/one-journey-genai-googleDriveWebhook-eu-west-1-lambdaRole",
            "runtime": "nodejs20.x",
            "s3_bucket": null,
            "s3_key": null,
            "s3_object_version": null,
            "signing_job_arn": "",
            "signing_profile_version_arn": "",
            "skip_destroy": false,
            "snap_start": [],
            "source_code_hash": "",
            "source_code_size": 16792412,
            "tags": {
              "STAGE": "genai"
            },
            "tags_all": {
              "STAGE": "genai"
            },
            "timeout": 6,
            "timeouts": null,
            "tracing_config": [
              {
                "mode": "PassThrough"
              }
            ],
            "version": "31",
            "vpc_config": []
          },
          "sensitive_attributes": [],
          "identity_schema_version": 0,
          "private": "eyJlMmJmYjczMC1lY2FhLTExZTYtOGY4OC0zNDM2M2JjN2M0YzAiOnsiY3JlYXRlIjo2MDAwMDAwMDAwMDAsImRlbGV0ZSI6NjAwMDAwMDAwMDAwLCJ1cGRhdGUiOjYwMDAwMDAwMDAwMH0sInNjaGVtYV92ZXJzaW9uIjoiMCJ9"
        },
        {
          "index_key": "hand_off_node",
          "schema_version": 0,
          "attributes": {
            "architectures": [
              "arm64"
            ],
            "arn": "arn:aws:lambda:eu-west-1:971422687659:function:one-journey-genai-handOffNode",
            "code_sha256": "taIXZVFSiFIH/Ap5HNOB/f3rjQJg/fJj8y50u1gMEq0=",
            "code_signing_config_arn": "",
            "dead_letter_config": [],
            "description": "",
            "environment": [
              {
                "variables": {
                  "ACCOUNT_ID": "971422687659",
                  "API_ENDPOINT": "https://d5tcv80br4.execute-api.eu-west-1.amazonaws.com/genai/",
                  "AUDIOS_BUCKET": "one-journey-audiorecord-genai",
                  "CDN_ENDPOINT": "https://d7cnvwmb0wtsp.cloudfront.net/",
                  "COGNITO_USER_POOL": "eu-west-1_M21ToRrBa",
                  "COGNITO_USER_POOL_CLIENT": "2tonlc0fcbruoestl0c4fuj8ts",
                  "CORE_GDS_EVENT_ARN": "arn:aws:lambda:eu-west-1:971422687659:function:one-journey-genai-coreGDSEvent",
                  "CORE_S3_EVENT_ARN": "arn:aws:lambda:eu-west-1:971422687659:function:one-journey-genai-coreS3Event",
                  "CORS_ORIGIN": "*",
                  "DEBUG_LOG": "/aws/one-journey/one-journey-DebugLogs",
                  "DOMAIN_SUFFIX": "one-journey",
                  "DYNAMODB_TABLE_CHANNEL_MESSAGES": "one-journey-channel-messages",
                  "DYNAMODB_TABLE_COMMON_OBJECTS": "one-journey-common-objects",
                  "DYNAMODB_TABLE_COST": "one-journey-cost",
                  "DYNAMODB_TABLE_COUNTERS_STORAGE_CHANNEL": "one-journey-counters-storage-channel",
                  "DYNAMODB_TABLE_EXECUTIONS": "one-journey-executions",
                  "DYNAMODB_TABLE_EXECUTIONS_V5": "one-journey-executions-v5",
                  "DYNAMODB_TABLE_EXECUTIONS_V5_DETAIL": "one-journey-executions-v5-detail",
                  "DYNAMODB_TABLE_EXECUTIONS_V5_GSI_CREATED_AT": "one-journey-executions-v5-gsi-createdAt",
                  "DYNAMODB_TABLE_EXECUTIONS_V5_GSI_UPDATED_AT": "one-journey-executions-v5-gsi-updatedAt",
                  "DYNAMODB_TABLE_MUTEX_LOCK": "one-journey-mutex-lock",
                  "DYNAMODB_TABLE_SESSIONS": "one-journey-sessions",
                  "DYNAMODB_TABLE_STT_OPERATIONS": "one-journey-sttOperations",
                  "DYNAMODB_TABLE_SUSCRIPTIONS": "one-journey-suscriptions",
                  "DYNAMODB_TABLE_WEBSOCKETS_MANAGER": "one-journey-websockets-manager",
                  "DYNAMODB_TABLE_WORKFLOWS_BACKUP": "one-journey-workflows-backup",
                  "DYNAMODB_TABLE_WORKFLOW_CONTEXT": "one-journey-workflow-context",
                  "ERROR_LOG": "/aws/one-journey/one-journey-ErrorLogs",
                  "EVENTBRIDGE_MESSAGE_BUS": "one-journey-messages-bus-genai",
                  "HOSTING_BUCKET": "one-journey-hosting-bucket-genai",
                  "KENDRA_S3_ROLE_ARN": "arn:aws:iam::971422687659:role/OneJourneyKendraS3Role",
                  "KEYS_URL": "https://cognito-idp.eu-west-1.amazonaws.com/eu-west-1_M21ToRrBa/.well-known/jwks.json",
                  "MAIN_CONFIGURATION_ID": "@MAIN_CONFIGURATION",
                  "MAX_CHATGPT_RETRY_REQUEST": "5",
                  "ONE_JOURNEY_DATA_BUCKET": "one-journey-data-bucket-genai",
                  "ONE_JOURNEY_FILES_BUCKET": "one-journey-files-bucket-genai",
                  "PROCESS_TRANSCRIPTION_ARN": "arn:aws:lambda:eu-west-1:971422687659:function:one-journey-genai-processTranscription",
                  "REGION": "eu-west-1",
                  "SQS_BATCH_QUEUE_URL": "https://sqs.eu-west-1.amazonaws.com/971422687659/one-journey-batch-queue-genai",
                  "STAGE": "genai",
                  "STORAGE_PROCESS_LAMBDA_ARN": "arn:aws:lambda:eu-west-1:971422687659:function:one-journey-genai-manageFileStorage",
                  "STT_WEBHOOK_ARN": "arn:aws:lambda:eu-west-1:971422687659:function:one-journey-genai-sttWebhook",
                  "TRANSCRIPTIONS_BUCKET": "one-journey-transcriptions-genai",
                  "USER_POOL_CLIENT_ID": "2tonlc0fcbruoestl0c4fuj8ts",
                  "USER_POOL_ID": "eu-west-1_M21ToRrBa",
                  "VERSION": "v1",
                  "WEBSOCKET_API_ENDPOINT": "wss://mu5nzg1mp2.execute-api.eu-west-1.amazonaws.com/genai/"
                }
              }
            ],
            "ephemeral_storage": [
              {
                "size": 512
              }
            ],
            "file_system_config": [],
            "filename": null,
            "function_name": "one-journey-genai-handOffNode",
            "handler": "./src/api/v1/node/handOff/event.handler",
            "id": "one-journey-genai-handOffNode",
            "image_config": [],
            "image_uri": "",
            "invoke_arn": "arn:aws:apigateway:eu-west-1:lambda:path/2015-03-31/functions/arn:aws:lambda:eu-west-1:971422687659:function:one-journey-genai-handOffNode/invocations",
            "kms_key_arn": "",
            "last_modified": "2025-09-29T14:28:36.000+0000",
            "layers": [],
            "logging_config": [
              {
                "application_log_level": "",
                "log_format": "Text",
                "log_group": "/aws/lambda/one-journey-genai-handOffNode",
                "system_log_level": ""
              }
            ],
            "memory_size": 1536,
            "package_type": "Zip",
            "publish": null,
            "qualified_arn": "arn:aws:lambda:eu-west-1:971422687659:function:one-journey-genai-handOffNode:7",
            "qualified_invoke_arn": "arn:aws:apigateway:eu-west-1:lambda:path/2015-03-31/functions/arn:aws:lambda:eu-west-1:971422687659:function:one-journey-genai-handOffNode:7/invocations",
            "replace_security_groups_on_destroy": null,
            "replacement_security_group_ids": null,
            "reserved_concurrent_executions": -1,
            "role": "arn:aws:iam::971422687659:role/one-journey-genai-handOffNode-eu-west-1-lambdaRole",
            "runtime": "nodejs20.x",
            "s3_bucket": null,
            "s3_key": null,
            "s3_object_version": null,
            "signing_job_arn": "",
            "signing_profile_version_arn": "",
            "skip_destroy": false,
            "snap_start": [],
            "source_code_hash": "",
            "source_code_size": 26247140,
            "tags": {
              "STAGE": "genai"
            },
            "tags_all": {
              "STAGE": "genai"
            },
            "timeout": 6,
            "timeouts": null,
            "tracing_config": [
              {
                "mode": "PassThrough"
              }
            ],
            "version": "7",
            "vpc_config": []
          },
          "sensitive_attributes": [],
          "identity_schema_version": 0,
          "private": "eyJlMmJmYjczMC1lY2FhLTExZTYtOGY4OC0zNDM2M2JjN2M0YzAiOnsiY3JlYXRlIjo2MDAwMDAwMDAwMDAsImRlbGV0ZSI6NjAwMDAwMDAwMDAwLCJ1cGRhdGUiOjYwMDAwMDAwMDAwMH0sInNjaGVtYV92ZXJzaW9uIjoiMCJ9"
        },
        {
          "index_key": "kcrm_enqueue_voice_node",
          "schema_version": 0,
          "attributes": {
            "architectures": [
              "arm64"
            ],
            "arn": "arn:aws:lambda:eu-west-1:971422687659:function:one-journey-genai-kcrmEnqueueVoiceNode",
            "code_sha256": "vxV1oEo3FC/fmNcRYm2ZjJRryBwgcPE++VZ9dI0pSbU=",
            "code_signing_config_arn": "",
            "dead_letter_config": [],
            "description": "",
            "environment": [
              {
                "variables": {
                  "ACCOUNT_ID": "971422687659",
                  "API_ENDPOINT": "https://d5tcv80br4.execute-api.eu-west-1.amazonaws.com/genai/",
                  "AUDIOS_BUCKET": "one-journey-audiorecord-genai",
                  "CDN_ENDPOINT": "https://d7cnvwmb0wtsp.cloudfront.net/",
                  "COGNITO_USER_POOL": "eu-west-1_M21ToRrBa",
                  "COGNITO_USER_POOL_CLIENT": "2tonlc0fcbruoestl0c4fuj8ts",
                  "CORE_GDS_EVENT_ARN": "arn:aws:lambda:eu-west-1:971422687659:function:one-journey-genai-coreGDSEvent",
                  "CORE_S3_EVENT_ARN": "arn:aws:lambda:eu-west-1:971422687659:function:one-journey-genai-coreS3Event",
                  "CORS_ORIGIN": "*",
                  "DEBUG_LOG": "/aws/one-journey/one-journey-DebugLogs",
                  "DOMAIN_SUFFIX": "one-journey",
                  "DYNAMODB_TABLE_CHANNEL_MESSAGES": "one-journey-channel-messages",
                  "DYNAMODB_TABLE_COMMON_OBJECTS": "one-journey-common-objects",
                  "DYNAMODB_TABLE_COST": "one-journey-cost",
                  "DYNAMODB_TABLE_COUNTERS_STORAGE_CHANNEL": "one-journey-counters-storage-channel",
                  "DYNAMODB_TABLE_EXECUTIONS": "one-journey-executions",
                  "DYNAMODB_TABLE_EXECUTIONS_V5": "one-journey-executions-v5",
                  "DYNAMODB_TABLE_EXECUTIONS_V5_DETAIL": "one-journey-executions-v5-detail",
                  "DYNAMODB_TABLE_EXECUTIONS_V5_GSI_CREATED_AT": "one-journey-executions-v5-gsi-createdAt",
                  "DYNAMODB_TABLE_EXECUTIONS_V5_GSI_UPDATED_AT": "one-journey-executions-v5-gsi-updatedAt",
                  "DYNAMODB_TABLE_MUTEX_LOCK": "one-journey-mutex-lock",
                  "DYNAMODB_TABLE_SESSIONS": "one-journey-sessions",
                  "DYNAMODB_TABLE_STT_OPERATIONS": "one-journey-sttOperations",
                  "DYNAMODB_TABLE_SUSCRIPTIONS": "one-journey-suscriptions",
                  "DYNAMODB_TABLE_WEBSOCKETS_MANAGER": "one-journey-websockets-manager",
                  "DYNAMODB_TABLE_WORKFLOWS_BACKUP": "one-journey-workflows-backup",
                  "DYNAMODB_TABLE_WORKFLOW_CONTEXT": "one-journey-workflow-context",
                  "ERROR_LOG": "/aws/one-journey/one-journey-ErrorLogs",
                  "EVENTBRIDGE_MESSAGE_BUS": "one-journey-messages-bus-genai",
                  "HOSTING_BUCKET": "one-journey-hosting-bucket-genai",
                  "KENDRA_S3_ROLE_ARN": "arn:aws:iam::971422687659:role/OneJourneyKendraS3Role",
                  "KEYS_URL": "https://cognito-idp.eu-west-1.amazonaws.com/eu-west-1_M21ToRrBa/.well-known/jwks.json",
                  "MAIN_CONFIGURATION_ID": "@MAIN_CONFIGURATION",
                  "MAX_CHATGPT_RETRY_REQUEST": "5",
                  "ONE_JOURNEY_DATA_BUCKET": "one-journey-data-bucket-genai",
                  "ONE_JOURNEY_FILES_BUCKET": "one-journey-files-bucket-genai",
                  "PROCESS_TRANSCRIPTION_ARN": "arn:aws:lambda:eu-west-1:971422687659:function:one-journey-genai-processTranscription",
                  "REGION": "eu-west-1",
                  "SQS_BATCH_QUEUE_URL": "https://sqs.eu-west-1.amazonaws.com/971422687659/one-journey-batch-queue-genai",
                  "STAGE": "genai",
                  "STORAGE_PROCESS_LAMBDA_ARN": "arn:aws:lambda:eu-west-1:971422687659:function:one-journey-genai-manageFileStorage",
                  "STT_WEBHOOK_ARN": "arn:aws:lambda:eu-west-1:971422687659:function:one-journey-genai-sttWebhook",
                  "TRANSCRIPTIONS_BUCKET": "one-journey-transcriptions-genai",
                  "USER_POOL_CLIENT_ID": "2tonlc0fcbruoestl0c4fuj8ts",
                  "USER_POOL_ID": "eu-west-1_M21ToRrBa",
                  "VERSION": "v1",
                  "WEBSOCKET_API_ENDPOINT": "wss://mu5nzg1mp2.execute-api.eu-west-1.amazonaws.com/genai/"
                }
              }
            ],
            "ephemeral_storage": [
              {
                "size": 512
              }
            ],
            "file_system_config": [],
            "filename": null,
            "function_name": "one-journey-genai-kcrmEnqueueVoiceNode",
            "handler": "./src/api/v1/node/kcrm/event.handler",
            "id": "one-journey-genai-kcrmEnqueueVoiceNode",
            "image_config": [],
            "image_uri": "",
            "invoke_arn": "arn:aws:apigateway:eu-west-1:lambda:path/2015-03-31/functions/arn:aws:lambda:eu-west-1:971422687659:function:one-journey-genai-kcrmEnqueueVoiceNode/invocations",
            "kms_key_arn": "",
            "last_modified": "2025-09-29T14:28:34.000+0000",
            "layers": [],
            "logging_config": [
              {
                "application_log_level": "",
                "log_format": "Text",
                "log_group": "/aws/lambda/one-journey-genai-kcrmEnqueueVoiceNode",
                "system_log_level": ""
              }
            ],
            "memory_size": 1536,
            "package_type": "Zip",
            "publish": null,
            "qualified_arn": "arn:aws:lambda:eu-west-1:971422687659:function:one-journey-genai-kcrmEnqueueVoiceNode:27",
            "qualified_invoke_arn": "arn:aws:apigateway:eu-west-1:lambda:path/2015-03-31/functions/arn:aws:lambda:eu-west-1:971422687659:function:one-journey-genai-kcrmEnqueueVoiceNode:27/invocations",
            "replace_security_groups_on_destroy": null,
            "replacement_security_group_ids": null,
            "reserved_concurrent_executions": -1,
            "role": "arn:aws:iam::971422687659:role/one-journey-genai-kcrmEnqueueVoiceNode-eu-west-1-lambdaRole",
            "runtime": "nodejs20.x",
            "s3_bucket": null,
            "s3_key": null,
            "s3_object_version": null,
            "signing_job_arn": "",
            "signing_profile_version_arn": "",
            "skip_destroy": false,
            "snap_start": [],
            "source_code_hash": "",
            "source_code_size": 15726518,
            "tags": {
              "STAGE": "genai"
            },
            "tags_all": {
              "STAGE": "genai"
            },
            "timeout": 6,
            "timeouts": null,
            "tracing_config": [
              {
                "mode": "PassThrough"
              }
            ],
            "version": "27",
            "vpc_config": []
          },
          "sensitive_attributes": [],
          "identity_schema_version": 0,
          "private": "eyJlMmJmYjczMC1lY2FhLTExZTYtOGY4OC0zNDM2M2JjN2M0YzAiOnsiY3JlYXRlIjo2MDAwMDAwMDAwMDAsImRlbGV0ZSI6NjAwMDAwMDAwMDAwLCJ1cGRhdGUiOjYwMDAwMDAwMDAwMH0sInNjaGVtYV92ZXJzaW9uIjoiMCJ9"
        },
        {
          "index_key": "manage_file_storage",
          "schema_version": 0,
          "attributes": {
            "architectures": [
              "arm64"
            ],
            "arn": "arn:aws:lambda:eu-west-1:971422687659:function:one-journey-genai-manageFileStorage",
            "code_sha256": "TBg68wCQHIKs1GSsXuWMiEPQKpMre+H9J64RTsnMmik=",
            "code_signing_config_arn": "",
            "dead_letter_config": [],
            "description": "",
            "environment": [
              {
                "variables": {
                  "ACCOUNT_ID": "971422687659",
                  "API_ENDPOINT": "https://d5tcv80br4.execute-api.eu-west-1.amazonaws.com/genai/",
                  "AUDIOS_BUCKET": "one-journey-audiorecord-genai",
                  "CDN_ENDPOINT": "https://d7cnvwmb0wtsp.cloudfront.net/",
                  "COGNITO_USER_POOL": "eu-west-1_M21ToRrBa",
                  "COGNITO_USER_POOL_CLIENT": "2tonlc0fcbruoestl0c4fuj8ts",
                  "CORE_GDS_EVENT_ARN": "arn:aws:lambda:eu-west-1:971422687659:function:one-journey-genai-coreGDSEvent",
                  "CORE_S3_EVENT_ARN": "arn:aws:lambda:eu-west-1:971422687659:function:one-journey-genai-coreS3Event",
                  "CORS_ORIGIN": "*",
                  "DEBUG_LOG": "/aws/one-journey/one-journey-DebugLogs",
                  "DOMAIN_SUFFIX": "one-journey",
                  "DYNAMODB_TABLE_CHANNEL_MESSAGES": "one-journey-channel-messages",
                  "DYNAMODB_TABLE_COMMON_OBJECTS": "one-journey-common-objects",
                  "DYNAMODB_TABLE_COST": "one-journey-cost",
                  "DYNAMODB_TABLE_COUNTERS_STORAGE_CHANNEL": "one-journey-counters-storage-channel",
                  "DYNAMODB_TABLE_EXECUTIONS": "one-journey-executions",
                  "DYNAMODB_TABLE_EXECUTIONS_V5": "one-journey-executions-v5",
                  "DYNAMODB_TABLE_EXECUTIONS_V5_DETAIL": "one-journey-executions-v5-detail",
                  "DYNAMODB_TABLE_EXECUTIONS_V5_GSI_CREATED_AT": "one-journey-executions-v5-gsi-createdAt",
                  "DYNAMODB_TABLE_EXECUTIONS_V5_GSI_UPDATED_AT": "one-journey-executions-v5-gsi-updatedAt",
                  "DYNAMODB_TABLE_MUTEX_LOCK": "one-journey-mutex-lock",
                  "DYNAMODB_TABLE_SESSIONS": "one-journey-sessions",
                  "DYNAMODB_TABLE_STT_OPERATIONS": "one-journey-sttOperations",
                  "DYNAMODB_TABLE_SUSCRIPTIONS": "one-journey-suscriptions",
                  "DYNAMODB_TABLE_WEBSOCKETS_MANAGER": "one-journey-websockets-manager",
                  "DYNAMODB_TABLE_WORKFLOWS_BACKUP": "one-journey-workflows-backup",
                  "DYNAMODB_TABLE_WORKFLOW_CONTEXT": "one-journey-workflow-context",
                  "ERROR_LOG": "/aws/one-journey/one-journey-ErrorLogs",
                  "EVENTBRIDGE_MESSAGE_BUS": "one-journey-messages-bus-genai",
                  "HOSTING_BUCKET": "one-journey-hosting-bucket-genai",
                  "KENDRA_S3_ROLE_ARN": "arn:aws:iam::971422687659:role/OneJourneyKendraS3Role",
                  "KEYS_URL": "https://cognito-idp.eu-west-1.amazonaws.com/eu-west-1_M21ToRrBa/.well-known/jwks.json",
                  "MAIN_CONFIGURATION_ID": "@MAIN_CONFIGURATION",
                  "MAX_CHATGPT_RETRY_REQUEST": "5",
                  "ONE_JOURNEY_DATA_BUCKET": "one-journey-data-bucket-genai",
                  "ONE_JOURNEY_FILES_BUCKET": "one-journey-files-bucket-genai",
                  "PROCESS_TRANSCRIPTION_ARN": "arn:aws:lambda:eu-west-1:971422687659:function:one-journey-genai-processTranscription",
                  "REGION": "eu-west-1",
                  "SQS_BATCH_QUEUE_URL": "https://sqs.eu-west-1.amazonaws.com/971422687659/one-journey-batch-queue-genai",
                  "STAGE": "genai",
                  "STORAGE_PROCESS_LAMBDA_ARN": "arn:aws:lambda:eu-west-1:971422687659:function:one-journey-genai-manageFileStorage",
                  "STT_WEBHOOK_ARN": "arn:aws:lambda:eu-west-1:971422687659:function:one-journey-genai-sttWebhook",
                  "TRANSCRIPTIONS_BUCKET": "one-journey-transcriptions-genai",
                  "USER_POOL_CLIENT_ID": "2tonlc0fcbruoestl0c4fuj8ts",
                  "USER_POOL_ID": "eu-west-1_M21ToRrBa",
                  "VERSION": "v1",
                  "WEBSOCKET_API_ENDPOINT": "wss://mu5nzg1mp2.execute-api.eu-west-1.amazonaws.com/genai/"
                }
              }
            ],
            "ephemeral_storage": [
              {
                "size": 512
              }
            ],
            "file_system_config": [],
            "filename": null,
            "function_name": "one-journey-genai-manageFileStorage",
            "handler": "src/api/v1/node/manageFileStorage/event.handler",
            "id": "one-journey-genai-manageFileStorage",
            "image_config": [],
            "image_uri": "",
            "invoke_arn": "arn:aws:apigateway:eu-west-1:lambda:path/2015-03-31/functions/arn:aws:lambda:eu-west-1:971422687659:function:one-journey-genai-manageFileStorage/invocations",
            "kms_key_arn": "",
            "last_modified": "2025-09-29T14:28:30.000+0000",
            "layers": [
              "arn:aws:lambda:eu-west-1:971422687659:layer:genAILibs:16",
              "arn:aws:lambda:eu-west-1:971422687659:layer:googleStorage:11"
            ],
            "logging_config": [
              {
                "application_log_level": "",
                "log_format": "Text",
                "log_group": "/aws/lambda/one-journey-genai-manageFileStorage",
                "system_log_level": ""
              }
            ],
            "memory_size": 512,
            "package_type": "Zip",
            "publish": null,
            "qualified_arn": "arn:aws:lambda:eu-west-1:971422687659:function:one-journey-genai-manageFileStorage:12",
            "qualified_invoke_arn": "arn:aws:apigateway:eu-west-1:lambda:path/2015-03-31/functions/arn:aws:lambda:eu-west-1:971422687659:function:one-journey-genai-manageFileStorage:12/invocations",
            "replace_security_groups_on_destroy": null,
            "replacement_security_group_ids": null,
            "reserved_concurrent_executions": -1,
            "role": "arn:aws:iam::971422687659:role/one-journey-genai-manageFileStorage-eu-west-1-lambdaRole",
            "runtime": "nodejs20.x",
            "s3_bucket": null,
            "s3_key": null,
            "s3_object_version": null,
            "signing_job_arn": "",
            "signing_profile_version_arn": "",
            "skip_destroy": false,
            "snap_start": [],
            "source_code_hash": "",
            "source_code_size": 15705744,
            "tags": {
              "STAGE": "genai"
            },
            "tags_all": {
              "STAGE": "genai"
            },
            "timeout": 300,
            "timeouts": null,
            "tracing_config": [
              {
                "mode": "PassThrough"
              }
            ],
            "version": "12",
            "vpc_config": []
          },
          "sensitive_attributes": [],
          "identity_schema_version": 0,
          "private": "eyJlMmJmYjczMC1lY2FhLTExZTYtOGY4OC0zNDM2M2JjN2M0YzAiOnsiY3JlYXRlIjo2MDAwMDAwMDAwMDAsImRlbGV0ZSI6NjAwMDAwMDAwMDAwLCJ1cGRhdGUiOjYwMDAwMDAwMDAwMH0sInNjaGVtYV92ZXJzaW9uIjoiMCJ9"
        },
        {
          "index_key": "manage_queue_channel",
          "schema_version": 0,
          "attributes": {
            "architectures": [
              "arm64"
            ],
            "arn": "arn:aws:lambda:eu-west-1:971422687659:function:one-journey-genai-manageQueueChannel",
            "code_sha256": "qn5tD1bxQo2Y/Ern61cZPqoYUUovHnUNRVlbCkcQSxA=",
            "code_signing_config_arn": "",
            "dead_letter_config": [],
            "description": "",
            "environment": [
              {
                "variables": {
                  "ACCOUNT_ID": "971422687659",
                  "API_ENDPOINT": "https://d5tcv80br4.execute-api.eu-west-1.amazonaws.com/genai/",
                  "AUDIOS_BUCKET": "one-journey-audiorecord-genai",
                  "CDN_ENDPOINT": "https://d7cnvwmb0wtsp.cloudfront.net/",
                  "COGNITO_USER_POOL": "eu-west-1_M21ToRrBa",
                  "COGNITO_USER_POOL_CLIENT": "2tonlc0fcbruoestl0c4fuj8ts",
                  "CORE_GDS_EVENT_ARN": "arn:aws:lambda:eu-west-1:971422687659:function:one-journey-genai-coreGDSEvent",
                  "CORE_S3_EVENT_ARN": "arn:aws:lambda:eu-west-1:971422687659:function:one-journey-genai-coreS3Event",
                  "CORS_ORIGIN": "*",
                  "DEBUG_LOG": "/aws/one-journey/one-journey-DebugLogs",
                  "DOMAIN_SUFFIX": "one-journey",
                  "DYNAMODB_TABLE_CHANNEL_MESSAGES": "one-journey-channel-messages",
                  "DYNAMODB_TABLE_COMMON_OBJECTS": "one-journey-common-objects",
                  "DYNAMODB_TABLE_COST": "one-journey-cost",
                  "DYNAMODB_TABLE_COUNTERS_STORAGE_CHANNEL": "one-journey-counters-storage-channel",
                  "DYNAMODB_TABLE_EXECUTIONS": "one-journey-executions",
                  "DYNAMODB_TABLE_EXECUTIONS_V5": "one-journey-executions-v5",
                  "DYNAMODB_TABLE_EXECUTIONS_V5_DETAIL": "one-journey-executions-v5-detail",
                  "DYNAMODB_TABLE_EXECUTIONS_V5_GSI_CREATED_AT": "one-journey-executions-v5-gsi-createdAt",
                  "DYNAMODB_TABLE_EXECUTIONS_V5_GSI_UPDATED_AT": "one-journey-executions-v5-gsi-updatedAt",
                  "DYNAMODB_TABLE_MUTEX_LOCK": "one-journey-mutex-lock",
                  "DYNAMODB_TABLE_SESSIONS": "one-journey-sessions",
                  "DYNAMODB_TABLE_STT_OPERATIONS": "one-journey-sttOperations",
                  "DYNAMODB_TABLE_SUSCRIPTIONS": "one-journey-suscriptions",
                  "DYNAMODB_TABLE_WEBSOCKETS_MANAGER": "one-journey-websockets-manager",
                  "DYNAMODB_TABLE_WORKFLOWS_BACKUP": "one-journey-workflows-backup",
                  "DYNAMODB_TABLE_WORKFLOW_CONTEXT": "one-journey-workflow-context",
                  "ERROR_LOG": "/aws/one-journey/one-journey-ErrorLogs",
                  "EVENTBRIDGE_MESSAGE_BUS": "one-journey-messages-bus-genai",
                  "HOSTING_BUCKET": "one-journey-hosting-bucket-genai",
                  "KENDRA_S3_ROLE_ARN": "arn:aws:iam::971422687659:role/OneJourneyKendraS3Role",
                  "KEYS_URL": "https://cognito-idp.eu-west-1.amazonaws.com/eu-west-1_M21ToRrBa/.well-known/jwks.json",
                  "MAIN_CONFIGURATION_ID": "@MAIN_CONFIGURATION",
                  "MAX_CHATGPT_RETRY_REQUEST": "5",
                  "ONE_JOURNEY_DATA_BUCKET": "one-journey-data-bucket-genai",
                  "ONE_JOURNEY_FILES_BUCKET": "one-journey-files-bucket-genai",
                  "PROCESS_TRANSCRIPTION_ARN": "arn:aws:lambda:eu-west-1:971422687659:function:one-journey-genai-processTranscription",
                  "REGION": "eu-west-1",
                  "SQS_BATCH_QUEUE_URL": "https://sqs.eu-west-1.amazonaws.com/971422687659/one-journey-batch-queue-genai",
                  "STAGE": "genai",
                  "STORAGE_PROCESS_LAMBDA_ARN": "arn:aws:lambda:eu-west-1:971422687659:function:one-journey-genai-manageFileStorage",
                  "STT_WEBHOOK_ARN": "arn:aws:lambda:eu-west-1:971422687659:function:one-journey-genai-sttWebhook",
                  "TRANSCRIPTIONS_BUCKET": "one-journey-transcriptions-genai",
                  "USER_POOL_CLIENT_ID": "2tonlc0fcbruoestl0c4fuj8ts",
                  "USER_POOL_ID": "eu-west-1_M21ToRrBa",
                  "VERSION": "v1",
                  "WEBSOCKET_API_ENDPOINT": "wss://mu5nzg1mp2.execute-api.eu-west-1.amazonaws.com/genai/"
                }
              }
            ],
            "ephemeral_storage": [
              {
                "size": 512
              }
            ],
            "file_system_config": [],
            "filename": null,
            "function_name": "one-journey-genai-manageQueueChannel",
            "handler": "src/api/v1/node/manageQueueChannel/manager.handler",
            "id": "one-journey-genai-manageQueueChannel",
            "image_config": [],
            "image_uri": "",
            "invoke_arn": "arn:aws:apigateway:eu-west-1:lambda:path/2015-03-31/functions/arn:aws:lambda:eu-west-1:971422687659:function:one-journey-genai-manageQueueChannel/invocations",
            "kms_key_arn": "",
            "last_modified": "2025-09-29T14:28:38.000+0000",
            "layers": [],
            "logging_config": [
              {
                "application_log_level": "",
                "log_format": "Text",
                "log_group": "/aws/lambda/one-journey-genai-manageQueueChannel",
                "system_log_level": ""
              }
            ],
            "memory_size": 512,
            "package_type": "Zip",
            "publish": null,
            "qualified_arn": "arn:aws:lambda:eu-west-1:971422687659:function:one-journey-genai-manageQueueChannel:11",
            "qualified_invoke_arn": "arn:aws:apigateway:eu-west-1:lambda:path/2015-03-31/functions/arn:aws:lambda:eu-west-1:971422687659:function:one-journey-genai-manageQueueChannel:11/invocations",
            "replace_security_groups_on_destroy": null,
            "replacement_security_group_ids": null,
            "reserved_concurrent_executions": -1,
            "role": "arn:aws:iam::971422687659:role/one-journey-genai-manageQueueChannel-eu-west-1-lambdaRole",
            "runtime": "nodejs20.x",
            "s3_bucket": null,
            "s3_key": null,
            "s3_object_version": null,
            "signing_job_arn": "",
            "signing_profile_version_arn": "",
            "skip_destroy": false,
            "snap_start": [],
            "source_code_hash": "",
            "source_code_size": 15703529,
            "tags": {
              "STAGE": "genai"
            },
            "tags_all": {
              "STAGE": "genai"
            },
            "timeout": 300,
            "timeouts": null,
            "tracing_config": [
              {
                "mode": "PassThrough"
              }
            ],
            "version": "11",
            "vpc_config": []
          },
          "sensitive_attributes": [],
          "identity_schema_version": 0,
          "private": "eyJlMmJmYjczMC1lY2FhLTExZTYtOGY4OC0zNDM2M2JjN2M0YzAiOnsiY3JlYXRlIjo2MDAwMDAwMDAwMDAsImRlbGV0ZSI6NjAwMDAwMDAwMDAwLCJ1cGRhdGUiOjYwMDAwMDAwMDAwMH0sInNjaGVtYV92ZXJzaW9uIjoiMCJ9"
        },
        {
          "index_key": "mass_creation",
          "schema_version": 0,
          "attributes": {
            "architectures": [
              "arm64"
            ],
            "arn": "arn:aws:lambda:eu-west-1:971422687659:function:one-journey-genai-massCreation",
            "code_sha256": "ifRvNUOiavhacdGfAyr9lAw8o72kNWFGn/S58kr1oFo=",
            "code_signing_config_arn": "",
            "dead_letter_config": [],
            "description": "",
            "environment": [
              {
                "variables": {
                  "ACCOUNT_ID": "971422687659",
                  "API_ENDPOINT": "https://d5tcv80br4.execute-api.eu-west-1.amazonaws.com/genai/",
                  "AUDIOS_BUCKET": "one-journey-audiorecord-genai",
                  "CDN_ENDPOINT": "https://d7cnvwmb0wtsp.cloudfront.net/",
                  "COGNITO_USER_POOL": "eu-west-1_M21ToRrBa",
                  "COGNITO_USER_POOL_CLIENT": "2tonlc0fcbruoestl0c4fuj8ts",
                  "CORE_GDS_EVENT_ARN": "arn:aws:lambda:eu-west-1:971422687659:function:one-journey-genai-coreGDSEvent",
                  "CORE_S3_EVENT_ARN": "arn:aws:lambda:eu-west-1:971422687659:function:one-journey-genai-coreS3Event",
                  "CORS_ORIGIN": "*",
                  "DEBUG_LOG": "/aws/one-journey/one-journey-DebugLogs",
                  "DOMAIN_SUFFIX": "one-journey",
                  "DYNAMODB_TABLE_CHANNEL_MESSAGES": "one-journey-channel-messages",
                  "DYNAMODB_TABLE_COMMON_OBJECTS": "one-journey-common-objects",
                  "DYNAMODB_TABLE_COST": "one-journey-cost",
                  "DYNAMODB_TABLE_COUNTERS_STORAGE_CHANNEL": "one-journey-counters-storage-channel",
                  "DYNAMODB_TABLE_EXECUTIONS": "one-journey-executions",
                  "DYNAMODB_TABLE_EXECUTIONS_V5": "one-journey-executions-v5",
                  "DYNAMODB_TABLE_EXECUTIONS_V5_DETAIL": "one-journey-executions-v5-detail",
                  "DYNAMODB_TABLE_EXECUTIONS_V5_GSI_CREATED_AT": "one-journey-executions-v5-gsi-createdAt",
                  "DYNAMODB_TABLE_EXECUTIONS_V5_GSI_UPDATED_AT": "one-journey-executions-v5-gsi-updatedAt",
                  "DYNAMODB_TABLE_MUTEX_LOCK": "one-journey-mutex-lock",
                  "DYNAMODB_TABLE_SESSIONS": "one-journey-sessions",
                  "DYNAMODB_TABLE_STT_OPERATIONS": "one-journey-sttOperations",
                  "DYNAMODB_TABLE_SUSCRIPTIONS": "one-journey-suscriptions",
                  "DYNAMODB_TABLE_WEBSOCKETS_MANAGER": "one-journey-websockets-manager",
                  "DYNAMODB_TABLE_WORKFLOWS_BACKUP": "one-journey-workflows-backup",
                  "DYNAMODB_TABLE_WORKFLOW_CONTEXT": "one-journey-workflow-context",
                  "ERROR_LOG": "/aws/one-journey/one-journey-ErrorLogs",
                  "EVENTBRIDGE_MESSAGE_BUS": "one-journey-messages-bus-genai",
                  "HOSTING_BUCKET": "one-journey-hosting-bucket-genai",
                  "KENDRA_S3_ROLE_ARN": "arn:aws:iam::971422687659:role/OneJourneyKendraS3Role",
                  "KEYS_URL": "https://cognito-idp.eu-west-1.amazonaws.com/eu-west-1_M21ToRrBa/.well-known/jwks.json",
                  "MAIN_CONFIGURATION_ID": "@MAIN_CONFIGURATION",
                  "MAX_CHATGPT_RETRY_REQUEST": "5",
                  "ONE_JOURNEY_DATA_BUCKET": "one-journey-data-bucket-genai",
                  "ONE_JOURNEY_FILES_BUCKET": "one-journey-files-bucket-genai",
                  "PROCESS_TRANSCRIPTION_ARN": "arn:aws:lambda:eu-west-1:971422687659:function:one-journey-genai-processTranscription",
                  "REGION": "eu-west-1",
                  "SQS_BATCH_QUEUE_URL": "https://sqs.eu-west-1.amazonaws.com/971422687659/one-journey-batch-queue-genai",
                  "STAGE": "genai",
                  "STORAGE_PROCESS_LAMBDA_ARN": "arn:aws:lambda:eu-west-1:971422687659:function:one-journey-genai-manageFileStorage",
                  "STT_WEBHOOK_ARN": "arn:aws:lambda:eu-west-1:971422687659:function:one-journey-genai-sttWebhook",
                  "TRANSCRIPTIONS_BUCKET": "one-journey-transcriptions-genai",
                  "USER_POOL_CLIENT_ID": "2tonlc0fcbruoestl0c4fuj8ts",
                  "USER_POOL_ID": "eu-west-1_M21ToRrBa",
                  "VERSION": "v1",
                  "WEBSOCKET_API_ENDPOINT": "wss://mu5nzg1mp2.execute-api.eu-west-1.amazonaws.com/genai/"
                }
              }
            ],
            "ephemeral_storage": [
              {
                "size": 512
              }
            ],
            "file_system_config": [],
            "filename": null,
            "function_name": "one-journey-genai-massCreation",
            "handler": "src/api/v1/endpoint/user/massCreation.handler",
            "id": "one-journey-genai-massCreation",
            "image_config": [],
            "image_uri": "",
            "invoke_arn": "arn:aws:apigateway:eu-west-1:lambda:path/2015-03-31/functions/arn:aws:lambda:eu-west-1:971422687659:function:one-journey-genai-massCreation/invocations",
            "kms_key_arn": "",
            "last_modified": "2025-09-29T14:28:37.000+0000",
            "layers": [],
            "logging_config": [
              {
                "application_log_level": "",
                "log_format": "Text",
                "log_group": "/aws/lambda/one-journey-genai-massCreation",
                "system_log_level": ""
              }
            ],
            "memory_size": 1536,
            "package_type": "Zip",
            "publish": null,
            "qualified_arn": "arn:aws:lambda:eu-west-1:971422687659:function:one-journey-genai-massCreation:2",
            "qualified_invoke_arn": "arn:aws:apigateway:eu-west-1:lambda:path/2015-03-31/functions/arn:aws:lambda:eu-west-1:971422687659:function:one-journey-genai-massCreation:2/invocations",
            "replace_security_groups_on_destroy": null,
            "replacement_security_group_ids": null,
            "reserved_concurrent_executions": -1,
            "role": "arn:aws:iam::971422687659:role/one-journey-genai-massCreation-eu-west-1-lambdaRole",
            "runtime": "nodejs20.x",
            "s3_bucket": null,
            "s3_key": null,
            "s3_object_version": null,
            "signing_job_arn": "",
            "signing_profile_version_arn": "",
            "skip_destroy": false,
            "snap_start": [],
            "source_code_hash": "",
            "source_code_size": 15711180,
            "tags": {
              "STAGE": "genai"
            },
            "tags_all": {
              "STAGE": "genai"
            },
            "timeout": 6,
            "timeouts": null,
            "tracing_config": [
              {
                "mode": "PassThrough"
              }
            ],
            "version": "2",
            "vpc_config": []
          },
          "sensitive_attributes": [],
          "identity_schema_version": 0,
          "private": "eyJlMmJmYjczMC1lY2FhLTExZTYtOGY4OC0zNDM2M2JjN2M0YzAiOnsiY3JlYXRlIjo2MDAwMDAwMDAwMDAsImRlbGV0ZSI6NjAwMDAwMDAwMDAwLCJ1cGRhdGUiOjYwMDAwMDAwMDAwMH0sInNjaGVtYV92ZXJzaW9uIjoiMCJ9"
        },
        {
          "index_key": "message_handler",
          "schema_version": 0,
          "attributes": {
            "architectures": [
              "arm64"
            ],
            "arn": "arn:aws:lambda:eu-west-1:971422687659:function:one-journey-genai-messageHandler",
            "code_sha256": "Qq3yTTPfKQC7qOHiGAtzdM8zzsK8GXZ0Gi/pdIsMcl4=",
            "code_signing_config_arn": "",
            "dead_letter_config": [],
            "description": "",
            "environment": [
              {
                "variables": {
                  "ACCOUNT_ID": "971422687659",
                  "API_ENDPOINT": "https://d5tcv80br4.execute-api.eu-west-1.amazonaws.com/genai/",
                  "AUDIOS_BUCKET": "one-journey-audiorecord-genai",
                  "CDN_ENDPOINT": "https://d7cnvwmb0wtsp.cloudfront.net/",
                  "COGNITO_USER_POOL": "eu-west-1_M21ToRrBa",
                  "COGNITO_USER_POOL_CLIENT": "2tonlc0fcbruoestl0c4fuj8ts",
                  "CORE_GDS_EVENT_ARN": "arn:aws:lambda:eu-west-1:971422687659:function:one-journey-genai-coreGDSEvent",
                  "CORE_S3_EVENT_ARN": "arn:aws:lambda:eu-west-1:971422687659:function:one-journey-genai-coreS3Event",
                  "CORS_ORIGIN": "*",
                  "DEBUG_LOG": "/aws/one-journey/one-journey-DebugLogs",
                  "DOMAIN_SUFFIX": "one-journey",
                  "DYNAMODB_TABLE_CHANNEL_MESSAGES": "one-journey-channel-messages",
                  "DYNAMODB_TABLE_COMMON_OBJECTS": "one-journey-common-objects",
                  "DYNAMODB_TABLE_COST": "one-journey-cost",
                  "DYNAMODB_TABLE_COUNTERS_STORAGE_CHANNEL": "one-journey-counters-storage-channel",
                  "DYNAMODB_TABLE_EXECUTIONS": "one-journey-executions",
                  "DYNAMODB_TABLE_EXECUTIONS_V5": "one-journey-executions-v5",
                  "DYNAMODB_TABLE_EXECUTIONS_V5_DETAIL": "one-journey-executions-v5-detail",
                  "DYNAMODB_TABLE_EXECUTIONS_V5_GSI_CREATED_AT": "one-journey-executions-v5-gsi-createdAt",
                  "DYNAMODB_TABLE_EXECUTIONS_V5_GSI_UPDATED_AT": "one-journey-executions-v5-gsi-updatedAt",
                  "DYNAMODB_TABLE_MUTEX_LOCK": "one-journey-mutex-lock",
                  "DYNAMODB_TABLE_SESSIONS": "one-journey-sessions",
                  "DYNAMODB_TABLE_STT_OPERATIONS": "one-journey-sttOperations",
                  "DYNAMODB_TABLE_SUSCRIPTIONS": "one-journey-suscriptions",
                  "DYNAMODB_TABLE_WEBSOCKETS_MANAGER": "one-journey-websockets-manager",
                  "DYNAMODB_TABLE_WORKFLOWS_BACKUP": "one-journey-workflows-backup",
                  "DYNAMODB_TABLE_WORKFLOW_CONTEXT": "one-journey-workflow-context",
                  "ERROR_LOG": "/aws/one-journey/one-journey-ErrorLogs",
                  "EVENTBRIDGE_MESSAGE_BUS": "one-journey-messages-bus-genai",
                  "HOSTING_BUCKET": "one-journey-hosting-bucket-genai",
                  "KENDRA_S3_ROLE_ARN": "arn:aws:iam::971422687659:role/OneJourneyKendraS3Role",
                  "KEYS_URL": "https://cognito-idp.eu-west-1.amazonaws.com/eu-west-1_M21ToRrBa/.well-known/jwks.json",
                  "MAIN_CONFIGURATION_ID": "@MAIN_CONFIGURATION",
                  "MAX_CHATGPT_RETRY_REQUEST": "5",
                  "ONE_JOURNEY_DATA_BUCKET": "one-journey-data-bucket-genai",
                  "ONE_JOURNEY_FILES_BUCKET": "one-journey-files-bucket-genai",
                  "PROCESS_TRANSCRIPTION_ARN": "arn:aws:lambda:eu-west-1:971422687659:function:one-journey-genai-processTranscription",
                  "REGION": "eu-west-1",
                  "SQS_BATCH_QUEUE_URL": "https://sqs.eu-west-1.amazonaws.com/971422687659/one-journey-batch-queue-genai",
                  "STAGE": "genai",
                  "STORAGE_PROCESS_LAMBDA_ARN": "arn:aws:lambda:eu-west-1:971422687659:function:one-journey-genai-manageFileStorage",
                  "STT_WEBHOOK_ARN": "arn:aws:lambda:eu-west-1:971422687659:function:one-journey-genai-sttWebhook",
                  "TRANSCRIPTIONS_BUCKET": "one-journey-transcriptions-genai",
                  "USER_POOL_CLIENT_ID": "2tonlc0fcbruoestl0c4fuj8ts",
                  "USER_POOL_ID": "eu-west-1_M21ToRrBa",
                  "VERSION": "v1",
                  "WEBSOCKET_API_ENDPOINT": "wss://mu5nzg1mp2.execute-api.eu-west-1.amazonaws.com/genai/"
                }
              }
            ],
            "ephemeral_storage": [
              {
                "size": 512
              }
            ],
            "file_system_config": [],
            "filename": null,
            "function_name": "one-journey-genai-messageHandler",
            "handler": "src/api/v1/websocket.messageHandler",
            "id": "one-journey-genai-messageHandler",
            "image_config": [],
            "image_uri": "",
            "invoke_arn": "arn:aws:apigateway:eu-west-1:lambda:path/2015-03-31/functions/arn:aws:lambda:eu-west-1:971422687659:function:one-journey-genai-messageHandler/invocations",
            "kms_key_arn": "",
            "last_modified": "2025-09-29T14:28:36.000+0000",
            "layers": [],
            "logging_config": [
              {
                "application_log_level": "",
                "log_format": "Text",
                "log_group": "/aws/lambda/one-journey-genai-messageHandler",
                "system_log_level": ""
              }
            ],
            "memory_size": 1536,
            "package_type": "Zip",
            "publish": null,
            "qualified_arn": "arn:aws:lambda:eu-west-1:971422687659:function:one-journey-genai-messageHandler:30",
            "qualified_invoke_arn": "arn:aws:apigateway:eu-west-1:lambda:path/2015-03-31/functions/arn:aws:lambda:eu-west-1:971422687659:function:one-journey-genai-messageHandler:30/invocations",
            "replace_security_groups_on_destroy": null,
            "replacement_security_group_ids": null,
            "reserved_concurrent_executions": -1,
            "role": "arn:aws:iam::971422687659:role/one-journey-genai-messageHandler-eu-west-1-lambdaRole",
            "runtime": "nodejs20.x",
            "s3_bucket": null,
            "s3_key": null,
            "s3_object_version": null,
            "signing_job_arn": "",
            "signing_profile_version_arn": "",
            "skip_destroy": false,
            "snap_start": [],
            "source_code_hash": "",
            "source_code_size": 15828214,
            "tags": {
              "STAGE": "genai"
            },
            "tags_all": {
              "STAGE": "genai"
            },
            "timeout": 6,
            "timeouts": null,
            "tracing_config": [
              {
                "mode": "PassThrough"
              }
            ],
            "version": "30",
            "vpc_config": []
          },
          "sensitive_attributes": [],
          "identity_schema_version": 0,
          "private": "eyJlMmJmYjczMC1lY2FhLTExZTYtOGY4OC0zNDM2M2JjN2M0YzAiOnsiY3JlYXRlIjo2MDAwMDAwMDAwMDAsImRlbGV0ZSI6NjAwMDAwMDAwMDAwLCJ1cGRhdGUiOjYwMDAwMDAwMDAwMH0sInNjaGVtYV92ZXJzaW9uIjoiMCJ9"
        },
        {
          "index_key": "meta_node",
          "schema_version": 0,
          "attributes": {
            "architectures": [
              "arm64"
            ],
            "arn": "arn:aws:lambda:eu-west-1:971422687659:function:one-journey-genai-metaNode",
            "code_sha256": "uU6LmqJo8qaTYXG5bmVZOJG42rCM/bZSqEAoPzNRyX8=",
            "code_signing_config_arn": "",
            "dead_letter_config": [],
            "description": "",
            "environment": [
              {
                "variables": {
                  "ACCOUNT_ID": "971422687659",
                  "API_ENDPOINT": "https://d5tcv80br4.execute-api.eu-west-1.amazonaws.com/genai/",
                  "AUDIOS_BUCKET": "one-journey-audiorecord-genai",
                  "CDN_ENDPOINT": "https://d7cnvwmb0wtsp.cloudfront.net/",
                  "COGNITO_USER_POOL": "eu-west-1_M21ToRrBa",
                  "COGNITO_USER_POOL_CLIENT": "2tonlc0fcbruoestl0c4fuj8ts",
                  "CORE_GDS_EVENT_ARN": "arn:aws:lambda:eu-west-1:971422687659:function:one-journey-genai-coreGDSEvent",
                  "CORE_S3_EVENT_ARN": "arn:aws:lambda:eu-west-1:971422687659:function:one-journey-genai-coreS3Event",
                  "CORS_ORIGIN": "*",
                  "DEBUG_LOG": "/aws/one-journey/one-journey-DebugLogs",
                  "DOMAIN_SUFFIX": "one-journey",
                  "DYNAMODB_TABLE_CHANNEL_MESSAGES": "one-journey-channel-messages",
                  "DYNAMODB_TABLE_COMMON_OBJECTS": "one-journey-common-objects",
                  "DYNAMODB_TABLE_COST": "one-journey-cost",
                  "DYNAMODB_TABLE_COUNTERS_STORAGE_CHANNEL": "one-journey-counters-storage-channel",
                  "DYNAMODB_TABLE_EXECUTIONS": "one-journey-executions",
                  "DYNAMODB_TABLE_EXECUTIONS_V5": "one-journey-executions-v5",
                  "DYNAMODB_TABLE_EXECUTIONS_V5_DETAIL": "one-journey-executions-v5-detail",
                  "DYNAMODB_TABLE_EXECUTIONS_V5_GSI_CREATED_AT": "one-journey-executions-v5-gsi-createdAt",
                  "DYNAMODB_TABLE_EXECUTIONS_V5_GSI_UPDATED_AT": "one-journey-executions-v5-gsi-updatedAt",
                  "DYNAMODB_TABLE_MUTEX_LOCK": "one-journey-mutex-lock",
                  "DYNAMODB_TABLE_SESSIONS": "one-journey-sessions",
                  "DYNAMODB_TABLE_STT_OPERATIONS": "one-journey-sttOperations",
                  "DYNAMODB_TABLE_SUSCRIPTIONS": "one-journey-suscriptions",
                  "DYNAMODB_TABLE_WEBSOCKETS_MANAGER": "one-journey-websockets-manager",
                  "DYNAMODB_TABLE_WORKFLOWS_BACKUP": "one-journey-workflows-backup",
                  "DYNAMODB_TABLE_WORKFLOW_CONTEXT": "one-journey-workflow-context",
                  "ERROR_LOG": "/aws/one-journey/one-journey-ErrorLogs",
                  "EVENTBRIDGE_MESSAGE_BUS": "one-journey-messages-bus-genai",
                  "HOSTING_BUCKET": "one-journey-hosting-bucket-genai",
                  "KENDRA_S3_ROLE_ARN": "arn:aws:iam::971422687659:role/OneJourneyKendraS3Role",
                  "KEYS_URL": "https://cognito-idp.eu-west-1.amazonaws.com/eu-west-1_M21ToRrBa/.well-known/jwks.json",
                  "MAIN_CONFIGURATION_ID": "@MAIN_CONFIGURATION",
                  "MAX_CHATGPT_RETRY_REQUEST": "5",
                  "ONE_JOURNEY_DATA_BUCKET": "one-journey-data-bucket-genai",
                  "ONE_JOURNEY_FILES_BUCKET": "one-journey-files-bucket-genai",
                  "PROCESS_TRANSCRIPTION_ARN": "arn:aws:lambda:eu-west-1:971422687659:function:one-journey-genai-processTranscription",
                  "REGION": "eu-west-1",
                  "SQS_BATCH_QUEUE_URL": "https://sqs.eu-west-1.amazonaws.com/971422687659/one-journey-batch-queue-genai",
                  "STAGE": "genai",
                  "STORAGE_PROCESS_LAMBDA_ARN": "arn:aws:lambda:eu-west-1:971422687659:function:one-journey-genai-manageFileStorage",
                  "STT_WEBHOOK_ARN": "arn:aws:lambda:eu-west-1:971422687659:function:one-journey-genai-sttWebhook",
                  "TRANSCRIPTIONS_BUCKET": "one-journey-transcriptions-genai",
                  "USER_POOL_CLIENT_ID": "2tonlc0fcbruoestl0c4fuj8ts",
                  "USER_POOL_ID": "eu-west-1_M21ToRrBa",
                  "VERSION": "v1",
                  "WEBSOCKET_API_ENDPOINT": "wss://mu5nzg1mp2.execute-api.eu-west-1.amazonaws.com/genai/"
                }
              }
            ],
            "ephemeral_storage": [
              {
                "size": 512
              }
            ],
            "file_system_config": [],
            "filename": null,
            "function_name": "one-journey-genai-metaNode",
            "handler": "./src/api/v1/node/meta/event.handler",
            "id": "one-journey-genai-metaNode",
            "image_config": [],
            "image_uri": "",
            "invoke_arn": "arn:aws:apigateway:eu-west-1:lambda:path/2015-03-31/functions/arn:aws:lambda:eu-west-1:971422687659:function:one-journey-genai-metaNode/invocations",
            "kms_key_arn": "",
            "last_modified": "2025-09-29T14:28:28.000+0000",
            "layers": [],
            "logging_config": [
              {
                "application_log_level": "",
                "log_format": "Text",
                "log_group": "/aws/lambda/one-journey-genai-metaNode",
                "system_log_level": ""
              }
            ],
            "memory_size": 1536,
            "package_type": "Zip",
            "publish": null,
            "qualified_arn": "arn:aws:lambda:eu-west-1:971422687659:function:one-journey-genai-metaNode:30",
            "qualified_invoke_arn": "arn:aws:apigateway:eu-west-1:lambda:path/2015-03-31/functions/arn:aws:lambda:eu-west-1:971422687659:function:one-journey-genai-metaNode:30/invocations",
            "replace_security_groups_on_destroy": null,
            "replacement_security_group_ids": null,
            "reserved_concurrent_executions": -1,
            "role": "arn:aws:iam::971422687659:role/one-journey-genai-metaNode-eu-west-1-lambdaRole",
            "runtime": "nodejs20.x",
            "s3_bucket": null,
            "s3_key": null,
            "s3_object_version": null,
            "signing_job_arn": "",
            "signing_profile_version_arn": "",
            "skip_destroy": false,
            "snap_start": [],
            "source_code_hash": "",
            "source_code_size": 16786970,
            "tags": {
              "STAGE": "genai"
            },
            "tags_all": {
              "STAGE": "genai"
            },
            "timeout": 60,
            "timeouts": null,
            "tracing_config": [
              {
                "mode": "PassThrough"
              }
            ],
            "version": "30",
            "vpc_config": []
          },
          "sensitive_attributes": [],
          "identity_schema_version": 0,
          "private": "eyJlMmJmYjczMC1lY2FhLTExZTYtOGY4OC0zNDM2M2JjN2M0YzAiOnsiY3JlYXRlIjo2MDAwMDAwMDAwMDAsImRlbGV0ZSI6NjAwMDAwMDAwMDAwLCJ1cGRhdGUiOjYwMDAwMDAwMDAwMH0sInNjaGVtYV92ZXJzaW9uIjoiMCJ9"
        },
        {
          "index_key": "open_messaging_webhook",
          "schema_version": 0,
          "attributes": {
            "architectures": [
              "arm64"
            ],
            "arn": "arn:aws:lambda:eu-west-1:971422687659:function:one-journey-genai-openMessagingWebhook",
            "code_sha256": "yrk2sWTyBr0peOhfe+ck7P6DVu3IpvIATGuMZgv3iaA=",
            "code_signing_config_arn": "",
            "dead_letter_config": [],
            "description": "",
            "environment": [
              {
                "variables": {
                  "ACCOUNT_ID": "971422687659",
                  "API_ENDPOINT": "https://d5tcv80br4.execute-api.eu-west-1.amazonaws.com/genai/",
                  "AUDIOS_BUCKET": "one-journey-audiorecord-genai",
                  "CDN_ENDPOINT": "https://d7cnvwmb0wtsp.cloudfront.net/",
                  "COGNITO_USER_POOL": "eu-west-1_M21ToRrBa",
                  "COGNITO_USER_POOL_CLIENT": "2tonlc0fcbruoestl0c4fuj8ts",
                  "CORE_GDS_EVENT_ARN": "arn:aws:lambda:eu-west-1:971422687659:function:one-journey-genai-coreGDSEvent",
                  "CORE_S3_EVENT_ARN": "arn:aws:lambda:eu-west-1:971422687659:function:one-journey-genai-coreS3Event",
                  "CORS_ORIGIN": "*",
                  "DEBUG_LOG": "/aws/one-journey/one-journey-DebugLogs",
                  "DOMAIN_SUFFIX": "one-journey",
                  "DYNAMODB_TABLE_CHANNEL_MESSAGES": "one-journey-channel-messages",
                  "DYNAMODB_TABLE_COMMON_OBJECTS": "one-journey-common-objects",
                  "DYNAMODB_TABLE_COST": "one-journey-cost",
                  "DYNAMODB_TABLE_COUNTERS_STORAGE_CHANNEL": "one-journey-counters-storage-channel",
                  "DYNAMODB_TABLE_EXECUTIONS": "one-journey-executions",
                  "DYNAMODB_TABLE_EXECUTIONS_V5": "one-journey-executions-v5",
                  "DYNAMODB_TABLE_EXECUTIONS_V5_DETAIL": "one-journey-executions-v5-detail",
                  "DYNAMODB_TABLE_EXECUTIONS_V5_GSI_CREATED_AT": "one-journey-executions-v5-gsi-createdAt",
                  "DYNAMODB_TABLE_EXECUTIONS_V5_GSI_UPDATED_AT": "one-journey-executions-v5-gsi-updatedAt",
                  "DYNAMODB_TABLE_MUTEX_LOCK": "one-journey-mutex-lock",
                  "DYNAMODB_TABLE_SESSIONS": "one-journey-sessions",
                  "DYNAMODB_TABLE_STT_OPERATIONS": "one-journey-sttOperations",
                  "DYNAMODB_TABLE_SUSCRIPTIONS": "one-journey-suscriptions",
                  "DYNAMODB_TABLE_WEBSOCKETS_MANAGER": "one-journey-websockets-manager",
                  "DYNAMODB_TABLE_WORKFLOWS_BACKUP": "one-journey-workflows-backup",
                  "DYNAMODB_TABLE_WORKFLOW_CONTEXT": "one-journey-workflow-context",
                  "ERROR_LOG": "/aws/one-journey/one-journey-ErrorLogs",
                  "EVENTBRIDGE_MESSAGE_BUS": "one-journey-messages-bus-genai",
                  "HOSTING_BUCKET": "one-journey-hosting-bucket-genai",
                  "KENDRA_S3_ROLE_ARN": "arn:aws:iam::971422687659:role/OneJourneyKendraS3Role",
                  "KEYS_URL": "https://cognito-idp.eu-west-1.amazonaws.com/eu-west-1_M21ToRrBa/.well-known/jwks.json",
                  "MAIN_CONFIGURATION_ID": "@MAIN_CONFIGURATION",
                  "MAX_CHATGPT_RETRY_REQUEST": "5",
                  "ONE_JOURNEY_DATA_BUCKET": "one-journey-data-bucket-genai",
                  "ONE_JOURNEY_FILES_BUCKET": "one-journey-files-bucket-genai",
                  "PROCESS_TRANSCRIPTION_ARN": "arn:aws:lambda:eu-west-1:971422687659:function:one-journey-genai-processTranscription",
                  "REGION": "eu-west-1",
                  "SQS_BATCH_QUEUE_URL": "https://sqs.eu-west-1.amazonaws.com/971422687659/one-journey-batch-queue-genai",
                  "STAGE": "genai",
                  "STORAGE_PROCESS_LAMBDA_ARN": "arn:aws:lambda:eu-west-1:971422687659:function:one-journey-genai-manageFileStorage",
                  "STT_WEBHOOK_ARN": "arn:aws:lambda:eu-west-1:971422687659:function:one-journey-genai-sttWebhook",
                  "TRANSCRIPTIONS_BUCKET": "one-journey-transcriptions-genai",
                  "USER_POOL_CLIENT_ID": "2tonlc0fcbruoestl0c4fuj8ts",
                  "USER_POOL_ID": "eu-west-1_M21ToRrBa",
                  "VERSION": "v1",
                  "WEBSOCKET_API_ENDPOINT": "wss://mu5nzg1mp2.execute-api.eu-west-1.amazonaws.com/genai/"
                }
              }
            ],
            "ephemeral_storage": [
              {
                "size": 512
              }
            ],
            "file_system_config": [],
            "filename": null,
            "function_name": "one-journey-genai-openMessagingWebhook",
            "handler": "src/api/v1/channel/open-messaging/webhook.handler",
            "id": "one-journey-genai-openMessagingWebhook",
            "image_config": [],
            "image_uri": "",
            "invoke_arn": "arn:aws:apigateway:eu-west-1:lambda:path/2015-03-31/functions/arn:aws:lambda:eu-west-1:971422687659:function:one-journey-genai-openMessagingWebhook/invocations",
            "kms_key_arn": "",
            "last_modified": "2025-09-29T14:28:29.000+0000",
            "layers": [
              "arn:aws:lambda:eu-west-1:971422687659:layer:genAILibs:16",
              "arn:aws:lambda:eu-west-1:971422687659:layer:googleStorage:11"
            ],
            "logging_config": [
              {
                "application_log_level": "",
                "log_format": "Text",
                "log_group": "/aws/lambda/one-journey-genai-openMessagingWebhook",
                "system_log_level": ""
              }
            ],
            "memory_size": 1536,
            "package_type": "Zip",
            "publish": null,
            "qualified_arn": "arn:aws:lambda:eu-west-1:971422687659:function:one-journey-genai-openMessagingWebhook:36",
            "qualified_invoke_arn": "arn:aws:apigateway:eu-west-1:lambda:path/2015-03-31/functions/arn:aws:lambda:eu-west-1:971422687659:function:one-journey-genai-openMessagingWebhook:36/invocations",
            "replace_security_groups_on_destroy": null,
            "replacement_security_group_ids": null,
            "reserved_concurrent_executions": -1,
            "role": "arn:aws:iam::971422687659:role/one-journey-genai-openMessagingWebhook-eu-west-1-lambdaRole",
            "runtime": "nodejs20.x",
            "s3_bucket": null,
            "s3_key": null,
            "s3_object_version": null,
            "signing_job_arn": "",
            "signing_profile_version_arn": "",
            "skip_destroy": false,
            "snap_start": [],
            "source_code_hash": "",
            "source_code_size": 21113972,
            "tags": {
              "STAGE": "genai"
            },
            "tags_all": {
              "STAGE": "genai"
            },
            "timeout": 6,
            "timeouts": null,
            "tracing_config": [
              {
                "mode": "PassThrough"
              }
            ],
            "version": "36",
            "vpc_config": []
          },
          "sensitive_attributes": [],
          "identity_schema_version": 0,
          "private": "eyJlMmJmYjczMC1lY2FhLTExZTYtOGY4OC0zNDM2M2JjN2M0YzAiOnsiY3JlYXRlIjo2MDAwMDAwMDAwMDAsImRlbGV0ZSI6NjAwMDAwMDAwMDAwLCJ1cGRhdGUiOjYwMDAwMDAwMDAwMH0sInNjaGVtYV92ZXJzaW9uIjoiMCJ9"
        },
        {
          "index_key": "option_gateway",
          "schema_version": 0,
          "attributes": {
            "architectures": [
              "arm64"
            ],
            "arn": "arn:aws:lambda:eu-west-1:971422687659:function:one-journey-genai-optionGateway",
            "code_sha256": "VSBSp5Ay5ZRZFb92Zy/3iLz2lgtMZgwoWblK2I5bmbE=",
            "code_signing_config_arn": "",
            "dead_letter_config": [],
            "description": "",
            "environment": [
              {
                "variables": {
                  "ACCOUNT_ID": "971422687659",
                  "API_ENDPOINT": "https://d5tcv80br4.execute-api.eu-west-1.amazonaws.com/genai/",
                  "AUDIOS_BUCKET": "one-journey-audiorecord-genai",
                  "CDN_ENDPOINT": "https://d7cnvwmb0wtsp.cloudfront.net/",
                  "COGNITO_USER_POOL": "eu-west-1_M21ToRrBa",
                  "COGNITO_USER_POOL_CLIENT": "2tonlc0fcbruoestl0c4fuj8ts",
                  "CORE_GDS_EVENT_ARN": "arn:aws:lambda:eu-west-1:971422687659:function:one-journey-genai-coreGDSEvent",
                  "CORE_S3_EVENT_ARN": "arn:aws:lambda:eu-west-1:971422687659:function:one-journey-genai-coreS3Event",
                  "CORS_ORIGIN": "*",
                  "DEBUG_LOG": "/aws/one-journey/one-journey-DebugLogs",
                  "DOMAIN_SUFFIX": "one-journey",
                  "DYNAMODB_TABLE_CHANNEL_MESSAGES": "one-journey-channel-messages",
                  "DYNAMODB_TABLE_COMMON_OBJECTS": "one-journey-common-objects",
                  "DYNAMODB_TABLE_COST": "one-journey-cost",
                  "DYNAMODB_TABLE_COUNTERS_STORAGE_CHANNEL": "one-journey-counters-storage-channel",
                  "DYNAMODB_TABLE_EXECUTIONS": "one-journey-executions",
                  "DYNAMODB_TABLE_EXECUTIONS_V5": "one-journey-executions-v5",
                  "DYNAMODB_TABLE_EXECUTIONS_V5_DETAIL": "one-journey-executions-v5-detail",
                  "DYNAMODB_TABLE_EXECUTIONS_V5_GSI_CREATED_AT": "one-journey-executions-v5-gsi-createdAt",
                  "DYNAMODB_TABLE_EXECUTIONS_V5_GSI_UPDATED_AT": "one-journey-executions-v5-gsi-updatedAt",
                  "DYNAMODB_TABLE_MUTEX_LOCK": "one-journey-mutex-lock",
                  "DYNAMODB_TABLE_SESSIONS": "one-journey-sessions",
                  "DYNAMODB_TABLE_STT_OPERATIONS": "one-journey-sttOperations",
                  "DYNAMODB_TABLE_SUSCRIPTIONS": "one-journey-suscriptions",
                  "DYNAMODB_TABLE_WEBSOCKETS_MANAGER": "one-journey-websockets-manager",
                  "DYNAMODB_TABLE_WORKFLOWS_BACKUP": "one-journey-workflows-backup",
                  "DYNAMODB_TABLE_WORKFLOW_CONTEXT": "one-journey-workflow-context",
                  "ERROR_LOG": "/aws/one-journey/one-journey-ErrorLogs",
                  "EVENTBRIDGE_MESSAGE_BUS": "one-journey-messages-bus-genai",
                  "HOSTING_BUCKET": "one-journey-hosting-bucket-genai",
                  "KENDRA_S3_ROLE_ARN": "arn:aws:iam::971422687659:role/OneJourneyKendraS3Role",
                  "KEYS_URL": "https://cognito-idp.eu-west-1.amazonaws.com/eu-west-1_M21ToRrBa/.well-known/jwks.json",
                  "MAIN_CONFIGURATION_ID": "@MAIN_CONFIGURATION",
                  "MAX_CHATGPT_RETRY_REQUEST": "5",
                  "ONE_JOURNEY_DATA_BUCKET": "one-journey-data-bucket-genai",
                  "ONE_JOURNEY_FILES_BUCKET": "one-journey-files-bucket-genai",
                  "PROCESS_TRANSCRIPTION_ARN": "arn:aws:lambda:eu-west-1:971422687659:function:one-journey-genai-processTranscription",
                  "REGION": "eu-west-1",
                  "SQS_BATCH_QUEUE_URL": "https://sqs.eu-west-1.amazonaws.com/971422687659/one-journey-batch-queue-genai",
                  "STAGE": "genai",
                  "STORAGE_PROCESS_LAMBDA_ARN": "arn:aws:lambda:eu-west-1:971422687659:function:one-journey-genai-manageFileStorage",
                  "STT_WEBHOOK_ARN": "arn:aws:lambda:eu-west-1:971422687659:function:one-journey-genai-sttWebhook",
                  "TRANSCRIPTIONS_BUCKET": "one-journey-transcriptions-genai",
                  "USER_POOL_CLIENT_ID": "2tonlc0fcbruoestl0c4fuj8ts",
                  "USER_POOL_ID": "eu-west-1_M21ToRrBa",
                  "VERSION": "v1",
                  "WEBSOCKET_API_ENDPOINT": "wss://mu5nzg1mp2.execute-api.eu-west-1.amazonaws.com/genai/"
                }
              }
            ],
            "ephemeral_storage": [
              {
                "size": 512
              }
            ],
            "file_system_config": [],
            "filename": null,
            "function_name": "one-journey-genai-optionGateway",
            "handler": "src/api/v1/endpoint/option/gateway.handler",
            "id": "one-journey-genai-optionGateway",
            "image_config": [],
            "image_uri": "",
            "invoke_arn": "arn:aws:apigateway:eu-west-1:lambda:path/2015-03-31/functions/arn:aws:lambda:eu-west-1:971422687659:function:one-journey-genai-optionGateway/invocations",
            "kms_key_arn": "",
            "last_modified": "2025-09-29T14:28:34.000+0000",
            "layers": [],
            "logging_config": [
              {
                "application_log_level": "",
                "log_format": "Text",
                "log_group": "/aws/lambda/one-journey-genai-optionGateway",
                "system_log_level": ""
              }
            ],
            "memory_size": 1536,
            "package_type": "Zip",
            "publish": null,
            "qualified_arn": "arn:aws:lambda:eu-west-1:971422687659:function:one-journey-genai-optionGateway:30",
            "qualified_invoke_arn": "arn:aws:apigateway:eu-west-1:lambda:path/2015-03-31/functions/arn:aws:lambda:eu-west-1:971422687659:function:one-journey-genai-optionGateway:30/invocations",
            "replace_security_groups_on_destroy": null,
            "replacement_security_group_ids": null,
            "reserved_concurrent_executions": -1,
            "role": "arn:aws:iam::971422687659:role/one-journey-genai-optionGateway-eu-west-1-lambdaRole",
            "runtime": "nodejs20.x",
            "s3_bucket": null,
            "s3_key": null,
            "s3_object_version": null,
            "signing_job_arn": "",
            "signing_profile_version_arn": "",
            "skip_destroy": false,
            "snap_start": [],
            "source_code_hash": "",
            "source_code_size": 15728808,
            "tags": {
              "STAGE": "genai"
            },
            "tags_all": {
              "STAGE": "genai"
            },
            "timeout": 6,
            "timeouts": null,
            "tracing_config": [
              {
                "mode": "PassThrough"
              }
            ],
            "version": "30",
            "vpc_config": []
          },
          "sensitive_attributes": [],
          "identity_schema_version": 0,
          "private": "eyJlMmJmYjczMC1lY2FhLTExZTYtOGY4OC0zNDM2M2JjN2M0YzAiOnsiY3JlYXRlIjo2MDAwMDAwMDAwMDAsImRlbGV0ZSI6NjAwMDAwMDAwMDAwLCJ1cGRhdGUiOjYwMDAwMDAwMDAwMH0sInNjaGVtYV92ZXJzaW9uIjoiMCJ9"
        },
        {
          "index_key": "pipeline_node",
          "schema_version": 0,
          "attributes": {
            "architectures": [
              "arm64"
            ],
            "arn": "arn:aws:lambda:eu-west-1:971422687659:function:one-journey-genai-pipelineNode",
            "code_sha256": "Q6jfnTsslOmslxNpsmS8Ke0G4nFqOfzSnLhN21g6EAQ=",
            "code_signing_config_arn": "",
            "dead_letter_config": [],
            "description": "",
            "environment": [
              {
                "variables": {
                  "ACCOUNT_ID": "971422687659",
                  "API_ENDPOINT": "https://d5tcv80br4.execute-api.eu-west-1.amazonaws.com/genai/",
                  "AUDIOS_BUCKET": "one-journey-audiorecord-genai",
                  "CDN_ENDPOINT": "https://d7cnvwmb0wtsp.cloudfront.net/",
                  "COGNITO_USER_POOL": "eu-west-1_M21ToRrBa",
                  "COGNITO_USER_POOL_CLIENT": "2tonlc0fcbruoestl0c4fuj8ts",
                  "CORE_GDS_EVENT_ARN": "arn:aws:lambda:eu-west-1:971422687659:function:one-journey-genai-coreGDSEvent",
                  "CORE_S3_EVENT_ARN": "arn:aws:lambda:eu-west-1:971422687659:function:one-journey-genai-coreS3Event",
                  "CORS_ORIGIN": "*",
                  "DEBUG_LOG": "/aws/one-journey/one-journey-DebugLogs",
                  "DOMAIN_SUFFIX": "one-journey",
                  "DYNAMODB_TABLE_CHANNEL_MESSAGES": "one-journey-channel-messages",
                  "DYNAMODB_TABLE_COMMON_OBJECTS": "one-journey-common-objects",
                  "DYNAMODB_TABLE_COST": "one-journey-cost",
                  "DYNAMODB_TABLE_COUNTERS_STORAGE_CHANNEL": "one-journey-counters-storage-channel",
                  "DYNAMODB_TABLE_EXECUTIONS": "one-journey-executions",
                  "DYNAMODB_TABLE_EXECUTIONS_V5": "one-journey-executions-v5",
                  "DYNAMODB_TABLE_EXECUTIONS_V5_DETAIL": "one-journey-executions-v5-detail",
                  "DYNAMODB_TABLE_EXECUTIONS_V5_GSI_CREATED_AT": "one-journey-executions-v5-gsi-createdAt",
                  "DYNAMODB_TABLE_EXECUTIONS_V5_GSI_UPDATED_AT": "one-journey-executions-v5-gsi-updatedAt",
                  "DYNAMODB_TABLE_MUTEX_LOCK": "one-journey-mutex-lock",
                  "DYNAMODB_TABLE_SESSIONS": "one-journey-sessions",
                  "DYNAMODB_TABLE_STT_OPERATIONS": "one-journey-sttOperations",
                  "DYNAMODB_TABLE_SUSCRIPTIONS": "one-journey-suscriptions",
                  "DYNAMODB_TABLE_WEBSOCKETS_MANAGER": "one-journey-websockets-manager",
                  "DYNAMODB_TABLE_WORKFLOWS_BACKUP": "one-journey-workflows-backup",
                  "DYNAMODB_TABLE_WORKFLOW_CONTEXT": "one-journey-workflow-context",
                  "ERROR_LOG": "/aws/one-journey/one-journey-ErrorLogs",
                  "EVENTBRIDGE_MESSAGE_BUS": "one-journey-messages-bus-genai",
                  "HOSTING_BUCKET": "one-journey-hosting-bucket-genai",
                  "KENDRA_S3_ROLE_ARN": "arn:aws:iam::971422687659:role/OneJourneyKendraS3Role",
                  "KEYS_URL": "https://cognito-idp.eu-west-1.amazonaws.com/eu-west-1_M21ToRrBa/.well-known/jwks.json",
                  "MAIN_CONFIGURATION_ID": "@MAIN_CONFIGURATION",
                  "MAX_CHATGPT_RETRY_REQUEST": "5",
                  "ONE_JOURNEY_DATA_BUCKET": "one-journey-data-bucket-genai",
                  "ONE_JOURNEY_FILES_BUCKET": "one-journey-files-bucket-genai",
                  "PROCESS_TRANSCRIPTION_ARN": "arn:aws:lambda:eu-west-1:971422687659:function:one-journey-genai-processTranscription",
                  "REGION": "eu-west-1",
                  "SQS_BATCH_QUEUE_URL": "https://sqs.eu-west-1.amazonaws.com/971422687659/one-journey-batch-queue-genai",
                  "STAGE": "genai",
                  "STORAGE_PROCESS_LAMBDA_ARN": "arn:aws:lambda:eu-west-1:971422687659:function:one-journey-genai-manageFileStorage",
                  "STT_WEBHOOK_ARN": "arn:aws:lambda:eu-west-1:971422687659:function:one-journey-genai-sttWebhook",
                  "TRANSCRIPTIONS_BUCKET": "one-journey-transcriptions-genai",
                  "USER_POOL_CLIENT_ID": "2tonlc0fcbruoestl0c4fuj8ts",
                  "USER_POOL_ID": "eu-west-1_M21ToRrBa",
                  "VERSION": "v1",
                  "WEBSOCKET_API_ENDPOINT": "wss://mu5nzg1mp2.execute-api.eu-west-1.amazonaws.com/genai/"
                }
              }
            ],
            "ephemeral_storage": [
              {
                "size": 512
              }
            ],
            "file_system_config": [],
            "filename": null,
            "function_name": "one-journey-genai-pipelineNode",
            "handler": "./src/api/v1/node/pipeline/event.handler",
            "id": "one-journey-genai-pipelineNode",
            "image_config": [],
            "image_uri": "",
            "invoke_arn": "arn:aws:apigateway:eu-west-1:lambda:path/2015-03-31/functions/arn:aws:lambda:eu-west-1:971422687659:function:one-journey-genai-pipelineNode/invocations",
            "kms_key_arn": "",
            "last_modified": "2025-09-29T14:28:39.000+0000",
            "layers": [],
            "logging_config": [
              {
                "application_log_level": "",
                "log_format": "Text",
                "log_group": "/aws/lambda/one-journey-genai-pipelineNode",
                "system_log_level": ""
              }
            ],
            "memory_size": 1536,
            "package_type": "Zip",
            "publish": null,
            "qualified_arn": "arn:aws:lambda:eu-west-1:971422687659:function:one-journey-genai-pipelineNode:10",
            "qualified_invoke_arn": "arn:aws:apigateway:eu-west-1:lambda:path/2015-03-31/functions/arn:aws:lambda:eu-west-1:971422687659:function:one-journey-genai-pipelineNode:10/invocations",
            "replace_security_groups_on_destroy": null,
            "replacement_security_group_ids": null,
            "reserved_concurrent_executions": -1,
            "role": "arn:aws:iam::971422687659:role/one-journey-genai-pipelineNode-eu-west-1-lambdaRole",
            "runtime": "nodejs20.x",
            "s3_bucket": null,
            "s3_key": null,
            "s3_object_version": null,
            "signing_job_arn": "",
            "signing_profile_version_arn": "",
            "skip_destroy": false,
            "snap_start": [],
            "source_code_hash": "",
            "source_code_size": 19040409,
            "tags": {
              "STAGE": "genai"
            },
            "tags_all": {
              "STAGE": "genai"
            },
            "timeout": 60,
            "timeouts": null,
            "tracing_config": [
              {
                "mode": "PassThrough"
              }
            ],
            "version": "10",
            "vpc_config": []
          },
          "sensitive_attributes": [],
          "identity_schema_version": 0,
          "private": "eyJlMmJmYjczMC1lY2FhLTExZTYtOGY4OC0zNDM2M2JjN2M0YzAiOnsiY3JlYXRlIjo2MDAwMDAwMDAwMDAsImRlbGV0ZSI6NjAwMDAwMDAwMDAwLCJ1cGRhdGUiOjYwMDAwMDAwMDAwMH0sInNjaGVtYV92ZXJzaW9uIjoiMCJ9"
        },
        {
          "index_key": "pipeline_notification_node",
          "schema_version": 0,
          "attributes": {
            "architectures": [
              "arm64"
            ],
            "arn": "arn:aws:lambda:eu-west-1:971422687659:function:one-journey-genai-pipeLineNotificationNode",
            "code_sha256": "PPD2stKcbab3hZarpv60LfCDadD1EqW79IF/3AVtPkU=",
            "code_signing_config_arn": "",
            "dead_letter_config": [],
            "description": "",
            "environment": [
              {
                "variables": {
                  "ACCOUNT_ID": "971422687659",
                  "API_ENDPOINT": "https://d5tcv80br4.execute-api.eu-west-1.amazonaws.com/genai/",
                  "AUDIOS_BUCKET": "one-journey-audiorecord-genai",
                  "CDN_ENDPOINT": "https://d7cnvwmb0wtsp.cloudfront.net/",
                  "COGNITO_USER_POOL": "eu-west-1_M21ToRrBa",
                  "COGNITO_USER_POOL_CLIENT": "2tonlc0fcbruoestl0c4fuj8ts",
                  "CORE_GDS_EVENT_ARN": "arn:aws:lambda:eu-west-1:971422687659:function:one-journey-genai-coreGDSEvent",
                  "CORE_S3_EVENT_ARN": "arn:aws:lambda:eu-west-1:971422687659:function:one-journey-genai-coreS3Event",
                  "CORS_ORIGIN": "*",
                  "DEBUG_LOG": "/aws/one-journey/one-journey-DebugLogs",
                  "DOMAIN_SUFFIX": "one-journey",
                  "DYNAMODB_TABLE_CHANNEL_MESSAGES": "one-journey-channel-messages",
                  "DYNAMODB_TABLE_COMMON_OBJECTS": "one-journey-common-objects",
                  "DYNAMODB_TABLE_COST": "one-journey-cost",
                  "DYNAMODB_TABLE_COUNTERS_STORAGE_CHANNEL": "one-journey-counters-storage-channel",
                  "DYNAMODB_TABLE_EXECUTIONS": "one-journey-executions",
                  "DYNAMODB_TABLE_EXECUTIONS_V5": "one-journey-executions-v5",
                  "DYNAMODB_TABLE_EXECUTIONS_V5_DETAIL": "one-journey-executions-v5-detail",
                  "DYNAMODB_TABLE_EXECUTIONS_V5_GSI_CREATED_AT": "one-journey-executions-v5-gsi-createdAt",
                  "DYNAMODB_TABLE_EXECUTIONS_V5_GSI_UPDATED_AT": "one-journey-executions-v5-gsi-updatedAt",
                  "DYNAMODB_TABLE_MUTEX_LOCK": "one-journey-mutex-lock",
                  "DYNAMODB_TABLE_SESSIONS": "one-journey-sessions",
                  "DYNAMODB_TABLE_STT_OPERATIONS": "one-journey-sttOperations",
                  "DYNAMODB_TABLE_SUSCRIPTIONS": "one-journey-suscriptions",
                  "DYNAMODB_TABLE_WEBSOCKETS_MANAGER": "one-journey-websockets-manager",
                  "DYNAMODB_TABLE_WORKFLOWS_BACKUP": "one-journey-workflows-backup",
                  "DYNAMODB_TABLE_WORKFLOW_CONTEXT": "one-journey-workflow-context",
                  "ERROR_LOG": "/aws/one-journey/one-journey-ErrorLogs",
                  "EVENTBRIDGE_MESSAGE_BUS": "one-journey-messages-bus-genai",
                  "HOSTING_BUCKET": "one-journey-hosting-bucket-genai",
                  "KENDRA_S3_ROLE_ARN": "arn:aws:iam::971422687659:role/OneJourneyKendraS3Role",
                  "KEYS_URL": "https://cognito-idp.eu-west-1.amazonaws.com/eu-west-1_M21ToRrBa/.well-known/jwks.json",
                  "MAIN_CONFIGURATION_ID": "@MAIN_CONFIGURATION",
                  "MAX_CHATGPT_RETRY_REQUEST": "5",
                  "ONE_JOURNEY_DATA_BUCKET": "one-journey-data-bucket-genai",
                  "ONE_JOURNEY_FILES_BUCKET": "one-journey-files-bucket-genai",
                  "PROCESS_TRANSCRIPTION_ARN": "arn:aws:lambda:eu-west-1:971422687659:function:one-journey-genai-processTranscription",
                  "REGION": "eu-west-1",
                  "SQS_BATCH_QUEUE_URL": "https://sqs.eu-west-1.amazonaws.com/971422687659/one-journey-batch-queue-genai",
                  "STAGE": "genai",
                  "STORAGE_PROCESS_LAMBDA_ARN": "arn:aws:lambda:eu-west-1:971422687659:function:one-journey-genai-manageFileStorage",
                  "STT_WEBHOOK_ARN": "arn:aws:lambda:eu-west-1:971422687659:function:one-journey-genai-sttWebhook",
                  "TRANSCRIPTIONS_BUCKET": "one-journey-transcriptions-genai",
                  "USER_POOL_CLIENT_ID": "2tonlc0fcbruoestl0c4fuj8ts",
                  "USER_POOL_ID": "eu-west-1_M21ToRrBa",
                  "VERSION": "v1",
                  "WEBSOCKET_API_ENDPOINT": "wss://mu5nzg1mp2.execute-api.eu-west-1.amazonaws.com/genai/"
                }
              }
            ],
            "ephemeral_storage": [
              {
                "size": 512
              }
            ],
            "file_system_config": [],
            "filename": null,
            "function_name": "one-journey-genai-pipeLineNotificationNode",
            "handler": "./src/api/v1/node/pipelineNotification/event.handler",
            "id": "one-journey-genai-pipeLineNotificationNode",
            "image_config": [],
            "image_uri": "",
            "invoke_arn": "arn:aws:apigateway:eu-west-1:lambda:path/2015-03-31/functions/arn:aws:lambda:eu-west-1:971422687659:function:one-journey-genai-pipeLineNotificationNode/invocations",
            "kms_key_arn": "",
            "last_modified": "2025-09-29T14:28:34.000+0000",
            "layers": [],
            "logging_config": [
              {
                "application_log_level": "",
                "log_format": "Text",
                "log_group": "/aws/lambda/one-journey-genai-pipeLineNotificationNode",
                "system_log_level": ""
              }
            ],
            "memory_size": 1536,
            "package_type": "Zip",
            "publish": null,
            "qualified_arn": "arn:aws:lambda:eu-west-1:971422687659:function:one-journey-genai-pipeLineNotificationNode:10",
            "qualified_invoke_arn": "arn:aws:apigateway:eu-west-1:lambda:path/2015-03-31/functions/arn:aws:lambda:eu-west-1:971422687659:function:one-journey-genai-pipeLineNotificationNode:10/invocations",
            "replace_security_groups_on_destroy": null,
            "replacement_security_group_ids": null,
            "reserved_concurrent_executions": -1,
            "role": "arn:aws:iam::971422687659:role/one-journey-genai-pipeLineNotificationNode-eu-west-1-lambdaRole",
            "runtime": "nodejs20.x",
            "s3_bucket": null,
            "s3_key": null,
            "s3_object_version": null,
            "signing_job_arn": "",
            "signing_profile_version_arn": "",
            "skip_destroy": false,
            "snap_start": [],
            "source_code_hash": "",
            "source_code_size": 15702332,
            "tags": {
              "STAGE": "genai"
            },
            "tags_all": {
              "STAGE": "genai"
            },
            "timeout": 60,
            "timeouts": null,
            "tracing_config": [
              {
                "mode": "PassThrough"
              }
            ],
            "version": "10",
            "vpc_config": []
          },
          "sensitive_attributes": [],
          "identity_schema_version": 0,
          "private": "eyJlMmJmYjczMC1lY2FhLTExZTYtOGY4OC0zNDM2M2JjN2M0YzAiOnsiY3JlYXRlIjo2MDAwMDAwMDAwMDAsImRlbGV0ZSI6NjAwMDAwMDAwMDAwLCJ1cGRhdGUiOjYwMDAwMDAwMDAwMH0sInNjaGVtYV92ZXJzaW9uIjoiMCJ9"
        },
        {
          "index_key": "pipeline_response",
          "schema_version": 0,
          "attributes": {
            "architectures": [
              "arm64"
            ],
            "arn": "arn:aws:lambda:eu-west-1:971422687659:function:one-journey-genai-pipelineResponse",
            "code_sha256": "i/VexdMWjnvlIJ5SePJqHULskZ/BxobPXhRL+nLfZLE=",
            "code_signing_config_arn": "",
            "dead_letter_config": [],
            "description": "",
            "environment": [
              {
                "variables": {
                  "ACCOUNT_ID": "971422687659",
                  "API_ENDPOINT": "https://d5tcv80br4.execute-api.eu-west-1.amazonaws.com/genai/",
                  "AUDIOS_BUCKET": "one-journey-audiorecord-genai",
                  "CDN_ENDPOINT": "https://d7cnvwmb0wtsp.cloudfront.net/",
                  "COGNITO_USER_POOL": "eu-west-1_M21ToRrBa",
                  "COGNITO_USER_POOL_CLIENT": "2tonlc0fcbruoestl0c4fuj8ts",
                  "CORE_GDS_EVENT_ARN": "arn:aws:lambda:eu-west-1:971422687659:function:one-journey-genai-coreGDSEvent",
                  "CORE_S3_EVENT_ARN": "arn:aws:lambda:eu-west-1:971422687659:function:one-journey-genai-coreS3Event",
                  "CORS_ORIGIN": "*",
                  "DEBUG_LOG": "/aws/one-journey/one-journey-DebugLogs",
                  "DOMAIN_SUFFIX": "one-journey",
                  "DYNAMODB_TABLE_CHANNEL_MESSAGES": "one-journey-channel-messages",
                  "DYNAMODB_TABLE_COMMON_OBJECTS": "one-journey-common-objects",
                  "DYNAMODB_TABLE_COST": "one-journey-cost",
                  "DYNAMODB_TABLE_COUNTERS_STORAGE_CHANNEL": "one-journey-counters-storage-channel",
                  "DYNAMODB_TABLE_EXECUTIONS": "one-journey-executions",
                  "DYNAMODB_TABLE_EXECUTIONS_V5": "one-journey-executions-v5",
                  "DYNAMODB_TABLE_EXECUTIONS_V5_DETAIL": "one-journey-executions-v5-detail",
                  "DYNAMODB_TABLE_EXECUTIONS_V5_GSI_CREATED_AT": "one-journey-executions-v5-gsi-createdAt",
                  "DYNAMODB_TABLE_EXECUTIONS_V5_GSI_UPDATED_AT": "one-journey-executions-v5-gsi-updatedAt",
                  "DYNAMODB_TABLE_MUTEX_LOCK": "one-journey-mutex-lock",
                  "DYNAMODB_TABLE_SESSIONS": "one-journey-sessions",
                  "DYNAMODB_TABLE_STT_OPERATIONS": "one-journey-sttOperations",
                  "DYNAMODB_TABLE_SUSCRIPTIONS": "one-journey-suscriptions",
                  "DYNAMODB_TABLE_WEBSOCKETS_MANAGER": "one-journey-websockets-manager",
                  "DYNAMODB_TABLE_WORKFLOWS_BACKUP": "one-journey-workflows-backup",
                  "DYNAMODB_TABLE_WORKFLOW_CONTEXT": "one-journey-workflow-context",
                  "ERROR_LOG": "/aws/one-journey/one-journey-ErrorLogs",
                  "EVENTBRIDGE_MESSAGE_BUS": "one-journey-messages-bus-genai",
                  "HOSTING_BUCKET": "one-journey-hosting-bucket-genai",
                  "KENDRA_S3_ROLE_ARN": "arn:aws:iam::971422687659:role/OneJourneyKendraS3Role",
                  "KEYS_URL": "https://cognito-idp.eu-west-1.amazonaws.com/eu-west-1_M21ToRrBa/.well-known/jwks.json",
                  "MAIN_CONFIGURATION_ID": "@MAIN_CONFIGURATION",
                  "MAX_CHATGPT_RETRY_REQUEST": "5",
                  "ONE_JOURNEY_DATA_BUCKET": "one-journey-data-bucket-genai",
                  "ONE_JOURNEY_FILES_BUCKET": "one-journey-files-bucket-genai",
                  "PROCESS_TRANSCRIPTION_ARN": "arn:aws:lambda:eu-west-1:971422687659:function:one-journey-genai-processTranscription",
                  "REGION": "eu-west-1",
                  "SQS_BATCH_QUEUE_URL": "https://sqs.eu-west-1.amazonaws.com/971422687659/one-journey-batch-queue-genai",
                  "STAGE": "genai",
                  "STORAGE_PROCESS_LAMBDA_ARN": "arn:aws:lambda:eu-west-1:971422687659:function:one-journey-genai-manageFileStorage",
                  "STT_WEBHOOK_ARN": "arn:aws:lambda:eu-west-1:971422687659:function:one-journey-genai-sttWebhook",
                  "TRANSCRIPTIONS_BUCKET": "one-journey-transcriptions-genai",
                  "USER_POOL_CLIENT_ID": "2tonlc0fcbruoestl0c4fuj8ts",
                  "USER_POOL_ID": "eu-west-1_M21ToRrBa",
                  "VERSION": "v1",
                  "WEBSOCKET_API_ENDPOINT": "wss://mu5nzg1mp2.execute-api.eu-west-1.amazonaws.com/genai/"
                }
              }
            ],
            "ephemeral_storage": [
              {
                "size": 512
              }
            ],
            "file_system_config": [],
            "filename": null,
            "function_name": "one-journey-genai-pipelineResponse",
            "handler": "./src/api/v1/core/pipelineResponse/event.handler",
            "id": "one-journey-genai-pipelineResponse",
            "image_config": [],
            "image_uri": "",
            "invoke_arn": "arn:aws:apigateway:eu-west-1:lambda:path/2015-03-31/functions/arn:aws:lambda:eu-west-1:971422687659:function:one-journey-genai-pipelineResponse/invocations",
            "kms_key_arn": "",
            "last_modified": "2025-09-29T14:28:34.000+0000",
            "layers": [],
            "logging_config": [
              {
                "application_log_level": "",
                "log_format": "Text",
                "log_group": "/aws/lambda/one-journey-genai-pipelineResponse",
                "system_log_level": ""
              }
            ],
            "memory_size": 1536,
            "package_type": "Zip",
            "publish": null,
            "qualified_arn": "arn:aws:lambda:eu-west-1:971422687659:function:one-journey-genai-pipelineResponse:10",
            "qualified_invoke_arn": "arn:aws:apigateway:eu-west-1:lambda:path/2015-03-31/functions/arn:aws:lambda:eu-west-1:971422687659:function:one-journey-genai-pipelineResponse:10/invocations",
            "replace_security_groups_on_destroy": null,
            "replacement_security_group_ids": null,
            "reserved_concurrent_executions": -1,
            "role": "arn:aws:iam::971422687659:role/one-journey-genai-pipelineResponse-eu-west-1-lambdaRole",
            "runtime": "nodejs20.x",
            "s3_bucket": null,
            "s3_key": null,
            "s3_object_version": null,
            "signing_job_arn": "",
            "signing_profile_version_arn": "",
            "skip_destroy": false,
            "snap_start": [],
            "source_code_hash": "",
            "source_code_size": 16783934,
            "tags": {
              "STAGE": "genai"
            },
            "tags_all": {
              "STAGE": "genai"
            },
            "timeout": 60,
            "timeouts": null,
            "tracing_config": [
              {
                "mode": "PassThrough"
              }
            ],
            "version": "10",
            "vpc_config": []
          },
          "sensitive_attributes": [],
          "identity_schema_version": 0,
          "private": "eyJlMmJmYjczMC1lY2FhLTExZTYtOGY4OC0zNDM2M2JjN2M0YzAiOnsiY3JlYXRlIjo2MDAwMDAwMDAwMDAsImRlbGV0ZSI6NjAwMDAwMDAwMDAwLCJ1cGRhdGUiOjYwMDAwMDAwMDAwMH0sInNjaGVtYV92ZXJzaW9uIjoiMCJ9"
        },
        {
          "index_key": "pre_sign_up",
          "schema_version": 0,
          "attributes": {
            "architectures": [
              "arm64"
            ],
            "arn": "arn:aws:lambda:eu-west-1:971422687659:function:one-journey-genai-preSignUp",
            "code_sha256": "GYi/c1hrAhT4jZweVbXfi4ZA0OawI+2zJvYhkX9DvPU=",
            "code_signing_config_arn": "",
            "dead_letter_config": [],
            "description": "",
            "environment": [
              {
                "variables": {
                  "ACCOUNT_ID": "971422687659",
                  "API_ENDPOINT": "https://d5tcv80br4.execute-api.eu-west-1.amazonaws.com/genai/",
                  "AUDIOS_BUCKET": "one-journey-audiorecord-genai",
                  "CDN_ENDPOINT": "https://d7cnvwmb0wtsp.cloudfront.net/",
                  "COGNITO_USER_POOL": "eu-west-1_M21ToRrBa",
                  "COGNITO_USER_POOL_CLIENT": "2tonlc0fcbruoestl0c4fuj8ts",
                  "CORE_GDS_EVENT_ARN": "arn:aws:lambda:eu-west-1:971422687659:function:one-journey-genai-coreGDSEvent",
                  "CORE_S3_EVENT_ARN": "arn:aws:lambda:eu-west-1:971422687659:function:one-journey-genai-coreS3Event",
                  "CORS_ORIGIN": "*",
                  "DEBUG_LOG": "/aws/one-journey/one-journey-DebugLogs",
                  "DOMAIN_SUFFIX": "one-journey",
                  "DYNAMODB_TABLE_CHANNEL_MESSAGES": "one-journey-channel-messages",
                  "DYNAMODB_TABLE_COMMON_OBJECTS": "one-journey-common-objects",
                  "DYNAMODB_TABLE_COST": "one-journey-cost",
                  "DYNAMODB_TABLE_COUNTERS_STORAGE_CHANNEL": "one-journey-counters-storage-channel",
                  "DYNAMODB_TABLE_EXECUTIONS": "one-journey-executions",
                  "DYNAMODB_TABLE_EXECUTIONS_V5": "one-journey-executions-v5",
                  "DYNAMODB_TABLE_EXECUTIONS_V5_DETAIL": "one-journey-executions-v5-detail",
                  "DYNAMODB_TABLE_EXECUTIONS_V5_GSI_CREATED_AT": "one-journey-executions-v5-gsi-createdAt",
                  "DYNAMODB_TABLE_EXECUTIONS_V5_GSI_UPDATED_AT": "one-journey-executions-v5-gsi-updatedAt",
                  "DYNAMODB_TABLE_MUTEX_LOCK": "one-journey-mutex-lock",
                  "DYNAMODB_TABLE_SESSIONS": "one-journey-sessions",
                  "DYNAMODB_TABLE_STT_OPERATIONS": "one-journey-sttOperations",
                  "DYNAMODB_TABLE_SUSCRIPTIONS": "one-journey-suscriptions",
                  "DYNAMODB_TABLE_WEBSOCKETS_MANAGER": "one-journey-websockets-manager",
                  "DYNAMODB_TABLE_WORKFLOWS_BACKUP": "one-journey-workflows-backup",
                  "DYNAMODB_TABLE_WORKFLOW_CONTEXT": "one-journey-workflow-context",
                  "ERROR_LOG": "/aws/one-journey/one-journey-ErrorLogs",
                  "EVENTBRIDGE_MESSAGE_BUS": "one-journey-messages-bus-genai",
                  "HOSTING_BUCKET": "one-journey-hosting-bucket-genai",
                  "KENDRA_S3_ROLE_ARN": "arn:aws:iam::971422687659:role/OneJourneyKendraS3Role",
                  "KEYS_URL": "https://cognito-idp.eu-west-1.amazonaws.com/eu-west-1_M21ToRrBa/.well-known/jwks.json",
                  "MAIN_CONFIGURATION_ID": "@MAIN_CONFIGURATION",
                  "MAX_CHATGPT_RETRY_REQUEST": "5",
                  "ONE_JOURNEY_DATA_BUCKET": "one-journey-data-bucket-genai",
                  "ONE_JOURNEY_FILES_BUCKET": "one-journey-files-bucket-genai",
                  "PROCESS_TRANSCRIPTION_ARN": "arn:aws:lambda:eu-west-1:971422687659:function:one-journey-genai-processTranscription",
                  "REGION": "eu-west-1",
                  "SQS_BATCH_QUEUE_URL": "https://sqs.eu-west-1.amazonaws.com/971422687659/one-journey-batch-queue-genai",
                  "STAGE": "genai",
                  "STORAGE_PROCESS_LAMBDA_ARN": "arn:aws:lambda:eu-west-1:971422687659:function:one-journey-genai-manageFileStorage",
                  "STT_WEBHOOK_ARN": "arn:aws:lambda:eu-west-1:971422687659:function:one-journey-genai-sttWebhook",
                  "TRANSCRIPTIONS_BUCKET": "one-journey-transcriptions-genai",
                  "USER_POOL_CLIENT_ID": "2tonlc0fcbruoestl0c4fuj8ts",
                  "USER_POOL_ID": "eu-west-1_M21ToRrBa",
                  "VERSION": "v1",
                  "WEBSOCKET_API_ENDPOINT": "wss://mu5nzg1mp2.execute-api.eu-west-1.amazonaws.com/genai/"
                }
              }
            ],
            "ephemeral_storage": [
              {
                "size": 512
              }
            ],
            "file_system_config": [],
            "filename": null,
            "function_name": "one-journey-genai-preSignUp",
            "handler": "src/cognito/presigned.handler",
            "id": "one-journey-genai-preSignUp",
            "image_config": [],
            "image_uri": "",
            "invoke_arn": "arn:aws:apigateway:eu-west-1:lambda:path/2015-03-31/functions/arn:aws:lambda:eu-west-1:971422687659:function:one-journey-genai-preSignUp/invocations",
            "kms_key_arn": "",
            "last_modified": "2025-09-29T14:28:41.000+0000",
            "layers": [],
            "logging_config": [
              {
                "application_log_level": "",
                "log_format": "Text",
                "log_group": "/aws/lambda/one-journey-genai-preSignUp",
                "system_log_level": ""
              }
            ],
            "memory_size": 1536,
            "package_type": "Zip",
            "publish": null,
            "qualified_arn": "arn:aws:lambda:eu-west-1:971422687659:function:one-journey-genai-preSignUp:25",
            "qualified_invoke_arn": "arn:aws:apigateway:eu-west-1:lambda:path/2015-03-31/functions/arn:aws:lambda:eu-west-1:971422687659:function:one-journey-genai-preSignUp:25/invocations",
            "replace_security_groups_on_destroy": null,
            "replacement_security_group_ids": null,
            "reserved_concurrent_executions": -1,
            "role": "arn:aws:iam::971422687659:role/one-journey-genai-eu-west-1-lambdaRole",
            "runtime": "nodejs20.x",
            "s3_bucket": null,
            "s3_key": null,
            "s3_object_version": null,
            "signing_job_arn": "",
            "signing_profile_version_arn": "",
            "skip_destroy": false,
            "snap_start": [],
            "source_code_hash": "",
            "source_code_size": 2194,
            "tags": {
              "STAGE": "genai"
            },
            "tags_all": {
              "STAGE": "genai"
            },
            "timeout": 6,
            "timeouts": null,
            "tracing_config": [
              {
                "mode": "PassThrough"
              }
            ],
            "version": "25",
            "vpc_config": []
          },
          "sensitive_attributes": [],
          "identity_schema_version": 0,
          "private": "eyJlMmJmYjczMC1lY2FhLTExZTYtOGY4OC0zNDM2M2JjN2M0YzAiOnsiY3JlYXRlIjo2MDAwMDAwMDAwMDAsImRlbGV0ZSI6NjAwMDAwMDAwMDAwLCJ1cGRhdGUiOjYwMDAwMDAwMDAwMH0sInNjaGVtYV92ZXJzaW9uIjoiMCJ9"
        },
        {
          "index_key": "process_transcription_node",
          "schema_version": 0,
          "attributes": {
            "architectures": [
              "x86_64"
            ],
            "arn": "arn:aws:lambda:eu-west-1:971422687659:function:one-journey-genai-processTranscriptionNode",
            "code_sha256": "ILF3h+R+tNcCGxrMbSSrnixjpz+e96SESu7Sl9BXOoI=",
            "code_signing_config_arn": "",
            "dead_letter_config": [],
            "description": "",
            "environment": [
              {
                "variables": {
                  "ACCOUNT_ID": "971422687659",
                  "API_ENDPOINT": "https://d5tcv80br4.execute-api.eu-west-1.amazonaws.com/genai/",
                  "AUDIOS_BUCKET": "one-journey-audiorecord-genai",
                  "CDN_ENDPOINT": "https://d7cnvwmb0wtsp.cloudfront.net/",
                  "COGNITO_USER_POOL": "eu-west-1_M21ToRrBa",
                  "COGNITO_USER_POOL_CLIENT": "2tonlc0fcbruoestl0c4fuj8ts",
                  "CORE_GDS_EVENT_ARN": "arn:aws:lambda:eu-west-1:971422687659:function:one-journey-genai-coreGDSEvent",
                  "CORE_S3_EVENT_ARN": "arn:aws:lambda:eu-west-1:971422687659:function:one-journey-genai-coreS3Event",
                  "CORS_ORIGIN": "*",
                  "DEBUG_LOG": "/aws/one-journey/one-journey-DebugLogs",
                  "DOMAIN_SUFFIX": "one-journey",
                  "DYNAMODB_TABLE_CHANNEL_MESSAGES": "one-journey-channel-messages",
                  "DYNAMODB_TABLE_COMMON_OBJECTS": "one-journey-common-objects",
                  "DYNAMODB_TABLE_COST": "one-journey-cost",
                  "DYNAMODB_TABLE_COUNTERS_STORAGE_CHANNEL": "one-journey-counters-storage-channel",
                  "DYNAMODB_TABLE_EXECUTIONS": "one-journey-executions",
                  "DYNAMODB_TABLE_EXECUTIONS_V5": "one-journey-executions-v5",
                  "DYNAMODB_TABLE_EXECUTIONS_V5_DETAIL": "one-journey-executions-v5-detail",
                  "DYNAMODB_TABLE_EXECUTIONS_V5_GSI_CREATED_AT": "one-journey-executions-v5-gsi-createdAt",
                  "DYNAMODB_TABLE_EXECUTIONS_V5_GSI_UPDATED_AT": "one-journey-executions-v5-gsi-updatedAt",
                  "DYNAMODB_TABLE_MUTEX_LOCK": "one-journey-mutex-lock",
                  "DYNAMODB_TABLE_SESSIONS": "one-journey-sessions",
                  "DYNAMODB_TABLE_STT_OPERATIONS": "one-journey-sttOperations",
                  "DYNAMODB_TABLE_SUSCRIPTIONS": "one-journey-suscriptions",
                  "DYNAMODB_TABLE_WEBSOCKETS_MANAGER": "one-journey-websockets-manager",
                  "DYNAMODB_TABLE_WORKFLOWS_BACKUP": "one-journey-workflows-backup",
                  "DYNAMODB_TABLE_WORKFLOW_CONTEXT": "one-journey-workflow-context",
                  "ERROR_LOG": "/aws/one-journey/one-journey-ErrorLogs",
                  "EVENTBRIDGE_MESSAGE_BUS": "one-journey-messages-bus-genai",
                  "HOSTING_BUCKET": "one-journey-hosting-bucket-genai",
                  "KENDRA_S3_ROLE_ARN": "arn:aws:iam::971422687659:role/OneJourneyKendraS3Role",
                  "KEYS_URL": "https://cognito-idp.eu-west-1.amazonaws.com/eu-west-1_M21ToRrBa/.well-known/jwks.json",
                  "MAIN_CONFIGURATION_ID": "@MAIN_CONFIGURATION",
                  "MAX_CHATGPT_RETRY_REQUEST": "5",
                  "ONE_JOURNEY_DATA_BUCKET": "one-journey-data-bucket-genai",
                  "ONE_JOURNEY_FILES_BUCKET": "one-journey-files-bucket-genai",
                  "PROCESS_TRANSCRIPTION_ARN": "arn:aws:lambda:eu-west-1:971422687659:function:one-journey-genai-processTranscription",
                  "REGION": "eu-west-1",
                  "SQS_BATCH_QUEUE_URL": "https://sqs.eu-west-1.amazonaws.com/971422687659/one-journey-batch-queue-genai",
                  "STAGE": "genai",
                  "STORAGE_PROCESS_LAMBDA_ARN": "arn:aws:lambda:eu-west-1:971422687659:function:one-journey-genai-manageFileStorage",
                  "STT_WEBHOOK_ARN": "arn:aws:lambda:eu-west-1:971422687659:function:one-journey-genai-sttWebhook",
                  "TRANSCRIPTIONS_BUCKET": "one-journey-transcriptions-genai",
                  "USER_POOL_CLIENT_ID": "2tonlc0fcbruoestl0c4fuj8ts",
                  "USER_POOL_ID": "eu-west-1_M21ToRrBa",
                  "VERSION": "v1",
                  "WEBSOCKET_API_ENDPOINT": "wss://mu5nzg1mp2.execute-api.eu-west-1.amazonaws.com/genai/"
                }
              }
            ],
            "ephemeral_storage": [
              {
                "size": 512
              }
            ],
            "file_system_config": [],
            "filename": null,
            "function_name": "one-journey-genai-processTranscriptionNode",
            "handler": "src/api/v1/node/processTranscription/event.handler",
            "id": "one-journey-genai-processTranscriptionNode",
            "image_config": [],
            "image_uri": "",
            "invoke_arn": "arn:aws:apigateway:eu-west-1:lambda:path/2015-03-31/functions/arn:aws:lambda:eu-west-1:971422687659:function:one-journey-genai-processTranscriptionNode/invocations",
            "kms_key_arn": "",
            "last_modified": "2025-09-29T14:28:28.000+0000",
            "layers": [],
            "logging_config": [
              {
                "application_log_level": "",
                "log_format": "Text",
                "log_group": "/aws/lambda/one-journey-genai-processTranscriptionNode",
                "system_log_level": ""
              }
            ],
            "memory_size": 1536,
            "package_type": "Zip",
            "publish": null,
            "qualified_arn": "arn:aws:lambda:eu-west-1:971422687659:function:one-journey-genai-processTranscriptionNode:15",
            "qualified_invoke_arn": "arn:aws:apigateway:eu-west-1:lambda:path/2015-03-31/functions/arn:aws:lambda:eu-west-1:971422687659:function:one-journey-genai-processTranscriptionNode:15/invocations",
            "replace_security_groups_on_destroy": null,
            "replacement_security_group_ids": null,
            "reserved_concurrent_executions": -1,
            "role": "arn:aws:iam::971422687659:role/one-journey-genai-processTranscriptionNode-eu-west-1-lambdaRole",
            "runtime": "nodejs20.x",
            "s3_bucket": null,
            "s3_key": null,
            "s3_object_version": null,
            "signing_job_arn": "",
            "signing_profile_version_arn": "",
            "skip_destroy": false,
            "snap_start": [],
            "source_code_hash": "",
            "source_code_size": 15696328,
            "tags": {
              "STAGE": "genai"
            },
            "tags_all": {
              "STAGE": "genai"
            },
            "timeout": 6,
            "timeouts": null,
            "tracing_config": [
              {
                "mode": "PassThrough"
              }
            ],
            "version": "15",
            "vpc_config": []
          },
          "sensitive_attributes": [],
          "identity_schema_version": 0,
          "private": "eyJlMmJmYjczMC1lY2FhLTExZTYtOGY4OC0zNDM2M2JjN2M0YzAiOnsiY3JlYXRlIjo2MDAwMDAwMDAwMDAsImRlbGV0ZSI6NjAwMDAwMDAwMDAwLCJ1cGRhdGUiOjYwMDAwMDAwMDAwMH0sInNjaGVtYV92ZXJzaW9uIjoiMCJ9"
        },
        {
          "index_key": "publish_workflow_patch",
          "schema_version": 0,
          "attributes": {
            "architectures": [
              "arm64"
            ],
            "arn": "arn:aws:lambda:eu-west-1:971422687659:function:one-journey-genai-publishWorkflowPatch",
            "code_sha256": "Ch6COce21hWr5kzHPrZIXxYaJPDq4QK3DFzY5cJILT8=",
            "code_signing_config_arn": "",
            "dead_letter_config": [],
            "description": "",
            "environment": [
              {
                "variables": {
                  "ACCOUNT_ID": "971422687659",
                  "API_ENDPOINT": "https://d5tcv80br4.execute-api.eu-west-1.amazonaws.com/genai/",
                  "AUDIOS_BUCKET": "one-journey-audiorecord-genai",
                  "CDN_ENDPOINT": "https://d7cnvwmb0wtsp.cloudfront.net/",
                  "COGNITO_USER_POOL": "eu-west-1_M21ToRrBa",
                  "COGNITO_USER_POOL_CLIENT": "2tonlc0fcbruoestl0c4fuj8ts",
                  "CORE_GDS_EVENT_ARN": "arn:aws:lambda:eu-west-1:971422687659:function:one-journey-genai-coreGDSEvent",
                  "CORE_S3_EVENT_ARN": "arn:aws:lambda:eu-west-1:971422687659:function:one-journey-genai-coreS3Event",
                  "CORS_ORIGIN": "*",
                  "DEBUG_LOG": "/aws/one-journey/one-journey-DebugLogs",
                  "DOMAIN_SUFFIX": "one-journey",
                  "DYNAMODB_TABLE_CHANNEL_MESSAGES": "one-journey-channel-messages",
                  "DYNAMODB_TABLE_COMMON_OBJECTS": "one-journey-common-objects",
                  "DYNAMODB_TABLE_COST": "one-journey-cost",
                  "DYNAMODB_TABLE_COUNTERS_STORAGE_CHANNEL": "one-journey-counters-storage-channel",
                  "DYNAMODB_TABLE_EXECUTIONS": "one-journey-executions",
                  "DYNAMODB_TABLE_EXECUTIONS_V5": "one-journey-executions-v5",
                  "DYNAMODB_TABLE_EXECUTIONS_V5_DETAIL": "one-journey-executions-v5-detail",
                  "DYNAMODB_TABLE_EXECUTIONS_V5_GSI_CREATED_AT": "one-journey-executions-v5-gsi-createdAt",
                  "DYNAMODB_TABLE_EXECUTIONS_V5_GSI_UPDATED_AT": "one-journey-executions-v5-gsi-updatedAt",
                  "DYNAMODB_TABLE_MUTEX_LOCK": "one-journey-mutex-lock",
                  "DYNAMODB_TABLE_SESSIONS": "one-journey-sessions",
                  "DYNAMODB_TABLE_STT_OPERATIONS": "one-journey-sttOperations",
                  "DYNAMODB_TABLE_SUSCRIPTIONS": "one-journey-suscriptions",
                  "DYNAMODB_TABLE_WEBSOCKETS_MANAGER": "one-journey-websockets-manager",
                  "DYNAMODB_TABLE_WORKFLOWS_BACKUP": "one-journey-workflows-backup",
                  "DYNAMODB_TABLE_WORKFLOW_CONTEXT": "one-journey-workflow-context",
                  "ERROR_LOG": "/aws/one-journey/one-journey-ErrorLogs",
                  "EVENTBRIDGE_MESSAGE_BUS": "one-journey-messages-bus-genai",
                  "HOSTING_BUCKET": "one-journey-hosting-bucket-genai",
                  "KENDRA_S3_ROLE_ARN": "arn:aws:iam::971422687659:role/OneJourneyKendraS3Role",
                  "KEYS_URL": "https://cognito-idp.eu-west-1.amazonaws.com/eu-west-1_M21ToRrBa/.well-known/jwks.json",
                  "MAIN_CONFIGURATION_ID": "@MAIN_CONFIGURATION",
                  "MAX_CHATGPT_RETRY_REQUEST": "5",
                  "ONE_JOURNEY_DATA_BUCKET": "one-journey-data-bucket-genai",
                  "ONE_JOURNEY_FILES_BUCKET": "one-journey-files-bucket-genai",
                  "PROCESS_TRANSCRIPTION_ARN": "arn:aws:lambda:eu-west-1:971422687659:function:one-journey-genai-processTranscription",
                  "REGION": "eu-west-1",
                  "SQS_BATCH_QUEUE_URL": "https://sqs.eu-west-1.amazonaws.com/971422687659/one-journey-batch-queue-genai",
                  "STAGE": "genai",
                  "STORAGE_PROCESS_LAMBDA_ARN": "arn:aws:lambda:eu-west-1:971422687659:function:one-journey-genai-manageFileStorage",
                  "STT_WEBHOOK_ARN": "arn:aws:lambda:eu-west-1:971422687659:function:one-journey-genai-sttWebhook",
                  "TRANSCRIPTIONS_BUCKET": "one-journey-transcriptions-genai",
                  "USER_POOL_CLIENT_ID": "2tonlc0fcbruoestl0c4fuj8ts",
                  "USER_POOL_ID": "eu-west-1_M21ToRrBa",
                  "VERSION": "v1",
                  "WEBSOCKET_API_ENDPOINT": "wss://mu5nzg1mp2.execute-api.eu-west-1.amazonaws.com/genai/"
                }
              }
            ],
            "ephemeral_storage": [
              {
                "size": 512
              }
            ],
            "file_system_config": [],
            "filename": null,
            "function_name": "one-journey-genai-publishWorkflowPatch",
            "handler": "src/api/v1/endpoint/workflow/post.handler",
            "id": "one-journey-genai-publishWorkflowPatch",
            "image_config": [],
            "image_uri": "",
            "invoke_arn": "arn:aws:apigateway:eu-west-1:lambda:path/2015-03-31/functions/arn:aws:lambda:eu-west-1:971422687659:function:one-journey-genai-publishWorkflowPatch/invocations",
            "kms_key_arn": "",
            "last_modified": "2025-09-29T14:28:36.000+0000",
            "layers": [],
            "logging_config": [
              {
                "application_log_level": "",
                "log_format": "Text",
                "log_group": "/aws/lambda/one-journey-genai-publishWorkflowPatch",
                "system_log_level": ""
              }
            ],
            "memory_size": 1536,
            "package_type": "Zip",
            "publish": null,
            "qualified_arn": "arn:aws:lambda:eu-west-1:971422687659:function:one-journey-genai-publishWorkflowPatch:46",
            "qualified_invoke_arn": "arn:aws:apigateway:eu-west-1:lambda:path/2015-03-31/functions/arn:aws:lambda:eu-west-1:971422687659:function:one-journey-genai-publishWorkflowPatch:46/invocations",
            "replace_security_groups_on_destroy": null,
            "replacement_security_group_ids": null,
            "reserved_concurrent_executions": -1,
            "role": "arn:aws:iam::971422687659:role/one-journey-genai-publishWorkflowPatch-eu-west-1-lambdaRole",
            "runtime": "nodejs20.x",
            "s3_bucket": null,
            "s3_key": null,
            "s3_object_version": null,
            "signing_job_arn": "",
            "signing_profile_version_arn": "",
            "skip_destroy": false,
            "snap_start": [],
            "source_code_hash": "",
            "source_code_size": 15748309,
            "tags": {
              "STAGE": "genai"
            },
            "tags_all": {
              "STAGE": "genai"
            },
            "timeout": 30,
            "timeouts": null,
            "tracing_config": [
              {
                "mode": "PassThrough"
              }
            ],
            "version": "46",
            "vpc_config": []
          },
          "sensitive_attributes": [],
          "identity_schema_version": 0,
          "private": "eyJlMmJmYjczMC1lY2FhLTExZTYtOGY4OC0zNDM2M2JjN2M0YzAiOnsiY3JlYXRlIjo2MDAwMDAwMDAwMDAsImRlbGV0ZSI6NjAwMDAwMDAwMDAwLCJ1cGRhdGUiOjYwMDAwMDAwMDAwMH0sInNjaGVtYV92ZXJzaW9uIjoiMCJ9"
        },
        {
          "index_key": "request_node",
          "schema_version": 0,
          "attributes": {
            "architectures": [
              "arm64"
            ],
            "arn": "arn:aws:lambda:eu-west-1:971422687659:function:one-journey-genai-requestNode",
            "code_sha256": "Lcgqn9gMc526MgodWIPRhAZ2SCs9EBcTCc6IzZ9gBlw=",
            "code_signing_config_arn": "",
            "dead_letter_config": [],
            "description": "",
            "environment": [
              {
                "variables": {
                  "ACCOUNT_ID": "971422687659",
                  "API_ENDPOINT": "https://d5tcv80br4.execute-api.eu-west-1.amazonaws.com/genai/",
                  "AUDIOS_BUCKET": "one-journey-audiorecord-genai",
                  "CDN_ENDPOINT": "https://d7cnvwmb0wtsp.cloudfront.net/",
                  "COGNITO_USER_POOL": "eu-west-1_M21ToRrBa",
                  "COGNITO_USER_POOL_CLIENT": "2tonlc0fcbruoestl0c4fuj8ts",
                  "CORE_GDS_EVENT_ARN": "arn:aws:lambda:eu-west-1:971422687659:function:one-journey-genai-coreGDSEvent",
                  "CORE_S3_EVENT_ARN": "arn:aws:lambda:eu-west-1:971422687659:function:one-journey-genai-coreS3Event",
                  "CORS_ORIGIN": "*",
                  "DEBUG_LOG": "/aws/one-journey/one-journey-DebugLogs",
                  "DOMAIN_SUFFIX": "one-journey",
                  "DYNAMODB_TABLE_CHANNEL_MESSAGES": "one-journey-channel-messages",
                  "DYNAMODB_TABLE_COMMON_OBJECTS": "one-journey-common-objects",
                  "DYNAMODB_TABLE_COST": "one-journey-cost",
                  "DYNAMODB_TABLE_COUNTERS_STORAGE_CHANNEL": "one-journey-counters-storage-channel",
                  "DYNAMODB_TABLE_EXECUTIONS": "one-journey-executions",
                  "DYNAMODB_TABLE_EXECUTIONS_V5": "one-journey-executions-v5",
                  "DYNAMODB_TABLE_EXECUTIONS_V5_DETAIL": "one-journey-executions-v5-detail",
                  "DYNAMODB_TABLE_EXECUTIONS_V5_GSI_CREATED_AT": "one-journey-executions-v5-gsi-createdAt",
                  "DYNAMODB_TABLE_EXECUTIONS_V5_GSI_UPDATED_AT": "one-journey-executions-v5-gsi-updatedAt",
                  "DYNAMODB_TABLE_MUTEX_LOCK": "one-journey-mutex-lock",
                  "DYNAMODB_TABLE_SESSIONS": "one-journey-sessions",
                  "DYNAMODB_TABLE_STT_OPERATIONS": "one-journey-sttOperations",
                  "DYNAMODB_TABLE_SUSCRIPTIONS": "one-journey-suscriptions",
                  "DYNAMODB_TABLE_WEBSOCKETS_MANAGER": "one-journey-websockets-manager",
                  "DYNAMODB_TABLE_WORKFLOWS_BACKUP": "one-journey-workflows-backup",
                  "DYNAMODB_TABLE_WORKFLOW_CONTEXT": "one-journey-workflow-context",
                  "ERROR_LOG": "/aws/one-journey/one-journey-ErrorLogs",
                  "EVENTBRIDGE_MESSAGE_BUS": "one-journey-messages-bus-genai",
                  "HOSTING_BUCKET": "one-journey-hosting-bucket-genai",
                  "KENDRA_S3_ROLE_ARN": "arn:aws:iam::971422687659:role/OneJourneyKendraS3Role",
                  "KEYS_URL": "https://cognito-idp.eu-west-1.amazonaws.com/eu-west-1_M21ToRrBa/.well-known/jwks.json",
                  "MAIN_CONFIGURATION_ID": "@MAIN_CONFIGURATION",
                  "MAX_CHATGPT_RETRY_REQUEST": "5",
                  "ONE_JOURNEY_DATA_BUCKET": "one-journey-data-bucket-genai",
                  "ONE_JOURNEY_FILES_BUCKET": "one-journey-files-bucket-genai",
                  "PROCESS_TRANSCRIPTION_ARN": "arn:aws:lambda:eu-west-1:971422687659:function:one-journey-genai-processTranscription",
                  "REGION": "eu-west-1",
                  "SQS_BATCH_QUEUE_URL": "https://sqs.eu-west-1.amazonaws.com/971422687659/one-journey-batch-queue-genai",
                  "STAGE": "genai",
                  "STORAGE_PROCESS_LAMBDA_ARN": "arn:aws:lambda:eu-west-1:971422687659:function:one-journey-genai-manageFileStorage",
                  "STT_WEBHOOK_ARN": "arn:aws:lambda:eu-west-1:971422687659:function:one-journey-genai-sttWebhook",
                  "TRANSCRIPTIONS_BUCKET": "one-journey-transcriptions-genai",
                  "USER_POOL_CLIENT_ID": "2tonlc0fcbruoestl0c4fuj8ts",
                  "USER_POOL_ID": "eu-west-1_M21ToRrBa",
                  "VERSION": "v1",
                  "WEBSOCKET_API_ENDPOINT": "wss://mu5nzg1mp2.execute-api.eu-west-1.amazonaws.com/genai/"
                }
              }
            ],
            "ephemeral_storage": [
              {
                "size": 512
              }
            ],
            "file_system_config": [],
            "filename": null,
            "function_name": "one-journey-genai-requestNode",
            "handler": "./src/api/v1/node/request/event.handler",
            "id": "one-journey-genai-requestNode",
            "image_config": [],
            "image_uri": "",
            "invoke_arn": "arn:aws:apigateway:eu-west-1:lambda:path/2015-03-31/functions/arn:aws:lambda:eu-west-1:971422687659:function:one-journey-genai-requestNode/invocations",
            "kms_key_arn": "",
            "last_modified": "2025-09-29T14:28:42.000+0000",
            "layers": [],
            "logging_config": [
              {
                "application_log_level": "",
                "log_format": "Text",
                "log_group": "/aws/lambda/one-journey-genai-requestNode",
                "system_log_level": ""
              }
            ],
            "memory_size": 1536,
            "package_type": "Zip",
            "publish": null,
            "qualified_arn": "arn:aws:lambda:eu-west-1:971422687659:function:one-journey-genai-requestNode:31",
            "qualified_invoke_arn": "arn:aws:apigateway:eu-west-1:lambda:path/2015-03-31/functions/arn:aws:lambda:eu-west-1:971422687659:function:one-journey-genai-requestNode:31/invocations",
            "replace_security_groups_on_destroy": null,
            "replacement_security_group_ids": null,
            "reserved_concurrent_executions": -1,
            "role": "arn:aws:iam::971422687659:role/one-journey-genai-requestNode-eu-west-1-lambdaRole",
            "runtime": "nodejs20.x",
            "s3_bucket": null,
            "s3_key": null,
            "s3_object_version": null,
            "signing_job_arn": "",
            "signing_profile_version_arn": "",
            "skip_destroy": false,
            "snap_start": [],
            "source_code_hash": "",
            "source_code_size": 18428581,
            "tags": {
              "STAGE": "genai"
            },
            "tags_all": {
              "STAGE": "genai"
            },
            "timeout": 60,
            "timeouts": null,
            "tracing_config": [
              {
                "mode": "PassThrough"
              }
            ],
            "version": "31",
            "vpc_config": []
          },
          "sensitive_attributes": [],
          "identity_schema_version": 0,
          "private": "eyJlMmJmYjczMC1lY2FhLTExZTYtOGY4OC0zNDM2M2JjN2M0YzAiOnsiY3JlYXRlIjo2MDAwMDAwMDAwMDAsImRlbGV0ZSI6NjAwMDAwMDAwMDAwLCJ1cGRhdGUiOjYwMDAwMDAwMDAwMH0sInNjaGVtYV92ZXJzaW9uIjoiMCJ9"
        },
        {
          "index_key": "reset_pswrd",
          "schema_version": 0,
          "attributes": {
            "architectures": [
              "arm64"
            ],
            "arn": "arn:aws:lambda:eu-west-1:971422687659:function:one-journey-genai-resetPswrd",
            "code_sha256": "eR8DHtOFBCG/kFtoZ5DzSu8S5gfoTMveo7CcnWjpRgk=",
            "code_signing_config_arn": "",
            "dead_letter_config": [],
            "description": "",
            "environment": [
              {
                "variables": {
                  "ACCOUNT_ID": "971422687659",
                  "API_ENDPOINT": "https://d5tcv80br4.execute-api.eu-west-1.amazonaws.com/genai/",
                  "AUDIOS_BUCKET": "one-journey-audiorecord-genai",
                  "CDN_ENDPOINT": "https://d7cnvwmb0wtsp.cloudfront.net/",
                  "COGNITO_USER_POOL": "eu-west-1_M21ToRrBa",
                  "COGNITO_USER_POOL_CLIENT": "2tonlc0fcbruoestl0c4fuj8ts",
                  "CORE_GDS_EVENT_ARN": "arn:aws:lambda:eu-west-1:971422687659:function:one-journey-genai-coreGDSEvent",
                  "CORE_S3_EVENT_ARN": "arn:aws:lambda:eu-west-1:971422687659:function:one-journey-genai-coreS3Event",
                  "CORS_ORIGIN": "*",
                  "DEBUG_LOG": "/aws/one-journey/one-journey-DebugLogs",
                  "DOMAIN_SUFFIX": "one-journey",
                  "DYNAMODB_TABLE_CHANNEL_MESSAGES": "one-journey-channel-messages",
                  "DYNAMODB_TABLE_COMMON_OBJECTS": "one-journey-common-objects",
                  "DYNAMODB_TABLE_COST": "one-journey-cost",
                  "DYNAMODB_TABLE_COUNTERS_STORAGE_CHANNEL": "one-journey-counters-storage-channel",
                  "DYNAMODB_TABLE_EXECUTIONS": "one-journey-executions",
                  "DYNAMODB_TABLE_EXECUTIONS_V5": "one-journey-executions-v5",
                  "DYNAMODB_TABLE_EXECUTIONS_V5_DETAIL": "one-journey-executions-v5-detail",
                  "DYNAMODB_TABLE_EXECUTIONS_V5_GSI_CREATED_AT": "one-journey-executions-v5-gsi-createdAt",
                  "DYNAMODB_TABLE_EXECUTIONS_V5_GSI_UPDATED_AT": "one-journey-executions-v5-gsi-updatedAt",
                  "DYNAMODB_TABLE_MUTEX_LOCK": "one-journey-mutex-lock",
                  "DYNAMODB_TABLE_SESSIONS": "one-journey-sessions",
                  "DYNAMODB_TABLE_STT_OPERATIONS": "one-journey-sttOperations",
                  "DYNAMODB_TABLE_SUSCRIPTIONS": "one-journey-suscriptions",
                  "DYNAMODB_TABLE_WEBSOCKETS_MANAGER": "one-journey-websockets-manager",
                  "DYNAMODB_TABLE_WORKFLOWS_BACKUP": "one-journey-workflows-backup",
                  "DYNAMODB_TABLE_WORKFLOW_CONTEXT": "one-journey-workflow-context",
                  "ERROR_LOG": "/aws/one-journey/one-journey-ErrorLogs",
                  "EVENTBRIDGE_MESSAGE_BUS": "one-journey-messages-bus-genai",
                  "HOSTING_BUCKET": "one-journey-hosting-bucket-genai",
                  "KENDRA_S3_ROLE_ARN": "arn:aws:iam::971422687659:role/OneJourneyKendraS3Role",
                  "KEYS_URL": "https://cognito-idp.eu-west-1.amazonaws.com/eu-west-1_M21ToRrBa/.well-known/jwks.json",
                  "MAIN_CONFIGURATION_ID": "@MAIN_CONFIGURATION",
                  "MAX_CHATGPT_RETRY_REQUEST": "5",
                  "ONE_JOURNEY_DATA_BUCKET": "one-journey-data-bucket-genai",
                  "ONE_JOURNEY_FILES_BUCKET": "one-journey-files-bucket-genai",
                  "PROCESS_TRANSCRIPTION_ARN": "arn:aws:lambda:eu-west-1:971422687659:function:one-journey-genai-processTranscription",
                  "REGION": "eu-west-1",
                  "SQS_BATCH_QUEUE_URL": "https://sqs.eu-west-1.amazonaws.com/971422687659/one-journey-batch-queue-genai",
                  "STAGE": "genai",
                  "STORAGE_PROCESS_LAMBDA_ARN": "arn:aws:lambda:eu-west-1:971422687659:function:one-journey-genai-manageFileStorage",
                  "STT_WEBHOOK_ARN": "arn:aws:lambda:eu-west-1:971422687659:function:one-journey-genai-sttWebhook",
                  "TRANSCRIPTIONS_BUCKET": "one-journey-transcriptions-genai",
                  "USER_POOL_CLIENT_ID": "2tonlc0fcbruoestl0c4fuj8ts",
                  "USER_POOL_ID": "eu-west-1_M21ToRrBa",
                  "VERSION": "v1",
                  "WEBSOCKET_API_ENDPOINT": "wss://mu5nzg1mp2.execute-api.eu-west-1.amazonaws.com/genai/"
                }
              }
            ],
            "ephemeral_storage": [
              {
                "size": 512
              }
            ],
            "file_system_config": [],
            "filename": null,
            "function_name": "one-journey-genai-resetPswrd",
            "handler": "src/api/v1/endpoint/user/resetPswrd.handler",
            "id": "one-journey-genai-resetPswrd",
            "image_config": [],
            "image_uri": "",
            "invoke_arn": "arn:aws:apigateway:eu-west-1:lambda:path/2015-03-31/functions/arn:aws:lambda:eu-west-1:971422687659:function:one-journey-genai-resetPswrd/invocations",
            "kms_key_arn": "",
            "last_modified": "2025-09-29T14:28:36.000+0000",
            "layers": [],
            "logging_config": [
              {
                "application_log_level": "",
                "log_format": "Text",
                "log_group": "/aws/lambda/one-journey-genai-resetPswrd",
                "system_log_level": ""
              }
            ],
            "memory_size": 1536,
            "package_type": "Zip",
            "publish": null,
            "qualified_arn": "arn:aws:lambda:eu-west-1:971422687659:function:one-journey-genai-resetPswrd:7",
            "qualified_invoke_arn": "arn:aws:apigateway:eu-west-1:lambda:path/2015-03-31/functions/arn:aws:lambda:eu-west-1:971422687659:function:one-journey-genai-resetPswrd:7/invocations",
            "replace_security_groups_on_destroy": null,
            "replacement_security_group_ids": null,
            "reserved_concurrent_executions": -1,
            "role": "arn:aws:iam::971422687659:role/one-journey-genai-resetPswrd-eu-west-1-lambdaRole",
            "runtime": "nodejs20.x",
            "s3_bucket": null,
            "s3_key": null,
            "s3_object_version": null,
            "signing_job_arn": "",
            "signing_profile_version_arn": "",
            "skip_destroy": false,
            "snap_start": [],
            "source_code_hash": "",
            "source_code_size": 15695765,
            "tags": {
              "STAGE": "genai"
            },
            "tags_all": {
              "STAGE": "genai"
            },
            "timeout": 6,
            "timeouts": null,
            "tracing_config": [
              {
                "mode": "PassThrough"
              }
            ],
            "version": "7",
            "vpc_config": []
          },
          "sensitive_attributes": [],
          "identity_schema_version": 0,
          "private": "eyJlMmJmYjczMC1lY2FhLTExZTYtOGY4OC0zNDM2M2JjN2M0YzAiOnsiY3JlYXRlIjo2MDAwMDAwMDAwMDAsImRlbGV0ZSI6NjAwMDAwMDAwMDAwLCJ1cGRhdGUiOjYwMDAwMDAwMDAwMH0sInNjaGVtYV92ZXJzaW9uIjoiMCJ9"
        },
        {
          "index_key": "rule_choice_node",
          "schema_version": 0,
          "attributes": {
            "architectures": [
              "arm64"
            ],
            "arn": "arn:aws:lambda:eu-west-1:971422687659:function:one-journey-genai-ruleChoiceNode",
            "code_sha256": "7pAy20ruWCtiFK1BbFmteM8vhjolH/QzXUmb1tCnuEU=",
            "code_signing_config_arn": "",
            "dead_letter_config": [],
            "description": "",
            "environment": [
              {
                "variables": {
                  "ACCOUNT_ID": "971422687659",
                  "API_ENDPOINT": "https://d5tcv80br4.execute-api.eu-west-1.amazonaws.com/genai/",
                  "AUDIOS_BUCKET": "one-journey-audiorecord-genai",
                  "CDN_ENDPOINT": "https://d7cnvwmb0wtsp.cloudfront.net/",
                  "COGNITO_USER_POOL": "eu-west-1_M21ToRrBa",
                  "COGNITO_USER_POOL_CLIENT": "2tonlc0fcbruoestl0c4fuj8ts",
                  "CORE_GDS_EVENT_ARN": "arn:aws:lambda:eu-west-1:971422687659:function:one-journey-genai-coreGDSEvent",
                  "CORE_S3_EVENT_ARN": "arn:aws:lambda:eu-west-1:971422687659:function:one-journey-genai-coreS3Event",
                  "CORS_ORIGIN": "*",
                  "DEBUG_LOG": "/aws/one-journey/one-journey-DebugLogs",
                  "DOMAIN_SUFFIX": "one-journey",
                  "DYNAMODB_TABLE_CHANNEL_MESSAGES": "one-journey-channel-messages",
                  "DYNAMODB_TABLE_COMMON_OBJECTS": "one-journey-common-objects",
                  "DYNAMODB_TABLE_COST": "one-journey-cost",
                  "DYNAMODB_TABLE_COUNTERS_STORAGE_CHANNEL": "one-journey-counters-storage-channel",
                  "DYNAMODB_TABLE_EXECUTIONS": "one-journey-executions",
                  "DYNAMODB_TABLE_EXECUTIONS_V5": "one-journey-executions-v5",
                  "DYNAMODB_TABLE_EXECUTIONS_V5_DETAIL": "one-journey-executions-v5-detail",
                  "DYNAMODB_TABLE_EXECUTIONS_V5_GSI_CREATED_AT": "one-journey-executions-v5-gsi-createdAt",
                  "DYNAMODB_TABLE_EXECUTIONS_V5_GSI_UPDATED_AT": "one-journey-executions-v5-gsi-updatedAt",
                  "DYNAMODB_TABLE_MUTEX_LOCK": "one-journey-mutex-lock",
                  "DYNAMODB_TABLE_SESSIONS": "one-journey-sessions",
                  "DYNAMODB_TABLE_STT_OPERATIONS": "one-journey-sttOperations",
                  "DYNAMODB_TABLE_SUSCRIPTIONS": "one-journey-suscriptions",
                  "DYNAMODB_TABLE_WEBSOCKETS_MANAGER": "one-journey-websockets-manager",
                  "DYNAMODB_TABLE_WORKFLOWS_BACKUP": "one-journey-workflows-backup",
                  "DYNAMODB_TABLE_WORKFLOW_CONTEXT": "one-journey-workflow-context",
                  "ERROR_LOG": "/aws/one-journey/one-journey-ErrorLogs",
                  "EVENTBRIDGE_MESSAGE_BUS": "one-journey-messages-bus-genai",
                  "HOSTING_BUCKET": "one-journey-hosting-bucket-genai",
                  "KENDRA_S3_ROLE_ARN": "arn:aws:iam::971422687659:role/OneJourneyKendraS3Role",
                  "KEYS_URL": "https://cognito-idp.eu-west-1.amazonaws.com/eu-west-1_M21ToRrBa/.well-known/jwks.json",
                  "MAIN_CONFIGURATION_ID": "@MAIN_CONFIGURATION",
                  "MAX_CHATGPT_RETRY_REQUEST": "5",
                  "ONE_JOURNEY_DATA_BUCKET": "one-journey-data-bucket-genai",
                  "ONE_JOURNEY_FILES_BUCKET": "one-journey-files-bucket-genai",
                  "PROCESS_TRANSCRIPTION_ARN": "arn:aws:lambda:eu-west-1:971422687659:function:one-journey-genai-processTranscription",
                  "REGION": "eu-west-1",
                  "SQS_BATCH_QUEUE_URL": "https://sqs.eu-west-1.amazonaws.com/971422687659/one-journey-batch-queue-genai",
                  "STAGE": "genai",
                  "STORAGE_PROCESS_LAMBDA_ARN": "arn:aws:lambda:eu-west-1:971422687659:function:one-journey-genai-manageFileStorage",
                  "STT_WEBHOOK_ARN": "arn:aws:lambda:eu-west-1:971422687659:function:one-journey-genai-sttWebhook",
                  "TRANSCRIPTIONS_BUCKET": "one-journey-transcriptions-genai",
                  "USER_POOL_CLIENT_ID": "2tonlc0fcbruoestl0c4fuj8ts",
                  "USER_POOL_ID": "eu-west-1_M21ToRrBa",
                  "VERSION": "v1",
                  "WEBSOCKET_API_ENDPOINT": "wss://mu5nzg1mp2.execute-api.eu-west-1.amazonaws.com/genai/"
                }
              }
            ],
            "ephemeral_storage": [
              {
                "size": 512
              }
            ],
            "file_system_config": [],
            "filename": null,
            "function_name": "one-journey-genai-ruleChoiceNode",
            "handler": "./src/api/v1/node/ruleChoice/event.handler",
            "id": "one-journey-genai-ruleChoiceNode",
            "image_config": [],
            "image_uri": "",
            "invoke_arn": "arn:aws:apigateway:eu-west-1:lambda:path/2015-03-31/functions/arn:aws:lambda:eu-west-1:971422687659:function:one-journey-genai-ruleChoiceNode/invocations",
            "kms_key_arn": "",
            "last_modified": "2025-09-29T14:28:29.000+0000",
            "layers": [],
            "logging_config": [
              {
                "application_log_level": "",
                "log_format": "Text",
                "log_group": "/aws/lambda/one-journey-genai-ruleChoiceNode",
                "system_log_level": ""
              }
            ],
            "memory_size": 1536,
            "package_type": "Zip",
            "publish": null,
            "qualified_arn": "arn:aws:lambda:eu-west-1:971422687659:function:one-journey-genai-ruleChoiceNode:31",
            "qualified_invoke_arn": "arn:aws:apigateway:eu-west-1:lambda:path/2015-03-31/functions/arn:aws:lambda:eu-west-1:971422687659:function:one-journey-genai-ruleChoiceNode:31/invocations",
            "replace_security_groups_on_destroy": null,
            "replacement_security_group_ids": null,
            "reserved_concurrent_executions": -1,
            "role": "arn:aws:iam::971422687659:role/one-journey-genai-ruleChoiceNode-eu-west-1-lambdaRole",
            "runtime": "nodejs20.x",
            "s3_bucket": null,
            "s3_key": null,
            "s3_object_version": null,
            "signing_job_arn": "",
            "signing_profile_version_arn": "",
            "skip_destroy": false,
            "snap_start": [],
            "source_code_hash": "",
            "source_code_size": 16783815,
            "tags": {
              "STAGE": "genai"
            },
            "tags_all": {
              "STAGE": "genai"
            },
            "timeout": 6,
            "timeouts": null,
            "tracing_config": [
              {
                "mode": "PassThrough"
              }
            ],
            "version": "31",
            "vpc_config": []
          },
          "sensitive_attributes": [],
          "identity_schema_version": 0,
          "private": "eyJlMmJmYjczMC1lY2FhLTExZTYtOGY4OC0zNDM2M2JjN2M0YzAiOnsiY3JlYXRlIjo2MDAwMDAwMDAwMDAsImRlbGV0ZSI6NjAwMDAwMDAwMDAwLCJ1cGRhdGUiOjYwMDAwMDAwMDAwMH0sInNjaGVtYV92ZXJzaW9uIjoiMCJ9"
        },
        {
          "index_key": "rule_gateway_node",
          "schema_version": 0,
          "attributes": {
            "architectures": [
              "arm64"
            ],
            "arn": "arn:aws:lambda:eu-west-1:971422687659:function:one-journey-genai-ruleGatewayNode",
            "code_sha256": "buVlC06in83fkOs8lmXUf18o9Es9hkVxXxUg7BLibzY=",
            "code_signing_config_arn": "",
            "dead_letter_config": [],
            "description": "",
            "environment": [
              {
                "variables": {
                  "ACCOUNT_ID": "971422687659",
                  "API_ENDPOINT": "https://d5tcv80br4.execute-api.eu-west-1.amazonaws.com/genai/",
                  "AUDIOS_BUCKET": "one-journey-audiorecord-genai",
                  "CDN_ENDPOINT": "https://d7cnvwmb0wtsp.cloudfront.net/",
                  "COGNITO_USER_POOL": "eu-west-1_M21ToRrBa",
                  "COGNITO_USER_POOL_CLIENT": "2tonlc0fcbruoestl0c4fuj8ts",
                  "CORE_GDS_EVENT_ARN": "arn:aws:lambda:eu-west-1:971422687659:function:one-journey-genai-coreGDSEvent",
                  "CORE_S3_EVENT_ARN": "arn:aws:lambda:eu-west-1:971422687659:function:one-journey-genai-coreS3Event",
                  "CORS_ORIGIN": "*",
                  "DEBUG_LOG": "/aws/one-journey/one-journey-DebugLogs",
                  "DOMAIN_SUFFIX": "one-journey",
                  "DYNAMODB_TABLE_CHANNEL_MESSAGES": "one-journey-channel-messages",
                  "DYNAMODB_TABLE_COMMON_OBJECTS": "one-journey-common-objects",
                  "DYNAMODB_TABLE_COST": "one-journey-cost",
                  "DYNAMODB_TABLE_COUNTERS_STORAGE_CHANNEL": "one-journey-counters-storage-channel",
                  "DYNAMODB_TABLE_EXECUTIONS": "one-journey-executions",
                  "DYNAMODB_TABLE_EXECUTIONS_V5": "one-journey-executions-v5",
                  "DYNAMODB_TABLE_EXECUTIONS_V5_DETAIL": "one-journey-executions-v5-detail",
                  "DYNAMODB_TABLE_EXECUTIONS_V5_GSI_CREATED_AT": "one-journey-executions-v5-gsi-createdAt",
                  "DYNAMODB_TABLE_EXECUTIONS_V5_GSI_UPDATED_AT": "one-journey-executions-v5-gsi-updatedAt",
                  "DYNAMODB_TABLE_MUTEX_LOCK": "one-journey-mutex-lock",
                  "DYNAMODB_TABLE_SESSIONS": "one-journey-sessions",
                  "DYNAMODB_TABLE_STT_OPERATIONS": "one-journey-sttOperations",
                  "DYNAMODB_TABLE_SUSCRIPTIONS": "one-journey-suscriptions",
                  "DYNAMODB_TABLE_WEBSOCKETS_MANAGER": "one-journey-websockets-manager",
                  "DYNAMODB_TABLE_WORKFLOWS_BACKUP": "one-journey-workflows-backup",
                  "DYNAMODB_TABLE_WORKFLOW_CONTEXT": "one-journey-workflow-context",
                  "ERROR_LOG": "/aws/one-journey/one-journey-ErrorLogs",
                  "EVENTBRIDGE_MESSAGE_BUS": "one-journey-messages-bus-genai",
                  "HOSTING_BUCKET": "one-journey-hosting-bucket-genai",
                  "KENDRA_S3_ROLE_ARN": "arn:aws:iam::971422687659:role/OneJourneyKendraS3Role",
                  "KEYS_URL": "https://cognito-idp.eu-west-1.amazonaws.com/eu-west-1_M21ToRrBa/.well-known/jwks.json",
                  "MAIN_CONFIGURATION_ID": "@MAIN_CONFIGURATION",
                  "MAX_CHATGPT_RETRY_REQUEST": "5",
                  "ONE_JOURNEY_DATA_BUCKET": "one-journey-data-bucket-genai",
                  "ONE_JOURNEY_FILES_BUCKET": "one-journey-files-bucket-genai",
                  "PROCESS_TRANSCRIPTION_ARN": "arn:aws:lambda:eu-west-1:971422687659:function:one-journey-genai-processTranscription",
                  "REGION": "eu-west-1",
                  "SQS_BATCH_QUEUE_URL": "https://sqs.eu-west-1.amazonaws.com/971422687659/one-journey-batch-queue-genai",
                  "STAGE": "genai",
                  "STORAGE_PROCESS_LAMBDA_ARN": "arn:aws:lambda:eu-west-1:971422687659:function:one-journey-genai-manageFileStorage",
                  "STT_WEBHOOK_ARN": "arn:aws:lambda:eu-west-1:971422687659:function:one-journey-genai-sttWebhook",
                  "TRANSCRIPTIONS_BUCKET": "one-journey-transcriptions-genai",
                  "USER_POOL_CLIENT_ID": "2tonlc0fcbruoestl0c4fuj8ts",
                  "USER_POOL_ID": "eu-west-1_M21ToRrBa",
                  "VERSION": "v1",
                  "WEBSOCKET_API_ENDPOINT": "wss://mu5nzg1mp2.execute-api.eu-west-1.amazonaws.com/genai/"
                }
              }
            ],
            "ephemeral_storage": [
              {
                "size": 512
              }
            ],
            "file_system_config": [],
            "filename": null,
            "function_name": "one-journey-genai-ruleGatewayNode",
            "handler": "./src/api/v1/node/ruleGateway/event.handler",
            "id": "one-journey-genai-ruleGatewayNode",
            "image_config": [],
            "image_uri": "",
            "invoke_arn": "arn:aws:apigateway:eu-west-1:lambda:path/2015-03-31/functions/arn:aws:lambda:eu-west-1:971422687659:function:one-journey-genai-ruleGatewayNode/invocations",
            "kms_key_arn": "",
            "last_modified": "2025-09-29T14:28:34.000+0000",
            "layers": [],
            "logging_config": [
              {
                "application_log_level": "",
                "log_format": "Text",
                "log_group": "/aws/lambda/one-journey-genai-ruleGatewayNode",
                "system_log_level": ""
              }
            ],
            "memory_size": 1536,
            "package_type": "Zip",
            "publish": null,
            "qualified_arn": "arn:aws:lambda:eu-west-1:971422687659:function:one-journey-genai-ruleGatewayNode:30",
            "qualified_invoke_arn": "arn:aws:apigateway:eu-west-1:lambda:path/2015-03-31/functions/arn:aws:lambda:eu-west-1:971422687659:function:one-journey-genai-ruleGatewayNode:30/invocations",
            "replace_security_groups_on_destroy": null,
            "replacement_security_group_ids": null,
            "reserved_concurrent_executions": -1,
            "role": "arn:aws:iam::971422687659:role/one-journey-genai-ruleGatewayNode-eu-west-1-lambdaRole",
            "runtime": "nodejs20.x",
            "s3_bucket": null,
            "s3_key": null,
            "s3_object_version": null,
            "signing_job_arn": "",
            "signing_profile_version_arn": "",
            "skip_destroy": false,
            "snap_start": [],
            "source_code_hash": "",
            "source_code_size": 15696330,
            "tags": {
              "STAGE": "genai"
            },
            "tags_all": {
              "STAGE": "genai"
            },
            "timeout": 6,
            "timeouts": null,
            "tracing_config": [
              {
                "mode": "PassThrough"
              }
            ],
            "version": "30",
            "vpc_config": []
          },
          "sensitive_attributes": [],
          "identity_schema_version": 0,
          "private": "eyJlMmJmYjczMC1lY2FhLTExZTYtOGY4OC0zNDM2M2JjN2M0YzAiOnsiY3JlYXRlIjo2MDAwMDAwMDAwMDAsImRlbGV0ZSI6NjAwMDAwMDAwMDAwLCJ1cGRhdGUiOjYwMDAwMDAwMDAwMH0sInNjaGVtYV92ZXJzaW9uIjoiMCJ9"
        },
        {
          "index_key": "session_end",
          "schema_version": 0,
          "attributes": {
            "architectures": [
              "arm64"
            ],
            "arn": "arn:aws:lambda:eu-west-1:971422687659:function:one-journey-genai-sessionEnd",
            "code_sha256": "K4Amv6g6NoSbxGAWL1lgUsJPepHBFWcRnvkyHqKLzIw=",
            "code_signing_config_arn": "",
            "dead_letter_config": [],
            "description": "",
            "environment": [
              {
                "variables": {
                  "ACCOUNT_ID": "971422687659",
                  "API_ENDPOINT": "https://d5tcv80br4.execute-api.eu-west-1.amazonaws.com/genai/",
                  "AUDIOS_BUCKET": "one-journey-audiorecord-genai",
                  "CDN_ENDPOINT": "https://d7cnvwmb0wtsp.cloudfront.net/",
                  "COGNITO_USER_POOL": "eu-west-1_M21ToRrBa",
                  "COGNITO_USER_POOL_CLIENT": "2tonlc0fcbruoestl0c4fuj8ts",
                  "CORE_GDS_EVENT_ARN": "arn:aws:lambda:eu-west-1:971422687659:function:one-journey-genai-coreGDSEvent",
                  "CORE_S3_EVENT_ARN": "arn:aws:lambda:eu-west-1:971422687659:function:one-journey-genai-coreS3Event",
                  "CORS_ORIGIN": "*",
                  "DEBUG_LOG": "/aws/one-journey/one-journey-DebugLogs",
                  "DOMAIN_SUFFIX": "one-journey",
                  "DYNAMODB_TABLE_CHANNEL_MESSAGES": "one-journey-channel-messages",
                  "DYNAMODB_TABLE_COMMON_OBJECTS": "one-journey-common-objects",
                  "DYNAMODB_TABLE_COST": "one-journey-cost",
                  "DYNAMODB_TABLE_COUNTERS_STORAGE_CHANNEL": "one-journey-counters-storage-channel",
                  "DYNAMODB_TABLE_EXECUTIONS": "one-journey-executions",
                  "DYNAMODB_TABLE_EXECUTIONS_V5": "one-journey-executions-v5",
                  "DYNAMODB_TABLE_EXECUTIONS_V5_DETAIL": "one-journey-executions-v5-detail",
                  "DYNAMODB_TABLE_EXECUTIONS_V5_GSI_CREATED_AT": "one-journey-executions-v5-gsi-createdAt",
                  "DYNAMODB_TABLE_EXECUTIONS_V5_GSI_UPDATED_AT": "one-journey-executions-v5-gsi-updatedAt",
                  "DYNAMODB_TABLE_MUTEX_LOCK": "one-journey-mutex-lock",
                  "DYNAMODB_TABLE_SESSIONS": "one-journey-sessions",
                  "DYNAMODB_TABLE_STT_OPERATIONS": "one-journey-sttOperations",
                  "DYNAMODB_TABLE_SUSCRIPTIONS": "one-journey-suscriptions",
                  "DYNAMODB_TABLE_WEBSOCKETS_MANAGER": "one-journey-websockets-manager",
                  "DYNAMODB_TABLE_WORKFLOWS_BACKUP": "one-journey-workflows-backup",
                  "DYNAMODB_TABLE_WORKFLOW_CONTEXT": "one-journey-workflow-context",
                  "ERROR_LOG": "/aws/one-journey/one-journey-ErrorLogs",
                  "EVENTBRIDGE_MESSAGE_BUS": "one-journey-messages-bus-genai",
                  "HOSTING_BUCKET": "one-journey-hosting-bucket-genai",
                  "KENDRA_S3_ROLE_ARN": "arn:aws:iam::971422687659:role/OneJourneyKendraS3Role",
                  "KEYS_URL": "https://cognito-idp.eu-west-1.amazonaws.com/eu-west-1_M21ToRrBa/.well-known/jwks.json",
                  "MAIN_CONFIGURATION_ID": "@MAIN_CONFIGURATION",
                  "MAX_CHATGPT_RETRY_REQUEST": "5",
                  "ONE_JOURNEY_DATA_BUCKET": "one-journey-data-bucket-genai",
                  "ONE_JOURNEY_FILES_BUCKET": "one-journey-files-bucket-genai",
                  "PROCESS_TRANSCRIPTION_ARN": "arn:aws:lambda:eu-west-1:971422687659:function:one-journey-genai-processTranscription",
                  "REGION": "eu-west-1",
                  "SQS_BATCH_QUEUE_URL": "https://sqs.eu-west-1.amazonaws.com/971422687659/one-journey-batch-queue-genai",
                  "STAGE": "genai",
                  "STORAGE_PROCESS_LAMBDA_ARN": "arn:aws:lambda:eu-west-1:971422687659:function:one-journey-genai-manageFileStorage",
                  "STT_WEBHOOK_ARN": "arn:aws:lambda:eu-west-1:971422687659:function:one-journey-genai-sttWebhook",
                  "TRANSCRIPTIONS_BUCKET": "one-journey-transcriptions-genai",
                  "USER_POOL_CLIENT_ID": "2tonlc0fcbruoestl0c4fuj8ts",
                  "USER_POOL_ID": "eu-west-1_M21ToRrBa",
                  "VERSION": "v1",
                  "WEBSOCKET_API_ENDPOINT": "wss://mu5nzg1mp2.execute-api.eu-west-1.amazonaws.com/genai/"
                }
              }
            ],
            "ephemeral_storage": [
              {
                "size": 512
              }
            ],
            "file_system_config": [],
            "filename": null,
            "function_name": "one-journey-genai-sessionEnd",
            "handler": "./src/api/v1/core/session/event.handler",
            "id": "one-journey-genai-sessionEnd",
            "image_config": [],
            "image_uri": "",
            "invoke_arn": "arn:aws:apigateway:eu-west-1:lambda:path/2015-03-31/functions/arn:aws:lambda:eu-west-1:971422687659:function:one-journey-genai-sessionEnd/invocations",
            "kms_key_arn": "",
            "last_modified": "2025-09-29T14:28:36.000+0000",
            "layers": [],
            "logging_config": [
              {
                "application_log_level": "",
                "log_format": "Text",
                "log_group": "/aws/lambda/one-journey-genai-sessionEnd",
                "system_log_level": ""
              }
            ],
            "memory_size": 1536,
            "package_type": "Zip",
            "publish": null,
            "qualified_arn": "arn:aws:lambda:eu-west-1:971422687659:function:one-journey-genai-sessionEnd:30",
            "qualified_invoke_arn": "arn:aws:apigateway:eu-west-1:lambda:path/2015-03-31/functions/arn:aws:lambda:eu-west-1:971422687659:function:one-journey-genai-sessionEnd:30/invocations",
            "replace_security_groups_on_destroy": null,
            "replacement_security_group_ids": null,
            "reserved_concurrent_executions": -1,
            "role": "arn:aws:iam::971422687659:role/one-journey-genai-sessionEnd-eu-west-1-lambdaRole",
            "runtime": "nodejs20.x",
            "s3_bucket": null,
            "s3_key": null,
            "s3_object_version": null,
            "signing_job_arn": "",
            "signing_profile_version_arn": "",
            "skip_destroy": false,
            "snap_start": [],
            "source_code_hash": "",
            "source_code_size": 26250065,
            "tags": {
              "STAGE": "genai"
            },
            "tags_all": {
              "STAGE": "genai"
            },
            "timeout": 6,
            "timeouts": null,
            "tracing_config": [
              {
                "mode": "PassThrough"
              }
            ],
            "version": "30",
            "vpc_config": []
          },
          "sensitive_attributes": [],
          "identity_schema_version": 0,
          "private": "eyJlMmJmYjczMC1lY2FhLTExZTYtOGY4OC0zNDM2M2JjN2M0YzAiOnsiY3JlYXRlIjo2MDAwMDAwMDAwMDAsImRlbGV0ZSI6NjAwMDAwMDAwMDAwLCJ1cGRhdGUiOjYwMDAwMDAwMDAwMH0sInNjaGVtYV92ZXJzaW9uIjoiMCJ9"
        },
        {
          "index_key": "signalwire_webhook",
          "schema_version": 0,
          "attributes": {
            "architectures": [
              "x86_64"
            ],
            "arn": "arn:aws:lambda:eu-west-1:971422687659:function:one-journey-genai-signalwireWebhook",
            "code_sha256": "omaDPaIPutmELI09+LzF+uhI5nD0i0SQ/FuLJVhmTN4=",
            "code_signing_config_arn": "",
            "dead_letter_config": [],
            "description": "",
            "environment": [
              {
                "variables": {
                  "ACCOUNT_ID": "971422687659",
                  "API_ENDPOINT": "https://d5tcv80br4.execute-api.eu-west-1.amazonaws.com/genai/",
                  "AUDIOS_BUCKET": "one-journey-audiorecord-genai",
                  "CDN_ENDPOINT": "https://d7cnvwmb0wtsp.cloudfront.net/",
                  "COGNITO_USER_POOL": "eu-west-1_M21ToRrBa",
                  "COGNITO_USER_POOL_CLIENT": "2tonlc0fcbruoestl0c4fuj8ts",
                  "CORE_GDS_EVENT_ARN": "arn:aws:lambda:eu-west-1:971422687659:function:one-journey-genai-coreGDSEvent",
                  "CORE_S3_EVENT_ARN": "arn:aws:lambda:eu-west-1:971422687659:function:one-journey-genai-coreS3Event",
                  "CORS_ORIGIN": "*",
                  "DEBUG_LOG": "/aws/one-journey/one-journey-DebugLogs",
                  "DOMAIN_SUFFIX": "one-journey",
                  "DYNAMODB_TABLE_CHANNEL_MESSAGES": "one-journey-channel-messages",
                  "DYNAMODB_TABLE_COMMON_OBJECTS": "one-journey-common-objects",
                  "DYNAMODB_TABLE_COST": "one-journey-cost",
                  "DYNAMODB_TABLE_COUNTERS_STORAGE_CHANNEL": "one-journey-counters-storage-channel",
                  "DYNAMODB_TABLE_EXECUTIONS": "one-journey-executions",
                  "DYNAMODB_TABLE_EXECUTIONS_V5": "one-journey-executions-v5",
                  "DYNAMODB_TABLE_EXECUTIONS_V5_DETAIL": "one-journey-executions-v5-detail",
                  "DYNAMODB_TABLE_EXECUTIONS_V5_GSI_CREATED_AT": "one-journey-executions-v5-gsi-createdAt",
                  "DYNAMODB_TABLE_EXECUTIONS_V5_GSI_UPDATED_AT": "one-journey-executions-v5-gsi-updatedAt",
                  "DYNAMODB_TABLE_MUTEX_LOCK": "one-journey-mutex-lock",
                  "DYNAMODB_TABLE_SESSIONS": "one-journey-sessions",
                  "DYNAMODB_TABLE_STT_OPERATIONS": "one-journey-sttOperations",
                  "DYNAMODB_TABLE_SUSCRIPTIONS": "one-journey-suscriptions",
                  "DYNAMODB_TABLE_WEBSOCKETS_MANAGER": "one-journey-websockets-manager",
                  "DYNAMODB_TABLE_WORKFLOWS_BACKUP": "one-journey-workflows-backup",
                  "DYNAMODB_TABLE_WORKFLOW_CONTEXT": "one-journey-workflow-context",
                  "ERROR_LOG": "/aws/one-journey/one-journey-ErrorLogs",
                  "EVENTBRIDGE_MESSAGE_BUS": "one-journey-messages-bus-genai",
                  "HOSTING_BUCKET": "one-journey-hosting-bucket-genai",
                  "KENDRA_S3_ROLE_ARN": "arn:aws:iam::971422687659:role/OneJourneyKendraS3Role",
                  "KEYS_URL": "https://cognito-idp.eu-west-1.amazonaws.com/eu-west-1_M21ToRrBa/.well-known/jwks.json",
                  "MAIN_CONFIGURATION_ID": "@MAIN_CONFIGURATION",
                  "MAX_CHATGPT_RETRY_REQUEST": "5",
                  "ONE_JOURNEY_DATA_BUCKET": "one-journey-data-bucket-genai",
                  "ONE_JOURNEY_FILES_BUCKET": "one-journey-files-bucket-genai",
                  "PROCESS_TRANSCRIPTION_ARN": "arn:aws:lambda:eu-west-1:971422687659:function:one-journey-genai-processTranscription",
                  "REGION": "eu-west-1",
                  "SQS_BATCH_QUEUE_URL": "https://sqs.eu-west-1.amazonaws.com/971422687659/one-journey-batch-queue-genai",
                  "STAGE": "genai",
                  "STORAGE_PROCESS_LAMBDA_ARN": "arn:aws:lambda:eu-west-1:971422687659:function:one-journey-genai-manageFileStorage",
                  "STT_WEBHOOK_ARN": "arn:aws:lambda:eu-west-1:971422687659:function:one-journey-genai-sttWebhook",
                  "TRANSCRIPTIONS_BUCKET": "one-journey-transcriptions-genai",
                  "USER_POOL_CLIENT_ID": "2tonlc0fcbruoestl0c4fuj8ts",
                  "USER_POOL_ID": "eu-west-1_M21ToRrBa",
                  "VERSION": "v1",
                  "WEBSOCKET_API_ENDPOINT": "wss://mu5nzg1mp2.execute-api.eu-west-1.amazonaws.com/genai/"
                }
              }
            ],
            "ephemeral_storage": [
              {
                "size": 512
              }
            ],
            "file_system_config": [],
            "filename": null,
            "function_name": "one-journey-genai-signalwireWebhook",
            "handler": "src/api/v1/channel/signalwire/webhook.handler",
            "id": "one-journey-genai-signalwireWebhook",
            "image_config": [],
            "image_uri": "",
            "invoke_arn": "arn:aws:apigateway:eu-west-1:lambda:path/2015-03-31/functions/arn:aws:lambda:eu-west-1:971422687659:function:one-journey-genai-signalwireWebhook/invocations",
            "kms_key_arn": "",
            "last_modified": "2025-09-29T14:28:34.000+0000",
            "layers": [
              "arn:aws:lambda:eu-west-1:971422687659:layer:genAILibs:16"
            ],
            "logging_config": [
              {
                "application_log_level": "",
                "log_format": "Text",
                "log_group": "/aws/lambda/one-journey-genai-signalwireWebhook",
                "system_log_level": ""
              }
            ],
            "memory_size": 1536,
            "package_type": "Zip",
            "publish": null,
            "qualified_arn": "arn:aws:lambda:eu-west-1:971422687659:function:one-journey-genai-signalwireWebhook:28",
            "qualified_invoke_arn": "arn:aws:apigateway:eu-west-1:lambda:path/2015-03-31/functions/arn:aws:lambda:eu-west-1:971422687659:function:one-journey-genai-signalwireWebhook:28/invocations",
            "replace_security_groups_on_destroy": null,
            "replacement_security_group_ids": null,
            "reserved_concurrent_executions": -1,
            "role": "arn:aws:iam::971422687659:role/one-journey-genai-signalwireWebhook-eu-west-1-lambdaRole",
            "runtime": "nodejs20.x",
            "s3_bucket": null,
            "s3_key": null,
            "s3_object_version": null,
            "signing_job_arn": "",
            "signing_profile_version_arn": "",
            "skip_destroy": false,
            "snap_start": [],
            "source_code_hash": "",
            "source_code_size": 24509850,
            "tags": {
              "STAGE": "genai"
            },
            "tags_all": {
              "STAGE": "genai"
            },
            "timeout": 6,
            "timeouts": null,
            "tracing_config": [
              {
                "mode": "PassThrough"
              }
            ],
            "version": "28",
            "vpc_config": []
          },
          "sensitive_attributes": [],
          "identity_schema_version": 0,
          "private": "eyJlMmJmYjczMC1lY2FhLTExZTYtOGY4OC0zNDM2M2JjN2M0YzAiOnsiY3JlYXRlIjo2MDAwMDAwMDAwMDAsImRlbGV0ZSI6NjAwMDAwMDAwMDAwLCJ1cGRhdGUiOjYwMDAwMDAwMDAwMH0sInNjaGVtYV92ZXJzaW9uIjoiMCJ9"
        },
        {
          "index_key": "speech_to_text_node",
          "schema_version": 0,
          "attributes": {
            "architectures": [
              "x86_64"
            ],
            "arn": "arn:aws:lambda:eu-west-1:971422687659:function:one-journey-genai-speechToTextNode",
            "code_sha256": "me8ksLytyuiCRUl/IKr/quaOOHSjpwHb29lDnLQPOyE=",
            "code_signing_config_arn": "",
            "dead_letter_config": [],
            "description": "",
            "environment": [
              {
                "variables": {
                  "ACCOUNT_ID": "971422687659",
                  "API_ENDPOINT": "https://d5tcv80br4.execute-api.eu-west-1.amazonaws.com/genai/",
                  "AUDIOS_BUCKET": "one-journey-audiorecord-genai",
                  "CDN_ENDPOINT": "https://d7cnvwmb0wtsp.cloudfront.net/",
                  "COGNITO_USER_POOL": "eu-west-1_M21ToRrBa",
                  "COGNITO_USER_POOL_CLIENT": "2tonlc0fcbruoestl0c4fuj8ts",
                  "CORE_GDS_EVENT_ARN": "arn:aws:lambda:eu-west-1:971422687659:function:one-journey-genai-coreGDSEvent",
                  "CORE_S3_EVENT_ARN": "arn:aws:lambda:eu-west-1:971422687659:function:one-journey-genai-coreS3Event",
                  "CORS_ORIGIN": "*",
                  "DEBUG_LOG": "/aws/one-journey/one-journey-DebugLogs",
                  "DOMAIN_SUFFIX": "one-journey",
                  "DYNAMODB_TABLE_CHANNEL_MESSAGES": "one-journey-channel-messages",
                  "DYNAMODB_TABLE_COMMON_OBJECTS": "one-journey-common-objects",
                  "DYNAMODB_TABLE_COST": "one-journey-cost",
                  "DYNAMODB_TABLE_COUNTERS_STORAGE_CHANNEL": "one-journey-counters-storage-channel",
                  "DYNAMODB_TABLE_EXECUTIONS": "one-journey-executions",
                  "DYNAMODB_TABLE_EXECUTIONS_V5": "one-journey-executions-v5",
                  "DYNAMODB_TABLE_EXECUTIONS_V5_DETAIL": "one-journey-executions-v5-detail",
                  "DYNAMODB_TABLE_EXECUTIONS_V5_GSI_CREATED_AT": "one-journey-executions-v5-gsi-createdAt",
                  "DYNAMODB_TABLE_EXECUTIONS_V5_GSI_UPDATED_AT": "one-journey-executions-v5-gsi-updatedAt",
                  "DYNAMODB_TABLE_MUTEX_LOCK": "one-journey-mutex-lock",
                  "DYNAMODB_TABLE_SESSIONS": "one-journey-sessions",
                  "DYNAMODB_TABLE_STT_OPERATIONS": "one-journey-sttOperations",
                  "DYNAMODB_TABLE_SUSCRIPTIONS": "one-journey-suscriptions",
                  "DYNAMODB_TABLE_WEBSOCKETS_MANAGER": "one-journey-websockets-manager",
                  "DYNAMODB_TABLE_WORKFLOWS_BACKUP": "one-journey-workflows-backup",
                  "DYNAMODB_TABLE_WORKFLOW_CONTEXT": "one-journey-workflow-context",
                  "ERROR_LOG": "/aws/one-journey/one-journey-ErrorLogs",
                  "EVENTBRIDGE_MESSAGE_BUS": "one-journey-messages-bus-genai",
                  "HOSTING_BUCKET": "one-journey-hosting-bucket-genai",
                  "KENDRA_S3_ROLE_ARN": "arn:aws:iam::971422687659:role/OneJourneyKendraS3Role",
                  "KEYS_URL": "https://cognito-idp.eu-west-1.amazonaws.com/eu-west-1_M21ToRrBa/.well-known/jwks.json",
                  "MAIN_CONFIGURATION_ID": "@MAIN_CONFIGURATION",
                  "MAX_CHATGPT_RETRY_REQUEST": "5",
                  "ONE_JOURNEY_DATA_BUCKET": "one-journey-data-bucket-genai",
                  "ONE_JOURNEY_FILES_BUCKET": "one-journey-files-bucket-genai",
                  "PROCESS_TRANSCRIPTION_ARN": "arn:aws:lambda:eu-west-1:971422687659:function:one-journey-genai-processTranscription",
                  "REGION": "eu-west-1",
                  "SQS_BATCH_QUEUE_URL": "https://sqs.eu-west-1.amazonaws.com/971422687659/one-journey-batch-queue-genai",
                  "STAGE": "genai",
                  "STORAGE_PROCESS_LAMBDA_ARN": "arn:aws:lambda:eu-west-1:971422687659:function:one-journey-genai-manageFileStorage",
                  "STT_WEBHOOK_ARN": "arn:aws:lambda:eu-west-1:971422687659:function:one-journey-genai-sttWebhook",
                  "TRANSCRIPTIONS_BUCKET": "one-journey-transcriptions-genai",
                  "USER_POOL_CLIENT_ID": "2tonlc0fcbruoestl0c4fuj8ts",
                  "USER_POOL_ID": "eu-west-1_M21ToRrBa",
                  "VERSION": "v1",
                  "WEBSOCKET_API_ENDPOINT": "wss://mu5nzg1mp2.execute-api.eu-west-1.amazonaws.com/genai/"
                }
              }
            ],
            "ephemeral_storage": [
              {
                "size": 512
              }
            ],
            "file_system_config": [],
            "filename": null,
            "function_name": "one-journey-genai-speechToTextNode",
            "handler": "./src/api/v1/node/speechToText/event.handler",
            "id": "one-journey-genai-speechToTextNode",
            "image_config": [],
            "image_uri": "",
            "invoke_arn": "arn:aws:apigateway:eu-west-1:lambda:path/2015-03-31/functions/arn:aws:lambda:eu-west-1:971422687659:function:one-journey-genai-speechToTextNode/invocations",
            "kms_key_arn": "",
            "last_modified": "2025-09-29T14:28:34.000+0000",
            "layers": [
              "arn:aws:lambda:eu-west-1:971422687659:layer:genAILibs:16",
              "arn:aws:lambda:eu-west-1:971422687659:layer:googleStorage:11"
            ],
            "logging_config": [
              {
                "application_log_level": "",
                "log_format": "Text",
                "log_group": "/aws/lambda/one-journey-genai-speechToTextNode",
                "system_log_level": ""
              }
            ],
            "memory_size": 1536,
            "package_type": "Zip",
            "publish": null,
            "qualified_arn": "arn:aws:lambda:eu-west-1:971422687659:function:one-journey-genai-speechToTextNode:10",
            "qualified_invoke_arn": "arn:aws:apigateway:eu-west-1:lambda:path/2015-03-31/functions/arn:aws:lambda:eu-west-1:971422687659:function:one-journey-genai-speechToTextNode:10/invocations",
            "replace_security_groups_on_destroy": null,
            "replacement_security_group_ids": null,
            "reserved_concurrent_executions": -1,
            "role": "arn:aws:iam::971422687659:role/one-journey-genai-speechToTextNode-eu-west-1-lambdaRole",
            "runtime": "nodejs20.x",
            "s3_bucket": null,
            "s3_key": null,
            "s3_object_version": null,
            "signing_job_arn": "",
            "signing_profile_version_arn": "",
            "skip_destroy": false,
            "snap_start": [],
            "source_code_hash": "",
            "source_code_size": 24599560,
            "tags": {
              "STAGE": "genai"
            },
            "tags_all": {
              "STAGE": "genai"
            },
            "timeout": 120,
            "timeouts": null,
            "tracing_config": [
              {
                "mode": "PassThrough"
              }
            ],
            "version": "10",
            "vpc_config": []
          },
          "sensitive_attributes": [],
          "identity_schema_version": 0,
          "private": "eyJlMmJmYjczMC1lY2FhLTExZTYtOGY4OC0zNDM2M2JjN2M0YzAiOnsiY3JlYXRlIjo2MDAwMDAwMDAwMDAsImRlbGV0ZSI6NjAwMDAwMDAwMDAwLCJ1cGRhdGUiOjYwMDAwMDAwMDAwMH0sInNjaGVtYV92ZXJzaW9uIjoiMCJ9"
        },
        {
          "index_key": "step_function_delete",
          "schema_version": 0,
          "attributes": {
            "architectures": [
              "arm64"
            ],
            "arn": "arn:aws:lambda:eu-west-1:971422687659:function:one-journey-genai-stepFunctionDelete",
            "code_sha256": "jbH92XOniv1BiMae3l9rl14W6guA2Z7rMnIr/y5HeFc=",
            "code_signing_config_arn": "",
            "dead_letter_config": [],
            "description": "",
            "environment": [
              {
                "variables": {
                  "ACCOUNT_ID": "971422687659",
                  "API_ENDPOINT": "https://d5tcv80br4.execute-api.eu-west-1.amazonaws.com/genai/",
                  "AUDIOS_BUCKET": "one-journey-audiorecord-genai",
                  "CDN_ENDPOINT": "https://d7cnvwmb0wtsp.cloudfront.net/",
                  "COGNITO_USER_POOL": "eu-west-1_M21ToRrBa",
                  "COGNITO_USER_POOL_CLIENT": "2tonlc0fcbruoestl0c4fuj8ts",
                  "CORE_GDS_EVENT_ARN": "arn:aws:lambda:eu-west-1:971422687659:function:one-journey-genai-coreGDSEvent",
                  "CORE_S3_EVENT_ARN": "arn:aws:lambda:eu-west-1:971422687659:function:one-journey-genai-coreS3Event",
                  "CORS_ORIGIN": "*",
                  "DEBUG_LOG": "/aws/one-journey/one-journey-DebugLogs",
                  "DOMAIN_SUFFIX": "one-journey",
                  "DYNAMODB_TABLE_CHANNEL_MESSAGES": "one-journey-channel-messages",
                  "DYNAMODB_TABLE_COMMON_OBJECTS": "one-journey-common-objects",
                  "DYNAMODB_TABLE_COST": "one-journey-cost",
                  "DYNAMODB_TABLE_COUNTERS_STORAGE_CHANNEL": "one-journey-counters-storage-channel",
                  "DYNAMODB_TABLE_EXECUTIONS": "one-journey-executions",
                  "DYNAMODB_TABLE_EXECUTIONS_V5": "one-journey-executions-v5",
                  "DYNAMODB_TABLE_EXECUTIONS_V5_DETAIL": "one-journey-executions-v5-detail",
                  "DYNAMODB_TABLE_EXECUTIONS_V5_GSI_CREATED_AT": "one-journey-executions-v5-gsi-createdAt",
                  "DYNAMODB_TABLE_EXECUTIONS_V5_GSI_UPDATED_AT": "one-journey-executions-v5-gsi-updatedAt",
                  "DYNAMODB_TABLE_MUTEX_LOCK": "one-journey-mutex-lock",
                  "DYNAMODB_TABLE_SESSIONS": "one-journey-sessions",
                  "DYNAMODB_TABLE_STT_OPERATIONS": "one-journey-sttOperations",
                  "DYNAMODB_TABLE_SUSCRIPTIONS": "one-journey-suscriptions",
                  "DYNAMODB_TABLE_WEBSOCKETS_MANAGER": "one-journey-websockets-manager",
                  "DYNAMODB_TABLE_WORKFLOWS_BACKUP": "one-journey-workflows-backup",
                  "DYNAMODB_TABLE_WORKFLOW_CONTEXT": "one-journey-workflow-context",
                  "ERROR_LOG": "/aws/one-journey/one-journey-ErrorLogs",
                  "EVENTBRIDGE_MESSAGE_BUS": "one-journey-messages-bus-genai",
                  "HOSTING_BUCKET": "one-journey-hosting-bucket-genai",
                  "KENDRA_S3_ROLE_ARN": "arn:aws:iam::971422687659:role/OneJourneyKendraS3Role",
                  "KEYS_URL": "https://cognito-idp.eu-west-1.amazonaws.com/eu-west-1_M21ToRrBa/.well-known/jwks.json",
                  "MAIN_CONFIGURATION_ID": "@MAIN_CONFIGURATION",
                  "MAX_CHATGPT_RETRY_REQUEST": "5",
                  "ONE_JOURNEY_DATA_BUCKET": "one-journey-data-bucket-genai",
                  "ONE_JOURNEY_FILES_BUCKET": "one-journey-files-bucket-genai",
                  "PROCESS_TRANSCRIPTION_ARN": "arn:aws:lambda:eu-west-1:971422687659:function:one-journey-genai-processTranscription",
                  "REGION": "eu-west-1",
                  "SQS_BATCH_QUEUE_URL": "https://sqs.eu-west-1.amazonaws.com/971422687659/one-journey-batch-queue-genai",
                  "STAGE": "genai",
                  "STORAGE_PROCESS_LAMBDA_ARN": "arn:aws:lambda:eu-west-1:971422687659:function:one-journey-genai-manageFileStorage",
                  "STT_WEBHOOK_ARN": "arn:aws:lambda:eu-west-1:971422687659:function:one-journey-genai-sttWebhook",
                  "TRANSCRIPTIONS_BUCKET": "one-journey-transcriptions-genai",
                  "USER_POOL_CLIENT_ID": "2tonlc0fcbruoestl0c4fuj8ts",
                  "USER_POOL_ID": "eu-west-1_M21ToRrBa",
                  "VERSION": "v1",
                  "WEBSOCKET_API_ENDPOINT": "wss://mu5nzg1mp2.execute-api.eu-west-1.amazonaws.com/genai/"
                }
              }
            ],
            "ephemeral_storage": [
              {
                "size": 512
              }
            ],
            "file_system_config": [],
            "filename": null,
            "function_name": "one-journey-genai-stepFunctionDelete",
            "handler": "src/api/v1/endpoint/step-function/delete.handler",
            "id": "one-journey-genai-stepFunctionDelete",
            "image_config": [],
            "image_uri": "",
            "invoke_arn": "arn:aws:apigateway:eu-west-1:lambda:path/2015-03-31/functions/arn:aws:lambda:eu-west-1:971422687659:function:one-journey-genai-stepFunctionDelete/invocations",
            "kms_key_arn": "",
            "last_modified": "2025-09-29T14:28:37.000+0000",
            "layers": [],
            "logging_config": [
              {
                "application_log_level": "",
                "log_format": "Text",
                "log_group": "/aws/lambda/one-journey-genai-stepFunctionDelete",
                "system_log_level": ""
              }
            ],
            "memory_size": 1536,
            "package_type": "Zip",
            "publish": null,
            "qualified_arn": "arn:aws:lambda:eu-west-1:971422687659:function:one-journey-genai-stepFunctionDelete:30",
            "qualified_invoke_arn": "arn:aws:apigateway:eu-west-1:lambda:path/2015-03-31/functions/arn:aws:lambda:eu-west-1:971422687659:function:one-journey-genai-stepFunctionDelete:30/invocations",
            "replace_security_groups_on_destroy": null,
            "replacement_security_group_ids": null,
            "reserved_concurrent_executions": -1,
            "role": "arn:aws:iam::971422687659:role/one-journey-genai-stepFunctionDelete-eu-west-1-lambdaRole",
            "runtime": "nodejs20.x",
            "s3_bucket": null,
            "s3_key": null,
            "s3_object_version": null,
            "signing_job_arn": "",
            "signing_profile_version_arn": "",
            "skip_destroy": false,
            "snap_start": [],
            "source_code_hash": "",
            "source_code_size": 15696965,
            "tags": {
              "STAGE": "genai"
            },
            "tags_all": {
              "STAGE": "genai"
            },
            "timeout": 6,
            "timeouts": null,
            "tracing_config": [
              {
                "mode": "PassThrough"
              }
            ],
            "version": "30",
            "vpc_config": []
          },
          "sensitive_attributes": [],
          "identity_schema_version": 0,
          "private": "eyJlMmJmYjczMC1lY2FhLTExZTYtOGY4OC0zNDM2M2JjN2M0YzAiOnsiY3JlYXRlIjo2MDAwMDAwMDAwMDAsImRlbGV0ZSI6NjAwMDAwMDAwMDAwLCJ1cGRhdGUiOjYwMDAwMDAwMDAwMH0sInNjaGVtYV92ZXJzaW9uIjoiMCJ9"
        },
        {
          "index_key": "step_function_list",
          "schema_version": 0,
          "attributes": {
            "architectures": [
              "arm64"
            ],
            "arn": "arn:aws:lambda:eu-west-1:971422687659:function:one-journey-genai-stepFunctionList",
            "code_sha256": "QKTXxHOqYwbyzuE/uU0Kt8zBBl0B0934SyBXyl9bNaE=",
            "code_signing_config_arn": "",
            "dead_letter_config": [],
            "description": "",
            "environment": [
              {
                "variables": {
                  "ACCOUNT_ID": "971422687659",
                  "API_ENDPOINT": "https://d5tcv80br4.execute-api.eu-west-1.amazonaws.com/genai/",
                  "AUDIOS_BUCKET": "one-journey-audiorecord-genai",
                  "CDN_ENDPOINT": "https://d7cnvwmb0wtsp.cloudfront.net/",
                  "COGNITO_USER_POOL": "eu-west-1_M21ToRrBa",
                  "COGNITO_USER_POOL_CLIENT": "2tonlc0fcbruoestl0c4fuj8ts",
                  "CORE_GDS_EVENT_ARN": "arn:aws:lambda:eu-west-1:971422687659:function:one-journey-genai-coreGDSEvent",
                  "CORE_S3_EVENT_ARN": "arn:aws:lambda:eu-west-1:971422687659:function:one-journey-genai-coreS3Event",
                  "CORS_ORIGIN": "*",
                  "DEBUG_LOG": "/aws/one-journey/one-journey-DebugLogs",
                  "DOMAIN_SUFFIX": "one-journey",
                  "DYNAMODB_TABLE_CHANNEL_MESSAGES": "one-journey-channel-messages",
                  "DYNAMODB_TABLE_COMMON_OBJECTS": "one-journey-common-objects",
                  "DYNAMODB_TABLE_COST": "one-journey-cost",
                  "DYNAMODB_TABLE_COUNTERS_STORAGE_CHANNEL": "one-journey-counters-storage-channel",
                  "DYNAMODB_TABLE_EXECUTIONS": "one-journey-executions",
                  "DYNAMODB_TABLE_EXECUTIONS_V5": "one-journey-executions-v5",
                  "DYNAMODB_TABLE_EXECUTIONS_V5_DETAIL": "one-journey-executions-v5-detail",
                  "DYNAMODB_TABLE_EXECUTIONS_V5_GSI_CREATED_AT": "one-journey-executions-v5-gsi-createdAt",
                  "DYNAMODB_TABLE_EXECUTIONS_V5_GSI_UPDATED_AT": "one-journey-executions-v5-gsi-updatedAt",
                  "DYNAMODB_TABLE_MUTEX_LOCK": "one-journey-mutex-lock",
                  "DYNAMODB_TABLE_SESSIONS": "one-journey-sessions",
                  "DYNAMODB_TABLE_STT_OPERATIONS": "one-journey-sttOperations",
                  "DYNAMODB_TABLE_SUSCRIPTIONS": "one-journey-suscriptions",
                  "DYNAMODB_TABLE_WEBSOCKETS_MANAGER": "one-journey-websockets-manager",
                  "DYNAMODB_TABLE_WORKFLOWS_BACKUP": "one-journey-workflows-backup",
                  "DYNAMODB_TABLE_WORKFLOW_CONTEXT": "one-journey-workflow-context",
                  "ERROR_LOG": "/aws/one-journey/one-journey-ErrorLogs",
                  "EVENTBRIDGE_MESSAGE_BUS": "one-journey-messages-bus-genai",
                  "HOSTING_BUCKET": "one-journey-hosting-bucket-genai",
                  "KENDRA_S3_ROLE_ARN": "arn:aws:iam::971422687659:role/OneJourneyKendraS3Role",
                  "KEYS_URL": "https://cognito-idp.eu-west-1.amazonaws.com/eu-west-1_M21ToRrBa/.well-known/jwks.json",
                  "MAIN_CONFIGURATION_ID": "@MAIN_CONFIGURATION",
                  "MAX_CHATGPT_RETRY_REQUEST": "5",
                  "ONE_JOURNEY_DATA_BUCKET": "one-journey-data-bucket-genai",
                  "ONE_JOURNEY_FILES_BUCKET": "one-journey-files-bucket-genai",
                  "PROCESS_TRANSCRIPTION_ARN": "arn:aws:lambda:eu-west-1:971422687659:function:one-journey-genai-processTranscription",
                  "REGION": "eu-west-1",
                  "SQS_BATCH_QUEUE_URL": "https://sqs.eu-west-1.amazonaws.com/971422687659/one-journey-batch-queue-genai",
                  "STAGE": "genai",
                  "STORAGE_PROCESS_LAMBDA_ARN": "arn:aws:lambda:eu-west-1:971422687659:function:one-journey-genai-manageFileStorage",
                  "STT_WEBHOOK_ARN": "arn:aws:lambda:eu-west-1:971422687659:function:one-journey-genai-sttWebhook",
                  "TRANSCRIPTIONS_BUCKET": "one-journey-transcriptions-genai",
                  "USER_POOL_CLIENT_ID": "2tonlc0fcbruoestl0c4fuj8ts",
                  "USER_POOL_ID": "eu-west-1_M21ToRrBa",
                  "VERSION": "v1",
                  "WEBSOCKET_API_ENDPOINT": "wss://mu5nzg1mp2.execute-api.eu-west-1.amazonaws.com/genai/"
                }
              }
            ],
            "ephemeral_storage": [
              {
                "size": 512
              }
            ],
            "file_system_config": [],
            "filename": null,
            "function_name": "one-journey-genai-stepFunctionList",
            "handler": "src/api/v1/endpoint/step-function/list.handler",
            "id": "one-journey-genai-stepFunctionList",
            "image_config": [],
            "image_uri": "",
            "invoke_arn": "arn:aws:apigateway:eu-west-1:lambda:path/2015-03-31/functions/arn:aws:lambda:eu-west-1:971422687659:function:one-journey-genai-stepFunctionList/invocations",
            "kms_key_arn": "",
            "last_modified": "2025-09-29T14:28:37.000+0000",
            "layers": [],
            "logging_config": [
              {
                "application_log_level": "",
                "log_format": "Text",
                "log_group": "/aws/lambda/one-journey-genai-stepFunctionList",
                "system_log_level": ""
              }
            ],
            "memory_size": 1536,
            "package_type": "Zip",
            "publish": null,
            "qualified_arn": "arn:aws:lambda:eu-west-1:971422687659:function:one-journey-genai-stepFunctionList:30",
            "qualified_invoke_arn": "arn:aws:apigateway:eu-west-1:lambda:path/2015-03-31/functions/arn:aws:lambda:eu-west-1:971422687659:function:one-journey-genai-stepFunctionList:30/invocations",
            "replace_security_groups_on_destroy": null,
            "replacement_security_group_ids": null,
            "reserved_concurrent_executions": -1,
            "role": "arn:aws:iam::971422687659:role/one-journey-genai-stepFunctionList-eu-west-1-lambdaRole",
            "runtime": "nodejs20.x",
            "s3_bucket": null,
            "s3_key": null,
            "s3_object_version": null,
            "signing_job_arn": "",
            "signing_profile_version_arn": "",
            "skip_destroy": false,
            "snap_start": [],
            "source_code_hash": "",
            "source_code_size": 15695812,
            "tags": {
              "STAGE": "genai"
            },
            "tags_all": {
              "STAGE": "genai"
            },
            "timeout": 6,
            "timeouts": null,
            "tracing_config": [
              {
                "mode": "PassThrough"
              }
            ],
            "version": "30",
            "vpc_config": []
          },
          "sensitive_attributes": [],
          "identity_schema_version": 0,
          "private": "eyJlMmJmYjczMC1lY2FhLTExZTYtOGY4OC0zNDM2M2JjN2M0YzAiOnsiY3JlYXRlIjo2MDAwMDAwMDAwMDAsImRlbGV0ZSI6NjAwMDAwMDAwMDAwLCJ1cGRhdGUiOjYwMDAwMDAwMDAwMH0sInNjaGVtYV92ZXJzaW9uIjoiMCJ9"
        },
        {
          "index_key": "stop_workflow_node",
          "schema_version": 0,
          "attributes": {
            "architectures": [
              "arm64"
            ],
            "arn": "arn:aws:lambda:eu-west-1:971422687659:function:one-journey-genai-stopWorkflowNode",
            "code_sha256": "YFGqR8henTVfz/cUPb3wBL5Qkzmy4xWylKnFcwKvV9E=",
            "code_signing_config_arn": "",
            "dead_letter_config": [],
            "description": "",
            "environment": [
              {
                "variables": {
                  "ACCOUNT_ID": "971422687659",
                  "API_ENDPOINT": "https://d5tcv80br4.execute-api.eu-west-1.amazonaws.com/genai/",
                  "AUDIOS_BUCKET": "one-journey-audiorecord-genai",
                  "CDN_ENDPOINT": "https://d7cnvwmb0wtsp.cloudfront.net/",
                  "COGNITO_USER_POOL": "eu-west-1_M21ToRrBa",
                  "COGNITO_USER_POOL_CLIENT": "2tonlc0fcbruoestl0c4fuj8ts",
                  "CORE_GDS_EVENT_ARN": "arn:aws:lambda:eu-west-1:971422687659:function:one-journey-genai-coreGDSEvent",
                  "CORE_S3_EVENT_ARN": "arn:aws:lambda:eu-west-1:971422687659:function:one-journey-genai-coreS3Event",
                  "CORS_ORIGIN": "*",
                  "DEBUG_LOG": "/aws/one-journey/one-journey-DebugLogs",
                  "DOMAIN_SUFFIX": "one-journey",
                  "DYNAMODB_TABLE_CHANNEL_MESSAGES": "one-journey-channel-messages",
                  "DYNAMODB_TABLE_COMMON_OBJECTS": "one-journey-common-objects",
                  "DYNAMODB_TABLE_COST": "one-journey-cost",
                  "DYNAMODB_TABLE_COUNTERS_STORAGE_CHANNEL": "one-journey-counters-storage-channel",
                  "DYNAMODB_TABLE_EXECUTIONS": "one-journey-executions",
                  "DYNAMODB_TABLE_EXECUTIONS_V5": "one-journey-executions-v5",
                  "DYNAMODB_TABLE_EXECUTIONS_V5_DETAIL": "one-journey-executions-v5-detail",
                  "DYNAMODB_TABLE_EXECUTIONS_V5_GSI_CREATED_AT": "one-journey-executions-v5-gsi-createdAt",
                  "DYNAMODB_TABLE_EXECUTIONS_V5_GSI_UPDATED_AT": "one-journey-executions-v5-gsi-updatedAt",
                  "DYNAMODB_TABLE_MUTEX_LOCK": "one-journey-mutex-lock",
                  "DYNAMODB_TABLE_SESSIONS": "one-journey-sessions",
                  "DYNAMODB_TABLE_STT_OPERATIONS": "one-journey-sttOperations",
                  "DYNAMODB_TABLE_SUSCRIPTIONS": "one-journey-suscriptions",
                  "DYNAMODB_TABLE_WEBSOCKETS_MANAGER": "one-journey-websockets-manager",
                  "DYNAMODB_TABLE_WORKFLOWS_BACKUP": "one-journey-workflows-backup",
                  "DYNAMODB_TABLE_WORKFLOW_CONTEXT": "one-journey-workflow-context",
                  "ERROR_LOG": "/aws/one-journey/one-journey-ErrorLogs",
                  "EVENTBRIDGE_MESSAGE_BUS": "one-journey-messages-bus-genai",
                  "HOSTING_BUCKET": "one-journey-hosting-bucket-genai",
                  "KENDRA_S3_ROLE_ARN": "arn:aws:iam::971422687659:role/OneJourneyKendraS3Role",
                  "KEYS_URL": "https://cognito-idp.eu-west-1.amazonaws.com/eu-west-1_M21ToRrBa/.well-known/jwks.json",
                  "MAIN_CONFIGURATION_ID": "@MAIN_CONFIGURATION",
                  "MAX_CHATGPT_RETRY_REQUEST": "5",
                  "ONE_JOURNEY_DATA_BUCKET": "one-journey-data-bucket-genai",
                  "ONE_JOURNEY_FILES_BUCKET": "one-journey-files-bucket-genai",
                  "PROCESS_TRANSCRIPTION_ARN": "arn:aws:lambda:eu-west-1:971422687659:function:one-journey-genai-processTranscription",
                  "REGION": "eu-west-1",
                  "SQS_BATCH_QUEUE_URL": "https://sqs.eu-west-1.amazonaws.com/971422687659/one-journey-batch-queue-genai",
                  "STAGE": "genai",
                  "STORAGE_PROCESS_LAMBDA_ARN": "arn:aws:lambda:eu-west-1:971422687659:function:one-journey-genai-manageFileStorage",
                  "STT_WEBHOOK_ARN": "arn:aws:lambda:eu-west-1:971422687659:function:one-journey-genai-sttWebhook",
                  "TRANSCRIPTIONS_BUCKET": "one-journey-transcriptions-genai",
                  "USER_POOL_CLIENT_ID": "2tonlc0fcbruoestl0c4fuj8ts",
                  "USER_POOL_ID": "eu-west-1_M21ToRrBa",
                  "VERSION": "v1",
                  "WEBSOCKET_API_ENDPOINT": "wss://mu5nzg1mp2.execute-api.eu-west-1.amazonaws.com/genai/"
                }
              }
            ],
            "ephemeral_storage": [
              {
                "size": 512
              }
            ],
            "file_system_config": [],
            "filename": null,
            "function_name": "one-journey-genai-stopWorkflowNode",
            "handler": "./src/api/v1/node/stopWorkflow/event.handler",
            "id": "one-journey-genai-stopWorkflowNode",
            "image_config": [],
            "image_uri": "",
            "invoke_arn": "arn:aws:apigateway:eu-west-1:lambda:path/2015-03-31/functions/arn:aws:lambda:eu-west-1:971422687659:function:one-journey-genai-stopWorkflowNode/invocations",
            "kms_key_arn": "",
            "last_modified": "2025-09-29T14:28:32.000+0000",
            "layers": [],
            "logging_config": [
              {
                "application_log_level": "",
                "log_format": "Text",
                "log_group": "/aws/lambda/one-journey-genai-stopWorkflowNode",
                "system_log_level": ""
              }
            ],
            "memory_size": 1536,
            "package_type": "Zip",
            "publish": null,
            "qualified_arn": "arn:aws:lambda:eu-west-1:971422687659:function:one-journey-genai-stopWorkflowNode:10",
            "qualified_invoke_arn": "arn:aws:apigateway:eu-west-1:lambda:path/2015-03-31/functions/arn:aws:lambda:eu-west-1:971422687659:function:one-journey-genai-stopWorkflowNode:10/invocations",
            "replace_security_groups_on_destroy": null,
            "replacement_security_group_ids": null,
            "reserved_concurrent_executions": -1,
            "role": "arn:aws:iam::971422687659:role/one-journey-genai-stopWorkflowNode-eu-west-1-lambdaRole",
            "runtime": "nodejs20.x",
            "s3_bucket": null,
            "s3_key": null,
            "s3_object_version": null,
            "signing_job_arn": "",
            "signing_profile_version_arn": "",
            "skip_destroy": false,
            "snap_start": [],
            "source_code_hash": "",
            "source_code_size": 15696937,
            "tags": {
              "STAGE": "genai"
            },
            "tags_all": {
              "STAGE": "genai"
            },
            "timeout": 6,
            "timeouts": null,
            "tracing_config": [
              {
                "mode": "PassThrough"
              }
            ],
            "version": "10",
            "vpc_config": []
          },
          "sensitive_attributes": [],
          "identity_schema_version": 0,
          "private": "eyJlMmJmYjczMC1lY2FhLTExZTYtOGY4OC0zNDM2M2JjN2M0YzAiOnsiY3JlYXRlIjo2MDAwMDAwMDAwMDAsImRlbGV0ZSI6NjAwMDAwMDAwMDAwLCJ1cGRhdGUiOjYwMDAwMDAwMDAwMH0sInNjaGVtYV92ZXJzaW9uIjoiMCJ9"
        },
        {
          "index_key": "stt_webhook_node",
          "schema_version": 0,
          "attributes": {
            "architectures": [
              "x86_64"
            ],
            "arn": "arn:aws:lambda:eu-west-1:971422687659:function:one-journey-genai-sttWebhookNode",
            "code_sha256": "KqpjaoONn9GjcV+aeYDJABo9A+zskLbVvfdrj4FaMUQ=",
            "code_signing_config_arn": "",
            "dead_letter_config": [],
            "description": "",
            "environment": [
              {
                "variables": {
                  "ACCOUNT_ID": "971422687659",
                  "API_ENDPOINT": "https://d5tcv80br4.execute-api.eu-west-1.amazonaws.com/genai/",
                  "AUDIOS_BUCKET": "one-journey-audiorecord-genai",
                  "CDN_ENDPOINT": "https://d7cnvwmb0wtsp.cloudfront.net/",
                  "COGNITO_USER_POOL": "eu-west-1_M21ToRrBa",
                  "COGNITO_USER_POOL_CLIENT": "2tonlc0fcbruoestl0c4fuj8ts",
                  "CORE_GDS_EVENT_ARN": "arn:aws:lambda:eu-west-1:971422687659:function:one-journey-genai-coreGDSEvent",
                  "CORE_S3_EVENT_ARN": "arn:aws:lambda:eu-west-1:971422687659:function:one-journey-genai-coreS3Event",
                  "CORS_ORIGIN": "*",
                  "DEBUG_LOG": "/aws/one-journey/one-journey-DebugLogs",
                  "DOMAIN_SUFFIX": "one-journey",
                  "DYNAMODB_TABLE_CHANNEL_MESSAGES": "one-journey-channel-messages",
                  "DYNAMODB_TABLE_COMMON_OBJECTS": "one-journey-common-objects",
                  "DYNAMODB_TABLE_COST": "one-journey-cost",
                  "DYNAMODB_TABLE_COUNTERS_STORAGE_CHANNEL": "one-journey-counters-storage-channel",
                  "DYNAMODB_TABLE_EXECUTIONS": "one-journey-executions",
                  "DYNAMODB_TABLE_EXECUTIONS_V5": "one-journey-executions-v5",
                  "DYNAMODB_TABLE_EXECUTIONS_V5_DETAIL": "one-journey-executions-v5-detail",
                  "DYNAMODB_TABLE_EXECUTIONS_V5_GSI_CREATED_AT": "one-journey-executions-v5-gsi-createdAt",
                  "DYNAMODB_TABLE_EXECUTIONS_V5_GSI_UPDATED_AT": "one-journey-executions-v5-gsi-updatedAt",
                  "DYNAMODB_TABLE_MUTEX_LOCK": "one-journey-mutex-lock",
                  "DYNAMODB_TABLE_SESSIONS": "one-journey-sessions",
                  "DYNAMODB_TABLE_STT_OPERATIONS": "one-journey-sttOperations",
                  "DYNAMODB_TABLE_SUSCRIPTIONS": "one-journey-suscriptions",
                  "DYNAMODB_TABLE_WEBSOCKETS_MANAGER": "one-journey-websockets-manager",
                  "DYNAMODB_TABLE_WORKFLOWS_BACKUP": "one-journey-workflows-backup",
                  "DYNAMODB_TABLE_WORKFLOW_CONTEXT": "one-journey-workflow-context",
                  "ERROR_LOG": "/aws/one-journey/one-journey-ErrorLogs",
                  "EVENTBRIDGE_MESSAGE_BUS": "one-journey-messages-bus-genai",
                  "HOSTING_BUCKET": "one-journey-hosting-bucket-genai",
                  "KENDRA_S3_ROLE_ARN": "arn:aws:iam::971422687659:role/OneJourneyKendraS3Role",
                  "KEYS_URL": "https://cognito-idp.eu-west-1.amazonaws.com/eu-west-1_M21ToRrBa/.well-known/jwks.json",
                  "MAIN_CONFIGURATION_ID": "@MAIN_CONFIGURATION",
                  "MAX_CHATGPT_RETRY_REQUEST": "5",
                  "ONE_JOURNEY_DATA_BUCKET": "one-journey-data-bucket-genai",
                  "ONE_JOURNEY_FILES_BUCKET": "one-journey-files-bucket-genai",
                  "PROCESS_TRANSCRIPTION_ARN": "arn:aws:lambda:eu-west-1:971422687659:function:one-journey-genai-processTranscription",
                  "REGION": "eu-west-1",
                  "SQS_BATCH_QUEUE_URL": "https://sqs.eu-west-1.amazonaws.com/971422687659/one-journey-batch-queue-genai",
                  "STAGE": "genai",
                  "STORAGE_PROCESS_LAMBDA_ARN": "arn:aws:lambda:eu-west-1:971422687659:function:one-journey-genai-manageFileStorage",
                  "STT_WEBHOOK_ARN": "arn:aws:lambda:eu-west-1:971422687659:function:one-journey-genai-sttWebhook",
                  "TRANSCRIPTIONS_BUCKET": "one-journey-transcriptions-genai",
                  "USER_POOL_CLIENT_ID": "2tonlc0fcbruoestl0c4fuj8ts",
                  "USER_POOL_ID": "eu-west-1_M21ToRrBa",
                  "VERSION": "v1",
                  "WEBSOCKET_API_ENDPOINT": "wss://mu5nzg1mp2.execute-api.eu-west-1.amazonaws.com/genai/"
                }
              }
            ],
            "ephemeral_storage": [
              {
                "size": 512
              }
            ],
            "file_system_config": [],
            "filename": null,
            "function_name": "one-journey-genai-sttWebhookNode",
            "handler": "src/api/v1/node/speechToText/webhook.handler",
            "id": "one-journey-genai-sttWebhookNode",
            "image_config": [],
            "image_uri": "",
            "invoke_arn": "arn:aws:apigateway:eu-west-1:lambda:path/2015-03-31/functions/arn:aws:lambda:eu-west-1:971422687659:function:one-journey-genai-sttWebhookNode/invocations",
            "kms_key_arn": "",
            "last_modified": "2025-09-29T14:28:38.000+0000",
            "layers": [
              "arn:aws:lambda:eu-west-1:971422687659:layer:googleStorage:11"
            ],
            "logging_config": [
              {
                "application_log_level": "",
                "log_format": "Text",
                "log_group": "/aws/lambda/one-journey-genai-sttWebhookNode",
                "system_log_level": ""
              }
            ],
            "memory_size": 1536,
            "package_type": "Zip",
            "publish": null,
            "qualified_arn": "arn:aws:lambda:eu-west-1:971422687659:function:one-journey-genai-sttWebhookNode:25",
            "qualified_invoke_arn": "arn:aws:apigateway:eu-west-1:lambda:path/2015-03-31/functions/arn:aws:lambda:eu-west-1:971422687659:function:one-journey-genai-sttWebhookNode:25/invocations",
            "replace_security_groups_on_destroy": null,
            "replacement_security_group_ids": null,
            "reserved_concurrent_executions": -1,
            "role": "arn:aws:iam::971422687659:role/one-journey-genai-sttWebhookNode-eu-west-1-lambdaRole",
            "runtime": "nodejs20.x",
            "s3_bucket": null,
            "s3_key": null,
            "s3_object_version": null,
            "signing_job_arn": "",
            "signing_profile_version_arn": "",
            "skip_destroy": false,
            "snap_start": [],
            "source_code_hash": "",
            "source_code_size": 15704865,
            "tags": {
              "STAGE": "genai"
            },
            "tags_all": {
              "STAGE": "genai"
            },
            "timeout": 6,
            "timeouts": null,
            "tracing_config": [
              {
                "mode": "PassThrough"
              }
            ],
            "version": "25",
            "vpc_config": []
          },
          "sensitive_attributes": [],
          "identity_schema_version": 0,
          "private": "eyJlMmJmYjczMC1lY2FhLTExZTYtOGY4OC0zNDM2M2JjN2M0YzAiOnsiY3JlYXRlIjo2MDAwMDAwMDAwMDAsImRlbGV0ZSI6NjAwMDAwMDAwMDAwLCJ1cGRhdGUiOjYwMDAwMDAwMDAwMH0sInNjaGVtYV92ZXJzaW9uIjoiMCJ9"
        },
        {
          "index_key": "talkjs_webhook",
          "schema_version": 0,
          "attributes": {
            "architectures": [
              "x86_64"
            ],
            "arn": "arn:aws:lambda:eu-west-1:971422687659:function:one-journey-genai-talkJsWebhook",
            "code_sha256": "57jII6pyJOnlGWhMCKm/0hF64wo+t2o+yU4+U7P/AOQ=",
            "code_signing_config_arn": "",
            "dead_letter_config": [],
            "description": "",
            "environment": [
              {
                "variables": {
                  "ACCOUNT_ID": "971422687659",
                  "API_ENDPOINT": "https://d5tcv80br4.execute-api.eu-west-1.amazonaws.com/genai/",
                  "AUDIOS_BUCKET": "one-journey-audiorecord-genai",
                  "CDN_ENDPOINT": "https://d7cnvwmb0wtsp.cloudfront.net/",
                  "COGNITO_USER_POOL": "eu-west-1_M21ToRrBa",
                  "COGNITO_USER_POOL_CLIENT": "2tonlc0fcbruoestl0c4fuj8ts",
                  "CORE_GDS_EVENT_ARN": "arn:aws:lambda:eu-west-1:971422687659:function:one-journey-genai-coreGDSEvent",
                  "CORE_S3_EVENT_ARN": "arn:aws:lambda:eu-west-1:971422687659:function:one-journey-genai-coreS3Event",
                  "CORS_ORIGIN": "*",
                  "DEBUG_LOG": "/aws/one-journey/one-journey-DebugLogs",
                  "DOMAIN_SUFFIX": "one-journey",
                  "DYNAMODB_TABLE_CHANNEL_MESSAGES": "one-journey-channel-messages",
                  "DYNAMODB_TABLE_COMMON_OBJECTS": "one-journey-common-objects",
                  "DYNAMODB_TABLE_COST": "one-journey-cost",
                  "DYNAMODB_TABLE_COUNTERS_STORAGE_CHANNEL": "one-journey-counters-storage-channel",
                  "DYNAMODB_TABLE_EXECUTIONS": "one-journey-executions",
                  "DYNAMODB_TABLE_EXECUTIONS_V5": "one-journey-executions-v5",
                  "DYNAMODB_TABLE_EXECUTIONS_V5_DETAIL": "one-journey-executions-v5-detail",
                  "DYNAMODB_TABLE_EXECUTIONS_V5_GSI_CREATED_AT": "one-journey-executions-v5-gsi-createdAt",
                  "DYNAMODB_TABLE_EXECUTIONS_V5_GSI_UPDATED_AT": "one-journey-executions-v5-gsi-updatedAt",
                  "DYNAMODB_TABLE_MUTEX_LOCK": "one-journey-mutex-lock",
                  "DYNAMODB_TABLE_SESSIONS": "one-journey-sessions",
                  "DYNAMODB_TABLE_STT_OPERATIONS": "one-journey-sttOperations",
                  "DYNAMODB_TABLE_SUSCRIPTIONS": "one-journey-suscriptions",
                  "DYNAMODB_TABLE_WEBSOCKETS_MANAGER": "one-journey-websockets-manager",
                  "DYNAMODB_TABLE_WORKFLOWS_BACKUP": "one-journey-workflows-backup",
                  "DYNAMODB_TABLE_WORKFLOW_CONTEXT": "one-journey-workflow-context",
                  "ERROR_LOG": "/aws/one-journey/one-journey-ErrorLogs",
                  "EVENTBRIDGE_MESSAGE_BUS": "one-journey-messages-bus-genai",
                  "HOSTING_BUCKET": "one-journey-hosting-bucket-genai",
                  "KENDRA_S3_ROLE_ARN": "arn:aws:iam::971422687659:role/OneJourneyKendraS3Role",
                  "KEYS_URL": "https://cognito-idp.eu-west-1.amazonaws.com/eu-west-1_M21ToRrBa/.well-known/jwks.json",
                  "MAIN_CONFIGURATION_ID": "@MAIN_CONFIGURATION",
                  "MAX_CHATGPT_RETRY_REQUEST": "5",
                  "ONE_JOURNEY_DATA_BUCKET": "one-journey-data-bucket-genai",
                  "ONE_JOURNEY_FILES_BUCKET": "one-journey-files-bucket-genai",
                  "PROCESS_TRANSCRIPTION_ARN": "arn:aws:lambda:eu-west-1:971422687659:function:one-journey-genai-processTranscription",
                  "REGION": "eu-west-1",
                  "SQS_BATCH_QUEUE_URL": "https://sqs.eu-west-1.amazonaws.com/971422687659/one-journey-batch-queue-genai",
                  "STAGE": "genai",
                  "STORAGE_PROCESS_LAMBDA_ARN": "arn:aws:lambda:eu-west-1:971422687659:function:one-journey-genai-manageFileStorage",
                  "STT_WEBHOOK_ARN": "arn:aws:lambda:eu-west-1:971422687659:function:one-journey-genai-sttWebhook",
                  "TRANSCRIPTIONS_BUCKET": "one-journey-transcriptions-genai",
                  "USER_POOL_CLIENT_ID": "2tonlc0fcbruoestl0c4fuj8ts",
                  "USER_POOL_ID": "eu-west-1_M21ToRrBa",
                  "VERSION": "v1",
                  "WEBSOCKET_API_ENDPOINT": "wss://mu5nzg1mp2.execute-api.eu-west-1.amazonaws.com/genai/"
                }
              }
            ],
            "ephemeral_storage": [
              {
                "size": 512
              }
            ],
            "file_system_config": [],
            "filename": null,
            "function_name": "one-journey-genai-talkJsWebhook",
            "handler": "src/api/v1/channel/talkJs/webhook.handler",
            "id": "one-journey-genai-talkJsWebhook",
            "image_config": [],
            "image_uri": "",
            "invoke_arn": "arn:aws:apigateway:eu-west-1:lambda:path/2015-03-31/functions/arn:aws:lambda:eu-west-1:971422687659:function:one-journey-genai-talkJsWebhook/invocations",
            "kms_key_arn": "",
            "last_modified": "2025-09-29T14:28:34.000+0000",
            "layers": [
              "arn:aws:lambda:eu-west-1:971422687659:layer:ffmpegv1:4"
            ],
            "logging_config": [
              {
                "application_log_level": "",
                "log_format": "Text",
                "log_group": "/aws/lambda/one-journey-genai-talkJsWebhook",
                "system_log_level": ""
              }
            ],
            "memory_size": 1536,
            "package_type": "Zip",
            "publish": null,
            "qualified_arn": "arn:aws:lambda:eu-west-1:971422687659:function:one-journey-genai-talkJsWebhook:28",
            "qualified_invoke_arn": "arn:aws:apigateway:eu-west-1:lambda:path/2015-03-31/functions/arn:aws:lambda:eu-west-1:971422687659:function:one-journey-genai-talkJsWebhook:28/invocations",
            "replace_security_groups_on_destroy": null,
            "replacement_security_group_ids": null,
            "reserved_concurrent_executions": -1,
            "role": "arn:aws:iam::971422687659:role/one-journey-genai-talkJsWebhook-eu-west-1-lambdaRole",
            "runtime": "nodejs20.x",
            "s3_bucket": null,
            "s3_key": null,
            "s3_object_version": null,
            "signing_job_arn": "",
            "signing_profile_version_arn": "",
            "skip_destroy": false,
            "snap_start": [],
            "source_code_hash": "",
            "source_code_size": 15699606,
            "tags": {
              "STAGE": "genai"
            },
            "tags_all": {
              "STAGE": "genai"
            },
            "timeout": 6,
            "timeouts": null,
            "tracing_config": [
              {
                "mode": "PassThrough"
              }
            ],
            "version": "28",
            "vpc_config": []
          },
          "sensitive_attributes": [],
          "identity_schema_version": 0,
          "private": "eyJlMmJmYjczMC1lY2FhLTExZTYtOGY4OC0zNDM2M2JjN2M0YzAiOnsiY3JlYXRlIjo2MDAwMDAwMDAwMDAsImRlbGV0ZSI6NjAwMDAwMDAwMDAwLCJ1cGRhdGUiOjYwMDAwMDAwMDAwMH0sInNjaGVtYV92ZXJzaW9uIjoiMCJ9"
        },
        {
          "index_key": "telegram_webhook",
          "schema_version": 0,
          "attributes": {
            "architectures": [
              "x86_64"
            ],
            "arn": "arn:aws:lambda:eu-west-1:971422687659:function:one-journey-genai-telegramWebhook",
            "code_sha256": "NR5/2UZb5kXUi4ubo4dwRhaLIqPVfdeczj6p1xU+Q5Q=",
            "code_signing_config_arn": "",
            "dead_letter_config": [],
            "description": "",
            "environment": [
              {
                "variables": {
                  "ACCOUNT_ID": "971422687659",
                  "API_ENDPOINT": "https://d5tcv80br4.execute-api.eu-west-1.amazonaws.com/genai/",
                  "AUDIOS_BUCKET": "one-journey-audiorecord-genai",
                  "CDN_ENDPOINT": "https://d7cnvwmb0wtsp.cloudfront.net/",
                  "COGNITO_USER_POOL": "eu-west-1_M21ToRrBa",
                  "COGNITO_USER_POOL_CLIENT": "2tonlc0fcbruoestl0c4fuj8ts",
                  "CORE_GDS_EVENT_ARN": "arn:aws:lambda:eu-west-1:971422687659:function:one-journey-genai-coreGDSEvent",
                  "CORE_S3_EVENT_ARN": "arn:aws:lambda:eu-west-1:971422687659:function:one-journey-genai-coreS3Event",
                  "CORS_ORIGIN": "*",
                  "DEBUG_LOG": "/aws/one-journey/one-journey-DebugLogs",
                  "DOMAIN_SUFFIX": "one-journey",
                  "DYNAMODB_TABLE_CHANNEL_MESSAGES": "one-journey-channel-messages",
                  "DYNAMODB_TABLE_COMMON_OBJECTS": "one-journey-common-objects",
                  "DYNAMODB_TABLE_COST": "one-journey-cost",
                  "DYNAMODB_TABLE_COUNTERS_STORAGE_CHANNEL": "one-journey-counters-storage-channel",
                  "DYNAMODB_TABLE_EXECUTIONS": "one-journey-executions",
                  "DYNAMODB_TABLE_EXECUTIONS_V5": "one-journey-executions-v5",
                  "DYNAMODB_TABLE_EXECUTIONS_V5_DETAIL": "one-journey-executions-v5-detail",
                  "DYNAMODB_TABLE_EXECUTIONS_V5_GSI_CREATED_AT": "one-journey-executions-v5-gsi-createdAt",
                  "DYNAMODB_TABLE_EXECUTIONS_V5_GSI_UPDATED_AT": "one-journey-executions-v5-gsi-updatedAt",
                  "DYNAMODB_TABLE_MUTEX_LOCK": "one-journey-mutex-lock",
                  "DYNAMODB_TABLE_SESSIONS": "one-journey-sessions",
                  "DYNAMODB_TABLE_STT_OPERATIONS": "one-journey-sttOperations",
                  "DYNAMODB_TABLE_SUSCRIPTIONS": "one-journey-suscriptions",
                  "DYNAMODB_TABLE_WEBSOCKETS_MANAGER": "one-journey-websockets-manager",
                  "DYNAMODB_TABLE_WORKFLOWS_BACKUP": "one-journey-workflows-backup",
                  "DYNAMODB_TABLE_WORKFLOW_CONTEXT": "one-journey-workflow-context",
                  "ERROR_LOG": "/aws/one-journey/one-journey-ErrorLogs",
                  "EVENTBRIDGE_MESSAGE_BUS": "one-journey-messages-bus-genai",
                  "HOSTING_BUCKET": "one-journey-hosting-bucket-genai",
                  "KENDRA_S3_ROLE_ARN": "arn:aws:iam::971422687659:role/OneJourneyKendraS3Role",
                  "KEYS_URL": "https://cognito-idp.eu-west-1.amazonaws.com/eu-west-1_M21ToRrBa/.well-known/jwks.json",
                  "MAIN_CONFIGURATION_ID": "@MAIN_CONFIGURATION",
                  "MAX_CHATGPT_RETRY_REQUEST": "5",
                  "ONE_JOURNEY_DATA_BUCKET": "one-journey-data-bucket-genai",
                  "ONE_JOURNEY_FILES_BUCKET": "one-journey-files-bucket-genai",
                  "PROCESS_TRANSCRIPTION_ARN": "arn:aws:lambda:eu-west-1:971422687659:function:one-journey-genai-processTranscription",
                  "REGION": "eu-west-1",
                  "SQS_BATCH_QUEUE_URL": "https://sqs.eu-west-1.amazonaws.com/971422687659/one-journey-batch-queue-genai",
                  "STAGE": "genai",
                  "STORAGE_PROCESS_LAMBDA_ARN": "arn:aws:lambda:eu-west-1:971422687659:function:one-journey-genai-manageFileStorage",
                  "STT_WEBHOOK_ARN": "arn:aws:lambda:eu-west-1:971422687659:function:one-journey-genai-sttWebhook",
                  "TRANSCRIPTIONS_BUCKET": "one-journey-transcriptions-genai",
                  "USER_POOL_CLIENT_ID": "2tonlc0fcbruoestl0c4fuj8ts",
                  "USER_POOL_ID": "eu-west-1_M21ToRrBa",
                  "VERSION": "v1",
                  "WEBSOCKET_API_ENDPOINT": "wss://mu5nzg1mp2.execute-api.eu-west-1.amazonaws.com/genai/"
                }
              }
            ],
            "ephemeral_storage": [
              {
                "size": 512
              }
            ],
            "file_system_config": [],
            "filename": null,
            "function_name": "one-journey-genai-telegramWebhook",
            "handler": "src/api/v1/channel/telegram/webhook.handler",
            "id": "one-journey-genai-telegramWebhook",
            "image_config": [],
            "image_uri": "",
            "invoke_arn": "arn:aws:apigateway:eu-west-1:lambda:path/2015-03-31/functions/arn:aws:lambda:eu-west-1:971422687659:function:one-journey-genai-telegramWebhook/invocations",
            "kms_key_arn": "",
            "last_modified": "2025-09-29T14:28:35.000+0000",
            "layers": [
              "arn:aws:lambda:eu-west-1:971422687659:layer:genAILibs:16",
              "arn:aws:lambda:eu-west-1:971422687659:layer:googleStorage:11"
            ],
            "logging_config": [
              {
                "application_log_level": "",
                "log_format": "Text",
                "log_group": "/aws/lambda/one-journey-genai-telegramWebhook",
                "system_log_level": ""
              }
            ],
            "memory_size": 1536,
            "package_type": "Zip",
            "publish": null,
            "qualified_arn": "arn:aws:lambda:eu-west-1:971422687659:function:one-journey-genai-telegramWebhook:38",
            "qualified_invoke_arn": "arn:aws:apigateway:eu-west-1:lambda:path/2015-03-31/functions/arn:aws:lambda:eu-west-1:971422687659:function:one-journey-genai-telegramWebhook:38/invocations",
            "replace_security_groups_on_destroy": null,
            "replacement_security_group_ids": null,
            "reserved_concurrent_executions": -1,
            "role": "arn:aws:iam::971422687659:role/one-journey-genai-telegramWebhook-eu-west-1-lambdaRole",
            "runtime": "nodejs20.x",
            "s3_bucket": null,
            "s3_key": null,
            "s3_object_version": null,
            "signing_job_arn": "",
            "signing_profile_version_arn": "",
            "skip_destroy": false,
            "snap_start": [],
            "source_code_hash": "",
            "source_code_size": 20649825,
            "tags": {
              "STAGE": "genai"
            },
            "tags_all": {
              "STAGE": "genai"
            },
            "timeout": 30,
            "timeouts": null,
            "tracing_config": [
              {
                "mode": "PassThrough"
              }
            ],
            "version": "38",
            "vpc_config": []
          },
          "sensitive_attributes": [],
          "identity_schema_version": 0,
          "private": "eyJlMmJmYjczMC1lY2FhLTExZTYtOGY4OC0zNDM2M2JjN2M0YzAiOnsiY3JlYXRlIjo2MDAwMDAwMDAwMDAsImRlbGV0ZSI6NjAwMDAwMDAwMDAwLCJ1cGRhdGUiOjYwMDAwMDAwMDAwMH0sInNjaGVtYV92ZXJzaW9uIjoiMCJ9"
        },
        {
          "index_key": "telegram_webhook_bcg",
          "schema_version": 0,
          "attributes": {
            "architectures": [
              "x86_64"
            ],
            "arn": "arn:aws:lambda:eu-west-1:971422687659:function:one-journey-genai-telegramWebhookBCG",
            "code_sha256": "tbvksoj+1l5CPm2mCLEailUnZFhTghqF7yotcUq5hYY=",
            "code_signing_config_arn": "",
            "dead_letter_config": [],
            "description": "",
            "environment": [
              {
                "variables": {
                  "ACCOUNT_ID": "971422687659",
                  "API_ENDPOINT": "https://d5tcv80br4.execute-api.eu-west-1.amazonaws.com/genai/",
                  "AUDIOS_BUCKET": "one-journey-audiorecord-genai",
                  "CDN_ENDPOINT": "https://d7cnvwmb0wtsp.cloudfront.net/",
                  "COGNITO_USER_POOL": "eu-west-1_M21ToRrBa",
                  "COGNITO_USER_POOL_CLIENT": "2tonlc0fcbruoestl0c4fuj8ts",
                  "CORE_GDS_EVENT_ARN": "arn:aws:lambda:eu-west-1:971422687659:function:one-journey-genai-coreGDSEvent",
                  "CORE_S3_EVENT_ARN": "arn:aws:lambda:eu-west-1:971422687659:function:one-journey-genai-coreS3Event",
                  "CORS_ORIGIN": "*",
                  "DEBUG_LOG": "/aws/one-journey/one-journey-DebugLogs",
                  "DOMAIN_SUFFIX": "one-journey",
                  "DYNAMODB_TABLE_CHANNEL_MESSAGES": "one-journey-channel-messages",
                  "DYNAMODB_TABLE_COMMON_OBJECTS": "one-journey-common-objects",
                  "DYNAMODB_TABLE_COST": "one-journey-cost",
                  "DYNAMODB_TABLE_COUNTERS_STORAGE_CHANNEL": "one-journey-counters-storage-channel",
                  "DYNAMODB_TABLE_EXECUTIONS": "one-journey-executions",
                  "DYNAMODB_TABLE_EXECUTIONS_V5": "one-journey-executions-v5",
                  "DYNAMODB_TABLE_EXECUTIONS_V5_DETAIL": "one-journey-executions-v5-detail",
                  "DYNAMODB_TABLE_EXECUTIONS_V5_GSI_CREATED_AT": "one-journey-executions-v5-gsi-createdAt",
                  "DYNAMODB_TABLE_EXECUTIONS_V5_GSI_UPDATED_AT": "one-journey-executions-v5-gsi-updatedAt",
                  "DYNAMODB_TABLE_MUTEX_LOCK": "one-journey-mutex-lock",
                  "DYNAMODB_TABLE_SESSIONS": "one-journey-sessions",
                  "DYNAMODB_TABLE_STT_OPERATIONS": "one-journey-sttOperations",
                  "DYNAMODB_TABLE_SUSCRIPTIONS": "one-journey-suscriptions",
                  "DYNAMODB_TABLE_WEBSOCKETS_MANAGER": "one-journey-websockets-manager",
                  "DYNAMODB_TABLE_WORKFLOWS_BACKUP": "one-journey-workflows-backup",
                  "DYNAMODB_TABLE_WORKFLOW_CONTEXT": "one-journey-workflow-context",
                  "ERROR_LOG": "/aws/one-journey/one-journey-ErrorLogs",
                  "EVENTBRIDGE_MESSAGE_BUS": "one-journey-messages-bus-genai",
                  "HOSTING_BUCKET": "one-journey-hosting-bucket-genai",
                  "KENDRA_S3_ROLE_ARN": "arn:aws:iam::971422687659:role/OneJourneyKendraS3Role",
                  "KEYS_URL": "https://cognito-idp.eu-west-1.amazonaws.com/eu-west-1_M21ToRrBa/.well-known/jwks.json",
                  "MAIN_CONFIGURATION_ID": "@MAIN_CONFIGURATION",
                  "MAX_CHATGPT_RETRY_REQUEST": "5",
                  "ONE_JOURNEY_DATA_BUCKET": "one-journey-data-bucket-genai",
                  "ONE_JOURNEY_FILES_BUCKET": "one-journey-files-bucket-genai",
                  "PROCESS_TRANSCRIPTION_ARN": "arn:aws:lambda:eu-west-1:971422687659:function:one-journey-genai-processTranscription",
                  "REGION": "eu-west-1",
                  "SQS_BATCH_QUEUE_URL": "https://sqs.eu-west-1.amazonaws.com/971422687659/one-journey-batch-queue-genai",
                  "STAGE": "genai",
                  "STORAGE_PROCESS_LAMBDA_ARN": "arn:aws:lambda:eu-west-1:971422687659:function:one-journey-genai-manageFileStorage",
                  "STT_WEBHOOK_ARN": "arn:aws:lambda:eu-west-1:971422687659:function:one-journey-genai-sttWebhook",
                  "TRANSCRIPTIONS_BUCKET": "one-journey-transcriptions-genai",
                  "USER_POOL_CLIENT_ID": "2tonlc0fcbruoestl0c4fuj8ts",
                  "USER_POOL_ID": "eu-west-1_M21ToRrBa",
                  "VERSION": "v1",
                  "WEBSOCKET_API_ENDPOINT": "wss://mu5nzg1mp2.execute-api.eu-west-1.amazonaws.com/genai/"
                }
              }
            ],
            "ephemeral_storage": [
              {
                "size": 512
              }
            ],
            "file_system_config": [],
            "filename": null,
            "function_name": "one-journey-genai-telegramWebhookBCG",
            "handler": "src/api/v1/channel/telegram-bcg/webhook.handler",
            "id": "one-journey-genai-telegramWebhookBCG",
            "image_config": [],
            "image_uri": "",
            "invoke_arn": "arn:aws:apigateway:eu-west-1:lambda:path/2015-03-31/functions/arn:aws:lambda:eu-west-1:971422687659:function:one-journey-genai-telegramWebhookBCG/invocations",
            "kms_key_arn": "",
            "last_modified": "2025-09-29T14:28:40.000+0000",
            "layers": [
              "arn:aws:lambda:eu-west-1:971422687659:layer:genAILibs:16",
              "arn:aws:lambda:eu-west-1:971422687659:layer:googleStorage:11"
            ],
            "logging_config": [
              {
                "application_log_level": "",
                "log_format": "Text",
                "log_group": "/aws/lambda/one-journey-genai-telegramWebhookBCG",
                "system_log_level": ""
              }
            ],
            "memory_size": 1536,
            "package_type": "Zip",
            "publish": null,
            "qualified_arn": "arn:aws:lambda:eu-west-1:971422687659:function:one-journey-genai-telegramWebhookBCG:38",
            "qualified_invoke_arn": "arn:aws:apigateway:eu-west-1:lambda:path/2015-03-31/functions/arn:aws:lambda:eu-west-1:971422687659:function:one-journey-genai-telegramWebhookBCG:38/invocations",
            "replace_security_groups_on_destroy": null,
            "replacement_security_group_ids": null,
            "reserved_concurrent_executions": -1,
            "role": "arn:aws:iam::971422687659:role/one-journey-genai-telegramWebhookBCG-eu-west-1-lambdaRole",
            "runtime": "nodejs20.x",
            "s3_bucket": null,
            "s3_key": null,
            "s3_object_version": null,
            "signing_job_arn": "",
            "signing_profile_version_arn": "",
            "skip_destroy": false,
            "snap_start": [],
            "source_code_hash": "",
            "source_code_size": 20649902,
            "tags": {
              "STAGE": "genai"
            },
            "tags_all": {
              "STAGE": "genai"
            },
            "timeout": 30,
            "timeouts": null,
            "tracing_config": [
              {
                "mode": "PassThrough"
              }
            ],
            "version": "38",
            "vpc_config": []
          },
          "sensitive_attributes": [],
          "identity_schema_version": 0,
          "private": "eyJlMmJmYjczMC1lY2FhLTExZTYtOGY4OC0zNDM2M2JjN2M0YzAiOnsiY3JlYXRlIjo2MDAwMDAwMDAwMDAsImRlbGV0ZSI6NjAwMDAwMDAwMDAwLCJ1cGRhdGUiOjYwMDAwMDAwMDAwMH0sInNjaGVtYV92ZXJzaW9uIjoiMCJ9"
        },
        {
          "index_key": "telnyx_stream_webhook",
          "schema_version": 0,
          "attributes": {
            "architectures": [
              "x86_64"
            ],
            "arn": "arn:aws:lambda:eu-west-1:971422687659:function:one-journey-genai-telnyxStreamWebhook",
            "code_sha256": "nydZ/L1zhP2MfVpn+LDKfMD2pjD9NklNfU2iYA3mGRI=",
            "code_signing_config_arn": "",
            "dead_letter_config": [],
            "description": "",
            "environment": [
              {
                "variables": {
                  "ACCOUNT_ID": "971422687659",
                  "API_ENDPOINT": "https://d5tcv80br4.execute-api.eu-west-1.amazonaws.com/genai/",
                  "AUDIOS_BUCKET": "one-journey-audiorecord-genai",
                  "CDN_ENDPOINT": "https://d7cnvwmb0wtsp.cloudfront.net/",
                  "COGNITO_USER_POOL": "eu-west-1_M21ToRrBa",
                  "COGNITO_USER_POOL_CLIENT": "2tonlc0fcbruoestl0c4fuj8ts",
                  "CORE_GDS_EVENT_ARN": "arn:aws:lambda:eu-west-1:971422687659:function:one-journey-genai-coreGDSEvent",
                  "CORE_S3_EVENT_ARN": "arn:aws:lambda:eu-west-1:971422687659:function:one-journey-genai-coreS3Event",
                  "CORS_ORIGIN": "*",
                  "DEBUG_LOG": "/aws/one-journey/one-journey-DebugLogs",
                  "DOMAIN_SUFFIX": "one-journey",
                  "DYNAMODB_TABLE_CHANNEL_MESSAGES": "one-journey-channel-messages",
                  "DYNAMODB_TABLE_COMMON_OBJECTS": "one-journey-common-objects",
                  "DYNAMODB_TABLE_COST": "one-journey-cost",
                  "DYNAMODB_TABLE_COUNTERS_STORAGE_CHANNEL": "one-journey-counters-storage-channel",
                  "DYNAMODB_TABLE_EXECUTIONS": "one-journey-executions",
                  "DYNAMODB_TABLE_EXECUTIONS_V5": "one-journey-executions-v5",
                  "DYNAMODB_TABLE_EXECUTIONS_V5_DETAIL": "one-journey-executions-v5-detail",
                  "DYNAMODB_TABLE_EXECUTIONS_V5_GSI_CREATED_AT": "one-journey-executions-v5-gsi-createdAt",
                  "DYNAMODB_TABLE_EXECUTIONS_V5_GSI_UPDATED_AT": "one-journey-executions-v5-gsi-updatedAt",
                  "DYNAMODB_TABLE_MUTEX_LOCK": "one-journey-mutex-lock",
                  "DYNAMODB_TABLE_SESSIONS": "one-journey-sessions",
                  "DYNAMODB_TABLE_STT_OPERATIONS": "one-journey-sttOperations",
                  "DYNAMODB_TABLE_SUSCRIPTIONS": "one-journey-suscriptions",
                  "DYNAMODB_TABLE_WEBSOCKETS_MANAGER": "one-journey-websockets-manager",
                  "DYNAMODB_TABLE_WORKFLOWS_BACKUP": "one-journey-workflows-backup",
                  "DYNAMODB_TABLE_WORKFLOW_CONTEXT": "one-journey-workflow-context",
                  "ERROR_LOG": "/aws/one-journey/one-journey-ErrorLogs",
                  "EVENTBRIDGE_MESSAGE_BUS": "one-journey-messages-bus-genai",
                  "HOSTING_BUCKET": "one-journey-hosting-bucket-genai",
                  "KENDRA_S3_ROLE_ARN": "arn:aws:iam::971422687659:role/OneJourneyKendraS3Role",
                  "KEYS_URL": "https://cognito-idp.eu-west-1.amazonaws.com/eu-west-1_M21ToRrBa/.well-known/jwks.json",
                  "MAIN_CONFIGURATION_ID": "@MAIN_CONFIGURATION",
                  "MAX_CHATGPT_RETRY_REQUEST": "5",
                  "ONE_JOURNEY_DATA_BUCKET": "one-journey-data-bucket-genai",
                  "ONE_JOURNEY_FILES_BUCKET": "one-journey-files-bucket-genai",
                  "PROCESS_TRANSCRIPTION_ARN": "arn:aws:lambda:eu-west-1:971422687659:function:one-journey-genai-processTranscription",
                  "REGION": "eu-west-1",
                  "SQS_BATCH_QUEUE_URL": "https://sqs.eu-west-1.amazonaws.com/971422687659/one-journey-batch-queue-genai",
                  "STAGE": "genai",
                  "STORAGE_PROCESS_LAMBDA_ARN": "arn:aws:lambda:eu-west-1:971422687659:function:one-journey-genai-manageFileStorage",
                  "STT_WEBHOOK_ARN": "arn:aws:lambda:eu-west-1:971422687659:function:one-journey-genai-sttWebhook",
                  "TRANSCRIPTIONS_BUCKET": "one-journey-transcriptions-genai",
                  "USER_POOL_CLIENT_ID": "2tonlc0fcbruoestl0c4fuj8ts",
                  "USER_POOL_ID": "eu-west-1_M21ToRrBa",
                  "VERSION": "v1",
                  "WEBSOCKET_API_ENDPOINT": "wss://mu5nzg1mp2.execute-api.eu-west-1.amazonaws.com/genai/"
                }
              }
            ],
            "ephemeral_storage": [
              {
                "size": 512
              }
            ],
            "file_system_config": [],
            "filename": null,
            "function_name": "one-journey-genai-telnyxStreamWebhook",
            "handler": "src/api/v1/channel/telnyx-stream/webhook.handler",
            "id": "one-journey-genai-telnyxStreamWebhook",
            "image_config": [],
            "image_uri": "",
            "invoke_arn": "arn:aws:apigateway:eu-west-1:lambda:path/2015-03-31/functions/arn:aws:lambda:eu-west-1:971422687659:function:one-journey-genai-telnyxStreamWebhook/invocations",
            "kms_key_arn": "",
            "last_modified": "2025-09-29T14:28:36.000+0000",
            "layers": [
              "arn:aws:lambda:eu-west-1:971422687659:layer:genAILibs:16"
            ],
            "logging_config": [
              {
                "application_log_level": "",
                "log_format": "Text",
                "log_group": "/aws/lambda/one-journey-genai-telnyxStreamWebhook",
                "system_log_level": ""
              }
            ],
            "memory_size": 1536,
            "package_type": "Zip",
            "publish": null,
            "qualified_arn": "arn:aws:lambda:eu-west-1:971422687659:function:one-journey-genai-telnyxStreamWebhook:10",
            "qualified_invoke_arn": "arn:aws:apigateway:eu-west-1:lambda:path/2015-03-31/functions/arn:aws:lambda:eu-west-1:971422687659:function:one-journey-genai-telnyxStreamWebhook:10/invocations",
            "replace_security_groups_on_destroy": null,
            "replacement_security_group_ids": null,
            "reserved_concurrent_executions": -1,
            "role": "arn:aws:iam::971422687659:role/one-journey-genai-telnyxStreamWebhook-eu-west-1-lambdaRole",
            "runtime": "nodejs20.x",
            "s3_bucket": null,
            "s3_key": null,
            "s3_object_version": null,
            "signing_job_arn": "",
            "signing_profile_version_arn": "",
            "skip_destroy": false,
            "snap_start": [],
            "source_code_hash": "",
            "source_code_size": 15700040,
            "tags": {
              "STAGE": "genai"
            },
            "tags_all": {
              "STAGE": "genai"
            },
            "timeout": 6,
            "timeouts": null,
            "tracing_config": [
              {
                "mode": "PassThrough"
              }
            ],
            "version": "10",
            "vpc_config": []
          },
          "sensitive_attributes": [],
          "identity_schema_version": 0,
          "private": "eyJlMmJmYjczMC1lY2FhLTExZTYtOGY4OC0zNDM2M2JjN2M0YzAiOnsiY3JlYXRlIjo2MDAwMDAwMDAwMDAsImRlbGV0ZSI6NjAwMDAwMDAwMDAwLCJ1cGRhdGUiOjYwMDAwMDAwMDAwMH0sInNjaGVtYV92ZXJzaW9uIjoiMCJ9"
        },
        {
          "index_key": "tool_json_data_injection_node",
          "schema_version": 0,
          "attributes": {
            "architectures": [
              "arm64"
            ],
            "arn": "arn:aws:lambda:eu-west-1:971422687659:function:one-journey-genai-toolJSONDataInjectionNode",
            "code_sha256": "u6VleilGU4868A0as7IRRMC1ojiA6CwFHkqYcZBLbWE=",
            "code_signing_config_arn": "",
            "dead_letter_config": [],
            "description": "",
            "environment": [
              {
                "variables": {
                  "ACCOUNT_ID": "971422687659",
                  "API_ENDPOINT": "https://d5tcv80br4.execute-api.eu-west-1.amazonaws.com/genai/",
                  "AUDIOS_BUCKET": "one-journey-audiorecord-genai",
                  "CDN_ENDPOINT": "https://d7cnvwmb0wtsp.cloudfront.net/",
                  "COGNITO_USER_POOL": "eu-west-1_M21ToRrBa",
                  "COGNITO_USER_POOL_CLIENT": "2tonlc0fcbruoestl0c4fuj8ts",
                  "CORE_GDS_EVENT_ARN": "arn:aws:lambda:eu-west-1:971422687659:function:one-journey-genai-coreGDSEvent",
                  "CORE_S3_EVENT_ARN": "arn:aws:lambda:eu-west-1:971422687659:function:one-journey-genai-coreS3Event",
                  "CORS_ORIGIN": "*",
                  "DEBUG_LOG": "/aws/one-journey/one-journey-DebugLogs",
                  "DOMAIN_SUFFIX": "one-journey",
                  "DYNAMODB_TABLE_CHANNEL_MESSAGES": "one-journey-channel-messages",
                  "DYNAMODB_TABLE_COMMON_OBJECTS": "one-journey-common-objects",
                  "DYNAMODB_TABLE_COST": "one-journey-cost",
                  "DYNAMODB_TABLE_COUNTERS_STORAGE_CHANNEL": "one-journey-counters-storage-channel",
                  "DYNAMODB_TABLE_EXECUTIONS": "one-journey-executions",
                  "DYNAMODB_TABLE_EXECUTIONS_V5": "one-journey-executions-v5",
                  "DYNAMODB_TABLE_EXECUTIONS_V5_DETAIL": "one-journey-executions-v5-detail",
                  "DYNAMODB_TABLE_EXECUTIONS_V5_GSI_CREATED_AT": "one-journey-executions-v5-gsi-createdAt",
                  "DYNAMODB_TABLE_EXECUTIONS_V5_GSI_UPDATED_AT": "one-journey-executions-v5-gsi-updatedAt",
                  "DYNAMODB_TABLE_MUTEX_LOCK": "one-journey-mutex-lock",
                  "DYNAMODB_TABLE_SESSIONS": "one-journey-sessions",
                  "DYNAMODB_TABLE_STT_OPERATIONS": "one-journey-sttOperations",
                  "DYNAMODB_TABLE_SUSCRIPTIONS": "one-journey-suscriptions",
                  "DYNAMODB_TABLE_WEBSOCKETS_MANAGER": "one-journey-websockets-manager",
                  "DYNAMODB_TABLE_WORKFLOWS_BACKUP": "one-journey-workflows-backup",
                  "DYNAMODB_TABLE_WORKFLOW_CONTEXT": "one-journey-workflow-context",
                  "ERROR_LOG": "/aws/one-journey/one-journey-ErrorLogs",
                  "EVENTBRIDGE_MESSAGE_BUS": "one-journey-messages-bus-genai",
                  "HOSTING_BUCKET": "one-journey-hosting-bucket-genai",
                  "KENDRA_S3_ROLE_ARN": "arn:aws:iam::971422687659:role/OneJourneyKendraS3Role",
                  "KEYS_URL": "https://cognito-idp.eu-west-1.amazonaws.com/eu-west-1_M21ToRrBa/.well-known/jwks.json",
                  "MAIN_CONFIGURATION_ID": "@MAIN_CONFIGURATION",
                  "MAX_CHATGPT_RETRY_REQUEST": "5",
                  "ONE_JOURNEY_DATA_BUCKET": "one-journey-data-bucket-genai",
                  "ONE_JOURNEY_FILES_BUCKET": "one-journey-files-bucket-genai",
                  "PROCESS_TRANSCRIPTION_ARN": "arn:aws:lambda:eu-west-1:971422687659:function:one-journey-genai-processTranscription",
                  "REGION": "eu-west-1",
                  "SQS_BATCH_QUEUE_URL": "https://sqs.eu-west-1.amazonaws.com/971422687659/one-journey-batch-queue-genai",
                  "STAGE": "genai",
                  "STORAGE_PROCESS_LAMBDA_ARN": "arn:aws:lambda:eu-west-1:971422687659:function:one-journey-genai-manageFileStorage",
                  "STT_WEBHOOK_ARN": "arn:aws:lambda:eu-west-1:971422687659:function:one-journey-genai-sttWebhook",
                  "TRANSCRIPTIONS_BUCKET": "one-journey-transcriptions-genai",
                  "USER_POOL_CLIENT_ID": "2tonlc0fcbruoestl0c4fuj8ts",
                  "USER_POOL_ID": "eu-west-1_M21ToRrBa",
                  "VERSION": "v1",
                  "WEBSOCKET_API_ENDPOINT": "wss://mu5nzg1mp2.execute-api.eu-west-1.amazonaws.com/genai/"
                }
              }
            ],
            "ephemeral_storage": [
              {
                "size": 512
              }
            ],
            "file_system_config": [],
            "filename": null,
            "function_name": "one-journey-genai-toolJSONDataInjectionNode",
            "handler": "./src/api/v1/node/jsonDataInjection/event.handler",
            "id": "one-journey-genai-toolJSONDataInjectionNode",
            "image_config": [],
            "image_uri": "",
            "invoke_arn": "arn:aws:apigateway:eu-west-1:lambda:path/2015-03-31/functions/arn:aws:lambda:eu-west-1:971422687659:function:one-journey-genai-toolJSONDataInjectionNode/invocations",
            "kms_key_arn": "",
            "last_modified": "2025-09-29T14:28:37.000+0000",
            "layers": [],
            "logging_config": [
              {
                "application_log_level": "",
                "log_format": "Text",
                "log_group": "/aws/lambda/one-journey-genai-toolJSONDataInjectionNode",
                "system_log_level": ""
              }
            ],
            "memory_size": 1536,
            "package_type": "Zip",
            "publish": null,
            "qualified_arn": "arn:aws:lambda:eu-west-1:971422687659:function:one-journey-genai-toolJSONDataInjectionNode:30",
            "qualified_invoke_arn": "arn:aws:apigateway:eu-west-1:lambda:path/2015-03-31/functions/arn:aws:lambda:eu-west-1:971422687659:function:one-journey-genai-toolJSONDataInjectionNode:30/invocations",
            "replace_security_groups_on_destroy": null,
            "replacement_security_group_ids": null,
            "reserved_concurrent_executions": -1,
            "role": "arn:aws:iam::971422687659:role/one-journey-genai-toolJSONDataInjectionNode-eu-west-1-lambdaRole",
            "runtime": "nodejs20.x",
            "s3_bucket": null,
            "s3_key": null,
            "s3_object_version": null,
            "signing_job_arn": "",
            "signing_profile_version_arn": "",
            "skip_destroy": false,
            "snap_start": [],
            "source_code_hash": "",
            "source_code_size": 15696162,
            "tags": {
              "STAGE": "genai"
            },
            "tags_all": {
              "STAGE": "genai"
            },
            "timeout": 6,
            "timeouts": null,
            "tracing_config": [
              {
                "mode": "PassThrough"
              }
            ],
            "version": "30",
            "vpc_config": []
          },
          "sensitive_attributes": [],
          "identity_schema_version": 0,
          "private": "eyJlMmJmYjczMC1lY2FhLTExZTYtOGY4OC0zNDM2M2JjN2M0YzAiOnsiY3JlYXRlIjo2MDAwMDAwMDAwMDAsImRlbGV0ZSI6NjAwMDAwMDAwMDAwLCJ1cGRhdGUiOjYwMDAwMDAwMDAwMH0sInNjaGVtYV92ZXJzaW9uIjoiMCJ9"
        },
        {
          "index_key": "tool_json_data_transform_node",
          "schema_version": 0,
          "attributes": {
            "architectures": [
              "arm64"
            ],
            "arn": "arn:aws:lambda:eu-west-1:971422687659:function:one-journey-genai-toolJSONDataTransformNode",
            "code_sha256": "6yV7OC2wJiErAh16HMXHiPwfAFp1c6+QpH1oXYHgopw=",
            "code_signing_config_arn": "",
            "dead_letter_config": [],
            "description": "",
            "environment": [
              {
                "variables": {
                  "ACCOUNT_ID": "971422687659",
                  "API_ENDPOINT": "https://d5tcv80br4.execute-api.eu-west-1.amazonaws.com/genai/",
                  "AUDIOS_BUCKET": "one-journey-audiorecord-genai",
                  "CDN_ENDPOINT": "https://d7cnvwmb0wtsp.cloudfront.net/",
                  "COGNITO_USER_POOL": "eu-west-1_M21ToRrBa",
                  "COGNITO_USER_POOL_CLIENT": "2tonlc0fcbruoestl0c4fuj8ts",
                  "CORE_GDS_EVENT_ARN": "arn:aws:lambda:eu-west-1:971422687659:function:one-journey-genai-coreGDSEvent",
                  "CORE_S3_EVENT_ARN": "arn:aws:lambda:eu-west-1:971422687659:function:one-journey-genai-coreS3Event",
                  "CORS_ORIGIN": "*",
                  "DEBUG_LOG": "/aws/one-journey/one-journey-DebugLogs",
                  "DOMAIN_SUFFIX": "one-journey",
                  "DYNAMODB_TABLE_CHANNEL_MESSAGES": "one-journey-channel-messages",
                  "DYNAMODB_TABLE_COMMON_OBJECTS": "one-journey-common-objects",
                  "DYNAMODB_TABLE_COST": "one-journey-cost",
                  "DYNAMODB_TABLE_COUNTERS_STORAGE_CHANNEL": "one-journey-counters-storage-channel",
                  "DYNAMODB_TABLE_EXECUTIONS": "one-journey-executions",
                  "DYNAMODB_TABLE_EXECUTIONS_V5": "one-journey-executions-v5",
                  "DYNAMODB_TABLE_EXECUTIONS_V5_DETAIL": "one-journey-executions-v5-detail",
                  "DYNAMODB_TABLE_EXECUTIONS_V5_GSI_CREATED_AT": "one-journey-executions-v5-gsi-createdAt",
                  "DYNAMODB_TABLE_EXECUTIONS_V5_GSI_UPDATED_AT": "one-journey-executions-v5-gsi-updatedAt",
                  "DYNAMODB_TABLE_MUTEX_LOCK": "one-journey-mutex-lock",
                  "DYNAMODB_TABLE_SESSIONS": "one-journey-sessions",
                  "DYNAMODB_TABLE_STT_OPERATIONS": "one-journey-sttOperations",
                  "DYNAMODB_TABLE_SUSCRIPTIONS": "one-journey-suscriptions",
                  "DYNAMODB_TABLE_WEBSOCKETS_MANAGER": "one-journey-websockets-manager",
                  "DYNAMODB_TABLE_WORKFLOWS_BACKUP": "one-journey-workflows-backup",
                  "DYNAMODB_TABLE_WORKFLOW_CONTEXT": "one-journey-workflow-context",
                  "ERROR_LOG": "/aws/one-journey/one-journey-ErrorLogs",
                  "EVENTBRIDGE_MESSAGE_BUS": "one-journey-messages-bus-genai",
                  "HOSTING_BUCKET": "one-journey-hosting-bucket-genai",
                  "KENDRA_S3_ROLE_ARN": "arn:aws:iam::971422687659:role/OneJourneyKendraS3Role",
                  "KEYS_URL": "https://cognito-idp.eu-west-1.amazonaws.com/eu-west-1_M21ToRrBa/.well-known/jwks.json",
                  "MAIN_CONFIGURATION_ID": "@MAIN_CONFIGURATION",
                  "MAX_CHATGPT_RETRY_REQUEST": "5",
                  "ONE_JOURNEY_DATA_BUCKET": "one-journey-data-bucket-genai",
                  "ONE_JOURNEY_FILES_BUCKET": "one-journey-files-bucket-genai",
                  "PROCESS_TRANSCRIPTION_ARN": "arn:aws:lambda:eu-west-1:971422687659:function:one-journey-genai-processTranscription",
                  "REGION": "eu-west-1",
                  "SQS_BATCH_QUEUE_URL": "https://sqs.eu-west-1.amazonaws.com/971422687659/one-journey-batch-queue-genai",
                  "STAGE": "genai",
                  "STORAGE_PROCESS_LAMBDA_ARN": "arn:aws:lambda:eu-west-1:971422687659:function:one-journey-genai-manageFileStorage",
                  "STT_WEBHOOK_ARN": "arn:aws:lambda:eu-west-1:971422687659:function:one-journey-genai-sttWebhook",
                  "TRANSCRIPTIONS_BUCKET": "one-journey-transcriptions-genai",
                  "USER_POOL_CLIENT_ID": "2tonlc0fcbruoestl0c4fuj8ts",
                  "USER_POOL_ID": "eu-west-1_M21ToRrBa",
                  "VERSION": "v1",
                  "WEBSOCKET_API_ENDPOINT": "wss://mu5nzg1mp2.execute-api.eu-west-1.amazonaws.com/genai/"
                }
              }
            ],
            "ephemeral_storage": [
              {
                "size": 512
              }
            ],
            "file_system_config": [],
            "filename": null,
            "function_name": "one-journey-genai-toolJSONDataTransformNode",
            "handler": "./src/api/v1/node/jsonDataTransform/event.handler",
            "id": "one-journey-genai-toolJSONDataTransformNode",
            "image_config": [],
            "image_uri": "",
            "invoke_arn": "arn:aws:apigateway:eu-west-1:lambda:path/2015-03-31/functions/arn:aws:lambda:eu-west-1:971422687659:function:one-journey-genai-toolJSONDataTransformNode/invocations",
            "kms_key_arn": "",
            "last_modified": "2025-09-29T14:28:34.000+0000",
            "layers": [],
            "logging_config": [
              {
                "application_log_level": "",
                "log_format": "Text",
                "log_group": "/aws/lambda/one-journey-genai-toolJSONDataTransformNode",
                "system_log_level": ""
              }
            ],
            "memory_size": 1536,
            "package_type": "Zip",
            "publish": null,
            "qualified_arn": "arn:aws:lambda:eu-west-1:971422687659:function:one-journey-genai-toolJSONDataTransformNode:31",
            "qualified_invoke_arn": "arn:aws:apigateway:eu-west-1:lambda:path/2015-03-31/functions/arn:aws:lambda:eu-west-1:971422687659:function:one-journey-genai-toolJSONDataTransformNode:31/invocations",
            "replace_security_groups_on_destroy": null,
            "replacement_security_group_ids": null,
            "reserved_concurrent_executions": -1,
            "role": "arn:aws:iam::971422687659:role/one-journey-genai-toolJSONDataTransformNode-eu-west-1-lambdaRole",
            "runtime": "nodejs20.x",
            "s3_bucket": null,
            "s3_key": null,
            "s3_object_version": null,
            "signing_job_arn": "",
            "signing_profile_version_arn": "",
            "skip_destroy": false,
            "snap_start": [],
            "source_code_hash": "",
            "source_code_size": 18617599,
            "tags": {
              "STAGE": "genai"
            },
            "tags_all": {
              "STAGE": "genai"
            },
            "timeout": 6,
            "timeouts": null,
            "tracing_config": [
              {
                "mode": "PassThrough"
              }
            ],
            "version": "31",
            "vpc_config": []
          },
          "sensitive_attributes": [],
          "identity_schema_version": 0,
          "private": "eyJlMmJmYjczMC1lY2FhLTExZTYtOGY4OC0zNDM2M2JjN2M0YzAiOnsiY3JlYXRlIjo2MDAwMDAwMDAwMDAsImRlbGV0ZSI6NjAwMDAwMDAwMDAwLCJ1cGRhdGUiOjYwMDAwMDAwMDAwMH0sInNjaGVtYV92ZXJzaW9uIjoiMCJ9"
        },
        {
          "index_key": "transcribe_action_node",
          "schema_version": 0,
          "attributes": {
            "architectures": [
              "x86_64"
            ],
            "arn": "arn:aws:lambda:eu-west-1:971422687659:function:one-journey-genai-transcribeActionNode",
            "code_sha256": "IiYoeuQntJkWtNk7qkk4m/20PvhbTspyvqp/ynInnRY=",
            "code_signing_config_arn": "",
            "dead_letter_config": [],
            "description": "",
            "environment": [
              {
                "variables": {
                  "ACCOUNT_ID": "971422687659",
                  "API_ENDPOINT": "https://d5tcv80br4.execute-api.eu-west-1.amazonaws.com/genai/",
                  "AUDIOS_BUCKET": "one-journey-audiorecord-genai",
                  "CDN_ENDPOINT": "https://d7cnvwmb0wtsp.cloudfront.net/",
                  "COGNITO_USER_POOL": "eu-west-1_M21ToRrBa",
                  "COGNITO_USER_POOL_CLIENT": "2tonlc0fcbruoestl0c4fuj8ts",
                  "CORE_GDS_EVENT_ARN": "arn:aws:lambda:eu-west-1:971422687659:function:one-journey-genai-coreGDSEvent",
                  "CORE_S3_EVENT_ARN": "arn:aws:lambda:eu-west-1:971422687659:function:one-journey-genai-coreS3Event",
                  "CORS_ORIGIN": "*",
                  "DEBUG_LOG": "/aws/one-journey/one-journey-DebugLogs",
                  "DOMAIN_SUFFIX": "one-journey",
                  "DYNAMODB_TABLE_CHANNEL_MESSAGES": "one-journey-channel-messages",
                  "DYNAMODB_TABLE_COMMON_OBJECTS": "one-journey-common-objects",
                  "DYNAMODB_TABLE_COST": "one-journey-cost",
                  "DYNAMODB_TABLE_COUNTERS_STORAGE_CHANNEL": "one-journey-counters-storage-channel",
                  "DYNAMODB_TABLE_EXECUTIONS": "one-journey-executions",
                  "DYNAMODB_TABLE_EXECUTIONS_V5": "one-journey-executions-v5",
                  "DYNAMODB_TABLE_EXECUTIONS_V5_DETAIL": "one-journey-executions-v5-detail",
                  "DYNAMODB_TABLE_EXECUTIONS_V5_GSI_CREATED_AT": "one-journey-executions-v5-gsi-createdAt",
                  "DYNAMODB_TABLE_EXECUTIONS_V5_GSI_UPDATED_AT": "one-journey-executions-v5-gsi-updatedAt",
                  "DYNAMODB_TABLE_MUTEX_LOCK": "one-journey-mutex-lock",
                  "DYNAMODB_TABLE_SESSIONS": "one-journey-sessions",
                  "DYNAMODB_TABLE_STT_OPERATIONS": "one-journey-sttOperations",
                  "DYNAMODB_TABLE_SUSCRIPTIONS": "one-journey-suscriptions",
                  "DYNAMODB_TABLE_WEBSOCKETS_MANAGER": "one-journey-websockets-manager",
                  "DYNAMODB_TABLE_WORKFLOWS_BACKUP": "one-journey-workflows-backup",
                  "DYNAMODB_TABLE_WORKFLOW_CONTEXT": "one-journey-workflow-context",
                  "ERROR_LOG": "/aws/one-journey/one-journey-ErrorLogs",
                  "EVENTBRIDGE_MESSAGE_BUS": "one-journey-messages-bus-genai",
                  "HOSTING_BUCKET": "one-journey-hosting-bucket-genai",
                  "KENDRA_S3_ROLE_ARN": "arn:aws:iam::971422687659:role/OneJourneyKendraS3Role",
                  "KEYS_URL": "https://cognito-idp.eu-west-1.amazonaws.com/eu-west-1_M21ToRrBa/.well-known/jwks.json",
                  "MAIN_CONFIGURATION_ID": "@MAIN_CONFIGURATION",
                  "MAX_CHATGPT_RETRY_REQUEST": "5",
                  "ONE_JOURNEY_DATA_BUCKET": "one-journey-data-bucket-genai",
                  "ONE_JOURNEY_FILES_BUCKET": "one-journey-files-bucket-genai",
                  "PROCESS_TRANSCRIPTION_ARN": "arn:aws:lambda:eu-west-1:971422687659:function:one-journey-genai-processTranscription",
                  "REGION": "eu-west-1",
                  "SQS_BATCH_QUEUE_URL": "https://sqs.eu-west-1.amazonaws.com/971422687659/one-journey-batch-queue-genai",
                  "STAGE": "genai",
                  "STORAGE_PROCESS_LAMBDA_ARN": "arn:aws:lambda:eu-west-1:971422687659:function:one-journey-genai-manageFileStorage",
                  "STT_WEBHOOK_ARN": "arn:aws:lambda:eu-west-1:971422687659:function:one-journey-genai-sttWebhook",
                  "TRANSCRIPTIONS_BUCKET": "one-journey-transcriptions-genai",
                  "USER_POOL_CLIENT_ID": "2tonlc0fcbruoestl0c4fuj8ts",
                  "USER_POOL_ID": "eu-west-1_M21ToRrBa",
                  "VERSION": "v1",
                  "WEBSOCKET_API_ENDPOINT": "wss://mu5nzg1mp2.execute-api.eu-west-1.amazonaws.com/genai/"
                }
              }
            ],
            "ephemeral_storage": [
              {
                "size": 512
              }
            ],
            "file_system_config": [],
            "filename": null,
            "function_name": "one-journey-genai-transcribeActionNode",
            "handler": "./src/api/v1/node/action/transcribeEvent.handler",
            "id": "one-journey-genai-transcribeActionNode",
            "image_config": [],
            "image_uri": "",
            "invoke_arn": "arn:aws:apigateway:eu-west-1:lambda:path/2015-03-31/functions/arn:aws:lambda:eu-west-1:971422687659:function:one-journey-genai-transcribeActionNode/invocations",
            "kms_key_arn": "",
            "last_modified": "2025-09-29T14:28:40.000+0000",
            "layers": [
              "arn:aws:lambda:eu-west-1:971422687659:layer:ffmpegv1:4",
              "arn:aws:lambda:eu-west-1:971422687659:layer:genAILibs:16"
            ],
            "logging_config": [
              {
                "application_log_level": "",
                "log_format": "Text",
                "log_group": "/aws/lambda/one-journey-genai-transcribeActionNode",
                "system_log_level": ""
              }
            ],
            "memory_size": 1536,
            "package_type": "Zip",
            "publish": null,
            "qualified_arn": "arn:aws:lambda:eu-west-1:971422687659:function:one-journey-genai-transcribeActionNode:34",
            "qualified_invoke_arn": "arn:aws:apigateway:eu-west-1:lambda:path/2015-03-31/functions/arn:aws:lambda:eu-west-1:971422687659:function:one-journey-genai-transcribeActionNode:34/invocations",
            "replace_security_groups_on_destroy": null,
            "replacement_security_group_ids": null,
            "reserved_concurrent_executions": -1,
            "role": "arn:aws:iam::971422687659:role/one-journey-genai-transcribeActionNode-eu-west-1-lambdaRole",
            "runtime": "nodejs20.x",
            "s3_bucket": null,
            "s3_key": null,
            "s3_object_version": null,
            "signing_job_arn": "",
            "signing_profile_version_arn": "",
            "skip_destroy": false,
            "snap_start": [],
            "source_code_hash": "",
            "source_code_size": 15702304,
            "tags": {
              "STAGE": "genai"
            },
            "tags_all": {
              "STAGE": "genai"
            },
            "timeout": 120,
            "timeouts": null,
            "tracing_config": [
              {
                "mode": "PassThrough"
              }
            ],
            "version": "34",
            "vpc_config": []
          },
          "sensitive_attributes": [],
          "identity_schema_version": 0,
          "private": "eyJlMmJmYjczMC1lY2FhLTExZTYtOGY4OC0zNDM2M2JjN2M0YzAiOnsiY3JlYXRlIjo2MDAwMDAwMDAwMDAsImRlbGV0ZSI6NjAwMDAwMDAwMDAwLCJ1cGRhdGUiOjYwMDAwMDAwMDAwMH0sInNjaGVtYV92ZXJzaW9uIjoiMCJ9"
        },
        {
          "index_key": "user_me",
          "schema_version": 0,
          "attributes": {
            "architectures": [
              "arm64"
            ],
            "arn": "arn:aws:lambda:eu-west-1:971422687659:function:one-journey-genai-userMe",
            "code_sha256": "Be/uyH6av8O3SAtKigdWUBIWPwiMmXvbpDpqRZWaaQs=",
            "code_signing_config_arn": "",
            "dead_letter_config": [],
            "description": "",
            "environment": [
              {
                "variables": {
                  "ACCOUNT_ID": "971422687659",
                  "API_ENDPOINT": "https://d5tcv80br4.execute-api.eu-west-1.amazonaws.com/genai/",
                  "AUDIOS_BUCKET": "one-journey-audiorecord-genai",
                  "CDN_ENDPOINT": "https://d7cnvwmb0wtsp.cloudfront.net/",
                  "COGNITO_USER_POOL": "eu-west-1_M21ToRrBa",
                  "COGNITO_USER_POOL_CLIENT": "2tonlc0fcbruoestl0c4fuj8ts",
                  "CORE_GDS_EVENT_ARN": "arn:aws:lambda:eu-west-1:971422687659:function:one-journey-genai-coreGDSEvent",
                  "CORE_S3_EVENT_ARN": "arn:aws:lambda:eu-west-1:971422687659:function:one-journey-genai-coreS3Event",
                  "CORS_ORIGIN": "*",
                  "DEBUG_LOG": "/aws/one-journey/one-journey-DebugLogs",
                  "DOMAIN_SUFFIX": "one-journey",
                  "DYNAMODB_TABLE_CHANNEL_MESSAGES": "one-journey-channel-messages",
                  "DYNAMODB_TABLE_COMMON_OBJECTS": "one-journey-common-objects",
                  "DYNAMODB_TABLE_COST": "one-journey-cost",
                  "DYNAMODB_TABLE_COUNTERS_STORAGE_CHANNEL": "one-journey-counters-storage-channel",
                  "DYNAMODB_TABLE_EXECUTIONS": "one-journey-executions",
                  "DYNAMODB_TABLE_EXECUTIONS_V5": "one-journey-executions-v5",
                  "DYNAMODB_TABLE_EXECUTIONS_V5_DETAIL": "one-journey-executions-v5-detail",
                  "DYNAMODB_TABLE_EXECUTIONS_V5_GSI_CREATED_AT": "one-journey-executions-v5-gsi-createdAt",
                  "DYNAMODB_TABLE_EXECUTIONS_V5_GSI_UPDATED_AT": "one-journey-executions-v5-gsi-updatedAt",
                  "DYNAMODB_TABLE_MUTEX_LOCK": "one-journey-mutex-lock",
                  "DYNAMODB_TABLE_SESSIONS": "one-journey-sessions",
                  "DYNAMODB_TABLE_STT_OPERATIONS": "one-journey-sttOperations",
                  "DYNAMODB_TABLE_SUSCRIPTIONS": "one-journey-suscriptions",
                  "DYNAMODB_TABLE_WEBSOCKETS_MANAGER": "one-journey-websockets-manager",
                  "DYNAMODB_TABLE_WORKFLOWS_BACKUP": "one-journey-workflows-backup",
                  "DYNAMODB_TABLE_WORKFLOW_CONTEXT": "one-journey-workflow-context",
                  "ERROR_LOG": "/aws/one-journey/one-journey-ErrorLogs",
                  "EVENTBRIDGE_MESSAGE_BUS": "one-journey-messages-bus-genai",
                  "HOSTING_BUCKET": "one-journey-hosting-bucket-genai",
                  "KENDRA_S3_ROLE_ARN": "arn:aws:iam::971422687659:role/OneJourneyKendraS3Role",
                  "KEYS_URL": "https://cognito-idp.eu-west-1.amazonaws.com/eu-west-1_M21ToRrBa/.well-known/jwks.json",
                  "MAIN_CONFIGURATION_ID": "@MAIN_CONFIGURATION",
                  "MAX_CHATGPT_RETRY_REQUEST": "5",
                  "ONE_JOURNEY_DATA_BUCKET": "one-journey-data-bucket-genai",
                  "ONE_JOURNEY_FILES_BUCKET": "one-journey-files-bucket-genai",
                  "PROCESS_TRANSCRIPTION_ARN": "arn:aws:lambda:eu-west-1:971422687659:function:one-journey-genai-processTranscription",
                  "REGION": "eu-west-1",
                  "SQS_BATCH_QUEUE_URL": "https://sqs.eu-west-1.amazonaws.com/971422687659/one-journey-batch-queue-genai",
                  "STAGE": "genai",
                  "STORAGE_PROCESS_LAMBDA_ARN": "arn:aws:lambda:eu-west-1:971422687659:function:one-journey-genai-manageFileStorage",
                  "STT_WEBHOOK_ARN": "arn:aws:lambda:eu-west-1:971422687659:function:one-journey-genai-sttWebhook",
                  "TRANSCRIPTIONS_BUCKET": "one-journey-transcriptions-genai",
                  "USER_POOL_CLIENT_ID": "2tonlc0fcbruoestl0c4fuj8ts",
                  "USER_POOL_ID": "eu-west-1_M21ToRrBa",
                  "VERSION": "v1",
                  "WEBSOCKET_API_ENDPOINT": "wss://mu5nzg1mp2.execute-api.eu-west-1.amazonaws.com/genai/"
                }
              }
            ],
            "ephemeral_storage": [
              {
                "size": 512
              }
            ],
            "file_system_config": [],
            "filename": null,
            "function_name": "one-journey-genai-userMe",
            "handler": "src/api/v1/endpoint/user/me.handler",
            "id": "one-journey-genai-userMe",
            "image_config": [],
            "image_uri": "",
            "invoke_arn": "arn:aws:apigateway:eu-west-1:lambda:path/2015-03-31/functions/arn:aws:lambda:eu-west-1:971422687659:function:one-journey-genai-userMe/invocations",
            "kms_key_arn": "",
            "last_modified": "2025-09-29T14:28:33.000+0000",
            "layers": [],
            "logging_config": [
              {
                "application_log_level": "",
                "log_format": "Text",
                "log_group": "/aws/lambda/one-journey-genai-userMe",
                "system_log_level": ""
              }
            ],
            "memory_size": 1536,
            "package_type": "Zip",
            "publish": null,
            "qualified_arn": "arn:aws:lambda:eu-west-1:971422687659:function:one-journey-genai-userMe:30",
            "qualified_invoke_arn": "arn:aws:apigateway:eu-west-1:lambda:path/2015-03-31/functions/arn:aws:lambda:eu-west-1:971422687659:function:one-journey-genai-userMe:30/invocations",
            "replace_security_groups_on_destroy": null,
            "replacement_security_group_ids": null,
            "reserved_concurrent_executions": -1,
            "role": "arn:aws:iam::971422687659:role/one-journey-genai-userMe-eu-west-1-lambdaRole",
            "runtime": "nodejs20.x",
            "s3_bucket": null,
            "s3_key": null,
            "s3_object_version": null,
            "signing_job_arn": "",
            "signing_profile_version_arn": "",
            "skip_destroy": false,
            "snap_start": [],
            "source_code_hash": "",
            "source_code_size": 15711134,
            "tags": {
              "STAGE": "genai"
            },
            "tags_all": {
              "STAGE": "genai"
            },
            "timeout": 6,
            "timeouts": null,
            "tracing_config": [
              {
                "mode": "PassThrough"
              }
            ],
            "version": "30",
            "vpc_config": []
          },
          "sensitive_attributes": [],
          "identity_schema_version": 0,
          "private": "eyJlMmJmYjczMC1lY2FhLTExZTYtOGY4OC0zNDM2M2JjN2M0YzAiOnsiY3JlYXRlIjo2MDAwMDAwMDAwMDAsImRlbGV0ZSI6NjAwMDAwMDAwMDAwLCJ1cGRhdGUiOjYwMDAwMDAwMDAwMH0sInNjaGVtYV92ZXJzaW9uIjoiMCJ9"
        },
        {
          "index_key": "variable_node",
          "schema_version": 0,
          "attributes": {
            "architectures": [
              "arm64"
            ],
            "arn": "arn:aws:lambda:eu-west-1:971422687659:function:one-journey-genai-variableNode",
            "code_sha256": "11bKPK/7QTiHejYHFtOwXDXIUTAdwmH3bek/Aznsox0=",
            "code_signing_config_arn": "",
            "dead_letter_config": [],
            "description": "",
            "environment": [
              {
                "variables": {
                  "ACCOUNT_ID": "971422687659",
                  "API_ENDPOINT": "https://d5tcv80br4.execute-api.eu-west-1.amazonaws.com/genai/",
                  "AUDIOS_BUCKET": "one-journey-audiorecord-genai",
                  "CDN_ENDPOINT": "https://d7cnvwmb0wtsp.cloudfront.net/",
                  "COGNITO_USER_POOL": "eu-west-1_M21ToRrBa",
                  "COGNITO_USER_POOL_CLIENT": "2tonlc0fcbruoestl0c4fuj8ts",
                  "CORE_GDS_EVENT_ARN": "arn:aws:lambda:eu-west-1:971422687659:function:one-journey-genai-coreGDSEvent",
                  "CORE_S3_EVENT_ARN": "arn:aws:lambda:eu-west-1:971422687659:function:one-journey-genai-coreS3Event",
                  "CORS_ORIGIN": "*",
                  "DEBUG_LOG": "/aws/one-journey/one-journey-DebugLogs",
                  "DOMAIN_SUFFIX": "one-journey",
                  "DYNAMODB_TABLE_CHANNEL_MESSAGES": "one-journey-channel-messages",
                  "DYNAMODB_TABLE_COMMON_OBJECTS": "one-journey-common-objects",
                  "DYNAMODB_TABLE_COST": "one-journey-cost",
                  "DYNAMODB_TABLE_COUNTERS_STORAGE_CHANNEL": "one-journey-counters-storage-channel",
                  "DYNAMODB_TABLE_EXECUTIONS": "one-journey-executions",
                  "DYNAMODB_TABLE_EXECUTIONS_V5": "one-journey-executions-v5",
                  "DYNAMODB_TABLE_EXECUTIONS_V5_DETAIL": "one-journey-executions-v5-detail",
                  "DYNAMODB_TABLE_EXECUTIONS_V5_GSI_CREATED_AT": "one-journey-executions-v5-gsi-createdAt",
                  "DYNAMODB_TABLE_EXECUTIONS_V5_GSI_UPDATED_AT": "one-journey-executions-v5-gsi-updatedAt",
                  "DYNAMODB_TABLE_MUTEX_LOCK": "one-journey-mutex-lock",
                  "DYNAMODB_TABLE_SESSIONS": "one-journey-sessions",
                  "DYNAMODB_TABLE_STT_OPERATIONS": "one-journey-sttOperations",
                  "DYNAMODB_TABLE_SUSCRIPTIONS": "one-journey-suscriptions",
                  "DYNAMODB_TABLE_WEBSOCKETS_MANAGER": "one-journey-websockets-manager",
                  "DYNAMODB_TABLE_WORKFLOWS_BACKUP": "one-journey-workflows-backup",
                  "DYNAMODB_TABLE_WORKFLOW_CONTEXT": "one-journey-workflow-context",
                  "ERROR_LOG": "/aws/one-journey/one-journey-ErrorLogs",
                  "EVENTBRIDGE_MESSAGE_BUS": "one-journey-messages-bus-genai",
                  "HOSTING_BUCKET": "one-journey-hosting-bucket-genai",
                  "KENDRA_S3_ROLE_ARN": "arn:aws:iam::971422687659:role/OneJourneyKendraS3Role",
                  "KEYS_URL": "https://cognito-idp.eu-west-1.amazonaws.com/eu-west-1_M21ToRrBa/.well-known/jwks.json",
                  "MAIN_CONFIGURATION_ID": "@MAIN_CONFIGURATION",
                  "MAX_CHATGPT_RETRY_REQUEST": "5",
                  "ONE_JOURNEY_DATA_BUCKET": "one-journey-data-bucket-genai",
                  "ONE_JOURNEY_FILES_BUCKET": "one-journey-files-bucket-genai",
                  "PROCESS_TRANSCRIPTION_ARN": "arn:aws:lambda:eu-west-1:971422687659:function:one-journey-genai-processTranscription",
                  "REGION": "eu-west-1",
                  "SQS_BATCH_QUEUE_URL": "https://sqs.eu-west-1.amazonaws.com/971422687659/one-journey-batch-queue-genai",
                  "STAGE": "genai",
                  "STORAGE_PROCESS_LAMBDA_ARN": "arn:aws:lambda:eu-west-1:971422687659:function:one-journey-genai-manageFileStorage",
                  "STT_WEBHOOK_ARN": "arn:aws:lambda:eu-west-1:971422687659:function:one-journey-genai-sttWebhook",
                  "TRANSCRIPTIONS_BUCKET": "one-journey-transcriptions-genai",
                  "USER_POOL_CLIENT_ID": "2tonlc0fcbruoestl0c4fuj8ts",
                  "USER_POOL_ID": "eu-west-1_M21ToRrBa",
                  "VERSION": "v1",
                  "WEBSOCKET_API_ENDPOINT": "wss://mu5nzg1mp2.execute-api.eu-west-1.amazonaws.com/genai/"
                }
              }
            ],
            "ephemeral_storage": [
              {
                "size": 512
              }
            ],
            "file_system_config": [],
            "filename": null,
            "function_name": "one-journey-genai-variableNode",
            "handler": "./src/api/v1/node/variable/event.handler",
            "id": "one-journey-genai-variableNode",
            "image_config": [],
            "image_uri": "",
            "invoke_arn": "arn:aws:apigateway:eu-west-1:lambda:path/2015-03-31/functions/arn:aws:lambda:eu-west-1:971422687659:function:one-journey-genai-variableNode/invocations",
            "kms_key_arn": "",
            "last_modified": "2025-09-29T14:28:28.000+0000",
            "layers": [],
            "logging_config": [
              {
                "application_log_level": "",
                "log_format": "Text",
                "log_group": "/aws/lambda/one-journey-genai-variableNode",
                "system_log_level": ""
              }
            ],
            "memory_size": 1536,
            "package_type": "Zip",
            "publish": null,
            "qualified_arn": "arn:aws:lambda:eu-west-1:971422687659:function:one-journey-genai-variableNode:20",
            "qualified_invoke_arn": "arn:aws:apigateway:eu-west-1:lambda:path/2015-03-31/functions/arn:aws:lambda:eu-west-1:971422687659:function:one-journey-genai-variableNode:20/invocations",
            "replace_security_groups_on_destroy": null,
            "replacement_security_group_ids": null,
            "reserved_concurrent_executions": -1,
            "role": "arn:aws:iam::971422687659:role/one-journey-genai-variableNode-eu-west-1-lambdaRole",
            "runtime": "nodejs20.x",
            "s3_bucket": null,
            "s3_key": null,
            "s3_object_version": null,
            "signing_job_arn": "",
            "signing_profile_version_arn": "",
            "skip_destroy": false,
            "snap_start": [],
            "source_code_hash": "",
            "source_code_size": 18420196,
            "tags": {
              "STAGE": "genai"
            },
            "tags_all": {
              "STAGE": "genai"
            },
            "timeout": 60,
            "timeouts": null,
            "tracing_config": [
              {
                "mode": "PassThrough"
              }
            ],
            "version": "20",
            "vpc_config": []
          },
          "sensitive_attributes": [],
          "identity_schema_version": 0,
          "private": "eyJlMmJmYjczMC1lY2FhLTExZTYtOGY4OC0zNDM2M2JjN2M0YzAiOnsiY3JlYXRlIjo2MDAwMDAwMDAwMDAsImRlbGV0ZSI6NjAwMDAwMDAwMDAwLCJ1cGRhdGUiOjYwMDAwMDAwMDAwMH0sInNjaGVtYV92ZXJzaW9uIjoiMCJ9"
        },
        {
          "index_key": "vonage_stream_webhook",
          "schema_version": 0,
          "attributes": {
            "architectures": [
              "x86_64"
            ],
            "arn": "arn:aws:lambda:eu-west-1:971422687659:function:one-journey-genai-vonageStreamWebhook",
            "code_sha256": "3IrPv3Sq5uknkgaSt5dFZKBDoQqxnlxigWJIf7AEr7A=",
            "code_signing_config_arn": "",
            "dead_letter_config": [],
            "description": "",
            "environment": [
              {
                "variables": {
                  "ACCOUNT_ID": "971422687659",
                  "API_ENDPOINT": "https://d5tcv80br4.execute-api.eu-west-1.amazonaws.com/genai/",
                  "AUDIOS_BUCKET": "one-journey-audiorecord-genai",
                  "CDN_ENDPOINT": "https://d7cnvwmb0wtsp.cloudfront.net/",
                  "COGNITO_USER_POOL": "eu-west-1_M21ToRrBa",
                  "COGNITO_USER_POOL_CLIENT": "2tonlc0fcbruoestl0c4fuj8ts",
                  "CORE_GDS_EVENT_ARN": "arn:aws:lambda:eu-west-1:971422687659:function:one-journey-genai-coreGDSEvent",
                  "CORE_S3_EVENT_ARN": "arn:aws:lambda:eu-west-1:971422687659:function:one-journey-genai-coreS3Event",
                  "CORS_ORIGIN": "*",
                  "DEBUG_LOG": "/aws/one-journey/one-journey-DebugLogs",
                  "DOMAIN_SUFFIX": "one-journey",
                  "DYNAMODB_TABLE_CHANNEL_MESSAGES": "one-journey-channel-messages",
                  "DYNAMODB_TABLE_COMMON_OBJECTS": "one-journey-common-objects",
                  "DYNAMODB_TABLE_COST": "one-journey-cost",
                  "DYNAMODB_TABLE_COUNTERS_STORAGE_CHANNEL": "one-journey-counters-storage-channel",
                  "DYNAMODB_TABLE_EXECUTIONS": "one-journey-executions",
                  "DYNAMODB_TABLE_EXECUTIONS_V5": "one-journey-executions-v5",
                  "DYNAMODB_TABLE_EXECUTIONS_V5_DETAIL": "one-journey-executions-v5-detail",
                  "DYNAMODB_TABLE_EXECUTIONS_V5_GSI_CREATED_AT": "one-journey-executions-v5-gsi-createdAt",
                  "DYNAMODB_TABLE_EXECUTIONS_V5_GSI_UPDATED_AT": "one-journey-executions-v5-gsi-updatedAt",
                  "DYNAMODB_TABLE_MUTEX_LOCK": "one-journey-mutex-lock",
                  "DYNAMODB_TABLE_SESSIONS": "one-journey-sessions",
                  "DYNAMODB_TABLE_STT_OPERATIONS": "one-journey-sttOperations",
                  "DYNAMODB_TABLE_SUSCRIPTIONS": "one-journey-suscriptions",
                  "DYNAMODB_TABLE_WEBSOCKETS_MANAGER": "one-journey-websockets-manager",
                  "DYNAMODB_TABLE_WORKFLOWS_BACKUP": "one-journey-workflows-backup",
                  "DYNAMODB_TABLE_WORKFLOW_CONTEXT": "one-journey-workflow-context",
                  "ERROR_LOG": "/aws/one-journey/one-journey-ErrorLogs",
                  "EVENTBRIDGE_MESSAGE_BUS": "one-journey-messages-bus-genai",
                  "HOSTING_BUCKET": "one-journey-hosting-bucket-genai",
                  "KENDRA_S3_ROLE_ARN": "arn:aws:iam::971422687659:role/OneJourneyKendraS3Role",
                  "KEYS_URL": "https://cognito-idp.eu-west-1.amazonaws.com/eu-west-1_M21ToRrBa/.well-known/jwks.json",
                  "MAIN_CONFIGURATION_ID": "@MAIN_CONFIGURATION",
                  "MAX_CHATGPT_RETRY_REQUEST": "5",
                  "ONE_JOURNEY_DATA_BUCKET": "one-journey-data-bucket-genai",
                  "ONE_JOURNEY_FILES_BUCKET": "one-journey-files-bucket-genai",
                  "PROCESS_TRANSCRIPTION_ARN": "arn:aws:lambda:eu-west-1:971422687659:function:one-journey-genai-processTranscription",
                  "REGION": "eu-west-1",
                  "SQS_BATCH_QUEUE_URL": "https://sqs.eu-west-1.amazonaws.com/971422687659/one-journey-batch-queue-genai",
                  "STAGE": "genai",
                  "STORAGE_PROCESS_LAMBDA_ARN": "arn:aws:lambda:eu-west-1:971422687659:function:one-journey-genai-manageFileStorage",
                  "STT_WEBHOOK_ARN": "arn:aws:lambda:eu-west-1:971422687659:function:one-journey-genai-sttWebhook",
                  "TRANSCRIPTIONS_BUCKET": "one-journey-transcriptions-genai",
                  "USER_POOL_CLIENT_ID": "2tonlc0fcbruoestl0c4fuj8ts",
                  "USER_POOL_ID": "eu-west-1_M21ToRrBa",
                  "VERSION": "v1",
                  "WEBSOCKET_API_ENDPOINT": "wss://mu5nzg1mp2.execute-api.eu-west-1.amazonaws.com/genai/"
                }
              }
            ],
            "ephemeral_storage": [
              {
                "size": 512
              }
            ],
            "file_system_config": [],
            "filename": null,
            "function_name": "one-journey-genai-vonageStreamWebhook",
            "handler": "src/api/v1/channel/vonage-stream/webhook.handler",
            "id": "one-journey-genai-vonageStreamWebhook",
            "image_config": [],
            "image_uri": "",
            "invoke_arn": "arn:aws:apigateway:eu-west-1:lambda:path/2015-03-31/functions/arn:aws:lambda:eu-west-1:971422687659:function:one-journey-genai-vonageStreamWebhook/invocations",
            "kms_key_arn": "",
            "last_modified": "2025-09-29T14:29:01.000+0000",
            "layers": [
              "arn:aws:lambda:eu-west-1:971422687659:layer:genAILibs:16"
            ],
            "logging_config": [
              {
                "application_log_level": "",
                "log_format": "Text",
                "log_group": "/aws/lambda/one-journey-genai-vonageStreamWebhook",
                "system_log_level": ""
              }
            ],
            "memory_size": 1536,
            "package_type": "Zip",
            "publish": null,
            "qualified_arn": "arn:aws:lambda:eu-west-1:971422687659:function:one-journey-genai-vonageStreamWebhook:31",
            "qualified_invoke_arn": "arn:aws:apigateway:eu-west-1:lambda:path/2015-03-31/functions/arn:aws:lambda:eu-west-1:971422687659:function:one-journey-genai-vonageStreamWebhook:31/invocations",
            "replace_security_groups_on_destroy": null,
            "replacement_security_group_ids": null,
            "reserved_concurrent_executions": -1,
            "role": "arn:aws:iam::971422687659:role/one-journey-genai-vonageStreamWebhook-eu-west-1-lambdaRole",
            "runtime": "nodejs20.x",
            "s3_bucket": null,
            "s3_key": null,
            "s3_object_version": null,
            "signing_job_arn": "",
            "signing_profile_version_arn": "",
            "skip_destroy": false,
            "snap_start": [],
            "source_code_hash": "",
            "source_code_size": 15696390,
            "tags": {
              "STAGE": "genai"
            },
            "tags_all": {
              "STAGE": "genai"
            },
            "timeout": 6,
            "timeouts": null,
            "tracing_config": [
              {
                "mode": "PassThrough"
              }
            ],
            "version": "31",
            "vpc_config": []
          },
          "sensitive_attributes": [],
          "identity_schema_version": 0,
          "private": "eyJlMmJmYjczMC1lY2FhLTExZTYtOGY4OC0zNDM2M2JjN2M0YzAiOnsiY3JlYXRlIjo2MDAwMDAwMDAwMDAsImRlbGV0ZSI6NjAwMDAwMDAwMDAwLCJ1cGRhdGUiOjYwMDAwMDAwMDAwMH0sInNjaGVtYV92ZXJzaW9uIjoiMCJ9"
        },
        {
          "index_key": "vonage_streaming_handler",
          "schema_version": 0,
          "attributes": {
            "architectures": [
              "arm64"
            ],
            "arn": "arn:aws:lambda:eu-west-1:971422687659:function:one-journey-genai-vonageStreaminggHandler",
            "code_sha256": "iC2kwPv5auHqPAOFDHFZRgLLvrwnCsVtq9hU46jARrg=",
            "code_signing_config_arn": "",
            "dead_letter_config": [],
            "description": "",
            "environment": [
              {
                "variables": {
                  "ACCOUNT_ID": "971422687659",
                  "API_ENDPOINT": "https://d5tcv80br4.execute-api.eu-west-1.amazonaws.com/genai/",
                  "AUDIOS_BUCKET": "one-journey-audiorecord-genai",
                  "CDN_ENDPOINT": "https://d7cnvwmb0wtsp.cloudfront.net/",
                  "COGNITO_USER_POOL": "eu-west-1_M21ToRrBa",
                  "COGNITO_USER_POOL_CLIENT": "2tonlc0fcbruoestl0c4fuj8ts",
                  "CORE_GDS_EVENT_ARN": "arn:aws:lambda:eu-west-1:971422687659:function:one-journey-genai-coreGDSEvent",
                  "CORE_S3_EVENT_ARN": "arn:aws:lambda:eu-west-1:971422687659:function:one-journey-genai-coreS3Event",
                  "CORS_ORIGIN": "*",
                  "DEBUG_LOG": "/aws/one-journey/one-journey-DebugLogs",
                  "DOMAIN_SUFFIX": "one-journey",
                  "DYNAMODB_TABLE_CHANNEL_MESSAGES": "one-journey-channel-messages",
                  "DYNAMODB_TABLE_COMMON_OBJECTS": "one-journey-common-objects",
                  "DYNAMODB_TABLE_COST": "one-journey-cost",
                  "DYNAMODB_TABLE_COUNTERS_STORAGE_CHANNEL": "one-journey-counters-storage-channel",
                  "DYNAMODB_TABLE_EXECUTIONS": "one-journey-executions",
                  "DYNAMODB_TABLE_EXECUTIONS_V5": "one-journey-executions-v5",
                  "DYNAMODB_TABLE_EXECUTIONS_V5_DETAIL": "one-journey-executions-v5-detail",
                  "DYNAMODB_TABLE_EXECUTIONS_V5_GSI_CREATED_AT": "one-journey-executions-v5-gsi-createdAt",
                  "DYNAMODB_TABLE_EXECUTIONS_V5_GSI_UPDATED_AT": "one-journey-executions-v5-gsi-updatedAt",
                  "DYNAMODB_TABLE_MUTEX_LOCK": "one-journey-mutex-lock",
                  "DYNAMODB_TABLE_SESSIONS": "one-journey-sessions",
                  "DYNAMODB_TABLE_STT_OPERATIONS": "one-journey-sttOperations",
                  "DYNAMODB_TABLE_SUSCRIPTIONS": "one-journey-suscriptions",
                  "DYNAMODB_TABLE_WEBSOCKETS_MANAGER": "one-journey-websockets-manager",
                  "DYNAMODB_TABLE_WORKFLOWS_BACKUP": "one-journey-workflows-backup",
                  "DYNAMODB_TABLE_WORKFLOW_CONTEXT": "one-journey-workflow-context",
                  "ERROR_LOG": "/aws/one-journey/one-journey-ErrorLogs",
                  "EVENTBRIDGE_MESSAGE_BUS": "one-journey-messages-bus-genai",
                  "HOSTING_BUCKET": "one-journey-hosting-bucket-genai",
                  "KENDRA_S3_ROLE_ARN": "arn:aws:iam::971422687659:role/OneJourneyKendraS3Role",
                  "KEYS_URL": "https://cognito-idp.eu-west-1.amazonaws.com/eu-west-1_M21ToRrBa/.well-known/jwks.json",
                  "MAIN_CONFIGURATION_ID": "@MAIN_CONFIGURATION",
                  "MAX_CHATGPT_RETRY_REQUEST": "5",
                  "ONE_JOURNEY_DATA_BUCKET": "one-journey-data-bucket-genai",
                  "ONE_JOURNEY_FILES_BUCKET": "one-journey-files-bucket-genai",
                  "PROCESS_TRANSCRIPTION_ARN": "arn:aws:lambda:eu-west-1:971422687659:function:one-journey-genai-processTranscription",
                  "REGION": "eu-west-1",
                  "SQS_BATCH_QUEUE_URL": "https://sqs.eu-west-1.amazonaws.com/971422687659/one-journey-batch-queue-genai",
                  "STAGE": "genai",
                  "STORAGE_PROCESS_LAMBDA_ARN": "arn:aws:lambda:eu-west-1:971422687659:function:one-journey-genai-manageFileStorage",
                  "STT_WEBHOOK_ARN": "arn:aws:lambda:eu-west-1:971422687659:function:one-journey-genai-sttWebhook",
                  "TRANSCRIPTIONS_BUCKET": "one-journey-transcriptions-genai",
                  "USER_POOL_CLIENT_ID": "2tonlc0fcbruoestl0c4fuj8ts",
                  "USER_POOL_ID": "eu-west-1_M21ToRrBa",
                  "VERSION": "v1",
                  "WEBSOCKET_API_ENDPOINT": "wss://mu5nzg1mp2.execute-api.eu-west-1.amazonaws.com/genai/"
                }
              }
            ],
            "ephemeral_storage": [
              {
                "size": 512
              }
            ],
            "file_system_config": [],
            "filename": null,
            "function_name": "one-journey-genai-vonageStreaminggHandler",
            "handler": "src/api/v1/vonageStreamingWebsocket.messageHandler",
            "id": "one-journey-genai-vonageStreaminggHandler",
            "image_config": [],
            "image_uri": "",
            "invoke_arn": "arn:aws:apigateway:eu-west-1:lambda:path/2015-03-31/functions/arn:aws:lambda:eu-west-1:971422687659:function:one-journey-genai-vonageStreaminggHandler/invocations",
            "kms_key_arn": "",
            "last_modified": "2025-09-29T14:28:34.000+0000",
            "layers": [],
            "logging_config": [
              {
                "application_log_level": "",
                "log_format": "Text",
                "log_group": "/aws/lambda/one-journey-genai-vonageStreaminggHandler",
                "system_log_level": ""
              }
            ],
            "memory_size": 1536,
            "package_type": "Zip",
            "publish": null,
            "qualified_arn": "arn:aws:lambda:eu-west-1:971422687659:function:one-journey-genai-vonageStreaminggHandler:30",
            "qualified_invoke_arn": "arn:aws:apigateway:eu-west-1:lambda:path/2015-03-31/functions/arn:aws:lambda:eu-west-1:971422687659:function:one-journey-genai-vonageStreaminggHandler:30/invocations",
            "replace_security_groups_on_destroy": null,
            "replacement_security_group_ids": null,
            "reserved_concurrent_executions": -1,
            "role": "arn:aws:iam::971422687659:role/one-journey-genai-vonageStreaminggHandler-eu-west-1-lambdaRole",
            "runtime": "nodejs20.x",
            "s3_bucket": null,
            "s3_key": null,
            "s3_object_version": null,
            "signing_job_arn": "",
            "signing_profile_version_arn": "",
            "skip_destroy": false,
            "snap_start": [],
            "source_code_hash": "",
            "source_code_size": 15818194,
            "tags": {
              "STAGE": "genai"
            },
            "tags_all": {
              "STAGE": "genai"
            },
            "timeout": 6,
            "timeouts": null,
            "tracing_config": [
              {
                "mode": "PassThrough"
              }
            ],
            "version": "30",
            "vpc_config": []
          },
          "sensitive_attributes": [],
          "identity_schema_version": 0,
          "private": "eyJlMmJmYjczMC1lY2FhLTExZTYtOGY4OC0zNDM2M2JjN2M0YzAiOnsiY3JlYXRlIjo2MDAwMDAwMDAwMDAsImRlbGV0ZSI6NjAwMDAwMDAwMDAwLCJ1cGRhdGUiOjYwMDAwMDAwMDAwMH0sInNjaGVtYV92ZXJzaW9uIjoiMCJ9"
        },
        {
          "index_key": "vonage_voice_webhook",
          "schema_version": 0,
          "attributes": {
            "architectures": [
              "x86_64"
            ],
            "arn": "arn:aws:lambda:eu-west-1:971422687659:function:one-journey-genai-vonageVoiceWebhook",
            "code_sha256": "BdeIKRSusdlBPEtkxgK+TG+6yGlAqQXTOLIH3A9U/7g=",
            "code_signing_config_arn": "",
            "dead_letter_config": [],
            "description": "",
            "environment": [
              {
                "variables": {
                  "ACCOUNT_ID": "971422687659",
                  "API_ENDPOINT": "https://d5tcv80br4.execute-api.eu-west-1.amazonaws.com/genai/",
                  "AUDIOS_BUCKET": "one-journey-audiorecord-genai",
                  "CDN_ENDPOINT": "https://d7cnvwmb0wtsp.cloudfront.net/",
                  "COGNITO_USER_POOL": "eu-west-1_M21ToRrBa",
                  "COGNITO_USER_POOL_CLIENT": "2tonlc0fcbruoestl0c4fuj8ts",
                  "CORE_GDS_EVENT_ARN": "arn:aws:lambda:eu-west-1:971422687659:function:one-journey-genai-coreGDSEvent",
                  "CORE_S3_EVENT_ARN": "arn:aws:lambda:eu-west-1:971422687659:function:one-journey-genai-coreS3Event",
                  "CORS_ORIGIN": "*",
                  "DEBUG_LOG": "/aws/one-journey/one-journey-DebugLogs",
                  "DOMAIN_SUFFIX": "one-journey",
                  "DYNAMODB_TABLE_CHANNEL_MESSAGES": "one-journey-channel-messages",
                  "DYNAMODB_TABLE_COMMON_OBJECTS": "one-journey-common-objects",
                  "DYNAMODB_TABLE_COST": "one-journey-cost",
                  "DYNAMODB_TABLE_COUNTERS_STORAGE_CHANNEL": "one-journey-counters-storage-channel",
                  "DYNAMODB_TABLE_EXECUTIONS": "one-journey-executions",
                  "DYNAMODB_TABLE_EXECUTIONS_V5": "one-journey-executions-v5",
                  "DYNAMODB_TABLE_EXECUTIONS_V5_DETAIL": "one-journey-executions-v5-detail",
                  "DYNAMODB_TABLE_EXECUTIONS_V5_GSI_CREATED_AT": "one-journey-executions-v5-gsi-createdAt",
                  "DYNAMODB_TABLE_EXECUTIONS_V5_GSI_UPDATED_AT": "one-journey-executions-v5-gsi-updatedAt",
                  "DYNAMODB_TABLE_MUTEX_LOCK": "one-journey-mutex-lock",
                  "DYNAMODB_TABLE_SESSIONS": "one-journey-sessions",
                  "DYNAMODB_TABLE_STT_OPERATIONS": "one-journey-sttOperations",
                  "DYNAMODB_TABLE_SUSCRIPTIONS": "one-journey-suscriptions",
                  "DYNAMODB_TABLE_WEBSOCKETS_MANAGER": "one-journey-websockets-manager",
                  "DYNAMODB_TABLE_WORKFLOWS_BACKUP": "one-journey-workflows-backup",
                  "DYNAMODB_TABLE_WORKFLOW_CONTEXT": "one-journey-workflow-context",
                  "ERROR_LOG": "/aws/one-journey/one-journey-ErrorLogs",
                  "EVENTBRIDGE_MESSAGE_BUS": "one-journey-messages-bus-genai",
                  "HOSTING_BUCKET": "one-journey-hosting-bucket-genai",
                  "KENDRA_S3_ROLE_ARN": "arn:aws:iam::971422687659:role/OneJourneyKendraS3Role",
                  "KEYS_URL": "https://cognito-idp.eu-west-1.amazonaws.com/eu-west-1_M21ToRrBa/.well-known/jwks.json",
                  "MAIN_CONFIGURATION_ID": "@MAIN_CONFIGURATION",
                  "MAX_CHATGPT_RETRY_REQUEST": "5",
                  "ONE_JOURNEY_DATA_BUCKET": "one-journey-data-bucket-genai",
                  "ONE_JOURNEY_FILES_BUCKET": "one-journey-files-bucket-genai",
                  "PROCESS_TRANSCRIPTION_ARN": "arn:aws:lambda:eu-west-1:971422687659:function:one-journey-genai-processTranscription",
                  "REGION": "eu-west-1",
                  "SQS_BATCH_QUEUE_URL": "https://sqs.eu-west-1.amazonaws.com/971422687659/one-journey-batch-queue-genai",
                  "STAGE": "genai",
                  "STORAGE_PROCESS_LAMBDA_ARN": "arn:aws:lambda:eu-west-1:971422687659:function:one-journey-genai-manageFileStorage",
                  "STT_WEBHOOK_ARN": "arn:aws:lambda:eu-west-1:971422687659:function:one-journey-genai-sttWebhook",
                  "TRANSCRIPTIONS_BUCKET": "one-journey-transcriptions-genai",
                  "USER_POOL_CLIENT_ID": "2tonlc0fcbruoestl0c4fuj8ts",
                  "USER_POOL_ID": "eu-west-1_M21ToRrBa",
                  "VERSION": "v1",
                  "WEBSOCKET_API_ENDPOINT": "wss://mu5nzg1mp2.execute-api.eu-west-1.amazonaws.com/genai/"
                }
              }
            ],
            "ephemeral_storage": [
              {
                "size": 512
              }
            ],
            "file_system_config": [],
            "filename": null,
            "function_name": "one-journey-genai-vonageVoiceWebhook",
            "handler": "src/api/v1/channel/vonage-voice/webhook.handler",
            "id": "one-journey-genai-vonageVoiceWebhook",
            "image_config": [],
            "image_uri": "",
            "invoke_arn": "arn:aws:apigateway:eu-west-1:lambda:path/2015-03-31/functions/arn:aws:lambda:eu-west-1:971422687659:function:one-journey-genai-vonageVoiceWebhook/invocations",
            "kms_key_arn": "",
            "last_modified": "2025-09-29T14:28:40.000+0000",
            "layers": [
              "arn:aws:lambda:eu-west-1:971422687659:layer:genAILibs:16"
            ],
            "logging_config": [
              {
                "application_log_level": "",
                "log_format": "Text",
                "log_group": "/aws/lambda/one-journey-genai-vonageVoiceWebhook",
                "system_log_level": ""
              }
            ],
            "memory_size": 1536,
            "package_type": "Zip",
            "publish": null,
            "qualified_arn": "arn:aws:lambda:eu-west-1:971422687659:function:one-journey-genai-vonageVoiceWebhook:31",
            "qualified_invoke_arn": "arn:aws:apigateway:eu-west-1:lambda:path/2015-03-31/functions/arn:aws:lambda:eu-west-1:971422687659:function:one-journey-genai-vonageVoiceWebhook:31/invocations",
            "replace_security_groups_on_destroy": null,
            "replacement_security_group_ids": null,
            "reserved_concurrent_executions": -1,
            "role": "arn:aws:iam::971422687659:role/one-journey-genai-vonageVoiceWebhook-eu-west-1-lambdaRole",
            "runtime": "nodejs20.x",
            "s3_bucket": null,
            "s3_key": null,
            "s3_object_version": null,
            "signing_job_arn": "",
            "signing_profile_version_arn": "",
            "skip_destroy": false,
            "snap_start": [],
            "source_code_hash": "",
            "source_code_size": 15700396,
            "tags": {
              "STAGE": "genai"
            },
            "tags_all": {
              "STAGE": "genai"
            },
            "timeout": 6,
            "timeouts": null,
            "tracing_config": [
              {
                "mode": "PassThrough"
              }
            ],
            "version": "31",
            "vpc_config": []
          },
          "sensitive_attributes": [],
          "identity_schema_version": 0,
          "private": "eyJlMmJmYjczMC1lY2FhLTExZTYtOGY4OC0zNDM2M2JjN2M0YzAiOnsiY3JlYXRlIjo2MDAwMDAwMDAwMDAsImRlbGV0ZSI6NjAwMDAwMDAwMDAwLCJ1cGRhdGUiOjYwMDAwMDAwMDAwMH0sInNjaGVtYV92ZXJzaW9uIjoiMCJ9"
        },
        {
          "index_key": "wapi_webhook",
          "schema_version": 0,
          "attributes": {
            "architectures": [
              "x86_64"
            ],
            "arn": "arn:aws:lambda:eu-west-1:971422687659:function:one-journey-genai-wapiWebhook",
            "code_sha256": "iP93v6MKtsmt9rOyF2LPCx0wtyvyTSN2iUvcx7muuIk=",
            "code_signing_config_arn": "",
            "dead_letter_config": [],
            "description": "",
            "environment": [
              {
                "variables": {
                  "ACCOUNT_ID": "971422687659",
                  "API_ENDPOINT": "https://d5tcv80br4.execute-api.eu-west-1.amazonaws.com/genai/",
                  "AUDIOS_BUCKET": "one-journey-audiorecord-genai",
                  "CDN_ENDPOINT": "https://d7cnvwmb0wtsp.cloudfront.net/",
                  "COGNITO_USER_POOL": "eu-west-1_M21ToRrBa",
                  "COGNITO_USER_POOL_CLIENT": "2tonlc0fcbruoestl0c4fuj8ts",
                  "CORE_GDS_EVENT_ARN": "arn:aws:lambda:eu-west-1:971422687659:function:one-journey-genai-coreGDSEvent",
                  "CORE_S3_EVENT_ARN": "arn:aws:lambda:eu-west-1:971422687659:function:one-journey-genai-coreS3Event",
                  "CORS_ORIGIN": "*",
                  "DEBUG_LOG": "/aws/one-journey/one-journey-DebugLogs",
                  "DOMAIN_SUFFIX": "one-journey",
                  "DYNAMODB_TABLE_CHANNEL_MESSAGES": "one-journey-channel-messages",
                  "DYNAMODB_TABLE_COMMON_OBJECTS": "one-journey-common-objects",
                  "DYNAMODB_TABLE_COST": "one-journey-cost",
                  "DYNAMODB_TABLE_COUNTERS_STORAGE_CHANNEL": "one-journey-counters-storage-channel",
                  "DYNAMODB_TABLE_EXECUTIONS": "one-journey-executions",
                  "DYNAMODB_TABLE_EXECUTIONS_V5": "one-journey-executions-v5",
                  "DYNAMODB_TABLE_EXECUTIONS_V5_DETAIL": "one-journey-executions-v5-detail",
                  "DYNAMODB_TABLE_EXECUTIONS_V5_GSI_CREATED_AT": "one-journey-executions-v5-gsi-createdAt",
                  "DYNAMODB_TABLE_EXECUTIONS_V5_GSI_UPDATED_AT": "one-journey-executions-v5-gsi-updatedAt",
                  "DYNAMODB_TABLE_MUTEX_LOCK": "one-journey-mutex-lock",
                  "DYNAMODB_TABLE_SESSIONS": "one-journey-sessions",
                  "DYNAMODB_TABLE_STT_OPERATIONS": "one-journey-sttOperations",
                  "DYNAMODB_TABLE_SUSCRIPTIONS": "one-journey-suscriptions",
                  "DYNAMODB_TABLE_WEBSOCKETS_MANAGER": "one-journey-websockets-manager",
                  "DYNAMODB_TABLE_WORKFLOWS_BACKUP": "one-journey-workflows-backup",
                  "DYNAMODB_TABLE_WORKFLOW_CONTEXT": "one-journey-workflow-context",
                  "ERROR_LOG": "/aws/one-journey/one-journey-ErrorLogs",
                  "EVENTBRIDGE_MESSAGE_BUS": "one-journey-messages-bus-genai",
                  "HOSTING_BUCKET": "one-journey-hosting-bucket-genai",
                  "KENDRA_S3_ROLE_ARN": "arn:aws:iam::971422687659:role/OneJourneyKendraS3Role",
                  "KEYS_URL": "https://cognito-idp.eu-west-1.amazonaws.com/eu-west-1_M21ToRrBa/.well-known/jwks.json",
                  "MAIN_CONFIGURATION_ID": "@MAIN_CONFIGURATION",
                  "MAX_CHATGPT_RETRY_REQUEST": "5",
                  "ONE_JOURNEY_DATA_BUCKET": "one-journey-data-bucket-genai",
                  "ONE_JOURNEY_FILES_BUCKET": "one-journey-files-bucket-genai",
                  "PROCESS_TRANSCRIPTION_ARN": "arn:aws:lambda:eu-west-1:971422687659:function:one-journey-genai-processTranscription",
                  "REGION": "eu-west-1",
                  "SQS_BATCH_QUEUE_URL": "https://sqs.eu-west-1.amazonaws.com/971422687659/one-journey-batch-queue-genai",
                  "STAGE": "genai",
                  "STORAGE_PROCESS_LAMBDA_ARN": "arn:aws:lambda:eu-west-1:971422687659:function:one-journey-genai-manageFileStorage",
                  "STT_WEBHOOK_ARN": "arn:aws:lambda:eu-west-1:971422687659:function:one-journey-genai-sttWebhook",
                  "TRANSCRIPTIONS_BUCKET": "one-journey-transcriptions-genai",
                  "USER_POOL_CLIENT_ID": "2tonlc0fcbruoestl0c4fuj8ts",
                  "USER_POOL_ID": "eu-west-1_M21ToRrBa",
                  "VERSION": "v1",
                  "WEBSOCKET_API_ENDPOINT": "wss://mu5nzg1mp2.execute-api.eu-west-1.amazonaws.com/genai/"
                }
              }
            ],
            "ephemeral_storage": [
              {
                "size": 512
              }
            ],
            "file_system_config": [],
            "filename": null,
            "function_name": "one-journey-genai-wapiWebhook",
            "handler": "src/api/v1/channel/wapi/webhook.handler",
            "id": "one-journey-genai-wapiWebhook",
            "image_config": [],
            "image_uri": "",
            "invoke_arn": "arn:aws:apigateway:eu-west-1:lambda:path/2015-03-31/functions/arn:aws:lambda:eu-west-1:971422687659:function:one-journey-genai-wapiWebhook/invocations",
            "kms_key_arn": "",
            "last_modified": "2025-09-29T14:28:33.000+0000",
            "layers": [
              "arn:aws:lambda:eu-west-1:971422687659:layer:ffmpegv1:4"
            ],
            "logging_config": [
              {
                "application_log_level": "",
                "log_format": "Text",
                "log_group": "/aws/lambda/one-journey-genai-wapiWebhook",
                "system_log_level": ""
              }
            ],
            "memory_size": 1536,
            "package_type": "Zip",
            "publish": null,
            "qualified_arn": "arn:aws:lambda:eu-west-1:971422687659:function:one-journey-genai-wapiWebhook:31",
            "qualified_invoke_arn": "arn:aws:apigateway:eu-west-1:lambda:path/2015-03-31/functions/arn:aws:lambda:eu-west-1:971422687659:function:one-journey-genai-wapiWebhook:31/invocations",
            "replace_security_groups_on_destroy": null,
            "replacement_security_group_ids": null,
            "reserved_concurrent_executions": -1,
            "role": "arn:aws:iam::971422687659:role/one-journey-genai-wapiWebhook-eu-west-1-lambdaRole",
            "runtime": "nodejs20.x",
            "s3_bucket": null,
            "s3_key": null,
            "s3_object_version": null,
            "signing_job_arn": "",
            "signing_profile_version_arn": "",
            "skip_destroy": false,
            "snap_start": [],
            "source_code_hash": "",
            "source_code_size": 15696911,
            "tags": {
              "STAGE": "genai"
            },
            "tags_all": {
              "STAGE": "genai"
            },
            "timeout": 6,
            "timeouts": null,
            "tracing_config": [
              {
                "mode": "PassThrough"
              }
            ],
            "version": "31",
            "vpc_config": []
          },
          "sensitive_attributes": [],
          "identity_schema_version": 0,
          "private": "eyJlMmJmYjczMC1lY2FhLTExZTYtOGY4OC0zNDM2M2JjN2M0YzAiOnsiY3JlYXRlIjo2MDAwMDAwMDAwMDAsImRlbGV0ZSI6NjAwMDAwMDAwMDAwLCJ1cGRhdGUiOjYwMDAwMDAwMDAwMH0sInNjaGVtYV92ZXJzaW9uIjoiMCJ9"
        },
        {
          "index_key": "webform_get",
          "schema_version": 0,
          "attributes": {
            "architectures": [
              "arm64"
            ],
            "arn": "arn:aws:lambda:eu-west-1:971422687659:function:one-journey-genai-webformGet",
            "code_sha256": "gRZO9LSceeJLgAe/oQKOhxXGjhPp89saTJZxRig7aQ0=",
            "code_signing_config_arn": "",
            "dead_letter_config": [],
            "description": "",
            "environment": [
              {
                "variables": {
                  "ACCOUNT_ID": "971422687659",
                  "API_ENDPOINT": "https://d5tcv80br4.execute-api.eu-west-1.amazonaws.com/genai/",
                  "AUDIOS_BUCKET": "one-journey-audiorecord-genai",
                  "CDN_ENDPOINT": "https://d7cnvwmb0wtsp.cloudfront.net/",
                  "COGNITO_USER_POOL": "eu-west-1_M21ToRrBa",
                  "COGNITO_USER_POOL_CLIENT": "2tonlc0fcbruoestl0c4fuj8ts",
                  "CORE_GDS_EVENT_ARN": "arn:aws:lambda:eu-west-1:971422687659:function:one-journey-genai-coreGDSEvent",
                  "CORE_S3_EVENT_ARN": "arn:aws:lambda:eu-west-1:971422687659:function:one-journey-genai-coreS3Event",
                  "CORS_ORIGIN": "*",
                  "DEBUG_LOG": "/aws/one-journey/one-journey-DebugLogs",
                  "DOMAIN_SUFFIX": "one-journey",
                  "DYNAMODB_TABLE_CHANNEL_MESSAGES": "one-journey-channel-messages",
                  "DYNAMODB_TABLE_COMMON_OBJECTS": "one-journey-common-objects",
                  "DYNAMODB_TABLE_COST": "one-journey-cost",
                  "DYNAMODB_TABLE_COUNTERS_STORAGE_CHANNEL": "one-journey-counters-storage-channel",
                  "DYNAMODB_TABLE_EXECUTIONS": "one-journey-executions",
                  "DYNAMODB_TABLE_EXECUTIONS_V5": "one-journey-executions-v5",
                  "DYNAMODB_TABLE_EXECUTIONS_V5_DETAIL": "one-journey-executions-v5-detail",
                  "DYNAMODB_TABLE_EXECUTIONS_V5_GSI_CREATED_AT": "one-journey-executions-v5-gsi-createdAt",
                  "DYNAMODB_TABLE_EXECUTIONS_V5_GSI_UPDATED_AT": "one-journey-executions-v5-gsi-updatedAt",
                  "DYNAMODB_TABLE_MUTEX_LOCK": "one-journey-mutex-lock",
                  "DYNAMODB_TABLE_SESSIONS": "one-journey-sessions",
                  "DYNAMODB_TABLE_STT_OPERATIONS": "one-journey-sttOperations",
                  "DYNAMODB_TABLE_SUSCRIPTIONS": "one-journey-suscriptions",
                  "DYNAMODB_TABLE_WEBSOCKETS_MANAGER": "one-journey-websockets-manager",
                  "DYNAMODB_TABLE_WORKFLOWS_BACKUP": "one-journey-workflows-backup",
                  "DYNAMODB_TABLE_WORKFLOW_CONTEXT": "one-journey-workflow-context",
                  "ERROR_LOG": "/aws/one-journey/one-journey-ErrorLogs",
                  "EVENTBRIDGE_MESSAGE_BUS": "one-journey-messages-bus-genai",
                  "HOSTING_BUCKET": "one-journey-hosting-bucket-genai",
                  "KENDRA_S3_ROLE_ARN": "arn:aws:iam::971422687659:role/OneJourneyKendraS3Role",
                  "KEYS_URL": "https://cognito-idp.eu-west-1.amazonaws.com/eu-west-1_M21ToRrBa/.well-known/jwks.json",
                  "MAIN_CONFIGURATION_ID": "@MAIN_CONFIGURATION",
                  "MAX_CHATGPT_RETRY_REQUEST": "5",
                  "ONE_JOURNEY_DATA_BUCKET": "one-journey-data-bucket-genai",
                  "ONE_JOURNEY_FILES_BUCKET": "one-journey-files-bucket-genai",
                  "PROCESS_TRANSCRIPTION_ARN": "arn:aws:lambda:eu-west-1:971422687659:function:one-journey-genai-processTranscription",
                  "REGION": "eu-west-1",
                  "SQS_BATCH_QUEUE_URL": "https://sqs.eu-west-1.amazonaws.com/971422687659/one-journey-batch-queue-genai",
                  "STAGE": "genai",
                  "STORAGE_PROCESS_LAMBDA_ARN": "arn:aws:lambda:eu-west-1:971422687659:function:one-journey-genai-manageFileStorage",
                  "STT_WEBHOOK_ARN": "arn:aws:lambda:eu-west-1:971422687659:function:one-journey-genai-sttWebhook",
                  "TRANSCRIPTIONS_BUCKET": "one-journey-transcriptions-genai",
                  "USER_POOL_CLIENT_ID": "2tonlc0fcbruoestl0c4fuj8ts",
                  "USER_POOL_ID": "eu-west-1_M21ToRrBa",
                  "VERSION": "v1",
                  "WEBSOCKET_API_ENDPOINT": "wss://mu5nzg1mp2.execute-api.eu-west-1.amazonaws.com/genai/"
                }
              }
            ],
            "ephemeral_storage": [
              {
                "size": 512
              }
            ],
            "file_system_config": [],
            "filename": null,
            "function_name": "one-journey-genai-webformGet",
            "handler": "src/api/v1/channel/webform/get.handler",
            "id": "one-journey-genai-webformGet",
            "image_config": [],
            "image_uri": "",
            "invoke_arn": "arn:aws:apigateway:eu-west-1:lambda:path/2015-03-31/functions/arn:aws:lambda:eu-west-1:971422687659:function:one-journey-genai-webformGet/invocations",
            "kms_key_arn": "",
            "last_modified": "2025-09-29T14:28:34.000+0000",
            "layers": [],
            "logging_config": [
              {
                "application_log_level": "",
                "log_format": "Text",
                "log_group": "/aws/lambda/one-journey-genai-webformGet",
                "system_log_level": ""
              }
            ],
            "memory_size": 1536,
            "package_type": "Zip",
            "publish": null,
            "qualified_arn": "arn:aws:lambda:eu-west-1:971422687659:function:one-journey-genai-webformGet:30",
            "qualified_invoke_arn": "arn:aws:apigateway:eu-west-1:lambda:path/2015-03-31/functions/arn:aws:lambda:eu-west-1:971422687659:function:one-journey-genai-webformGet:30/invocations",
            "replace_security_groups_on_destroy": null,
            "replacement_security_group_ids": null,
            "reserved_concurrent_executions": -1,
            "role": "arn:aws:iam::971422687659:role/one-journey-genai-webformGet-eu-west-1-lambdaRole",
            "runtime": "nodejs20.x",
            "s3_bucket": null,
            "s3_key": null,
            "s3_object_version": null,
            "signing_job_arn": "",
            "signing_profile_version_arn": "",
            "skip_destroy": false,
            "snap_start": [],
            "source_code_hash": "",
            "source_code_size": 15695877,
            "tags": {
              "STAGE": "genai"
            },
            "tags_all": {
              "STAGE": "genai"
            },
            "timeout": 6,
            "timeouts": null,
            "tracing_config": [
              {
                "mode": "PassThrough"
              }
            ],
            "version": "30",
            "vpc_config": []
          },
          "sensitive_attributes": [],
          "identity_schema_version": 0,
          "private": "eyJlMmJmYjczMC1lY2FhLTExZTYtOGY4OC0zNDM2M2JjN2M0YzAiOnsiY3JlYXRlIjo2MDAwMDAwMDAwMDAsImRlbGV0ZSI6NjAwMDAwMDAwMDAwLCJ1cGRhdGUiOjYwMDAwMDAwMDAwMH0sInNjaGVtYV92ZXJzaW9uIjoiMCJ9"
        },
        {
          "index_key": "webform_webhook",
          "schema_version": 0,
          "attributes": {
            "architectures": [
              "arm64"
            ],
            "arn": "arn:aws:lambda:eu-west-1:971422687659:function:one-journey-genai-webformWebhook",
            "code_sha256": "H8ynaMwziWPAoJKkwvkyD1eJjx7Emnjo/rgEU364xXc=",
            "code_signing_config_arn": "",
            "dead_letter_config": [],
            "description": "",
            "environment": [
              {
                "variables": {
                  "ACCOUNT_ID": "971422687659",
                  "API_ENDPOINT": "https://d5tcv80br4.execute-api.eu-west-1.amazonaws.com/genai/",
                  "AUDIOS_BUCKET": "one-journey-audiorecord-genai",
                  "CDN_ENDPOINT": "https://d7cnvwmb0wtsp.cloudfront.net/",
                  "COGNITO_USER_POOL": "eu-west-1_M21ToRrBa",
                  "COGNITO_USER_POOL_CLIENT": "2tonlc0fcbruoestl0c4fuj8ts",
                  "CORE_GDS_EVENT_ARN": "arn:aws:lambda:eu-west-1:971422687659:function:one-journey-genai-coreGDSEvent",
                  "CORE_S3_EVENT_ARN": "arn:aws:lambda:eu-west-1:971422687659:function:one-journey-genai-coreS3Event",
                  "CORS_ORIGIN": "*",
                  "DEBUG_LOG": "/aws/one-journey/one-journey-DebugLogs",
                  "DOMAIN_SUFFIX": "one-journey",
                  "DYNAMODB_TABLE_CHANNEL_MESSAGES": "one-journey-channel-messages",
                  "DYNAMODB_TABLE_COMMON_OBJECTS": "one-journey-common-objects",
                  "DYNAMODB_TABLE_COST": "one-journey-cost",
                  "DYNAMODB_TABLE_COUNTERS_STORAGE_CHANNEL": "one-journey-counters-storage-channel",
                  "DYNAMODB_TABLE_EXECUTIONS": "one-journey-executions",
                  "DYNAMODB_TABLE_EXECUTIONS_V5": "one-journey-executions-v5",
                  "DYNAMODB_TABLE_EXECUTIONS_V5_DETAIL": "one-journey-executions-v5-detail",
                  "DYNAMODB_TABLE_EXECUTIONS_V5_GSI_CREATED_AT": "one-journey-executions-v5-gsi-createdAt",
                  "DYNAMODB_TABLE_EXECUTIONS_V5_GSI_UPDATED_AT": "one-journey-executions-v5-gsi-updatedAt",
                  "DYNAMODB_TABLE_MUTEX_LOCK": "one-journey-mutex-lock",
                  "DYNAMODB_TABLE_SESSIONS": "one-journey-sessions",
                  "DYNAMODB_TABLE_STT_OPERATIONS": "one-journey-sttOperations",
                  "DYNAMODB_TABLE_SUSCRIPTIONS": "one-journey-suscriptions",
                  "DYNAMODB_TABLE_WEBSOCKETS_MANAGER": "one-journey-websockets-manager",
                  "DYNAMODB_TABLE_WORKFLOWS_BACKUP": "one-journey-workflows-backup",
                  "DYNAMODB_TABLE_WORKFLOW_CONTEXT": "one-journey-workflow-context",
                  "ERROR_LOG": "/aws/one-journey/one-journey-ErrorLogs",
                  "EVENTBRIDGE_MESSAGE_BUS": "one-journey-messages-bus-genai",
                  "HOSTING_BUCKET": "one-journey-hosting-bucket-genai",
                  "KENDRA_S3_ROLE_ARN": "arn:aws:iam::971422687659:role/OneJourneyKendraS3Role",
                  "KEYS_URL": "https://cognito-idp.eu-west-1.amazonaws.com/eu-west-1_M21ToRrBa/.well-known/jwks.json",
                  "MAIN_CONFIGURATION_ID": "@MAIN_CONFIGURATION",
                  "MAX_CHATGPT_RETRY_REQUEST": "5",
                  "ONE_JOURNEY_DATA_BUCKET": "one-journey-data-bucket-genai",
                  "ONE_JOURNEY_FILES_BUCKET": "one-journey-files-bucket-genai",
                  "PROCESS_TRANSCRIPTION_ARN": "arn:aws:lambda:eu-west-1:971422687659:function:one-journey-genai-processTranscription",
                  "REGION": "eu-west-1",
                  "SQS_BATCH_QUEUE_URL": "https://sqs.eu-west-1.amazonaws.com/971422687659/one-journey-batch-queue-genai",
                  "STAGE": "genai",
                  "STORAGE_PROCESS_LAMBDA_ARN": "arn:aws:lambda:eu-west-1:971422687659:function:one-journey-genai-manageFileStorage",
                  "STT_WEBHOOK_ARN": "arn:aws:lambda:eu-west-1:971422687659:function:one-journey-genai-sttWebhook",
                  "TRANSCRIPTIONS_BUCKET": "one-journey-transcriptions-genai",
                  "USER_POOL_CLIENT_ID": "2tonlc0fcbruoestl0c4fuj8ts",
                  "USER_POOL_ID": "eu-west-1_M21ToRrBa",
                  "VERSION": "v1",
                  "WEBSOCKET_API_ENDPOINT": "wss://mu5nzg1mp2.execute-api.eu-west-1.amazonaws.com/genai/"
                }
              }
            ],
            "ephemeral_storage": [
              {
                "size": 512
              }
            ],
            "file_system_config": [],
            "filename": null,
            "function_name": "one-journey-genai-webformWebhook",
            "handler": "src/api/v1/channel/webform/webhook.handler",
            "id": "one-journey-genai-webformWebhook",
            "image_config": [],
            "image_uri": "",
            "invoke_arn": "arn:aws:apigateway:eu-west-1:lambda:path/2015-03-31/functions/arn:aws:lambda:eu-west-1:971422687659:function:one-journey-genai-webformWebhook/invocations",
            "kms_key_arn": "",
            "last_modified": "2025-09-29T14:28:40.000+0000",
            "layers": [],
            "logging_config": [
              {
                "application_log_level": "",
                "log_format": "Text",
                "log_group": "/aws/lambda/one-journey-genai-webformWebhook",
                "system_log_level": ""
              }
            ],
            "memory_size": 1536,
            "package_type": "Zip",
            "publish": null,
            "qualified_arn": "arn:aws:lambda:eu-west-1:971422687659:function:one-journey-genai-webformWebhook:30",
            "qualified_invoke_arn": "arn:aws:apigateway:eu-west-1:lambda:path/2015-03-31/functions/arn:aws:lambda:eu-west-1:971422687659:function:one-journey-genai-webformWebhook:30/invocations",
            "replace_security_groups_on_destroy": null,
            "replacement_security_group_ids": null,
            "reserved_concurrent_executions": -1,
            "role": "arn:aws:iam::971422687659:role/one-journey-genai-webformWebhook-eu-west-1-lambdaRole",
            "runtime": "nodejs20.x",
            "s3_bucket": null,
            "s3_key": null,
            "s3_object_version": null,
            "signing_job_arn": "",
            "signing_profile_version_arn": "",
            "skip_destroy": false,
            "snap_start": [],
            "source_code_hash": "",
            "source_code_size": 15696516,
            "tags": {
              "STAGE": "genai"
            },
            "tags_all": {
              "STAGE": "genai"
            },
            "timeout": 6,
            "timeouts": null,
            "tracing_config": [
              {
                "mode": "PassThrough"
              }
            ],
            "version": "30",
            "vpc_config": []
          },
          "sensitive_attributes": [],
          "identity_schema_version": 0,
          "private": "eyJlMmJmYjczMC1lY2FhLTExZTYtOGY4OC0zNDM2M2JjN2M0YzAiOnsiY3JlYXRlIjo2MDAwMDAwMDAwMDAsImRlbGV0ZSI6NjAwMDAwMDAwMDAwLCJ1cGRhdGUiOjYwMDAwMDAwMDAwMH0sInNjaGVtYV92ZXJzaW9uIjoiMCJ9"
        },
        {
          "index_key": "whatsapp_webhook",
          "schema_version": 0,
          "attributes": {
            "architectures": [
              "x86_64"
            ],
            "arn": "arn:aws:lambda:eu-west-1:971422687659:function:one-journey-genai-whatsappWebhook",
            "code_sha256": "KnB8cPCfLc2E30fgKUuOr4fg2bWWaGj5AMI4U2vTWw0=",
            "code_signing_config_arn": "",
            "dead_letter_config": [],
            "description": "",
            "environment": [
              {
                "variables": {
                  "ACCOUNT_ID": "971422687659",
                  "API_ENDPOINT": "https://d5tcv80br4.execute-api.eu-west-1.amazonaws.com/genai/",
                  "AUDIOS_BUCKET": "one-journey-audiorecord-genai",
                  "CDN_ENDPOINT": "https://d7cnvwmb0wtsp.cloudfront.net/",
                  "COGNITO_USER_POOL": "eu-west-1_M21ToRrBa",
                  "COGNITO_USER_POOL_CLIENT": "2tonlc0fcbruoestl0c4fuj8ts",
                  "CORE_GDS_EVENT_ARN": "arn:aws:lambda:eu-west-1:971422687659:function:one-journey-genai-coreGDSEvent",
                  "CORE_S3_EVENT_ARN": "arn:aws:lambda:eu-west-1:971422687659:function:one-journey-genai-coreS3Event",
                  "CORS_ORIGIN": "*",
                  "DEBUG_LOG": "/aws/one-journey/one-journey-DebugLogs",
                  "DOMAIN_SUFFIX": "one-journey",
                  "DYNAMODB_TABLE_CHANNEL_MESSAGES": "one-journey-channel-messages",
                  "DYNAMODB_TABLE_COMMON_OBJECTS": "one-journey-common-objects",
                  "DYNAMODB_TABLE_COST": "one-journey-cost",
                  "DYNAMODB_TABLE_COUNTERS_STORAGE_CHANNEL": "one-journey-counters-storage-channel",
                  "DYNAMODB_TABLE_EXECUTIONS": "one-journey-executions",
                  "DYNAMODB_TABLE_EXECUTIONS_V5": "one-journey-executions-v5",
                  "DYNAMODB_TABLE_EXECUTIONS_V5_DETAIL": "one-journey-executions-v5-detail",
                  "DYNAMODB_TABLE_EXECUTIONS_V5_GSI_CREATED_AT": "one-journey-executions-v5-gsi-createdAt",
                  "DYNAMODB_TABLE_EXECUTIONS_V5_GSI_UPDATED_AT": "one-journey-executions-v5-gsi-updatedAt",
                  "DYNAMODB_TABLE_MUTEX_LOCK": "one-journey-mutex-lock",
                  "DYNAMODB_TABLE_SESSIONS": "one-journey-sessions",
                  "DYNAMODB_TABLE_STT_OPERATIONS": "one-journey-sttOperations",
                  "DYNAMODB_TABLE_SUSCRIPTIONS": "one-journey-suscriptions",
                  "DYNAMODB_TABLE_WEBSOCKETS_MANAGER": "one-journey-websockets-manager",
                  "DYNAMODB_TABLE_WORKFLOWS_BACKUP": "one-journey-workflows-backup",
                  "DYNAMODB_TABLE_WORKFLOW_CONTEXT": "one-journey-workflow-context",
                  "ERROR_LOG": "/aws/one-journey/one-journey-ErrorLogs",
                  "EVENTBRIDGE_MESSAGE_BUS": "one-journey-messages-bus-genai",
                  "HOSTING_BUCKET": "one-journey-hosting-bucket-genai",
                  "KENDRA_S3_ROLE_ARN": "arn:aws:iam::971422687659:role/OneJourneyKendraS3Role",
                  "KEYS_URL": "https://cognito-idp.eu-west-1.amazonaws.com/eu-west-1_M21ToRrBa/.well-known/jwks.json",
                  "MAIN_CONFIGURATION_ID": "@MAIN_CONFIGURATION",
                  "MAX_CHATGPT_RETRY_REQUEST": "5",
                  "ONE_JOURNEY_DATA_BUCKET": "one-journey-data-bucket-genai",
                  "ONE_JOURNEY_FILES_BUCKET": "one-journey-files-bucket-genai",
                  "PROCESS_TRANSCRIPTION_ARN": "arn:aws:lambda:eu-west-1:971422687659:function:one-journey-genai-processTranscription",
                  "REGION": "eu-west-1",
                  "SQS_BATCH_QUEUE_URL": "https://sqs.eu-west-1.amazonaws.com/971422687659/one-journey-batch-queue-genai",
                  "STAGE": "genai",
                  "STORAGE_PROCESS_LAMBDA_ARN": "arn:aws:lambda:eu-west-1:971422687659:function:one-journey-genai-manageFileStorage",
                  "STT_WEBHOOK_ARN": "arn:aws:lambda:eu-west-1:971422687659:function:one-journey-genai-sttWebhook",
                  "TRANSCRIPTIONS_BUCKET": "one-journey-transcriptions-genai",
                  "USER_POOL_CLIENT_ID": "2tonlc0fcbruoestl0c4fuj8ts",
                  "USER_POOL_ID": "eu-west-1_M21ToRrBa",
                  "VERSION": "v1",
                  "WEBSOCKET_API_ENDPOINT": "wss://mu5nzg1mp2.execute-api.eu-west-1.amazonaws.com/genai/"
                }
              }
            ],
            "ephemeral_storage": [
              {
                "size": 512
              }
            ],
            "file_system_config": [],
            "filename": null,
            "function_name": "one-journey-genai-whatsappWebhook",
            "handler": "src/api/v1/channel/whatsapp/webhook.handler",
            "id": "one-journey-genai-whatsappWebhook",
            "image_config": [],
            "image_uri": "",
            "invoke_arn": "arn:aws:apigateway:eu-west-1:lambda:path/2015-03-31/functions/arn:aws:lambda:eu-west-1:971422687659:function:one-journey-genai-whatsappWebhook/invocations",
            "kms_key_arn": "",
            "last_modified": "2025-09-29T14:28:33.000+0000",
            "layers": [
              "arn:aws:lambda:eu-west-1:971422687659:layer:ffmpegv1:4"
            ],
            "logging_config": [
              {
                "application_log_level": "",
                "log_format": "Text",
                "log_group": "/aws/lambda/one-journey-genai-whatsappWebhook",
                "system_log_level": ""
              }
            ],
            "memory_size": 1536,
            "package_type": "Zip",
            "publish": null,
            "qualified_arn": "arn:aws:lambda:eu-west-1:971422687659:function:one-journey-genai-whatsappWebhook:30",
            "qualified_invoke_arn": "arn:aws:apigateway:eu-west-1:lambda:path/2015-03-31/functions/arn:aws:lambda:eu-west-1:971422687659:function:one-journey-genai-whatsappWebhook:30/invocations",
            "replace_security_groups_on_destroy": null,
            "replacement_security_group_ids": null,
            "reserved_concurrent_executions": -1,
            "role": "arn:aws:iam::971422687659:role/one-journey-genai-whatsappWebhook-eu-west-1-lambdaRole",
            "runtime": "nodejs20.x",
            "s3_bucket": null,
            "s3_key": null,
            "s3_object_version": null,
            "signing_job_arn": "",
            "signing_profile_version_arn": "",
            "skip_destroy": false,
            "snap_start": [],
            "source_code_hash": "",
            "source_code_size": 16799196,
            "tags": {
              "STAGE": "genai"
            },
            "tags_all": {
              "STAGE": "genai"
            },
            "timeout": 6,
            "timeouts": null,
            "tracing_config": [
              {
                "mode": "PassThrough"
              }
            ],
            "version": "30",
            "vpc_config": []
          },
          "sensitive_attributes": [],
          "identity_schema_version": 0,
          "private": "eyJlMmJmYjczMC1lY2FhLTExZTYtOGY4OC0zNDM2M2JjN2M0YzAiOnsiY3JlYXRlIjo2MDAwMDAwMDAwMDAsImRlbGV0ZSI6NjAwMDAwMDAwMDAwLCJ1cGRhdGUiOjYwMDAwMDAwMDAwMH0sInNjaGVtYV92ZXJzaW9uIjoiMCJ9"
        },
        {
          "index_key": "zendesk_node",
          "schema_version": 0,
          "attributes": {
            "architectures": [
              "arm64"
            ],
            "arn": "arn:aws:lambda:eu-west-1:971422687659:function:one-journey-genai-zendeskNode",
            "code_sha256": "zETM/la3gqSbgdT0doJrtCuEjjUwjjYSuPATG534u+A=",
            "code_signing_config_arn": "",
            "dead_letter_config": [],
            "description": "",
            "environment": [
              {
                "variables": {
                  "ACCOUNT_ID": "971422687659",
                  "API_ENDPOINT": "https://d5tcv80br4.execute-api.eu-west-1.amazonaws.com/genai/",
                  "AUDIOS_BUCKET": "one-journey-audiorecord-genai",
                  "CDN_ENDPOINT": "https://d7cnvwmb0wtsp.cloudfront.net/",
                  "COGNITO_USER_POOL": "eu-west-1_M21ToRrBa",
                  "COGNITO_USER_POOL_CLIENT": "2tonlc0fcbruoestl0c4fuj8ts",
                  "CORE_GDS_EVENT_ARN": "arn:aws:lambda:eu-west-1:971422687659:function:one-journey-genai-coreGDSEvent",
                  "CORE_S3_EVENT_ARN": "arn:aws:lambda:eu-west-1:971422687659:function:one-journey-genai-coreS3Event",
                  "CORS_ORIGIN": "*",
                  "DEBUG_LOG": "/aws/one-journey/one-journey-DebugLogs",
                  "DOMAIN_SUFFIX": "one-journey",
                  "DYNAMODB_TABLE_CHANNEL_MESSAGES": "one-journey-channel-messages",
                  "DYNAMODB_TABLE_COMMON_OBJECTS": "one-journey-common-objects",
                  "DYNAMODB_TABLE_COST": "one-journey-cost",
                  "DYNAMODB_TABLE_COUNTERS_STORAGE_CHANNEL": "one-journey-counters-storage-channel",
                  "DYNAMODB_TABLE_EXECUTIONS": "one-journey-executions",
                  "DYNAMODB_TABLE_EXECUTIONS_V5": "one-journey-executions-v5",
                  "DYNAMODB_TABLE_EXECUTIONS_V5_DETAIL": "one-journey-executions-v5-detail",
                  "DYNAMODB_TABLE_EXECUTIONS_V5_GSI_CREATED_AT": "one-journey-executions-v5-gsi-createdAt",
                  "DYNAMODB_TABLE_EXECUTIONS_V5_GSI_UPDATED_AT": "one-journey-executions-v5-gsi-updatedAt",
                  "DYNAMODB_TABLE_MUTEX_LOCK": "one-journey-mutex-lock",
                  "DYNAMODB_TABLE_SESSIONS": "one-journey-sessions",
                  "DYNAMODB_TABLE_STT_OPERATIONS": "one-journey-sttOperations",
                  "DYNAMODB_TABLE_SUSCRIPTIONS": "one-journey-suscriptions",
                  "DYNAMODB_TABLE_WEBSOCKETS_MANAGER": "one-journey-websockets-manager",
                  "DYNAMODB_TABLE_WORKFLOWS_BACKUP": "one-journey-workflows-backup",
                  "DYNAMODB_TABLE_WORKFLOW_CONTEXT": "one-journey-workflow-context",
                  "ERROR_LOG": "/aws/one-journey/one-journey-ErrorLogs",
                  "EVENTBRIDGE_MESSAGE_BUS": "one-journey-messages-bus-genai",
                  "HOSTING_BUCKET": "one-journey-hosting-bucket-genai",
                  "KENDRA_S3_ROLE_ARN": "arn:aws:iam::971422687659:role/OneJourneyKendraS3Role",
                  "KEYS_URL": "https://cognito-idp.eu-west-1.amazonaws.com/eu-west-1_M21ToRrBa/.well-known/jwks.json",
                  "MAIN_CONFIGURATION_ID": "@MAIN_CONFIGURATION",
                  "MAX_CHATGPT_RETRY_REQUEST": "5",
                  "ONE_JOURNEY_DATA_BUCKET": "one-journey-data-bucket-genai",
                  "ONE_JOURNEY_FILES_BUCKET": "one-journey-files-bucket-genai",
                  "PROCESS_TRANSCRIPTION_ARN": "arn:aws:lambda:eu-west-1:971422687659:function:one-journey-genai-processTranscription",
                  "REGION": "eu-west-1",
                  "SQS_BATCH_QUEUE_URL": "https://sqs.eu-west-1.amazonaws.com/971422687659/one-journey-batch-queue-genai",
                  "STAGE": "genai",
                  "STORAGE_PROCESS_LAMBDA_ARN": "arn:aws:lambda:eu-west-1:971422687659:function:one-journey-genai-manageFileStorage",
                  "STT_WEBHOOK_ARN": "arn:aws:lambda:eu-west-1:971422687659:function:one-journey-genai-sttWebhook",
                  "TRANSCRIPTIONS_BUCKET": "one-journey-transcriptions-genai",
                  "USER_POOL_CLIENT_ID": "2tonlc0fcbruoestl0c4fuj8ts",
                  "USER_POOL_ID": "eu-west-1_M21ToRrBa",
                  "VERSION": "v1",
                  "WEBSOCKET_API_ENDPOINT": "wss://mu5nzg1mp2.execute-api.eu-west-1.amazonaws.com/genai/"
                }
              }
            ],
            "ephemeral_storage": [
              {
                "size": 512
              }
            ],
            "file_system_config": [],
            "filename": null,
            "function_name": "one-journey-genai-zendeskNode",
            "handler": "./src/api/v1/node/zendesk/event.handler",
            "id": "one-journey-genai-zendeskNode",
            "image_config": [],
            "image_uri": "",
            "invoke_arn": "arn:aws:apigateway:eu-west-1:lambda:path/2015-03-31/functions/arn:aws:lambda:eu-west-1:971422687659:function:one-journey-genai-zendeskNode/invocations",
            "kms_key_arn": "",
            "last_modified": "2025-09-29T14:28:33.000+0000",
            "layers": [],
            "logging_config": [
              {
                "application_log_level": "",
                "log_format": "Text",
                "log_group": "/aws/lambda/one-journey-genai-zendeskNode",
                "system_log_level": ""
              }
            ],
            "memory_size": 1536,
            "package_type": "Zip",
            "publish": null,
            "qualified_arn": "arn:aws:lambda:eu-west-1:971422687659:function:one-journey-genai-zendeskNode:30",
            "qualified_invoke_arn": "arn:aws:apigateway:eu-west-1:lambda:path/2015-03-31/functions/arn:aws:lambda:eu-west-1:971422687659:function:one-journey-genai-zendeskNode:30/invocations",
            "replace_security_groups_on_destroy": null,
            "replacement_security_group_ids": null,
            "reserved_concurrent_executions": -1,
            "role": "arn:aws:iam::971422687659:role/one-journey-genai-zendeskNode-eu-west-1-lambdaRole",
            "runtime": "nodejs20.x",
            "s3_bucket": null,
            "s3_key": null,
            "s3_object_version": null,
            "signing_job_arn": "",
            "signing_profile_version_arn": "",
            "skip_destroy": false,
            "snap_start": [],
            "source_code_hash": "",
            "source_code_size": 17222633,
            "tags": {
              "STAGE": "genai"
            },
            "tags_all": {
              "STAGE": "genai"
            },
            "timeout": 6,
            "timeouts": null,
            "tracing_config": [
              {
                "mode": "PassThrough"
              }
            ],
            "version": "30",
            "vpc_config": []
          },
          "sensitive_attributes": [],
          "identity_schema_version": 0,
          "private": "eyJlMmJmYjczMC1lY2FhLTExZTYtOGY4OC0zNDM2M2JjN2M0YzAiOnsiY3JlYXRlIjo2MDAwMDAwMDAwMDAsImRlbGV0ZSI6NjAwMDAwMDAwMDAwLCJ1cGRhdGUiOjYwMDAwMDAwMDAwMH0sInNjaGVtYV92ZXJzaW9uIjoiMCJ9"
        },
        {
          "index_key": "zendesk_webhook",
          "schema_version": 0,
          "attributes": {
            "architectures": [
              "arm64"
            ],
            "arn": "arn:aws:lambda:eu-west-1:971422687659:function:one-journey-genai-zendeskWebhook",
            "code_sha256": "+7cFVIGWXV4Ce/GPEfgMKupygO1Zjfo4Ku7Oxrjv/cM=",
            "code_signing_config_arn": "",
            "dead_letter_config": [],
            "description": "",
            "environment": [
              {
                "variables": {
                  "ACCOUNT_ID": "971422687659",
                  "API_ENDPOINT": "https://d5tcv80br4.execute-api.eu-west-1.amazonaws.com/genai/",
                  "AUDIOS_BUCKET": "one-journey-audiorecord-genai",
                  "CDN_ENDPOINT": "https://d7cnvwmb0wtsp.cloudfront.net/",
                  "COGNITO_USER_POOL": "eu-west-1_M21ToRrBa",
                  "COGNITO_USER_POOL_CLIENT": "2tonlc0fcbruoestl0c4fuj8ts",
                  "CORE_GDS_EVENT_ARN": "arn:aws:lambda:eu-west-1:971422687659:function:one-journey-genai-coreGDSEvent",
                  "CORE_S3_EVENT_ARN": "arn:aws:lambda:eu-west-1:971422687659:function:one-journey-genai-coreS3Event",
                  "CORS_ORIGIN": "*",
                  "DEBUG_LOG": "/aws/one-journey/one-journey-DebugLogs",
                  "DOMAIN_SUFFIX": "one-journey",
                  "DYNAMODB_TABLE_CHANNEL_MESSAGES": "one-journey-channel-messages",
                  "DYNAMODB_TABLE_COMMON_OBJECTS": "one-journey-common-objects",
                  "DYNAMODB_TABLE_COST": "one-journey-cost",
                  "DYNAMODB_TABLE_COUNTERS_STORAGE_CHANNEL": "one-journey-counters-storage-channel",
                  "DYNAMODB_TABLE_EXECUTIONS": "one-journey-executions",
                  "DYNAMODB_TABLE_EXECUTIONS_V5": "one-journey-executions-v5",
                  "DYNAMODB_TABLE_EXECUTIONS_V5_DETAIL": "one-journey-executions-v5-detail",
                  "DYNAMODB_TABLE_EXECUTIONS_V5_GSI_CREATED_AT": "one-journey-executions-v5-gsi-createdAt",
                  "DYNAMODB_TABLE_EXECUTIONS_V5_GSI_UPDATED_AT": "one-journey-executions-v5-gsi-updatedAt",
                  "DYNAMODB_TABLE_MUTEX_LOCK": "one-journey-mutex-lock",
                  "DYNAMODB_TABLE_SESSIONS": "one-journey-sessions",
                  "DYNAMODB_TABLE_STT_OPERATIONS": "one-journey-sttOperations",
                  "DYNAMODB_TABLE_SUSCRIPTIONS": "one-journey-suscriptions",
                  "DYNAMODB_TABLE_WEBSOCKETS_MANAGER": "one-journey-websockets-manager",
                  "DYNAMODB_TABLE_WORKFLOWS_BACKUP": "one-journey-workflows-backup",
                  "DYNAMODB_TABLE_WORKFLOW_CONTEXT": "one-journey-workflow-context",
                  "ERROR_LOG": "/aws/one-journey/one-journey-ErrorLogs",
                  "EVENTBRIDGE_MESSAGE_BUS": "one-journey-messages-bus-genai",
                  "HOSTING_BUCKET": "one-journey-hosting-bucket-genai",
                  "KENDRA_S3_ROLE_ARN": "arn:aws:iam::971422687659:role/OneJourneyKendraS3Role",
                  "KEYS_URL": "https://cognito-idp.eu-west-1.amazonaws.com/eu-west-1_M21ToRrBa/.well-known/jwks.json",
                  "MAIN_CONFIGURATION_ID": "@MAIN_CONFIGURATION",
                  "MAX_CHATGPT_RETRY_REQUEST": "5",
                  "ONE_JOURNEY_DATA_BUCKET": "one-journey-data-bucket-genai",
                  "ONE_JOURNEY_FILES_BUCKET": "one-journey-files-bucket-genai",
                  "PROCESS_TRANSCRIPTION_ARN": "arn:aws:lambda:eu-west-1:971422687659:function:one-journey-genai-processTranscription",
                  "REGION": "eu-west-1",
                  "SQS_BATCH_QUEUE_URL": "https://sqs.eu-west-1.amazonaws.com/971422687659/one-journey-batch-queue-genai",
                  "STAGE": "genai",
                  "STORAGE_PROCESS_LAMBDA_ARN": "arn:aws:lambda:eu-west-1:971422687659:function:one-journey-genai-manageFileStorage",
                  "STT_WEBHOOK_ARN": "arn:aws:lambda:eu-west-1:971422687659:function:one-journey-genai-sttWebhook",
                  "TRANSCRIPTIONS_BUCKET": "one-journey-transcriptions-genai",
                  "USER_POOL_CLIENT_ID": "2tonlc0fcbruoestl0c4fuj8ts",
                  "USER_POOL_ID": "eu-west-1_M21ToRrBa",
                  "VERSION": "v1",
                  "WEBSOCKET_API_ENDPOINT": "wss://mu5nzg1mp2.execute-api.eu-west-1.amazonaws.com/genai/"
                }
              }
            ],
            "ephemeral_storage": [
              {
                "size": 512
              }
            ],
            "file_system_config": [],
            "filename": null,
            "function_name": "one-journey-genai-zendeskWebhook",
            "handler": "src/api/v1/channel/zendesk/webhook.handler",
            "id": "one-journey-genai-zendeskWebhook",
            "image_config": [],
            "image_uri": "",
            "invoke_arn": "arn:aws:apigateway:eu-west-1:lambda:path/2015-03-31/functions/arn:aws:lambda:eu-west-1:971422687659:function:one-journey-genai-zendeskWebhook/invocations",
            "kms_key_arn": "",
            "last_modified": "2025-09-29T14:28:35.000+0000",
            "layers": [],
            "logging_config": [
              {
                "application_log_level": "",
                "log_format": "Text",
                "log_group": "/aws/lambda/one-journey-genai-zendeskWebhook",
                "system_log_level": ""
              }
            ],
            "memory_size": 1536,
            "package_type": "Zip",
            "publish": null,
            "qualified_arn": "arn:aws:lambda:eu-west-1:971422687659:function:one-journey-genai-zendeskWebhook:30",
            "qualified_invoke_arn": "arn:aws:apigateway:eu-west-1:lambda:path/2015-03-31/functions/arn:aws:lambda:eu-west-1:971422687659:function:one-journey-genai-zendeskWebhook:30/invocations",
            "replace_security_groups_on_destroy": null,
            "replacement_security_group_ids": null,
            "reserved_concurrent_executions": -1,
            "role": "arn:aws:iam::971422687659:role/one-journey-genai-zendeskWebhook-eu-west-1-lambdaRole",
            "runtime": "nodejs20.x",
            "s3_bucket": null,
            "s3_key": null,
            "s3_object_version": null,
            "signing_job_arn": "",
            "signing_profile_version_arn": "",
            "skip_destroy": false,
            "snap_start": [],
            "source_code_hash": "",
            "source_code_size": 15696948,
            "tags": {
              "STAGE": "genai"
            },
            "tags_all": {
              "STAGE": "genai"
            },
            "timeout": 6,
            "timeouts": null,
            "tracing_config": [
              {
                "mode": "PassThrough"
              }
            ],
            "version": "30",
            "vpc_config": []
          },
          "sensitive_attributes": [],
          "identity_schema_version": 0,
          "private": "eyJlMmJmYjczMC1lY2FhLTExZTYtOGY4OC0zNDM2M2JjN2M0YzAiOnsiY3JlYXRlIjo2MDAwMDAwMDAwMDAsImRlbGV0ZSI6NjAwMDAwMDAwMDAwLCJ1cGRhdGUiOjYwMDAwMDAwMDAwMH0sInNjaGVtYV92ZXJzaW9uIjoiMCJ9"
        }
      ]
    },
    {
      "module": "module.routing",
      "mode": "managed",
      "type": "aws_internet_gateway",
      "name": "this",
      "provider": "provider[\"registry.terraform.io/hashicorp/aws\"]",
      "instances": [
        {
          "schema_version": 0,
          "attributes": {
            "arn": "arn:aws:ec2:eu-west-1:971422687659:internet-gateway/igw-01f85f494fa086648",
            "id": "igw-01f85f494fa086648",
            "owner_id": "971422687659",
            "tags": {
              "Name": "igw-01"
            },
            "tags_all": {
              "Name": "igw-01"
            },
            "timeouts": null,
            "vpc_id": "vpc-0bb8a69ff2508b49d"
          },
          "sensitive_attributes": [],
          "identity_schema_version": 0,
          "private": "eyJlMmJmYjczMC1lY2FhLTExZTYtOGY4OC0zNDM2M2JjN2M0YzAiOnsiY3JlYXRlIjoxMjAwMDAwMDAwMDAwLCJkZWxldGUiOjEyMDAwMDAwMDAwMDAsInVwZGF0ZSI6MTIwMDAwMDAwMDAwMH0sInNjaGVtYV92ZXJzaW9uIjoiMCJ9"
        }
      ]
    },
    {
      "module": "module.routing",
      "mode": "managed",
      "type": "aws_route",
      "name": "default",
      "provider": "provider[\"registry.terraform.io/hashicorp/aws\"]",
      "instances": [
        {
          "schema_version": 0,
          "attributes": {
            "carrier_gateway_id": "",
            "core_network_arn": "",
            "destination_cidr_block": "0.0.0.0/0",
            "destination_ipv6_cidr_block": "",
            "destination_prefix_list_id": "",
            "egress_only_gateway_id": "",
            "gateway_id": "igw-01f85f494fa086648",
            "id": "r-rtb-02584e20089727e1a1080289494",
            "instance_id": "",
            "instance_owner_id": "",
            "local_gateway_id": "",
            "nat_gateway_id": "",
            "network_interface_id": "",
            "origin": "CreateRoute",
            "route_table_id": "rtb-02584e20089727e1a",
            "state": "active",
            "timeouts": null,
            "transit_gateway_id": "",
            "vpc_endpoint_id": "",
            "vpc_peering_connection_id": ""
          },
          "sensitive_attributes": [],
          "identity_schema_version": 0,
          "private": "eyJlMmJmYjczMC1lY2FhLTExZTYtOGY4OC0zNDM2M2JjN2M0YzAiOnsiY3JlYXRlIjozMDAwMDAwMDAwMDAsImRlbGV0ZSI6MzAwMDAwMDAwMDAwLCJ1cGRhdGUiOjEyMDAwMDAwMDAwMH0sInNjaGVtYV92ZXJzaW9uIjoiMCJ9"
        }
      ]
    },
    {
      "module": "module.routing",
      "mode": "managed",
      "type": "aws_route_table",
      "name": "this",
      "provider": "provider[\"registry.terraform.io/hashicorp/aws\"]",
      "instances": [
        {
          "schema_version": 0,
          "attributes": {
            "arn": "arn:aws:ec2:eu-west-1:971422687659:route-table/rtb-02584e20089727e1a",
            "id": "rtb-02584e20089727e1a",
            "owner_id": "971422687659",
            "propagating_vgws": [],
            "route": [
              {
                "carrier_gateway_id": "",
                "cidr_block": "0.0.0.0/0",
                "core_network_arn": "",
                "destination_prefix_list_id": "",
                "egress_only_gateway_id": "",
                "gateway_id": "igw-01f85f494fa086648",
                "ipv6_cidr_block": "",
                "local_gateway_id": "",
                "nat_gateway_id": "",
                "network_interface_id": "",
                "transit_gateway_id": "",
                "vpc_endpoint_id": "",
                "vpc_peering_connection_id": ""
              }
            ],
            "tags": {},
            "tags_all": {},
            "timeouts": null,
            "vpc_id": "vpc-0bb8a69ff2508b49d"
          },
          "sensitive_attributes": [],
          "identity_schema_version": 0,
          "private": "eyJlMmJmYjczMC1lY2FhLTExZTYtOGY4OC0zNDM2M2JjN2M0YzAiOnsiY3JlYXRlIjozMDAwMDAwMDAwMDAsImRlbGV0ZSI6MzAwMDAwMDAwMDAwLCJ1cGRhdGUiOjEyMDAwMDAwMDAwMH0sInNjaGVtYV92ZXJzaW9uIjoiMCJ9"
        }
      ]
    },
    {
      "module": "module.routing",
      "mode": "managed",
      "type": "aws_route_table_association",
      "name": "this",
      "provider": "provider[\"registry.terraform.io/hashicorp/aws\"]",
      "instances": [
        {
          "index_key": "subnet1-euwest1",
          "schema_version": 0,
          "attributes": {
            "gateway_id": "",
            "id": "rtbassoc-0d93c98c281c4aa50",
            "route_table_id": "rtb-02584e20089727e1a",
            "subnet_id": "subnet-0fc5be2b5c992e900",
            "timeouts": null
          },
          "sensitive_attributes": [],
          "identity_schema_version": 0,
          "private": "eyJlMmJmYjczMC1lY2FhLTExZTYtOGY4OC0zNDM2M2JjN2M0YzAiOnsiY3JlYXRlIjozMDAwMDAwMDAwMDAsImRlbGV0ZSI6MzAwMDAwMDAwMDAwLCJ1cGRhdGUiOjEyMDAwMDAwMDAwMH0sInNjaGVtYV92ZXJzaW9uIjoiMCJ9"
        },
        {
          "index_key": "subnet2-euwest1",
          "schema_version": 0,
          "attributes": {
            "gateway_id": "",
            "id": "rtbassoc-0866f3dbcd504e7a2",
            "route_table_id": "rtb-02584e20089727e1a",
            "subnet_id": "subnet-07155ea73ae4fe372",
            "timeouts": null
          },
          "sensitive_attributes": [],
          "identity_schema_version": 0,
          "private": "eyJlMmJmYjczMC1lY2FhLTExZTYtOGY4OC0zNDM2M2JjN2M0YzAiOnsiY3JlYXRlIjozMDAwMDAwMDAwMDAsImRlbGV0ZSI6MzAwMDAwMDAwMDAwLCJ1cGRhdGUiOjEyMDAwMDAwMDAwMH0sInNjaGVtYV92ZXJzaW9uIjoiMCJ9"
        }
      ]
    },
    {
      "module": "module.s3",
      "mode": "managed",
      "type": "aws_s3_bucket",
      "name": "autohosting_files",
      "provider": "provider[\"registry.terraform.io/hashicorp/aws\"]",
      "instances": [
        {
          "schema_version": 0,
          "attributes": {
            "acceleration_status": "",
            "acl": null,
            "arn": "arn:aws:s3:::autohosting-files",
            "bucket": "autohosting-files",
            "bucket_domain_name": "autohosting-files.s3.amazonaws.com",
            "bucket_prefix": "",
            "bucket_regional_domain_name": "autohosting-files.s3.eu-west-1.amazonaws.com",
            "cors_rule": [],
            "force_destroy": null,
            "grant": [
              {
                "id": "a1d063d75f2ab45ddbeb0eba7c1ba2cb79b645908e67c69ef475d41d179e2373",
                "permissions": [
                  "FULL_CONTROL"
                ],
                "type": "CanonicalUser",
                "uri": ""
              }
            ],
            "hosted_zone_id": "Z1BKCTXD74EZPE",
            "id": "autohosting-files",
            "lifecycle_rule": [],
            "logging": [],
            "object_lock_configuration": [],
            "object_lock_enabled": false,
            "policy": "",
            "region": "eu-west-1",
            "replication_configuration": [],
            "request_payer": "BucketOwner",
            "server_side_encryption_configuration": [
              {
                "rule": [
                  {
                    "apply_server_side_encryption_by_default": [
                      {
                        "kms_master_key_id": "",
                        "sse_algorithm": "AES256"
                      }
                    ],
                    "bucket_key_enabled": true
                  }
                ]
              }
            ],
            "tags": {},
            "tags_all": {},
            "timeouts": null,
            "versioning": [
              {
                "enabled": false,
                "mfa_delete": false
              }
            ],
            "website": [],
            "website_domain": null,
            "website_endpoint": null
          },
          "sensitive_attributes": [],
          "identity_schema_version": 0,
          "private": "eyJlMmJmYjczMC1lY2FhLTExZTYtOGY4OC0zNDM2M2JjN2M0YzAiOnsiY3JlYXRlIjoxMjAwMDAwMDAwMDAwLCJkZWxldGUiOjM2MDAwMDAwMDAwMDAsInJlYWQiOjEyMDAwMDAwMDAwMDAsInVwZGF0ZSI6MTIwMDAwMDAwMDAwMH0sInNjaGVtYV92ZXJzaW9uIjoiMCJ9"
        }
      ]
    },
    {
      "module": "module.s3",
      "mode": "managed",
      "type": "aws_s3_bucket",
      "name": "oj_characters",
      "provider": "provider[\"registry.terraform.io/hashicorp/aws\"]",
      "instances": [
        {
          "schema_version": 0,
          "attributes": {
            "acceleration_status": "",
            "acl": null,
            "arn": "arn:aws:s3:::oj-characters-12345-lnou0tzreyxh7hqfwvekw",
            "bucket": "oj-characters-12345-lnou0tzreyxh7hqfwvekw",
            "bucket_domain_name": "oj-characters-12345-lnou0tzreyxh7hqfwvekw.s3.amazonaws.com",
            "bucket_prefix": "",
            "bucket_regional_domain_name": "oj-characters-12345-lnou0tzreyxh7hqfwvekw.s3.eu-west-1.amazonaws.com",
            "cors_rule": [],
            "force_destroy": null,
            "grant": [
              {
                "id": "a1d063d75f2ab45ddbeb0eba7c1ba2cb79b645908e67c69ef475d41d179e2373",
                "permissions": [
                  "FULL_CONTROL"
                ],
                "type": "CanonicalUser",
                "uri": ""
              }
            ],
            "hosted_zone_id": "Z1BKCTXD74EZPE",
            "id": "oj-characters-12345-lnou0tzreyxh7hqfwvekw",
            "lifecycle_rule": [],
            "logging": [],
            "object_lock_configuration": [],
            "object_lock_enabled": false,
            "policy": "",
            "region": "eu-west-1",
            "replication_configuration": [],
            "request_payer": "BucketOwner",
            "server_side_encryption_configuration": [
              {
                "rule": [
                  {
                    "apply_server_side_encryption_by_default": [
                      {
                        "kms_master_key_id": "",
                        "sse_algorithm": "AES256"
                      }
                    ],
                    "bucket_key_enabled": false
                  }
                ]
              }
            ],
            "tags": {},
            "tags_all": {},
            "timeouts": null,
            "versioning": [
              {
                "enabled": false,
                "mfa_delete": false
              }
            ],
            "website": [],
            "website_domain": null,
            "website_endpoint": null
          },
          "sensitive_attributes": [],
          "identity_schema_version": 0,
          "private": "eyJlMmJmYjczMC1lY2FhLTExZTYtOGY4OC0zNDM2M2JjN2M0YzAiOnsiY3JlYXRlIjoxMjAwMDAwMDAwMDAwLCJkZWxldGUiOjM2MDAwMDAwMDAwMDAsInJlYWQiOjEyMDAwMDAwMDAwMDAsInVwZGF0ZSI6MTIwMDAwMDAwMDAwMH0sInNjaGVtYV92ZXJzaW9uIjoiMCJ9"
        }
      ]
    },
    {
      "module": "module.s3",
      "mode": "managed",
      "type": "aws_s3_bucket",
      "name": "oj_gellogoogle",
      "provider": "provider[\"registry.terraform.io/hashicorp/aws\"]",
      "instances": [
        {
          "schema_version": 0,
          "attributes": {
            "acceleration_status": "",
            "acl": null,
            "arn": "arn:aws:s3:::oj-gellogoogle-hq5cjfybzifwz2585ebtl",
            "bucket": "oj-gellogoogle-hq5cjfybzifwz2585ebtl",
            "bucket_domain_name": "oj-gellogoogle-hq5cjfybzifwz2585ebtl.s3.amazonaws.com",
            "bucket_prefix": "",
            "bucket_regional_domain_name": "oj-gellogoogle-hq5cjfybzifwz2585ebtl.s3.eu-west-1.amazonaws.com",
            "cors_rule": [],
            "force_destroy": null,
            "grant": [
              {
                "id": "a1d063d75f2ab45ddbeb0eba7c1ba2cb79b645908e67c69ef475d41d179e2373",
                "permissions": [
                  "FULL_CONTROL"
                ],
                "type": "CanonicalUser",
                "uri": ""
              }
            ],
            "hosted_zone_id": "Z1BKCTXD74EZPE",
            "id": "oj-gellogoogle-hq5cjfybzifwz2585ebtl",
            "lifecycle_rule": [],
            "logging": [],
            "object_lock_configuration": [],
            "object_lock_enabled": false,
            "policy": "",
            "region": "eu-west-1",
            "replication_configuration": [],
            "request_payer": "BucketOwner",
            "server_side_encryption_configuration": [
              {
                "rule": [
                  {
                    "apply_server_side_encryption_by_default": [
                      {
                        "kms_master_key_id": "",
                        "sse_algorithm": "AES256"
                      }
                    ],
                    "bucket_key_enabled": false
                  }
                ]
              }
            ],
            "tags": {},
            "tags_all": {},
            "timeouts": null,
            "versioning": [
              {
                "enabled": false,
                "mfa_delete": false
              }
            ],
            "website": [],
            "website_domain": null,
            "website_endpoint": null
          },
          "sensitive_attributes": [],
          "identity_schema_version": 0,
          "private": "eyJlMmJmYjczMC1lY2FhLTExZTYtOGY4OC0zNDM2M2JjN2M0YzAiOnsiY3JlYXRlIjoxMjAwMDAwMDAwMDAwLCJkZWxldGUiOjM2MDAwMDAwMDAwMDAsInJlYWQiOjEyMDAwMDAwMDAwMDAsInVwZGF0ZSI6MTIwMDAwMDAwMDAwMH0sInNjaGVtYV92ZXJzaW9uIjoiMCJ9"
        }
      ]
    },
    {
      "module": "module.s3",
      "mode": "managed",
      "type": "aws_s3_bucket",
      "name": "oj_hellochirp2",
      "provider": "provider[\"registry.terraform.io/hashicorp/aws\"]",
      "instances": [
        {
          "schema_version": 0,
          "attributes": {
            "acceleration_status": "",
            "acl": null,
            "arn": "arn:aws:s3:::oj-hellochirp2-ge9unugfmnligurtzmohd",
            "bucket": "oj-hellochirp2-ge9unugfmnligurtzmohd",
            "bucket_domain_name": "oj-hellochirp2-ge9unugfmnligurtzmohd.s3.amazonaws.com",
            "bucket_prefix": "",
            "bucket_regional_domain_name": "oj-hellochirp2-ge9unugfmnligurtzmohd.s3.eu-west-1.amazonaws.com",
            "cors_rule": [],
            "force_destroy": null,
            "grant": [
              {
                "id": "a1d063d75f2ab45ddbeb0eba7c1ba2cb79b645908e67c69ef475d41d179e2373",
                "permissions": [
                  "FULL_CONTROL"
                ],
                "type": "CanonicalUser",
                "uri": ""
              }
            ],
            "hosted_zone_id": "Z1BKCTXD74EZPE",
            "id": "oj-hellochirp2-ge9unugfmnligurtzmohd",
            "lifecycle_rule": [],
            "logging": [],
            "object_lock_configuration": [],
            "object_lock_enabled": false,
            "policy": "",
            "region": "eu-west-1",
            "replication_configuration": [],
            "request_payer": "BucketOwner",
            "server_side_encryption_configuration": [
              {
                "rule": [
                  {
                    "apply_server_side_encryption_by_default": [
                      {
                        "kms_master_key_id": "",
                        "sse_algorithm": "AES256"
                      }
                    ],
                    "bucket_key_enabled": false
                  }
                ]
              }
            ],
            "tags": {},
            "tags_all": {},
            "timeouts": null,
            "versioning": [
              {
                "enabled": false,
                "mfa_delete": false
              }
            ],
            "website": [],
            "website_domain": null,
            "website_endpoint": null
          },
          "sensitive_attributes": [],
          "identity_schema_version": 0,
          "private": "eyJlMmJmYjczMC1lY2FhLTExZTYtOGY4OC0zNDM2M2JjN2M0YzAiOnsiY3JlYXRlIjoxMjAwMDAwMDAwMDAwLCJkZWxldGUiOjM2MDAwMDAwMDAwMDAsInJlYWQiOjEyMDAwMDAwMDAwMDAsInVwZGF0ZSI6MTIwMDAwMDAwMDAwMH0sInNjaGVtYV92ZXJzaW9uIjoiMCJ9"
        }
      ]
    },
    {
      "module": "module.s3",
      "mode": "managed",
      "type": "aws_s3_bucket",
      "name": "oj_hellodeepgram",
      "provider": "provider[\"registry.terraform.io/hashicorp/aws\"]",
      "instances": [
        {
          "schema_version": 0,
          "attributes": {
            "acceleration_status": "",
            "acl": null,
            "arn": "arn:aws:s3:::oj-hellodeepgram-0qzlwogoxoofw5cs9ujzl",
            "bucket": "oj-hellodeepgram-0qzlwogoxoofw5cs9ujzl",
            "bucket_domain_name": "oj-hellodeepgram-0qzlwogoxoofw5cs9ujzl.s3.amazonaws.com",
            "bucket_prefix": "",
            "bucket_regional_domain_name": "oj-hellodeepgram-0qzlwogoxoofw5cs9ujzl.s3.eu-west-1.amazonaws.com",
            "cors_rule": [],
            "force_destroy": null,
            "grant": [
              {
                "id": "a1d063d75f2ab45ddbeb0eba7c1ba2cb79b645908e67c69ef475d41d179e2373",
                "permissions": [
                  "FULL_CONTROL"
                ],
                "type": "CanonicalUser",
                "uri": ""
              }
            ],
            "hosted_zone_id": "Z1BKCTXD74EZPE",
            "id": "oj-hellodeepgram-0qzlwogoxoofw5cs9ujzl",
            "lifecycle_rule": [],
            "logging": [],
            "object_lock_configuration": [],
            "object_lock_enabled": false,
            "policy": "",
            "region": "eu-west-1",
            "replication_configuration": [],
            "request_payer": "BucketOwner",
            "server_side_encryption_configuration": [
              {
                "rule": [
                  {
                    "apply_server_side_encryption_by_default": [
                      {
                        "kms_master_key_id": "",
                        "sse_algorithm": "AES256"
                      }
                    ],
                    "bucket_key_enabled": false
                  }
                ]
              }
            ],
            "tags": {},
            "tags_all": {},
            "timeouts": null,
            "versioning": [
              {
                "enabled": false,
                "mfa_delete": false
              }
            ],
            "website": [],
            "website_domain": null,
            "website_endpoint": null
          },
          "sensitive_attributes": [],
          "identity_schema_version": 0,
          "private": "eyJlMmJmYjczMC1lY2FhLTExZTYtOGY4OC0zNDM2M2JjN2M0YzAiOnsiY3JlYXRlIjoxMjAwMDAwMDAwMDAwLCJkZWxldGUiOjM2MDAwMDAwMDAwMDAsInJlYWQiOjEyMDAwMDAwMDAwMDAsInVwZGF0ZSI6MTIwMDAwMDAwMDAwMH0sInNjaGVtYV92ZXJzaW9uIjoiMCJ9"
        }
      ]
    },
    {
      "module": "module.s3",
      "mode": "managed",
      "type": "aws_s3_bucket",
      "name": "oj_hellodeepgram_2",
      "provider": "provider[\"registry.terraform.io/hashicorp/aws\"]",
      "instances": [
        {
          "schema_version": 0,
          "attributes": {
            "acceleration_status": "",
            "acl": null,
            "arn": "arn:aws:s3:::oj-hellodeepgram-bfj6gxpdmgtdyu9lm3oht",
            "bucket": "oj-hellodeepgram-bfj6gxpdmgtdyu9lm3oht",
            "bucket_domain_name": "oj-hellodeepgram-bfj6gxpdmgtdyu9lm3oht.s3.amazonaws.com",
            "bucket_prefix": "",
            "bucket_regional_domain_name": "oj-hellodeepgram-bfj6gxpdmgtdyu9lm3oht.s3.eu-west-1.amazonaws.com",
            "cors_rule": [],
            "force_destroy": null,
            "grant": [
              {
                "id": "a1d063d75f2ab45ddbeb0eba7c1ba2cb79b645908e67c69ef475d41d179e2373",
                "permissions": [
                  "FULL_CONTROL"
                ],
                "type": "CanonicalUser",
                "uri": ""
              }
            ],
            "hosted_zone_id": "Z1BKCTXD74EZPE",
            "id": "oj-hellodeepgram-bfj6gxpdmgtdyu9lm3oht",
            "lifecycle_rule": [],
            "logging": [],
            "object_lock_configuration": [],
            "object_lock_enabled": false,
            "policy": "",
            "region": "eu-west-1",
            "replication_configuration": [],
            "request_payer": "BucketOwner",
            "server_side_encryption_configuration": [
              {
                "rule": [
                  {
                    "apply_server_side_encryption_by_default": [
                      {
                        "kms_master_key_id": "",
                        "sse_algorithm": "AES256"
                      }
                    ],
                    "bucket_key_enabled": false
                  }
                ]
              }
            ],
            "tags": {},
            "tags_all": {},
            "timeouts": null,
            "versioning": [
              {
                "enabled": false,
                "mfa_delete": false
              }
            ],
            "website": [],
            "website_domain": null,
            "website_endpoint": null
          },
          "sensitive_attributes": [],
          "identity_schema_version": 0,
          "private": "eyJlMmJmYjczMC1lY2FhLTExZTYtOGY4OC0zNDM2M2JjN2M0YzAiOnsiY3JlYXRlIjoxMjAwMDAwMDAwMDAwLCJkZWxldGUiOjM2MDAwMDAwMDAwMDAsInJlYWQiOjEyMDAwMDAwMDAwMDAsInVwZGF0ZSI6MTIwMDAwMDAwMDAwMH0sInNjaGVtYV92ZXJzaW9uIjoiMCJ9"
        }
      ]
    },
    {
      "module": "module.s3",
      "mode": "managed",
      "type": "aws_s3_bucket",
      "name": "oj_stt_hosting",
      "provider": "provider[\"registry.terraform.io/hashicorp/aws\"]",
      "instances": [
        {
          "schema_version": 0,
          "attributes": {
            "acceleration_status": "",
            "acl": null,
            "arn": "arn:aws:s3:::oj-stt-hosting-xaiyor7sstvvlkcbnichu",
            "bucket": "oj-stt-hosting-xaiyor7sstvvlkcbnichu",
            "bucket_domain_name": "oj-stt-hosting-xaiyor7sstvvlkcbnichu.s3.amazonaws.com",
            "bucket_prefix": "",
            "bucket_regional_domain_name": "oj-stt-hosting-xaiyor7sstvvlkcbnichu.s3.eu-west-1.amazonaws.com",
            "cors_rule": [],
            "force_destroy": null,
            "grant": [
              {
                "id": "a1d063d75f2ab45ddbeb0eba7c1ba2cb79b645908e67c69ef475d41d179e2373",
                "permissions": [
                  "FULL_CONTROL"
                ],
                "type": "CanonicalUser",
                "uri": ""
              }
            ],
            "hosted_zone_id": "Z1BKCTXD74EZPE",
            "id": "oj-stt-hosting-xaiyor7sstvvlkcbnichu",
            "lifecycle_rule": [],
            "logging": [],
            "object_lock_configuration": [],
            "object_lock_enabled": false,
            "policy": "",
            "region": "eu-west-1",
            "replication_configuration": [],
            "request_payer": "BucketOwner",
            "server_side_encryption_configuration": [
              {
                "rule": [
                  {
                    "apply_server_side_encryption_by_default": [
                      {
                        "kms_master_key_id": "",
                        "sse_algorithm": "AES256"
                      }
                    ],
                    "bucket_key_enabled": false
                  }
                ]
              }
            ],
            "tags": {},
            "tags_all": {},
            "timeouts": null,
            "versioning": [
              {
                "enabled": false,
                "mfa_delete": false
              }
            ],
            "website": [],
            "website_domain": null,
            "website_endpoint": null
          },
          "sensitive_attributes": [],
          "identity_schema_version": 0,
          "private": "eyJlMmJmYjczMC1lY2FhLTExZTYtOGY4OC0zNDM2M2JjN2M0YzAiOnsiY3JlYXRlIjoxMjAwMDAwMDAwMDAwLCJkZWxldGUiOjM2MDAwMDAwMDAwMDAsInJlYWQiOjEyMDAwMDAwMDAwMDAsInVwZGF0ZSI6MTIwMDAwMDAwMDAwMH0sInNjaGVtYV92ZXJzaW9uIjoiMCJ9"
        }
      ]
    },
    {
      "module": "module.s3",
      "mode": "managed",
      "type": "aws_s3_bucket",
      "name": "oj_sttva",
      "provider": "provider[\"registry.terraform.io/hashicorp/aws\"]",
      "instances": [
        {
          "schema_version": 0,
          "attributes": {
            "acceleration_status": "",
            "acl": null,
            "arn": "arn:aws:s3:::oj-sttva-wopbamwpm6ttddpmzfwig",
            "bucket": "oj-sttva-wopbamwpm6ttddpmzfwig",
            "bucket_domain_name": "oj-sttva-wopbamwpm6ttddpmzfwig.s3.amazonaws.com",
            "bucket_prefix": "",
            "bucket_regional_domain_name": "oj-sttva-wopbamwpm6ttddpmzfwig.s3.eu-west-1.amazonaws.com",
            "cors_rule": [],
            "force_destroy": null,
            "grant": [
              {
                "id": "a1d063d75f2ab45ddbeb0eba7c1ba2cb79b645908e67c69ef475d41d179e2373",
                "permissions": [
                  "FULL_CONTROL"
                ],
                "type": "CanonicalUser",
                "uri": ""
              }
            ],
            "hosted_zone_id": "Z1BKCTXD74EZPE",
            "id": "oj-sttva-wopbamwpm6ttddpmzfwig",
            "lifecycle_rule": [],
            "logging": [],
            "object_lock_configuration": [],
            "object_lock_enabled": false,
            "policy": "",
            "region": "eu-west-1",
            "replication_configuration": [],
            "request_payer": "BucketOwner",
            "server_side_encryption_configuration": [
              {
                "rule": [
                  {
                    "apply_server_side_encryption_by_default": [
                      {
                        "kms_master_key_id": "",
                        "sse_algorithm": "AES256"
                      }
                    ],
                    "bucket_key_enabled": false
                  }
                ]
              }
            ],
            "tags": {},
            "tags_all": {},
            "timeouts": null,
            "versioning": [
              {
                "enabled": false,
                "mfa_delete": false
              }
            ],
            "website": [],
            "website_domain": null,
            "website_endpoint": null
          },
          "sensitive_attributes": [],
          "identity_schema_version": 0,
          "private": "eyJlMmJmYjczMC1lY2FhLTExZTYtOGY4OC0zNDM2M2JjN2M0YzAiOnsiY3JlYXRlIjoxMjAwMDAwMDAwMDAwLCJkZWxldGUiOjM2MDAwMDAwMDAwMDAsInJlYWQiOjEyMDAwMDAwMDAwMDAsInVwZGF0ZSI6MTIwMDAwMDAwMDAwMH0sInNjaGVtYV92ZXJzaW9uIjoiMCJ9"
        }
      ]
    },
    {
      "module": "module.s3",
      "mode": "managed",
      "type": "aws_s3_bucket",
      "name": "oj_transcripciones_genai",
      "provider": "provider[\"registry.terraform.io/hashicorp/aws\"]",
      "instances": [
        {
          "schema_version": 0,
          "attributes": {
            "acceleration_status": "",
            "acl": null,
            "arn": "arn:aws:s3:::oj-transcripciones-genai-svuclmx8jabduiavugxeh",
            "bucket": "oj-transcripciones-genai-svuclmx8jabduiavugxeh",
            "bucket_domain_name": "oj-transcripciones-genai-svuclmx8jabduiavugxeh.s3.amazonaws.com",
            "bucket_prefix": "",
            "bucket_regional_domain_name": "oj-transcripciones-genai-svuclmx8jabduiavugxeh.s3.eu-west-1.amazonaws.com",
            "cors_rule": [],
            "force_destroy": null,
            "grant": [
              {
                "id": "a1d063d75f2ab45ddbeb0eba7c1ba2cb79b645908e67c69ef475d41d179e2373",
                "permissions": [
                  "FULL_CONTROL"
                ],
                "type": "CanonicalUser",
                "uri": ""
              }
            ],
            "hosted_zone_id": "Z1BKCTXD74EZPE",
            "id": "oj-transcripciones-genai-svuclmx8jabduiavugxeh",
            "lifecycle_rule": [],
            "logging": [],
            "object_lock_configuration": [],
            "object_lock_enabled": false,
            "policy": "",
            "region": "eu-west-1",
            "replication_configuration": [],
            "request_payer": "BucketOwner",
            "server_side_encryption_configuration": [
              {
                "rule": [
                  {
                    "apply_server_side_encryption_by_default": [
                      {
                        "kms_master_key_id": "",
                        "sse_algorithm": "AES256"
                      }
                    ],
                    "bucket_key_enabled": false
                  }
                ]
              }
            ],
            "tags": {},
            "tags_all": {},
            "timeouts": null,
            "versioning": [
              {
                "enabled": false,
                "mfa_delete": false
              }
            ],
            "website": [],
            "website_domain": null,
            "website_endpoint": null
          },
          "sensitive_attributes": [],
          "identity_schema_version": 0,
          "private": "eyJlMmJmYjczMC1lY2FhLTExZTYtOGY4OC0zNDM2M2JjN2M0YzAiOnsiY3JlYXRlIjoxMjAwMDAwMDAwMDAwLCJkZWxldGUiOjM2MDAwMDAwMDAwMDAsInJlYWQiOjEyMDAwMDAwMDAwMDAsInVwZGF0ZSI6MTIwMDAwMDAwMDAwMH0sInNjaGVtYV92ZXJzaW9uIjoiMCJ9"
        }
      ]
    },
    {
      "module": "module.s3",
      "mode": "managed",
      "type": "aws_s3_bucket",
      "name": "one_journey_back_as_ecr_g_deployment_1",
      "provider": "provider[\"registry.terraform.io/hashicorp/aws\"]",
      "instances": [
        {
          "schema_version": 0,
          "attributes": {
            "acceleration_status": "",
            "acl": null,
            "arn": "arn:aws:s3:::one-journey-back-as-ecr-g-serverlessdeploymentbuck-dolibyjasqhp",
            "bucket": "one-journey-back-as-ecr-g-serverlessdeploymentbuck-dolibyjasqhp",
            "bucket_domain_name": "one-journey-back-as-ecr-g-serverlessdeploymentbuck-dolibyjasqhp.s3.amazonaws.com",
            "bucket_prefix": "",
            "bucket_regional_domain_name": "one-journey-back-as-ecr-g-serverlessdeploymentbuck-dolibyjasqhp.s3.eu-west-1.amazonaws.com",
            "cors_rule": [],
            "force_destroy": null,
            "grant": [
              {
                "id": "a1d063d75f2ab45ddbeb0eba7c1ba2cb79b645908e67c69ef475d41d179e2373",
                "permissions": [
                  "FULL_CONTROL"
                ],
                "type": "CanonicalUser",
                "uri": ""
              }
            ],
            "hosted_zone_id": "Z1BKCTXD74EZPE",
            "id": "one-journey-back-as-ecr-g-serverlessdeploymentbuck-dolibyjasqhp",
            "lifecycle_rule": [],
            "logging": [],
            "object_lock_configuration": [],
            "object_lock_enabled": false,
            "policy": "{\"Statement\":[{\"Action\":\"s3:*\",\"Condition\":{\"Bool\":{\"aws:SecureTransport\":\"false\"}},\"Effect\":\"Deny\",\"Principal\":\"*\",\"Resource\":[\"arn:aws:s3:::one-journey-back-as-ecr-g-serverlessdeploymentbuck-dolibyjasqhp/*\",\"arn:aws:s3:::one-journey-back-as-ecr-g-serverlessdeploymentbuck-dolibyjasqhp\"]}],\"Version\":\"2008-10-17\"}",
            "region": "eu-west-1",
            "replication_configuration": [],
            "request_payer": "BucketOwner",
            "server_side_encryption_configuration": [
              {
                "rule": [
                  {
                    "apply_server_side_encryption_by_default": [
                      {
                        "kms_master_key_id": "",
                        "sse_algorithm": "AES256"
                      }
                    ],
                    "bucket_key_enabled": false
                  }
                ]
              }
            ],
            "tags": {
              "STAGE": "genai"
            },
            "tags_all": {
              "STAGE": "genai"
            },
            "timeouts": null,
            "versioning": [
              {
                "enabled": false,
                "mfa_delete": false
              }
            ],
            "website": [],
            "website_domain": null,
            "website_endpoint": null
          },
          "sensitive_attributes": [],
          "identity_schema_version": 0,
          "private": "eyJlMmJmYjczMC1lY2FhLTExZTYtOGY4OC0zNDM2M2JjN2M0YzAiOnsiY3JlYXRlIjoxMjAwMDAwMDAwMDAwLCJkZWxldGUiOjM2MDAwMDAwMDAwMDAsInJlYWQiOjEyMDAwMDAwMDAwMDAsInVwZGF0ZSI6MTIwMDAwMDAwMDAwMH0sInNjaGVtYV92ZXJzaW9uIjoiMCJ9"
        }
      ]
    },
    {
      "module": "module.s3",
      "mode": "managed",
      "type": "aws_s3_bucket",
      "name": "one_journey_back_as_ecr_g_deployment_2",
      "provider": "provider[\"registry.terraform.io/hashicorp/aws\"]",
      "instances": [
        {
          "schema_version": 0,
          "attributes": {
            "acceleration_status": "",
            "acl": null,
            "arn": "arn:aws:s3:::one-journey-back-as-ecr-g-serverlessdeploymentbuck-rjl82uuxxofm",
            "bucket": "one-journey-back-as-ecr-g-serverlessdeploymentbuck-rjl82uuxxofm",
            "bucket_domain_name": "one-journey-back-as-ecr-g-serverlessdeploymentbuck-rjl82uuxxofm.s3.amazonaws.com",
            "bucket_prefix": "",
            "bucket_regional_domain_name": "one-journey-back-as-ecr-g-serverlessdeploymentbuck-rjl82uuxxofm.s3.eu-west-1.amazonaws.com",
            "cors_rule": [],
            "force_destroy": null,
            "grant": [
              {
                "id": "a1d063d75f2ab45ddbeb0eba7c1ba2cb79b645908e67c69ef475d41d179e2373",
                "permissions": [
                  "FULL_CONTROL"
                ],
                "type": "CanonicalUser",
                "uri": ""
              }
            ],
            "hosted_zone_id": "Z1BKCTXD74EZPE",
            "id": "one-journey-back-as-ecr-g-serverlessdeploymentbuck-rjl82uuxxofm",
            "lifecycle_rule": [],
            "logging": [],
            "object_lock_configuration": [],
            "object_lock_enabled": false,
            "policy": "{\"Statement\":[{\"Action\":\"s3:*\",\"Condition\":{\"Bool\":{\"aws:SecureTransport\":\"false\"}},\"Effect\":\"Deny\",\"Principal\":\"*\",\"Resource\":[\"arn:aws:s3:::one-journey-back-as-ecr-g-serverlessdeploymentbuck-rjl82uuxxofm/*\",\"arn:aws:s3:::one-journey-back-as-ecr-g-serverlessdeploymentbuck-rjl82uuxxofm\"]}],\"Version\":\"2008-10-17\"}",
            "region": "eu-west-1",
            "replication_configuration": [],
            "request_payer": "BucketOwner",
            "server_side_encryption_configuration": [
              {
                "rule": [
                  {
                    "apply_server_side_encryption_by_default": [
                      {
                        "kms_master_key_id": "",
                        "sse_algorithm": "AES256"
                      }
                    ],
                    "bucket_key_enabled": false
                  }
                ]
              }
            ],
            "tags": {
              "STAGE": "genai-dev"
            },
            "tags_all": {
              "STAGE": "genai-dev"
            },
            "timeouts": null,
            "versioning": [
              {
                "enabled": false,
                "mfa_delete": false
              }
            ],
            "website": [],
            "website_domain": null,
            "website_endpoint": null
          },
          "sensitive_attributes": [],
          "identity_schema_version": 0,
          "private": "eyJlMmJmYjczMC1lY2FhLTExZTYtOGY4OC0zNDM2M2JjN2M0YzAiOnsiY3JlYXRlIjoxMjAwMDAwMDAwMDAwLCJkZWxldGUiOjM2MDAwMDAwMDAwMDAsInJlYWQiOjEyMDAwMDAwMDAwMDAsInVwZGF0ZSI6MTIwMDAwMDAwMDAwMH0sInNjaGVtYV92ZXJzaW9uIjoiMCJ9"
        }
      ]
    },
    {
      "module": "module.s3",
      "mode": "managed",
      "type": "aws_s3_bucket",
      "name": "one_journey_back_as_ecr_i_deployment",
      "provider": "provider[\"registry.terraform.io/hashicorp/aws\"]",
      "instances": [
        {
          "schema_version": 0,
          "attributes": {
            "acceleration_status": "",
            "acl": null,
            "arn": "arn:aws:s3:::one-journey-back-as-ecr-i-serverlessdeploymentbuck-pnfckzyd5aah",
            "bucket": "one-journey-back-as-ecr-i-serverlessdeploymentbuck-pnfckzyd5aah",
            "bucket_domain_name": "one-journey-back-as-ecr-i-serverlessdeploymentbuck-pnfckzyd5aah.s3.amazonaws.com",
            "bucket_prefix": "",
            "bucket_regional_domain_name": "one-journey-back-as-ecr-i-serverlessdeploymentbuck-pnfckzyd5aah.s3.eu-west-1.amazonaws.com",
            "cors_rule": [],
            "force_destroy": null,
            "grant": [
              {
                "id": "a1d063d75f2ab45ddbeb0eba7c1ba2cb79b645908e67c69ef475d41d179e2373",
                "permissions": [
                  "FULL_CONTROL"
                ],
                "type": "CanonicalUser",
                "uri": ""
              }
            ],
            "hosted_zone_id": "Z1BKCTXD74EZPE",
            "id": "one-journey-back-as-ecr-i-serverlessdeploymentbuck-pnfckzyd5aah",
            "lifecycle_rule": [],
            "logging": [],
            "object_lock_configuration": [],
            "object_lock_enabled": false,
            "policy": "{\"Statement\":[{\"Action\":\"s3:*\",\"Condition\":{\"Bool\":{\"aws:SecureTransport\":\"false\"}},\"Effect\":\"Deny\",\"Principal\":\"*\",\"Resource\":[\"arn:aws:s3:::one-journey-back-as-ecr-i-serverlessdeploymentbuck-pnfckzyd5aah/*\",\"arn:aws:s3:::one-journey-back-as-ecr-i-serverlessdeploymentbuck-pnfckzyd5aah\"]}],\"Version\":\"2008-10-17\"}",
            "region": "eu-west-1",
            "replication_configuration": [],
            "request_payer": "BucketOwner",
            "server_side_encryption_configuration": [
              {
                "rule": [
                  {
                    "apply_server_side_encryption_by_default": [
                      {
                        "kms_master_key_id": "",
                        "sse_algorithm": "AES256"
                      }
                    ],
                    "bucket_key_enabled": false
                  }
                ]
              }
            ],
            "tags": {
              "STAGE": "ia-dev"
            },
            "tags_all": {
              "STAGE": "ia-dev"
            },
            "timeouts": null,
            "versioning": [
              {
                "enabled": false,
                "mfa_delete": false
              }
            ],
            "website": [],
            "website_domain": null,
            "website_endpoint": null
          },
          "sensitive_attributes": [],
          "identity_schema_version": 0,
          "private": "eyJlMmJmYjczMC1lY2FhLTExZTYtOGY4OC0zNDM2M2JjN2M0YzAiOnsiY3JlYXRlIjoxMjAwMDAwMDAwMDAwLCJkZWxldGUiOjM2MDAwMDAwMDAwMDAsInJlYWQiOjEyMDAwMDAwMDAwMDAsInVwZGF0ZSI6MTIwMDAwMDAwMDAwMH0sInNjaGVtYV92ZXJzaW9uIjoiMCJ9"
        }
      ]
    },
    {
      "module": "module.s3",
      "mode": "managed",
      "type": "aws_s3_bucket",
      "name": "one_journey_back_as_ecs_g_deployment_1",
      "provider": "provider[\"registry.terraform.io/hashicorp/aws\"]",
      "instances": [
        {
          "schema_version": 0,
          "attributes": {
            "acceleration_status": "",
            "acl": null,
            "arn": "arn:aws:s3:::one-journey-back-as-ecs-g-serverlessdeploymentbuck-cfnvdwfpbtsv",
            "bucket": "one-journey-back-as-ecs-g-serverlessdeploymentbuck-cfnvdwfpbtsv",
            "bucket_domain_name": "one-journey-back-as-ecs-g-serverlessdeploymentbuck-cfnvdwfpbtsv.s3.amazonaws.com",
            "bucket_prefix": "",
            "bucket_regional_domain_name": "one-journey-back-as-ecs-g-serverlessdeploymentbuck-cfnvdwfpbtsv.s3.eu-west-1.amazonaws.com",
            "cors_rule": [],
            "force_destroy": null,
            "grant": [
              {
                "id": "a1d063d75f2ab45ddbeb0eba7c1ba2cb79b645908e67c69ef475d41d179e2373",
                "permissions": [
                  "FULL_CONTROL"
                ],
                "type": "CanonicalUser",
                "uri": ""
              }
            ],
            "hosted_zone_id": "Z1BKCTXD74EZPE",
            "id": "one-journey-back-as-ecs-g-serverlessdeploymentbuck-cfnvdwfpbtsv",
            "lifecycle_rule": [],
            "logging": [],
            "object_lock_configuration": [],
            "object_lock_enabled": false,
            "policy": "{\"Statement\":[{\"Action\":\"s3:*\",\"Condition\":{\"Bool\":{\"aws:SecureTransport\":\"false\"}},\"Effect\":\"Deny\",\"Principal\":\"*\",\"Resource\":[\"arn:aws:s3:::one-journey-back-as-ecs-g-serverlessdeploymentbuck-cfnvdwfpbtsv/*\",\"arn:aws:s3:::one-journey-back-as-ecs-g-serverlessdeploymentbuck-cfnvdwfpbtsv\"]}],\"Version\":\"2008-10-17\"}",
            "region": "eu-west-1",
            "replication_configuration": [],
            "request_payer": "BucketOwner",
            "server_side_encryption_configuration": [
              {
                "rule": [
                  {
                    "apply_server_side_encryption_by_default": [
                      {
                        "kms_master_key_id": "",
                        "sse_algorithm": "AES256"
                      }
                    ],
                    "bucket_key_enabled": false
                  }
                ]
              }
            ],
            "tags": {
              "STAGE": "genai-dev"
            },
            "tags_all": {
              "STAGE": "genai-dev"
            },
            "timeouts": null,
            "versioning": [
              {
                "enabled": false,
                "mfa_delete": false
              }
            ],
            "website": [],
            "website_domain": null,
            "website_endpoint": null
          },
          "sensitive_attributes": [],
          "identity_schema_version": 0,
          "private": "eyJlMmJmYjczMC1lY2FhLTExZTYtOGY4OC0zNDM2M2JjN2M0YzAiOnsiY3JlYXRlIjoxMjAwMDAwMDAwMDAwLCJkZWxldGUiOjM2MDAwMDAwMDAwMDAsInJlYWQiOjEyMDAwMDAwMDAwMDAsInVwZGF0ZSI6MTIwMDAwMDAwMDAwMH0sInNjaGVtYV92ZXJzaW9uIjoiMCJ9"
        }
      ]
    },
    {
      "module": "module.s3",
      "mode": "managed",
      "type": "aws_s3_bucket",
      "name": "one_journey_back_as_ecs_g_deployment_2",
      "provider": "provider[\"registry.terraform.io/hashicorp/aws\"]",
      "instances": [
        {
          "schema_version": 0,
          "attributes": {
            "acceleration_status": "",
            "acl": null,
            "arn": "arn:aws:s3:::one-journey-back-as-ecs-g-serverlessdeploymentbuck-j9azhf22p0fv",
            "bucket": "one-journey-back-as-ecs-g-serverlessdeploymentbuck-j9azhf22p0fv",
            "bucket_domain_name": "one-journey-back-as-ecs-g-serverlessdeploymentbuck-j9azhf22p0fv.s3.amazonaws.com",
            "bucket_prefix": "",
            "bucket_regional_domain_name": "one-journey-back-as-ecs-g-serverlessdeploymentbuck-j9azhf22p0fv.s3.eu-west-1.amazonaws.com",
            "cors_rule": [],
            "force_destroy": null,
            "grant": [
              {
                "id": "a1d063d75f2ab45ddbeb0eba7c1ba2cb79b645908e67c69ef475d41d179e2373",
                "permissions": [
                  "FULL_CONTROL"
                ],
                "type": "CanonicalUser",
                "uri": ""
              }
            ],
            "hosted_zone_id": "Z1BKCTXD74EZPE",
            "id": "one-journey-back-as-ecs-g-serverlessdeploymentbuck-j9azhf22p0fv",
            "lifecycle_rule": [],
            "logging": [],
            "object_lock_configuration": [],
            "object_lock_enabled": false,
            "policy": "{\"Statement\":[{\"Action\":\"s3:*\",\"Condition\":{\"Bool\":{\"aws:SecureTransport\":\"false\"}},\"Effect\":\"Deny\",\"Principal\":\"*\",\"Resource\":[\"arn:aws:s3:::one-journey-back-as-ecs-g-serverlessdeploymentbuck-j9azhf22p0fv/*\",\"arn:aws:s3:::one-journey-back-as-ecs-g-serverlessdeploymentbuck-j9azhf22p0fv\"]}],\"Version\":\"2008-10-17\"}",
            "region": "eu-west-1",
            "replication_configuration": [],
            "request_payer": "BucketOwner",
            "server_side_encryption_configuration": [
              {
                "rule": [
                  {
                    "apply_server_side_encryption_by_default": [
                      {
                        "kms_master_key_id": "",
                        "sse_algorithm": "AES256"
                      }
                    ],
                    "bucket_key_enabled": false
                  }
                ]
              }
            ],
            "tags": {
              "STAGE": "genai"
            },
            "tags_all": {
              "STAGE": "genai"
            },
            "timeouts": null,
            "versioning": [
              {
                "enabled": false,
                "mfa_delete": false
              }
            ],
            "website": [],
            "website_domain": null,
            "website_endpoint": null
          },
          "sensitive_attributes": [],
          "identity_schema_version": 0,
          "private": "eyJlMmJmYjczMC1lY2FhLTExZTYtOGY4OC0zNDM2M2JjN2M0YzAiOnsiY3JlYXRlIjoxMjAwMDAwMDAwMDAwLCJkZWxldGUiOjM2MDAwMDAwMDAwMDAsInJlYWQiOjEyMDAwMDAwMDAwMDAsInVwZGF0ZSI6MTIwMDAwMDAwMDAwMH0sInNjaGVtYV92ZXJzaW9uIjoiMCJ9"
        }
      ]
    },
    {
      "module": "module.s3",
      "mode": "managed",
      "type": "aws_s3_bucket",
      "name": "one_journey_data_bucket_genai",
      "provider": "provider[\"registry.terraform.io/hashicorp/aws\"]",
      "instances": [
        {
          "schema_version": 0,
          "attributes": {
            "acceleration_status": "",
            "acl": null,
            "arn": "arn:aws:s3:::one-journey-data-bucket-genai",
            "bucket": "one-journey-data-bucket-genai",
            "bucket_domain_name": "one-journey-data-bucket-genai.s3.amazonaws.com",
            "bucket_prefix": "",
            "bucket_regional_domain_name": "one-journey-data-bucket-genai.s3.eu-west-1.amazonaws.com",
            "cors_rule": [
              {
                "allowed_headers": [
                  "*"
                ],
                "allowed_methods": [
                  "GET",
                  "PUT",
                  "POST"
                ],
                "allowed_origins": [
                  "*"
                ],
                "expose_headers": [],
                "max_age_seconds": 0
              }
            ],
            "force_destroy": null,
            "grant": [
              {
                "id": "a1d063d75f2ab45ddbeb0eba7c1ba2cb79b645908e67c69ef475d41d179e2373",
                "permissions": [
                  "FULL_CONTROL"
                ],
                "type": "CanonicalUser",
                "uri": ""
              }
            ],
            "hosted_zone_id": "Z1BKCTXD74EZPE",
            "id": "one-journey-data-bucket-genai",
            "lifecycle_rule": [],
            "logging": [],
            "object_lock_configuration": [],
            "object_lock_enabled": false,
            "policy": "{\"Statement\":[{\"Action\":\"s3:GetObject\",\"Effect\":\"Allow\",\"Principal\":{\"AWS\":\"arn:aws:iam::cloudfront:user/CloudFront Origin Access Identity E2YPP55FSMBTGO\"},\"Resource\":\"arn:aws:s3:::one-journey-data-bucket-genai/*\"},{\"Action\":\"s3:GetObject\",\"Effect\":\"Allow\",\"Principal\":{\"Service\":\"kendra.amazonaws.com\"},\"Resource\":\"arn:aws:s3:::one-journey-data-bucket-genai/*\"}],\"Version\":\"2008-10-17\"}",
            "region": "eu-west-1",
            "replication_configuration": [],
            "request_payer": "BucketOwner",
            "server_side_encryption_configuration": [
              {
                "rule": [
                  {
                    "apply_server_side_encryption_by_default": [
                      {
                        "kms_master_key_id": "",
                        "sse_algorithm": "AES256"
                      }
                    ],
                    "bucket_key_enabled": false
                  }
                ]
              }
            ],
            "tags": {
              "STAGE": "genai"
            },
            "tags_all": {
              "STAGE": "genai"
            },
            "timeouts": null,
            "versioning": [
              {
                "enabled": false,
                "mfa_delete": false
              }
            ],
            "website": [
              {
                "error_document": "index.html",
                "index_document": "index.html",
                "redirect_all_requests_to": "",
                "routing_rules": ""
              }
            ],
            "website_domain": "s3-website-eu-west-1.amazonaws.com",
            "website_endpoint": "one-journey-data-bucket-genai.s3-website-eu-west-1.amazonaws.com"
          },
          "sensitive_attributes": [],
          "identity_schema_version": 0,
          "private": "eyJlMmJmYjczMC1lY2FhLTExZTYtOGY4OC0zNDM2M2JjN2M0YzAiOnsiY3JlYXRlIjoxMjAwMDAwMDAwMDAwLCJkZWxldGUiOjM2MDAwMDAwMDAwMDAsInJlYWQiOjEyMDAwMDAwMDAwMDAsInVwZGF0ZSI6MTIwMDAwMDAwMDAwMH0sInNjaGVtYV92ZXJzaW9uIjoiMCJ9"
        }
      ]
    },
    {
      "module": "module.s3",
      "mode": "managed",
      "type": "aws_s3_bucket",
      "name": "one_journey_files_bucket_genai",
      "provider": "provider[\"registry.terraform.io/hashicorp/aws\"]",
      "instances": [
        {
          "schema_version": 0,
          "attributes": {
            "acceleration_status": "",
            "acl": null,
            "arn": "arn:aws:s3:::one-journey-files-bucket-genai",
            "bucket": "one-journey-files-bucket-genai",
            "bucket_domain_name": "one-journey-files-bucket-genai.s3.amazonaws.com",
            "bucket_prefix": "",
            "bucket_regional_domain_name": "one-journey-files-bucket-genai.s3.eu-west-1.amazonaws.com",
            "cors_rule": [],
            "force_destroy": null,
            "grant": [
              {
                "id": "a1d063d75f2ab45ddbeb0eba7c1ba2cb79b645908e67c69ef475d41d179e2373",
                "permissions": [
                  "FULL_CONTROL"
                ],
                "type": "CanonicalUser",
                "uri": ""
              }
            ],
            "hosted_zone_id": "Z1BKCTXD74EZPE",
            "id": "one-journey-files-bucket-genai",
            "lifecycle_rule": [],
            "logging": [],
            "object_lock_configuration": [],
            "object_lock_enabled": false,
            "policy": "",
            "region": "eu-west-1",
            "replication_configuration": [],
            "request_payer": "BucketOwner",
            "server_side_encryption_configuration": [
              {
                "rule": [
                  {
                    "apply_server_side_encryption_by_default": [
                      {
                        "kms_master_key_id": "",
                        "sse_algorithm": "AES256"
                      }
                    ],
                    "bucket_key_enabled": false
                  }
                ]
              }
            ],
            "tags": {
              "STAGE": "genai"
            },
            "tags_all": {
              "STAGE": "genai"
            },
            "timeouts": null,
            "versioning": [
              {
                "enabled": false,
                "mfa_delete": false
              }
            ],
            "website": [],
            "website_domain": null,
            "website_endpoint": null
          },
          "sensitive_attributes": [],
          "identity_schema_version": 0,
          "private": "eyJlMmJmYjczMC1lY2FhLTExZTYtOGY4OC0zNDM2M2JjN2M0YzAiOnsiY3JlYXRlIjoxMjAwMDAwMDAwMDAwLCJkZWxldGUiOjM2MDAwMDAwMDAwMDAsInJlYWQiOjEyMDAwMDAwMDAwMDAsInVwZGF0ZSI6MTIwMDAwMDAwMDAwMH0sInNjaGVtYV92ZXJzaW9uIjoiMCJ9"
        }
      ]
    },
    {
      "module": "module.s3",
      "mode": "managed",
      "type": "aws_s3_bucket",
      "name": "one_journey_front_pipeline_artifacts",
      "provider": "provider[\"registry.terraform.io/hashicorp/aws\"]",
      "instances": [
        {
          "schema_version": 0,
          "attributes": {
            "acceleration_status": "",
            "acl": null,
            "arn": "arn:aws:s3:::one-journey-front-pipeline-artifacts-971422687659",
            "bucket": "one-journey-front-pipeline-artifacts-971422687659",
            "bucket_domain_name": "one-journey-front-pipeline-artifacts-971422687659.s3.amazonaws.com",
            "bucket_prefix": "",
            "bucket_regional_domain_name": "one-journey-front-pipeline-artifacts-971422687659.s3.eu-west-1.amazonaws.com",
            "cors_rule": [],
            "force_destroy": null,
            "grant": [
              {
                "id": "a1d063d75f2ab45ddbeb0eba7c1ba2cb79b645908e67c69ef475d41d179e2373",
                "permissions": [
                  "FULL_CONTROL"
                ],
                "type": "CanonicalUser",
                "uri": ""
              }
            ],
            "hosted_zone_id": "Z1BKCTXD74EZPE",
            "id": "one-journey-front-pipeline-artifacts-971422687659",
            "lifecycle_rule": [],
            "logging": [],
            "object_lock_configuration": [],
            "object_lock_enabled": false,
            "policy": "",
            "region": "eu-west-1",
            "replication_configuration": [],
            "request_payer": "BucketOwner",
            "server_side_encryption_configuration": [
              {
                "rule": [
                  {
                    "apply_server_side_encryption_by_default": [
                      {
                        "kms_master_key_id": "",
                        "sse_algorithm": "AES256"
                      }
                    ],
                    "bucket_key_enabled": false
                  }
                ]
              }
            ],
            "tags": {},
            "tags_all": {},
            "timeouts": null,
            "versioning": [
              {
                "enabled": true,
                "mfa_delete": false
              }
            ],
            "website": [],
            "website_domain": null,
            "website_endpoint": null
          },
          "sensitive_attributes": [],
          "identity_schema_version": 0,
          "private": "eyJlMmJmYjczMC1lY2FhLTExZTYtOGY4OC0zNDM2M2JjN2M0YzAiOnsiY3JlYXRlIjoxMjAwMDAwMDAwMDAwLCJkZWxldGUiOjM2MDAwMDAwMDAwMDAsInJlYWQiOjEyMDAwMDAwMDAwMDAsInVwZGF0ZSI6MTIwMDAwMDAwMDAwMH0sInNjaGVtYV92ZXJzaW9uIjoiMCJ9"
        }
      ]
    },
    {
      "module": "module.s3",
      "mode": "managed",
      "type": "aws_s3_bucket",
      "name": "one_journey_genai_deployment",
      "provider": "provider[\"registry.terraform.io/hashicorp/aws\"]",
      "instances": [
        {
          "schema_version": 0,
          "attributes": {
            "acceleration_status": "",
            "acl": null,
            "arn": "arn:aws:s3:::one-journey-genai-serverlessdeploymentbucket-r8r10jddmxy6",
            "bucket": "one-journey-genai-serverlessdeploymentbucket-r8r10jddmxy6",
            "bucket_domain_name": "one-journey-genai-serverlessdeploymentbucket-r8r10jddmxy6.s3.amazonaws.com",
            "bucket_prefix": "",
            "bucket_regional_domain_name": "one-journey-genai-serverlessdeploymentbucket-r8r10jddmxy6.s3.eu-west-1.amazonaws.com",
            "cors_rule": [],
            "force_destroy": null,
            "grant": [
              {
                "id": "a1d063d75f2ab45ddbeb0eba7c1ba2cb79b645908e67c69ef475d41d179e2373",
                "permissions": [
                  "FULL_CONTROL"
                ],
                "type": "CanonicalUser",
                "uri": ""
              }
            ],
            "hosted_zone_id": "Z1BKCTXD74EZPE",
            "id": "one-journey-genai-serverlessdeploymentbucket-r8r10jddmxy6",
            "lifecycle_rule": [],
            "logging": [],
            "object_lock_configuration": [],
            "object_lock_enabled": false,
            "policy": "{\"Statement\":[{\"Action\":\"s3:*\",\"Condition\":{\"Bool\":{\"aws:SecureTransport\":\"false\"}},\"Effect\":\"Deny\",\"Principal\":\"*\",\"Resource\":[\"arn:aws:s3:::one-journey-genai-serverlessdeploymentbucket-r8r10jddmxy6/*\",\"arn:aws:s3:::one-journey-genai-serverlessdeploymentbucket-r8r10jddmxy6\"]}],\"Version\":\"2008-10-17\"}",
            "region": "eu-west-1",
            "replication_configuration": [],
            "request_payer": "BucketOwner",
            "server_side_encryption_configuration": [
              {
                "rule": [
                  {
                    "apply_server_side_encryption_by_default": [
                      {
                        "kms_master_key_id": "",
                        "sse_algorithm": "AES256"
                      }
                    ],
                    "bucket_key_enabled": false
                  }
                ]
              }
            ],
            "tags": {
              "STAGE": "genai"
            },
            "tags_all": {
              "STAGE": "genai"
            },
            "timeouts": null,
            "versioning": [
              {
                "enabled": false,
                "mfa_delete": false
              }
            ],
            "website": [],
            "website_domain": null,
            "website_endpoint": null
          },
          "sensitive_attributes": [],
          "identity_schema_version": 0,
          "private": "eyJlMmJmYjczMC1lY2FhLTExZTYtOGY4OC0zNDM2M2JjN2M0YzAiOnsiY3JlYXRlIjoxMjAwMDAwMDAwMDAwLCJkZWxldGUiOjM2MDAwMDAwMDAwMDAsInJlYWQiOjEyMDAwMDAwMDAwMDAsInVwZGF0ZSI6MTIwMDAwMDAwMDAwMH0sInNjaGVtYV92ZXJzaW9uIjoiMCJ9"
        }
      ]
    },
    {
      "module": "module.s3",
      "mode": "managed",
      "type": "aws_s3_bucket",
      "name": "one_journey_hosting_bucket_genai",
      "provider": "provider[\"registry.terraform.io/hashicorp/aws\"]",
      "instances": [
        {
          "schema_version": 0,
          "attributes": {
            "acceleration_status": "",
            "acl": null,
            "arn": "arn:aws:s3:::one-journey-hosting-bucket-genai",
            "bucket": "one-journey-hosting-bucket-genai",
            "bucket_domain_name": "one-journey-hosting-bucket-genai.s3.amazonaws.com",
            "bucket_prefix": "",
            "bucket_regional_domain_name": "one-journey-hosting-bucket-genai.s3.eu-west-1.amazonaws.com",
            "cors_rule": [],
            "force_destroy": null,
            "grant": [
              {
                "id": "a1d063d75f2ab45ddbeb0eba7c1ba2cb79b645908e67c69ef475d41d179e2373",
                "permissions": [
                  "FULL_CONTROL"
                ],
                "type": "CanonicalUser",
                "uri": ""
              }
            ],
            "hosted_zone_id": "Z1BKCTXD74EZPE",
            "id": "one-journey-hosting-bucket-genai",
            "lifecycle_rule": [],
            "logging": [],
            "object_lock_configuration": [],
            "object_lock_enabled": false,
            "policy": "",
            "region": "eu-west-1",
            "replication_configuration": [],
            "request_payer": "BucketOwner",
            "server_side_encryption_configuration": [
              {
                "rule": [
                  {
                    "apply_server_side_encryption_by_default": [
                      {
                        "kms_master_key_id": "",
                        "sse_algorithm": "AES256"
                      }
                    ],
                    "bucket_key_enabled": false
                  }
                ]
              }
            ],
            "tags": {
              "STAGE": "genai"
            },
            "tags_all": {
              "STAGE": "genai"
            },
            "timeouts": null,
            "versioning": [
              {
                "enabled": false,
                "mfa_delete": false
              }
            ],
            "website": [],
            "website_domain": null,
            "website_endpoint": null
          },
          "sensitive_attributes": [],
          "identity_schema_version": 0,
          "private": "eyJlMmJmYjczMC1lY2FhLTExZTYtOGY4OC0zNDM2M2JjN2M0YzAiOnsiY3JlYXRlIjoxMjAwMDAwMDAwMDAwLCJkZWxldGUiOjM2MDAwMDAwMDAwMDAsInJlYWQiOjEyMDAwMDAwMDAwMDAsInVwZGF0ZSI6MTIwMDAwMDAwMDAwMH0sInNjaGVtYV92ZXJzaW9uIjoiMCJ9"
        }
      ]
    },
    {
      "module": "module.s3",
      "mode": "managed",
      "type": "aws_s3_bucket",
      "name": "one_journey_nodes_core_ge_deployment_1",
      "provider": "provider[\"registry.terraform.io/hashicorp/aws\"]",
      "instances": [
        {
          "schema_version": 0,
          "attributes": {
            "acceleration_status": "",
            "acl": null,
            "arn": "arn:aws:s3:::one-journey-nodes-core-ge-serverlessdeploymentbuck-tezd9hxndj5i",
            "bucket": "one-journey-nodes-core-ge-serverlessdeploymentbuck-tezd9hxndj5i",
            "bucket_domain_name": "one-journey-nodes-core-ge-serverlessdeploymentbuck-tezd9hxndj5i.s3.amazonaws.com",
            "bucket_prefix": "",
            "bucket_regional_domain_name": "one-journey-nodes-core-ge-serverlessdeploymentbuck-tezd9hxndj5i.s3.eu-west-1.amazonaws.com",
            "cors_rule": [],
            "force_destroy": null,
            "grant": [
              {
                "id": "a1d063d75f2ab45ddbeb0eba7c1ba2cb79b645908e67c69ef475d41d179e2373",
                "permissions": [
                  "FULL_CONTROL"
                ],
                "type": "CanonicalUser",
                "uri": ""
              }
            ],
            "hosted_zone_id": "Z1BKCTXD74EZPE",
            "id": "one-journey-nodes-core-ge-serverlessdeploymentbuck-tezd9hxndj5i",
            "lifecycle_rule": [],
            "logging": [],
            "object_lock_configuration": [],
            "object_lock_enabled": false,
            "policy": "",
            "region": "eu-west-1",
            "replication_configuration": [],
            "request_payer": "BucketOwner",
            "server_side_encryption_configuration": [
              {
                "rule": [
                  {
                    "apply_server_side_encryption_by_default": [
                      {
                        "kms_master_key_id": "",
                        "sse_algorithm": "AES256"
                      }
                    ],
                    "bucket_key_enabled": false
                  }
                ]
              }
            ],
            "tags": {
              "STAGE": "genai"
            },
            "tags_all": {
              "STAGE": "genai"
            },
            "timeouts": null,
            "versioning": [
              {
                "enabled": false,
                "mfa_delete": false
              }
            ],
            "website": [],
            "website_domain": null,
            "website_endpoint": null
          },
          "sensitive_attributes": [],
          "identity_schema_version": 0,
          "private": "eyJlMmJmYjczMC1lY2FhLTExZTYtOGY4OC0zNDM2M2JjN2M0YzAiOnsiY3JlYXRlIjoxMjAwMDAwMDAwMDAwLCJkZWxldGUiOjM2MDAwMDAwMDAwMDAsInJlYWQiOjEyMDAwMDAwMDAwMDAsInVwZGF0ZSI6MTIwMDAwMDAwMDAwMH0sInNjaGVtYV92ZXJzaW9uIjoiMCJ9"
        }
      ]
    },
    {
      "module": "module.s3",
      "mode": "managed",
      "type": "aws_s3_bucket",
      "name": "one_journey_nodes_core_ge_deployment_2",
      "provider": "provider[\"registry.terraform.io/hashicorp/aws\"]",
      "instances": [
        {
          "schema_version": 0,
          "attributes": {
            "acceleration_status": "",
            "acl": null,
            "arn": "arn:aws:s3:::one-journey-nodes-core-ge-serverlessdeploymentbuck-xa0dgmpjhd8h",
            "bucket": "one-journey-nodes-core-ge-serverlessdeploymentbuck-xa0dgmpjhd8h",
            "bucket_domain_name": "one-journey-nodes-core-ge-serverlessdeploymentbuck-xa0dgmpjhd8h.s3.amazonaws.com",
            "bucket_prefix": "",
            "bucket_regional_domain_name": "one-journey-nodes-core-ge-serverlessdeploymentbuck-xa0dgmpjhd8h.s3.eu-west-1.amazonaws.com",
            "cors_rule": [],
            "force_destroy": null,
            "grant": [
              {
                "id": "a1d063d75f2ab45ddbeb0eba7c1ba2cb79b645908e67c69ef475d41d179e2373",
                "permissions": [
                  "FULL_CONTROL"
                ],
                "type": "CanonicalUser",
                "uri": ""
              }
            ],
            "hosted_zone_id": "Z1BKCTXD74EZPE",
            "id": "one-journey-nodes-core-ge-serverlessdeploymentbuck-xa0dgmpjhd8h",
            "lifecycle_rule": [],
            "logging": [],
            "object_lock_configuration": [],
            "object_lock_enabled": false,
            "policy": "{\"Statement\":[{\"Action\":\"s3:*\",\"Condition\":{\"Bool\":{\"aws:SecureTransport\":\"false\"}},\"Effect\":\"Deny\",\"Principal\":\"*\",\"Resource\":[\"arn:aws:s3:::one-journey-nodes-core-ge-serverlessdeploymentbuck-xa0dgmpjhd8h/*\",\"arn:aws:s3:::one-journey-nodes-core-ge-serverlessdeploymentbuck-xa0dgmpjhd8h\"]}],\"Version\":\"2008-10-17\"}",
            "region": "eu-west-1",
            "replication_configuration": [],
            "request_payer": "BucketOwner",
            "server_side_encryption_configuration": [
              {
                "rule": [
                  {
                    "apply_server_side_encryption_by_default": [
                      {
                        "kms_master_key_id": "",
                        "sse_algorithm": "AES256"
                      }
                    ],
                    "bucket_key_enabled": false
                  }
                ]
              }
            ],
            "tags": {
              "STAGE": "genai"
            },
            "tags_all": {
              "STAGE": "genai"
            },
            "timeouts": null,
            "versioning": [
              {
                "enabled": false,
                "mfa_delete": false
              }
            ],
            "website": [],
            "website_domain": null,
            "website_endpoint": null
          },
          "sensitive_attributes": [],
          "identity_schema_version": 0,
          "private": "eyJlMmJmYjczMC1lY2FhLTExZTYtOGY4OC0zNDM2M2JjN2M0YzAiOnsiY3JlYXRlIjoxMjAwMDAwMDAwMDAwLCJkZWxldGUiOjM2MDAwMDAwMDAwMDAsInJlYWQiOjEyMDAwMDAwMDAwMDAsInVwZGF0ZSI6MTIwMDAwMDAwMDAwMH0sInNjaGVtYV92ZXJzaW9uIjoiMCJ9"
        }
      ]
    },
    {
      "module": "module.s3",
      "mode": "managed",
      "type": "aws_s3_bucket",
      "name": "one_journey_transcriptions_bucket_genai",
      "provider": "provider[\"registry.terraform.io/hashicorp/aws\"]",
      "instances": [
        {
          "schema_version": 0,
          "attributes": {
            "acceleration_status": "",
            "acl": null,
            "arn": "arn:aws:s3:::one-journey-transcriptions-bucket-genai",
            "bucket": "one-journey-transcriptions-bucket-genai",
            "bucket_domain_name": "one-journey-transcriptions-bucket-genai.s3.amazonaws.com",
            "bucket_prefix": "",
            "bucket_regional_domain_name": "one-journey-transcriptions-bucket-genai.s3.eu-west-1.amazonaws.com",
            "cors_rule": [],
            "force_destroy": null,
            "grant": [
              {
                "id": "a1d063d75f2ab45ddbeb0eba7c1ba2cb79b645908e67c69ef475d41d179e2373",
                "permissions": [
                  "FULL_CONTROL"
                ],
                "type": "CanonicalUser",
                "uri": ""
              }
            ],
            "hosted_zone_id": "Z1BKCTXD74EZPE",
            "id": "one-journey-transcriptions-bucket-genai",
            "lifecycle_rule": [],
            "logging": [],
            "object_lock_configuration": [],
            "object_lock_enabled": false,
            "policy": "",
            "region": "eu-west-1",
            "replication_configuration": [],
            "request_payer": "BucketOwner",
            "server_side_encryption_configuration": [
              {
                "rule": [
                  {
                    "apply_server_side_encryption_by_default": [
                      {
                        "kms_master_key_id": "",
                        "sse_algorithm": "AES256"
                      }
                    ],
                    "bucket_key_enabled": false
                  }
                ]
              }
            ],
            "tags": {
              "STAGE": "genai"
            },
            "tags_all": {
              "STAGE": "genai"
            },
            "timeouts": null,
            "versioning": [
              {
                "enabled": false,
                "mfa_delete": false
              }
            ],
            "website": [],
            "website_domain": null,
            "website_endpoint": null
          },
          "sensitive_attributes": [],
          "identity_schema_version": 0,
          "private": "eyJlMmJmYjczMC1lY2FhLTExZTYtOGY4OC0zNDM2M2JjN2M0YzAiOnsiY3JlYXRlIjoxMjAwMDAwMDAwMDAwLCJkZWxldGUiOjM2MDAwMDAwMDAwMDAsInJlYWQiOjEyMDAwMDAwMDAwMDAsInVwZGF0ZSI6MTIwMDAwMDAwMDAwMH0sInNjaGVtYV92ZXJzaW9uIjoiMCJ9"
        }
      ]
    },
    {
      "module": "module.s3",
      "mode": "managed",
      "type": "aws_s3_bucket",
      "name": "one_journey_transcriptions_genai",
      "provider": "provider[\"registry.terraform.io/hashicorp/aws\"]",
      "instances": [
        {
          "schema_version": 0,
          "attributes": {
            "acceleration_status": "",
            "acl": null,
            "arn": "arn:aws:s3:::one-journey-transcriptions-genai",
            "bucket": "one-journey-transcriptions-genai",
            "bucket_domain_name": "one-journey-transcriptions-genai.s3.amazonaws.com",
            "bucket_prefix": "",
            "bucket_regional_domain_name": "one-journey-transcriptions-genai.s3.eu-west-1.amazonaws.com",
            "cors_rule": [],
            "force_destroy": null,
            "grant": [
              {
                "id": "a1d063d75f2ab45ddbeb0eba7c1ba2cb79b645908e67c69ef475d41d179e2373",
                "permissions": [
                  "FULL_CONTROL"
                ],
                "type": "CanonicalUser",
                "uri": ""
              }
            ],
            "hosted_zone_id": "Z1BKCTXD74EZPE",
            "id": "one-journey-transcriptions-genai",
            "lifecycle_rule": [],
            "logging": [],
            "object_lock_configuration": [],
            "object_lock_enabled": false,
            "policy": "",
            "region": "eu-west-1",
            "replication_configuration": [],
            "request_payer": "BucketOwner",
            "server_side_encryption_configuration": [
              {
                "rule": [
                  {
                    "apply_server_side_encryption_by_default": [
                      {
                        "kms_master_key_id": "",
                        "sse_algorithm": "AES256"
                      }
                    ],
                    "bucket_key_enabled": false
                  }
                ]
              }
            ],
            "tags": {
              "STAGE": "genai"
            },
            "tags_all": {
              "STAGE": "genai"
            },
            "timeouts": null,
            "versioning": [
              {
                "enabled": false,
                "mfa_delete": false
              }
            ],
            "website": [],
            "website_domain": null,
            "website_endpoint": null
          },
          "sensitive_attributes": [],
          "identity_schema_version": 0,
          "private": "eyJlMmJmYjczMC1lY2FhLTExZTYtOGY4OC0zNDM2M2JjN2M0YzAiOnsiY3JlYXRlIjoxMjAwMDAwMDAwMDAwLCJkZWxldGUiOjM2MDAwMDAwMDAwMDAsInJlYWQiOjEyMDAwMDAwMDAwMDAsInVwZGF0ZSI6MTIwMDAwMDAwMDAwMH0sInNjaGVtYV92ZXJzaW9uIjoiMCJ9"
        }
      ]
    },
    {
      "module": "module.s3",
      "mode": "managed",
      "type": "aws_s3_bucket",
      "name": "onejourney_core_nodes_artifacts",
      "provider": "provider[\"registry.terraform.io/hashicorp/aws\"]",
      "instances": [
        {
          "schema_version": 0,
          "attributes": {
            "acceleration_status": "",
            "acl": null,
            "arn": "arn:aws:s3:::onejourney-core-nodes-artifacts-971422687659-v2",
            "bucket": "onejourney-core-nodes-artifacts-971422687659-v2",
            "bucket_domain_name": "onejourney-core-nodes-artifacts-971422687659-v2.s3.amazonaws.com",
            "bucket_prefix": "",
            "bucket_regional_domain_name": "onejourney-core-nodes-artifacts-971422687659-v2.s3.eu-west-1.amazonaws.com",
            "cors_rule": [],
            "force_destroy": null,
            "grant": [
              {
                "id": "a1d063d75f2ab45ddbeb0eba7c1ba2cb79b645908e67c69ef475d41d179e2373",
                "permissions": [
                  "FULL_CONTROL"
                ],
                "type": "CanonicalUser",
                "uri": ""
              }
            ],
            "hosted_zone_id": "Z1BKCTXD74EZPE",
            "id": "onejourney-core-nodes-artifacts-971422687659-v2",
            "lifecycle_rule": [],
            "logging": [],
            "object_lock_configuration": [],
            "object_lock_enabled": false,
            "policy": "",
            "region": "eu-west-1",
            "replication_configuration": [],
            "request_payer": "BucketOwner",
            "server_side_encryption_configuration": [
              {
                "rule": [
                  {
                    "apply_server_side_encryption_by_default": [
                      {
                        "kms_master_key_id": "",
                        "sse_algorithm": "AES256"
                      }
                    ],
                    "bucket_key_enabled": false
                  }
                ]
              }
            ],
            "tags": {},
            "tags_all": {},
            "timeouts": null,
            "versioning": [
              {
                "enabled": true,
                "mfa_delete": false
              }
            ],
            "website": [],
            "website_domain": null,
            "website_endpoint": null
          },
          "sensitive_attributes": [],
          "identity_schema_version": 0,
          "private": "eyJlMmJmYjczMC1lY2FhLTExZTYtOGY4OC0zNDM2M2JjN2M0YzAiOnsiY3JlYXRlIjoxMjAwMDAwMDAwMDAwLCJkZWxldGUiOjM2MDAwMDAwMDAwMDAsInJlYWQiOjEyMDAwMDAwMDAwMDAsInVwZGF0ZSI6MTIwMDAwMDAwMDAwMH0sInNjaGVtYV92ZXJzaW9uIjoiMCJ9"
        }
      ]
    },
    {
      "module": "module.s3",
      "mode": "managed",
      "type": "aws_s3_bucket",
      "name": "onejourney_genai_back_artifacts",
      "provider": "provider[\"registry.terraform.io/hashicorp/aws\"]",
      "instances": [
        {
          "schema_version": 0,
          "attributes": {
            "acceleration_status": "",
            "acl": null,
            "arn": "arn:aws:s3:::onejourney-genai-back-artifacts-971422687659-v2",
            "bucket": "onejourney-genai-back-artifacts-971422687659-v2",
            "bucket_domain_name": "onejourney-genai-back-artifacts-971422687659-v2.s3.amazonaws.com",
            "bucket_prefix": "",
            "bucket_regional_domain_name": "onejourney-genai-back-artifacts-971422687659-v2.s3.eu-west-1.amazonaws.com",
            "cors_rule": [],
            "force_destroy": null,
            "grant": [
              {
                "id": "a1d063d75f2ab45ddbeb0eba7c1ba2cb79b645908e67c69ef475d41d179e2373",
                "permissions": [
                  "FULL_CONTROL"
                ],
                "type": "CanonicalUser",
                "uri": ""
              }
            ],
            "hosted_zone_id": "Z1BKCTXD74EZPE",
            "id": "onejourney-genai-back-artifacts-971422687659-v2",
            "lifecycle_rule": [],
            "logging": [],
            "object_lock_configuration": [],
            "object_lock_enabled": false,
            "policy": "",
            "region": "eu-west-1",
            "replication_configuration": [],
            "request_payer": "BucketOwner",
            "server_side_encryption_configuration": [
              {
                "rule": [
                  {
                    "apply_server_side_encryption_by_default": [
                      {
                        "kms_master_key_id": "",
                        "sse_algorithm": "AES256"
                      }
                    ],
                    "bucket_key_enabled": false
                  }
                ]
              }
            ],
            "tags": {},
            "tags_all": {},
            "timeouts": null,
            "versioning": [
              {
                "enabled": true,
                "mfa_delete": false
              }
            ],
            "website": [],
            "website_domain": null,
            "website_endpoint": null
          },
          "sensitive_attributes": [],
          "identity_schema_version": 0,
          "private": "eyJlMmJmYjczMC1lY2FhLTExZTYtOGY4OC0zNDM2M2JjN2M0YzAiOnsiY3JlYXRlIjoxMjAwMDAwMDAwMDAwLCJkZWxldGUiOjM2MDAwMDAwMDAwMDAsInJlYWQiOjEyMDAwMDAwMDAwMDAsInVwZGF0ZSI6MTIwMDAwMDAwMDAwMH0sInNjaGVtYV92ZXJzaW9uIjoiMCJ9"
        }
      ]
    },
    {
      "module": "module.s3",
      "mode": "managed",
      "type": "aws_s3_bucket",
      "name": "onejourney_genai_back_cicd_artifacts",
      "provider": "provider[\"registry.terraform.io/hashicorp/aws\"]",
      "instances": [
        {
          "schema_version": 0,
          "attributes": {
            "acceleration_status": "",
            "acl": null,
            "arn": "arn:aws:s3:::onejourney-genai-back-cicd-artifacts-971422687659-v2",
            "bucket": "onejourney-genai-back-cicd-artifacts-971422687659-v2",
            "bucket_domain_name": "onejourney-genai-back-cicd-artifacts-971422687659-v2.s3.amazonaws.com",
            "bucket_prefix": "",
            "bucket_regional_domain_name": "onejourney-genai-back-cicd-artifacts-971422687659-v2.s3.eu-west-1.amazonaws.com",
            "cors_rule": [],
            "force_destroy": null,
            "grant": [
              {
                "id": "a1d063d75f2ab45ddbeb0eba7c1ba2cb79b645908e67c69ef475d41d179e2373",
                "permissions": [
                  "FULL_CONTROL"
                ],
                "type": "CanonicalUser",
                "uri": ""
              }
            ],
            "hosted_zone_id": "Z1BKCTXD74EZPE",
            "id": "onejourney-genai-back-cicd-artifacts-971422687659-v2",
            "lifecycle_rule": [],
            "logging": [],
            "object_lock_configuration": [],
            "object_lock_enabled": false,
            "policy": "",
            "region": "eu-west-1",
            "replication_configuration": [],
            "request_payer": "BucketOwner",
            "server_side_encryption_configuration": [
              {
                "rule": [
                  {
                    "apply_server_side_encryption_by_default": [
                      {
                        "kms_master_key_id": "",
                        "sse_algorithm": "AES256"
                      }
                    ],
                    "bucket_key_enabled": false
                  }
                ]
              }
            ],
            "tags": {},
            "tags_all": {},
            "timeouts": null,
            "versioning": [
              {
                "enabled": true,
                "mfa_delete": false
              }
            ],
            "website": [],
            "website_domain": null,
            "website_endpoint": null
          },
          "sensitive_attributes": [],
          "identity_schema_version": 0,
          "private": "eyJlMmJmYjczMC1lY2FhLTExZTYtOGY4OC0zNDM2M2JjN2M0YzAiOnsiY3JlYXRlIjoxMjAwMDAwMDAwMDAwLCJkZWxldGUiOjM2MDAwMDAwMDAwMDAsInJlYWQiOjEyMDAwMDAwMDAwMDAsInVwZGF0ZSI6MTIwMDAwMDAwMDAwMH0sInNjaGVtYV92ZXJzaW9uIjoiMCJ9"
        }
      ]
    },
    {
      "module": "module.s3",
      "mode": "managed",
      "type": "aws_s3_bucket",
      "name": "onejourney_genai_cicd_artifacts",
      "provider": "provider[\"registry.terraform.io/hashicorp/aws\"]",
      "instances": [
        {
          "schema_version": 0,
          "attributes": {
            "acceleration_status": "",
            "acl": null,
            "arn": "arn:aws:s3:::onejourney-genai-cicd-artifacts-971422687659",
            "bucket": "onejourney-genai-cicd-artifacts-971422687659",
            "bucket_domain_name": "onejourney-genai-cicd-artifacts-971422687659.s3.amazonaws.com",
            "bucket_prefix": "",
            "bucket_regional_domain_name": "onejourney-genai-cicd-artifacts-971422687659.s3.eu-west-1.amazonaws.com",
            "cors_rule": [],
            "force_destroy": null,
            "grant": [
              {
                "id": "a1d063d75f2ab45ddbeb0eba7c1ba2cb79b645908e67c69ef475d41d179e2373",
                "permissions": [
                  "FULL_CONTROL"
                ],
                "type": "CanonicalUser",
                "uri": ""
              }
            ],
            "hosted_zone_id": "Z1BKCTXD74EZPE",
            "id": "onejourney-genai-cicd-artifacts-971422687659",
            "lifecycle_rule": [],
            "logging": [],
            "object_lock_configuration": [],
            "object_lock_enabled": false,
            "policy": "",
            "region": "eu-west-1",
            "replication_configuration": [],
            "request_payer": "BucketOwner",
            "server_side_encryption_configuration": [
              {
                "rule": [
                  {
                    "apply_server_side_encryption_by_default": [
                      {
                        "kms_master_key_id": "",
                        "sse_algorithm": "AES256"
                      }
                    ],
                    "bucket_key_enabled": false
                  }
                ]
              }
            ],
            "tags": {},
            "tags_all": {},
            "timeouts": null,
            "versioning": [
              {
                "enabled": true,
                "mfa_delete": false
              }
            ],
            "website": [],
            "website_domain": null,
            "website_endpoint": null
          },
          "sensitive_attributes": [],
          "identity_schema_version": 0,
          "private": "eyJlMmJmYjczMC1lY2FhLTExZTYtOGY4OC0zNDM2M2JjN2M0YzAiOnsiY3JlYXRlIjoxMjAwMDAwMDAwMDAwLCJkZWxldGUiOjM2MDAwMDAwMDAwMDAsInJlYWQiOjEyMDAwMDAwMDAwMDAsInVwZGF0ZSI6MTIwMDAwMDAwMDAwMH0sInNjaGVtYV92ZXJzaW9uIjoiMCJ9"
        }
      ]
    },
    {
      "module": "module.s3",
      "mode": "managed",
      "type": "aws_s3_bucket",
      "name": "stt_transcripciones",
      "provider": "provider[\"registry.terraform.io/hashicorp/aws\"]",
      "instances": [
        {
          "schema_version": 0,
          "attributes": {
            "acceleration_status": "",
            "acl": null,
            "arn": "arn:aws:s3:::stt-transcripciones",
            "bucket": "stt-transcripciones",
            "bucket_domain_name": "stt-transcripciones.s3.amazonaws.com",
            "bucket_prefix": "",
            "bucket_regional_domain_name": "stt-transcripciones.s3.eu-west-1.amazonaws.com",
            "cors_rule": [],
            "force_destroy": null,
            "grant": [
              {
                "id": "a1d063d75f2ab45ddbeb0eba7c1ba2cb79b645908e67c69ef475d41d179e2373",
                "permissions": [
                  "FULL_CONTROL"
                ],
                "type": "CanonicalUser",
                "uri": ""
              }
            ],
            "hosted_zone_id": "Z1BKCTXD74EZPE",
            "id": "stt-transcripciones",
            "lifecycle_rule": [],
            "logging": [],
            "object_lock_configuration": [],
            "object_lock_enabled": false,
            "policy": "",
            "region": "eu-west-1",
            "replication_configuration": [],
            "request_payer": "BucketOwner",
            "server_side_encryption_configuration": [
              {
                "rule": [
                  {
                    "apply_server_side_encryption_by_default": [
                      {
                        "kms_master_key_id": "",
                        "sse_algorithm": "AES256"
                      }
                    ],
                    "bucket_key_enabled": true
                  }
                ]
              }
            ],
            "tags": {},
            "tags_all": {},
            "timeouts": null,
            "versioning": [
              {
                "enabled": false,
                "mfa_delete": false
              }
            ],
            "website": [],
            "website_domain": null,
            "website_endpoint": null
          },
          "sensitive_attributes": [],
          "identity_schema_version": 0,
          "private": "eyJlMmJmYjczMC1lY2FhLTExZTYtOGY4OC0zNDM2M2JjN2M0YzAiOnsiY3JlYXRlIjoxMjAwMDAwMDAwMDAwLCJkZWxldGUiOjM2MDAwMDAwMDAwMDAsInJlYWQiOjEyMDAwMDAwMDAwMDAsInVwZGF0ZSI6MTIwMDAwMDAwMDAwMH0sInNjaGVtYV92ZXJzaW9uIjoiMCJ9"
        }
      ]
    },
    {
      "module": "module.s3",
      "mode": "managed",
      "type": "aws_s3_bucket",
      "name": "stt_transcripciones_genai",
      "provider": "provider[\"registry.terraform.io/hashicorp/aws\"]",
      "instances": [
        {
          "schema_version": 0,
          "attributes": {
            "acceleration_status": "",
            "acl": null,
            "arn": "arn:aws:s3:::stt-transcripciones-genai",
            "bucket": "stt-transcripciones-genai",
            "bucket_domain_name": "stt-transcripciones-genai.s3.amazonaws.com",
            "bucket_prefix": "",
            "bucket_regional_domain_name": "stt-transcripciones-genai.s3.eu-west-1.amazonaws.com",
            "cors_rule": [],
            "force_destroy": null,
            "grant": [
              {
                "id": "a1d063d75f2ab45ddbeb0eba7c1ba2cb79b645908e67c69ef475d41d179e2373",
                "permissions": [
                  "FULL_CONTROL"
                ],
                "type": "CanonicalUser",
                "uri": ""
              }
            ],
            "hosted_zone_id": "Z1BKCTXD74EZPE",
            "id": "stt-transcripciones-genai",
            "lifecycle_rule": [],
            "logging": [],
            "object_lock_configuration": [],
            "object_lock_enabled": false,
            "policy": "",
            "region": "eu-west-1",
            "replication_configuration": [],
            "request_payer": "BucketOwner",
            "server_side_encryption_configuration": [
              {
                "rule": [
                  {
                    "apply_server_side_encryption_by_default": [
                      {
                        "kms_master_key_id": "",
                        "sse_algorithm": "AES256"
                      }
                    ],
                    "bucket_key_enabled": true
                  }
                ]
              }
            ],
            "tags": {},
            "tags_all": {},
            "timeouts": null,
            "versioning": [
              {
                "enabled": false,
                "mfa_delete": false
              }
            ],
            "website": [],
            "website_domain": null,
            "website_endpoint": null
          },
          "sensitive_attributes": [],
          "identity_schema_version": 0,
          "private": "eyJlMmJmYjczMC1lY2FhLTExZTYtOGY4OC0zNDM2M2JjN2M0YzAiOnsiY3JlYXRlIjoxMjAwMDAwMDAwMDAwLCJkZWxldGUiOjM2MDAwMDAwMDAwMDAsInJlYWQiOjEyMDAwMDAwMDAwMDAsInVwZGF0ZSI6MTIwMDAwMDAwMDAwMH0sInNjaGVtYV92ZXJzaW9uIjoiMCJ9"
        }
      ]
    },
    {
      "module": "module.s3",
      "mode": "managed",
      "type": "aws_s3_bucket_server_side_encryption_configuration",
      "name": "one_journey_data_bucket_genai_encryption",
      "provider": "provider[\"registry.terraform.io/hashicorp/aws\"]",
      "instances": [
        {
          "schema_version": 0,
          "attributes": {
            "bucket": "one-journey-data-bucket-genai",
            "expected_bucket_owner": "",
            "id": "one-journey-data-bucket-genai",
            "rule": [
              {
                "apply_server_side_encryption_by_default": [
                  {
                    "kms_master_key_id": "",
                    "sse_algorithm": "AES256"
                  }
                ],
                "bucket_key_enabled": false
              }
            ]
          },
          "sensitive_attributes": [],
          "identity_schema_version": 0,
          "private": "eyJzY2hlbWFfdmVyc2lvbiI6IjAifQ=="
        }
      ]
    },
    {
      "module": "module.s3",
      "mode": "managed",
      "type": "aws_s3_bucket_versioning",
      "name": "one_journey_data_bucket_genai_versioning",
      "provider": "provider[\"registry.terraform.io/hashicorp/aws\"]",
      "instances": [
        {
          "schema_version": 0,
          "attributes": {
            "bucket": "one-journey-data-bucket-genai",
            "expected_bucket_owner": "",
            "id": "one-journey-data-bucket-genai",
            "mfa": null,
            "versioning_configuration": [
              {
                "mfa_delete": "",
                "status": "Disabled"
              }
            ]
          },
          "sensitive_attributes": [],
          "identity_schema_version": 0,
          "private": "eyJzY2hlbWFfdmVyc2lvbiI6IjAifQ=="
        }
      ]
    },
    {
      "module": "module.security",
      "mode": "managed",
      "type": "aws_default_security_group",
      "name": "default",
      "provider": "provider[\"registry.terraform.io/hashicorp/aws\"]",
      "instances": [
        {
          "schema_version": 1,
          "attributes": {
            "arn": "arn:aws:ec2:eu-west-1:971422687659:security-group/sg-0f094509b74d4b142",
            "description": "default VPC security group",
            "egress": [
              {
                "cidr_blocks": [
                  "0.0.0.0/0"
                ],
                "description": "",
                "from_port": 0,
                "ipv6_cidr_blocks": [],
                "prefix_list_ids": [],
                "protocol": "-1",
                "security_groups": [],
                "self": false,
                "to_port": 0
              }
            ],
            "id": "sg-0f094509b74d4b142",
            "ingress": [
              {
                "cidr_blocks": [],
                "description": "",
                "from_port": 0,
                "ipv6_cidr_blocks": [],
                "prefix_list_ids": [],
                "protocol": "-1",
                "security_groups": [],
                "self": true,
                "to_port": 0
              }
            ],
            "name": "default",
            "name_prefix": "",
            "owner_id": "971422687659",
            "revoke_rules_on_delete": null,
            "tags": {},
            "tags_all": {},
            "vpc_id": "vpc-0bb8a69ff2508b49d"
          },
          "sensitive_attributes": [],
          "identity_schema_version": 0,
          "private": "eyJzY2hlbWFfdmVyc2lvbiI6IjEifQ=="
        }
      ]
    },
    {
      "module": "module.security",
      "mode": "managed",
      "type": "aws_security_group",
      "name": "global_accelerator",
      "provider": "provider[\"registry.terraform.io/hashicorp/aws\"]",
      "instances": [
        {
          "schema_version": 1,
          "attributes": {
            "arn": "arn:aws:ec2:eu-west-1:971422687659:security-group/sg-01647a439867040a2",
            "description": "GlobalAccelerator configured SecurityGroup",
            "egress": [
              {
                "cidr_blocks": [
                  "0.0.0.0/0"
                ],
                "description": "",
                "from_port": 0,
                "ipv6_cidr_blocks": [],
                "prefix_list_ids": [],
                "protocol": "-1",
                "security_groups": [],
                "self": false,
                "to_port": 0
              }
            ],
            "id": "sg-01647a439867040a2",
            "ingress": [],
            "name": "GlobalAccelerator",
            "name_prefix": "",
            "owner_id": "971422687659",
            "revoke_rules_on_delete": null,
            "tags": {
              "AWSServiceName": "GlobalAccelerator"
            },
            "tags_all": {
              "AWSServiceName": "GlobalAccelerator"
            },
            "timeouts": null,
            "vpc_id": "vpc-0bb8a69ff2508b49d"
          },
          "sensitive_attributes": [],
          "identity_schema_version": 0,
          "private": "eyJlMmJmYjczMC1lY2FhLTExZTYtOGY4OC0zNDM2M2JjN2M0YzAiOnsiY3JlYXRlIjo2MDAwMDAwMDAwMDAsImRlbGV0ZSI6OTAwMDAwMDAwMDAwfSwic2NoZW1hX3ZlcnNpb24iOiIxIn0="
        }
      ]
    },
    {
      "module": "module.security",
      "mode": "managed",
      "type": "aws_security_group",
      "name": "oj_ecs_lb",
      "provider": "provider[\"registry.terraform.io/hashicorp/aws\"]",
      "instances": [
        {
          "schema_version": 1,
          "attributes": {
            "arn": "arn:aws:ec2:eu-west-1:971422687659:security-group/sg-0c36a11696da59d1c",
            "description": "OJECSSecurityGroupLB-genai",
            "egress": [
              {
                "cidr_blocks": [
                  "0.0.0.0/0"
                ],
                "description": "",
                "from_port": 0,
                "ipv6_cidr_blocks": [],
                "prefix_list_ids": [],
                "protocol": "-1",
                "security_groups": [],
                "self": false,
                "to_port": 0
              }
            ],
            "id": "sg-0c36a11696da59d1c",
            "ingress": [
              {
                "cidr_blocks": [
                  "0.0.0.0/0"
                ],
                "description": "Free Ingress",
                "from_port": 443,
                "ipv6_cidr_blocks": [],
                "prefix_list_ids": [],
                "protocol": "tcp",
                "security_groups": [],
                "self": false,
                "to_port": 443
              }
            ],
            "name": "OJECSSecurityGroupLB-genai",
            "name_prefix": "",
            "owner_id": "971422687659",
            "revoke_rules_on_delete": null,
            "tags": {
              "OJ": "OJ",
              "STAGE": "genai"
            },
            "tags_all": {
              "OJ": "OJ",
              "STAGE": "genai"
            },
            "timeouts": null,
            "vpc_id": "vpc-0bb8a69ff2508b49d"
          },
          "sensitive_attributes": [],
          "identity_schema_version": 0,
          "private": "eyJlMmJmYjczMC1lY2FhLTExZTYtOGY4OC0zNDM2M2JjN2M0YzAiOnsiY3JlYXRlIjo2MDAwMDAwMDAwMDAsImRlbGV0ZSI6OTAwMDAwMDAwMDAwfSwic2NoZW1hX3ZlcnNpb24iOiIxIn0="
        }
      ]
    },
    {
      "module": "module.security",
      "mode": "managed",
      "type": "aws_security_group",
      "name": "oj_ecs_service",
      "provider": "provider[\"registry.terraform.io/hashicorp/aws\"]",
      "instances": [
        {
          "schema_version": 1,
          "attributes": {
            "arn": "arn:aws:ec2:eu-west-1:971422687659:security-group/sg-0696b11cf33591870",
            "description": "OJECSSecurityGroup-genai",
            "egress": [
              {
                "cidr_blocks": [
                  "0.0.0.0/0"
                ],
                "description": "",
                "from_port": 0,
                "ipv6_cidr_blocks": [],
                "prefix_list_ids": [],
                "protocol": "-1",
                "security_groups": [],
                "self": false,
                "to_port": 0
              }
            ],
            "id": "sg-0696b11cf33591870",
            "ingress": [
              {
                "cidr_blocks": [
                  "0.0.0.0/0"
                ],
                "description": "Free Ingress",
                "from_port": 80,
                "ipv6_cidr_blocks": [],
                "prefix_list_ids": [],
                "protocol": "tcp",
                "security_groups": [],
                "self": false,
                "to_port": 80
              }
            ],
            "name": "OJECSSecurityGroup-genai",
            "name_prefix": "",
            "owner_id": "971422687659",
            "revoke_rules_on_delete": null,
            "tags": {
              "OJ": "OJ",
              "STAGE": "genai"
            },
            "tags_all": {
              "OJ": "OJ",
              "STAGE": "genai"
            },
            "timeouts": null,
            "vpc_id": "vpc-0bb8a69ff2508b49d"
          },
          "sensitive_attributes": [],
          "identity_schema_version": 0,
          "private": "eyJlMmJmYjczMC1lY2FhLTExZTYtOGY4OC0zNDM2M2JjN2M0YzAiOnsiY3JlYXRlIjo2MDAwMDAwMDAwMDAsImRlbGV0ZSI6OTAwMDAwMDAwMDAwfSwic2NoZW1hX3ZlcnNpb24iOiIxIn0="
        }
      ]
    },
    {
      "module": "module.subnet",
      "mode": "managed",
      "type": "aws_subnet",
      "name": "this",
      "provider": "provider[\"registry.terraform.io/hashicorp/aws\"]",
      "instances": [
        {
          "index_key": "subnet1-euwest1",
          "schema_version": 1,
          "attributes": {
            "arn": "arn:aws:ec2:eu-west-1:971422687659:subnet/subnet-0fc5be2b5c992e900",
            "assign_ipv6_address_on_creation": false,
            "availability_zone": "eu-west-1a",
            "availability_zone_id": "euw1-az2",
            "cidr_block": "10.0.0.0/26",
            "customer_owned_ipv4_pool": "",
            "enable_dns64": false,
            "enable_lni_at_device_index": 0,
            "enable_resource_name_dns_a_record_on_launch": false,
            "enable_resource_name_dns_aaaa_record_on_launch": false,
            "id": "subnet-0fc5be2b5c992e900",
            "ipv6_cidr_block": "",
            "ipv6_cidr_block_association_id": "",
            "ipv6_native": false,
            "map_customer_owned_ip_on_launch": false,
            "map_public_ip_on_launch": false,
            "outpost_arn": "",
            "owner_id": "971422687659",
            "private_dns_hostname_type_on_launch": "ip-name",
            "tags": {
              "Name": "subnet1-euwest1"
            },
            "tags_all": {
              "Name": "subnet1-euwest1"
            },
            "timeouts": null,
            "vpc_id": "vpc-0bb8a69ff2508b49d"
          },
          "sensitive_attributes": [],
          "identity_schema_version": 0,
          "private": "eyJlMmJmYjczMC1lY2FhLTExZTYtOGY4OC0zNDM2M2JjN2M0YzAiOnsiY3JlYXRlIjo2MDAwMDAwMDAwMDAsImRlbGV0ZSI6MTIwMDAwMDAwMDAwMH0sInNjaGVtYV92ZXJzaW9uIjoiMSJ9"
        },
        {
          "index_key": "subnet2-euwest1",
          "schema_version": 1,
          "attributes": {
            "arn": "arn:aws:ec2:eu-west-1:971422687659:subnet/subnet-07155ea73ae4fe372",
            "assign_ipv6_address_on_creation": false,
            "availability_zone": "eu-west-1b",
            "availability_zone_id": "euw1-az3",
            "cidr_block": "10.0.0.64/26",
            "customer_owned_ipv4_pool": "",
            "enable_dns64": false,
            "enable_lni_at_device_index": 0,
            "enable_resource_name_dns_a_record_on_launch": false,
            "enable_resource_name_dns_aaaa_record_on_launch": false,
            "id": "subnet-07155ea73ae4fe372",
            "ipv6_cidr_block": "",
            "ipv6_cidr_block_association_id": "",
            "ipv6_native": false,
            "map_customer_owned_ip_on_launch": false,
            "map_public_ip_on_launch": false,
            "outpost_arn": "",
            "owner_id": "971422687659",
            "private_dns_hostname_type_on_launch": "ip-name",
            "tags": {
              "Name": "subnet2-euwest1"
            },
            "tags_all": {
              "Name": "subnet2-euwest1"
            },
            "timeouts": null,
            "vpc_id": "vpc-0bb8a69ff2508b49d"
          },
          "sensitive_attributes": [],
          "identity_schema_version": 0,
          "private": "eyJlMmJmYjczMC1lY2FhLTExZTYtOGY4OC0zNDM2M2JjN2M0YzAiOnsiY3JlYXRlIjo2MDAwMDAwMDAwMDAsImRlbGV0ZSI6MTIwMDAwMDAwMDAwMH0sInNjaGVtYV92ZXJzaW9uIjoiMSJ9"
        }
      ]
    },
    {
      "module": "module.vpc",
      "mode": "managed",
      "type": "aws_vpc",
      "name": "main",
      "provider": "provider[\"registry.terraform.io/hashicorp/aws\"]",
      "instances": [
        {
          "schema_version": 1,
          "attributes": {
            "arn": "arn:aws:ec2:eu-west-1:971422687659:vpc/vpc-0bb8a69ff2508b49d",
            "assign_generated_ipv6_cidr_block": false,
            "cidr_block": "10.0.0.0/24",
            "default_network_acl_id": "acl-0caea3b69880a24ba",
            "default_route_table_id": "rtb-02584e20089727e1a",
            "default_security_group_id": "sg-0f094509b74d4b142",
            "dhcp_options_id": "dopt-0575ec61811ee1bd3",
            "enable_dns_hostnames": false,
            "enable_dns_support": true,
            "enable_network_address_usage_metrics": false,
            "id": "vpc-0bb8a69ff2508b49d",
            "instance_tenancy": "default",
            "ipv4_ipam_pool_id": null,
            "ipv4_netmask_length": null,
            "ipv6_association_id": "",
            "ipv6_cidr_block": "",
            "ipv6_cidr_block_network_border_group": "",
            "ipv6_ipam_pool_id": "",
            "ipv6_netmask_length": 0,
            "main_route_table_id": "rtb-02584e20089727e1a",
            "owner_id": "971422687659",
            "tags": {},
            "tags_all": {}
          },
          "sensitive_attributes": [],
          "identity_schema_version": 0,
          "private": "eyJzY2hlbWFfdmVyc2lvbiI6IjEifQ=="
        }
      ]
    }
  ],
  "check_results": null
}
